{
    "version": 3,
    "terraform_version": "0.11.13",
    "serial": 3214,
    "lineage": "9762f389-3401-65ca-5879-51b072abdb9d",
    "modules": [
        {
            "path": [
                "root"
            ],
            "outputs": {
                "gat-iam-key-access": {
                    "sensitive": true,
                    "type": "list",
                    "value": [
                        "AKIAT6R2DU4JYXF5NUYK",
                        "AKIAT6R2DU4JVAZ5TIPY"
                    ]
                },
                "gat-iam-key-secret": {
                    "sensitive": true,
                    "type": "list",
                    "value": [
                        "wcFMA8TS5wVn2ciEARAArFSnO8NMRJaC7ILJDIzqyRqZlJyqtdQdfnC3byzRH5HmlKWl7yhHVHWx20pQ3a0r4oJFkzNRjlsjLejl+VW+YSakIBgXWN6rjREAwL+1orfLjR5xws0ny6NIVHw1K9OrG4jmw2DRRnjxKb7JW7bCTrCmTtfYRLe3wJPpAS4nZkFe3FEsDLoEkYlQpmaEYjM4sZ+F5kI96os+bWulMEVGgBtUnq8kRVP9+FQ4SPwYEY9cz7aa4LbS9DwfaG2eVglNRngW3o/F01YzKqLTujZXp3YGcYuPV2kceftIYKGGk8zE+bgSxDGo6pm/pMi8BIKCmK/QNStZTJXWjM70B3jqNh84ZA8OA90sy/kcAJn9wgz/oIdzCnEoP70xf3DJOKjHFqKTo86LF0U0DTHqAbwFDAlgP5mo0qoT2z1ycE3XQilAnrV2LaMJz2cKv24dRHXIDxB0teob0M9Z8t/d6YTOUPO2HUX5mtMRHT/ngRppjvNV7iJTgOKxwW9oJdBmJHwY4gmREkAPCpPcGqXarP+OOdzdyM836CAbBepa177xKpVKF1CAtepoVcjH51mFaexEuFplhtwLjhrmgDJ0O0GWY+MwSBDIRDaHMT0YmIsn7Blc9CqCbhhqYQvvSgUym4go0TnArgRaStwCOVklCR7OX37X9EM0KEtVLVH7VIOUD5nS4AHkG+PqRkpchx+q8kdax/rbsOFJUuB34A7hcVrgoeKh5Unx4FTlulES058ALkfTLCCpvrVlRhT6aSXFCmRanIcTuH/QFgPgEuMdgMOn4ZBIteC25LAKEe0pXfxRLtGEkjyS8Cvi2gUZC+H4DgA=",
                        "wcFMA8TS5wVn2ciEARAAJ7s3gxdwjjOiEykbiZHsnNWlYap20y+zboPYEJARa7jw/OZS28ZTQnPfpnV1pWBjx/5RmNYSz9cAgD9MMSHqN0muH2/uLqE9g61F+MBXHH2mwyLs3aQ+mxmub2+MCoriTyIZsoN/gVqqXwcr+s5BGVMNe+W7a39zqwGFmQoZgc1YnvocXr/2lw1VOOCndJFBEOKUTK+R8RT+IH3khtebggT5fZXr8n0+n63tzwjAd5xrMnIBKZZ8EriJTlDE8waucMfZv7r1LpyoRvnVm21vq6u8hc2oAC9cUGoYyRfFtjFoYFCVdbviUBdkRpdn1O+WI106I1qySQ8ebInwdrQmd4nhPFFyr9gkxexm6eQojZ6OYBTSUy0e+5YFkQDvGTMlkV0ifa2VbiPNutH/RgDdKfwOBwJBlOveR6IQoaDbN0dOHpXAWbuaH4bixOT3nGVBjFt0h/D/2Nj/SyhmiNDL/6YZR2MrJ0IgzxdtnlXP1fAVPmbppk78+lf+Yri6IHZ4NkFcbf8XA+d2ZwQxUC0Vy/UQWSzBgROJhsQ7PWSFypAtD03Pz48e33oPJqR5E8a1N9Y+UIu9biarnz44kqtaoEUYGxPWz1qOj5mHxW0PkgrjrU3hWhbawrrqcjlYl3ECQI3ayeHkwH7wkDSYvPy9uEngNskOpM1BldrgBUBlz8LS4AHkjaveajIOsc5Sna3wxr4/SeH8c+B44JzhzFXg0OJ6m9F64Jflc7GJRXYOTkDtCUBlMaHUlqMQUdqKqXVACbJslozCs+zg2OMKXmmJLA+8WuB25MGlSb6tk4/9JoVN6No6m7/ioMNf+eFqbQA="
                    ]
                },
                "training_dns-eu": {
                    "sensitive": false,
                    "type": "list",
                    "value": [
                        "gat-0.eu.training.galaxyproject.eu",
                        "gat-1.eu.training.galaxyproject.eu",
                        "gat-2.eu.training.galaxyproject.eu",
                        "gat-3.eu.training.galaxyproject.eu",
                        "gat-4.eu.training.galaxyproject.eu",
                        "gat-5.eu.training.galaxyproject.eu",
                        "gat-6.eu.training.galaxyproject.eu",
                        "gat-7.eu.training.galaxyproject.eu",
                        "gat-8.eu.training.galaxyproject.eu",
                        "gat-9.eu.training.galaxyproject.eu",
                        "gat-10.eu.training.galaxyproject.eu",
                        "gat-11.eu.training.galaxyproject.eu",
                        "gat-12.eu.training.galaxyproject.eu",
                        "gat-13.eu.training.galaxyproject.eu",
                        "gat-14.eu.training.galaxyproject.eu",
                        "gat-15.eu.training.galaxyproject.eu",
                        "gat-16.eu.training.galaxyproject.eu",
                        "gat-17.eu.training.galaxyproject.eu",
                        "gat-18.eu.training.galaxyproject.eu",
                        "gat-19.eu.training.galaxyproject.eu",
                        "gat-20.eu.training.galaxyproject.eu",
                        "gat-21.eu.training.galaxyproject.eu",
                        "gat-22.eu.training.galaxyproject.eu",
                        "gat-23.eu.training.galaxyproject.eu",
                        "gat-24.eu.training.galaxyproject.eu",
                        "gat-25.eu.training.galaxyproject.eu",
                        "gat-26.eu.training.galaxyproject.eu",
                        "gat-27.eu.training.galaxyproject.eu",
                        "gat-28.eu.training.galaxyproject.eu",
                        "gat-29.eu.training.galaxyproject.eu"
                    ]
                },
                "training_ips-eu": {
                    "sensitive": false,
                    "type": "list",
                    "value": [
                        "",
                        "",
                        "",
                        "",
                        "",
                        "192.52.37.38",
                        "",
                        "",
                        "",
                        "",
                        "",
                        "",
                        "",
                        "",
                        "",
                        "",
                        "",
                        "",
                        "",
                        "",
                        "",
                        "",
                        "",
                        "",
                        "",
                        "",
                        "",
                        "",
                        "",
                        ""
                    ]
                },
                "training_pws-eu": {
                    "sensitive": true,
                    "type": "list",
                    "value": [
                        "apt-mutt",
                        "wanted-squirrel",
                        "ultimate-spaniel",
                        "legal-louse",
                        "related-rooster",
                        "stirring-bluejay",
                        "usable-cobra",
                        "busy-marmoset",
                        "fond-piglet",
                        "handy-vervet",
                        "delicate-bass",
                        "evolved-satyr",
                        "sharing-cobra",
                        "choice-wombat",
                        "exciting-termite",
                        "happy-duck",
                        "allowed-lacewing",
                        "enabled-osprey",
                        "peaceful-penguin",
                        "included-zebra",
                        "blessed-gibbon",
                        "gentle-cowbird",
                        "darling-reptile",
                        "assuring-falcon",
                        "fond-monkey",
                        "amusing-gibbon",
                        "ruling-chigger",
                        "optimal-foal",
                        "holy-boar",
                        "striking-monster"
                    ]
                }
            },
            "resources": {
                "aws_iam_access_key.training-gxp-eu.0": {
                    "type": "aws_iam_access_key",
                    "depends_on": [
                        "aws_iam_user.training-gxp-eu.*"
                    ],
                    "primary": {
                        "id": "AKIAT6R2DU4JYXF5NUYK",
                        "attributes": {
                            "encrypted_secret": "wcFMA8TS5wVn2ciEARAArFSnO8NMRJaC7ILJDIzqyRqZlJyqtdQdfnC3byzRH5HmlKWl7yhHVHWx20pQ3a0r4oJFkzNRjlsjLejl+VW+YSakIBgXWN6rjREAwL+1orfLjR5xws0ny6NIVHw1K9OrG4jmw2DRRnjxKb7JW7bCTrCmTtfYRLe3wJPpAS4nZkFe3FEsDLoEkYlQpmaEYjM4sZ+F5kI96os+bWulMEVGgBtUnq8kRVP9+FQ4SPwYEY9cz7aa4LbS9DwfaG2eVglNRngW3o/F01YzKqLTujZXp3YGcYuPV2kceftIYKGGk8zE+bgSxDGo6pm/pMi8BIKCmK/QNStZTJXWjM70B3jqNh84ZA8OA90sy/kcAJn9wgz/oIdzCnEoP70xf3DJOKjHFqKTo86LF0U0DTHqAbwFDAlgP5mo0qoT2z1ycE3XQilAnrV2LaMJz2cKv24dRHXIDxB0teob0M9Z8t/d6YTOUPO2HUX5mtMRHT/ngRppjvNV7iJTgOKxwW9oJdBmJHwY4gmREkAPCpPcGqXarP+OOdzdyM836CAbBepa177xKpVKF1CAtepoVcjH51mFaexEuFplhtwLjhrmgDJ0O0GWY+MwSBDIRDaHMT0YmIsn7Blc9CqCbhhqYQvvSgUym4go0TnArgRaStwCOVklCR7OX37X9EM0KEtVLVH7VIOUD5nS4AHkG+PqRkpchx+q8kdax/rbsOFJUuB34A7hcVrgoeKh5Unx4FTlulES058ALkfTLCCpvrVlRhT6aSXFCmRanIcTuH/QFgPgEuMdgMOn4ZBIteC25LAKEe0pXfxRLtGEkjyS8Cvi2gUZC+H4DgA=",
                            "id": "AKIAT6R2DU4JYXF5NUYK",
                            "key_fingerprint": "52f80e88d02605ecf20581187ba624127b2f8b8d",
                            "pgp_key": "mQINBF+9UmcBEACyIK07qanpbJCu31ODcx6g5jE/09utbcnQqMx67Xt768pvrnFhX5NDQzKVXabO\nJRCv47QngKhD9hMgvSGSP0Te4YdA9iIIAEIXp7fBLF0yk851Z2esKRpdf8NKD+k1rBJSdSfQMBvB\ndNHpPITW5nm4xXyA0TDm8CG1KtE19QYeLvIhneyOHgnR5V+aqDLfwqeSB19VvBRJ5SoPwv0dP1te\nCb9PK0gzV8e8K8r86xQcg07VHOrLE54LQgTYWlfGbqk/IcaoNNQMpDn1gwPkMa6Y16fgihSqf/IR\nQi87ud0gAYgoksX2gjkIgbPFKQqIArOZryH+vpSkUvEgVJT98kkaGwJfpbCz6ikCfE1gzQx62VMK\nrHr8eMj2AzwCKPcFMO/1/n78e4P/KSubKcotg/kD7ptah4Z4nru0hV6bsqCVPpPihFrM5k+m1tRd\nkgZ16jxmxV4R9G/HAVzZy+6KfuXDJjx1leJ8xTJ9apTTjid1xvf6W+AY+rO2AH2m3fEwBADqAX/q\nISntC1zFw8F+ew6eOR3md6nJ79YNDMw2HxjvUw4HgvFhZRBu0g++BN2nh+U5zrQqsKLaPH8esTi/\nQGVIAfh/Di7UvKpIyDe1Vr0XjscUOERXZkJI93pBnZ30SPwbeOF0UzLdsv94tfHSoB90OZAhD1z7\nmMjFABkrlvcwPQARAQABtC5FdXJvcGVhbiBHYWxheHkgQWRtaW5zIDxzZWN1cml0eUB1c2VnYWxh\neHkuZXU+iQJUBBMBCgA+FiEEUvgOiNAmBezyBYEYe6YkEnsvi40FAl+9UmcCGwMFCQPCZwAFCwkI\nBwIGFQoJCAsCBBYCAwECHgECF4AACgkQe6YkEnsvi405LxAAlw2h7K2oO6i3rx0WVdq8Cc6HcbAj\nwrBkYeIWMLHK+dIjllnPS8W9Trg7glAlBJTPZtDNXVzJxXDPEk94xeWb7IWmaeJVKcvr4IT8ZVkv\n8EMqnzrczPQrvYYHpflSMyHLJ0+o8QRRBYXAXB9dMj9JJWMYGQymKZsFPnPCpKK3eT2MBVheSmpC\nRA0g/TW3uqmJufqdkBwB78RqO6u2jedXJoi7K4SlrwuympoOr6zQmRb/3uNUaWv/3Wv8fFeQBNsY\na9UOSDeLMtVh1EYArcowMFp9CUi0nUcbxk4Xa+btHcr1jZ7uWTQRoGSrckWENgGb9gYBCOTcusXO\n7KUH3V2kVDWK1lOhRJLn9Ub+LgOHYEQccQfNRPGhs7HG47ry0D7F1d/1B0AlMt7ZJFaNcX2LsEgH\nMdYZJPPfmyKvXnGJVZUORS5izJP9pFi2e9SjlG7SDdRxC5UjzZL/VNUzNrX9+kC3Whlb9zH4rcl7\nc8rTZHz1DdVHiSKPlIkkJdmkhCluGFJW6UHTX3toizAdBD4nDcVSCvxok2BgMTSFptrdwTlfdR3C\nI442dTQQdPvQZhrQ83ZxU7AtJCq/HEf9eyYL6MuesVdHsyRJHNDxWD2nd/D+vTV3Y/0cpGXsJp0G\nOEayfpyKjuxB6eEpP2/wRXhM2nbFzR76sch6oHreA0xIrLW5Ag0EX71SZwEQAMM7oZ1QfHm61C4c\n6FhJmlr7SKRWac4qjRITp7BC0JrPGbzUS0NkWTPOFHsx/y0AaW4LC2j2uKBnYrcWp46Tozt2HWoq\na49Kj25u8wIs58L0ZsCEQKNpPZF2xwwrqautLnAkFQT4WmCJDzhYzXfYP4WsKVzm+1VBPNVasUht\n0DNTI+jri7/rsj2Nc50Q8VYE7gAM1X52HMqTT9RgkjU0joXWNylApCB53qgRX6No5O9bPcZeZDwH\nih+EnAgS+8nUOkKc2C4oALroFPavzRpYwLjJUDVwTSYnc2YMnNQ0F75uFvxAkt8tt96TfzAeTVXb\nPUs9t6kOXXdAjLygvIXFHDQErROIZRYG67+MsrtCCpFB4GGL02H4bjikpkTxdZTLbqLjHgJ9aM+b\nHItiLatYoRbESAXOp+GynZPwcu2RWCRFCmUx3y53dZ6jDzeXmXeGRDhyxUl4E5w7ZvowLzmyGjFB\nXY8/hgcwuPUPeXubeQbz9GJkjxixPHzaStamrEjHZGIvfROgPsEOeyBxs7Kk/QdrUcuJXABufoMq\nR0ShNorxHTjaAVv5c4vxxEaEJV5h/JPbY5muVyFyF1dZ/Ba8Cu51oJ61QZ+VVZmci9ugPYQ028L7\nVv1oPPGv3Dq7qFfT7sGpVggg6DXP2VI9GpjMCuFhhcPj7KJGXAp4jnAn7nrBABEBAAGJAjwEGAEK\nACYWIQRS+A6I0CYF7PIFgRh7piQSey+LjQUCX71SZwIbDAUJA8JnAAAKCRB7piQSey+Lje7JD/4g\nbnGQ8iJ9s2yBrWjZTNoCwo9hoGS3+WOG680N8o9omloC04iEVUcihVupUQM4YrLIBNOrjdCKJzKS\nE8XISFV17e2Fi0HOaG/IIfPsbjEs4X+GiFIKa15ZPIau/ja3lsKTneGzKqUFxU1zmXuZfwnty+eI\nQUOzKZPiHAutNiCixiTm3WNqYkl38XLVE4bGC+mR6TzfpQfs84g+NWjsuWfZbbmJa+g9NHW5Lw45\nnd1/rkFhjXB8I1JQRKqRQvMxdNL+1/EBdAwCbdCFvm+Qo9jjSfv1LWPq7LjlaFNe7qN/hD2l39/W\n1/lfcUvTt9EaFaOY64xYg9/yJH/K1f6iaAkfi4dlwoF+LIJo50bo2tbhFsi8BgWpPwrUUn3NExMY\n2m60Mb6fCQbQ74ximX3F8EdYg5UOJu3UdnqVq3Jjhgf3a3EA3UChFiKWJgJ5b1uCAOo7Jp5roz7y\n15Kusj2/fEr1VTHMnS9pw548gB68uR/8wKAb8w5OCac/kHHpy/YLCcvXqVJzpF+tXdVBWiaTHMjZ\n+HbyUKCfUfuOUv5qThdaWFDXWjlBtvp6dyBqa379QR4HRGDjc2i+T88g21NjDbsM7nyThsufQc15\nGpE/zSXXTomDWBQ6V/sBSEDfplRFBLPrGYaupRLmrLsS0RIkw/rYw3AC559brC4lX/sQuYn/Xg==\n",
                            "ses_smtp_password": "AuHDew+Tc0h2mUf8Dp3SiQOysnpGDiFKSEu51cOGpJ8+",
                            "status": "Active",
                            "user": "training.galaxyproject.eu@0"
                        },
                        "meta": {},
                        "tainted": false
                    },
                    "deposed": [],
                    "provider": "provider.aws"
                },
                "aws_iam_access_key.training-gxp-eu.1": {
                    "type": "aws_iam_access_key",
                    "depends_on": [
                        "aws_iam_user.training-gxp-eu.*"
                    ],
                    "primary": {
                        "id": "AKIAT6R2DU4JVAZ5TIPY",
                        "attributes": {
                            "encrypted_secret": "wcFMA8TS5wVn2ciEARAAJ7s3gxdwjjOiEykbiZHsnNWlYap20y+zboPYEJARa7jw/OZS28ZTQnPfpnV1pWBjx/5RmNYSz9cAgD9MMSHqN0muH2/uLqE9g61F+MBXHH2mwyLs3aQ+mxmub2+MCoriTyIZsoN/gVqqXwcr+s5BGVMNe+W7a39zqwGFmQoZgc1YnvocXr/2lw1VOOCndJFBEOKUTK+R8RT+IH3khtebggT5fZXr8n0+n63tzwjAd5xrMnIBKZZ8EriJTlDE8waucMfZv7r1LpyoRvnVm21vq6u8hc2oAC9cUGoYyRfFtjFoYFCVdbviUBdkRpdn1O+WI106I1qySQ8ebInwdrQmd4nhPFFyr9gkxexm6eQojZ6OYBTSUy0e+5YFkQDvGTMlkV0ifa2VbiPNutH/RgDdKfwOBwJBlOveR6IQoaDbN0dOHpXAWbuaH4bixOT3nGVBjFt0h/D/2Nj/SyhmiNDL/6YZR2MrJ0IgzxdtnlXP1fAVPmbppk78+lf+Yri6IHZ4NkFcbf8XA+d2ZwQxUC0Vy/UQWSzBgROJhsQ7PWSFypAtD03Pz48e33oPJqR5E8a1N9Y+UIu9biarnz44kqtaoEUYGxPWz1qOj5mHxW0PkgrjrU3hWhbawrrqcjlYl3ECQI3ayeHkwH7wkDSYvPy9uEngNskOpM1BldrgBUBlz8LS4AHkjaveajIOsc5Sna3wxr4/SeH8c+B44JzhzFXg0OJ6m9F64Jflc7GJRXYOTkDtCUBlMaHUlqMQUdqKqXVACbJslozCs+zg2OMKXmmJLA+8WuB25MGlSb6tk4/9JoVN6No6m7/ioMNf+eFqbQA=",
                            "id": "AKIAT6R2DU4JVAZ5TIPY",
                            "key_fingerprint": "52f80e88d02605ecf20581187ba624127b2f8b8d",
                            "pgp_key": "mQINBF+9UmcBEACyIK07qanpbJCu31ODcx6g5jE/09utbcnQqMx67Xt768pvrnFhX5NDQzKVXabO\nJRCv47QngKhD9hMgvSGSP0Te4YdA9iIIAEIXp7fBLF0yk851Z2esKRpdf8NKD+k1rBJSdSfQMBvB\ndNHpPITW5nm4xXyA0TDm8CG1KtE19QYeLvIhneyOHgnR5V+aqDLfwqeSB19VvBRJ5SoPwv0dP1te\nCb9PK0gzV8e8K8r86xQcg07VHOrLE54LQgTYWlfGbqk/IcaoNNQMpDn1gwPkMa6Y16fgihSqf/IR\nQi87ud0gAYgoksX2gjkIgbPFKQqIArOZryH+vpSkUvEgVJT98kkaGwJfpbCz6ikCfE1gzQx62VMK\nrHr8eMj2AzwCKPcFMO/1/n78e4P/KSubKcotg/kD7ptah4Z4nru0hV6bsqCVPpPihFrM5k+m1tRd\nkgZ16jxmxV4R9G/HAVzZy+6KfuXDJjx1leJ8xTJ9apTTjid1xvf6W+AY+rO2AH2m3fEwBADqAX/q\nISntC1zFw8F+ew6eOR3md6nJ79YNDMw2HxjvUw4HgvFhZRBu0g++BN2nh+U5zrQqsKLaPH8esTi/\nQGVIAfh/Di7UvKpIyDe1Vr0XjscUOERXZkJI93pBnZ30SPwbeOF0UzLdsv94tfHSoB90OZAhD1z7\nmMjFABkrlvcwPQARAQABtC5FdXJvcGVhbiBHYWxheHkgQWRtaW5zIDxzZWN1cml0eUB1c2VnYWxh\neHkuZXU+iQJUBBMBCgA+FiEEUvgOiNAmBezyBYEYe6YkEnsvi40FAl+9UmcCGwMFCQPCZwAFCwkI\nBwIGFQoJCAsCBBYCAwECHgECF4AACgkQe6YkEnsvi405LxAAlw2h7K2oO6i3rx0WVdq8Cc6HcbAj\nwrBkYeIWMLHK+dIjllnPS8W9Trg7glAlBJTPZtDNXVzJxXDPEk94xeWb7IWmaeJVKcvr4IT8ZVkv\n8EMqnzrczPQrvYYHpflSMyHLJ0+o8QRRBYXAXB9dMj9JJWMYGQymKZsFPnPCpKK3eT2MBVheSmpC\nRA0g/TW3uqmJufqdkBwB78RqO6u2jedXJoi7K4SlrwuympoOr6zQmRb/3uNUaWv/3Wv8fFeQBNsY\na9UOSDeLMtVh1EYArcowMFp9CUi0nUcbxk4Xa+btHcr1jZ7uWTQRoGSrckWENgGb9gYBCOTcusXO\n7KUH3V2kVDWK1lOhRJLn9Ub+LgOHYEQccQfNRPGhs7HG47ry0D7F1d/1B0AlMt7ZJFaNcX2LsEgH\nMdYZJPPfmyKvXnGJVZUORS5izJP9pFi2e9SjlG7SDdRxC5UjzZL/VNUzNrX9+kC3Whlb9zH4rcl7\nc8rTZHz1DdVHiSKPlIkkJdmkhCluGFJW6UHTX3toizAdBD4nDcVSCvxok2BgMTSFptrdwTlfdR3C\nI442dTQQdPvQZhrQ83ZxU7AtJCq/HEf9eyYL6MuesVdHsyRJHNDxWD2nd/D+vTV3Y/0cpGXsJp0G\nOEayfpyKjuxB6eEpP2/wRXhM2nbFzR76sch6oHreA0xIrLW5Ag0EX71SZwEQAMM7oZ1QfHm61C4c\n6FhJmlr7SKRWac4qjRITp7BC0JrPGbzUS0NkWTPOFHsx/y0AaW4LC2j2uKBnYrcWp46Tozt2HWoq\na49Kj25u8wIs58L0ZsCEQKNpPZF2xwwrqautLnAkFQT4WmCJDzhYzXfYP4WsKVzm+1VBPNVasUht\n0DNTI+jri7/rsj2Nc50Q8VYE7gAM1X52HMqTT9RgkjU0joXWNylApCB53qgRX6No5O9bPcZeZDwH\nih+EnAgS+8nUOkKc2C4oALroFPavzRpYwLjJUDVwTSYnc2YMnNQ0F75uFvxAkt8tt96TfzAeTVXb\nPUs9t6kOXXdAjLygvIXFHDQErROIZRYG67+MsrtCCpFB4GGL02H4bjikpkTxdZTLbqLjHgJ9aM+b\nHItiLatYoRbESAXOp+GynZPwcu2RWCRFCmUx3y53dZ6jDzeXmXeGRDhyxUl4E5w7ZvowLzmyGjFB\nXY8/hgcwuPUPeXubeQbz9GJkjxixPHzaStamrEjHZGIvfROgPsEOeyBxs7Kk/QdrUcuJXABufoMq\nR0ShNorxHTjaAVv5c4vxxEaEJV5h/JPbY5muVyFyF1dZ/Ba8Cu51oJ61QZ+VVZmci9ugPYQ028L7\nVv1oPPGv3Dq7qFfT7sGpVggg6DXP2VI9GpjMCuFhhcPj7KJGXAp4jnAn7nrBABEBAAGJAjwEGAEK\nACYWIQRS+A6I0CYF7PIFgRh7piQSey+LjQUCX71SZwIbDAUJA8JnAAAKCRB7piQSey+Lje7JD/4g\nbnGQ8iJ9s2yBrWjZTNoCwo9hoGS3+WOG680N8o9omloC04iEVUcihVupUQM4YrLIBNOrjdCKJzKS\nE8XISFV17e2Fi0HOaG/IIfPsbjEs4X+GiFIKa15ZPIau/ja3lsKTneGzKqUFxU1zmXuZfwnty+eI\nQUOzKZPiHAutNiCixiTm3WNqYkl38XLVE4bGC+mR6TzfpQfs84g+NWjsuWfZbbmJa+g9NHW5Lw45\nnd1/rkFhjXB8I1JQRKqRQvMxdNL+1/EBdAwCbdCFvm+Qo9jjSfv1LWPq7LjlaFNe7qN/hD2l39/W\n1/lfcUvTt9EaFaOY64xYg9/yJH/K1f6iaAkfi4dlwoF+LIJo50bo2tbhFsi8BgWpPwrUUn3NExMY\n2m60Mb6fCQbQ74ximX3F8EdYg5UOJu3UdnqVq3Jjhgf3a3EA3UChFiKWJgJ5b1uCAOo7Jp5roz7y\n15Kusj2/fEr1VTHMnS9pw548gB68uR/8wKAb8w5OCac/kHHpy/YLCcvXqVJzpF+tXdVBWiaTHMjZ\n+HbyUKCfUfuOUv5qThdaWFDXWjlBtvp6dyBqa379QR4HRGDjc2i+T88g21NjDbsM7nyThsufQc15\nGpE/zSXXTomDWBQ6V/sBSEDfplRFBLPrGYaupRLmrLsS0RIkw/rYw3AC559brC4lX/sQuYn/Xg==\n",
                            "ses_smtp_password": "Ag5gxvtR8FU5DFIZ5Quo/HMkhK3YSU8sE/iMGHw54/Ak",
                            "status": "Active",
                            "user": "training.galaxyproject.eu@1"
                        },
                        "meta": {},
                        "tainted": false
                    },
                    "deposed": [],
                    "provider": "provider.aws"
                },
                "aws_iam_policy.training-subdomain-access": {
                    "type": "aws_iam_policy",
                    "depends_on": [
                        "aws_route53_zone.training-gxp-eu"
                    ],
                    "primary": {
                        "id": "arn:aws:iam::271778555667:policy/training-subdomain-access",
                        "attributes": {
                            "arn": "arn:aws:iam::271778555667:policy/training-subdomain-access",
                            "description": "Permit training keys to access the training.galaxyproject.eu subdomain",
                            "id": "arn:aws:iam::271778555667:policy/training-subdomain-access",
                            "name": "training-subdomain-access",
                            "path": "/",
                            "policy": "{\n    \"Version\": \"2012-10-17\",\n    \"Statement\": [\n        {\n            \"Effect\": \"Allow\",\n            \"Action\": [\n                \"route53:ListHostedZones\",\n                \"route53:GetChange\"\n            ],\n            \"Resource\": [\n                \"*\"\n            ]\n        },\n        {\n            \"Effect\": \"Allow\",\n            \"Action\": [\n                \"route53:ChangeResourceRecordSets\"\n            ],\n            \"Resource\": [\n                \"arn:aws:route53:::hostedzone/Z05016927AMHTHGB1IS2\"\n            ]\n        }\n    ]\n}\n"
                        },
                        "meta": {},
                        "tainted": false
                    },
                    "deposed": [],
                    "provider": "provider.aws"
                },
                "aws_iam_user.training-gxp-eu.0": {
                    "type": "aws_iam_user",
                    "depends_on": [],
                    "primary": {
                        "id": "training.galaxyproject.eu@0",
                        "attributes": {
                            "arn": "arn:aws:iam::271778555667:user/training.galaxyproject.eu@0",
                            "force_destroy": "false",
                            "id": "training.galaxyproject.eu@0",
                            "name": "training.galaxyproject.eu@0",
                            "path": "/",
                            "tags.%": "0",
                            "unique_id": "AIDAT6R2DU4JVOAXJLYYY"
                        },
                        "meta": {},
                        "tainted": false
                    },
                    "deposed": [],
                    "provider": "provider.aws"
                },
                "aws_iam_user.training-gxp-eu.1": {
                    "type": "aws_iam_user",
                    "depends_on": [],
                    "primary": {
                        "id": "training.galaxyproject.eu@1",
                        "attributes": {
                            "arn": "arn:aws:iam::271778555667:user/training.galaxyproject.eu@1",
                            "force_destroy": "false",
                            "id": "training.galaxyproject.eu@1",
                            "name": "training.galaxyproject.eu@1",
                            "path": "/",
                            "tags.%": "0",
                            "unique_id": "AIDAT6R2DU4JWXIFFKJNA"
                        },
                        "meta": {},
                        "tainted": false
                    },
                    "deposed": [],
                    "provider": "provider.aws"
                },
                "aws_iam_user_policy_attachment.training-subdomain-access-gxp-eu.0": {
                    "type": "aws_iam_user_policy_attachment",
                    "depends_on": [
                        "aws_iam_policy.training-subdomain-access",
                        "aws_iam_user.training-gxp-eu.*"
                    ],
                    "primary": {
                        "id": "training.galaxyproject.eu@0-20201124180317116400000001",
                        "attributes": {
                            "id": "training.galaxyproject.eu@0-20201124180317116400000001",
                            "policy_arn": "arn:aws:iam::271778555667:policy/training-subdomain-access",
                            "user": "training.galaxyproject.eu@0"
                        },
                        "meta": {},
                        "tainted": false
                    },
                    "deposed": [],
                    "provider": "provider.aws"
                },
                "aws_iam_user_policy_attachment.training-subdomain-access-gxp-eu.1": {
                    "type": "aws_iam_user_policy_attachment",
                    "depends_on": [
                        "aws_iam_policy.training-subdomain-access",
                        "aws_iam_user.training-gxp-eu.*"
                    ],
                    "primary": {
                        "id": "training.galaxyproject.eu@1-20201124180319185300000002",
                        "attributes": {
                            "id": "training.galaxyproject.eu@1-20201124180319185300000002",
                            "policy_arn": "arn:aws:iam::271778555667:policy/training-subdomain-access",
                            "user": "training.galaxyproject.eu@1"
                        },
                        "meta": {},
                        "tainted": false
                    },
                    "deposed": [],
                    "provider": "provider.aws"
                },
                "aws_route53_record.apollo-main": {
                    "type": "aws_route53_record",
                    "depends_on": [
                        "openstack_compute_instance_v2.apollo-main"
                    ],
                    "primary": {
                        "id": "Z386N8B8JBC6TQ_apollo.internal.galaxyproject.eu_A",
                        "attributes": {
                            "fqdn": "apollo.internal.galaxyproject.eu",
                            "health_check_id": "",
                            "id": "Z386N8B8JBC6TQ_apollo.internal.galaxyproject.eu_A",
                            "name": "apollo.internal.galaxyproject.eu",
                            "records.#": "1",
                            "records.2198818090": "10.5.68.20",
                            "set_identifier": "",
                            "ttl": "7200",
                            "type": "A",
                            "zone_id": "Z386N8B8JBC6TQ"
                        },
                        "meta": {
                            "schema_version": "2"
                        },
                        "tainted": false
                    },
                    "deposed": [],
                    "provider": "provider.aws"
                },
                "aws_route53_record.bari-pulsar": {
                    "type": "aws_route53_record",
                    "depends_on": [],
                    "primary": {
                        "id": "Z386N8B8JBC6TQ_it01.pulsar.galaxyproject.eu_A",
                        "attributes": {
                            "fqdn": "it01.pulsar.galaxyproject.eu",
                            "health_check_id": "",
                            "id": "Z386N8B8JBC6TQ_it01.pulsar.galaxyproject.eu_A",
                            "name": "it01.pulsar.galaxyproject.eu",
                            "records.#": "1",
                            "records.4279026769": "90.147.75.162",
                            "set_identifier": "",
                            "ttl": "7200",
                            "type": "A",
                            "zone_id": "Z386N8B8JBC6TQ"
                        },
                        "meta": {
                            "schema_version": "2"
                        },
                        "tainted": false
                    },
                    "deposed": [],
                    "provider": "provider.aws"
                },
                "aws_route53_record.bari-pulsar-02": {
                    "type": "aws_route53_record",
                    "depends_on": [],
                    "primary": {
                        "id": "Z386N8B8JBC6TQ_it02.pulsar.galaxyproject.eu_A",
                        "attributes": {
                            "fqdn": "it02.pulsar.galaxyproject.eu",
                            "health_check_id": "",
                            "id": "Z386N8B8JBC6TQ_it02.pulsar.galaxyproject.eu_A",
                            "name": "it02.pulsar.galaxyproject.eu",
                            "records.#": "1",
                            "records.1774365276": "90.147.170.170",
                            "set_identifier": "",
                            "ttl": "7200",
                            "type": "A",
                            "zone_id": "Z386N8B8JBC6TQ"
                        },
                        "meta": {
                            "schema_version": "2"
                        },
                        "tainted": false
                    },
                    "deposed": [],
                    "provider": "provider.aws"
                },
                "aws_route53_record.bioconda-utils": {
                    "type": "aws_route53_record",
                    "depends_on": [
                        "openstack_compute_instance_v2.bioconda-utils"
                    ],
                    "primary": {
                        "id": "Z386N8B8JBC6TQ_bioconda-utils.galaxyproject.eu_A",
                        "attributes": {
                            "fqdn": "bioconda-utils.galaxyproject.eu",
                            "health_check_id": "",
                            "id": "Z386N8B8JBC6TQ_bioconda-utils.galaxyproject.eu_A",
                            "name": "bioconda-utils.galaxyproject.eu",
                            "records.#": "1",
                            "records.3712341108": "192.52.33.31",
                            "set_identifier": "",
                            "ttl": "7200",
                            "type": "A",
                            "zone_id": "Z386N8B8JBC6TQ"
                        },
                        "meta": {
                            "schema_version": "2"
                        },
                        "tainted": false
                    },
                    "deposed": [],
                    "provider": "provider.aws"
                },
                "aws_route53_record.brussels-pulsar": {
                    "type": "aws_route53_record",
                    "depends_on": [],
                    "primary": {
                        "id": "Z386N8B8JBC6TQ_be01.pulsar.galaxyproject.eu_A",
                        "attributes": {
                            "fqdn": "be01.pulsar.galaxyproject.eu",
                            "health_check_id": "",
                            "id": "Z386N8B8JBC6TQ_be01.pulsar.galaxyproject.eu_A",
                            "name": "be01.pulsar.galaxyproject.eu",
                            "records.#": "1",
                            "records.1732628599": "193.190.85.137",
                            "set_identifier": "",
                            "ttl": "7200",
                            "type": "A",
                            "zone_id": "Z386N8B8JBC6TQ"
                        },
                        "meta": {
                            "schema_version": "2"
                        },
                        "tainted": false
                    },
                    "deposed": [],
                    "provider": "provider.aws"
                },
                "aws_route53_record.build-usegalaxy": {
                    "type": "aws_route53_record",
                    "depends_on": [],
                    "primary": {
                        "id": "Z386N8B8JBC6TQ_build.galaxyproject.eu_A",
                        "attributes": {
                            "fqdn": "build.galaxyproject.eu",
                            "health_check_id": "",
                            "id": "Z386N8B8JBC6TQ_build.galaxyproject.eu_A",
                            "name": "build.galaxyproject.eu",
                            "records.#": "1",
                            "records.4151140231": "132.230.223.230",
                            "set_identifier": "",
                            "ttl": "7200",
                            "type": "A",
                            "zone_id": "Z386N8B8JBC6TQ"
                        },
                        "meta": {
                            "schema_version": "2"
                        },
                        "tainted": false
                    },
                    "deposed": [],
                    "provider": "provider.aws"
                },
                "aws_route53_record.cm-galaxyproject": {
                    "type": "aws_route53_record",
                    "depends_on": [],
                    "primary": {
                        "id": "Z386N8B8JBC6TQ_condor-cm.galaxyproject.eu_CNAME",
                        "attributes": {
                            "fqdn": "condor-cm.galaxyproject.eu",
                            "health_check_id": "",
                            "id": "Z386N8B8JBC6TQ_condor-cm.galaxyproject.eu_CNAME",
                            "name": "condor-cm.galaxyproject.eu",
                            "records.#": "1",
                            "records.1656615747": "sn05.galaxyproject.eu",
                            "set_identifier": "",
                            "ttl": "86400",
                            "type": "CNAME",
                            "zone_id": "Z386N8B8JBC6TQ"
                        },
                        "meta": {
                            "schema_version": "2"
                        },
                        "tainted": false
                    },
                    "deposed": [],
                    "provider": "provider.aws"
                },
                "aws_route53_record.cvmfs-stratum0": {
                    "type": "aws_route53_record",
                    "depends_on": [
                        "openstack_compute_instance_v2.cvmfs-stratum0"
                    ],
                    "primary": {
                        "id": "Z386N8B8JBC6TQ_cvmfs-stratum0-test.galaxyproject.eu_A",
                        "attributes": {
                            "fqdn": "cvmfs-stratum0-test.galaxyproject.eu",
                            "health_check_id": "",
                            "id": "Z386N8B8JBC6TQ_cvmfs-stratum0-test.galaxyproject.eu_A",
                            "name": "cvmfs-stratum0-test.galaxyproject.eu",
                            "records.#": "1",
                            "records.1874398594": "192.52.33.173",
                            "set_identifier": "",
                            "ttl": "7200",
                            "type": "A",
                            "zone_id": "Z386N8B8JBC6TQ"
                        },
                        "meta": {
                            "schema_version": "2"
                        },
                        "tainted": false
                    },
                    "deposed": [],
                    "provider": "provider.aws"
                },
                "aws_route53_record.cvmfs-stratum0-eu": {
                    "type": "aws_route53_record",
                    "depends_on": [
                        "openstack_compute_instance_v2.cvmfs-stratum0-eu"
                    ],
                    "primary": {
                        "id": "Z386N8B8JBC6TQ_cvmfs-stratum0.galaxyproject.eu_A",
                        "attributes": {
                            "fqdn": "cvmfs-stratum0.galaxyproject.eu",
                            "health_check_id": "",
                            "id": "Z386N8B8JBC6TQ_cvmfs-stratum0.galaxyproject.eu_A",
                            "name": "cvmfs-stratum0.galaxyproject.eu",
                            "records.#": "1",
                            "records.1393152556": "132.230.223.146",
                            "set_identifier": "",
                            "ttl": "7200",
                            "type": "A",
                            "zone_id": "Z386N8B8JBC6TQ"
                        },
                        "meta": {
                            "schema_version": "2"
                        },
                        "tainted": false
                    },
                    "deposed": [],
                    "provider": "provider.aws"
                },
                "aws_route53_record.cvmfs1-ufr0-usegalaxy": {
                    "type": "aws_route53_record",
                    "depends_on": [
                        "openstack_compute_instance_v2.cvmfs1-ufr0-usegalaxy"
                    ],
                    "primary": {
                        "id": "Z386N8B8JBC6TQ_cvmfs1-ufr0.internal.galaxyproject.eu_A",
                        "attributes": {
                            "fqdn": "cvmfs1-ufr0.internal.galaxyproject.eu",
                            "health_check_id": "",
                            "id": "Z386N8B8JBC6TQ_cvmfs1-ufr0.internal.galaxyproject.eu_A",
                            "name": "cvmfs1-ufr0.internal.galaxyproject.eu",
                            "records.#": "1",
                            "records.1447010590": "10.5.68.209",
                            "set_identifier": "",
                            "ttl": "7200",
                            "type": "A",
                            "zone_id": "Z386N8B8JBC6TQ"
                        },
                        "meta": {
                            "schema_version": "2"
                        },
                        "tainted": false
                    },
                    "deposed": [],
                    "provider": "provider.aws"
                },
                "aws_route53_record.dkim": {
                    "type": "aws_route53_record",
                    "depends_on": [],
                    "primary": {
                        "id": "Z1C7L7XFF9613J_mailo._domainkey.usegalaxy.eu_TXT",
                        "attributes": {
                            "fqdn": "mailo._domainkey.usegalaxy.eu",
                            "health_check_id": "",
                            "id": "Z1C7L7XFF9613J_mailo._domainkey.usegalaxy.eu_TXT",
                            "name": "mailo._domainkey.usegalaxy.eu",
                            "records.#": "1",
                            "records.2987136991": "k=rsa; p=MIGfMA0GCSqGSIb3DQEBAQUAA4GNADCBiQKBgQDWqARw6lby+yJNifDd1Nf9FfegF2TB4VJAdupceZ6pAHwYvS/2WFUwc3ZxdA8+awjDfLr6cAWERnP6YsBqZ7/1jCvtvOM2RLvsKMrzKG+KycfSfaGfFLZw/qPHM+82Mz7o5PdmcVehDSjKrnRXWGjliF/bazOoPg4OJObmAlhovwIDAQAB",
                            "set_identifier": "",
                            "ttl": "7200",
                            "type": "TXT",
                            "zone_id": "Z1C7L7XFF9613J"
                        },
                        "meta": {
                            "schema_version": "2"
                        },
                        "tainted": false
                    },
                    "deposed": [],
                    "provider": "provider.aws"
                },
                "aws_route53_record.docker-host": {
                    "type": "aws_route53_record",
                    "depends_on": [
                        "openstack_compute_instance_v2.docker-host"
                    ],
                    "primary": {
                        "id": "Z386N8B8JBC6TQ_docker.galaxyproject.eu_A",
                        "attributes": {
                            "fqdn": "docker.galaxyproject.eu",
                            "health_check_id": "",
                            "id": "Z386N8B8JBC6TQ_docker.galaxyproject.eu_A",
                            "name": "docker.galaxyproject.eu",
                            "records.#": "1",
                            "records.4270204594": "192.52.33.221",
                            "set_identifier": "",
                            "ttl": "7200",
                            "type": "A",
                            "zone_id": "Z386N8B8JBC6TQ"
                        },
                        "meta": {
                            "schema_version": "2"
                        },
                        "tainted": false
                    },
                    "deposed": [],
                    "provider": "provider.aws"
                },
                "aws_route53_record.freiburg-pulsar": {
                    "type": "aws_route53_record",
                    "depends_on": [],
                    "primary": {
                        "id": "Z386N8B8JBC6TQ_de01.pulsar.galaxyproject.eu_A",
                        "attributes": {
                            "fqdn": "de01.pulsar.galaxyproject.eu",
                            "health_check_id": "",
                            "id": "Z386N8B8JBC6TQ_de01.pulsar.galaxyproject.eu_A",
                            "name": "de01.pulsar.galaxyproject.eu",
                            "records.#": "1",
                            "records.874798824": "192.52.39.232",
                            "set_identifier": "",
                            "ttl": "7200",
                            "type": "A",
                            "zone_id": "Z386N8B8JBC6TQ"
                        },
                        "meta": {
                            "schema_version": "2"
                        },
                        "tainted": false
                    },
                    "deposed": [],
                    "provider": "provider.aws"
                },
                "aws_route53_record.freiburg-pulsar-gpu": {
                    "type": "aws_route53_record",
                    "depends_on": [],
                    "primary": {
                        "id": "Z386N8B8JBC6TQ_de03.pulsar.galaxyproject.eu_A",
                        "attributes": {
                            "fqdn": "de03.pulsar.galaxyproject.eu",
                            "health_check_id": "",
                            "id": "Z386N8B8JBC6TQ_de03.pulsar.galaxyproject.eu_A",
                            "name": "de03.pulsar.galaxyproject.eu",
                            "records.#": "1",
                            "records.4252262035": "192.52.37.189",
                            "set_identifier": "",
                            "ttl": "7200",
                            "type": "A",
                            "zone_id": "Z386N8B8JBC6TQ"
                        },
                        "meta": {
                            "schema_version": "2"
                        },
                        "tainted": false
                    },
                    "deposed": [],
                    "provider": "provider.aws"
                },
                "aws_route53_record.ftp": {
                    "type": "aws_route53_record",
                    "depends_on": [],
                    "primary": {
                        "id": "Z1C7L7XFF9613J_ftp.usegalaxy.eu_A",
                        "attributes": {
                            "fqdn": "ftp.usegalaxy.eu",
                            "health_check_id": "",
                            "id": "Z1C7L7XFF9613J_ftp.usegalaxy.eu_A",
                            "name": "ftp.usegalaxy.eu",
                            "records.#": "1",
                            "records.1644143846": "132.230.68.85",
                            "set_identifier": "",
                            "ttl": "7200",
                            "type": "A",
                            "zone_id": "Z1C7L7XFF9613J"
                        },
                        "meta": {
                            "schema_version": "2"
                        },
                        "tainted": false
                    },
                    "deposed": [],
                    "provider": "provider.aws"
                },
                "aws_route53_record.galaxyproject-eu": {
                    "type": "aws_route53_record",
                    "depends_on": [],
                    "primary": {
                        "id": "Z386N8B8JBC6TQ_galaxyproject.eu_A",
                        "attributes": {
                            "fqdn": "galaxyproject.eu",
                            "health_check_id": "",
                            "id": "Z386N8B8JBC6TQ_galaxyproject.eu_A",
                            "name": "galaxyproject.eu",
                            "records.#": "1",
                            "records.3850385776": "132.230.68.5",
                            "set_identifier": "",
                            "ttl": "7200",
                            "type": "A",
                            "zone_id": "Z386N8B8JBC6TQ"
                        },
                        "meta": {
                            "schema_version": "2"
                        },
                        "tainted": false
                    },
                    "deposed": [],
                    "provider": "provider.aws"
                },
                "aws_route53_record.gpu-node-02": {
                    "type": "aws_route53_record",
                    "depends_on": [],
                    "primary": {
                        "id": "Z386N8B8JBC6TQ_gpu-node-02.galaxyproject.eu_A",
                        "attributes": {
                            "fqdn": "gpu-node-02.galaxyproject.eu",
                            "health_check_id": "",
                            "id": "Z386N8B8JBC6TQ_gpu-node-02.galaxyproject.eu_A",
                            "name": "gpu-node-02.galaxyproject.eu",
                            "records.#": "1",
                            "records.2782573185": "192.52.36.41",
                            "set_identifier": "",
                            "ttl": "7200",
                            "type": "A",
                            "zone_id": "Z386N8B8JBC6TQ"
                        },
                        "meta": {
                            "schema_version": "2"
                        },
                        "tainted": false
                    },
                    "deposed": [],
                    "provider": "provider.aws"
                },
                "aws_route53_record.influxdb-usegalaxy-internal": {
                    "type": "aws_route53_record",
                    "depends_on": [
                        "openstack_compute_instance_v2.influxdb-usegalaxy"
                    ],
                    "primary": {
                        "id": "Z386N8B8JBC6TQ_influxdb.galaxyproject.eu_A",
                        "attributes": {
                            "fqdn": "influxdb.galaxyproject.eu",
                            "health_check_id": "",
                            "id": "Z386N8B8JBC6TQ_influxdb.galaxyproject.eu_A",
                            "name": "influxdb.galaxyproject.eu",
                            "records.#": "1",
                            "records.741906480": "132.230.223.216",
                            "set_identifier": "",
                            "ttl": "7200",
                            "type": "A",
                            "zone_id": "Z386N8B8JBC6TQ"
                        },
                        "meta": {
                            "schema_version": "2"
                        },
                        "tainted": false
                    },
                    "deposed": [],
                    "provider": "provider.aws"
                },
                "aws_route53_record.it-subdomain-main-really": {
                    "type": "aws_route53_record",
                    "depends_on": [],
                    "primary": {
                        "id": "Z1C7L7XFF9613J_*.interactivetoolentrypoint.interactivetool.usegalaxy.eu_CNAME",
                        "attributes": {
                            "fqdn": "*.interactivetoolentrypoint.interactivetool.usegalaxy.eu",
                            "health_check_id": "",
                            "id": "Z1C7L7XFF9613J_*.interactivetoolentrypoint.interactivetool.usegalaxy.eu_CNAME",
                            "name": "*.interactivetoolentrypoint.interactivetool.usegalaxy.eu",
                            "records.#": "1",
                            "records.3916187848": "usegalaxy.eu",
                            "set_identifier": "",
                            "ttl": "7200",
                            "type": "CNAME",
                            "zone_id": "Z1C7L7XFF9613J"
                        },
                        "meta": {
                            "schema_version": "2"
                        },
                        "tainted": false
                    },
                    "deposed": [],
                    "provider": "provider.aws"
                },
                "aws_route53_record.it-subdomain-main.0": {
                    "type": "aws_route53_record",
                    "depends_on": [],
                    "primary": {
                        "id": "Z1C7L7XFF9613J_*.interactivetoolentrypoint.interactivetool.ecology.usegalaxy.eu_CNAME",
                        "attributes": {
                            "fqdn": "*.interactivetoolentrypoint.interactivetool.ecology.usegalaxy.eu",
                            "health_check_id": "",
                            "id": "Z1C7L7XFF9613J_*.interactivetoolentrypoint.interactivetool.ecology.usegalaxy.eu_CNAME",
                            "name": "*.interactivetoolentrypoint.interactivetool.ecology.usegalaxy.eu",
                            "records.#": "1",
                            "records.3916187848": "usegalaxy.eu",
                            "set_identifier": "",
                            "ttl": "7200",
                            "type": "CNAME",
                            "zone_id": "Z1C7L7XFF9613J"
                        },
                        "meta": {
                            "schema_version": "2"
                        },
                        "tainted": false
                    },
                    "deposed": [],
                    "provider": "provider.aws"
                },
                "aws_route53_record.it-subdomain-main.1": {
                    "type": "aws_route53_record",
                    "depends_on": [],
                    "primary": {
                        "id": "Z1C7L7XFF9613J_*.interactivetoolentrypoint.interactivetool.hicexplorer.usegalaxy.eu_CNAME",
                        "attributes": {
                            "fqdn": "*.interactivetoolentrypoint.interactivetool.hicexplorer.usegalaxy.eu",
                            "health_check_id": "",
                            "id": "Z1C7L7XFF9613J_*.interactivetoolentrypoint.interactivetool.hicexplorer.usegalaxy.eu_CNAME",
                            "name": "*.interactivetoolentrypoint.interactivetool.hicexplorer.usegalaxy.eu",
                            "records.#": "1",
                            "records.3916187848": "usegalaxy.eu",
                            "set_identifier": "",
                            "ttl": "7200",
                            "type": "CNAME",
                            "zone_id": "Z1C7L7XFF9613J"
                        },
                        "meta": {
                            "schema_version": "2"
                        },
                        "tainted": false
                    },
                    "deposed": [],
                    "provider": "provider.aws"
                },
                "aws_route53_record.it-subdomain-main.10": {
                    "type": "aws_route53_record",
                    "depends_on": [],
                    "primary": {
                        "id": "Z1C7L7XFF9613J_*.interactivetoolentrypoint.interactivetool.old.usegalaxy.eu_CNAME",
                        "attributes": {
                            "fqdn": "*.interactivetoolentrypoint.interactivetool.old.usegalaxy.eu",
                            "health_check_id": "",
                            "id": "Z1C7L7XFF9613J_*.interactivetoolentrypoint.interactivetool.old.usegalaxy.eu_CNAME",
                            "name": "*.interactivetoolentrypoint.interactivetool.old.usegalaxy.eu",
                            "records.#": "1",
                            "records.3916187848": "usegalaxy.eu",
                            "set_identifier": "",
                            "ttl": "7200",
                            "type": "CNAME",
                            "zone_id": "Z1C7L7XFF9613J"
                        },
                        "meta": {
                            "schema_version": "2"
                        },
                        "tainted": false
                    },
                    "deposed": [],
                    "provider": "provider.aws"
                },
                "aws_route53_record.it-subdomain-main.11": {
                    "type": "aws_route53_record",
                    "depends_on": [],
                    "primary": {
                        "id": "Z1C7L7XFF9613J_*.interactivetoolentrypoint.interactivetool.streetscience.usegalaxy.eu_CNAME",
                        "attributes": {
                            "fqdn": "*.interactivetoolentrypoint.interactivetool.streetscience.usegalaxy.eu",
                            "health_check_id": "",
                            "id": "Z1C7L7XFF9613J_*.interactivetoolentrypoint.interactivetool.streetscience.usegalaxy.eu_CNAME",
                            "name": "*.interactivetoolentrypoint.interactivetool.streetscience.usegalaxy.eu",
                            "records.#": "1",
                            "records.3916187848": "usegalaxy.eu",
                            "set_identifier": "",
                            "ttl": "7200",
                            "type": "CNAME",
                            "zone_id": "Z1C7L7XFF9613J"
                        },
                        "meta": {
                            "schema_version": "2"
                        },
                        "tainted": false
                    },
                    "deposed": [],
                    "provider": "provider.aws"
                },
                "aws_route53_record.it-subdomain-main.12": {
                    "type": "aws_route53_record",
                    "depends_on": [],
                    "primary": {
                        "id": "Z1C7L7XFF9613J_*.interactivetoolentrypoint.interactivetool.graphclust.usegalaxy.eu_CNAME",
                        "attributes": {
                            "fqdn": "*.interactivetoolentrypoint.interactivetool.graphclust.usegalaxy.eu",
                            "health_check_id": "",
                            "id": "Z1C7L7XFF9613J_*.interactivetoolentrypoint.interactivetool.graphclust.usegalaxy.eu_CNAME",
                            "name": "*.interactivetoolentrypoint.interactivetool.graphclust.usegalaxy.eu",
                            "records.#": "1",
                            "records.3916187848": "usegalaxy.eu",
                            "set_identifier": "",
                            "ttl": "7200",
                            "type": "CNAME",
                            "zone_id": "Z1C7L7XFF9613J"
                        },
                        "meta": {
                            "schema_version": "2"
                        },
                        "tainted": false
                    },
                    "deposed": [],
                    "provider": "provider.aws"
                },
                "aws_route53_record.it-subdomain-main.13": {
                    "type": "aws_route53_record",
                    "depends_on": [],
                    "primary": {
                        "id": "Z1C7L7XFF9613J_*.interactivetoolentrypoint.interactivetool.cheminformatics.usegalaxy.eu_CNAME",
                        "attributes": {
                            "fqdn": "*.interactivetoolentrypoint.interactivetool.cheminformatics.usegalaxy.eu",
                            "health_check_id": "",
                            "id": "Z1C7L7XFF9613J_*.interactivetoolentrypoint.interactivetool.cheminformatics.usegalaxy.eu_CNAME",
                            "name": "*.interactivetoolentrypoint.interactivetool.cheminformatics.usegalaxy.eu",
                            "records.#": "1",
                            "records.3916187848": "usegalaxy.eu",
                            "set_identifier": "",
                            "ttl": "7200",
                            "type": "CNAME",
                            "zone_id": "Z1C7L7XFF9613J"
                        },
                        "meta": {
                            "schema_version": "2"
                        },
                        "tainted": false
                    },
                    "deposed": [],
                    "provider": "provider.aws"
                },
                "aws_route53_record.it-subdomain-main.14": {
                    "type": "aws_route53_record",
                    "depends_on": [],
                    "primary": {
                        "id": "Z1C7L7XFF9613J_*.interactivetoolentrypoint.interactivetool.imaging.usegalaxy.eu_CNAME",
                        "attributes": {
                            "fqdn": "*.interactivetoolentrypoint.interactivetool.imaging.usegalaxy.eu",
                            "health_check_id": "",
                            "id": "Z1C7L7XFF9613J_*.interactivetoolentrypoint.interactivetool.imaging.usegalaxy.eu_CNAME",
                            "name": "*.interactivetoolentrypoint.interactivetool.imaging.usegalaxy.eu",
                            "records.#": "1",
                            "records.3916187848": "usegalaxy.eu",
                            "set_identifier": "",
                            "ttl": "7200",
                            "type": "CNAME",
                            "zone_id": "Z1C7L7XFF9613J"
                        },
                        "meta": {
                            "schema_version": "2"
                        },
                        "tainted": false
                    },
                    "deposed": [],
                    "provider": "provider.aws"
                },
                "aws_route53_record.it-subdomain-main.15": {
                    "type": "aws_route53_record",
                    "depends_on": [],
                    "primary": {
                        "id": "Z1C7L7XFF9613J_*.interactivetoolentrypoint.interactivetool.singlecell.usegalaxy.eu_CNAME",
                        "attributes": {
                            "fqdn": "*.interactivetoolentrypoint.interactivetool.singlecell.usegalaxy.eu",
                            "health_check_id": "",
                            "id": "Z1C7L7XFF9613J_*.interactivetoolentrypoint.interactivetool.singlecell.usegalaxy.eu_CNAME",
                            "name": "*.interactivetoolentrypoint.interactivetool.singlecell.usegalaxy.eu",
                            "records.#": "1",
                            "records.3916187848": "usegalaxy.eu",
                            "set_identifier": "",
                            "ttl": "7200",
                            "type": "CNAME",
                            "zone_id": "Z1C7L7XFF9613J"
                        },
                        "meta": {
                            "schema_version": "2"
                        },
                        "tainted": false
                    },
                    "deposed": [],
                    "provider": "provider.aws"
                },
                "aws_route53_record.it-subdomain-main.16": {
                    "type": "aws_route53_record",
                    "depends_on": [],
                    "primary": {
                        "id": "Z1C7L7XFF9613J_*.interactivetoolentrypoint.interactivetool.climate.usegalaxy.eu_CNAME",
                        "attributes": {
                            "fqdn": "*.interactivetoolentrypoint.interactivetool.climate.usegalaxy.eu",
                            "health_check_id": "",
                            "id": "Z1C7L7XFF9613J_*.interactivetoolentrypoint.interactivetool.climate.usegalaxy.eu_CNAME",
                            "name": "*.interactivetoolentrypoint.interactivetool.climate.usegalaxy.eu",
                            "records.#": "1",
                            "records.3916187848": "usegalaxy.eu",
                            "set_identifier": "",
                            "ttl": "7200",
                            "type": "CNAME",
                            "zone_id": "Z1C7L7XFF9613J"
                        },
                        "meta": {
                            "schema_version": "2"
                        },
                        "tainted": false
                    },
                    "deposed": [],
                    "provider": "provider.aws"
                },
                "aws_route53_record.it-subdomain-main.17": {
                    "type": "aws_route53_record",
                    "depends_on": [],
                    "primary": {
                        "id": "Z1C7L7XFF9613J_*.interactivetoolentrypoint.interactivetool.nanopore.usegalaxy.eu_CNAME",
                        "attributes": {
                            "fqdn": "*.interactivetoolentrypoint.interactivetool.nanopore.usegalaxy.eu",
                            "health_check_id": "",
                            "id": "Z1C7L7XFF9613J_*.interactivetoolentrypoint.interactivetool.nanopore.usegalaxy.eu_CNAME",
                            "name": "*.interactivetoolentrypoint.interactivetool.nanopore.usegalaxy.eu",
                            "records.#": "1",
                            "records.3916187848": "usegalaxy.eu",
                            "set_identifier": "",
                            "ttl": "7200",
                            "type": "CNAME",
                            "zone_id": "Z1C7L7XFF9613J"
                        },
                        "meta": {
                            "schema_version": "2"
                        },
                        "tainted": false
                    },
                    "deposed": [],
                    "provider": "provider.aws"
                },
                "aws_route53_record.it-subdomain-main.18": {
                    "type": "aws_route53_record",
                    "depends_on": [],
                    "primary": {
                        "id": "Z1C7L7XFF9613J_*.interactivetoolentrypoint.interactivetool.metabolomics.usegalaxy.eu_CNAME",
                        "attributes": {
                            "fqdn": "*.interactivetoolentrypoint.interactivetool.metabolomics.usegalaxy.eu",
                            "health_check_id": "",
                            "id": "Z1C7L7XFF9613J_*.interactivetoolentrypoint.interactivetool.metabolomics.usegalaxy.eu_CNAME",
                            "name": "*.interactivetoolentrypoint.interactivetool.metabolomics.usegalaxy.eu",
                            "records.#": "1",
                            "records.3916187848": "usegalaxy.eu",
                            "set_identifier": "",
                            "ttl": "7200",
                            "type": "CNAME",
                            "zone_id": "Z1C7L7XFF9613J"
                        },
                        "meta": {
                            "schema_version": "2"
                        },
                        "tainted": false
                    },
                    "deposed": [],
                    "provider": "provider.aws"
                },
                "aws_route53_record.it-subdomain-main.19": {
                    "type": "aws_route53_record",
                    "depends_on": [],
                    "primary": {
                        "id": "Z1C7L7XFF9613J_*.interactivetoolentrypoint.interactivetool.humancellatlas.usegalaxy.eu_CNAME",
                        "attributes": {
                            "fqdn": "*.interactivetoolentrypoint.interactivetool.humancellatlas.usegalaxy.eu",
                            "health_check_id": "",
                            "id": "Z1C7L7XFF9613J_*.interactivetoolentrypoint.interactivetool.humancellatlas.usegalaxy.eu_CNAME",
                            "name": "*.interactivetoolentrypoint.interactivetool.humancellatlas.usegalaxy.eu",
                            "records.#": "1",
                            "records.3916187848": "usegalaxy.eu",
                            "set_identifier": "",
                            "ttl": "7200",
                            "type": "CNAME",
                            "zone_id": "Z1C7L7XFF9613J"
                        },
                        "meta": {
                            "schema_version": "2"
                        },
                        "tainted": false
                    },
                    "deposed": [],
                    "provider": "provider.aws"
                },
                "aws_route53_record.it-subdomain-main.2": {
                    "type": "aws_route53_record",
                    "depends_on": [],
                    "primary": {
                        "id": "Z1C7L7XFF9613J_*.interactivetoolentrypoint.interactivetool.metagenomics.usegalaxy.eu_CNAME",
                        "attributes": {
                            "fqdn": "*.interactivetoolentrypoint.interactivetool.metagenomics.usegalaxy.eu",
                            "health_check_id": "",
                            "id": "Z1C7L7XFF9613J_*.interactivetoolentrypoint.interactivetool.metagenomics.usegalaxy.eu_CNAME",
                            "name": "*.interactivetoolentrypoint.interactivetool.metagenomics.usegalaxy.eu",
                            "records.#": "1",
                            "records.3916187848": "usegalaxy.eu",
                            "set_identifier": "",
                            "ttl": "7200",
                            "type": "CNAME",
                            "zone_id": "Z1C7L7XFF9613J"
                        },
                        "meta": {
                            "schema_version": "2"
                        },
                        "tainted": false
                    },
                    "deposed": [],
                    "provider": "provider.aws"
                },
                "aws_route53_record.it-subdomain-main.20": {
                    "type": "aws_route53_record",
                    "depends_on": [],
                    "primary": {
                        "id": "Z1C7L7XFF9613J_*.interactivetoolentrypoint.interactivetool.annotation.usegalaxy.eu_CNAME",
                        "attributes": {
                            "fqdn": "*.interactivetoolentrypoint.interactivetool.annotation.usegalaxy.eu",
                            "health_check_id": "",
                            "id": "Z1C7L7XFF9613J_*.interactivetoolentrypoint.interactivetool.annotation.usegalaxy.eu_CNAME",
                            "name": "*.interactivetoolentrypoint.interactivetool.annotation.usegalaxy.eu",
                            "records.#": "1",
                            "records.3916187848": "usegalaxy.eu",
                            "set_identifier": "",
                            "ttl": "7200",
                            "type": "CNAME",
                            "zone_id": "Z1C7L7XFF9613J"
                        },
                        "meta": {
                            "schema_version": "2"
                        },
                        "tainted": false
                    },
                    "deposed": [],
                    "provider": "provider.aws"
                },
                "aws_route53_record.it-subdomain-main.21": {
                    "type": "aws_route53_record",
                    "depends_on": [],
                    "primary": {
                        "id": "Z1C7L7XFF9613J_*.interactivetoolentrypoint.interactivetool.erasmusmc.usegalaxy.eu_CNAME",
                        "attributes": {
                            "fqdn": "*.interactivetoolentrypoint.interactivetool.erasmusmc.usegalaxy.eu",
                            "health_check_id": "",
                            "id": "Z1C7L7XFF9613J_*.interactivetoolentrypoint.interactivetool.erasmusmc.usegalaxy.eu_CNAME",
                            "name": "*.interactivetoolentrypoint.interactivetool.erasmusmc.usegalaxy.eu",
                            "records.#": "1",
                            "records.3916187848": "usegalaxy.eu",
                            "set_identifier": "",
                            "ttl": "7200",
                            "type": "CNAME",
                            "zone_id": "Z1C7L7XFF9613J"
                        },
                        "meta": {
                            "schema_version": "2"
                        },
                        "tainted": false
                    },
                    "deposed": [],
                    "provider": "provider.aws"
                },
                "aws_route53_record.it-subdomain-main.22": {
                    "type": "aws_route53_record",
                    "depends_on": [],
                    "primary": {
                        "id": "Z1C7L7XFF9613J_*.interactivetoolentrypoint.interactivetool.live.usegalaxy.eu_CNAME",
                        "attributes": {
                            "fqdn": "*.interactivetoolentrypoint.interactivetool.live.usegalaxy.eu",
                            "health_check_id": "",
                            "id": "Z1C7L7XFF9613J_*.interactivetoolentrypoint.interactivetool.live.usegalaxy.eu_CNAME",
                            "name": "*.interactivetoolentrypoint.interactivetool.live.usegalaxy.eu",
                            "records.#": "1",
                            "records.3916187848": "usegalaxy.eu",
                            "set_identifier": "",
                            "ttl": "7200",
                            "type": "CNAME",
                            "zone_id": "Z1C7L7XFF9613J"
                        },
                        "meta": {
                            "schema_version": "2"
                        },
                        "tainted": false
                    },
                    "deposed": [],
                    "provider": "provider.aws"
                },
                "aws_route53_record.it-subdomain-main.3": {
                    "type": "aws_route53_record",
                    "depends_on": [],
                    "primary": {
                        "id": "Z1C7L7XFF9613J_*.interactivetoolentrypoint.interactivetool.rna.usegalaxy.eu_CNAME",
                        "attributes": {
                            "fqdn": "*.interactivetoolentrypoint.interactivetool.rna.usegalaxy.eu",
                            "health_check_id": "",
                            "id": "Z1C7L7XFF9613J_*.interactivetoolentrypoint.interactivetool.rna.usegalaxy.eu_CNAME",
                            "name": "*.interactivetoolentrypoint.interactivetool.rna.usegalaxy.eu",
                            "records.#": "1",
                            "records.3916187848": "usegalaxy.eu",
                            "set_identifier": "",
                            "ttl": "7200",
                            "type": "CNAME",
                            "zone_id": "Z1C7L7XFF9613J"
                        },
                        "meta": {
                            "schema_version": "2"
                        },
                        "tainted": false
                    },
                    "deposed": [],
                    "provider": "provider.aws"
                },
                "aws_route53_record.it-subdomain-main.4": {
                    "type": "aws_route53_record",
                    "depends_on": [],
                    "primary": {
                        "id": "Z1C7L7XFF9613J_*.interactivetoolentrypoint.interactivetool.build.usegalaxy.eu_CNAME",
                        "attributes": {
                            "fqdn": "*.interactivetoolentrypoint.interactivetool.build.usegalaxy.eu",
                            "health_check_id": "",
                            "id": "Z1C7L7XFF9613J_*.interactivetoolentrypoint.interactivetool.build.usegalaxy.eu_CNAME",
                            "name": "*.interactivetoolentrypoint.interactivetool.build.usegalaxy.eu",
                            "records.#": "1",
                            "records.3916187848": "usegalaxy.eu",
                            "set_identifier": "",
                            "ttl": "7200",
                            "type": "CNAME",
                            "zone_id": "Z1C7L7XFF9613J"
                        },
                        "meta": {
                            "schema_version": "2"
                        },
                        "tainted": false
                    },
                    "deposed": [],
                    "provider": "provider.aws"
                },
                "aws_route53_record.it-subdomain-main.5": {
                    "type": "aws_route53_record",
                    "depends_on": [],
                    "primary": {
                        "id": "Z1C7L7XFF9613J_*.interactivetoolentrypoint.interactivetool.stats.usegalaxy.eu_CNAME",
                        "attributes": {
                            "fqdn": "*.interactivetoolentrypoint.interactivetool.stats.usegalaxy.eu",
                            "health_check_id": "",
                            "id": "Z1C7L7XFF9613J_*.interactivetoolentrypoint.interactivetool.stats.usegalaxy.eu_CNAME",
                            "name": "*.interactivetoolentrypoint.interactivetool.stats.usegalaxy.eu",
                            "records.#": "1",
                            "records.3916187848": "usegalaxy.eu",
                            "set_identifier": "",
                            "ttl": "7200",
                            "type": "CNAME",
                            "zone_id": "Z1C7L7XFF9613J"
                        },
                        "meta": {
                            "schema_version": "2"
                        },
                        "tainted": false
                    },
                    "deposed": [],
                    "provider": "provider.aws"
                },
                "aws_route53_record.it-subdomain-main.6": {
                    "type": "aws_route53_record",
                    "depends_on": [],
                    "primary": {
                        "id": "Z1C7L7XFF9613J_*.interactivetoolentrypoint.interactivetool.beta.usegalaxy.eu_CNAME",
                        "attributes": {
                            "fqdn": "*.interactivetoolentrypoint.interactivetool.beta.usegalaxy.eu",
                            "health_check_id": "",
                            "id": "Z1C7L7XFF9613J_*.interactivetoolentrypoint.interactivetool.beta.usegalaxy.eu_CNAME",
                            "name": "*.interactivetoolentrypoint.interactivetool.beta.usegalaxy.eu",
                            "records.#": "1",
                            "records.3916187848": "usegalaxy.eu",
                            "set_identifier": "",
                            "ttl": "7200",
                            "type": "CNAME",
                            "zone_id": "Z1C7L7XFF9613J"
                        },
                        "meta": {
                            "schema_version": "2"
                        },
                        "tainted": false
                    },
                    "deposed": [],
                    "provider": "provider.aws"
                },
                "aws_route53_record.it-subdomain-main.7": {
                    "type": "aws_route53_record",
                    "depends_on": [],
                    "primary": {
                        "id": "Z1C7L7XFF9613J_*.interactivetoolentrypoint.interactivetool.proteomics.usegalaxy.eu_CNAME",
                        "attributes": {
                            "fqdn": "*.interactivetoolentrypoint.interactivetool.proteomics.usegalaxy.eu",
                            "health_check_id": "",
                            "id": "Z1C7L7XFF9613J_*.interactivetoolentrypoint.interactivetool.proteomics.usegalaxy.eu_CNAME",
                            "name": "*.interactivetoolentrypoint.interactivetool.proteomics.usegalaxy.eu",
                            "records.#": "1",
                            "records.3916187848": "usegalaxy.eu",
                            "set_identifier": "",
                            "ttl": "7200",
                            "type": "CNAME",
                            "zone_id": "Z1C7L7XFF9613J"
                        },
                        "meta": {
                            "schema_version": "2"
                        },
                        "tainted": false
                    },
                    "deposed": [],
                    "provider": "provider.aws"
                },
                "aws_route53_record.it-subdomain-main.8": {
                    "type": "aws_route53_record",
                    "depends_on": [],
                    "primary": {
                        "id": "Z1C7L7XFF9613J_*.interactivetoolentrypoint.interactivetool.clipseq.usegalaxy.eu_CNAME",
                        "attributes": {
                            "fqdn": "*.interactivetoolentrypoint.interactivetool.clipseq.usegalaxy.eu",
                            "health_check_id": "",
                            "id": "Z1C7L7XFF9613J_*.interactivetoolentrypoint.interactivetool.clipseq.usegalaxy.eu_CNAME",
                            "name": "*.interactivetoolentrypoint.interactivetool.clipseq.usegalaxy.eu",
                            "records.#": "1",
                            "records.3916187848": "usegalaxy.eu",
                            "set_identifier": "",
                            "ttl": "7200",
                            "type": "CNAME",
                            "zone_id": "Z1C7L7XFF9613J"
                        },
                        "meta": {
                            "schema_version": "2"
                        },
                        "tainted": false
                    },
                    "deposed": [],
                    "provider": "provider.aws"
                },
                "aws_route53_record.it-subdomain-main.9": {
                    "type": "aws_route53_record",
                    "depends_on": [],
                    "primary": {
                        "id": "Z1C7L7XFF9613J_*.interactivetoolentrypoint.interactivetool.test.usegalaxy.eu_CNAME",
                        "attributes": {
                            "fqdn": "*.interactivetoolentrypoint.interactivetool.test.usegalaxy.eu",
                            "health_check_id": "",
                            "id": "Z1C7L7XFF9613J_*.interactivetoolentrypoint.interactivetool.test.usegalaxy.eu_CNAME",
                            "name": "*.interactivetoolentrypoint.interactivetool.test.usegalaxy.eu",
                            "records.#": "1",
                            "records.3916187848": "usegalaxy.eu",
                            "set_identifier": "",
                            "ttl": "7200",
                            "type": "CNAME",
                            "zone_id": "Z1C7L7XFF9613J"
                        },
                        "meta": {
                            "schema_version": "2"
                        },
                        "tainted": false
                    },
                    "deposed": [],
                    "provider": "provider.aws"
                },
                "aws_route53_record.jenkins-workers-gold": {
                    "type": "aws_route53_record",
                    "depends_on": [
                        "openstack_compute_instance_v2.jenkins-workers-gold.*"
                    ],
                    "primary": {
                        "id": "Z386N8B8JBC6TQ_worker-0.gold.build.galaxyproject.eu_A",
                        "attributes": {
                            "fqdn": "worker-0.gold.build.galaxyproject.eu",
                            "health_check_id": "",
                            "id": "Z386N8B8JBC6TQ_worker-0.gold.build.galaxyproject.eu_A",
                            "name": "worker-0.gold.build.galaxyproject.eu",
                            "records.#": "1",
                            "records.1736858816": "192.52.35.164",
                            "set_identifier": "",
                            "ttl": "7200",
                            "type": "A",
                            "zone_id": "Z386N8B8JBC6TQ"
                        },
                        "meta": {
                            "schema_version": "2"
                        },
                        "tainted": false
                    },
                    "deposed": [],
                    "provider": "provider.aws"
                },
                "aws_route53_record.jenkins-workers-internal": {
                    "type": "aws_route53_record",
                    "depends_on": [
                        "openstack_compute_instance_v2.jenkins-workers-internal.*"
                    ],
                    "primary": {
                        "id": "Z386N8B8JBC6TQ_worker-internal-0.build.galaxyproject.eu_A",
                        "attributes": {
                            "fqdn": "worker-internal-0.build.galaxyproject.eu",
                            "health_check_id": "",
                            "id": "Z386N8B8JBC6TQ_worker-internal-0.build.galaxyproject.eu_A",
                            "name": "worker-internal-0.build.galaxyproject.eu",
                            "records.#": "1",
                            "records.2604130313": "132.230.223.121",
                            "set_identifier": "",
                            "ttl": "7200",
                            "type": "A",
                            "zone_id": "Z386N8B8JBC6TQ"
                        },
                        "meta": {
                            "schema_version": "2"
                        },
                        "tainted": false
                    },
                    "deposed": [],
                    "provider": "provider.aws"
                },
                "aws_route53_record.jenkins-workers-org.0": {
                    "type": "aws_route53_record",
                    "depends_on": [
                        "openstack_compute_instance_v2.jenkins-workers-org.*"
                    ],
                    "primary": {
                        "id": "Z386N8B8JBC6TQ_n0.galaxyproject.eu_A",
                        "attributes": {
                            "fqdn": "n0.galaxyproject.eu",
                            "health_check_id": "",
                            "id": "Z386N8B8JBC6TQ_n0.galaxyproject.eu_A",
                            "name": "n0.galaxyproject.eu",
                            "records.#": "1",
                            "records.1634098137": "192.52.34.148",
                            "set_identifier": "",
                            "ttl": "7200",
                            "type": "A",
                            "zone_id": "Z386N8B8JBC6TQ"
                        },
                        "meta": {
                            "schema_version": "2"
                        },
                        "tainted": false
                    },
                    "deposed": [],
                    "provider": "provider.aws"
                },
                "aws_route53_record.jenkins-workers-org.1": {
                    "type": "aws_route53_record",
                    "depends_on": [
                        "openstack_compute_instance_v2.jenkins-workers-org.*"
                    ],
                    "primary": {
                        "id": "Z386N8B8JBC6TQ_n1.galaxyproject.eu_A",
                        "attributes": {
                            "fqdn": "n1.galaxyproject.eu",
                            "health_check_id": "",
                            "id": "Z386N8B8JBC6TQ_n1.galaxyproject.eu_A",
                            "name": "n1.galaxyproject.eu",
                            "records.#": "1",
                            "records.2903809328": "192.52.34.191",
                            "set_identifier": "",
                            "ttl": "7200",
                            "type": "A",
                            "zone_id": "Z386N8B8JBC6TQ"
                        },
                        "meta": {
                            "schema_version": "2"
                        },
                        "tainted": false
                    },
                    "deposed": [],
                    "provider": "provider.aws"
                },
                "aws_route53_record.jenkins-workers-silver": {
                    "type": "aws_route53_record",
                    "depends_on": [
                        "openstack_compute_instance_v2.jenkins-workers-silver.*"
                    ],
                    "primary": {
                        "id": "Z386N8B8JBC6TQ_worker-0.silver.build.galaxyproject.eu_A",
                        "attributes": {
                            "fqdn": "worker-0.silver.build.galaxyproject.eu",
                            "health_check_id": "",
                            "id": "Z386N8B8JBC6TQ_worker-0.silver.build.galaxyproject.eu_A",
                            "name": "worker-0.silver.build.galaxyproject.eu",
                            "records.#": "1",
                            "records.1716133387": "192.52.35.36",
                            "set_identifier": "",
                            "ttl": "7200",
                            "type": "A",
                            "zone_id": "Z386N8B8JBC6TQ"
                        },
                        "meta": {
                            "schema_version": "2"
                        },
                        "tainted": false
                    },
                    "deposed": [],
                    "provider": "provider.aws"
                },
                "aws_route53_record.lisboa-pulsar": {
                    "type": "aws_route53_record",
                    "depends_on": [],
                    "primary": {
                        "id": "Z386N8B8JBC6TQ_pt01.pulsar.galaxyproject.eu_A",
                        "attributes": {
                            "fqdn": "pt01.pulsar.galaxyproject.eu",
                            "health_check_id": "",
                            "id": "Z386N8B8JBC6TQ_pt01.pulsar.galaxyproject.eu_A",
                            "name": "pt01.pulsar.galaxyproject.eu",
                            "records.#": "1",
                            "records.4044139150": "192.92.147.4",
                            "set_identifier": "",
                            "ttl": "7200",
                            "type": "A",
                            "zone_id": "Z386N8B8JBC6TQ"
                        },
                        "meta": {
                            "schema_version": "2"
                        },
                        "tainted": false
                    },
                    "deposed": [],
                    "provider": "provider.aws"
                },
                "aws_route53_record.mumble-usegalaxy": {
                    "type": "aws_route53_record",
                    "depends_on": [
                        "openstack_compute_instance_v2.mumble-usegalaxy"
                    ],
                    "primary": {
                        "id": "Z386N8B8JBC6TQ_mumble.galaxyproject.eu_A",
                        "attributes": {
                            "fqdn": "mumble.galaxyproject.eu",
                            "health_check_id": "",
                            "id": "Z386N8B8JBC6TQ_mumble.galaxyproject.eu_A",
                            "name": "mumble.galaxyproject.eu",
                            "records.#": "1",
                            "records.4219100533": "192.52.38.124",
                            "set_identifier": "",
                            "ttl": "7200",
                            "type": "A",
                            "zone_id": "Z386N8B8JBC6TQ"
                        },
                        "meta": {
                            "schema_version": "2"
                        },
                        "tainted": false
                    },
                    "deposed": [],
                    "provider": "provider.aws"
                },
                "aws_route53_record.mx": {
                    "type": "aws_route53_record",
                    "depends_on": [],
                    "primary": {
                        "id": "Z1C7L7XFF9613J_usegalaxy.eu_MX",
                        "attributes": {
                            "fqdn": "usegalaxy.eu",
                            "health_check_id": "",
                            "id": "Z1C7L7XFF9613J_usegalaxy.eu_MX",
                            "name": "usegalaxy.eu",
                            "records.#": "2",
                            "records.23861953": "10 mxb.mailgun.org",
                            "records.3165025807": "10 mxa.mailgun.org",
                            "set_identifier": "",
                            "ttl": "7200",
                            "type": "MX",
                            "zone_id": "Z1C7L7XFF9613J"
                        },
                        "meta": {
                            "schema_version": "2"
                        },
                        "tainted": false
                    },
                    "deposed": [],
                    "provider": "provider.aws"
                },
                "aws_route53_record.ns-training-gxp-eu": {
                    "type": "aws_route53_record",
                    "depends_on": [
                        "aws_route53_zone.training-gxp-eu",
                        "data.aws_route53_zone.gxp-eu"
                    ],
                    "primary": {
                        "id": "Z386N8B8JBC6TQ_training.galaxyproject.eu_NS",
                        "attributes": {
                            "fqdn": "training.galaxyproject.eu",
                            "health_check_id": "",
                            "id": "Z386N8B8JBC6TQ_training.galaxyproject.eu_NS",
                            "name": "training.galaxyproject.eu",
                            "records.#": "4",
                            "records.3307622251": "ns-344.awsdns-43.com",
                            "records.3440123276": "ns-1148.awsdns-15.org",
                            "records.4131763382": "ns-752.awsdns-30.net",
                            "records.868800116": "ns-1689.awsdns-19.co.uk",
                            "set_identifier": "",
                            "ttl": "3600",
                            "type": "NS",
                            "zone_id": "Z386N8B8JBC6TQ"
                        },
                        "meta": {
                            "schema_version": "2"
                        },
                        "tainted": false
                    },
                    "deposed": [],
                    "provider": "provider.aws"
                },
                "aws_route53_record.plausible": {
                    "type": "aws_route53_record",
                    "depends_on": [
                        "openstack_compute_instance_v2.plausible"
                    ],
                    "primary": {
                        "id": "Z386N8B8JBC6TQ_plausible.galaxyproject.eu_A",
                        "attributes": {
                            "fqdn": "plausible.galaxyproject.eu",
                            "health_check_id": "",
                            "id": "Z386N8B8JBC6TQ_plausible.galaxyproject.eu_A",
                            "name": "plausible.galaxyproject.eu",
                            "records.#": "1",
                            "records.2798651521": "192.52.38.248",
                            "set_identifier": "",
                            "ttl": "600",
                            "type": "A",
                            "zone_id": "Z386N8B8JBC6TQ"
                        },
                        "meta": {
                            "schema_version": "2"
                        },
                        "tainted": false
                    },
                    "deposed": [],
                    "provider": "provider.aws"
                },
                "aws_route53_record.proxy": {
                    "type": "aws_route53_record",
                    "depends_on": [
                        "openstack_compute_instance_v2.proxy-internal"
                    ],
                    "primary": {
                        "id": "Z386N8B8JBC6TQ_proxy.galaxyproject.eu_A",
                        "attributes": {
                            "fqdn": "proxy.galaxyproject.eu",
                            "health_check_id": "",
                            "id": "Z386N8B8JBC6TQ_proxy.galaxyproject.eu_A",
                            "name": "proxy.galaxyproject.eu",
                            "records.#": "1",
                            "records.726661441": "132.230.223.13",
                            "set_identifier": "",
                            "ttl": "300",
                            "type": "A",
                            "zone_id": "Z386N8B8JBC6TQ"
                        },
                        "meta": {
                            "schema_version": "2"
                        },
                        "tainted": false
                    },
                    "deposed": [],
                    "provider": "provider.aws"
                },
                "aws_route53_record.proxy-internal": {
                    "type": "aws_route53_record",
                    "depends_on": [
                        "openstack_compute_instance_v2.proxy-internal"
                    ],
                    "primary": {
                        "id": "Z386N8B8JBC6TQ_proxy.internal.galaxyproject.eu_A",
                        "attributes": {
                            "fqdn": "proxy.internal.galaxyproject.eu",
                            "health_check_id": "",
                            "id": "Z386N8B8JBC6TQ_proxy.internal.galaxyproject.eu_A",
                            "name": "proxy.internal.galaxyproject.eu",
                            "records.#": "1",
                            "records.726661441": "132.230.223.13",
                            "set_identifier": "",
                            "ttl": "7200",
                            "type": "A",
                            "zone_id": "Z386N8B8JBC6TQ"
                        },
                        "meta": {
                            "schema_version": "2"
                        },
                        "tainted": false
                    },
                    "deposed": [],
                    "provider": "provider.aws"
                },
                "aws_route53_record.sentry-usegalaxy": {
                    "type": "aws_route53_record",
                    "depends_on": [
                        "openstack_compute_instance_v2.sentry-usegalaxy"
                    ],
                    "primary": {
                        "id": "Z386N8B8JBC6TQ_sentry.galaxyproject.eu_A",
                        "attributes": {
                            "fqdn": "sentry.galaxyproject.eu",
                            "health_check_id": "",
                            "id": "Z386N8B8JBC6TQ_sentry.galaxyproject.eu_A",
                            "name": "sentry.galaxyproject.eu",
                            "records.#": "1",
                            "records.1408833887": "192.52.34.70",
                            "set_identifier": "",
                            "ttl": "7200",
                            "type": "A",
                            "zone_id": "Z386N8B8JBC6TQ"
                        },
                        "meta": {
                            "schema_version": "2"
                        },
                        "tainted": false
                    },
                    "deposed": [],
                    "provider": "provider.aws"
                },
                "aws_route53_record.sn05-galaxyproject": {
                    "type": "aws_route53_record",
                    "depends_on": [],
                    "primary": {
                        "id": "Z386N8B8JBC6TQ_sn05.galaxyproject.eu_A",
                        "attributes": {
                            "fqdn": "sn05.galaxyproject.eu",
                            "health_check_id": "",
                            "id": "Z386N8B8JBC6TQ_sn05.galaxyproject.eu_A",
                            "name": "sn05.galaxyproject.eu",
                            "records.#": "1",
                            "records.985741364": "10.5.68.4",
                            "set_identifier": "",
                            "ttl": "7200",
                            "type": "A",
                            "zone_id": "Z386N8B8JBC6TQ"
                        },
                        "meta": {
                            "schema_version": "2"
                        },
                        "tainted": false
                    },
                    "deposed": [],
                    "provider": "provider.aws"
                },
                "aws_route53_record.sn06-galaxyproject": {
                    "type": "aws_route53_record",
                    "depends_on": [],
                    "primary": {
                        "id": "Z386N8B8JBC6TQ_sn06.galaxyproject.eu_A",
                        "attributes": {
                            "fqdn": "sn06.galaxyproject.eu",
                            "health_check_id": "",
                            "id": "Z386N8B8JBC6TQ_sn06.galaxyproject.eu_A",
                            "name": "sn06.galaxyproject.eu",
                            "records.#": "1",
                            "records.2394023715": "132.230.223.239",
                            "set_identifier": "",
                            "ttl": "7200",
                            "type": "A",
                            "zone_id": "Z386N8B8JBC6TQ"
                        },
                        "meta": {
                            "schema_version": "2"
                        },
                        "tainted": false
                    },
                    "deposed": [],
                    "provider": "provider.aws"
                },
                "aws_route53_record.spf": {
                    "type": "aws_route53_record",
                    "depends_on": [],
                    "primary": {
                        "id": "Z1C7L7XFF9613J_usegalaxy.eu_TXT",
                        "attributes": {
                            "fqdn": "usegalaxy.eu",
                            "health_check_id": "",
                            "id": "Z1C7L7XFF9613J_usegalaxy.eu_TXT",
                            "name": "usegalaxy.eu",
                            "records.#": "1",
                            "records.1008113961": "v=spf1 include:mailgun.org ~all",
                            "set_identifier": "",
                            "ttl": "7200",
                            "type": "TXT",
                            "zone_id": "Z1C7L7XFF9613J"
                        },
                        "meta": {
                            "schema_version": "2"
                        },
                        "tainted": false
                    },
                    "deposed": [],
                    "provider": "provider.aws"
                },
                "aws_route53_record.stats-usegalaxy": {
                    "type": "aws_route53_record",
                    "depends_on": [
                        "openstack_compute_instance_v2.stats-usegalaxy"
                    ],
                    "primary": {
                        "id": "Z386N8B8JBC6TQ_stats.galaxyproject.eu_A",
                        "attributes": {
                            "fqdn": "stats.galaxyproject.eu",
                            "health_check_id": "",
                            "id": "Z386N8B8JBC6TQ_stats.galaxyproject.eu_A",
                            "name": "stats.galaxyproject.eu",
                            "records.#": "1",
                            "records.1862500529": "132.230.223.189",
                            "set_identifier": "",
                            "ttl": "7200",
                            "type": "A",
                            "zone_id": "Z386N8B8JBC6TQ"
                        },
                        "meta": {
                            "schema_version": "2"
                        },
                        "tainted": false
                    },
                    "deposed": [],
                    "provider": "provider.aws"
                },
                "aws_route53_record.subdomain-internal": {
                    "type": "aws_route53_record",
                    "depends_on": [],
                    "primary": {
                        "id": "Z386N8B8JBC6TQ_cvmfs1-ufr0.galaxyproject.eu_CNAME",
                        "attributes": {
                            "fqdn": "cvmfs1-ufr0.galaxyproject.eu",
                            "health_check_id": "",
                            "id": "Z386N8B8JBC6TQ_cvmfs1-ufr0.galaxyproject.eu_CNAME",
                            "name": "cvmfs1-ufr0.galaxyproject.eu",
                            "records.#": "1",
                            "records.2820179757": "proxy.internal.galaxyproject.eu",
                            "set_identifier": "",
                            "ttl": "7200",
                            "type": "CNAME",
                            "zone_id": "Z386N8B8JBC6TQ"
                        },
                        "meta": {
                            "schema_version": "2"
                        },
                        "tainted": false
                    },
                    "deposed": [],
                    "provider": "provider.aws"
                },
                "aws_route53_record.subdomains-project.0": {
                    "type": "aws_route53_record",
                    "depends_on": [],
                    "primary": {
                        "id": "Z386N8B8JBC6TQ_status.galaxyproject.eu_CNAME",
                        "attributes": {
                            "fqdn": "status.galaxyproject.eu",
                            "health_check_id": "",
                            "id": "Z386N8B8JBC6TQ_status.galaxyproject.eu_CNAME",
                            "name": "status.galaxyproject.eu",
                            "records.#": "1",
                            "records.1735605372": "galaxyproject.eu",
                            "set_identifier": "",
                            "ttl": "7200",
                            "type": "CNAME",
                            "zone_id": "Z386N8B8JBC6TQ"
                        },
                        "meta": {
                            "schema_version": "2"
                        },
                        "tainted": false
                    },
                    "deposed": [],
                    "provider": "provider.aws"
                },
                "aws_route53_record.subdomains-project.1": {
                    "type": "aws_route53_record",
                    "depends_on": [],
                    "primary": {
                        "id": "Z386N8B8JBC6TQ_telescope.galaxyproject.eu_CNAME",
                        "attributes": {
                            "fqdn": "telescope.galaxyproject.eu",
                            "health_check_id": "",
                            "id": "Z386N8B8JBC6TQ_telescope.galaxyproject.eu_CNAME",
                            "name": "telescope.galaxyproject.eu",
                            "records.#": "1",
                            "records.1735605372": "galaxyproject.eu",
                            "set_identifier": "",
                            "ttl": "7200",
                            "type": "CNAME",
                            "zone_id": "Z386N8B8JBC6TQ"
                        },
                        "meta": {
                            "schema_version": "2"
                        },
                        "tainted": false
                    },
                    "deposed": [],
                    "provider": "provider.aws"
                },
                "aws_route53_record.subdomains.0": {
                    "type": "aws_route53_record",
                    "depends_on": [],
                    "primary": {
                        "id": "Z1C7L7XFF9613J_ecology.usegalaxy.eu_CNAME",
                        "attributes": {
                            "fqdn": "ecology.usegalaxy.eu",
                            "health_check_id": "",
                            "id": "Z1C7L7XFF9613J_ecology.usegalaxy.eu_CNAME",
                            "name": "ecology.usegalaxy.eu",
                            "records.#": "1",
                            "records.3916187848": "usegalaxy.eu",
                            "set_identifier": "",
                            "ttl": "7200",
                            "type": "CNAME",
                            "zone_id": "Z1C7L7XFF9613J"
                        },
                        "meta": {
                            "schema_version": "2"
                        },
                        "tainted": false
                    },
                    "deposed": [],
                    "provider": "provider.aws"
                },
                "aws_route53_record.subdomains.1": {
                    "type": "aws_route53_record",
                    "depends_on": [],
                    "primary": {
                        "id": "Z1C7L7XFF9613J_hicexplorer.usegalaxy.eu_CNAME",
                        "attributes": {
                            "fqdn": "hicexplorer.usegalaxy.eu",
                            "health_check_id": "",
                            "id": "Z1C7L7XFF9613J_hicexplorer.usegalaxy.eu_CNAME",
                            "name": "hicexplorer.usegalaxy.eu",
                            "records.#": "1",
                            "records.3916187848": "usegalaxy.eu",
                            "set_identifier": "",
                            "ttl": "7200",
                            "type": "CNAME",
                            "zone_id": "Z1C7L7XFF9613J"
                        },
                        "meta": {
                            "schema_version": "2"
                        },
                        "tainted": false
                    },
                    "deposed": [],
                    "provider": "provider.aws"
                },
                "aws_route53_record.subdomains.10": {
                    "type": "aws_route53_record",
                    "depends_on": [],
                    "primary": {
                        "id": "Z1C7L7XFF9613J_old.usegalaxy.eu_CNAME",
                        "attributes": {
                            "fqdn": "old.usegalaxy.eu",
                            "health_check_id": "",
                            "id": "Z1C7L7XFF9613J_old.usegalaxy.eu_CNAME",
                            "name": "old.usegalaxy.eu",
                            "records.#": "1",
                            "records.3916187848": "usegalaxy.eu",
                            "set_identifier": "",
                            "ttl": "7200",
                            "type": "CNAME",
                            "zone_id": "Z1C7L7XFF9613J"
                        },
                        "meta": {
                            "schema_version": "2"
                        },
                        "tainted": false
                    },
                    "deposed": [],
                    "provider": "provider.aws"
                },
                "aws_route53_record.subdomains.11": {
                    "type": "aws_route53_record",
                    "depends_on": [],
                    "primary": {
                        "id": "Z1C7L7XFF9613J_streetscience.usegalaxy.eu_CNAME",
                        "attributes": {
                            "fqdn": "streetscience.usegalaxy.eu",
                            "health_check_id": "",
                            "id": "Z1C7L7XFF9613J_streetscience.usegalaxy.eu_CNAME",
                            "name": "streetscience.usegalaxy.eu",
                            "records.#": "1",
                            "records.3916187848": "usegalaxy.eu",
                            "set_identifier": "",
                            "ttl": "7200",
                            "type": "CNAME",
                            "zone_id": "Z1C7L7XFF9613J"
                        },
                        "meta": {
                            "schema_version": "2"
                        },
                        "tainted": false
                    },
                    "deposed": [],
                    "provider": "provider.aws"
                },
                "aws_route53_record.subdomains.12": {
                    "type": "aws_route53_record",
                    "depends_on": [],
                    "primary": {
                        "id": "Z1C7L7XFF9613J_graphclust.usegalaxy.eu_CNAME",
                        "attributes": {
                            "fqdn": "graphclust.usegalaxy.eu",
                            "health_check_id": "",
                            "id": "Z1C7L7XFF9613J_graphclust.usegalaxy.eu_CNAME",
                            "name": "graphclust.usegalaxy.eu",
                            "records.#": "1",
                            "records.3916187848": "usegalaxy.eu",
                            "set_identifier": "",
                            "ttl": "7200",
                            "type": "CNAME",
                            "zone_id": "Z1C7L7XFF9613J"
                        },
                        "meta": {
                            "schema_version": "2"
                        },
                        "tainted": false
                    },
                    "deposed": [],
                    "provider": "provider.aws"
                },
                "aws_route53_record.subdomains.13": {
                    "type": "aws_route53_record",
                    "depends_on": [],
                    "primary": {
                        "id": "Z1C7L7XFF9613J_cheminformatics.usegalaxy.eu_CNAME",
                        "attributes": {
                            "fqdn": "cheminformatics.usegalaxy.eu",
                            "health_check_id": "",
                            "id": "Z1C7L7XFF9613J_cheminformatics.usegalaxy.eu_CNAME",
                            "name": "cheminformatics.usegalaxy.eu",
                            "records.#": "1",
                            "records.3916187848": "usegalaxy.eu",
                            "set_identifier": "",
                            "ttl": "7200",
                            "type": "CNAME",
                            "zone_id": "Z1C7L7XFF9613J"
                        },
                        "meta": {
                            "schema_version": "2"
                        },
                        "tainted": false
                    },
                    "deposed": [],
                    "provider": "provider.aws"
                },
                "aws_route53_record.subdomains.14": {
                    "type": "aws_route53_record",
                    "depends_on": [],
                    "primary": {
                        "id": "Z1C7L7XFF9613J_imaging.usegalaxy.eu_CNAME",
                        "attributes": {
                            "fqdn": "imaging.usegalaxy.eu",
                            "health_check_id": "",
                            "id": "Z1C7L7XFF9613J_imaging.usegalaxy.eu_CNAME",
                            "name": "imaging.usegalaxy.eu",
                            "records.#": "1",
                            "records.3916187848": "usegalaxy.eu",
                            "set_identifier": "",
                            "ttl": "7200",
                            "type": "CNAME",
                            "zone_id": "Z1C7L7XFF9613J"
                        },
                        "meta": {
                            "schema_version": "2"
                        },
                        "tainted": false
                    },
                    "deposed": [],
                    "provider": "provider.aws"
                },
                "aws_route53_record.subdomains.15": {
                    "type": "aws_route53_record",
                    "depends_on": [],
                    "primary": {
                        "id": "Z1C7L7XFF9613J_singlecell.usegalaxy.eu_CNAME",
                        "attributes": {
                            "fqdn": "singlecell.usegalaxy.eu",
                            "health_check_id": "",
                            "id": "Z1C7L7XFF9613J_singlecell.usegalaxy.eu_CNAME",
                            "name": "singlecell.usegalaxy.eu",
                            "records.#": "1",
                            "records.3916187848": "usegalaxy.eu",
                            "set_identifier": "",
                            "ttl": "7200",
                            "type": "CNAME",
                            "zone_id": "Z1C7L7XFF9613J"
                        },
                        "meta": {
                            "schema_version": "2"
                        },
                        "tainted": false
                    },
                    "deposed": [],
                    "provider": "provider.aws"
                },
                "aws_route53_record.subdomains.16": {
                    "type": "aws_route53_record",
                    "depends_on": [],
                    "primary": {
                        "id": "Z1C7L7XFF9613J_climate.usegalaxy.eu_CNAME",
                        "attributes": {
                            "fqdn": "climate.usegalaxy.eu",
                            "health_check_id": "",
                            "id": "Z1C7L7XFF9613J_climate.usegalaxy.eu_CNAME",
                            "name": "climate.usegalaxy.eu",
                            "records.#": "1",
                            "records.3916187848": "usegalaxy.eu",
                            "set_identifier": "",
                            "ttl": "7200",
                            "type": "CNAME",
                            "zone_id": "Z1C7L7XFF9613J"
                        },
                        "meta": {
                            "schema_version": "2"
                        },
                        "tainted": false
                    },
                    "deposed": [],
                    "provider": "provider.aws"
                },
                "aws_route53_record.subdomains.17": {
                    "type": "aws_route53_record",
                    "depends_on": [],
                    "primary": {
                        "id": "Z1C7L7XFF9613J_nanopore.usegalaxy.eu_CNAME",
                        "attributes": {
                            "fqdn": "nanopore.usegalaxy.eu",
                            "health_check_id": "",
                            "id": "Z1C7L7XFF9613J_nanopore.usegalaxy.eu_CNAME",
                            "name": "nanopore.usegalaxy.eu",
                            "records.#": "1",
                            "records.3916187848": "usegalaxy.eu",
                            "set_identifier": "",
                            "ttl": "7200",
                            "type": "CNAME",
                            "zone_id": "Z1C7L7XFF9613J"
                        },
                        "meta": {
                            "schema_version": "2"
                        },
                        "tainted": false
                    },
                    "deposed": [],
                    "provider": "provider.aws"
                },
                "aws_route53_record.subdomains.18": {
                    "type": "aws_route53_record",
                    "depends_on": [],
                    "primary": {
                        "id": "Z1C7L7XFF9613J_metabolomics.usegalaxy.eu_CNAME",
                        "attributes": {
                            "fqdn": "metabolomics.usegalaxy.eu",
                            "health_check_id": "",
                            "id": "Z1C7L7XFF9613J_metabolomics.usegalaxy.eu_CNAME",
                            "name": "metabolomics.usegalaxy.eu",
                            "records.#": "1",
                            "records.3916187848": "usegalaxy.eu",
                            "set_identifier": "",
                            "ttl": "7200",
                            "type": "CNAME",
                            "zone_id": "Z1C7L7XFF9613J"
                        },
                        "meta": {
                            "schema_version": "2"
                        },
                        "tainted": false
                    },
                    "deposed": [],
                    "provider": "provider.aws"
                },
                "aws_route53_record.subdomains.19": {
                    "type": "aws_route53_record",
                    "depends_on": [],
                    "primary": {
                        "id": "Z1C7L7XFF9613J_humancellatlas.usegalaxy.eu_CNAME",
                        "attributes": {
                            "fqdn": "humancellatlas.usegalaxy.eu",
                            "health_check_id": "",
                            "id": "Z1C7L7XFF9613J_humancellatlas.usegalaxy.eu_CNAME",
                            "name": "humancellatlas.usegalaxy.eu",
                            "records.#": "1",
                            "records.3916187848": "usegalaxy.eu",
                            "set_identifier": "",
                            "ttl": "7200",
                            "type": "CNAME",
                            "zone_id": "Z1C7L7XFF9613J"
                        },
                        "meta": {
                            "schema_version": "2"
                        },
                        "tainted": false
                    },
                    "deposed": [],
                    "provider": "provider.aws"
                },
                "aws_route53_record.subdomains.2": {
                    "type": "aws_route53_record",
                    "depends_on": [],
                    "primary": {
                        "id": "Z1C7L7XFF9613J_metagenomics.usegalaxy.eu_CNAME",
                        "attributes": {
                            "fqdn": "metagenomics.usegalaxy.eu",
                            "health_check_id": "",
                            "id": "Z1C7L7XFF9613J_metagenomics.usegalaxy.eu_CNAME",
                            "name": "metagenomics.usegalaxy.eu",
                            "records.#": "1",
                            "records.3916187848": "usegalaxy.eu",
                            "set_identifier": "",
                            "ttl": "7200",
                            "type": "CNAME",
                            "zone_id": "Z1C7L7XFF9613J"
                        },
                        "meta": {
                            "schema_version": "2"
                        },
                        "tainted": false
                    },
                    "deposed": [],
                    "provider": "provider.aws"
                },
                "aws_route53_record.subdomains.20": {
                    "type": "aws_route53_record",
                    "depends_on": [],
                    "primary": {
                        "id": "Z1C7L7XFF9613J_annotation.usegalaxy.eu_CNAME",
                        "attributes": {
                            "fqdn": "annotation.usegalaxy.eu",
                            "health_check_id": "",
                            "id": "Z1C7L7XFF9613J_annotation.usegalaxy.eu_CNAME",
                            "name": "annotation.usegalaxy.eu",
                            "records.#": "1",
                            "records.3916187848": "usegalaxy.eu",
                            "set_identifier": "",
                            "ttl": "7200",
                            "type": "CNAME",
                            "zone_id": "Z1C7L7XFF9613J"
                        },
                        "meta": {
                            "schema_version": "2"
                        },
                        "tainted": false
                    },
                    "deposed": [],
                    "provider": "provider.aws"
                },
                "aws_route53_record.subdomains.21": {
                    "type": "aws_route53_record",
                    "depends_on": [],
                    "primary": {
                        "id": "Z1C7L7XFF9613J_erasmusmc.usegalaxy.eu_CNAME",
                        "attributes": {
                            "fqdn": "erasmusmc.usegalaxy.eu",
                            "health_check_id": "",
                            "id": "Z1C7L7XFF9613J_erasmusmc.usegalaxy.eu_CNAME",
                            "name": "erasmusmc.usegalaxy.eu",
                            "records.#": "1",
                            "records.3916187848": "usegalaxy.eu",
                            "set_identifier": "",
                            "ttl": "7200",
                            "type": "CNAME",
                            "zone_id": "Z1C7L7XFF9613J"
                        },
                        "meta": {
                            "schema_version": "2"
                        },
                        "tainted": false
                    },
                    "deposed": [],
                    "provider": "provider.aws"
                },
                "aws_route53_record.subdomains.22": {
                    "type": "aws_route53_record",
                    "depends_on": [],
                    "primary": {
                        "id": "Z1C7L7XFF9613J_live.usegalaxy.eu_CNAME",
                        "attributes": {
                            "fqdn": "live.usegalaxy.eu",
                            "health_check_id": "",
                            "id": "Z1C7L7XFF9613J_live.usegalaxy.eu_CNAME",
                            "name": "live.usegalaxy.eu",
                            "records.#": "1",
                            "records.3916187848": "usegalaxy.eu",
                            "set_identifier": "",
                            "ttl": "7200",
                            "type": "CNAME",
                            "zone_id": "Z1C7L7XFF9613J"
                        },
                        "meta": {
                            "schema_version": "2"
                        },
                        "tainted": false
                    },
                    "deposed": [],
                    "provider": "provider.aws"
                },
                "aws_route53_record.subdomains.23": {
                    "type": "aws_route53_record",
                    "depends_on": [],
                    "primary": {
                        "id": "Z1C7L7XFF9613J_plants.usegalaxy.eu_CNAME",
                        "attributes": {
                            "fqdn": "plants.usegalaxy.eu",
                            "health_check_id": "",
                            "id": "Z1C7L7XFF9613J_plants.usegalaxy.eu_CNAME",
                            "name": "plants.usegalaxy.eu",
                            "records.#": "1",
                            "records.3916187848": "usegalaxy.eu",
                            "set_identifier": "",
                            "ttl": "7200",
                            "type": "CNAME",
                            "zone_id": "Z1C7L7XFF9613J"
                        },
                        "meta": {
                            "schema_version": "2"
                        },
                        "tainted": false
                    },
                    "deposed": [],
                    "provider": "provider.aws"
                },
                "aws_route53_record.subdomains.24": {
                    "type": "aws_route53_record",
                    "depends_on": [],
                    "primary": {
                        "id": "Z1C7L7XFF9613J_lite.usegalaxy.eu_CNAME",
                        "attributes": {
                            "fqdn": "lite.usegalaxy.eu",
                            "health_check_id": "",
                            "id": "Z1C7L7XFF9613J_lite.usegalaxy.eu_CNAME",
                            "name": "lite.usegalaxy.eu",
                            "records.#": "1",
                            "records.3916187848": "usegalaxy.eu",
                            "set_identifier": "",
                            "ttl": "7200",
                            "type": "CNAME",
                            "zone_id": "Z1C7L7XFF9613J"
                        },
                        "meta": {
                            "schema_version": "2"
                        },
                        "tainted": false
                    },
                    "deposed": [],
                    "provider": "provider.aws"
                },
                "aws_route53_record.subdomains.25": {
                    "type": "aws_route53_record",
                    "depends_on": [],
                    "primary": {
                        "id": "Z1C7L7XFF9613J_ml.usegalaxy.eu_CNAME",
                        "attributes": {
                            "fqdn": "ml.usegalaxy.eu",
                            "health_check_id": "",
                            "id": "Z1C7L7XFF9613J_ml.usegalaxy.eu_CNAME",
                            "name": "ml.usegalaxy.eu",
                            "records.#": "1",
                            "records.3916187848": "usegalaxy.eu",
                            "set_identifier": "",
                            "ttl": "7200",
                            "type": "CNAME",
                            "zone_id": "Z1C7L7XFF9613J"
                        },
                        "meta": {
                            "schema_version": "2"
                        },
                        "tainted": false
                    },
                    "deposed": [],
                    "provider": "provider.aws"
                },
                "aws_route53_record.subdomains.26": {
                    "type": "aws_route53_record",
                    "depends_on": [],
                    "primary": {
                        "id": "Z1C7L7XFF9613J_virology.usegalaxy.eu_CNAME",
                        "attributes": {
                            "fqdn": "virology.usegalaxy.eu",
                            "health_check_id": "",
                            "id": "Z1C7L7XFF9613J_virology.usegalaxy.eu_CNAME",
                            "name": "virology.usegalaxy.eu",
                            "records.#": "1",
                            "records.3916187848": "usegalaxy.eu",
                            "set_identifier": "",
                            "ttl": "7200",
                            "type": "CNAME",
                            "zone_id": "Z1C7L7XFF9613J"
                        },
                        "meta": {
                            "schema_version": "2"
                        },
                        "tainted": false
                    },
                    "deposed": [],
                    "provider": "provider.aws"
                },
                "aws_route53_record.subdomains.27": {
                    "type": "aws_route53_record",
                    "depends_on": [],
                    "primary": {
                        "id": "Z1C7L7XFF9613J_covid19.usegalaxy.eu_CNAME",
                        "attributes": {
                            "fqdn": "covid19.usegalaxy.eu",
                            "health_check_id": "",
                            "id": "Z1C7L7XFF9613J_covid19.usegalaxy.eu_CNAME",
                            "name": "covid19.usegalaxy.eu",
                            "records.#": "1",
                            "records.3916187848": "usegalaxy.eu",
                            "set_identifier": "",
                            "ttl": "7200",
                            "type": "CNAME",
                            "zone_id": "Z1C7L7XFF9613J"
                        },
                        "meta": {
                            "schema_version": "2"
                        },
                        "tainted": false
                    },
                    "deposed": [],
                    "provider": "provider.aws"
                },
                "aws_route53_record.subdomains.28": {
                    "type": "aws_route53_record",
                    "depends_on": [],
                    "primary": {
                        "id": "Z1C7L7XFF9613J_africa.usegalaxy.eu_CNAME",
                        "attributes": {
                            "fqdn": "africa.usegalaxy.eu",
                            "health_check_id": "",
                            "id": "Z1C7L7XFF9613J_africa.usegalaxy.eu_CNAME",
                            "name": "africa.usegalaxy.eu",
                            "records.#": "1",
                            "records.3916187848": "usegalaxy.eu",
                            "set_identifier": "",
                            "ttl": "7200",
                            "type": "CNAME",
                            "zone_id": "Z1C7L7XFF9613J"
                        },
                        "meta": {
                            "schema_version": "2"
                        },
                        "tainted": false
                    },
                    "deposed": [],
                    "provider": "provider.aws"
                },
                "aws_route53_record.subdomains.29": {
                    "type": "aws_route53_record",
                    "depends_on": [],
                    "primary": {
                        "id": "Z1C7L7XFF9613J_microbiome.usegalaxy.eu_CNAME",
                        "attributes": {
                            "fqdn": "microbiome.usegalaxy.eu",
                            "health_check_id": "",
                            "id": "Z1C7L7XFF9613J_microbiome.usegalaxy.eu_CNAME",
                            "name": "microbiome.usegalaxy.eu",
                            "records.#": "1",
                            "records.3916187848": "usegalaxy.eu",
                            "set_identifier": "",
                            "ttl": "7200",
                            "type": "CNAME",
                            "zone_id": "Z1C7L7XFF9613J"
                        },
                        "meta": {
                            "schema_version": "2"
                        },
                        "tainted": false
                    },
                    "deposed": [],
                    "provider": "provider.aws"
                },
                "aws_route53_record.subdomains.3": {
                    "type": "aws_route53_record",
                    "depends_on": [],
                    "primary": {
                        "id": "Z1C7L7XFF9613J_rna.usegalaxy.eu_CNAME",
                        "attributes": {
                            "fqdn": "rna.usegalaxy.eu",
                            "health_check_id": "",
                            "id": "Z1C7L7XFF9613J_rna.usegalaxy.eu_CNAME",
                            "name": "rna.usegalaxy.eu",
                            "records.#": "1",
                            "records.3916187848": "usegalaxy.eu",
                            "set_identifier": "",
                            "ttl": "7200",
                            "type": "CNAME",
                            "zone_id": "Z1C7L7XFF9613J"
                        },
                        "meta": {
                            "schema_version": "2"
                        },
                        "tainted": false
                    },
                    "deposed": [],
                    "provider": "provider.aws"
                },
                "aws_route53_record.subdomains.4": {
                    "type": "aws_route53_record",
                    "depends_on": [],
                    "primary": {
                        "id": "Z1C7L7XFF9613J_build.usegalaxy.eu_CNAME",
                        "attributes": {
                            "fqdn": "build.usegalaxy.eu",
                            "health_check_id": "",
                            "id": "Z1C7L7XFF9613J_build.usegalaxy.eu_CNAME",
                            "name": "build.usegalaxy.eu",
                            "records.#": "1",
                            "records.3916187848": "usegalaxy.eu",
                            "set_identifier": "",
                            "ttl": "7200",
                            "type": "CNAME",
                            "zone_id": "Z1C7L7XFF9613J"
                        },
                        "meta": {
                            "schema_version": "2"
                        },
                        "tainted": false
                    },
                    "deposed": [],
                    "provider": "provider.aws"
                },
                "aws_route53_record.subdomains.5": {
                    "type": "aws_route53_record",
                    "depends_on": [],
                    "primary": {
                        "id": "Z1C7L7XFF9613J_stats.usegalaxy.eu_CNAME",
                        "attributes": {
                            "fqdn": "stats.usegalaxy.eu",
                            "health_check_id": "",
                            "id": "Z1C7L7XFF9613J_stats.usegalaxy.eu_CNAME",
                            "name": "stats.usegalaxy.eu",
                            "records.#": "1",
                            "records.3916187848": "usegalaxy.eu",
                            "set_identifier": "",
                            "ttl": "7200",
                            "type": "CNAME",
                            "zone_id": "Z1C7L7XFF9613J"
                        },
                        "meta": {
                            "schema_version": "2"
                        },
                        "tainted": false
                    },
                    "deposed": [],
                    "provider": "provider.aws"
                },
                "aws_route53_record.subdomains.6": {
                    "type": "aws_route53_record",
                    "depends_on": [],
                    "primary": {
                        "id": "Z1C7L7XFF9613J_beta.usegalaxy.eu_CNAME",
                        "attributes": {
                            "fqdn": "beta.usegalaxy.eu",
                            "health_check_id": "",
                            "id": "Z1C7L7XFF9613J_beta.usegalaxy.eu_CNAME",
                            "name": "beta.usegalaxy.eu",
                            "records.#": "1",
                            "records.3916187848": "usegalaxy.eu",
                            "set_identifier": "",
                            "ttl": "7200",
                            "type": "CNAME",
                            "zone_id": "Z1C7L7XFF9613J"
                        },
                        "meta": {
                            "schema_version": "2"
                        },
                        "tainted": false
                    },
                    "deposed": [],
                    "provider": "provider.aws"
                },
                "aws_route53_record.subdomains.7": {
                    "type": "aws_route53_record",
                    "depends_on": [],
                    "primary": {
                        "id": "Z1C7L7XFF9613J_proteomics.usegalaxy.eu_CNAME",
                        "attributes": {
                            "fqdn": "proteomics.usegalaxy.eu",
                            "health_check_id": "",
                            "id": "Z1C7L7XFF9613J_proteomics.usegalaxy.eu_CNAME",
                            "name": "proteomics.usegalaxy.eu",
                            "records.#": "1",
                            "records.3916187848": "usegalaxy.eu",
                            "set_identifier": "",
                            "ttl": "7200",
                            "type": "CNAME",
                            "zone_id": "Z1C7L7XFF9613J"
                        },
                        "meta": {
                            "schema_version": "2"
                        },
                        "tainted": false
                    },
                    "deposed": [],
                    "provider": "provider.aws"
                },
                "aws_route53_record.subdomains.8": {
                    "type": "aws_route53_record",
                    "depends_on": [],
                    "primary": {
                        "id": "Z1C7L7XFF9613J_clipseq.usegalaxy.eu_CNAME",
                        "attributes": {
                            "fqdn": "clipseq.usegalaxy.eu",
                            "health_check_id": "",
                            "id": "Z1C7L7XFF9613J_clipseq.usegalaxy.eu_CNAME",
                            "name": "clipseq.usegalaxy.eu",
                            "records.#": "1",
                            "records.3916187848": "usegalaxy.eu",
                            "set_identifier": "",
                            "ttl": "7200",
                            "type": "CNAME",
                            "zone_id": "Z1C7L7XFF9613J"
                        },
                        "meta": {
                            "schema_version": "2"
                        },
                        "tainted": false
                    },
                    "deposed": [],
                    "provider": "provider.aws"
                },
                "aws_route53_record.subdomains.9": {
                    "type": "aws_route53_record",
                    "depends_on": [],
                    "primary": {
                        "id": "Z1C7L7XFF9613J_test.usegalaxy.eu_CNAME",
                        "attributes": {
                            "fqdn": "test.usegalaxy.eu",
                            "health_check_id": "",
                            "id": "Z1C7L7XFF9613J_test.usegalaxy.eu_CNAME",
                            "name": "test.usegalaxy.eu",
                            "records.#": "1",
                            "records.3916187848": "usegalaxy.eu",
                            "set_identifier": "",
                            "ttl": "7200",
                            "type": "CNAME",
                            "zone_id": "Z1C7L7XFF9613J"
                        },
                        "meta": {
                            "schema_version": "2"
                        },
                        "tainted": false
                    },
                    "deposed": [],
                    "provider": "provider.aws"
                },
                "aws_route53_record.telescope": {
                    "type": "aws_route53_record",
                    "depends_on": [
                        "openstack_compute_instance_v2.telescope"
                    ],
                    "primary": {
                        "id": "Z386N8B8JBC6TQ_telescope.internal.galaxyproject.eu_A",
                        "attributes": {
                            "fqdn": "telescope.internal.galaxyproject.eu",
                            "health_check_id": "",
                            "id": "Z386N8B8JBC6TQ_telescope.internal.galaxyproject.eu_A",
                            "name": "telescope.internal.galaxyproject.eu",
                            "records.#": "1",
                            "records.995855232": "10.5.68.42",
                            "set_identifier": "",
                            "ttl": "7200",
                            "type": "A",
                            "zone_id": "Z386N8B8JBC6TQ"
                        },
                        "meta": {
                            "schema_version": "2"
                        },
                        "tainted": false
                    },
                    "deposed": [],
                    "provider": "provider.aws"
                },
                "aws_route53_record.test-galaxy": {
                    "type": "aws_route53_record",
                    "depends_on": [
                        "openstack_compute_instance_v2.test-galaxy"
                    ],
                    "primary": {
                        "id": "Z1C7L7XFF9613J_test.internal.usegalaxy.eu_A",
                        "attributes": {
                            "fqdn": "test.internal.usegalaxy.eu",
                            "health_check_id": "",
                            "id": "Z1C7L7XFF9613J_test.internal.usegalaxy.eu_A",
                            "name": "test.internal.usegalaxy.eu",
                            "records.#": "1",
                            "records.2747820430": "10.5.68.7",
                            "set_identifier": "",
                            "ttl": "600",
                            "type": "A",
                            "zone_id": "Z1C7L7XFF9613J"
                        },
                        "meta": {
                            "schema_version": "2"
                        },
                        "tainted": false
                    },
                    "deposed": [],
                    "provider": "provider.aws"
                },
                "aws_route53_record.tmpftp-galaxyproject": {
                    "type": "aws_route53_record",
                    "depends_on": [],
                    "primary": {
                        "id": "Z386N8B8JBC6TQ_delivery.galaxyproject.eu_A",
                        "attributes": {
                            "fqdn": "delivery.galaxyproject.eu",
                            "health_check_id": "",
                            "id": "Z386N8B8JBC6TQ_delivery.galaxyproject.eu_A",
                            "name": "delivery.galaxyproject.eu",
                            "records.#": "1",
                            "records.1597653993": "192.52.37.64",
                            "set_identifier": "",
                            "ttl": "7200",
                            "type": "A",
                            "zone_id": "Z386N8B8JBC6TQ"
                        },
                        "meta": {
                            "schema_version": "2"
                        },
                        "tainted": false
                    },
                    "deposed": [],
                    "provider": "provider.aws"
                },
                "aws_route53_record.training-vm-eu.0": {
                    "type": "aws_route53_record",
                    "depends_on": [
                        "aws_route53_zone.training-gxp-eu",
                        "openstack_compute_instance_v2.training-vm-eu.*"
                    ],
                    "primary": {
                        "id": "Z05016927AMHTHGB1IS2_gat-0.eu.training.galaxyproject.eu_A",
                        "attributes": {
                            "fqdn": "gat-0.eu.training.galaxyproject.eu",
                            "health_check_id": "",
                            "id": "Z05016927AMHTHGB1IS2_gat-0.eu.training.galaxyproject.eu_A",
                            "name": "gat-0.eu.training.galaxyproject.eu",
                            "records.#": "1",
                            "records.626100286": "192.52.40.59",
                            "set_identifier": "",
                            "ttl": "900",
                            "type": "A",
                            "zone_id": "Z05016927AMHTHGB1IS2"
                        },
                        "meta": {
                            "schema_version": "2"
                        },
                        "tainted": false
                    },
                    "deposed": [],
                    "provider": "provider.aws"
                },
                "aws_route53_record.training-vm-eu.1": {
                    "type": "aws_route53_record",
                    "depends_on": [
                        "aws_route53_zone.training-gxp-eu",
                        "openstack_compute_instance_v2.training-vm-eu.*"
                    ],
                    "primary": {
                        "id": "Z05016927AMHTHGB1IS2_gat-1.eu.training.galaxyproject.eu_A",
                        "attributes": {
                            "fqdn": "gat-1.eu.training.galaxyproject.eu",
                            "health_check_id": "",
                            "id": "Z05016927AMHTHGB1IS2_gat-1.eu.training.galaxyproject.eu_A",
                            "name": "gat-1.eu.training.galaxyproject.eu",
                            "records.#": "1",
                            "records.184975474": "192.52.37.221",
                            "set_identifier": "",
                            "ttl": "900",
                            "type": "A",
                            "zone_id": "Z05016927AMHTHGB1IS2"
                        },
                        "meta": {
                            "schema_version": "2"
                        },
                        "tainted": false
                    },
                    "deposed": [],
                    "provider": "provider.aws"
                },
                "aws_route53_record.training-vm-eu.2": {
                    "type": "aws_route53_record",
                    "depends_on": [
                        "aws_route53_zone.training-gxp-eu",
                        "openstack_compute_instance_v2.training-vm-eu.*"
                    ],
                    "primary": {
                        "id": "Z05016927AMHTHGB1IS2_gat-2.eu.training.galaxyproject.eu_A",
                        "attributes": {
                            "fqdn": "gat-2.eu.training.galaxyproject.eu",
                            "health_check_id": "",
                            "id": "Z05016927AMHTHGB1IS2_gat-2.eu.training.galaxyproject.eu_A",
                            "name": "gat-2.eu.training.galaxyproject.eu",
                            "records.#": "1",
                            "records.1826448117": "192.52.35.80",
                            "set_identifier": "",
                            "ttl": "900",
                            "type": "A",
                            "zone_id": "Z05016927AMHTHGB1IS2"
                        },
                        "meta": {
                            "schema_version": "2"
                        },
                        "tainted": false
                    },
                    "deposed": [],
                    "provider": "provider.aws"
                },
                "aws_route53_record.training-vm-eu.3": {
                    "type": "aws_route53_record",
                    "depends_on": [
                        "aws_route53_zone.training-gxp-eu",
                        "openstack_compute_instance_v2.training-vm-eu.*"
                    ],
                    "primary": {
                        "id": "Z05016927AMHTHGB1IS2_gat-3.eu.training.galaxyproject.eu_A",
                        "attributes": {
                            "fqdn": "gat-3.eu.training.galaxyproject.eu",
                            "health_check_id": "",
                            "id": "Z05016927AMHTHGB1IS2_gat-3.eu.training.galaxyproject.eu_A",
                            "name": "gat-3.eu.training.galaxyproject.eu",
                            "records.#": "1",
                            "records.2641671455": "192.52.37.52",
                            "set_identifier": "",
                            "ttl": "900",
                            "type": "A",
                            "zone_id": "Z05016927AMHTHGB1IS2"
                        },
                        "meta": {
                            "schema_version": "2"
                        },
                        "tainted": false
                    },
                    "deposed": [],
                    "provider": "provider.aws"
                },
                "aws_route53_record.training-vm-eu.4": {
                    "type": "aws_route53_record",
                    "depends_on": [
                        "aws_route53_zone.training-gxp-eu",
                        "openstack_compute_instance_v2.training-vm-eu.*"
                    ],
                    "primary": {
                        "id": "Z05016927AMHTHGB1IS2_gat-4.eu.training.galaxyproject.eu_A",
                        "attributes": {
                            "fqdn": "gat-4.eu.training.galaxyproject.eu",
                            "health_check_id": "",
                            "id": "Z05016927AMHTHGB1IS2_gat-4.eu.training.galaxyproject.eu_A",
                            "name": "gat-4.eu.training.galaxyproject.eu",
                            "records.#": "1",
                            "records.1541930512": "192.52.40.185",
                            "set_identifier": "",
                            "ttl": "900",
                            "type": "A",
                            "zone_id": "Z05016927AMHTHGB1IS2"
                        },
                        "meta": {
                            "schema_version": "2"
                        },
                        "tainted": false
                    },
                    "deposed": [],
                    "provider": "provider.aws"
                },
                "aws_route53_record.training-vm-eu.5": {
                    "type": "aws_route53_record",
                    "depends_on": [
                        "aws_route53_zone.training-gxp-eu",
                        "openstack_compute_instance_v2.training-vm-eu.*"
                    ],
                    "primary": {
                        "id": "Z05016927AMHTHGB1IS2_gat-5.eu.training.galaxyproject.eu_A",
                        "attributes": {
                            "fqdn": "gat-5.eu.training.galaxyproject.eu",
                            "health_check_id": "",
                            "id": "Z05016927AMHTHGB1IS2_gat-5.eu.training.galaxyproject.eu_A",
                            "name": "gat-5.eu.training.galaxyproject.eu",
                            "records.#": "1",
                            "records.1126395518": "192.52.39.233",
                            "set_identifier": "",
                            "ttl": "900",
                            "type": "A",
                            "zone_id": "Z05016927AMHTHGB1IS2"
                        },
                        "meta": {
                            "schema_version": "2"
                        },
                        "tainted": false
                    },
                    "deposed": [],
                    "provider": "provider.aws"
                },
                "aws_route53_record.training-vm-eu.6": {
                    "type": "aws_route53_record",
                    "depends_on": [
                        "aws_route53_zone.training-gxp-eu",
                        "openstack_compute_instance_v2.training-vm-eu.*"
                    ],
                    "primary": {
                        "id": "Z05016927AMHTHGB1IS2_gat-6.eu.training.galaxyproject.eu_A",
                        "attributes": {
                            "fqdn": "gat-6.eu.training.galaxyproject.eu",
                            "health_check_id": "",
                            "id": "Z05016927AMHTHGB1IS2_gat-6.eu.training.galaxyproject.eu_A",
                            "name": "gat-6.eu.training.galaxyproject.eu",
                            "records.#": "1",
                            "records.1912553840": "192.52.38.181",
                            "set_identifier": "",
                            "ttl": "900",
                            "type": "A",
                            "zone_id": "Z05016927AMHTHGB1IS2"
                        },
                        "meta": {
                            "schema_version": "2"
                        },
                        "tainted": false
                    },
                    "deposed": [],
                    "provider": "provider.aws"
                },
                "aws_route53_record.training-vm-eu.7": {
                    "type": "aws_route53_record",
                    "depends_on": [
                        "aws_route53_zone.training-gxp-eu",
                        "openstack_compute_instance_v2.training-vm-eu.*"
                    ],
                    "primary": {
                        "id": "Z05016927AMHTHGB1IS2_gat-7.eu.training.galaxyproject.eu_A",
                        "attributes": {
                            "fqdn": "gat-7.eu.training.galaxyproject.eu",
                            "health_check_id": "",
                            "id": "Z05016927AMHTHGB1IS2_gat-7.eu.training.galaxyproject.eu_A",
                            "name": "gat-7.eu.training.galaxyproject.eu",
                            "records.#": "1",
                            "records.1595578797": "192.52.37.141",
                            "set_identifier": "",
                            "ttl": "900",
                            "type": "A",
                            "zone_id": "Z05016927AMHTHGB1IS2"
                        },
                        "meta": {
                            "schema_version": "2"
                        },
                        "tainted": false
                    },
                    "deposed": [],
                    "provider": "provider.aws"
                },
                "aws_route53_record.training-vm-eu.8": {
                    "type": "aws_route53_record",
                    "depends_on": [
                        "aws_route53_zone.training-gxp-eu",
                        "openstack_compute_instance_v2.training-vm-eu.*"
                    ],
                    "primary": {
                        "id": "Z05016927AMHTHGB1IS2_gat-8.eu.training.galaxyproject.eu_A",
                        "attributes": {
                            "fqdn": "gat-8.eu.training.galaxyproject.eu",
                            "health_check_id": "",
                            "id": "Z05016927AMHTHGB1IS2_gat-8.eu.training.galaxyproject.eu_A",
                            "name": "gat-8.eu.training.galaxyproject.eu",
                            "records.#": "1",
                            "records.938175170": "192.52.37.209",
                            "set_identifier": "",
                            "ttl": "900",
                            "type": "A",
                            "zone_id": "Z05016927AMHTHGB1IS2"
                        },
                        "meta": {
                            "schema_version": "2"
                        },
                        "tainted": false
                    },
                    "deposed": [],
                    "provider": "provider.aws"
                },
                "aws_route53_record.training-vm-eu.9": {
                    "type": "aws_route53_record",
                    "depends_on": [
                        "aws_route53_zone.training-gxp-eu",
                        "openstack_compute_instance_v2.training-vm-eu.*"
                    ],
                    "primary": {
                        "id": "Z05016927AMHTHGB1IS2_gat-9.eu.training.galaxyproject.eu_A",
                        "attributes": {
                            "fqdn": "gat-9.eu.training.galaxyproject.eu",
                            "health_check_id": "",
                            "id": "Z05016927AMHTHGB1IS2_gat-9.eu.training.galaxyproject.eu_A",
                            "name": "gat-9.eu.training.galaxyproject.eu",
                            "records.#": "1",
                            "records.1389367290": "192.52.34.235",
                            "set_identifier": "",
                            "ttl": "900",
                            "type": "A",
                            "zone_id": "Z05016927AMHTHGB1IS2"
                        },
                        "meta": {
                            "schema_version": "2"
                        },
                        "tainted": false
                    },
                    "deposed": [],
                    "provider": "provider.aws"
                },
                "aws_route53_record.tuebingen-pulsar": {
                    "type": "aws_route53_record",
                    "depends_on": [],
                    "primary": {
                        "id": "Z386N8B8JBC6TQ_de02.pulsar.galaxyproject.eu_A",
                        "attributes": {
                            "fqdn": "de02.pulsar.galaxyproject.eu",
                            "health_check_id": "",
                            "id": "Z386N8B8JBC6TQ_de02.pulsar.galaxyproject.eu_A",
                            "name": "de02.pulsar.galaxyproject.eu",
                            "records.#": "1",
                            "records.1061430667": "193.196.20.125",
                            "set_identifier": "",
                            "ttl": "7200",
                            "type": "A",
                            "zone_id": "Z386N8B8JBC6TQ"
                        },
                        "meta": {
                            "schema_version": "2"
                        },
                        "tainted": false
                    },
                    "deposed": [],
                    "provider": "provider.aws"
                },
                "aws_route53_record.usegalaxy-eu": {
                    "type": "aws_route53_record",
                    "depends_on": [],
                    "primary": {
                        "id": "Z1C7L7XFF9613J_usegalaxy.eu_A",
                        "attributes": {
                            "fqdn": "usegalaxy.eu",
                            "health_check_id": "",
                            "id": "Z1C7L7XFF9613J_usegalaxy.eu_A",
                            "name": "usegalaxy.eu",
                            "records.#": "1",
                            "records.3850385776": "132.230.68.5",
                            "set_identifier": "",
                            "ttl": "7200",
                            "type": "A",
                            "zone_id": "Z1C7L7XFF9613J"
                        },
                        "meta": {
                            "schema_version": "2"
                        },
                        "tainted": false
                    },
                    "deposed": [],
                    "provider": "provider.aws"
                },
                "aws_route53_record.vgcn-cm": {
                    "type": "aws_route53_record",
                    "depends_on": [],
                    "primary": {
                        "id": "Z386N8B8JBC6TQ_manager.vgcn.galaxyproject.eu_A",
                        "attributes": {
                            "fqdn": "manager.vgcn.galaxyproject.eu",
                            "health_check_id": "",
                            "id": "Z386N8B8JBC6TQ_manager.vgcn.galaxyproject.eu_A",
                            "name": "manager.vgcn.galaxyproject.eu",
                            "records.#": "1",
                            "records.80628345": "10.5.68.230",
                            "set_identifier": "",
                            "ttl": "300",
                            "type": "A",
                            "zone_id": "Z386N8B8JBC6TQ"
                        },
                        "meta": {
                            "schema_version": "2"
                        },
                        "tainted": false
                    },
                    "deposed": [],
                    "provider": "provider.aws"
                },
                "aws_route53_zone.training-gxp-eu": {
                    "type": "aws_route53_zone",
                    "depends_on": [],
                    "primary": {
                        "id": "Z05016927AMHTHGB1IS2",
                        "attributes": {
                            "comment": "Managed by Terraform",
                            "delegation_set_id": "",
                            "force_destroy": "false",
                            "id": "Z05016927AMHTHGB1IS2",
                            "name": "training.galaxyproject.eu.",
                            "name_servers.#": "4",
                            "name_servers.0": "ns-1148.awsdns-15.org",
                            "name_servers.1": "ns-1689.awsdns-19.co.uk",
                            "name_servers.2": "ns-344.awsdns-43.com",
                            "name_servers.3": "ns-752.awsdns-30.net",
                            "tags.%": "0",
                            "vpc.#": "0",
                            "zone_id": "Z05016927AMHTHGB1IS2"
                        },
                        "meta": {},
                        "tainted": false
                    },
                    "deposed": [],
                    "provider": "provider.aws"
                },
                "data.aws_route53_zone.gxp-eu": {
                    "type": "aws_route53_zone",
                    "depends_on": [],
                    "primary": {
                        "id": "Z386N8B8JBC6TQ",
                        "attributes": {
                            "caller_reference": "BD24D10F-2AEC-61D0-BC13-9316A5213AF6",
                            "comment": "",
                            "id": "Z386N8B8JBC6TQ",
                            "name": "galaxyproject.eu.",
                            "name_servers.#": "4",
                            "name_servers.0": "ns-736.awsdns-28.net",
                            "name_servers.1": "ns-102.awsdns-12.com",
                            "name_servers.2": "ns-1680.awsdns-18.co.uk",
                            "name_servers.3": "ns-1397.awsdns-46.org",
                            "private_zone": "false",
                            "resource_record_set_count": "40",
                            "zone_id": "Z386N8B8JBC6TQ"
                        },
                        "meta": {},
                        "tainted": false
                    },
                    "deposed": [],
                    "provider": "provider.aws"
                },
                "data.openstack_images_image_v2.centos-image": {
                    "type": "openstack_images_image_v2",
                    "depends_on": [],
                    "primary": {
                        "id": "f0bf4431-bb9a-45b3-a23e-823a96682394",
                        "attributes": {
                            "checksum": "63107b5f94f1c32e661a2b389390e196",
                            "container_format": "bare",
                            "created_at": "2018-09-18T12:52:22Z",
                            "disk_format": "raw",
                            "file": "/v2/images/f0bf4431-bb9a-45b3-a23e-823a96682394/file",
                            "id": "f0bf4431-bb9a-45b3-a23e-823a96682394",
                            "metadata.%": "0",
                            "min_disk_gb": "0",
                            "min_ram_mb": "0",
                            "most_recent": "false",
                            "name": "generic-centos7-v31-j4-edc5aa3dc22c-master",
                            "owner": "36d6d9420bb04403b55fb21052efe4be",
                            "protected": "false",
                            "schema": "/v2/schemas/image",
                            "size_bytes": "4194304000",
                            "sort_direction": "asc",
                            "sort_key": "name",
                            "tags.#": "0",
                            "updated_at": "2018-09-18T12:53:40Z",
                            "visibility": "shared"
                        },
                        "meta": {},
                        "tainted": false
                    },
                    "deposed": [],
                    "provider": "provider.openstack"
                },
                "data.openstack_images_image_v2.gat-image-eu": {
                    "type": "openstack_images_image_v2",
                    "depends_on": [],
                    "primary": {
                        "id": "12765cb5-53b6-48a4-b930-16cbcf6a7fc6",
                        "attributes": {
                            "checksum": "d273b4fb5280fcc9069cbe1bfa9634b0",
                            "container_format": "bare",
                            "created_at": "2020-05-06T08:03:33Z",
                            "disk_format": "raw",
                            "file": "/v2/images/12765cb5-53b6-48a4-b930-16cbcf6a7fc6/file",
                            "id": "12765cb5-53b6-48a4-b930-16cbcf6a7fc6",
                            "metadata.%": "0",
                            "min_disk_gb": "5",
                            "min_ram_mb": "256",
                            "most_recent": "false",
                            "name": "Ubuntu 20.04",
                            "owner": "0e73357886c449e3a6eb13d513c49aa4",
                            "protected": "true",
                            "schema": "/v2/schemas/image",
                            "size_bytes": "2361393152",
                            "sort_direction": "asc",
                            "sort_key": "name",
                            "tags.#": "0",
                            "updated_at": "2020-05-06T08:04:21Z",
                            "visibility": "public"
                        },
                        "meta": {},
                        "tainted": false
                    },
                    "deposed": [],
                    "provider": "provider.openstack"
                },
                "data.openstack_images_image_v2.student-lr75-image": {
                    "type": "openstack_images_image_v2",
                    "depends_on": [],
                    "primary": {
                        "id": "12765cb5-53b6-48a4-b930-16cbcf6a7fc6",
                        "attributes": {
                            "checksum": "d273b4fb5280fcc9069cbe1bfa9634b0",
                            "container_format": "bare",
                            "created_at": "2020-05-06T08:03:33Z",
                            "disk_format": "raw",
                            "file": "/v2/images/12765cb5-53b6-48a4-b930-16cbcf6a7fc6/file",
                            "id": "12765cb5-53b6-48a4-b930-16cbcf6a7fc6",
                            "metadata.%": "0",
                            "min_disk_gb": "5",
                            "min_ram_mb": "256",
                            "most_recent": "false",
                            "name": "Ubuntu 20.04",
                            "owner": "0e73357886c449e3a6eb13d513c49aa4",
                            "protected": "true",
                            "schema": "/v2/schemas/image",
                            "size_bytes": "2361393152",
                            "sort_direction": "asc",
                            "sort_key": "name",
                            "tags.#": "0",
                            "updated_at": "2020-05-06T08:04:21Z",
                            "visibility": "public"
                        },
                        "meta": {},
                        "tainted": false
                    },
                    "deposed": [],
                    "provider": "provider.openstack"
                },
                "data.openstack_images_image_v2.student-rfkh-image": {
                    "type": "openstack_images_image_v2",
                    "depends_on": [],
                    "primary": {
                        "id": "80042e8c-049c-41d8-b9a2-ff2000de2730",
                        "attributes": {
                            "checksum": "3e0a0b9d2d7590a9ca729afac24a65a0",
                            "container_format": "bare",
                            "created_at": "2020-05-06T09:20:11Z",
                            "disk_format": "raw",
                            "file": "/v2/images/80042e8c-049c-41d8-b9a2-ff2000de2730/file",
                            "id": "80042e8c-049c-41d8-b9a2-ff2000de2730",
                            "metadata.%": "0",
                            "min_disk_gb": "0",
                            "min_ram_mb": "0",
                            "most_recent": "false",
                            "name": "vggp-v31-j152-89d64435da4a-master",
                            "owner": "36d6d9420bb04403b55fb21052efe4be",
                            "protected": "false",
                            "schema": "/v2/schemas/image",
                            "size_bytes": "4194304000",
                            "sort_direction": "asc",
                            "sort_key": "name",
                            "tags.#": "0",
                            "updated_at": "2020-05-06T09:21:35Z",
                            "visibility": "shared"
                        },
                        "meta": {},
                        "tainted": false
                    },
                    "deposed": [],
                    "provider": "provider.openstack"
                },
                "openstack_blockstorage_volume_v2.cvmfs-data": {
                    "type": "openstack_blockstorage_volume_v2",
                    "depends_on": [],
                    "primary": {
                        "id": "c71d4ecb-7e26-4ca5-87ba-6913cb2a0deb",
                        "attributes": {
                            "attachment.#": "1",
                            "attachment.433249584.device": "/dev/vdb",
                            "attachment.433249584.id": "c71d4ecb-7e26-4ca5-87ba-6913cb2a0deb",
                            "attachment.433249584.instance_id": "3cd91ee2-3c2c-4a66-acdf-d7b4c4226f88",
                            "availability_zone": "nova",
                            "description": "Data volume for cvmfs",
                            "id": "c71d4ecb-7e26-4ca5-87ba-6913cb2a0deb",
                            "metadata.%": "0",
                            "name": "cvmfs",
                            "region": "Freiburg",
                            "size": "50",
                            "snapshot_id": "",
                            "source_vol_id": "",
                            "volume_type": "default"
                        },
                        "meta": {
                            "e2bfb730-ecaa-11e6-8f88-34363bc7c4c0": {
                                "create": 600000000000,
                                "delete": 600000000000
                            }
                        },
                        "tainted": false
                    },
                    "deposed": [],
                    "provider": "provider.openstack"
                },
                "openstack_blockstorage_volume_v2.cvmfs-data-eu": {
                    "type": "openstack_blockstorage_volume_v2",
                    "depends_on": [],
                    "primary": {
                        "id": "da262feb-ce96-4301-ae11-5ef2194bb279",
                        "attributes": {
                            "attachment.#": "1",
                            "attachment.3401601835.device": "/dev/vdb",
                            "attachment.3401601835.id": "da262feb-ce96-4301-ae11-5ef2194bb279",
                            "attachment.3401601835.instance_id": "d7d1061f-32ba-4bba-9383-26f0441024e1",
                            "availability_zone": "nova",
                            "description": "Data volume for cvmfs",
                            "id": "da262feb-ce96-4301-ae11-5ef2194bb279",
                            "metadata.%": "0",
                            "name": "cvmfs",
                            "region": "Freiburg",
                            "size": "500",
                            "snapshot_id": "",
                            "source_vol_id": "",
                            "volume_type": "default"
                        },
                        "meta": {
                            "e2bfb730-ecaa-11e6-8f88-34363bc7c4c0": {
                                "create": 600000000000,
                                "delete": 600000000000
                            }
                        },
                        "tainted": false
                    },
                    "deposed": [],
                    "provider": "provider.openstack"
                },
                "openstack_blockstorage_volume_v2.hicbrowser-data": {
                    "type": "openstack_blockstorage_volume_v2",
                    "depends_on": [],
                    "primary": {
                        "id": "8889749c-b2a6-464f-99b6-c4c62b895ef9",
                        "attributes": {
                            "attachment.#": "1",
                            "attachment.3481601024.device": "/dev/vdb",
                            "attachment.3481601024.id": "8889749c-b2a6-464f-99b6-c4c62b895ef9",
                            "attachment.3481601024.instance_id": "66a87719-9521-426f-b9a1-c8fe41afac54",
                            "availability_zone": "nova",
                            "description": "Data volume for hicbrowser",
                            "id": "8889749c-b2a6-464f-99b6-c4c62b895ef9",
                            "metadata.%": "2",
                            "metadata.attached_mode": "rw",
                            "metadata.readonly": "False",
                            "name": "hicbrowser",
                            "region": "Freiburg",
                            "size": "30",
                            "snapshot_id": "",
                            "source_vol_id": "",
                            "volume_type": "default"
                        },
                        "meta": {
                            "e2bfb730-ecaa-11e6-8f88-34363bc7c4c0": {
                                "create": 600000000000,
                                "delete": 600000000000
                            }
                        },
                        "tainted": false
                    },
                    "deposed": [],
                    "provider": "provider.openstack"
                },
                "openstack_blockstorage_volume_v2.influxdb-data": {
                    "type": "openstack_blockstorage_volume_v2",
                    "depends_on": [],
                    "primary": {
                        "id": "270291b1-141c-47f7-85b4-993e7cae9fc4",
                        "attributes": {
                            "attachment.#": "1",
                            "attachment.4051787141.device": "/dev/vdb",
                            "attachment.4051787141.id": "270291b1-141c-47f7-85b4-993e7cae9fc4",
                            "attachment.4051787141.instance_id": "d62efc4a-67d7-4041-a257-84e52d7e54c8",
                            "availability_zone": "nova",
                            "description": "Data volume for InfluxDB",
                            "id": "270291b1-141c-47f7-85b4-993e7cae9fc4",
                            "metadata.%": "1",
                            "metadata.readonly": "False",
                            "name": "influxdb",
                            "region": "Freiburg",
                            "size": "100",
                            "snapshot_id": "",
                            "source_vol_id": "",
                            "volume_type": "default"
                        },
                        "meta": {
                            "e2bfb730-ecaa-11e6-8f88-34363bc7c4c0": {
                                "create": 600000000000,
                                "delete": 600000000000
                            }
                        },
                        "tainted": false
                    },
                    "deposed": [],
                    "provider": "provider.openstack"
                },
                "openstack_blockstorage_volume_v2.jenkins-workers-internal-volume": {
                    "type": "openstack_blockstorage_volume_v2",
                    "depends_on": [],
                    "primary": {
                        "id": "6f7b9228-78b1-4cf9-a9fa-80d674f2446f",
                        "attributes": {
                            "attachment.#": "1",
                            "attachment.1101829574.device": "/dev/vdb",
                            "attachment.1101829574.id": "6f7b9228-78b1-4cf9-a9fa-80d674f2446f",
                            "attachment.1101829574.instance_id": "9ec1d472-212c-4170-839f-5b42be64a190",
                            "availability_zone": "nova",
                            "description": "Data volume for Jenkins worker-0.internal.build.galaxyproject.eu",
                            "id": "6f7b9228-78b1-4cf9-a9fa-80d674f2446f",
                            "metadata.%": "0",
                            "name": "jenkins-workers-0-internal-volume",
                            "region": "Freiburg",
                            "size": "100",
                            "snapshot_id": "",
                            "source_vol_id": "",
                            "volume_type": "default"
                        },
                        "meta": {
                            "e2bfb730-ecaa-11e6-8f88-34363bc7c4c0": {
                                "create": 600000000000,
                                "delete": 600000000000
                            }
                        },
                        "tainted": false
                    },
                    "deposed": [],
                    "provider": "provider.openstack"
                },
                "openstack_blockstorage_volume_v2.jenkins-workers-org-data.0": {
                    "type": "openstack_blockstorage_volume_v2",
                    "depends_on": [],
                    "primary": {
                        "id": "eddadc7a-bbf7-4b89-b3bb-dc83e10dc530",
                        "attributes": {
                            "attachment.#": "1",
                            "attachment.3342162611.device": "/dev/vdb",
                            "attachment.3342162611.id": "eddadc7a-bbf7-4b89-b3bb-dc83e10dc530",
                            "attachment.3342162611.instance_id": "42593c37-af04-496a-8322-76c7f10ceee4",
                            "availability_zone": "nova",
                            "description": "Data volume for Jenkins n0.galaxyproject.org",
                            "id": "eddadc7a-bbf7-4b89-b3bb-dc83e10dc530",
                            "metadata.%": "0",
                            "name": "jenkins-org",
                            "region": "Freiburg",
                            "size": "200",
                            "snapshot_id": "",
                            "source_vol_id": "",
                            "volume_type": "default"
                        },
                        "meta": {
                            "e2bfb730-ecaa-11e6-8f88-34363bc7c4c0": {
                                "create": 600000000000,
                                "delete": 600000000000
                            }
                        },
                        "tainted": false
                    },
                    "deposed": [],
                    "provider": "provider.openstack"
                },
                "openstack_blockstorage_volume_v2.jenkins-workers-org-data.1": {
                    "type": "openstack_blockstorage_volume_v2",
                    "depends_on": [],
                    "primary": {
                        "id": "d4546ba0-1c36-49cd-b215-48cf9922fb6e",
                        "attributes": {
                            "attachment.#": "1",
                            "attachment.2324391135.device": "/dev/vdb",
                            "attachment.2324391135.id": "d4546ba0-1c36-49cd-b215-48cf9922fb6e",
                            "attachment.2324391135.instance_id": "44ea3b4d-04f2-4e77-9cb1-0f05f1b26143",
                            "availability_zone": "nova",
                            "description": "Data volume for Jenkins n1.galaxyproject.org",
                            "id": "d4546ba0-1c36-49cd-b215-48cf9922fb6e",
                            "metadata.%": "0",
                            "name": "jenkins-org",
                            "region": "Freiburg",
                            "size": "200",
                            "snapshot_id": "",
                            "source_vol_id": "",
                            "volume_type": "default"
                        },
                        "meta": {
                            "e2bfb730-ecaa-11e6-8f88-34363bc7c4c0": {
                                "create": 600000000000,
                                "delete": 600000000000
                            }
                        },
                        "tainted": false
                    },
                    "deposed": [],
                    "provider": "provider.openstack"
                },
                "openstack_blockstorage_volume_v2.jenkins-workers-silver-volume": {
                    "type": "openstack_blockstorage_volume_v2",
                    "depends_on": [],
                    "primary": {
                        "id": "19d942ca-6259-4950-80fc-a28f2b98b434",
                        "attributes": {
                            "attachment.#": "1",
                            "attachment.414809024.device": "/dev/vdb",
                            "attachment.414809024.id": "19d942ca-6259-4950-80fc-a28f2b98b434",
                            "attachment.414809024.instance_id": "ea5f98aa-9e4a-43b0-8a49-7169a2340ffd",
                            "availability_zone": "nova",
                            "description": "Data volume for Jenkins worker-0.silver.build.galaxyproject.eu",
                            "id": "19d942ca-6259-4950-80fc-a28f2b98b434",
                            "metadata.%": "0",
                            "name": "jenkins-workers-silver-volume",
                            "region": "Freiburg",
                            "size": "100",
                            "snapshot_id": "",
                            "source_vol_id": "",
                            "volume_type": "default"
                        },
                        "meta": {
                            "e2bfb730-ecaa-11e6-8f88-34363bc7c4c0": {
                                "create": 600000000000,
                                "delete": 600000000000
                            }
                        },
                        "tainted": false
                    },
                    "deposed": [],
                    "provider": "provider.openstack"
                },
                "openstack_blockstorage_volume_v2.jwolff-test-data": {
                    "type": "openstack_blockstorage_volume_v2",
                    "depends_on": [],
                    "primary": {
                        "id": "fd1aa26a-a5b4-45d3-95ba-97bb32679510",
                        "attributes": {
                            "attachment.#": "0",
                            "availability_zone": "nova",
                            "description": "Data volume for test",
                            "id": "fd1aa26a-a5b4-45d3-95ba-97bb32679510",
                            "metadata.%": "0",
                            "name": "jwolff-test",
                            "region": "Freiburg",
                            "size": "20",
                            "snapshot_id": "",
                            "source_vol_id": "",
                            "volume_type": "default"
                        },
                        "meta": {
                            "e2bfb730-ecaa-11e6-8f88-34363bc7c4c0": {
                                "create": 600000000000,
                                "delete": 600000000000
                            }
                        },
                        "tainted": false
                    },
                    "deposed": [],
                    "provider": "provider.openstack"
                },
                "openstack_blockstorage_volume_v2.nfs-server": {
                    "type": "openstack_blockstorage_volume_v2",
                    "depends_on": [],
                    "primary": {
                        "id": "cee06aa9-6669-4dee-aae9-6dd0cac0e8a8",
                        "attributes": {
                            "attachment.#": "1",
                            "attachment.821100902.device": "/dev/vdb",
                            "attachment.821100902.id": "cee06aa9-6669-4dee-aae9-6dd0cac0e8a8",
                            "attachment.821100902.instance_id": "eb1c5255-6697-4959-bd15-7f658dc108e4",
                            "availability_zone": "nova",
                            "description": "Data volume for job-working-dir",
                            "id": "cee06aa9-6669-4dee-aae9-6dd0cac0e8a8",
                            "metadata.%": "0",
                            "name": "job-working-dir",
                            "region": "Freiburg",
                            "size": "20480",
                            "snapshot_id": "",
                            "source_vol_id": "",
                            "volume_type": "qos_free"
                        },
                        "meta": {
                            "e2bfb730-ecaa-11e6-8f88-34363bc7c4c0": {
                                "create": 600000000000,
                                "delete": 600000000000
                            }
                        },
                        "tainted": false
                    },
                    "deposed": [],
                    "provider": "provider.openstack"
                },
                "openstack_blockstorage_volume_v2.plausible-volume": {
                    "type": "openstack_blockstorage_volume_v2",
                    "depends_on": [],
                    "primary": {
                        "id": "4d54777f-9d8a-43e7-953a-6297de6054ab",
                        "attributes": {
                            "attachment.#": "1",
                            "attachment.1692960234.device": "/dev/vdb",
                            "attachment.1692960234.id": "4d54777f-9d8a-43e7-953a-6297de6054ab",
                            "attachment.1692960234.instance_id": "38aec84d-48fd-463b-be67-8148be23a8cd",
                            "availability_zone": "nova",
                            "description": "Data volume for plausible.galaxyproject.eu",
                            "id": "4d54777f-9d8a-43e7-953a-6297de6054ab",
                            "metadata.%": "0",
                            "name": "plausible-volume",
                            "region": "Freiburg",
                            "size": "50",
                            "snapshot_id": "",
                            "source_vol_id": "",
                            "volume_type": "default"
                        },
                        "meta": {
                            "e2bfb730-ecaa-11e6-8f88-34363bc7c4c0": {
                                "create": 600000000000,
                                "delete": 600000000000
                            }
                        },
                        "tainted": false
                    },
                    "deposed": [],
                    "provider": "provider.openstack"
                },
                "openstack_blockstorage_volume_v2.sentry_volume_data": {
                    "type": "openstack_blockstorage_volume_v2",
                    "depends_on": [],
                    "primary": {
                        "id": "7405447d-375b-4d7d-9f3b-75bdb0a9ca53",
                        "attributes": {
                            "attachment.#": "1",
                            "attachment.339221586.device": "/dev/vdb",
                            "attachment.339221586.id": "7405447d-375b-4d7d-9f3b-75bdb0a9ca53",
                            "attachment.339221586.instance_id": "5ae015c6-f5c4-4e8b-9d69-c3d9ca189a44",
                            "availability_zone": "nova",
                            "description": "Data volume for Sentry",
                            "id": "7405447d-375b-4d7d-9f3b-75bdb0a9ca53",
                            "metadata.%": "0",
                            "name": "sentry_volume",
                            "region": "Freiburg",
                            "size": "10",
                            "snapshot_id": "",
                            "source_vol_id": "",
                            "volume_type": "default"
                        },
                        "meta": {
                            "e2bfb730-ecaa-11e6-8f88-34363bc7c4c0": {
                                "create": 600000000000,
                                "delete": 600000000000
                            }
                        },
                        "tainted": false
                    },
                    "deposed": [],
                    "provider": "provider.openstack"
                },
                "openstack_blockstorage_volume_v2.stats-data": {
                    "type": "openstack_blockstorage_volume_v2",
                    "depends_on": [],
                    "primary": {
                        "id": "7dc26838-0ea1-4df8-9b16-b0326faf339e",
                        "attributes": {
                            "attachment.#": "1",
                            "attachment.1115630625.device": "/dev/vdb",
                            "attachment.1115630625.id": "7dc26838-0ea1-4df8-9b16-b0326faf339e",
                            "attachment.1115630625.instance_id": "f2e0e4bd-44a1-458f-98f5-df403d87e4fc",
                            "availability_zone": "nova",
                            "description": "Data volume for Grafana",
                            "id": "7dc26838-0ea1-4df8-9b16-b0326faf339e",
                            "metadata.%": "1",
                            "metadata.readonly": "False",
                            "name": "stats",
                            "region": "Freiburg",
                            "size": "2",
                            "snapshot_id": "",
                            "source_vol_id": "",
                            "volume_type": "default"
                        },
                        "meta": {
                            "e2bfb730-ecaa-11e6-8f88-34363bc7c4c0": {
                                "create": 600000000000,
                                "delete": 600000000000
                            }
                        },
                        "tainted": false
                    },
                    "deposed": [],
                    "provider": "provider.openstack"
                },
                "openstack_blockstorage_volume_v2.student-lr75-vol": {
                    "type": "openstack_blockstorage_volume_v2",
                    "depends_on": [
                        "random_id.student-lr75-volume_name_unique"
                    ],
                    "primary": {
                        "id": "8ef4e6e6-761a-4690-830e-aceb84028f2b",
                        "attributes": {
                            "attachment.#": "1",
                            "attachment.247154991.device": "/dev/vdb",
                            "attachment.247154991.id": "8ef4e6e6-761a-4690-830e-aceb84028f2b",
                            "attachment.247154991.instance_id": "eee21bce-e304-4df6-ac76-ce4e58c3a7e7",
                            "availability_zone": "nova",
                            "description": "",
                            "id": "8ef4e6e6-761a-4690-830e-aceb84028f2b",
                            "metadata.%": "0",
                            "name": "student-lr75-scratch-vol-d37d6b4fdb1f3cd9",
                            "region": "Freiburg",
                            "size": "100",
                            "snapshot_id": "",
                            "source_vol_id": "",
                            "volume_type": "default"
                        },
                        "meta": {
                            "e2bfb730-ecaa-11e6-8f88-34363bc7c4c0": {
                                "create": 600000000000,
                                "delete": 600000000000
                            }
                        },
                        "tainted": false
                    },
                    "deposed": [],
                    "provider": "provider.openstack"
                },
                "openstack_blockstorage_volume_v2.student-rfkh-vol": {
                    "type": "openstack_blockstorage_volume_v2",
                    "depends_on": [
                        "random_id.student-rfkh-volume_name_unique"
                    ],
                    "primary": {
                        "id": "14c9eb30-2de5-4dab-bc6a-e353659d0014",
                        "attributes": {
                            "attachment.#": "1",
                            "attachment.2989657137.device": "/dev/vdb",
                            "attachment.2989657137.id": "14c9eb30-2de5-4dab-bc6a-e353659d0014",
                            "attachment.2989657137.instance_id": "b6a2690b-c2b0-4564-a142-479be1f2f95f",
                            "availability_zone": "nova",
                            "description": "",
                            "id": "14c9eb30-2de5-4dab-bc6a-e353659d0014",
                            "metadata.%": "0",
                            "name": "student-rfkh-scratch-vol-918318df0e4d8202",
                            "region": "Freiburg",
                            "size": "500",
                            "snapshot_id": "",
                            "source_vol_id": "",
                            "volume_type": "default"
                        },
                        "meta": {
                            "e2bfb730-ecaa-11e6-8f88-34363bc7c4c0": {
                                "create": 600000000000,
                                "delete": 600000000000
                            }
                        },
                        "tainted": false
                    },
                    "deposed": [],
                    "provider": "provider.openstack"
                },
                "openstack_blockstorage_volume_v2.telescope-data": {
                    "type": "openstack_blockstorage_volume_v2",
                    "depends_on": [],
                    "primary": {
                        "id": "816e5476-40ba-46ef-84eb-849b9d1c3a6d",
                        "attributes": {
                            "attachment.#": "1",
                            "attachment.2383273622.device": "/dev/vdb",
                            "attachment.2383273622.id": "816e5476-40ba-46ef-84eb-849b9d1c3a6d",
                            "attachment.2383273622.instance_id": "1d5bef44-20ae-4567-b58c-1b15c4d6a82c",
                            "availability_zone": "nova",
                            "description": "Data volume for GRT",
                            "id": "816e5476-40ba-46ef-84eb-849b9d1c3a6d",
                            "metadata.%": "2",
                            "metadata.attached_mode": "rw",
                            "metadata.readonly": "False",
                            "name": "telescope",
                            "region": "Freiburg",
                            "size": "200",
                            "snapshot_id": "",
                            "source_vol_id": "",
                            "volume_type": "default"
                        },
                        "meta": {
                            "e2bfb730-ecaa-11e6-8f88-34363bc7c4c0": {
                                "create": 600000000000,
                                "delete": 600000000000
                            }
                        },
                        "tainted": false
                    },
                    "deposed": [],
                    "provider": "provider.openstack"
                },
                "openstack_blockstorage_volume_v2.test-galaxy-volume": {
                    "type": "openstack_blockstorage_volume_v2",
                    "depends_on": [],
                    "primary": {
                        "id": "aa638f7f-4cfa-429f-9683-41231d10888c",
                        "attributes": {
                            "attachment.#": "1",
                            "attachment.3946382236.device": "/dev/vdb",
                            "attachment.3946382236.id": "aa638f7f-4cfa-429f-9683-41231d10888c",
                            "attachment.3946382236.instance_id": "6aa53595-e67c-451d-91fb-ee91635968e4",
                            "availability_zone": "nova",
                            "description": "Data volume for test.usegalaxy.eu",
                            "id": "aa638f7f-4cfa-429f-9683-41231d10888c",
                            "metadata.%": "0",
                            "name": "test-galaxy-volume",
                            "region": "Freiburg",
                            "size": "100",
                            "snapshot_id": "",
                            "source_vol_id": "",
                            "volume_type": "default"
                        },
                        "meta": {
                            "e2bfb730-ecaa-11e6-8f88-34363bc7c4c0": {
                                "create": 600000000000,
                                "delete": 600000000000
                            }
                        },
                        "tainted": false
                    },
                    "deposed": [],
                    "provider": "provider.openstack"
                },
                "openstack_compute_instance_v2.apollo-main": {
                    "type": "openstack_compute_instance_v2",
                    "depends_on": [],
                    "primary": {
                        "id": "3b6d166e-c283-41c0-ab7e-a33c8a5b5905",
                        "attributes": {
                            "access_ip_v4": "10.5.68.20",
                            "access_ip_v6": "",
                            "all_metadata.%": "1",
                            "all_metadata.poweroff": "2020_02_18_openstack_upgrade_train",
                            "availability_zone": "nova",
                            "flavor_id": "b106b327-7d6e-4f88-825d-11145eb25ad7",
                            "flavor_name": "m1.large",
                            "force_delete": "false",
                            "id": "3b6d166e-c283-41c0-ab7e-a33c8a5b5905",
                            "image_id": "f0bf4431-bb9a-45b3-a23e-823a96682394",
                            "image_name": "generic-centos7-v31-j4-edc5aa3dc22c-master",
                            "key_pair": "cloud2",
                            "name": "apollo.internal.galaxyproject.eu",
                            "network.#": "1",
                            "network.0.access_network": "false",
                            "network.0.fixed_ip_v4": "10.5.68.20",
                            "network.0.fixed_ip_v6": "",
                            "network.0.floating_ip": "",
                            "network.0.mac": "fa:16:3e:23:41:61",
                            "network.0.name": "bioinf",
                            "network.0.port": "",
                            "network.0.uuid": "afca9459-0eb1-4d67-999f-b07bf3bc99c5",
                            "power_state": "active",
                            "region": "Freiburg",
                            "security_groups.#": "4",
                            "security_groups.1024925103": "ufr-ssh",
                            "security_groups.2162032504": "egress",
                            "security_groups.3717909635": "public-ping",
                            "security_groups.4276348713": "public-web2",
                            "stop_before_destroy": "false"
                        },
                        "meta": {
                            "e2bfb730-ecaa-11e6-8f88-34363bc7c4c0": {
                                "create": 1800000000000,
                                "delete": 1800000000000,
                                "update": 1800000000000
                            }
                        },
                        "tainted": false
                    },
                    "deposed": [],
                    "provider": "provider.openstack"
                },
                "openstack_compute_instance_v2.bioconda-utils": {
                    "type": "openstack_compute_instance_v2",
                    "depends_on": [],
                    "primary": {
                        "id": "78ae43b1-2083-4dc4-a3d3-544d3bd2a171",
                        "attributes": {
                            "access_ip_v4": "192.52.33.31",
                            "access_ip_v6": "",
                            "all_metadata.%": "1",
                            "all_metadata.poweroff": "19_12_12_ceph_maintenance",
                            "availability_zone": "nova",
                            "flavor_id": "36c48d98-dfa6-428f-b4f5-e1803cb9500b",
                            "flavor_name": "m1.medium",
                            "force_delete": "false",
                            "id": "78ae43b1-2083-4dc4-a3d3-544d3bd2a171",
                            "image_id": "dad2b000-ec07-4e86-90aa-fb5b6f752325",
                            "image_name": "Ubuntu 18.04",
                            "key_pair": "bioconda-utils",
                            "name": "bioconda-utils.galaxyproject.eu",
                            "network.#": "1",
                            "network.0.access_network": "false",
                            "network.0.fixed_ip_v4": "192.52.33.31",
                            "network.0.fixed_ip_v6": "",
                            "network.0.floating_ip": "",
                            "network.0.mac": "fa:16:3e:c8:af:1e",
                            "network.0.name": "public",
                            "network.0.port": "",
                            "network.0.uuid": "6a68b40c-356f-4d4c-95e9-e5c72855fb35",
                            "power_state": "active",
                            "region": "Freiburg",
                            "security_groups.#": "4",
                            "security_groups.2162032504": "egress",
                            "security_groups.3285375897": "public-ssh",
                            "security_groups.3717909635": "public-ping",
                            "security_groups.4276348713": "public-web2",
                            "stop_before_destroy": "false"
                        },
                        "meta": {
                            "e2bfb730-ecaa-11e6-8f88-34363bc7c4c0": {
                                "create": 1800000000000,
                                "delete": 1800000000000,
                                "update": 1800000000000
                            }
                        },
                        "tainted": false
                    },
                    "deposed": [],
                    "provider": "provider.openstack"
                },
                "openstack_compute_instance_v2.cvmfs-stratum0": {
                    "type": "openstack_compute_instance_v2",
                    "depends_on": [],
                    "primary": {
                        "id": "3cd91ee2-3c2c-4a66-acdf-d7b4c4226f88",
                        "attributes": {
                            "access_ip_v4": "192.52.33.173",
                            "access_ip_v6": "",
                            "all_metadata.%": "1",
                            "all_metadata.poweroff": "2020_02_18_openstack_upgrade_train",
                            "availability_zone": "nova",
                            "flavor_id": "df32eb30-c79d-41e7-87d7-1996cb3cbc70",
                            "flavor_name": "m1.small",
                            "force_delete": "false",
                            "id": "3cd91ee2-3c2c-4a66-acdf-d7b4c4226f88",
                            "image_id": "60de3fa3-d178-49d2-ba39-2fc6671eee89",
                            "image_name": "generic-centos7-v31-j18-2deef7cb2572-master",
                            "key_pair": "cloud2",
                            "name": "cvmfs0.galaxyproject.eu",
                            "network.#": "1",
                            "network.0.access_network": "false",
                            "network.0.fixed_ip_v4": "192.52.33.173",
                            "network.0.fixed_ip_v6": "",
                            "network.0.floating_ip": "",
                            "network.0.mac": "fa:16:3e:e0:e9:05",
                            "network.0.name": "public",
                            "network.0.port": "",
                            "network.0.uuid": "6a68b40c-356f-4d4c-95e9-e5c72855fb35",
                            "power_state": "active",
                            "region": "Freiburg",
                            "security_groups.#": "4",
                            "security_groups.2162032504": "egress",
                            "security_groups.3285375897": "public-ssh",
                            "security_groups.3717909635": "public-ping",
                            "security_groups.4276348713": "public-web2",
                            "stop_before_destroy": "false"
                        },
                        "meta": {
                            "e2bfb730-ecaa-11e6-8f88-34363bc7c4c0": {
                                "create": 1800000000000,
                                "delete": 1800000000000,
                                "update": 1800000000000
                            }
                        },
                        "tainted": false
                    },
                    "deposed": [],
                    "provider": "provider.openstack"
                },
                "openstack_compute_instance_v2.cvmfs-stratum0-eu": {
                    "type": "openstack_compute_instance_v2",
                    "depends_on": [],
                    "primary": {
                        "id": "d7d1061f-32ba-4bba-9383-26f0441024e1",
                        "attributes": {
                            "access_ip_v4": "132.230.223.146",
                            "access_ip_v6": "",
                            "all_metadata.%": "0",
                            "availability_zone": "nova",
                            "flavor_id": "df32eb30-c79d-41e7-87d7-1996cb3cbc70",
                            "flavor_name": "m1.small",
                            "force_delete": "false",
                            "id": "d7d1061f-32ba-4bba-9383-26f0441024e1",
                            "image_id": "63f98cb7-9ccb-40bb-bba0-dd3b5f365f44",
                            "image_name": "generic-centos7-v31-j41-4ab83d5ffde9-master",
                            "key_pair": "cloud2",
                            "name": "cvmfs-stratum0.galaxyproject.eu",
                            "network.#": "1",
                            "network.0.access_network": "false",
                            "network.0.fixed_ip_v4": "132.230.223.146",
                            "network.0.fixed_ip_v6": "",
                            "network.0.floating_ip": "",
                            "network.0.mac": "fa:16:3e:38:66:e5",
                            "network.0.name": "public-extended",
                            "network.0.port": "",
                            "network.0.uuid": "f76e9bc0-abbc-44ef-a9fc-7fa388d4c677",
                            "power_state": "active",
                            "region": "Freiburg",
                            "security_groups.#": "4",
                            "security_groups.2162032504": "egress",
                            "security_groups.3285375897": "public-ssh",
                            "security_groups.3717909635": "public-ping",
                            "security_groups.4276348713": "public-web2",
                            "stop_before_destroy": "false"
                        },
                        "meta": {
                            "e2bfb730-ecaa-11e6-8f88-34363bc7c4c0": {
                                "create": 1800000000000,
                                "delete": 1800000000000,
                                "update": 1800000000000
                            }
                        },
                        "tainted": false
                    },
                    "deposed": [],
                    "provider": "provider.openstack"
                },
                "openstack_compute_instance_v2.cvmfs1-ufr0-usegalaxy": {
                    "type": "openstack_compute_instance_v2",
                    "depends_on": [],
                    "primary": {
                        "id": "e475cadd-c3bc-4639-af0f-918cf4798564",
                        "attributes": {
                            "access_ip_v4": "10.5.68.209",
                            "access_ip_v6": "",
                            "all_metadata.%": "1",
                            "all_metadata.poweroff": "2020_02_18_openstack_upgrade_train",
                            "availability_zone": "nova",
                            "flavor_id": "df32eb30-c79d-41e7-87d7-1996cb3cbc70",
                            "flavor_name": "m1.small",
                            "force_delete": "false",
                            "id": "e475cadd-c3bc-4639-af0f-918cf4798564",
                            "image_id": "60de3fa3-d178-49d2-ba39-2fc6671eee89",
                            "image_name": "generic-centos7-v31-j18-2deef7cb2572-master",
                            "key_pair": "cloud2",
                            "name": "cvmfs1-ufr0.galaxyproject.eu",
                            "network.#": "1",
                            "network.0.access_network": "false",
                            "network.0.fixed_ip_v4": "10.5.68.209",
                            "network.0.fixed_ip_v6": "",
                            "network.0.floating_ip": "",
                            "network.0.mac": "fa:16:3e:3d:d3:db",
                            "network.0.name": "bioinf",
                            "network.0.port": "",
                            "network.0.uuid": "afca9459-0eb1-4d67-999f-b07bf3bc99c5",
                            "power_state": "active",
                            "region": "Freiburg",
                            "security_groups.#": "4",
                            "security_groups.1024925103": "ufr-ssh",
                            "security_groups.2162032504": "egress",
                            "security_groups.3717909635": "public-ping",
                            "security_groups.4276348713": "public-web2",
                            "stop_before_destroy": "false"
                        },
                        "meta": {
                            "e2bfb730-ecaa-11e6-8f88-34363bc7c4c0": {
                                "create": 1800000000000,
                                "delete": 1800000000000,
                                "update": 1800000000000
                            }
                        },
                        "tainted": false
                    },
                    "deposed": [],
                    "provider": "provider.openstack"
                },
                "openstack_compute_instance_v2.docker-host": {
                    "type": "openstack_compute_instance_v2",
                    "depends_on": [],
                    "primary": {
                        "id": "0b1fd682-1f7e-454a-8340-ac7df2251eee",
                        "attributes": {
                            "access_ip_v4": "192.52.33.221",
                            "access_ip_v6": "",
                            "all_metadata.%": "1",
                            "all_metadata.poweroff": "2020_02_18_openstack_upgrade_train",
                            "availability_zone": "nova",
                            "flavor_id": "3043b007-5ed1-4785-9cd8-0ed18aad283f",
                            "flavor_name": "m1.xxlarge",
                            "force_delete": "false",
                            "id": "0b1fd682-1f7e-454a-8340-ac7df2251eee",
                            "image_id": "60de3fa3-d178-49d2-ba39-2fc6671eee89",
                            "image_name": "generic-centos7-v31-j18-2deef7cb2572-master",
                            "key_pair": "cloud2",
                            "name": "docker.galaxyproject.eu",
                            "network.#": "1",
                            "network.0.access_network": "false",
                            "network.0.fixed_ip_v4": "192.52.33.221",
                            "network.0.fixed_ip_v6": "",
                            "network.0.floating_ip": "",
                            "network.0.mac": "fa:16:3e:19:9d:be",
                            "network.0.name": "public",
                            "network.0.port": "",
                            "network.0.uuid": "6a68b40c-356f-4d4c-95e9-e5c72855fb35",
                            "power_state": "active",
                            "region": "Freiburg",
                            "security_groups.#": "1",
                            "security_groups.1001664029": "public",
                            "stop_before_destroy": "false"
                        },
                        "meta": {
                            "e2bfb730-ecaa-11e6-8f88-34363bc7c4c0": {
                                "create": 1800000000000,
                                "delete": 1800000000000,
                                "update": 1800000000000
                            }
                        },
                        "tainted": false
                    },
                    "deposed": [],
                    "provider": "provider.openstack"
                },
                "openstack_compute_instance_v2.ftp": {
                    "type": "openstack_compute_instance_v2",
                    "depends_on": [],
                    "primary": {
                        "id": "d7fd6975-575c-4f2d-a03c-568c5a251ef1",
                        "attributes": {
                            "access_ip_v4": "10.5.68.9",
                            "access_ip_v6": "",
                            "all_metadata.%": "1",
                            "all_metadata.poweroff": "2020_02_18_openstack_upgrade_train",
                            "availability_zone": "nova",
                            "flavor_id": "df32eb30-c79d-41e7-87d7-1996cb3cbc70",
                            "flavor_name": "m1.small",
                            "force_delete": "false",
                            "id": "d7fd6975-575c-4f2d-a03c-568c5a251ef1",
                            "image_id": "60de3fa3-d178-49d2-ba39-2fc6671eee89",
                            "image_name": "generic-centos7-v31-j18-2deef7cb2572-master",
                            "key_pair": "cloud2",
                            "name": "ftp.usegalaxy.eu",
                            "network.#": "1",
                            "network.0.access_network": "false",
                            "network.0.fixed_ip_v4": "10.5.68.9",
                            "network.0.fixed_ip_v6": "",
                            "network.0.floating_ip": "",
                            "network.0.mac": "fa:16:3e:6b:75:5e",
                            "network.0.name": "bioinf",
                            "network.0.port": "",
                            "network.0.uuid": "afca9459-0eb1-4d67-999f-b07bf3bc99c5",
                            "power_state": "active",
                            "region": "Freiburg",
                            "security_groups.#": "2",
                            "security_groups.1001664029": "public",
                            "security_groups.2162032504": "egress",
                            "stop_before_destroy": "false"
                        },
                        "meta": {
                            "e2bfb730-ecaa-11e6-8f88-34363bc7c4c0": {
                                "create": 1800000000000,
                                "delete": 1800000000000,
                                "update": 1800000000000
                            }
                        },
                        "tainted": false
                    },
                    "deposed": [],
                    "provider": "provider.openstack"
                },
                "openstack_compute_instance_v2.hicbrowser": {
                    "type": "openstack_compute_instance_v2",
                    "depends_on": [],
                    "primary": {
                        "id": "66a87719-9521-426f-b9a1-c8fe41afac54",
                        "attributes": {
                            "access_ip_v4": "192.52.32.160",
                            "access_ip_v6": "",
                            "all_metadata.%": "1",
                            "all_metadata.poweroff": "2020_02_18_openstack_upgrade_train",
                            "availability_zone": "nova",
                            "flavor_id": "3043b007-5ed1-4785-9cd8-0ed18aad283f",
                            "flavor_name": "m1.xxlarge",
                            "force_delete": "false",
                            "id": "66a87719-9521-426f-b9a1-c8fe41afac54",
                            "image_id": "f0bf4431-bb9a-45b3-a23e-823a96682394",
                            "image_name": "generic-centos7-v31-j4-edc5aa3dc22c-master",
                            "key_pair": "cloud2",
                            "name": "HiCBrowser AG Hein II",
                            "network.#": "1",
                            "network.0.access_network": "false",
                            "network.0.fixed_ip_v4": "192.52.32.160",
                            "network.0.fixed_ip_v6": "",
                            "network.0.floating_ip": "",
                            "network.0.mac": "fa:16:3e:80:cb:3e",
                            "network.0.name": "public",
                            "network.0.port": "",
                            "network.0.uuid": "6a68b40c-356f-4d4c-95e9-e5c72855fb35",
                            "power_state": "active",
                            "region": "Freiburg",
                            "security_groups.#": "4",
                            "security_groups.2162032504": "egress",
                            "security_groups.3285375897": "public-ssh",
                            "security_groups.3361827857": "hicbrowser",
                            "security_groups.3717909635": "public-ping",
                            "stop_before_destroy": "false"
                        },
                        "meta": {
                            "e2bfb730-ecaa-11e6-8f88-34363bc7c4c0": {
                                "create": 1800000000000,
                                "delete": 1800000000000,
                                "update": 1800000000000
                            }
                        },
                        "tainted": false
                    },
                    "deposed": [],
                    "provider": "provider.openstack"
                },
                "openstack_compute_instance_v2.influxdb-usegalaxy": {
                    "type": "openstack_compute_instance_v2",
                    "depends_on": [],
                    "primary": {
                        "id": "d62efc4a-67d7-4041-a257-84e52d7e54c8",
                        "attributes": {
                            "access_ip_v4": "132.230.223.216",
                            "access_ip_v6": "",
                            "all_metadata.%": "0",
                            "availability_zone": "nova",
                            "flavor_id": "21bed2e4-ef48-4584-88a2-977ea9ad20a4",
                            "flavor_name": "m1.xlarge",
                            "force_delete": "false",
                            "id": "d62efc4a-67d7-4041-a257-84e52d7e54c8",
                            "image_id": "f0bf4431-bb9a-45b3-a23e-823a96682394",
                            "image_name": "generic-centos7-v31-j4-edc5aa3dc22c-master",
                            "key_pair": "cloud2",
                            "name": "influxdb.galaxyproject.eu",
                            "network.#": "1",
                            "network.0.access_network": "false",
                            "network.0.fixed_ip_v4": "132.230.223.216",
                            "network.0.fixed_ip_v6": "",
                            "network.0.floating_ip": "",
                            "network.0.mac": "fa:16:3e:b8:13:93",
                            "network.0.name": "public-extended",
                            "network.0.port": "",
                            "network.0.uuid": "f76e9bc0-abbc-44ef-a9fc-7fa388d4c677",
                            "power_state": "active",
                            "region": "Freiburg",
                            "security_groups.#": "5",
                            "security_groups.1024925103": "ufr-ssh",
                            "security_groups.2162032504": "egress",
                            "security_groups.2888762743": "public-influxdb",
                            "security_groups.3717909635": "public-ping",
                            "security_groups.4276348713": "public-web2",
                            "stop_before_destroy": "false"
                        },
                        "meta": {
                            "e2bfb730-ecaa-11e6-8f88-34363bc7c4c0": {
                                "create": 1800000000000,
                                "delete": 1800000000000,
                                "update": 1800000000000
                            }
                        },
                        "tainted": false
                    },
                    "deposed": [],
                    "provider": "provider.openstack"
                },
                "openstack_compute_instance_v2.jenkins-workers-gold": {
                    "type": "openstack_compute_instance_v2",
                    "depends_on": [],
                    "primary": {
                        "id": "6885ae8b-74d9-4e60-99fa-1b245dcd3d7f",
                        "attributes": {
                            "access_ip_v4": "192.52.35.164",
                            "access_ip_v6": "",
                            "all_metadata.%": "0",
                            "availability_zone": "nova",
                            "flavor_id": "21bed2e4-ef48-4584-88a2-977ea9ad20a4",
                            "flavor_name": "m1.xlarge",
                            "force_delete": "false",
                            "id": "6885ae8b-74d9-4e60-99fa-1b245dcd3d7f",
                            "image_id": "e66311e4-bfd7-4ad0-82de-4ed8062d1f50",
                            "image_name": "jenkins-worker-j52-63ca7a6c7a15-master",
                            "key_pair": "jenkins2",
                            "name": "worker-0.gold.build.galaxyproject.eu",
                            "network.#": "1",
                            "network.0.access_network": "false",
                            "network.0.fixed_ip_v4": "192.52.35.164",
                            "network.0.fixed_ip_v6": "",
                            "network.0.floating_ip": "",
                            "network.0.mac": "fa:16:3e:bc:ca:2c",
                            "network.0.name": "public",
                            "network.0.port": "",
                            "network.0.uuid": "6a68b40c-356f-4d4c-95e9-e5c72855fb35",
                            "power_state": "active",
                            "region": "Freiburg",
                            "security_groups.#": "1",
                            "security_groups.1001664029": "public",
                            "stop_before_destroy": "false",
                            "user_data": "33923a9c9c462d8dc8e57e6af8a1a0991a8cb9e7"
                        },
                        "meta": {
                            "e2bfb730-ecaa-11e6-8f88-34363bc7c4c0": {
                                "create": 1800000000000,
                                "delete": 1800000000000,
                                "update": 1800000000000
                            }
                        },
                        "tainted": false
                    },
                    "deposed": [],
                    "provider": "provider.openstack"
                },
                "openstack_compute_instance_v2.jenkins-workers-internal": {
                    "type": "openstack_compute_instance_v2",
                    "depends_on": [],
                    "primary": {
                        "id": "9ec1d472-212c-4170-839f-5b42be64a190",
                        "attributes": {
                            "access_ip_v4": "132.230.223.121",
                            "access_ip_v6": "",
                            "all_metadata.%": "0",
                            "availability_zone": "nova",
                            "flavor_id": "21bed2e4-ef48-4584-88a2-977ea9ad20a4",
                            "flavor_name": "m1.xlarge",
                            "force_delete": "false",
                            "id": "9ec1d472-212c-4170-839f-5b42be64a190",
                            "image_id": "e66311e4-bfd7-4ad0-82de-4ed8062d1f50",
                            "image_name": "jenkins-worker-j52-63ca7a6c7a15-master",
                            "key_pair": "jenkins2",
                            "name": "worker-internal-0.build.galaxyproject.eu",
                            "network.#": "1",
                            "network.0.access_network": "false",
                            "network.0.fixed_ip_v4": "132.230.223.121",
                            "network.0.fixed_ip_v6": "",
                            "network.0.floating_ip": "",
                            "network.0.mac": "fa:16:3e:85:2c:aa",
                            "network.0.name": "public-extended",
                            "network.0.port": "",
                            "network.0.uuid": "f76e9bc0-abbc-44ef-a9fc-7fa388d4c677",
                            "power_state": "active",
                            "region": "Freiburg",
                            "security_groups.#": "1",
                            "security_groups.1001664029": "public",
                            "stop_before_destroy": "false",
                            "user_data": "deb6d5964a8f2909fc8b1bb47836b4bcfc3b4751"
                        },
                        "meta": {
                            "e2bfb730-ecaa-11e6-8f88-34363bc7c4c0": {
                                "create": 1800000000000,
                                "delete": 1800000000000,
                                "update": 1800000000000
                            }
                        },
                        "tainted": false
                    },
                    "deposed": [],
                    "provider": "provider.openstack"
                },
                "openstack_compute_instance_v2.jenkins-workers-org.0": {
                    "type": "openstack_compute_instance_v2",
                    "depends_on": [],
                    "primary": {
                        "id": "42593c37-af04-496a-8322-76c7f10ceee4",
                        "attributes": {
                            "access_ip_v4": "192.52.34.148",
                            "access_ip_v6": "",
                            "all_metadata.%": "1",
                            "all_metadata.poweroff": "2020_02_18_openstack_upgrade_train",
                            "availability_zone": "nova",
                            "flavor_id": "3043b007-5ed1-4785-9cd8-0ed18aad283f",
                            "flavor_name": "m1.xxlarge",
                            "force_delete": "false",
                            "id": "42593c37-af04-496a-8322-76c7f10ceee4",
                            "image_id": "dad2b000-ec07-4e86-90aa-fb5b6f752325",
                            "image_name": "Ubuntu 18.04",
                            "key_pair": "build-usegalaxy-org",
                            "name": "n0.galaxyproject.org",
                            "network.#": "1",
                            "network.0.access_network": "false",
                            "network.0.fixed_ip_v4": "192.52.34.148",
                            "network.0.fixed_ip_v6": "",
                            "network.0.floating_ip": "",
                            "network.0.mac": "fa:16:3e:9f:14:e6",
                            "network.0.name": "public",
                            "network.0.port": "",
                            "network.0.uuid": "6a68b40c-356f-4d4c-95e9-e5c72855fb35",
                            "power_state": "active",
                            "region": "Freiburg",
                            "security_groups.#": "1",
                            "security_groups.1001664029": "public",
                            "stop_before_destroy": "false"
                        },
                        "meta": {
                            "e2bfb730-ecaa-11e6-8f88-34363bc7c4c0": {
                                "create": 1800000000000,
                                "delete": 1800000000000,
                                "update": 1800000000000
                            }
                        },
                        "tainted": false
                    },
                    "deposed": [],
                    "provider": "provider.openstack"
                },
                "openstack_compute_instance_v2.jenkins-workers-org.1": {
                    "type": "openstack_compute_instance_v2",
                    "depends_on": [],
                    "primary": {
                        "id": "44ea3b4d-04f2-4e77-9cb1-0f05f1b26143",
                        "attributes": {
                            "access_ip_v4": "192.52.34.191",
                            "access_ip_v6": "",
                            "all_metadata.%": "1",
                            "all_metadata.poweroff": "2020_02_18_openstack_upgrade_train",
                            "availability_zone": "nova",
                            "flavor_id": "3043b007-5ed1-4785-9cd8-0ed18aad283f",
                            "flavor_name": "m1.xxlarge",
                            "force_delete": "false",
                            "id": "44ea3b4d-04f2-4e77-9cb1-0f05f1b26143",
                            "image_id": "dad2b000-ec07-4e86-90aa-fb5b6f752325",
                            "image_name": "Ubuntu 18.04",
                            "key_pair": "build-usegalaxy-org",
                            "name": "n1.galaxyproject.org",
                            "network.#": "1",
                            "network.0.access_network": "false",
                            "network.0.fixed_ip_v4": "192.52.34.191",
                            "network.0.fixed_ip_v6": "",
                            "network.0.floating_ip": "",
                            "network.0.mac": "fa:16:3e:d5:f2:a2",
                            "network.0.name": "public",
                            "network.0.port": "",
                            "network.0.uuid": "6a68b40c-356f-4d4c-95e9-e5c72855fb35",
                            "power_state": "active",
                            "region": "Freiburg",
                            "security_groups.#": "1",
                            "security_groups.1001664029": "public",
                            "stop_before_destroy": "false"
                        },
                        "meta": {
                            "e2bfb730-ecaa-11e6-8f88-34363bc7c4c0": {
                                "create": 1800000000000,
                                "delete": 1800000000000,
                                "update": 1800000000000
                            }
                        },
                        "tainted": false
                    },
                    "deposed": [],
                    "provider": "provider.openstack"
                },
                "openstack_compute_instance_v2.jenkins-workers-silver": {
                    "type": "openstack_compute_instance_v2",
                    "depends_on": [],
                    "primary": {
                        "id": "ea5f98aa-9e4a-43b0-8a49-7169a2340ffd",
                        "attributes": {
                            "access_ip_v4": "192.52.35.36",
                            "access_ip_v6": "",
                            "all_metadata.%": "1",
                            "all_metadata.poweroff": "2020_02_18_openstack_upgrade_train",
                            "availability_zone": "nova",
                            "flavor_id": "21bed2e4-ef48-4584-88a2-977ea9ad20a4",
                            "flavor_name": "m1.xlarge",
                            "force_delete": "false",
                            "id": "ea5f98aa-9e4a-43b0-8a49-7169a2340ffd",
                            "image_id": "e66311e4-bfd7-4ad0-82de-4ed8062d1f50",
                            "image_name": "jenkins-worker-j52-63ca7a6c7a15-master",
                            "key_pair": "jenkins2",
                            "name": "worker-0.silver.build.galaxyproject.eu",
                            "network.#": "1",
                            "network.0.access_network": "false",
                            "network.0.fixed_ip_v4": "192.52.35.36",
                            "network.0.fixed_ip_v6": "",
                            "network.0.floating_ip": "",
                            "network.0.mac": "fa:16:3e:16:5c:8e",
                            "network.0.name": "public",
                            "network.0.port": "",
                            "network.0.uuid": "6a68b40c-356f-4d4c-95e9-e5c72855fb35",
                            "power_state": "active",
                            "region": "Freiburg",
                            "security_groups.#": "1",
                            "security_groups.1001664029": "public",
                            "stop_before_destroy": "false",
                            "user_data": "deb6d5964a8f2909fc8b1bb47836b4bcfc3b4751"
                        },
                        "meta": {
                            "e2bfb730-ecaa-11e6-8f88-34363bc7c4c0": {
                                "create": 1800000000000,
                                "delete": 1800000000000,
                                "update": 1800000000000
                            }
                        },
                        "tainted": false
                    },
                    "deposed": [],
                    "provider": "provider.openstack"
                },
                "openstack_compute_instance_v2.mumble-usegalaxy": {
                    "type": "openstack_compute_instance_v2",
                    "depends_on": [],
                    "primary": {
                        "id": "88d9a61b-93eb-4ff2-8fe6-96a1a2412fa2",
                        "attributes": {
                            "access_ip_v4": "192.52.38.124",
                            "access_ip_v6": "",
                            "all_metadata.%": "0",
                            "availability_zone": "nova",
                            "flavor_id": "df32eb30-c79d-41e7-87d7-1996cb3cbc70",
                            "flavor_name": "m1.small",
                            "force_delete": "false",
                            "id": "88d9a61b-93eb-4ff2-8fe6-96a1a2412fa2",
                            "image_id": "dad2b000-ec07-4e86-90aa-fb5b6f752325",
                            "image_name": "Ubuntu 18.04",
                            "key_pair": "cloud2",
                            "name": "mumble.galaxyproject.eu",
                            "network.#": "1",
                            "network.0.access_network": "false",
                            "network.0.fixed_ip_v4": "192.52.38.124",
                            "network.0.fixed_ip_v6": "",
                            "network.0.floating_ip": "",
                            "network.0.mac": "fa:16:3e:c1:0b:ce",
                            "network.0.name": "public",
                            "network.0.port": "",
                            "network.0.uuid": "6a68b40c-356f-4d4c-95e9-e5c72855fb35",
                            "power_state": "active",
                            "region": "Freiburg",
                            "security_groups.#": "4",
                            "security_groups.2162032504": "egress",
                            "security_groups.3285375897": "public-ssh",
                            "security_groups.3717909635": "public-ping",
                            "security_groups.957562313": "public-mumble",
                            "stop_before_destroy": "false"
                        },
                        "meta": {
                            "e2bfb730-ecaa-11e6-8f88-34363bc7c4c0": {
                                "create": 1800000000000,
                                "delete": 1800000000000,
                                "update": 1800000000000
                            }
                        },
                        "tainted": false
                    },
                    "deposed": [],
                    "provider": "provider.openstack"
                },
                "openstack_compute_instance_v2.nfs-server": {
                    "type": "openstack_compute_instance_v2",
                    "depends_on": [],
                    "primary": {
                        "id": "eb1c5255-6697-4959-bd15-7f658dc108e4",
                        "attributes": {
                            "access_ip_v4": "10.5.68.72",
                            "access_ip_v6": "",
                            "all_metadata.%": "1",
                            "all_metadata.poweroff": "2020_02_18_openstack_upgrade_train",
                            "availability_zone": "nova",
                            "flavor_id": "1308297d-d1c4-442f-b89f-c32e769de348",
                            "flavor_name": "test_qos_free",
                            "force_delete": "false",
                            "id": "eb1c5255-6697-4959-bd15-7f658dc108e4",
                            "image_id": "60de3fa3-d178-49d2-ba39-2fc6671eee89",
                            "image_name": "generic-centos7-v31-j18-2deef7cb2572-master",
                            "key_pair": "cloud2",
                            "name": "job-working-dir.internal.galaxyproject.eu",
                            "network.#": "1",
                            "network.0.access_network": "false",
                            "network.0.fixed_ip_v4": "10.5.68.72",
                            "network.0.fixed_ip_v6": "",
                            "network.0.floating_ip": "",
                            "network.0.mac": "fa:16:3e:31:a8:0d",
                            "network.0.name": "bioinf",
                            "network.0.port": "",
                            "network.0.uuid": "afca9459-0eb1-4d67-999f-b07bf3bc99c5",
                            "power_state": "active",
                            "region": "Freiburg",
                            "security_groups.#": "1",
                            "security_groups.1001664029": "public",
                            "stop_before_destroy": "false"
                        },
                        "meta": {
                            "e2bfb730-ecaa-11e6-8f88-34363bc7c4c0": {
                                "create": 1800000000000,
                                "delete": 1800000000000,
                                "update": 1800000000000
                            }
                        },
                        "tainted": false
                    },
                    "deposed": [],
                    "provider": "provider.openstack"
                },
                "openstack_compute_instance_v2.plausible": {
                    "type": "openstack_compute_instance_v2",
                    "depends_on": [],
                    "primary": {
                        "id": "38aec84d-48fd-463b-be67-8148be23a8cd",
                        "attributes": {
                            "access_ip_v4": "192.52.38.248",
                            "access_ip_v6": "",
                            "all_metadata.%": "0",
                            "availability_zone": "nova",
                            "flavor_id": "b106b327-7d6e-4f88-825d-11145eb25ad7",
                            "flavor_name": "m1.large",
                            "force_delete": "false",
                            "id": "38aec84d-48fd-463b-be67-8148be23a8cd",
                            "image_id": "0c380004-ddf9-44c3-a81c-d69ad9baaa8e",
                            "image_name": "CentOS 8",
                            "key_pair": "cloud2",
                            "name": "plausible.galaxyproject.eu",
                            "network.#": "1",
                            "network.0.access_network": "false",
                            "network.0.fixed_ip_v4": "192.52.38.248",
                            "network.0.fixed_ip_v6": "",
                            "network.0.floating_ip": "",
                            "network.0.mac": "fa:16:3e:d0:44:9d",
                            "network.0.name": "public",
                            "network.0.port": "",
                            "network.0.uuid": "6a68b40c-356f-4d4c-95e9-e5c72855fb35",
                            "power_state": "active",
                            "region": "Freiburg",
                            "security_groups.#": "4",
                            "security_groups.2162032504": "egress",
                            "security_groups.3285375897": "public-ssh",
                            "security_groups.3717909635": "public-ping",
                            "security_groups.4276348713": "public-web2",
                            "stop_before_destroy": "false",
                            "user_data": "ce9bd57b5f889ffaa24cf3cefb6637c99f2a8584"
                        },
                        "meta": {
                            "e2bfb730-ecaa-11e6-8f88-34363bc7c4c0": {
                                "create": 1800000000000,
                                "delete": 1800000000000,
                                "update": 1800000000000
                            }
                        },
                        "tainted": false
                    },
                    "deposed": [],
                    "provider": "provider.openstack"
                },
                "openstack_compute_instance_v2.proxy-internal": {
                    "type": "openstack_compute_instance_v2",
                    "depends_on": [],
                    "primary": {
                        "id": "a650df3d-def6-4ee4-92e8-eefd079c5f84",
                        "attributes": {
                            "access_ip_v4": "132.230.223.13",
                            "access_ip_v6": "",
                            "all_metadata.%": "1",
                            "all_metadata.poweroff": "2020_02_18_openstack_upgrade_train",
                            "availability_zone": "nova",
                            "flavor_id": "df32eb30-c79d-41e7-87d7-1996cb3cbc70",
                            "flavor_name": "m1.small",
                            "force_delete": "false",
                            "id": "a650df3d-def6-4ee4-92e8-eefd079c5f84",
                            "image_id": "f0bf4431-bb9a-45b3-a23e-823a96682394",
                            "image_name": "generic-centos7-v31-j4-edc5aa3dc22c-master",
                            "key_pair": "cloud2",
                            "name": "proxy.internal.galaxyproject.eu",
                            "network.#": "1",
                            "network.0.access_network": "false",
                            "network.0.fixed_ip_v4": "132.230.223.13",
                            "network.0.fixed_ip_v6": "",
                            "network.0.floating_ip": "",
                            "network.0.mac": "fa:16:3e:fd:8a:82",
                            "network.0.name": "public-extended",
                            "network.0.port": "",
                            "network.0.uuid": "f76e9bc0-abbc-44ef-a9fc-7fa388d4c677",
                            "power_state": "active",
                            "region": "Freiburg",
                            "security_groups.#": "5",
                            "security_groups.2092949500": "public-amqp",
                            "security_groups.2162032504": "egress",
                            "security_groups.3285375897": "public-ssh",
                            "security_groups.3717909635": "public-ping",
                            "security_groups.4276348713": "public-web2",
                            "stop_before_destroy": "false"
                        },
                        "meta": {
                            "e2bfb730-ecaa-11e6-8f88-34363bc7c4c0": {
                                "create": 1800000000000,
                                "delete": 1800000000000,
                                "update": 1800000000000
                            }
                        },
                        "tainted": false
                    },
                    "deposed": [],
                    "provider": "provider.openstack"
                },
                "openstack_compute_instance_v2.sentry-usegalaxy": {
                    "type": "openstack_compute_instance_v2",
                    "depends_on": [
                        "data.openstack_images_image_v2.centos-image",
                        "openstack_blockstorage_volume_v2.sentry_volume_data"
                    ],
                    "primary": {
                        "id": "5ae015c6-f5c4-4e8b-9d69-c3d9ca189a44",
                        "attributes": {
                            "access_ip_v4": "192.52.34.70",
                            "access_ip_v6": "",
                            "all_metadata.%": "1",
                            "all_metadata.poweroff": "2020_02_18_openstack_upgrade_train",
                            "availability_zone": "nova",
                            "block_device.#": "2",
                            "block_device.0.boot_index": "0",
                            "block_device.0.delete_on_termination": "true",
                            "block_device.0.destination_type": "local",
                            "block_device.0.device_type": "",
                            "block_device.0.disk_bus": "",
                            "block_device.0.guest_format": "",
                            "block_device.0.source_type": "image",
                            "block_device.0.uuid": "f0bf4431-bb9a-45b3-a23e-823a96682394",
                            "block_device.0.volume_size": "0",
                            "block_device.1.boot_index": "-1",
                            "block_device.1.delete_on_termination": "true",
                            "block_device.1.destination_type": "volume",
                            "block_device.1.device_type": "",
                            "block_device.1.disk_bus": "",
                            "block_device.1.guest_format": "",
                            "block_device.1.source_type": "volume",
                            "block_device.1.uuid": "7405447d-375b-4d7d-9f3b-75bdb0a9ca53",
                            "block_device.1.volume_size": "0",
                            "flavor_id": "df32eb30-c79d-41e7-87d7-1996cb3cbc70",
                            "flavor_name": "m1.small",
                            "force_delete": "false",
                            "id": "5ae015c6-f5c4-4e8b-9d69-c3d9ca189a44",
                            "image_id": "f0bf4431-bb9a-45b3-a23e-823a96682394",
                            "image_name": "generic-centos7-v31-j4-edc5aa3dc22c-master",
                            "key_pair": "cloud2",
                            "name": "sentry.galaxyproject.eu",
                            "network.#": "1",
                            "network.0.access_network": "false",
                            "network.0.fixed_ip_v4": "192.52.34.70",
                            "network.0.fixed_ip_v6": "",
                            "network.0.floating_ip": "",
                            "network.0.mac": "fa:16:3e:e8:c3:c1",
                            "network.0.name": "public",
                            "network.0.port": "",
                            "network.0.uuid": "6a68b40c-356f-4d4c-95e9-e5c72855fb35",
                            "power_state": "active",
                            "region": "Freiburg",
                            "security_groups.#": "4",
                            "security_groups.1024925103": "ufr-ssh",
                            "security_groups.2162032504": "egress",
                            "security_groups.3717909635": "public-ping",
                            "security_groups.4276348713": "public-web2",
                            "stop_before_destroy": "false",
                            "user_data": "8dd3c19d7539ddfbc0df760f4ea05126097708f0"
                        },
                        "meta": {
                            "e2bfb730-ecaa-11e6-8f88-34363bc7c4c0": {
                                "create": 1800000000000,
                                "delete": 1800000000000,
                                "update": 1800000000000
                            }
                        },
                        "tainted": false
                    },
                    "deposed": [],
                    "provider": "provider.openstack"
                },
                "openstack_compute_instance_v2.stats-usegalaxy": {
                    "type": "openstack_compute_instance_v2",
                    "depends_on": [],
                    "primary": {
                        "id": "f2e0e4bd-44a1-458f-98f5-df403d87e4fc",
                        "attributes": {
                            "access_ip_v4": "132.230.223.189",
                            "access_ip_v6": "",
                            "all_metadata.%": "0",
                            "availability_zone": "nova",
                            "flavor_id": "df32eb30-c79d-41e7-87d7-1996cb3cbc70",
                            "flavor_name": "m1.small",
                            "force_delete": "false",
                            "id": "f2e0e4bd-44a1-458f-98f5-df403d87e4fc",
                            "image_id": "f0bf4431-bb9a-45b3-a23e-823a96682394",
                            "image_name": "generic-centos7-v31-j4-edc5aa3dc22c-master",
                            "key_pair": "cloud2",
                            "name": "stats.galaxyproject.eu",
                            "network.#": "1",
                            "network.0.access_network": "false",
                            "network.0.fixed_ip_v4": "132.230.223.189",
                            "network.0.fixed_ip_v6": "",
                            "network.0.floating_ip": "",
                            "network.0.mac": "fa:16:3e:d5:ec:7d",
                            "network.0.name": "public-extended",
                            "network.0.port": "",
                            "network.0.uuid": "f76e9bc0-abbc-44ef-a9fc-7fa388d4c677",
                            "power_state": "active",
                            "region": "Freiburg",
                            "security_groups.#": "4",
                            "security_groups.2162032504": "egress",
                            "security_groups.3285375897": "public-ssh",
                            "security_groups.3717909635": "public-ping",
                            "security_groups.4276348713": "public-web2",
                            "stop_before_destroy": "false"
                        },
                        "meta": {
                            "e2bfb730-ecaa-11e6-8f88-34363bc7c4c0": {
                                "create": 1800000000000,
                                "delete": 1800000000000,
                                "update": 1800000000000
                            }
                        },
                        "tainted": false
                    },
                    "deposed": [],
                    "provider": "provider.openstack"
                },
                "openstack_compute_instance_v2.student-lr75": {
                    "type": "openstack_compute_instance_v2",
                    "depends_on": [
                        "data.openstack_images_image_v2.student-lr75-image",
                        "openstack_blockstorage_volume_v2.student-lr75-vol"
                    ],
                    "primary": {
                        "id": "eee21bce-e304-4df6-ac76-ce4e58c3a7e7",
                        "attributes": {
                            "access_ip_v4": "192.52.38.92",
                            "access_ip_v6": "",
                            "all_metadata.%": "0",
                            "availability_zone": "nova",
                            "block_device.#": "2",
                            "block_device.0.boot_index": "0",
                            "block_device.0.delete_on_termination": "true",
                            "block_device.0.destination_type": "local",
                            "block_device.0.device_type": "",
                            "block_device.0.disk_bus": "",
                            "block_device.0.guest_format": "",
                            "block_device.0.source_type": "image",
                            "block_device.0.uuid": "12765cb5-53b6-48a4-b930-16cbcf6a7fc6",
                            "block_device.0.volume_size": "0",
                            "block_device.1.boot_index": "-1",
                            "block_device.1.delete_on_termination": "true",
                            "block_device.1.destination_type": "volume",
                            "block_device.1.device_type": "",
                            "block_device.1.disk_bus": "",
                            "block_device.1.guest_format": "",
                            "block_device.1.source_type": "volume",
                            "block_device.1.uuid": "8ef4e6e6-761a-4690-830e-aceb84028f2b",
                            "block_device.1.volume_size": "0",
                            "flavor_id": "b106b327-7d6e-4f88-825d-11145eb25ad7",
                            "flavor_name": "m1.large",
                            "force_delete": "false",
                            "id": "eee21bce-e304-4df6-ac76-ce4e58c3a7e7",
                            "image_id": "12765cb5-53b6-48a4-b930-16cbcf6a7fc6",
                            "image_name": "Ubuntu 20.04",
                            "key_pair": "cloud2",
                            "name": "student-lr75",
                            "network.#": "1",
                            "network.0.access_network": "false",
                            "network.0.fixed_ip_v4": "192.52.38.92",
                            "network.0.fixed_ip_v6": "",
                            "network.0.floating_ip": "",
                            "network.0.mac": "fa:16:3e:74:4a:b2",
                            "network.0.name": "public",
                            "network.0.port": "",
                            "network.0.uuid": "6a68b40c-356f-4d4c-95e9-e5c72855fb35",
                            "power_state": "active",
                            "region": "Freiburg",
                            "security_groups.#": "2",
                            "security_groups.3285375897": "public-ssh",
                            "security_groups.3814588639": "default",
                            "stop_before_destroy": "false",
                            "user_data": "4c6965d6700040d13d7f7cc48f95863c9a885762"
                        },
                        "meta": {
                            "e2bfb730-ecaa-11e6-8f88-34363bc7c4c0": {
                                "create": 1800000000000,
                                "delete": 1800000000000,
                                "update": 1800000000000
                            }
                        },
                        "tainted": false
                    },
                    "deposed": [],
                    "provider": "provider.openstack"
                },
                "openstack_compute_instance_v2.student-rfkh": {
                    "type": "openstack_compute_instance_v2",
                    "depends_on": [
                        "data.openstack_images_image_v2.student-rfkh-image",
                        "openstack_blockstorage_volume_v2.student-rfkh-vol"
                    ],
                    "primary": {
                        "id": "b6a2690b-c2b0-4564-a142-479be1f2f95f",
                        "attributes": {
                            "access_ip_v4": "192.52.40.103",
                            "access_ip_v6": "",
                            "all_metadata.%": "0",
                            "availability_zone": "nova",
                            "block_device.#": "2",
                            "block_device.0.boot_index": "0",
                            "block_device.0.delete_on_termination": "true",
                            "block_device.0.destination_type": "local",
                            "block_device.0.device_type": "",
                            "block_device.0.disk_bus": "",
                            "block_device.0.guest_format": "",
                            "block_device.0.source_type": "image",
                            "block_device.0.uuid": "80042e8c-049c-41d8-b9a2-ff2000de2730",
                            "block_device.0.volume_size": "0",
                            "block_device.1.boot_index": "-1",
                            "block_device.1.delete_on_termination": "true",
                            "block_device.1.destination_type": "volume",
                            "block_device.1.device_type": "",
                            "block_device.1.disk_bus": "",
                            "block_device.1.guest_format": "",
                            "block_device.1.source_type": "volume",
                            "block_device.1.uuid": "14c9eb30-2de5-4dab-bc6a-e353659d0014",
                            "block_device.1.volume_size": "0",
                            "flavor_id": "d2b84b78-1a35-4474-b31d-e5803c0e9a9c",
                            "flavor_name": "g1.n46_g1c8m20",
                            "force_delete": "false",
                            "id": "b6a2690b-c2b0-4564-a142-479be1f2f95f",
                            "image_id": "80042e8c-049c-41d8-b9a2-ff2000de2730",
                            "image_name": "vggp-v31-j152-89d64435da4a-master",
                            "key_pair": "cloud2",
                            "name": "student-rfkh",
                            "network.#": "1",
                            "network.0.access_network": "false",
                            "network.0.fixed_ip_v4": "192.52.40.103",
                            "network.0.fixed_ip_v6": "",
                            "network.0.floating_ip": "",
                            "network.0.mac": "fa:16:3e:b6:92:1c",
                            "network.0.name": "public",
                            "network.0.port": "",
                            "network.0.uuid": "6a68b40c-356f-4d4c-95e9-e5c72855fb35",
                            "power_state": "active",
                            "region": "Freiburg",
                            "security_groups.#": "2",
                            "security_groups.3285375897": "public-ssh",
                            "security_groups.3814588639": "default",
                            "stop_before_destroy": "false",
                            "user_data": "817d81de8c5948cbaa3578041cc30a8b16a0a168"
                        },
                        "meta": {
                            "e2bfb730-ecaa-11e6-8f88-34363bc7c4c0": {
                                "create": 1800000000000,
                                "delete": 1800000000000,
                                "update": 1800000000000
                            }
                        },
                        "tainted": false
                    },
                    "deposed": [],
                    "provider": "provider.openstack"
                },
                "openstack_compute_instance_v2.telescope": {
                    "type": "openstack_compute_instance_v2",
                    "depends_on": [],
                    "primary": {
                        "id": "1d5bef44-20ae-4567-b58c-1b15c4d6a82c",
                        "attributes": {
                            "access_ip_v4": "10.5.68.42",
                            "access_ip_v6": "",
                            "all_metadata.%": "1",
                            "all_metadata.poweroff": "2020_02_18_openstack_upgrade_train",
                            "availability_zone": "nova",
                            "flavor_id": "a9a58bcf-29a3-47f4-b4c3-e71e40127833",
                            "flavor_name": "m1.tiny",
                            "force_delete": "false",
                            "id": "1d5bef44-20ae-4567-b58c-1b15c4d6a82c",
                            "image_id": "f0bf4431-bb9a-45b3-a23e-823a96682394",
                            "image_name": "generic-centos7-v31-j4-edc5aa3dc22c-master",
                            "key_pair": "cloud2",
                            "name": "telescope.galaxyproject.eu",
                            "network.#": "1",
                            "network.0.access_network": "false",
                            "network.0.fixed_ip_v4": "10.5.68.42",
                            "network.0.fixed_ip_v6": "",
                            "network.0.floating_ip": "",
                            "network.0.mac": "fa:16:3e:e4:0f:ae",
                            "network.0.name": "bioinf",
                            "network.0.port": "",
                            "network.0.uuid": "afca9459-0eb1-4d67-999f-b07bf3bc99c5",
                            "power_state": "active",
                            "region": "Freiburg",
                            "security_groups.#": "4",
                            "security_groups.2162032504": "egress",
                            "security_groups.3285375897": "public-ssh",
                            "security_groups.3717909635": "public-ping",
                            "security_groups.4276348713": "public-web2",
                            "stop_before_destroy": "false"
                        },
                        "meta": {
                            "e2bfb730-ecaa-11e6-8f88-34363bc7c4c0": {
                                "create": 1800000000000,
                                "delete": 1800000000000,
                                "update": 1800000000000
                            }
                        },
                        "tainted": false
                    },
                    "deposed": [],
                    "provider": "provider.openstack"
                },
                "openstack_compute_instance_v2.test-galaxy": {
                    "type": "openstack_compute_instance_v2",
                    "depends_on": [],
                    "primary": {
                        "id": "6aa53595-e67c-451d-91fb-ee91635968e4",
                        "attributes": {
                            "access_ip_v4": "10.5.68.7",
                            "access_ip_v6": "",
                            "all_metadata.%": "0",
                            "availability_zone": "nova",
                            "flavor_id": "b106b327-7d6e-4f88-825d-11145eb25ad7",
                            "flavor_name": "m1.large",
                            "force_delete": "false",
                            "id": "6aa53595-e67c-451d-91fb-ee91635968e4",
                            "image_id": "0c380004-ddf9-44c3-a81c-d69ad9baaa8e",
                            "image_name": "CentOS 8",
                            "key_pair": "cloud2",
                            "name": "test.internal.usegalaxy.eu",
                            "network.#": "1",
                            "network.0.access_network": "false",
                            "network.0.fixed_ip_v4": "10.5.68.7",
                            "network.0.fixed_ip_v6": "",
                            "network.0.floating_ip": "",
                            "network.0.mac": "fa:16:3e:42:2c:e9",
                            "network.0.name": "bioinf",
                            "network.0.port": "",
                            "network.0.uuid": "afca9459-0eb1-4d67-999f-b07bf3bc99c5",
                            "power_state": "active",
                            "region": "Freiburg",
                            "security_groups.#": "4",
                            "security_groups.2162032504": "egress",
                            "security_groups.3252355216": "ufr-ingress",
                            "security_groups.3717909635": "public-ping",
                            "security_groups.4276348713": "public-web2",
                            "stop_before_destroy": "false",
                            "user_data": "d8e8059e7b5b05c7ffbe06af075e58d748e125e0"
                        },
                        "meta": {
                            "e2bfb730-ecaa-11e6-8f88-34363bc7c4c0": {
                                "create": 1800000000000,
                                "delete": 1800000000000,
                                "update": 1800000000000
                            }
                        },
                        "tainted": false
                    },
                    "deposed": [],
                    "provider": "provider.openstack"
                },
                "openstack_compute_instance_v2.training-vm-eu.0": {
                    "type": "openstack_compute_instance_v2",
                    "depends_on": [
                        "data.openstack_images_image_v2.gat-image-eu",
                        "random_pet.training-vm-eu.*"
                    ],
                    "primary": {
                        "id": "ee16debe-738e-4384-a382-6a21a0f39fa2",
                        "attributes": {
                            "block_device.#": "1",
                            "block_device.0.boot_index": "0",
                            "block_device.0.delete_on_termination": "true",
                            "block_device.0.destination_type": "volume",
                            "block_device.0.device_type": "",
                            "block_device.0.disk_bus": "",
                            "block_device.0.guest_format": "",
                            "block_device.0.source_type": "image",
                            "block_device.0.uuid": "12765cb5-53b6-48a4-b930-16cbcf6a7fc6",
                            "block_device.0.volume_size": "40",
                            "flavor_name": "m1.xlarge",
                            "force_delete": "false",
                            "id": "ee16debe-738e-4384-a382-6a21a0f39fa2",
                            "key_pair": "cloud2",
                            "name": "gat-0.eu.training.galaxyproject.eu",
                            "network.#": "1",
                            "network.0.access_network": "false",
                            "network.0.fixed_ip_v4": "",
                            "network.0.fixed_ip_v6": "",
                            "network.0.floating_ip": "",
                            "network.0.mac": "",
                            "network.0.name": "public",
                            "network.0.port": "",
                            "network.0.uuid": "",
                            "power_state": "active",
                            "security_groups.#": "6",
                            "security_groups.1001664029": "public",
                            "security_groups.2092949500": "public-amqp",
                            "security_groups.2162032504": "egress",
                            "security_groups.3020487849": "public-gat",
                            "security_groups.3717909635": "public-ping",
                            "security_groups.4276348713": "public-web2",
                            "stop_before_destroy": "false",
                            "user_data": "a93d386555e510a3dac2345c53ef2b9037477e58"
                        },
                        "meta": {
                            "e2bfb730-ecaa-11e6-8f88-34363bc7c4c0": {
                                "create": 1800000000000,
                                "delete": 1800000000000,
                                "update": 1800000000000
                            }
                        },
                        "tainted": false
                    },
                    "deposed": [],
                    "provider": "provider.openstack"
                },
                "openstack_compute_instance_v2.training-vm-eu.1": {
                    "type": "openstack_compute_instance_v2",
                    "depends_on": [
                        "data.openstack_images_image_v2.gat-image-eu",
                        "random_pet.training-vm-eu.*"
                    ],
                    "primary": {
                        "id": "e1ba4828-09aa-4dec-8c0d-6023828160c3",
                        "attributes": {
                            "block_device.#": "1",
                            "block_device.0.boot_index": "0",
                            "block_device.0.delete_on_termination": "true",
                            "block_device.0.destination_type": "volume",
                            "block_device.0.device_type": "",
                            "block_device.0.disk_bus": "",
                            "block_device.0.guest_format": "",
                            "block_device.0.source_type": "image",
                            "block_device.0.uuid": "12765cb5-53b6-48a4-b930-16cbcf6a7fc6",
                            "block_device.0.volume_size": "40",
                            "flavor_name": "m1.xlarge",
                            "force_delete": "false",
                            "id": "e1ba4828-09aa-4dec-8c0d-6023828160c3",
                            "key_pair": "cloud2",
                            "name": "gat-1.eu.training.galaxyproject.eu",
                            "network.#": "1",
                            "network.0.access_network": "false",
                            "network.0.fixed_ip_v4": "",
                            "network.0.fixed_ip_v6": "",
                            "network.0.floating_ip": "",
                            "network.0.mac": "",
                            "network.0.name": "public",
                            "network.0.port": "",
                            "network.0.uuid": "",
                            "power_state": "active",
                            "security_groups.#": "6",
                            "security_groups.1001664029": "public",
                            "security_groups.2092949500": "public-amqp",
                            "security_groups.2162032504": "egress",
                            "security_groups.3020487849": "public-gat",
                            "security_groups.3717909635": "public-ping",
                            "security_groups.4276348713": "public-web2",
                            "stop_before_destroy": "false",
                            "user_data": "39670b9512cf9f6c7817540c7f268786ecd40ad8"
                        },
                        "meta": {
                            "e2bfb730-ecaa-11e6-8f88-34363bc7c4c0": {
                                "create": 1800000000000,
                                "delete": 1800000000000,
                                "update": 1800000000000
                            }
                        },
                        "tainted": false
                    },
                    "deposed": [],
                    "provider": "provider.openstack"
                },
                "openstack_compute_instance_v2.training-vm-eu.10": {
                    "type": "openstack_compute_instance_v2",
                    "depends_on": [
                        "data.openstack_images_image_v2.gat-image-eu",
                        "random_pet.training-vm-eu.*"
                    ],
                    "primary": {
                        "id": "76c90f88-0943-47c2-beef-efb71492ca0e",
                        "attributes": {
                            "block_device.#": "1",
                            "block_device.0.boot_index": "0",
                            "block_device.0.delete_on_termination": "true",
                            "block_device.0.destination_type": "volume",
                            "block_device.0.device_type": "",
                            "block_device.0.disk_bus": "",
                            "block_device.0.guest_format": "",
                            "block_device.0.source_type": "image",
                            "block_device.0.uuid": "12765cb5-53b6-48a4-b930-16cbcf6a7fc6",
                            "block_device.0.volume_size": "40",
                            "flavor_name": "m1.xlarge",
                            "force_delete": "false",
                            "id": "76c90f88-0943-47c2-beef-efb71492ca0e",
                            "key_pair": "cloud2",
                            "name": "gat-10.eu.training.galaxyproject.eu",
                            "network.#": "1",
                            "network.0.access_network": "false",
                            "network.0.fixed_ip_v4": "",
                            "network.0.fixed_ip_v6": "",
                            "network.0.floating_ip": "",
                            "network.0.mac": "",
                            "network.0.name": "public",
                            "network.0.port": "",
                            "network.0.uuid": "",
                            "power_state": "active",
                            "security_groups.#": "6",
                            "security_groups.1001664029": "public",
                            "security_groups.2092949500": "public-amqp",
                            "security_groups.2162032504": "egress",
                            "security_groups.3020487849": "public-gat",
                            "security_groups.3717909635": "public-ping",
                            "security_groups.4276348713": "public-web2",
                            "stop_before_destroy": "false",
                            "user_data": "368b84126339c62aed67473f1d0b814c3be8e7e9"
                        },
                        "meta": {
                            "e2bfb730-ecaa-11e6-8f88-34363bc7c4c0": {
                                "create": 1800000000000,
                                "delete": 1800000000000,
                                "update": 1800000000000
                            }
                        },
                        "tainted": false
                    },
                    "deposed": [],
                    "provider": "provider.openstack"
                },
                "openstack_compute_instance_v2.training-vm-eu.11": {
                    "type": "openstack_compute_instance_v2",
                    "depends_on": [
                        "data.openstack_images_image_v2.gat-image-eu",
                        "random_pet.training-vm-eu.*"
                    ],
                    "primary": {
                        "id": "5bb663aa-725c-464f-87e0-d1e7b7ca8de6",
                        "attributes": {
                            "block_device.#": "1",
                            "block_device.0.boot_index": "0",
                            "block_device.0.delete_on_termination": "true",
                            "block_device.0.destination_type": "volume",
                            "block_device.0.device_type": "",
                            "block_device.0.disk_bus": "",
                            "block_device.0.guest_format": "",
                            "block_device.0.source_type": "image",
                            "block_device.0.uuid": "12765cb5-53b6-48a4-b930-16cbcf6a7fc6",
                            "block_device.0.volume_size": "40",
                            "flavor_name": "m1.xlarge",
                            "force_delete": "false",
                            "id": "5bb663aa-725c-464f-87e0-d1e7b7ca8de6",
                            "key_pair": "cloud2",
                            "name": "gat-11.eu.training.galaxyproject.eu",
                            "network.#": "1",
                            "network.0.access_network": "false",
                            "network.0.fixed_ip_v4": "",
                            "network.0.fixed_ip_v6": "",
                            "network.0.floating_ip": "",
                            "network.0.mac": "",
                            "network.0.name": "public",
                            "network.0.port": "",
                            "network.0.uuid": "",
                            "power_state": "active",
                            "security_groups.#": "6",
                            "security_groups.1001664029": "public",
                            "security_groups.2092949500": "public-amqp",
                            "security_groups.2162032504": "egress",
                            "security_groups.3020487849": "public-gat",
                            "security_groups.3717909635": "public-ping",
                            "security_groups.4276348713": "public-web2",
                            "stop_before_destroy": "false",
                            "user_data": "3b6c8081b1719eca8131575baa3e58da7fa8a255"
                        },
                        "meta": {
                            "e2bfb730-ecaa-11e6-8f88-34363bc7c4c0": {
                                "create": 1800000000000,
                                "delete": 1800000000000,
                                "update": 1800000000000
                            }
                        },
                        "tainted": false
                    },
                    "deposed": [],
                    "provider": "provider.openstack"
                },
                "openstack_compute_instance_v2.training-vm-eu.12": {
                    "type": "openstack_compute_instance_v2",
                    "depends_on": [
                        "data.openstack_images_image_v2.gat-image-eu",
                        "random_pet.training-vm-eu.*"
                    ],
                    "primary": {
                        "id": "73950814-4ecd-427a-a591-4698de9c9826",
                        "attributes": {
                            "block_device.#": "1",
                            "block_device.0.boot_index": "0",
                            "block_device.0.delete_on_termination": "true",
                            "block_device.0.destination_type": "volume",
                            "block_device.0.device_type": "",
                            "block_device.0.disk_bus": "",
                            "block_device.0.guest_format": "",
                            "block_device.0.source_type": "image",
                            "block_device.0.uuid": "12765cb5-53b6-48a4-b930-16cbcf6a7fc6",
                            "block_device.0.volume_size": "40",
                            "flavor_name": "m1.xlarge",
                            "force_delete": "false",
                            "id": "73950814-4ecd-427a-a591-4698de9c9826",
                            "key_pair": "cloud2",
                            "name": "gat-12.eu.training.galaxyproject.eu",
                            "network.#": "1",
                            "network.0.access_network": "false",
                            "network.0.fixed_ip_v4": "",
                            "network.0.fixed_ip_v6": "",
                            "network.0.floating_ip": "",
                            "network.0.mac": "",
                            "network.0.name": "public",
                            "network.0.port": "",
                            "network.0.uuid": "",
                            "power_state": "active",
                            "security_groups.#": "6",
                            "security_groups.1001664029": "public",
                            "security_groups.2092949500": "public-amqp",
                            "security_groups.2162032504": "egress",
                            "security_groups.3020487849": "public-gat",
                            "security_groups.3717909635": "public-ping",
                            "security_groups.4276348713": "public-web2",
                            "stop_before_destroy": "false",
                            "user_data": "a5963e2f2bc1e9dcd8e53c23cc236e444a68bc65"
                        },
                        "meta": {
                            "e2bfb730-ecaa-11e6-8f88-34363bc7c4c0": {
                                "create": 1800000000000,
                                "delete": 1800000000000,
                                "update": 1800000000000
                            }
                        },
                        "tainted": false
                    },
                    "deposed": [],
                    "provider": "provider.openstack"
                },
                "openstack_compute_instance_v2.training-vm-eu.13": {
                    "type": "openstack_compute_instance_v2",
                    "depends_on": [
                        "data.openstack_images_image_v2.gat-image-eu",
                        "random_pet.training-vm-eu.*"
                    ],
                    "primary": {
                        "id": "7c0f7ccb-fa0b-4077-8d50-0cf95c9fd61b",
                        "attributes": {
                            "block_device.#": "1",
                            "block_device.0.boot_index": "0",
                            "block_device.0.delete_on_termination": "true",
                            "block_device.0.destination_type": "volume",
                            "block_device.0.device_type": "",
                            "block_device.0.disk_bus": "",
                            "block_device.0.guest_format": "",
                            "block_device.0.source_type": "image",
                            "block_device.0.uuid": "12765cb5-53b6-48a4-b930-16cbcf6a7fc6",
                            "block_device.0.volume_size": "40",
                            "flavor_name": "m1.xlarge",
                            "force_delete": "false",
                            "id": "7c0f7ccb-fa0b-4077-8d50-0cf95c9fd61b",
                            "key_pair": "cloud2",
                            "name": "gat-13.eu.training.galaxyproject.eu",
                            "network.#": "1",
                            "network.0.access_network": "false",
                            "network.0.fixed_ip_v4": "",
                            "network.0.fixed_ip_v6": "",
                            "network.0.floating_ip": "",
                            "network.0.mac": "",
                            "network.0.name": "public",
                            "network.0.port": "",
                            "network.0.uuid": "",
                            "power_state": "active",
                            "security_groups.#": "6",
                            "security_groups.1001664029": "public",
                            "security_groups.2092949500": "public-amqp",
                            "security_groups.2162032504": "egress",
                            "security_groups.3020487849": "public-gat",
                            "security_groups.3717909635": "public-ping",
                            "security_groups.4276348713": "public-web2",
                            "stop_before_destroy": "false",
                            "user_data": "b23d067632771cc47e44ce4c402e8db7bb8ce062"
                        },
                        "meta": {
                            "e2bfb730-ecaa-11e6-8f88-34363bc7c4c0": {
                                "create": 1800000000000,
                                "delete": 1800000000000,
                                "update": 1800000000000
                            }
                        },
                        "tainted": false
                    },
                    "deposed": [],
                    "provider": "provider.openstack"
                },
                "openstack_compute_instance_v2.training-vm-eu.14": {
                    "type": "openstack_compute_instance_v2",
                    "depends_on": [
                        "data.openstack_images_image_v2.gat-image-eu",
                        "random_pet.training-vm-eu.*"
                    ],
                    "primary": {
                        "id": "69542dbd-1ce2-45c0-8cdd-ec013493c50e",
                        "attributes": {
                            "block_device.#": "1",
                            "block_device.0.boot_index": "0",
                            "block_device.0.delete_on_termination": "true",
                            "block_device.0.destination_type": "volume",
                            "block_device.0.device_type": "",
                            "block_device.0.disk_bus": "",
                            "block_device.0.guest_format": "",
                            "block_device.0.source_type": "image",
                            "block_device.0.uuid": "12765cb5-53b6-48a4-b930-16cbcf6a7fc6",
                            "block_device.0.volume_size": "40",
                            "flavor_name": "m1.xlarge",
                            "force_delete": "false",
                            "id": "69542dbd-1ce2-45c0-8cdd-ec013493c50e",
                            "key_pair": "cloud2",
                            "name": "gat-14.eu.training.galaxyproject.eu",
                            "network.#": "1",
                            "network.0.access_network": "false",
                            "network.0.fixed_ip_v4": "",
                            "network.0.fixed_ip_v6": "",
                            "network.0.floating_ip": "",
                            "network.0.mac": "",
                            "network.0.name": "public",
                            "network.0.port": "",
                            "network.0.uuid": "",
                            "power_state": "active",
                            "security_groups.#": "6",
                            "security_groups.1001664029": "public",
                            "security_groups.2092949500": "public-amqp",
                            "security_groups.2162032504": "egress",
                            "security_groups.3020487849": "public-gat",
                            "security_groups.3717909635": "public-ping",
                            "security_groups.4276348713": "public-web2",
                            "stop_before_destroy": "false",
                            "user_data": "666686f1ede93c4081e717a9fb994be29424488c"
                        },
                        "meta": {
                            "e2bfb730-ecaa-11e6-8f88-34363bc7c4c0": {
                                "create": 1800000000000,
                                "delete": 1800000000000,
                                "update": 1800000000000
                            }
                        },
                        "tainted": false
                    },
                    "deposed": [],
                    "provider": "provider.openstack"
                },
                "openstack_compute_instance_v2.training-vm-eu.15": {
                    "type": "openstack_compute_instance_v2",
                    "depends_on": [
                        "data.openstack_images_image_v2.gat-image-eu",
                        "random_pet.training-vm-eu.*"
                    ],
                    "primary": {
                        "id": "d9a5e376-dfe7-4899-9aad-b66b46c87b8c",
                        "attributes": {
                            "block_device.#": "1",
                            "block_device.0.boot_index": "0",
                            "block_device.0.delete_on_termination": "true",
                            "block_device.0.destination_type": "volume",
                            "block_device.0.device_type": "",
                            "block_device.0.disk_bus": "",
                            "block_device.0.guest_format": "",
                            "block_device.0.source_type": "image",
                            "block_device.0.uuid": "12765cb5-53b6-48a4-b930-16cbcf6a7fc6",
                            "block_device.0.volume_size": "40",
                            "flavor_name": "m1.xlarge",
                            "force_delete": "false",
                            "id": "d9a5e376-dfe7-4899-9aad-b66b46c87b8c",
                            "key_pair": "cloud2",
                            "name": "gat-15.eu.training.galaxyproject.eu",
                            "network.#": "1",
                            "network.0.access_network": "false",
                            "network.0.fixed_ip_v4": "",
                            "network.0.fixed_ip_v6": "",
                            "network.0.floating_ip": "",
                            "network.0.mac": "",
                            "network.0.name": "public",
                            "network.0.port": "",
                            "network.0.uuid": "",
                            "power_state": "active",
                            "security_groups.#": "6",
                            "security_groups.1001664029": "public",
                            "security_groups.2092949500": "public-amqp",
                            "security_groups.2162032504": "egress",
                            "security_groups.3020487849": "public-gat",
                            "security_groups.3717909635": "public-ping",
                            "security_groups.4276348713": "public-web2",
                            "stop_before_destroy": "false",
                            "user_data": "2fae8bb06480b8d7a1c1b60048bc03fb52243618"
                        },
                        "meta": {
                            "e2bfb730-ecaa-11e6-8f88-34363bc7c4c0": {
                                "create": 1800000000000,
                                "delete": 1800000000000,
                                "update": 1800000000000
                            }
                        },
                        "tainted": false
                    },
                    "deposed": [],
                    "provider": "provider.openstack"
                },
                "openstack_compute_instance_v2.training-vm-eu.16": {
                    "type": "openstack_compute_instance_v2",
                    "depends_on": [
                        "data.openstack_images_image_v2.gat-image-eu",
                        "random_pet.training-vm-eu.*"
                    ],
                    "primary": {
                        "id": "6d7dc1f7-c410-401b-89c8-40511e4989de",
                        "attributes": {
                            "block_device.#": "1",
                            "block_device.0.boot_index": "0",
                            "block_device.0.delete_on_termination": "true",
                            "block_device.0.destination_type": "volume",
                            "block_device.0.device_type": "",
                            "block_device.0.disk_bus": "",
                            "block_device.0.guest_format": "",
                            "block_device.0.source_type": "image",
                            "block_device.0.uuid": "12765cb5-53b6-48a4-b930-16cbcf6a7fc6",
                            "block_device.0.volume_size": "40",
                            "flavor_name": "m1.xlarge",
                            "force_delete": "false",
                            "id": "6d7dc1f7-c410-401b-89c8-40511e4989de",
                            "key_pair": "cloud2",
                            "name": "gat-16.eu.training.galaxyproject.eu",
                            "network.#": "1",
                            "network.0.access_network": "false",
                            "network.0.fixed_ip_v4": "",
                            "network.0.fixed_ip_v6": "",
                            "network.0.floating_ip": "",
                            "network.0.mac": "",
                            "network.0.name": "public",
                            "network.0.port": "",
                            "network.0.uuid": "",
                            "power_state": "active",
                            "security_groups.#": "6",
                            "security_groups.1001664029": "public",
                            "security_groups.2092949500": "public-amqp",
                            "security_groups.2162032504": "egress",
                            "security_groups.3020487849": "public-gat",
                            "security_groups.3717909635": "public-ping",
                            "security_groups.4276348713": "public-web2",
                            "stop_before_destroy": "false",
                            "user_data": "397fb96107ecee12d6d9085b7b578eadf9a99946"
                        },
                        "meta": {
                            "e2bfb730-ecaa-11e6-8f88-34363bc7c4c0": {
                                "create": 1800000000000,
                                "delete": 1800000000000,
                                "update": 1800000000000
                            }
                        },
                        "tainted": false
                    },
                    "deposed": [],
                    "provider": "provider.openstack"
                },
                "openstack_compute_instance_v2.training-vm-eu.17": {
                    "type": "openstack_compute_instance_v2",
                    "depends_on": [
                        "data.openstack_images_image_v2.gat-image-eu",
                        "random_pet.training-vm-eu.*"
                    ],
                    "primary": {
                        "id": "adb5ed33-4848-4262-91b5-1e2aa98ceb6b",
                        "attributes": {
                            "block_device.#": "1",
                            "block_device.0.boot_index": "0",
                            "block_device.0.delete_on_termination": "true",
                            "block_device.0.destination_type": "volume",
                            "block_device.0.device_type": "",
                            "block_device.0.disk_bus": "",
                            "block_device.0.guest_format": "",
                            "block_device.0.source_type": "image",
                            "block_device.0.uuid": "12765cb5-53b6-48a4-b930-16cbcf6a7fc6",
                            "block_device.0.volume_size": "40",
                            "flavor_name": "m1.xlarge",
                            "force_delete": "false",
                            "id": "adb5ed33-4848-4262-91b5-1e2aa98ceb6b",
                            "key_pair": "cloud2",
                            "name": "gat-17.eu.training.galaxyproject.eu",
                            "network.#": "1",
                            "network.0.access_network": "false",
                            "network.0.fixed_ip_v4": "",
                            "network.0.fixed_ip_v6": "",
                            "network.0.floating_ip": "",
                            "network.0.mac": "",
                            "network.0.name": "public",
                            "network.0.port": "",
                            "network.0.uuid": "",
                            "power_state": "active",
                            "security_groups.#": "6",
                            "security_groups.1001664029": "public",
                            "security_groups.2092949500": "public-amqp",
                            "security_groups.2162032504": "egress",
                            "security_groups.3020487849": "public-gat",
                            "security_groups.3717909635": "public-ping",
                            "security_groups.4276348713": "public-web2",
                            "stop_before_destroy": "false",
                            "user_data": "6dc492415903031efae5419a8c3af1d2d8306a7b"
                        },
                        "meta": {
                            "e2bfb730-ecaa-11e6-8f88-34363bc7c4c0": {
                                "create": 1800000000000,
                                "delete": 1800000000000,
                                "update": 1800000000000
                            }
                        },
                        "tainted": false
                    },
                    "deposed": [],
                    "provider": "provider.openstack"
                },
                "openstack_compute_instance_v2.training-vm-eu.18": {
                    "type": "openstack_compute_instance_v2",
                    "depends_on": [
                        "data.openstack_images_image_v2.gat-image-eu",
                        "random_pet.training-vm-eu.*"
                    ],
                    "primary": {
                        "id": "826aee9c-16b3-49a1-ad1b-bd01d2a294ac",
                        "attributes": {
                            "block_device.#": "1",
                            "block_device.0.boot_index": "0",
                            "block_device.0.delete_on_termination": "true",
                            "block_device.0.destination_type": "volume",
                            "block_device.0.device_type": "",
                            "block_device.0.disk_bus": "",
                            "block_device.0.guest_format": "",
                            "block_device.0.source_type": "image",
                            "block_device.0.uuid": "12765cb5-53b6-48a4-b930-16cbcf6a7fc6",
                            "block_device.0.volume_size": "40",
                            "flavor_name": "m1.xlarge",
                            "force_delete": "false",
                            "id": "826aee9c-16b3-49a1-ad1b-bd01d2a294ac",
                            "key_pair": "cloud2",
                            "name": "gat-18.eu.training.galaxyproject.eu",
                            "network.#": "1",
                            "network.0.access_network": "false",
                            "network.0.fixed_ip_v4": "",
                            "network.0.fixed_ip_v6": "",
                            "network.0.floating_ip": "",
                            "network.0.mac": "",
                            "network.0.name": "public",
                            "network.0.port": "",
                            "network.0.uuid": "",
                            "power_state": "active",
                            "security_groups.#": "6",
                            "security_groups.1001664029": "public",
                            "security_groups.2092949500": "public-amqp",
                            "security_groups.2162032504": "egress",
                            "security_groups.3020487849": "public-gat",
                            "security_groups.3717909635": "public-ping",
                            "security_groups.4276348713": "public-web2",
                            "stop_before_destroy": "false",
                            "user_data": "22c2099af124858e8269e7f6c4faab308817745f"
                        },
                        "meta": {
                            "e2bfb730-ecaa-11e6-8f88-34363bc7c4c0": {
                                "create": 1800000000000,
                                "delete": 1800000000000,
                                "update": 1800000000000
                            }
                        },
                        "tainted": false
                    },
                    "deposed": [],
                    "provider": "provider.openstack"
                },
                "openstack_compute_instance_v2.training-vm-eu.19": {
                    "type": "openstack_compute_instance_v2",
                    "depends_on": [
                        "data.openstack_images_image_v2.gat-image-eu",
                        "random_pet.training-vm-eu.*"
                    ],
                    "primary": {
                        "id": "320d2df2-e695-4ea4-aafc-c1824b16ce53",
                        "attributes": {
                            "block_device.#": "1",
                            "block_device.0.boot_index": "0",
                            "block_device.0.delete_on_termination": "true",
                            "block_device.0.destination_type": "volume",
                            "block_device.0.device_type": "",
                            "block_device.0.disk_bus": "",
                            "block_device.0.guest_format": "",
                            "block_device.0.source_type": "image",
                            "block_device.0.uuid": "12765cb5-53b6-48a4-b930-16cbcf6a7fc6",
                            "block_device.0.volume_size": "40",
                            "flavor_name": "m1.xlarge",
                            "force_delete": "false",
                            "id": "320d2df2-e695-4ea4-aafc-c1824b16ce53",
                            "key_pair": "cloud2",
                            "name": "gat-19.eu.training.galaxyproject.eu",
                            "network.#": "1",
                            "network.0.access_network": "false",
                            "network.0.fixed_ip_v4": "",
                            "network.0.fixed_ip_v6": "",
                            "network.0.floating_ip": "",
                            "network.0.mac": "",
                            "network.0.name": "public",
                            "network.0.port": "",
                            "network.0.uuid": "",
                            "power_state": "active",
                            "security_groups.#": "6",
                            "security_groups.1001664029": "public",
                            "security_groups.2092949500": "public-amqp",
                            "security_groups.2162032504": "egress",
                            "security_groups.3020487849": "public-gat",
                            "security_groups.3717909635": "public-ping",
                            "security_groups.4276348713": "public-web2",
                            "stop_before_destroy": "false",
                            "user_data": "a344c03498ac642d5b9719c6a2ed48f713da2eae"
                        },
                        "meta": {
                            "e2bfb730-ecaa-11e6-8f88-34363bc7c4c0": {
                                "create": 1800000000000,
                                "delete": 1800000000000,
                                "update": 1800000000000
                            }
                        },
                        "tainted": false
                    },
                    "deposed": [],
                    "provider": "provider.openstack"
                },
                "openstack_compute_instance_v2.training-vm-eu.2": {
                    "type": "openstack_compute_instance_v2",
                    "depends_on": [
                        "data.openstack_images_image_v2.gat-image-eu",
                        "random_pet.training-vm-eu.*"
                    ],
                    "primary": {
                        "id": "68d16e6b-019e-4c1e-aecd-17815df8ffdb",
                        "attributes": {
                            "block_device.#": "1",
                            "block_device.0.boot_index": "0",
                            "block_device.0.delete_on_termination": "true",
                            "block_device.0.destination_type": "volume",
                            "block_device.0.device_type": "",
                            "block_device.0.disk_bus": "",
                            "block_device.0.guest_format": "",
                            "block_device.0.source_type": "image",
                            "block_device.0.uuid": "12765cb5-53b6-48a4-b930-16cbcf6a7fc6",
                            "block_device.0.volume_size": "40",
                            "flavor_name": "m1.xlarge",
                            "force_delete": "false",
                            "id": "68d16e6b-019e-4c1e-aecd-17815df8ffdb",
                            "key_pair": "cloud2",
                            "name": "gat-2.eu.training.galaxyproject.eu",
                            "network.#": "1",
                            "network.0.access_network": "false",
                            "network.0.fixed_ip_v4": "",
                            "network.0.fixed_ip_v6": "",
                            "network.0.floating_ip": "",
                            "network.0.mac": "",
                            "network.0.name": "public",
                            "network.0.port": "",
                            "network.0.uuid": "",
                            "power_state": "active",
                            "security_groups.#": "6",
                            "security_groups.1001664029": "public",
                            "security_groups.2092949500": "public-amqp",
                            "security_groups.2162032504": "egress",
                            "security_groups.3020487849": "public-gat",
                            "security_groups.3717909635": "public-ping",
                            "security_groups.4276348713": "public-web2",
                            "stop_before_destroy": "false",
                            "user_data": "3258433c99d44fbc18a49ccbcc1772d1ce5b96d1"
                        },
                        "meta": {
                            "e2bfb730-ecaa-11e6-8f88-34363bc7c4c0": {
                                "create": 1800000000000,
                                "delete": 1800000000000,
                                "update": 1800000000000
                            }
                        },
                        "tainted": false
                    },
                    "deposed": [],
                    "provider": "provider.openstack"
                },
                "openstack_compute_instance_v2.training-vm-eu.20": {
                    "type": "openstack_compute_instance_v2",
                    "depends_on": [
                        "data.openstack_images_image_v2.gat-image-eu",
                        "random_pet.training-vm-eu.*"
                    ],
                    "primary": {
                        "id": "18e5f558-3f1b-41bc-bc92-a9d24c6ed9fb",
                        "attributes": {
                            "block_device.#": "1",
                            "block_device.0.boot_index": "0",
                            "block_device.0.delete_on_termination": "true",
                            "block_device.0.destination_type": "volume",
                            "block_device.0.device_type": "",
                            "block_device.0.disk_bus": "",
                            "block_device.0.guest_format": "",
                            "block_device.0.source_type": "image",
                            "block_device.0.uuid": "12765cb5-53b6-48a4-b930-16cbcf6a7fc6",
                            "block_device.0.volume_size": "40",
                            "flavor_name": "m1.xlarge",
                            "force_delete": "false",
                            "id": "18e5f558-3f1b-41bc-bc92-a9d24c6ed9fb",
                            "key_pair": "cloud2",
                            "name": "gat-20.eu.training.galaxyproject.eu",
                            "network.#": "1",
                            "network.0.access_network": "false",
                            "network.0.fixed_ip_v4": "",
                            "network.0.fixed_ip_v6": "",
                            "network.0.floating_ip": "",
                            "network.0.mac": "",
                            "network.0.name": "public",
                            "network.0.port": "",
                            "network.0.uuid": "",
                            "power_state": "active",
                            "security_groups.#": "6",
                            "security_groups.1001664029": "public",
                            "security_groups.2092949500": "public-amqp",
                            "security_groups.2162032504": "egress",
                            "security_groups.3020487849": "public-gat",
                            "security_groups.3717909635": "public-ping",
                            "security_groups.4276348713": "public-web2",
                            "stop_before_destroy": "false",
                            "user_data": "74c830e6c92451f9286d306e77071029fa13e612"
                        },
                        "meta": {
                            "e2bfb730-ecaa-11e6-8f88-34363bc7c4c0": {
                                "create": 1800000000000,
                                "delete": 1800000000000,
                                "update": 1800000000000
                            }
                        },
                        "tainted": false
                    },
                    "deposed": [],
                    "provider": "provider.openstack"
                },
                "openstack_compute_instance_v2.training-vm-eu.21": {
                    "type": "openstack_compute_instance_v2",
                    "depends_on": [
                        "data.openstack_images_image_v2.gat-image-eu",
                        "random_pet.training-vm-eu.*"
                    ],
                    "primary": {
                        "id": "9920cd78-69ce-452a-945d-86367c0584bb",
                        "attributes": {
                            "block_device.#": "1",
                            "block_device.0.boot_index": "0",
                            "block_device.0.delete_on_termination": "true",
                            "block_device.0.destination_type": "volume",
                            "block_device.0.device_type": "",
                            "block_device.0.disk_bus": "",
                            "block_device.0.guest_format": "",
                            "block_device.0.source_type": "image",
                            "block_device.0.uuid": "12765cb5-53b6-48a4-b930-16cbcf6a7fc6",
                            "block_device.0.volume_size": "40",
                            "flavor_name": "m1.xlarge",
                            "force_delete": "false",
                            "id": "9920cd78-69ce-452a-945d-86367c0584bb",
                            "key_pair": "cloud2",
                            "name": "gat-21.eu.training.galaxyproject.eu",
                            "network.#": "1",
                            "network.0.access_network": "false",
                            "network.0.fixed_ip_v4": "",
                            "network.0.fixed_ip_v6": "",
                            "network.0.floating_ip": "",
                            "network.0.mac": "",
                            "network.0.name": "public",
                            "network.0.port": "",
                            "network.0.uuid": "",
                            "power_state": "active",
                            "security_groups.#": "6",
                            "security_groups.1001664029": "public",
                            "security_groups.2092949500": "public-amqp",
                            "security_groups.2162032504": "egress",
                            "security_groups.3020487849": "public-gat",
                            "security_groups.3717909635": "public-ping",
                            "security_groups.4276348713": "public-web2",
                            "stop_before_destroy": "false",
                            "user_data": "2578d610ab0d5576c725e0a70f832a3e4b1d1b9a"
                        },
                        "meta": {
                            "e2bfb730-ecaa-11e6-8f88-34363bc7c4c0": {
                                "create": 1800000000000,
                                "delete": 1800000000000,
                                "update": 1800000000000
                            }
                        },
                        "tainted": false
                    },
                    "deposed": [],
                    "provider": "provider.openstack"
                },
                "openstack_compute_instance_v2.training-vm-eu.22": {
                    "type": "openstack_compute_instance_v2",
                    "depends_on": [
                        "data.openstack_images_image_v2.gat-image-eu",
                        "random_pet.training-vm-eu.*"
                    ],
                    "primary": {
                        "id": "12645da0-a976-45f7-bd73-f6b8021fa06a",
                        "attributes": {
                            "block_device.#": "1",
                            "block_device.0.boot_index": "0",
                            "block_device.0.delete_on_termination": "true",
                            "block_device.0.destination_type": "volume",
                            "block_device.0.device_type": "",
                            "block_device.0.disk_bus": "",
                            "block_device.0.guest_format": "",
                            "block_device.0.source_type": "image",
                            "block_device.0.uuid": "12765cb5-53b6-48a4-b930-16cbcf6a7fc6",
                            "block_device.0.volume_size": "40",
                            "flavor_name": "m1.xlarge",
                            "force_delete": "false",
                            "id": "12645da0-a976-45f7-bd73-f6b8021fa06a",
                            "key_pair": "cloud2",
                            "name": "gat-22.eu.training.galaxyproject.eu",
                            "network.#": "1",
                            "network.0.access_network": "false",
                            "network.0.fixed_ip_v4": "",
                            "network.0.fixed_ip_v6": "",
                            "network.0.floating_ip": "",
                            "network.0.mac": "",
                            "network.0.name": "public",
                            "network.0.port": "",
                            "network.0.uuid": "",
                            "power_state": "active",
                            "security_groups.#": "6",
                            "security_groups.1001664029": "public",
                            "security_groups.2092949500": "public-amqp",
                            "security_groups.2162032504": "egress",
                            "security_groups.3020487849": "public-gat",
                            "security_groups.3717909635": "public-ping",
                            "security_groups.4276348713": "public-web2",
                            "stop_before_destroy": "false",
                            "user_data": "d12ae3bcb551d8f8b6394f9a4914deb4bf11f150"
                        },
                        "meta": {
                            "e2bfb730-ecaa-11e6-8f88-34363bc7c4c0": {
                                "create": 1800000000000,
                                "delete": 1800000000000,
                                "update": 1800000000000
                            }
                        },
                        "tainted": false
                    },
                    "deposed": [],
                    "provider": "provider.openstack"
                },
                "openstack_compute_instance_v2.training-vm-eu.23": {
                    "type": "openstack_compute_instance_v2",
                    "depends_on": [
                        "data.openstack_images_image_v2.gat-image-eu",
                        "random_pet.training-vm-eu.*"
                    ],
                    "primary": {
                        "id": "d93a57f9-d34b-44c8-a731-8c983d230a86",
                        "attributes": {
                            "block_device.#": "1",
                            "block_device.0.boot_index": "0",
                            "block_device.0.delete_on_termination": "true",
                            "block_device.0.destination_type": "volume",
                            "block_device.0.device_type": "",
                            "block_device.0.disk_bus": "",
                            "block_device.0.guest_format": "",
                            "block_device.0.source_type": "image",
                            "block_device.0.uuid": "12765cb5-53b6-48a4-b930-16cbcf6a7fc6",
                            "block_device.0.volume_size": "40",
                            "flavor_name": "m1.xlarge",
                            "force_delete": "false",
                            "id": "d93a57f9-d34b-44c8-a731-8c983d230a86",
                            "key_pair": "cloud2",
                            "name": "gat-23.eu.training.galaxyproject.eu",
                            "network.#": "1",
                            "network.0.access_network": "false",
                            "network.0.fixed_ip_v4": "",
                            "network.0.fixed_ip_v6": "",
                            "network.0.floating_ip": "",
                            "network.0.mac": "",
                            "network.0.name": "public",
                            "network.0.port": "",
                            "network.0.uuid": "",
                            "power_state": "active",
                            "security_groups.#": "6",
                            "security_groups.1001664029": "public",
                            "security_groups.2092949500": "public-amqp",
                            "security_groups.2162032504": "egress",
                            "security_groups.3020487849": "public-gat",
                            "security_groups.3717909635": "public-ping",
                            "security_groups.4276348713": "public-web2",
                            "stop_before_destroy": "false",
                            "user_data": "5c29e815575a61715ad4993ecf1de697562b32b3"
                        },
                        "meta": {
                            "e2bfb730-ecaa-11e6-8f88-34363bc7c4c0": {
                                "create": 1800000000000,
                                "delete": 1800000000000,
                                "update": 1800000000000
                            }
                        },
                        "tainted": false
                    },
                    "deposed": [],
                    "provider": "provider.openstack"
                },
                "openstack_compute_instance_v2.training-vm-eu.24": {
                    "type": "openstack_compute_instance_v2",
                    "depends_on": [
                        "data.openstack_images_image_v2.gat-image-eu",
                        "random_pet.training-vm-eu.*"
                    ],
                    "primary": {
                        "id": "31fe9bac-b633-4cec-ba35-c3330a082101",
                        "attributes": {
                            "block_device.#": "1",
                            "block_device.0.boot_index": "0",
                            "block_device.0.delete_on_termination": "true",
                            "block_device.0.destination_type": "volume",
                            "block_device.0.device_type": "",
                            "block_device.0.disk_bus": "",
                            "block_device.0.guest_format": "",
                            "block_device.0.source_type": "image",
                            "block_device.0.uuid": "12765cb5-53b6-48a4-b930-16cbcf6a7fc6",
                            "block_device.0.volume_size": "40",
                            "flavor_name": "m1.xlarge",
                            "force_delete": "false",
                            "id": "31fe9bac-b633-4cec-ba35-c3330a082101",
                            "key_pair": "cloud2",
                            "name": "gat-24.eu.training.galaxyproject.eu",
                            "network.#": "1",
                            "network.0.access_network": "false",
                            "network.0.fixed_ip_v4": "",
                            "network.0.fixed_ip_v6": "",
                            "network.0.floating_ip": "",
                            "network.0.mac": "",
                            "network.0.name": "public",
                            "network.0.port": "",
                            "network.0.uuid": "",
                            "power_state": "active",
                            "security_groups.#": "6",
                            "security_groups.1001664029": "public",
                            "security_groups.2092949500": "public-amqp",
                            "security_groups.2162032504": "egress",
                            "security_groups.3020487849": "public-gat",
                            "security_groups.3717909635": "public-ping",
                            "security_groups.4276348713": "public-web2",
                            "stop_before_destroy": "false",
                            "user_data": "8830e96c874bdd1b7c33fe90900bbe1cbaaa92b1"
                        },
                        "meta": {
                            "e2bfb730-ecaa-11e6-8f88-34363bc7c4c0": {
                                "create": 1800000000000,
                                "delete": 1800000000000,
                                "update": 1800000000000
                            }
                        },
                        "tainted": false
                    },
                    "deposed": [],
                    "provider": "provider.openstack"
                },
                "openstack_compute_instance_v2.training-vm-eu.25": {
                    "type": "openstack_compute_instance_v2",
                    "depends_on": [
                        "data.openstack_images_image_v2.gat-image-eu",
                        "random_pet.training-vm-eu.*"
                    ],
                    "primary": {
                        "id": "d1c76a97-ce4f-41b6-b772-4871610b8dcb",
                        "attributes": {
                            "block_device.#": "1",
                            "block_device.0.boot_index": "0",
                            "block_device.0.delete_on_termination": "true",
                            "block_device.0.destination_type": "volume",
                            "block_device.0.device_type": "",
                            "block_device.0.disk_bus": "",
                            "block_device.0.guest_format": "",
                            "block_device.0.source_type": "image",
                            "block_device.0.uuid": "12765cb5-53b6-48a4-b930-16cbcf6a7fc6",
                            "block_device.0.volume_size": "40",
                            "flavor_name": "m1.xlarge",
                            "force_delete": "false",
                            "id": "d1c76a97-ce4f-41b6-b772-4871610b8dcb",
                            "key_pair": "cloud2",
                            "name": "gat-25.eu.training.galaxyproject.eu",
                            "network.#": "1",
                            "network.0.access_network": "false",
                            "network.0.fixed_ip_v4": "",
                            "network.0.fixed_ip_v6": "",
                            "network.0.floating_ip": "",
                            "network.0.mac": "",
                            "network.0.name": "public",
                            "network.0.port": "",
                            "network.0.uuid": "",
                            "power_state": "active",
                            "security_groups.#": "6",
                            "security_groups.1001664029": "public",
                            "security_groups.2092949500": "public-amqp",
                            "security_groups.2162032504": "egress",
                            "security_groups.3020487849": "public-gat",
                            "security_groups.3717909635": "public-ping",
                            "security_groups.4276348713": "public-web2",
                            "stop_before_destroy": "false",
                            "user_data": "eb7ac5519fba65911cb90fc14679e51d992a021a"
                        },
                        "meta": {
                            "e2bfb730-ecaa-11e6-8f88-34363bc7c4c0": {
                                "create": 1800000000000,
                                "delete": 1800000000000,
                                "update": 1800000000000
                            }
                        },
                        "tainted": false
                    },
                    "deposed": [],
                    "provider": "provider.openstack"
                },
                "openstack_compute_instance_v2.training-vm-eu.26": {
                    "type": "openstack_compute_instance_v2",
                    "depends_on": [
                        "data.openstack_images_image_v2.gat-image-eu",
                        "random_pet.training-vm-eu.*"
                    ],
                    "primary": {
                        "id": "8fa63750-d209-4252-8012-840c3a10a0f9",
                        "attributes": {
                            "block_device.#": "1",
                            "block_device.0.boot_index": "0",
                            "block_device.0.delete_on_termination": "true",
                            "block_device.0.destination_type": "volume",
                            "block_device.0.device_type": "",
                            "block_device.0.disk_bus": "",
                            "block_device.0.guest_format": "",
                            "block_device.0.source_type": "image",
                            "block_device.0.uuid": "12765cb5-53b6-48a4-b930-16cbcf6a7fc6",
                            "block_device.0.volume_size": "40",
                            "flavor_name": "m1.xlarge",
                            "force_delete": "false",
                            "id": "8fa63750-d209-4252-8012-840c3a10a0f9",
                            "key_pair": "cloud2",
                            "name": "gat-26.eu.training.galaxyproject.eu",
                            "network.#": "1",
                            "network.0.access_network": "false",
                            "network.0.fixed_ip_v4": "",
                            "network.0.fixed_ip_v6": "",
                            "network.0.floating_ip": "",
                            "network.0.mac": "",
                            "network.0.name": "public",
                            "network.0.port": "",
                            "network.0.uuid": "",
                            "power_state": "active",
                            "security_groups.#": "6",
                            "security_groups.1001664029": "public",
                            "security_groups.2092949500": "public-amqp",
                            "security_groups.2162032504": "egress",
                            "security_groups.3020487849": "public-gat",
                            "security_groups.3717909635": "public-ping",
                            "security_groups.4276348713": "public-web2",
                            "stop_before_destroy": "false",
                            "user_data": "997c667f45d409490127f608b27fcd0aaf2ba6da"
                        },
                        "meta": {
                            "e2bfb730-ecaa-11e6-8f88-34363bc7c4c0": {
                                "create": 1800000000000,
                                "delete": 1800000000000,
                                "update": 1800000000000
                            }
                        },
                        "tainted": false
                    },
                    "deposed": [],
                    "provider": "provider.openstack"
                },
                "openstack_compute_instance_v2.training-vm-eu.27": {
                    "type": "openstack_compute_instance_v2",
                    "depends_on": [
                        "data.openstack_images_image_v2.gat-image-eu",
                        "random_pet.training-vm-eu.*"
                    ],
                    "primary": {
                        "id": "209f8279-9597-4633-82f2-6e6eab9d382c",
                        "attributes": {
                            "block_device.#": "1",
                            "block_device.0.boot_index": "0",
                            "block_device.0.delete_on_termination": "true",
                            "block_device.0.destination_type": "volume",
                            "block_device.0.device_type": "",
                            "block_device.0.disk_bus": "",
                            "block_device.0.guest_format": "",
                            "block_device.0.source_type": "image",
                            "block_device.0.uuid": "12765cb5-53b6-48a4-b930-16cbcf6a7fc6",
                            "block_device.0.volume_size": "40",
                            "flavor_name": "m1.xlarge",
                            "force_delete": "false",
                            "id": "209f8279-9597-4633-82f2-6e6eab9d382c",
                            "key_pair": "cloud2",
                            "name": "gat-27.eu.training.galaxyproject.eu",
                            "network.#": "1",
                            "network.0.access_network": "false",
                            "network.0.fixed_ip_v4": "",
                            "network.0.fixed_ip_v6": "",
                            "network.0.floating_ip": "",
                            "network.0.mac": "",
                            "network.0.name": "public",
                            "network.0.port": "",
                            "network.0.uuid": "",
                            "power_state": "active",
                            "security_groups.#": "6",
                            "security_groups.1001664029": "public",
                            "security_groups.2092949500": "public-amqp",
                            "security_groups.2162032504": "egress",
                            "security_groups.3020487849": "public-gat",
                            "security_groups.3717909635": "public-ping",
                            "security_groups.4276348713": "public-web2",
                            "stop_before_destroy": "false",
                            "user_data": "5a93f36e5f257276a67a6c2ab64cacbbfba411ff"
                        },
                        "meta": {
                            "e2bfb730-ecaa-11e6-8f88-34363bc7c4c0": {
                                "create": 1800000000000,
                                "delete": 1800000000000,
                                "update": 1800000000000
                            }
                        },
                        "tainted": false
                    },
                    "deposed": [],
                    "provider": "provider.openstack"
                },
                "openstack_compute_instance_v2.training-vm-eu.28": {
                    "type": "openstack_compute_instance_v2",
                    "depends_on": [
                        "data.openstack_images_image_v2.gat-image-eu",
                        "random_pet.training-vm-eu.*"
                    ],
                    "primary": {
                        "id": "017579bd-436c-4984-a8b3-be432a4c8153",
                        "attributes": {
                            "block_device.#": "1",
                            "block_device.0.boot_index": "0",
                            "block_device.0.delete_on_termination": "true",
                            "block_device.0.destination_type": "volume",
                            "block_device.0.device_type": "",
                            "block_device.0.disk_bus": "",
                            "block_device.0.guest_format": "",
                            "block_device.0.source_type": "image",
                            "block_device.0.uuid": "12765cb5-53b6-48a4-b930-16cbcf6a7fc6",
                            "block_device.0.volume_size": "40",
                            "flavor_name": "m1.xlarge",
                            "force_delete": "false",
                            "id": "017579bd-436c-4984-a8b3-be432a4c8153",
                            "key_pair": "cloud2",
                            "name": "gat-28.eu.training.galaxyproject.eu",
                            "network.#": "1",
                            "network.0.access_network": "false",
                            "network.0.fixed_ip_v4": "",
                            "network.0.fixed_ip_v6": "",
                            "network.0.floating_ip": "",
                            "network.0.mac": "",
                            "network.0.name": "public",
                            "network.0.port": "",
                            "network.0.uuid": "",
                            "power_state": "active",
                            "security_groups.#": "6",
                            "security_groups.1001664029": "public",
                            "security_groups.2092949500": "public-amqp",
                            "security_groups.2162032504": "egress",
                            "security_groups.3020487849": "public-gat",
                            "security_groups.3717909635": "public-ping",
                            "security_groups.4276348713": "public-web2",
                            "stop_before_destroy": "false",
                            "user_data": "49a759852c7827fb5b38c1493f0ba318c780d2b7"
                        },
                        "meta": {
                            "e2bfb730-ecaa-11e6-8f88-34363bc7c4c0": {
                                "create": 1800000000000,
                                "delete": 1800000000000,
                                "update": 1800000000000
                            }
                        },
                        "tainted": false
                    },
                    "deposed": [],
                    "provider": "provider.openstack"
                },
                "openstack_compute_instance_v2.training-vm-eu.29": {
                    "type": "openstack_compute_instance_v2",
                    "depends_on": [
                        "data.openstack_images_image_v2.gat-image-eu",
                        "random_pet.training-vm-eu.*"
                    ],
                    "primary": {
                        "id": "2f2b4e69-5b2b-4f13-a930-1b1434cfb27e",
                        "attributes": {
                            "block_device.#": "1",
                            "block_device.0.boot_index": "0",
                            "block_device.0.delete_on_termination": "true",
                            "block_device.0.destination_type": "volume",
                            "block_device.0.device_type": "",
                            "block_device.0.disk_bus": "",
                            "block_device.0.guest_format": "",
                            "block_device.0.source_type": "image",
                            "block_device.0.uuid": "12765cb5-53b6-48a4-b930-16cbcf6a7fc6",
                            "block_device.0.volume_size": "40",
                            "flavor_name": "m1.xlarge",
                            "force_delete": "false",
                            "id": "2f2b4e69-5b2b-4f13-a930-1b1434cfb27e",
                            "key_pair": "cloud2",
                            "name": "gat-29.eu.training.galaxyproject.eu",
                            "network.#": "1",
                            "network.0.access_network": "false",
                            "network.0.fixed_ip_v4": "",
                            "network.0.fixed_ip_v6": "",
                            "network.0.floating_ip": "",
                            "network.0.mac": "",
                            "network.0.name": "public",
                            "network.0.port": "",
                            "network.0.uuid": "",
                            "power_state": "active",
                            "security_groups.#": "6",
                            "security_groups.1001664029": "public",
                            "security_groups.2092949500": "public-amqp",
                            "security_groups.2162032504": "egress",
                            "security_groups.3020487849": "public-gat",
                            "security_groups.3717909635": "public-ping",
                            "security_groups.4276348713": "public-web2",
                            "stop_before_destroy": "false",
                            "user_data": "8a2a582c902996e8124b4d73f467b96b4381f02b"
                        },
                        "meta": {
                            "e2bfb730-ecaa-11e6-8f88-34363bc7c4c0": {
                                "create": 1800000000000,
                                "delete": 1800000000000,
                                "update": 1800000000000
                            }
                        },
                        "tainted": false
                    },
                    "deposed": [],
                    "provider": "provider.openstack"
                },
                "openstack_compute_instance_v2.training-vm-eu.3": {
                    "type": "openstack_compute_instance_v2",
                    "depends_on": [
                        "data.openstack_images_image_v2.gat-image-eu",
                        "random_pet.training-vm-eu.*"
                    ],
                    "primary": {
                        "id": "16b91428-8006-4567-ada3-db5f783f6761",
                        "attributes": {
                            "block_device.#": "1",
                            "block_device.0.boot_index": "0",
                            "block_device.0.delete_on_termination": "true",
                            "block_device.0.destination_type": "volume",
                            "block_device.0.device_type": "",
                            "block_device.0.disk_bus": "",
                            "block_device.0.guest_format": "",
                            "block_device.0.source_type": "image",
                            "block_device.0.uuid": "12765cb5-53b6-48a4-b930-16cbcf6a7fc6",
                            "block_device.0.volume_size": "40",
                            "flavor_name": "m1.xlarge",
                            "force_delete": "false",
                            "id": "16b91428-8006-4567-ada3-db5f783f6761",
                            "key_pair": "cloud2",
                            "name": "gat-3.eu.training.galaxyproject.eu",
                            "network.#": "1",
                            "network.0.access_network": "false",
                            "network.0.fixed_ip_v4": "",
                            "network.0.fixed_ip_v6": "",
                            "network.0.floating_ip": "",
                            "network.0.mac": "",
                            "network.0.name": "public",
                            "network.0.port": "",
                            "network.0.uuid": "",
                            "power_state": "active",
                            "security_groups.#": "6",
                            "security_groups.1001664029": "public",
                            "security_groups.2092949500": "public-amqp",
                            "security_groups.2162032504": "egress",
                            "security_groups.3020487849": "public-gat",
                            "security_groups.3717909635": "public-ping",
                            "security_groups.4276348713": "public-web2",
                            "stop_before_destroy": "false",
                            "user_data": "3bbbae7aca1234a0c5cd615dcec3663774f83af0"
                        },
                        "meta": {
                            "e2bfb730-ecaa-11e6-8f88-34363bc7c4c0": {
                                "create": 1800000000000,
                                "delete": 1800000000000,
                                "update": 1800000000000
                            }
                        },
                        "tainted": false
                    },
                    "deposed": [],
                    "provider": "provider.openstack"
                },
                "openstack_compute_instance_v2.training-vm-eu.4": {
                    "type": "openstack_compute_instance_v2",
                    "depends_on": [
                        "data.openstack_images_image_v2.gat-image-eu",
                        "random_pet.training-vm-eu.*"
                    ],
                    "primary": {
                        "id": "63e945b5-c854-4f54-b909-56e63b7ea83c",
                        "attributes": {
                            "block_device.#": "1",
                            "block_device.0.boot_index": "0",
                            "block_device.0.delete_on_termination": "true",
                            "block_device.0.destination_type": "volume",
                            "block_device.0.device_type": "",
                            "block_device.0.disk_bus": "",
                            "block_device.0.guest_format": "",
                            "block_device.0.source_type": "image",
                            "block_device.0.uuid": "12765cb5-53b6-48a4-b930-16cbcf6a7fc6",
                            "block_device.0.volume_size": "40",
                            "flavor_name": "m1.xlarge",
                            "force_delete": "false",
                            "id": "63e945b5-c854-4f54-b909-56e63b7ea83c",
                            "key_pair": "cloud2",
                            "name": "gat-4.eu.training.galaxyproject.eu",
                            "network.#": "1",
                            "network.0.access_network": "false",
                            "network.0.fixed_ip_v4": "",
                            "network.0.fixed_ip_v6": "",
                            "network.0.floating_ip": "",
                            "network.0.mac": "",
                            "network.0.name": "public",
                            "network.0.port": "",
                            "network.0.uuid": "",
                            "power_state": "active",
                            "security_groups.#": "6",
                            "security_groups.1001664029": "public",
                            "security_groups.2092949500": "public-amqp",
                            "security_groups.2162032504": "egress",
                            "security_groups.3020487849": "public-gat",
                            "security_groups.3717909635": "public-ping",
                            "security_groups.4276348713": "public-web2",
                            "stop_before_destroy": "false",
                            "user_data": "29c22c70a2089b84e7c8ec029c617d0575b5b526"
                        },
                        "meta": {
                            "e2bfb730-ecaa-11e6-8f88-34363bc7c4c0": {
                                "create": 1800000000000,
                                "delete": 1800000000000,
                                "update": 1800000000000
                            }
                        },
                        "tainted": false
                    },
                    "deposed": [],
                    "provider": "provider.openstack"
                },
                "openstack_compute_instance_v2.training-vm-eu.5": {
                    "type": "openstack_compute_instance_v2",
                    "depends_on": [
                        "data.openstack_images_image_v2.gat-image-eu",
                        "random_pet.training-vm-eu.*"
                    ],
                    "primary": {
                        "id": "3793a84e-bbe1-4d48-94e9-b2fb29b41cfa",
                        "attributes": {
                            "access_ip_v4": "192.52.37.38",
                            "access_ip_v6": "",
                            "all_metadata.%": "0",
                            "availability_zone": "",
                            "block_device.#": "1",
                            "block_device.0.boot_index": "0",
                            "block_device.0.delete_on_termination": "true",
                            "block_device.0.destination_type": "volume",
                            "block_device.0.device_type": "",
                            "block_device.0.disk_bus": "",
                            "block_device.0.guest_format": "",
                            "block_device.0.source_type": "image",
                            "block_device.0.uuid": "12765cb5-53b6-48a4-b930-16cbcf6a7fc6",
                            "block_device.0.volume_size": "40",
                            "flavor_id": "21bed2e4-ef48-4584-88a2-977ea9ad20a4",
                            "flavor_name": "m1.xlarge",
                            "force_delete": "false",
                            "id": "3793a84e-bbe1-4d48-94e9-b2fb29b41cfa",
                            "image_id": "Attempt to boot from volume - no image supplied",
                            "key_pair": "cloud2",
                            "name": "gat-5.eu.training.galaxyproject.eu",
                            "network.#": "1",
                            "network.0.access_network": "false",
                            "network.0.fixed_ip_v4": "192.52.37.38",
                            "network.0.fixed_ip_v6": "",
                            "network.0.floating_ip": "",
                            "network.0.mac": "fa:16:3e:80:9c:55",
                            "network.0.name": "public",
                            "network.0.port": "",
                            "network.0.uuid": "6a68b40c-356f-4d4c-95e9-e5c72855fb35",
                            "power_state": "error",
                            "region": "Freiburg",
                            "security_groups.#": "6",
                            "security_groups.1001664029": "public",
                            "security_groups.2092949500": "public-amqp",
                            "security_groups.2162032504": "egress",
                            "security_groups.3020487849": "public-gat",
                            "security_groups.3717909635": "public-ping",
                            "security_groups.4276348713": "public-web2",
                            "stop_before_destroy": "false",
                            "user_data": "4cbb5102a556f7c06567495e726d51c2fec895f0"
                        },
                        "meta": {
                            "e2bfb730-ecaa-11e6-8f88-34363bc7c4c0": {
                                "create": 1800000000000,
                                "delete": 1800000000000,
                                "update": 1800000000000
                            }
                        },
                        "tainted": false
                    },
                    "deposed": [],
                    "provider": "provider.openstack"
                },
                "openstack_compute_instance_v2.training-vm-eu.6": {
                    "type": "openstack_compute_instance_v2",
                    "depends_on": [
                        "data.openstack_images_image_v2.gat-image-eu",
                        "random_pet.training-vm-eu.*"
                    ],
                    "primary": {
                        "id": "e7b08eb3-39ca-444c-9d05-9c795f674f30",
                        "attributes": {
                            "block_device.#": "1",
                            "block_device.0.boot_index": "0",
                            "block_device.0.delete_on_termination": "true",
                            "block_device.0.destination_type": "volume",
                            "block_device.0.device_type": "",
                            "block_device.0.disk_bus": "",
                            "block_device.0.guest_format": "",
                            "block_device.0.source_type": "image",
                            "block_device.0.uuid": "12765cb5-53b6-48a4-b930-16cbcf6a7fc6",
                            "block_device.0.volume_size": "40",
                            "flavor_name": "m1.xlarge",
                            "force_delete": "false",
                            "id": "e7b08eb3-39ca-444c-9d05-9c795f674f30",
                            "key_pair": "cloud2",
                            "name": "gat-6.eu.training.galaxyproject.eu",
                            "network.#": "1",
                            "network.0.access_network": "false",
                            "network.0.fixed_ip_v4": "",
                            "network.0.fixed_ip_v6": "",
                            "network.0.floating_ip": "",
                            "network.0.mac": "",
                            "network.0.name": "public",
                            "network.0.port": "",
                            "network.0.uuid": "",
                            "power_state": "active",
                            "security_groups.#": "6",
                            "security_groups.1001664029": "public",
                            "security_groups.2092949500": "public-amqp",
                            "security_groups.2162032504": "egress",
                            "security_groups.3020487849": "public-gat",
                            "security_groups.3717909635": "public-ping",
                            "security_groups.4276348713": "public-web2",
                            "stop_before_destroy": "false",
                            "user_data": "6082989167e5fd6461b45704166cbf60676e24f6"
                        },
                        "meta": {
                            "e2bfb730-ecaa-11e6-8f88-34363bc7c4c0": {
                                "create": 1800000000000,
                                "delete": 1800000000000,
                                "update": 1800000000000
                            }
                        },
                        "tainted": false
                    },
                    "deposed": [],
                    "provider": "provider.openstack"
                },
                "openstack_compute_instance_v2.training-vm-eu.7": {
                    "type": "openstack_compute_instance_v2",
                    "depends_on": [
                        "data.openstack_images_image_v2.gat-image-eu",
                        "random_pet.training-vm-eu.*"
                    ],
                    "primary": {
                        "id": "f82353d9-bdd4-4661-95e2-f4bf9b4497da",
                        "attributes": {
                            "block_device.#": "1",
                            "block_device.0.boot_index": "0",
                            "block_device.0.delete_on_termination": "true",
                            "block_device.0.destination_type": "volume",
                            "block_device.0.device_type": "",
                            "block_device.0.disk_bus": "",
                            "block_device.0.guest_format": "",
                            "block_device.0.source_type": "image",
                            "block_device.0.uuid": "12765cb5-53b6-48a4-b930-16cbcf6a7fc6",
                            "block_device.0.volume_size": "40",
                            "flavor_name": "m1.xlarge",
                            "force_delete": "false",
                            "id": "f82353d9-bdd4-4661-95e2-f4bf9b4497da",
                            "key_pair": "cloud2",
                            "name": "gat-7.eu.training.galaxyproject.eu",
                            "network.#": "1",
                            "network.0.access_network": "false",
                            "network.0.fixed_ip_v4": "",
                            "network.0.fixed_ip_v6": "",
                            "network.0.floating_ip": "",
                            "network.0.mac": "",
                            "network.0.name": "public",
                            "network.0.port": "",
                            "network.0.uuid": "",
                            "power_state": "active",
                            "security_groups.#": "6",
                            "security_groups.1001664029": "public",
                            "security_groups.2092949500": "public-amqp",
                            "security_groups.2162032504": "egress",
                            "security_groups.3020487849": "public-gat",
                            "security_groups.3717909635": "public-ping",
                            "security_groups.4276348713": "public-web2",
                            "stop_before_destroy": "false",
                            "user_data": "32a7347c841e26b465a9912d40ace79a752e1082"
                        },
                        "meta": {
                            "e2bfb730-ecaa-11e6-8f88-34363bc7c4c0": {
                                "create": 1800000000000,
                                "delete": 1800000000000,
                                "update": 1800000000000
                            }
                        },
                        "tainted": false
                    },
                    "deposed": [],
                    "provider": "provider.openstack"
                },
                "openstack_compute_instance_v2.training-vm-eu.8": {
                    "type": "openstack_compute_instance_v2",
                    "depends_on": [
                        "data.openstack_images_image_v2.gat-image-eu",
                        "random_pet.training-vm-eu.*"
                    ],
                    "primary": {
                        "id": "73637e59-f280-42da-9593-9dbaf390bc08",
                        "attributes": {
                            "block_device.#": "1",
                            "block_device.0.boot_index": "0",
                            "block_device.0.delete_on_termination": "true",
                            "block_device.0.destination_type": "volume",
                            "block_device.0.device_type": "",
                            "block_device.0.disk_bus": "",
                            "block_device.0.guest_format": "",
                            "block_device.0.source_type": "image",
                            "block_device.0.uuid": "12765cb5-53b6-48a4-b930-16cbcf6a7fc6",
                            "block_device.0.volume_size": "40",
                            "flavor_name": "m1.xlarge",
                            "force_delete": "false",
                            "id": "73637e59-f280-42da-9593-9dbaf390bc08",
                            "key_pair": "cloud2",
                            "name": "gat-8.eu.training.galaxyproject.eu",
                            "network.#": "1",
                            "network.0.access_network": "false",
                            "network.0.fixed_ip_v4": "",
                            "network.0.fixed_ip_v6": "",
                            "network.0.floating_ip": "",
                            "network.0.mac": "",
                            "network.0.name": "public",
                            "network.0.port": "",
                            "network.0.uuid": "",
                            "power_state": "active",
                            "security_groups.#": "6",
                            "security_groups.1001664029": "public",
                            "security_groups.2092949500": "public-amqp",
                            "security_groups.2162032504": "egress",
                            "security_groups.3020487849": "public-gat",
                            "security_groups.3717909635": "public-ping",
                            "security_groups.4276348713": "public-web2",
                            "stop_before_destroy": "false",
                            "user_data": "fa69731435516d29caa173791886e23415462ae6"
                        },
                        "meta": {
                            "e2bfb730-ecaa-11e6-8f88-34363bc7c4c0": {
                                "create": 1800000000000,
                                "delete": 1800000000000,
                                "update": 1800000000000
                            }
                        },
                        "tainted": false
                    },
                    "deposed": [],
                    "provider": "provider.openstack"
                },
                "openstack_compute_instance_v2.training-vm-eu.9": {
                    "type": "openstack_compute_instance_v2",
                    "depends_on": [
                        "data.openstack_images_image_v2.gat-image-eu",
                        "random_pet.training-vm-eu.*"
                    ],
                    "primary": {
                        "id": "f35e4795-2da3-4d7e-89c5-57bdcebbd429",
                        "attributes": {
                            "block_device.#": "1",
                            "block_device.0.boot_index": "0",
                            "block_device.0.delete_on_termination": "true",
                            "block_device.0.destination_type": "volume",
                            "block_device.0.device_type": "",
                            "block_device.0.disk_bus": "",
                            "block_device.0.guest_format": "",
                            "block_device.0.source_type": "image",
                            "block_device.0.uuid": "12765cb5-53b6-48a4-b930-16cbcf6a7fc6",
                            "block_device.0.volume_size": "40",
                            "flavor_name": "m1.xlarge",
                            "force_delete": "false",
                            "id": "f35e4795-2da3-4d7e-89c5-57bdcebbd429",
                            "key_pair": "cloud2",
                            "name": "gat-9.eu.training.galaxyproject.eu",
                            "network.#": "1",
                            "network.0.access_network": "false",
                            "network.0.fixed_ip_v4": "",
                            "network.0.fixed_ip_v6": "",
                            "network.0.floating_ip": "",
                            "network.0.mac": "",
                            "network.0.name": "public",
                            "network.0.port": "",
                            "network.0.uuid": "",
                            "power_state": "active",
                            "security_groups.#": "6",
                            "security_groups.1001664029": "public",
                            "security_groups.2092949500": "public-amqp",
                            "security_groups.2162032504": "egress",
                            "security_groups.3020487849": "public-gat",
                            "security_groups.3717909635": "public-ping",
                            "security_groups.4276348713": "public-web2",
                            "stop_before_destroy": "false",
                            "user_data": "22dcc348bb96ee76f7e5c632a5622024473176c9"
                        },
                        "meta": {
                            "e2bfb730-ecaa-11e6-8f88-34363bc7c4c0": {
                                "create": 1800000000000,
                                "delete": 1800000000000,
                                "update": 1800000000000
                            }
                        },
                        "tainted": false
                    },
                    "deposed": [],
                    "provider": "provider.openstack"
                },
                "openstack_compute_instance_v2.vgcn-cm": {
                    "type": "openstack_compute_instance_v2",
                    "depends_on": [],
                    "primary": {
                        "id": "5e5c9bcb-1caf-4f7b-a047-f099318b4078",
                        "attributes": {
                            "access_ip_v4": "10.5.68.172",
                            "access_ip_v6": "",
                            "all_metadata.%": "0",
                            "availability_zone": "nova",
                            "flavor_id": "df32eb30-c79d-41e7-87d7-1996cb3cbc70",
                            "flavor_name": "m1.small",
                            "force_delete": "false",
                            "id": "5e5c9bcb-1caf-4f7b-a047-f099318b4078",
                            "image_id": "0c380004-ddf9-44c3-a81c-d69ad9baaa8e",
                            "image_name": "CentOS 8",
                            "key_pair": "cloud2",
                            "name": "central-manager.galaxyproject.eu",
                            "network.#": "1",
                            "network.0.access_network": "false",
                            "network.0.fixed_ip_v4": "10.5.68.172",
                            "network.0.fixed_ip_v6": "",
                            "network.0.floating_ip": "",
                            "network.0.mac": "fa:16:3e:b5:b4:36",
                            "network.0.name": "bioinf",
                            "network.0.port": "",
                            "network.0.uuid": "afca9459-0eb1-4d67-999f-b07bf3bc99c5",
                            "power_state": "active",
                            "region": "Freiburg",
                            "security_groups.#": "1",
                            "security_groups.1001664029": "public",
                            "stop_before_destroy": "false"
                        },
                        "meta": {
                            "e2bfb730-ecaa-11e6-8f88-34363bc7c4c0": {
                                "create": 1800000000000,
                                "delete": 1800000000000,
                                "update": 1800000000000
                            }
                        },
                        "tainted": false
                    },
                    "deposed": [],
                    "provider": "provider.openstack"
                },
                "openstack_compute_keypair_v2.bioconda-utils": {
                    "type": "openstack_compute_keypair_v2",
                    "depends_on": [],
                    "primary": {
                        "id": "bioconda-utils",
                        "attributes": {
                            "fingerprint": "2d:34:1c:e0:dc:11:c2:58:61:8a:ac:4a:2a:ea:cb:59",
                            "id": "bioconda-utils",
                            "name": "bioconda-utils",
                            "private_key": "",
                            "public_key": "ssh-rsa AAAAB3NzaC1yc2EAAAADAQABAAABAQCyY/6ORjwPrNRgxtKTVoyo+CT2yIpkDxMln5HHaG4Ff2zkEDDBEMPfLNhF1u9Eo6I1fCqHjqwbciNST5DAulMdUV0GhH2qe3BoiDVmh2OPPO7KqGS1LJBjm2g8hpFWeHahdkcqZqp6i/9xwEMUMWE+AoFdkKFFFe3f6SgNkcesUciHXbFe77j/FDqgDymdX32DhRAqnkKVrVQ1VuGJwRMUIhiVYY4LFBwL7DbTg9uADCsCw8e+tfwk4UUkmNEPV5y3xwKdIisEqemQGztUi6AirbWLenWxZvLnNTbg8xVkey0ClDVLqJEbhvQB+hvpTJOj+MtzKef6uERnjjDwXoA9",
                            "region": "Freiburg"
                        },
                        "meta": {},
                        "tainted": false
                    },
                    "deposed": [],
                    "provider": "provider.openstack"
                },
                "openstack_compute_keypair_v2.build-usegalaxy-org": {
                    "type": "openstack_compute_keypair_v2",
                    "depends_on": [],
                    "primary": {
                        "id": "build-usegalaxy-org",
                        "attributes": {
                            "fingerprint": "2f:07:1a:56:56:fd:64:02:b6:d3:24:a3:24:fc:3a:f9",
                            "id": "build-usegalaxy-org",
                            "name": "build-usegalaxy-org",
                            "private_key": "",
                            "public_key": "ssh-rsa AAAAB3NzaC1yc2EAAAADAQABAAACAQCxIKHzBlxRzNV7xtpPAv74dDHJO6PK5UvHztWtnrUVQgQUh8glpkBRDyUcb8oRCMAKWD0j363DK2BbpQwgoHHbo8dnpv3W15F5nrBLOSl5oI+DazWYA/5NJs2K7lVXKTG7osSRA5jz+gdarRi3++sw7RYx5qCHYbWd5Dra6zlDUZK+gLNkBcbvNN6jsHKn8pY7fohgfle9eIQ/B0Hb07HF+n8Ppx83a2hlzZobhp99rI2u65IiWAd+5mat7tSNoCDvbMSgdPjapezUPUPG/RJL7qLdPMuOo/n6zuxdbTmVEffFfjX+y7qf3rWbOoi413df3Rncj3/j1ysWRqw1m8eSICyNUGuzMLrbxoySAEPc89/gvwYAeTJNuqw4TNioMxuiotFNPQcJ+Sf8DHxFjNKYvQBBamAFRFYq0XsCt9E98QJyMIhlwxtD3gEjmZRS0RspF5ajNDQPK6tOe34V0thfRs3VqBcQ87QoIPY/dIMT961WhCiwSgVBJ5IG4pD09keatp4OUBqOhRLdvg3wL7NgekzeNJS6RqA8fmZZMDLokNFkaSVBHfwlGcTEUe48IbaWh7TgmNFzStTUijZKPJFcvp1dRYdTUQnSR8TtA+kzJb0oVTeFwIadcsN0Vjb/g3jDTLNat0HsNS3wYRgxCV2izPWCFpOgLUiQVATVOlazHw==",
                            "region": "Freiburg"
                        },
                        "meta": {},
                        "tainted": false
                    },
                    "deposed": [],
                    "provider": "provider.openstack"
                },
                "openstack_compute_keypair_v2.cloud2": {
                    "type": "openstack_compute_keypair_v2",
                    "depends_on": [],
                    "primary": {
                        "id": "cloud2",
                        "attributes": {
                            "fingerprint": "4a:72:2c:7e:d2:b7:f2:c4:5a:9e:bb:ca:c7:8f:d7:a3",
                            "id": "cloud2",
                            "name": "cloud2",
                            "private_key": "",
                            "public_key": "ssh-rsa AAAAB3NzaC1yc2EAAAADAQABAAACAQDV7gfNbNN5O8vH6/tM/iOFXKBP2YKRHXOmdfV8ogvu9BdVV0IPmDzk2EooVpThDE1VMv1hz3811tvBhHRJ6IgNhVIV/61w/+RazQD/AU27X8bX+Hb9EQ/bP4DW+6ySd/z5vdDLzpH5dbiMhzPEDkXVsylUT+hkQnas6cHspDhHmtKQ5MWOgDe3D/IEudTDJQe8hxxaU4TaZUmFzn7eYp9HvuK8qW0yCy4NWOxJJHA+G5wSCyLuKnaKo4AitUIzSKF1AB94oq7b96KONhPxgRptAk4OYIUTdNFbrI5HDaSNzHLnF5FbjQvG+Eu6m5nY5yvJMogE+jiuWeIXCZTCFljg287FUo0ohmbZpd802L6VXun14VumRC+rRgPrvBALo/CsyCsPIoBSTKhVElxKVOcRjmTLNfrUZM0GQxqJhIvah8BV+JTExkipPwkrKTdMAWIXvCoehxV+WMpBWqtEEzAzEoqJpaiec7HfriwsHTGESZWAPYEbFjzbHXQZtqBkbOvtokPMRmTWfWKxaplCMN6ddJeeY6faorD0w/e6lszWES1Q1ieajiPKDy37UvybKKvPTk4o3MzyzYOS4c8HQj+jnGeR5Q3ETuyz4psLyOfuBtIrfOeuxV42rFDmkYM3IrrRR+F9oklFG6Ig8DVfgQEzSG36NkgvpF4OdFvigYqXvw== cloud@vgcn",
                            "region": "Freiburg"
                        },
                        "meta": {},
                        "tainted": false
                    },
                    "deposed": [],
                    "provider": "provider.openstack"
                },
                "openstack_compute_keypair_v2.cloud3": {
                    "type": "openstack_compute_keypair_v2",
                    "depends_on": [],
                    "primary": {
                        "id": "cloud3",
                        "attributes": {
                            "fingerprint": "21:47:bf:e2:ac:b8:5a:54:37:36:fb:67:d9:0a:91:72",
                            "id": "cloud3",
                            "name": "cloud3",
                            "private_key": "",
                            "public_key": "ssh-rsa AAAAB3NzaC1yc2EAAAADAQABAAACAQDD7DmOPC++GYjiNx8xc38U3dPQ5oKbtDC18cS8CXTPCWt7nYakjOPGwI0OcmBq46xvhIuBE2EUubORfMBou+RzFW/GuaqWVix3RBoAj69bcZDZGkP0/FidqU0Ar+G0gnNKSls0NpDiZ4gUJgrBwKw1q9atdYDxaZhJ9DfmOxJuJnZRi1g6fi+DNTib5jSRKjiKqHrtIrnnf66tY98lmmyEDEUthGScV0CPFujQ/fJ2flZCTi8+wpccJZ0DMFjDnrEBa8WnE8J6OuieEk8jnn+eOQ2EIZkde8jlmnbQk/fgQHxCAL0P+w4LcmTVD32j/Ao1/+G+/3cTYtXN+PwIIynOUvPFUs4wwU2Jp/7S7Zvxig3koNuoSKJHCUi+9xOkcPxRy6CVPQ+70bpZXlgqxDSIEsb7wubteQXDBSvqlJqyn70/pW+GHOronhyyX6zpRQNDhIZs1f7K+0hRfQqFawxgNT0UdlPl99YkK/aONBRax4aGJ618zlNAANBz+qd1kP6XualYyzsJL6v4DlYioILLPo1oUhlhl+zpB3R/CA6+UQ7n1US0vKS4X34zFjiNXQlvSwuIDMFcnx3o7mOcBVEquYfuVzAU5ECa/f+eLoUff5jV0DasiYpnHwFGfrd8izu+ah0wkn45SBZoMeCeGtCP0bJwTXiA2JsS2X2dak4ccw== centos@sn06",
                            "region": "Freiburg"
                        },
                        "meta": {},
                        "tainted": false
                    },
                    "deposed": [],
                    "provider": "provider.openstack"
                },
                "openstack_compute_keypair_v2.glx-test": {
                    "type": "openstack_compute_keypair_v2",
                    "depends_on": [],
                    "primary": {
                        "id": "glx-test",
                        "attributes": {
                            "fingerprint": "e1:f7:6e:03:03:1c:ac:78:42:64:0a:62:7f:60:3f:98",
                            "id": "glx-test",
                            "name": "glx-test",
                            "private_key": "",
                            "public_key": "ssh-rsa AAAAB3NzaC1yc2EAAAADAQABAAACAQC1NsmuU6ETRGMk1veC5jyx/bRZ3WTjgoxVUcWAFizpvPGWdJc2x0ZW0dMr9WDSlqXkQHf4FvRiqxtL9Q8Kej8odESM7ej6y1/huGfQTGtHnCOV2P4MC+nNaNim0KzEUwgQ9MNdMUnfhJcmRNHIIUVFtxEfC2bhthoBpEN6WMehRgn7E91e9W5GHA7nmHmQCDTFGkPGyM3FTPsEarH9P4hjXlfp9pRb/vlhm5xbHEgKZU1iIDrNDZNeMfZlK7Ja1u9rCzAavwzNkwcLt3/dMoXuiDXTFtlzTM83bseHseCLpczJuwhW62DtitX4K/dO6zCKmcv1EUt2SEY2PsnZ0sZypDCtYq+lsCTUukp8E/DPzSsd61vfHEZBMzRw7bxU7ELH/TlcTRs4UmAYXA7phkmetIVq2Y9vNni1UP04dwP9rvlqdYXNDemIMs4AC48SDnrhZ47zSP0S6EMvKhcZcSWhAKKMr0p+3OHrifNXhLcLoz/+lsM1z/ev1YYeigkyXjVYeWGLy8fYSG5yEp27mSWdde1frGnp4Bl0t9FemcBI+AKvugwZiHNlUVI3m3XyP6tygK+MdMPQp6NwNWHKYUPFRZvRSnOEOoj6B9RRUEzW9XWR8Np1iuAf76UtuW4r/nwKlKKwU/uF7oKaRuiIUAYzGdyQrcZuBp3l4vV7h7bptw== gmauro@informatik.uni-freiburg.de",
                            "region": "Freiburg"
                        },
                        "meta": {},
                        "tainted": false
                    },
                    "deposed": [],
                    "provider": "provider.openstack"
                },
                "openstack_compute_keypair_v2.jenkins2": {
                    "type": "openstack_compute_keypair_v2",
                    "depends_on": [],
                    "primary": {
                        "id": "jenkins2",
                        "attributes": {
                            "fingerprint": "4b:a2:60:7d:08:e7:e4:b8:c7:83:3d:9a:cb:04:a1:68",
                            "id": "jenkins2",
                            "name": "jenkins2",
                            "private_key": "",
                            "public_key": "ssh-rsa AAAAB3NzaC1yc2EAAAADAQABAAABAQDfQrCU7MkCPHoFt6kwBnh3kZMd38WMbP4TSmaYrRjqwNAqlW9zoyHMy/eU+Gvb87hjSm9EZG8GOoHAkkqy1s7G6qQWNfYoxyQmbxs/nj3mtvFRKfow8WUmt2Xew5tXWJX1GxWtpyNn4ytrB7iGJRyiGN1R/g6qyBu/rxWtVvWxz79THajJqt5zgJFvnnLDOj9wlUIdA6lXlMOE0fUzdXsBNhZGWMwMCo+hd3i+SHsuK5QvBGPz/c9SdfzyKfg8JFmb2dfMCfybhsAeGO315qZWe1t7fgwVYiFRcOvTpZ0SR7sFPfmEAzm4sIF10n1EIADB70tfmsWsPX42oC/l4Zp1",
                            "region": "Freiburg"
                        },
                        "meta": {},
                        "tainted": false
                    },
                    "deposed": [],
                    "provider": "provider.openstack"
                },
                "openstack_compute_keypair_v2.jwolff": {
                    "type": "openstack_compute_keypair_v2",
                    "depends_on": [],
                    "primary": {
                        "id": "jwolff",
                        "attributes": {
                            "fingerprint": "0e:72:a9:5a:26:ca:67:f7:00:b5:e1:6b:45:79:d5:dc",
                            "id": "jwolff",
                            "name": "jwolff",
                            "private_key": "",
                            "public_key": "ssh-rsa AAAAB3NzaC1yc2EAAAADAQABAAACAQC9tbnychy8X48WGuyZhPbJ2IC01BQSWTgtAF2Sa7m4SzCwkDNtjYwoSgAhDYvSJchXqU3vQEQMYJZzt4cNjeE7uYYUAlKXCzemBe6Fzeo5suaULgNNubp6vcwpBQRCxyPjUy3Rfmp2zvDJGNfIHigH8ZYBhey/aDrbKzUG7vvxl48MnmX5cWOA7aQQ7QdhHiiLfwobV/wWdxowtByaTRRvDXml0//sACkqC09aY8o+n91E8jp67f57cL0mOtm8Yxlr2+An5ifJaZBuLLSCNm80/Tjk7N74ZRBcKQoYNk9kSRO6Zrx9L0pGZJbxp/6nY+exSwYyfuyPVVzZvz6/acPRvWmyXlVDCcbWXA1YlJXkAJxzN4541GPK64DTZrBwmvjhTNE9cmijA4ocmkX0Ynil8QoP9T55Z98TBlf55ao8ImN4CMr7Lgt27Aq60JItc9l5lazl8GZdjP3VFdJPjmKu1yNvUgIpiKetqv//e7BiB2Fz4wZluHhq+evRKuXj7aOylvkyRKdklZ5sYJ09YH1O9y/5T5SeAoJOsL0si8K0cBtrRpGdj2Wb2thUUp3qCP0sRJJQS74rUAbYIYQJsBEKySMiTIAH+84G9fYMCIfLYTtqub72IrS1On07Y8dTTInA/Gzd3orZkLjhhK5vJw9YWVaZFpp7QLvgijL0V0B1gw== wolffj@wolffj-ThinkPad-T460s",
                            "region": "Freiburg"
                        },
                        "meta": {},
                        "tainted": false
                    },
                    "deposed": [],
                    "provider": "provider.openstack"
                },
                "openstack_compute_volume_attach_v2.cvmfs-va": {
                    "type": "openstack_compute_volume_attach_v2",
                    "depends_on": [
                        "openstack_blockstorage_volume_v2.cvmfs",
                        "openstack_compute_instance_v2.cvmfs-stratum0"
                    ],
                    "primary": {
                        "id": "3cd91ee2-3c2c-4a66-acdf-d7b4c4226f88/c71d4ecb-7e26-4ca5-87ba-6913cb2a0deb",
                        "attributes": {
                            "device": "/dev/vdb",
                            "id": "3cd91ee2-3c2c-4a66-acdf-d7b4c4226f88/c71d4ecb-7e26-4ca5-87ba-6913cb2a0deb",
                            "instance_id": "3cd91ee2-3c2c-4a66-acdf-d7b4c4226f88",
                            "region": "Freiburg",
                            "volume_id": "c71d4ecb-7e26-4ca5-87ba-6913cb2a0deb"
                        },
                        "meta": {
                            "e2bfb730-ecaa-11e6-8f88-34363bc7c4c0": {
                                "create": 600000000000,
                                "delete": 600000000000
                            }
                        },
                        "tainted": false
                    },
                    "deposed": [],
                    "provider": "provider.openstack"
                },
                "openstack_compute_volume_attach_v2.cvmfs-va-eu": {
                    "type": "openstack_compute_volume_attach_v2",
                    "depends_on": [
                        "openstack_blockstorage_volume_v2.cvmfs-data-eu",
                        "openstack_compute_instance_v2.cvmfs-stratum0-eu"
                    ],
                    "primary": {
                        "id": "d7d1061f-32ba-4bba-9383-26f0441024e1/da262feb-ce96-4301-ae11-5ef2194bb279",
                        "attributes": {
                            "device": "/dev/vdb",
                            "id": "d7d1061f-32ba-4bba-9383-26f0441024e1/da262feb-ce96-4301-ae11-5ef2194bb279",
                            "instance_id": "d7d1061f-32ba-4bba-9383-26f0441024e1",
                            "region": "Freiburg",
                            "volume_id": "da262feb-ce96-4301-ae11-5ef2194bb279"
                        },
                        "meta": {
                            "e2bfb730-ecaa-11e6-8f88-34363bc7c4c0": {
                                "create": 600000000000,
                                "delete": 600000000000
                            }
                        },
                        "tainted": false
                    },
                    "deposed": [],
                    "provider": "provider.openstack"
                },
                "openstack_compute_volume_attach_v2.hicbrowser-va": {
                    "type": "openstack_compute_volume_attach_v2",
                    "depends_on": [
                        "openstack_blockstorage_volume_v2.hicbrowser-data",
                        "openstack_compute_instance_v2.hicbrowser"
                    ],
                    "primary": {
                        "id": "66a87719-9521-426f-b9a1-c8fe41afac54/8889749c-b2a6-464f-99b6-c4c62b895ef9",
                        "attributes": {
                            "device": "/dev/vdb",
                            "id": "66a87719-9521-426f-b9a1-c8fe41afac54/8889749c-b2a6-464f-99b6-c4c62b895ef9",
                            "instance_id": "66a87719-9521-426f-b9a1-c8fe41afac54",
                            "region": "Freiburg",
                            "volume_id": "8889749c-b2a6-464f-99b6-c4c62b895ef9"
                        },
                        "meta": {
                            "e2bfb730-ecaa-11e6-8f88-34363bc7c4c0": {
                                "create": 600000000000,
                                "delete": 600000000000
                            }
                        },
                        "tainted": false
                    },
                    "deposed": [],
                    "provider": "provider.openstack"
                },
                "openstack_compute_volume_attach_v2.influxdb-va": {
                    "type": "openstack_compute_volume_attach_v2",
                    "depends_on": [
                        "openstack_blockstorage_volume_v2.influxdb-data",
                        "openstack_compute_instance_v2.influxdb-usegalaxy"
                    ],
                    "primary": {
                        "id": "d62efc4a-67d7-4041-a257-84e52d7e54c8/270291b1-141c-47f7-85b4-993e7cae9fc4",
                        "attributes": {
                            "device": "/dev/vdb",
                            "id": "d62efc4a-67d7-4041-a257-84e52d7e54c8/270291b1-141c-47f7-85b4-993e7cae9fc4",
                            "instance_id": "d62efc4a-67d7-4041-a257-84e52d7e54c8",
                            "region": "Freiburg",
                            "volume_id": "270291b1-141c-47f7-85b4-993e7cae9fc4"
                        },
                        "meta": {
                            "e2bfb730-ecaa-11e6-8f88-34363bc7c4c0": {
                                "create": 600000000000,
                                "delete": 600000000000
                            }
                        },
                        "tainted": false
                    },
                    "deposed": [],
                    "provider": "provider.openstack"
                },
                "openstack_compute_volume_attach_v2.jenkins-workers-internal-va": {
                    "type": "openstack_compute_volume_attach_v2",
                    "depends_on": [
                        "openstack_blockstorage_volume_v2.jenkins-workers-internal-volume.*",
                        "openstack_compute_instance_v2.jenkins-workers-internal.*"
                    ],
                    "primary": {
                        "id": "9ec1d472-212c-4170-839f-5b42be64a190/6f7b9228-78b1-4cf9-a9fa-80d674f2446f",
                        "attributes": {
                            "device": "/dev/vdb",
                            "id": "9ec1d472-212c-4170-839f-5b42be64a190/6f7b9228-78b1-4cf9-a9fa-80d674f2446f",
                            "instance_id": "9ec1d472-212c-4170-839f-5b42be64a190",
                            "region": "Freiburg",
                            "volume_id": "6f7b9228-78b1-4cf9-a9fa-80d674f2446f"
                        },
                        "meta": {
                            "e2bfb730-ecaa-11e6-8f88-34363bc7c4c0": {
                                "create": 600000000000,
                                "delete": 600000000000
                            }
                        },
                        "tainted": false
                    },
                    "deposed": [],
                    "provider": "provider.openstack"
                },
                "openstack_compute_volume_attach_v2.jenkins-workers-org-va.0": {
                    "type": "openstack_compute_volume_attach_v2",
                    "depends_on": [
                        "openstack_blockstorage_volume_v2.jenkins-workers-org-data.*",
                        "openstack_compute_instance_v2.jenkins-workers-org.*"
                    ],
                    "primary": {
                        "id": "42593c37-af04-496a-8322-76c7f10ceee4/eddadc7a-bbf7-4b89-b3bb-dc83e10dc530",
                        "attributes": {
                            "device": "/dev/vdb",
                            "id": "42593c37-af04-496a-8322-76c7f10ceee4/eddadc7a-bbf7-4b89-b3bb-dc83e10dc530",
                            "instance_id": "42593c37-af04-496a-8322-76c7f10ceee4",
                            "region": "Freiburg",
                            "volume_id": "eddadc7a-bbf7-4b89-b3bb-dc83e10dc530"
                        },
                        "meta": {
                            "e2bfb730-ecaa-11e6-8f88-34363bc7c4c0": {
                                "create": 600000000000,
                                "delete": 600000000000
                            }
                        },
                        "tainted": false
                    },
                    "deposed": [],
                    "provider": "provider.openstack"
                },
                "openstack_compute_volume_attach_v2.jenkins-workers-org-va.1": {
                    "type": "openstack_compute_volume_attach_v2",
                    "depends_on": [
                        "openstack_blockstorage_volume_v2.jenkins-workers-org-data.*",
                        "openstack_compute_instance_v2.jenkins-workers-org.*"
                    ],
                    "primary": {
                        "id": "44ea3b4d-04f2-4e77-9cb1-0f05f1b26143/d4546ba0-1c36-49cd-b215-48cf9922fb6e",
                        "attributes": {
                            "device": "/dev/vdb",
                            "id": "44ea3b4d-04f2-4e77-9cb1-0f05f1b26143/d4546ba0-1c36-49cd-b215-48cf9922fb6e",
                            "instance_id": "44ea3b4d-04f2-4e77-9cb1-0f05f1b26143",
                            "region": "Freiburg",
                            "volume_id": "d4546ba0-1c36-49cd-b215-48cf9922fb6e"
                        },
                        "meta": {
                            "e2bfb730-ecaa-11e6-8f88-34363bc7c4c0": {
                                "create": 600000000000,
                                "delete": 600000000000
                            }
                        },
                        "tainted": false
                    },
                    "deposed": [],
                    "provider": "provider.openstack"
                },
                "openstack_compute_volume_attach_v2.jenkins-workers-silver-va": {
                    "type": "openstack_compute_volume_attach_v2",
                    "depends_on": [
                        "openstack_blockstorage_volume_v2.jenkins-workers-silver-volume.*",
                        "openstack_compute_instance_v2.jenkins-workers-silver.*"
                    ],
                    "primary": {
                        "id": "ea5f98aa-9e4a-43b0-8a49-7169a2340ffd/19d942ca-6259-4950-80fc-a28f2b98b434",
                        "attributes": {
                            "device": "/dev/vdb",
                            "id": "ea5f98aa-9e4a-43b0-8a49-7169a2340ffd/19d942ca-6259-4950-80fc-a28f2b98b434",
                            "instance_id": "ea5f98aa-9e4a-43b0-8a49-7169a2340ffd",
                            "region": "Freiburg",
                            "volume_id": "19d942ca-6259-4950-80fc-a28f2b98b434"
                        },
                        "meta": {
                            "e2bfb730-ecaa-11e6-8f88-34363bc7c4c0": {
                                "create": 600000000000,
                                "delete": 600000000000
                            }
                        },
                        "tainted": false
                    },
                    "deposed": [],
                    "provider": "provider.openstack"
                },
                "openstack_compute_volume_attach_v2.nfs-data-va": {
                    "type": "openstack_compute_volume_attach_v2",
                    "depends_on": [
                        "openstack_blockstorage_volume_v2.nfs-server",
                        "openstack_compute_instance_v2.nfs-server"
                    ],
                    "primary": {
                        "id": "eb1c5255-6697-4959-bd15-7f658dc108e4/cee06aa9-6669-4dee-aae9-6dd0cac0e8a8",
                        "attributes": {
                            "device": "/dev/vdb",
                            "id": "eb1c5255-6697-4959-bd15-7f658dc108e4/cee06aa9-6669-4dee-aae9-6dd0cac0e8a8",
                            "instance_id": "eb1c5255-6697-4959-bd15-7f658dc108e4",
                            "region": "Freiburg",
                            "volume_id": "cee06aa9-6669-4dee-aae9-6dd0cac0e8a8"
                        },
                        "meta": {
                            "e2bfb730-ecaa-11e6-8f88-34363bc7c4c0": {
                                "create": 600000000000,
                                "delete": 600000000000
                            }
                        },
                        "tainted": false
                    },
                    "deposed": [],
                    "provider": "provider.openstack"
                },
                "openstack_compute_volume_attach_v2.plausible-internal-va": {
                    "type": "openstack_compute_volume_attach_v2",
                    "depends_on": [
                        "openstack_blockstorage_volume_v2.plausible-volume",
                        "openstack_compute_instance_v2.plausible"
                    ],
                    "primary": {
                        "id": "38aec84d-48fd-463b-be67-8148be23a8cd/4d54777f-9d8a-43e7-953a-6297de6054ab",
                        "attributes": {
                            "device": "/dev/vdb",
                            "id": "38aec84d-48fd-463b-be67-8148be23a8cd/4d54777f-9d8a-43e7-953a-6297de6054ab",
                            "instance_id": "38aec84d-48fd-463b-be67-8148be23a8cd",
                            "region": "Freiburg",
                            "volume_id": "4d54777f-9d8a-43e7-953a-6297de6054ab"
                        },
                        "meta": {
                            "e2bfb730-ecaa-11e6-8f88-34363bc7c4c0": {
                                "create": 600000000000,
                                "delete": 600000000000
                            }
                        },
                        "tainted": false
                    },
                    "deposed": [],
                    "provider": "provider.openstack"
                },
                "openstack_compute_volume_attach_v2.stats-va": {
                    "type": "openstack_compute_volume_attach_v2",
                    "depends_on": [
                        "openstack_blockstorage_volume_v2.stats-data",
                        "openstack_compute_instance_v2.stats-usegalaxy"
                    ],
                    "primary": {
                        "id": "f2e0e4bd-44a1-458f-98f5-df403d87e4fc/7dc26838-0ea1-4df8-9b16-b0326faf339e",
                        "attributes": {
                            "device": "/dev/vdb",
                            "id": "f2e0e4bd-44a1-458f-98f5-df403d87e4fc/7dc26838-0ea1-4df8-9b16-b0326faf339e",
                            "instance_id": "f2e0e4bd-44a1-458f-98f5-df403d87e4fc",
                            "region": "Freiburg",
                            "volume_id": "7dc26838-0ea1-4df8-9b16-b0326faf339e"
                        },
                        "meta": {
                            "e2bfb730-ecaa-11e6-8f88-34363bc7c4c0": {
                                "create": 600000000000,
                                "delete": 600000000000
                            }
                        },
                        "tainted": false
                    },
                    "deposed": [],
                    "provider": "provider.openstack"
                },
                "openstack_compute_volume_attach_v2.telescope-va": {
                    "type": "openstack_compute_volume_attach_v2",
                    "depends_on": [
                        "openstack_blockstorage_volume_v2.telescope-data",
                        "openstack_compute_instance_v2.telescope"
                    ],
                    "primary": {
                        "id": "1d5bef44-20ae-4567-b58c-1b15c4d6a82c/816e5476-40ba-46ef-84eb-849b9d1c3a6d",
                        "attributes": {
                            "device": "/dev/vdb",
                            "id": "1d5bef44-20ae-4567-b58c-1b15c4d6a82c/816e5476-40ba-46ef-84eb-849b9d1c3a6d",
                            "instance_id": "1d5bef44-20ae-4567-b58c-1b15c4d6a82c",
                            "region": "Freiburg",
                            "volume_id": "816e5476-40ba-46ef-84eb-849b9d1c3a6d"
                        },
                        "meta": {
                            "e2bfb730-ecaa-11e6-8f88-34363bc7c4c0": {
                                "create": 600000000000,
                                "delete": 600000000000
                            }
                        },
                        "tainted": false
                    },
                    "deposed": [],
                    "provider": "provider.openstack"
                },
                "openstack_compute_volume_attach_v2.test-galaxy-internal-va": {
                    "type": "openstack_compute_volume_attach_v2",
                    "depends_on": [
                        "openstack_blockstorage_volume_v2.test-galaxy-volume",
                        "openstack_compute_instance_v2.test-galaxy"
                    ],
                    "primary": {
                        "id": "6aa53595-e67c-451d-91fb-ee91635968e4/aa638f7f-4cfa-429f-9683-41231d10888c",
                        "attributes": {
                            "device": "/dev/vdb",
                            "id": "6aa53595-e67c-451d-91fb-ee91635968e4/aa638f7f-4cfa-429f-9683-41231d10888c",
                            "instance_id": "6aa53595-e67c-451d-91fb-ee91635968e4",
                            "region": "Freiburg",
                            "volume_id": "aa638f7f-4cfa-429f-9683-41231d10888c"
                        },
                        "meta": {
                            "e2bfb730-ecaa-11e6-8f88-34363bc7c4c0": {
                                "create": 600000000000,
                                "delete": 600000000000
                            }
                        },
                        "tainted": false
                    },
                    "deposed": [],
                    "provider": "provider.openstack"
                },
                "openstack_networking_secgroup_rule_v2.00914113-bb06-4862-84f4-fec30b168565": {
                    "type": "openstack_networking_secgroup_rule_v2",
                    "depends_on": [
                        "openstack_networking_secgroup_v2.egress"
                    ],
                    "primary": {
                        "id": "5d795d9c-045b-46a8-8452-cb7dea46789a",
                        "attributes": {
                            "description": "",
                            "direction": "egress",
                            "ethertype": "IPv6",
                            "id": "5d795d9c-045b-46a8-8452-cb7dea46789a",
                            "port_range_max": "0",
                            "port_range_min": "0",
                            "protocol": "",
                            "region": "Freiburg",
                            "remote_group_id": "",
                            "remote_ip_prefix": "",
                            "security_group_id": "f08481be-0886-47a0-9be3-936c0942d8dc",
                            "tenant_id": "36d6d9420bb04403b55fb21052efe4be"
                        },
                        "meta": {
                            "e2bfb730-ecaa-11e6-8f88-34363bc7c4c0": {
                                "delete": 600000000000
                            }
                        },
                        "tainted": false
                    },
                    "deposed": [],
                    "provider": "provider.openstack"
                },
                "openstack_networking_secgroup_rule_v2.05135b3c-2cbf-4892-a5c6-f95bb539beb1": {
                    "type": "openstack_networking_secgroup_rule_v2",
                    "depends_on": [
                        "openstack_networking_secgroup_v2.Public"
                    ],
                    "primary": {
                        "id": "e9a7fc37-e32f-40a8-9ea1-0ca51996dab6",
                        "attributes": {
                            "description": "",
                            "direction": "ingress",
                            "ethertype": "IPv4",
                            "id": "e9a7fc37-e32f-40a8-9ea1-0ca51996dab6",
                            "port_range_max": "3389",
                            "port_range_min": "3389",
                            "protocol": "tcp",
                            "region": "Freiburg",
                            "remote_group_id": "",
                            "remote_ip_prefix": "0.0.0.0/0",
                            "security_group_id": "f516ef24-c56c-40bf-a286-45bb490be8b8",
                            "tenant_id": "36d6d9420bb04403b55fb21052efe4be"
                        },
                        "meta": {
                            "e2bfb730-ecaa-11e6-8f88-34363bc7c4c0": {
                                "delete": 600000000000
                            }
                        },
                        "tainted": false
                    },
                    "deposed": [],
                    "provider": "provider.openstack"
                },
                "openstack_networking_secgroup_rule_v2.2226f6db-dbd6-435f-86cf-fe8e898c7bc0": {
                    "type": "openstack_networking_secgroup_rule_v2",
                    "depends_on": [
                        "openstack_networking_secgroup_v2.vgcn-ingress-public"
                    ],
                    "primary": {
                        "id": "8f6ab35d-f9cd-44ee-9bf2-3be54121b871",
                        "attributes": {
                            "description": "",
                            "direction": "ingress",
                            "ethertype": "IPv4",
                            "id": "8f6ab35d-f9cd-44ee-9bf2-3be54121b871",
                            "port_range_max": "0",
                            "port_range_min": "0",
                            "protocol": "",
                            "region": "Freiburg",
                            "remote_group_id": "",
                            "remote_ip_prefix": "",
                            "security_group_id": "85a9e7fb-dfe0-4412-b6d8-986b5bfd7756",
                            "tenant_id": "36d6d9420bb04403b55fb21052efe4be"
                        },
                        "meta": {
                            "e2bfb730-ecaa-11e6-8f88-34363bc7c4c0": {
                                "delete": 600000000000
                            }
                        },
                        "tainted": false
                    },
                    "deposed": [],
                    "provider": "provider.openstack"
                },
                "openstack_networking_secgroup_rule_v2.23018ae7-1e66-4533-b446-8b8ec465d298": {
                    "type": "openstack_networking_secgroup_rule_v2",
                    "depends_on": [
                        "openstack_networking_secgroup_v2.public-mumble"
                    ],
                    "primary": {
                        "id": "bdc63421-de06-4fb0-b696-40936e1ff185",
                        "attributes": {
                            "description": "",
                            "direction": "ingress",
                            "ethertype": "IPv4",
                            "id": "bdc63421-de06-4fb0-b696-40936e1ff185",
                            "port_range_max": "64738",
                            "port_range_min": "64738",
                            "protocol": "tcp",
                            "region": "Freiburg",
                            "remote_group_id": "",
                            "remote_ip_prefix": "0.0.0.0/0",
                            "security_group_id": "22b731e8-bce3-448e-800c-c91e09d76ea2",
                            "tenant_id": "36d6d9420bb04403b55fb21052efe4be"
                        },
                        "meta": {
                            "e2bfb730-ecaa-11e6-8f88-34363bc7c4c0": {
                                "delete": 600000000000
                            }
                        },
                        "tainted": false
                    },
                    "deposed": [],
                    "provider": "provider.openstack"
                },
                "openstack_networking_secgroup_rule_v2.35e1a542-d19e-435d-8a49-e8233f38711f": {
                    "type": "openstack_networking_secgroup_rule_v2",
                    "depends_on": [
                        "openstack_networking_secgroup_v2.vgcn-ingress-public"
                    ],
                    "primary": {
                        "id": "ec83f5ef-71db-4c02-8371-3a2975f3800c",
                        "attributes": {
                            "description": "",
                            "direction": "ingress",
                            "ethertype": "IPv6",
                            "id": "ec83f5ef-71db-4c02-8371-3a2975f3800c",
                            "port_range_max": "0",
                            "port_range_min": "0",
                            "protocol": "",
                            "region": "Freiburg",
                            "remote_group_id": "",
                            "remote_ip_prefix": "",
                            "security_group_id": "85a9e7fb-dfe0-4412-b6d8-986b5bfd7756",
                            "tenant_id": "36d6d9420bb04403b55fb21052efe4be"
                        },
                        "meta": {
                            "e2bfb730-ecaa-11e6-8f88-34363bc7c4c0": {
                                "delete": 600000000000
                            }
                        },
                        "tainted": false
                    },
                    "deposed": [],
                    "provider": "provider.openstack"
                },
                "openstack_networking_secgroup_rule_v2.40047dc3-cf90-4d66-ade4-5c281ea03a9c": {
                    "type": "openstack_networking_secgroup_rule_v2",
                    "depends_on": [
                        "openstack_networking_secgroup_v2.ufr-ingress"
                    ],
                    "primary": {
                        "id": "2bc33449-8816-44d8-a585-bf4c629b11e8",
                        "attributes": {
                            "description": "",
                            "direction": "ingress",
                            "ethertype": "IPv4",
                            "id": "2bc33449-8816-44d8-a585-bf4c629b11e8",
                            "port_range_max": "0",
                            "port_range_min": "0",
                            "protocol": "",
                            "region": "Freiburg",
                            "remote_group_id": "",
                            "remote_ip_prefix": "192.52.3.0/24",
                            "security_group_id": "fb80f17a-86b7-48be-83d8-ef87dac155f4",
                            "tenant_id": "36d6d9420bb04403b55fb21052efe4be"
                        },
                        "meta": {
                            "e2bfb730-ecaa-11e6-8f88-34363bc7c4c0": {
                                "delete": 600000000000
                            }
                        },
                        "tainted": false
                    },
                    "deposed": [],
                    "provider": "provider.openstack"
                },
                "openstack_networking_secgroup_rule_v2.41156470-b6fb-48d1-950b-bcf17bf64ba2": {
                    "type": "openstack_networking_secgroup_rule_v2",
                    "depends_on": [
                        "openstack_networking_secgroup_v2.public-mosh"
                    ],
                    "primary": {
                        "id": "ae9373f0-3f8c-4be5-a744-ddf05520fb09",
                        "attributes": {
                            "description": "",
                            "direction": "ingress",
                            "ethertype": "IPv4",
                            "id": "ae9373f0-3f8c-4be5-a744-ddf05520fb09",
                            "port_range_max": "61000",
                            "port_range_min": "60000",
                            "protocol": "tcp",
                            "region": "Freiburg",
                            "remote_group_id": "",
                            "remote_ip_prefix": "0.0.0.0/0",
                            "security_group_id": "57ddd7b6-7790-41a2-a18d-f07f29ead1e2",
                            "tenant_id": "36d6d9420bb04403b55fb21052efe4be"
                        },
                        "meta": {
                            "e2bfb730-ecaa-11e6-8f88-34363bc7c4c0": {
                                "delete": 600000000000
                            }
                        },
                        "tainted": false
                    },
                    "deposed": [],
                    "provider": "provider.openstack"
                },
                "openstack_networking_secgroup_rule_v2.4a40a325-78a7-4ead-a1fa-4ef66ac512f6": {
                    "type": "openstack_networking_secgroup_rule_v2",
                    "depends_on": [
                        "openstack_networking_secgroup_v2.egress"
                    ],
                    "primary": {
                        "id": "265ffef2-9b10-43e6-95ff-97635da87215",
                        "attributes": {
                            "description": "",
                            "direction": "egress",
                            "ethertype": "IPv4",
                            "id": "265ffef2-9b10-43e6-95ff-97635da87215",
                            "port_range_max": "0",
                            "port_range_min": "0",
                            "protocol": "",
                            "region": "Freiburg",
                            "remote_group_id": "",
                            "remote_ip_prefix": "",
                            "security_group_id": "f08481be-0886-47a0-9be3-936c0942d8dc",
                            "tenant_id": "36d6d9420bb04403b55fb21052efe4be"
                        },
                        "meta": {
                            "e2bfb730-ecaa-11e6-8f88-34363bc7c4c0": {
                                "delete": 600000000000
                            }
                        },
                        "tainted": false
                    },
                    "deposed": [],
                    "provider": "provider.openstack"
                },
                "openstack_networking_secgroup_rule_v2.58293ee9-af20-4f46-8fb2-8760afb10f9a": {
                    "type": "openstack_networking_secgroup_rule_v2",
                    "depends_on": [
                        "openstack_networking_secgroup_v2.ufr-ingress"
                    ],
                    "primary": {
                        "id": "7f99768d-d73d-4ee0-80ae-a025f1ee9dfc",
                        "attributes": {
                            "description": "",
                            "direction": "ingress",
                            "ethertype": "IPv4",
                            "id": "7f99768d-d73d-4ee0-80ae-a025f1ee9dfc",
                            "port_range_max": "0",
                            "port_range_min": "0",
                            "protocol": "",
                            "region": "Freiburg",
                            "remote_group_id": "",
                            "remote_ip_prefix": "10.0.0.0/8",
                            "security_group_id": "fb80f17a-86b7-48be-83d8-ef87dac155f4",
                            "tenant_id": "36d6d9420bb04403b55fb21052efe4be"
                        },
                        "meta": {
                            "e2bfb730-ecaa-11e6-8f88-34363bc7c4c0": {
                                "delete": 600000000000
                            }
                        },
                        "tainted": false
                    },
                    "deposed": [],
                    "provider": "provider.openstack"
                },
                "openstack_networking_secgroup_rule_v2.5cbd5183-8918-4d74-aa9b-302ebe813d8c": {
                    "type": "openstack_networking_secgroup_rule_v2",
                    "depends_on": [
                        "openstack_networking_secgroup_v2.public-web"
                    ],
                    "primary": {
                        "id": "b8cfc93b-4e62-4316-847f-c3709ead961b",
                        "attributes": {
                            "description": "",
                            "direction": "ingress",
                            "ethertype": "IPv4",
                            "id": "b8cfc93b-4e62-4316-847f-c3709ead961b",
                            "port_range_max": "80",
                            "port_range_min": "80",
                            "protocol": "tcp",
                            "region": "Freiburg",
                            "remote_group_id": "",
                            "remote_ip_prefix": "",
                            "security_group_id": "3b8855bd-e70d-46e4-996f-4b32f00b405b",
                            "tenant_id": "36d6d9420bb04403b55fb21052efe4be"
                        },
                        "meta": {
                            "e2bfb730-ecaa-11e6-8f88-34363bc7c4c0": {
                                "delete": 600000000000
                            }
                        },
                        "tainted": false
                    },
                    "deposed": [],
                    "provider": "provider.openstack"
                },
                "openstack_networking_secgroup_rule_v2.5cbd5183-8918-4d74-aa9b-302ebe813d8z": {
                    "type": "openstack_networking_secgroup_rule_v2",
                    "depends_on": [
                        "openstack_networking_secgroup_v2.public-web"
                    ],
                    "primary": {
                        "id": "4eb3e4b6-e185-4e35-b285-2e7787fd80b7",
                        "attributes": {
                            "description": "",
                            "direction": "ingress",
                            "ethertype": "IPv6",
                            "id": "4eb3e4b6-e185-4e35-b285-2e7787fd80b7",
                            "port_range_max": "80",
                            "port_range_min": "80",
                            "protocol": "tcp",
                            "region": "Freiburg",
                            "remote_group_id": "",
                            "remote_ip_prefix": "",
                            "security_group_id": "3b8855bd-e70d-46e4-996f-4b32f00b405b",
                            "tenant_id": "36d6d9420bb04403b55fb21052efe4be"
                        },
                        "meta": {
                            "e2bfb730-ecaa-11e6-8f88-34363bc7c4c0": {
                                "delete": 600000000000
                            }
                        },
                        "tainted": false
                    },
                    "deposed": [],
                    "provider": "provider.openstack"
                },
                "openstack_networking_secgroup_rule_v2.6179ae32-e3c4-4a8c-a05a-a45bdd7872f3": {
                    "type": "openstack_networking_secgroup_rule_v2",
                    "depends_on": [
                        "openstack_networking_secgroup_v2.public-irc"
                    ],
                    "primary": {
                        "id": "60db72d7-e309-42ed-b78f-7f6483a823f2",
                        "attributes": {
                            "description": "",
                            "direction": "ingress",
                            "ethertype": "IPv4",
                            "id": "60db72d7-e309-42ed-b78f-7f6483a823f2",
                            "port_range_max": "6667",
                            "port_range_min": "6667",
                            "protocol": "tcp",
                            "region": "Freiburg",
                            "remote_group_id": "",
                            "remote_ip_prefix": "0.0.0.0/0",
                            "security_group_id": "86c8f5af-45f9-4f3c-afbd-a70f2c2ce4e9",
                            "tenant_id": "36d6d9420bb04403b55fb21052efe4be"
                        },
                        "meta": {
                            "e2bfb730-ecaa-11e6-8f88-34363bc7c4c0": {
                                "delete": 600000000000
                            }
                        },
                        "tainted": false
                    },
                    "deposed": [],
                    "provider": "provider.openstack"
                },
                "openstack_networking_secgroup_rule_v2.69bda1a1-67d2-4999-b14a-573ead46073c": {
                    "type": "openstack_networking_secgroup_rule_v2",
                    "depends_on": [
                        "openstack_networking_secgroup_v2.public-ssh"
                    ],
                    "primary": {
                        "id": "3a5778d9-5208-4089-afce-6e099e99541b",
                        "attributes": {
                            "description": "",
                            "direction": "ingress",
                            "ethertype": "IPv6",
                            "id": "3a5778d9-5208-4089-afce-6e099e99541b",
                            "port_range_max": "22",
                            "port_range_min": "22",
                            "protocol": "tcp",
                            "region": "Freiburg",
                            "remote_group_id": "",
                            "remote_ip_prefix": "",
                            "security_group_id": "67460b69-e0f2-4bef-bb14-10fa2c2ef9cd",
                            "tenant_id": "36d6d9420bb04403b55fb21052efe4be"
                        },
                        "meta": {
                            "e2bfb730-ecaa-11e6-8f88-34363bc7c4c0": {
                                "delete": 600000000000
                            }
                        },
                        "tainted": false
                    },
                    "deposed": [],
                    "provider": "provider.openstack"
                },
                "openstack_networking_secgroup_rule_v2.7321459b-815a-4f0c-a5fd-5740f0c4da1c": {
                    "type": "openstack_networking_secgroup_rule_v2",
                    "depends_on": [
                        "openstack_networking_secgroup_v2.public-influxdb"
                    ],
                    "primary": {
                        "id": "fe309c5e-2269-494e-8eb8-475306dd8dc2",
                        "attributes": {
                            "description": "",
                            "direction": "ingress",
                            "ethertype": "IPv4",
                            "id": "fe309c5e-2269-494e-8eb8-475306dd8dc2",
                            "port_range_max": "8086",
                            "port_range_min": "8086",
                            "protocol": "tcp",
                            "region": "Freiburg",
                            "remote_group_id": "",
                            "remote_ip_prefix": "0.0.0.0/0",
                            "security_group_id": "dfb4a6a6-298a-45a0-9c98-d335707f7629",
                            "tenant_id": "36d6d9420bb04403b55fb21052efe4be"
                        },
                        "meta": {
                            "e2bfb730-ecaa-11e6-8f88-34363bc7c4c0": {
                                "delete": 600000000000
                            }
                        },
                        "tainted": false
                    },
                    "deposed": [],
                    "provider": "provider.openstack"
                },
                "openstack_networking_secgroup_rule_v2.81cece52-6293-47de-8bc2-502e16efa9dc": {
                    "type": "openstack_networking_secgroup_rule_v2",
                    "depends_on": [
                        "openstack_networking_secgroup_v2.Public"
                    ],
                    "primary": {
                        "id": "37bf2265-2b98-4f26-af0c-7f7b54800c21",
                        "attributes": {
                            "description": "",
                            "direction": "egress",
                            "ethertype": "IPv6",
                            "id": "37bf2265-2b98-4f26-af0c-7f7b54800c21",
                            "port_range_max": "0",
                            "port_range_min": "0",
                            "protocol": "",
                            "region": "Freiburg",
                            "remote_group_id": "",
                            "remote_ip_prefix": "",
                            "security_group_id": "f516ef24-c56c-40bf-a286-45bb490be8b8",
                            "tenant_id": "36d6d9420bb04403b55fb21052efe4be"
                        },
                        "meta": {
                            "e2bfb730-ecaa-11e6-8f88-34363bc7c4c0": {
                                "delete": 600000000000
                            }
                        },
                        "tainted": false
                    },
                    "deposed": [],
                    "provider": "provider.openstack"
                },
                "openstack_networking_secgroup_rule_v2.9725f501-278c-4286-9cae-3ec20d89c724": {
                    "type": "openstack_networking_secgroup_rule_v2",
                    "depends_on": [
                        "openstack_networking_secgroup_v2.ufr-ingress"
                    ],
                    "primary": {
                        "id": "746e0717-4906-4a96-bd2f-9fa437aca97f",
                        "attributes": {
                            "description": "",
                            "direction": "ingress",
                            "ethertype": "IPv4",
                            "id": "746e0717-4906-4a96-bd2f-9fa437aca97f",
                            "port_range_max": "0",
                            "port_range_min": "0",
                            "protocol": "",
                            "region": "Freiburg",
                            "remote_group_id": "",
                            "remote_ip_prefix": "192.52.2.0/24",
                            "security_group_id": "fb80f17a-86b7-48be-83d8-ef87dac155f4",
                            "tenant_id": "36d6d9420bb04403b55fb21052efe4be"
                        },
                        "meta": {
                            "e2bfb730-ecaa-11e6-8f88-34363bc7c4c0": {
                                "delete": 600000000000
                            }
                        },
                        "tainted": false
                    },
                    "deposed": [],
                    "provider": "provider.openstack"
                },
                "openstack_networking_secgroup_rule_v2.a7cbadeb-926b-46cf-9cb5-83203f1765aa": {
                    "type": "openstack_networking_secgroup_rule_v2",
                    "depends_on": [
                        "openstack_networking_secgroup_v2.ingress-public"
                    ],
                    "primary": {
                        "id": "c02e43ce-5d78-4a46-aa95-48ac9d8ce393",
                        "attributes": {
                            "description": "",
                            "direction": "ingress",
                            "ethertype": "IPv4",
                            "id": "c02e43ce-5d78-4a46-aa95-48ac9d8ce393",
                            "port_range_max": "0",
                            "port_range_min": "0",
                            "protocol": "",
                            "region": "Freiburg",
                            "remote_group_id": "",
                            "remote_ip_prefix": "",
                            "security_group_id": "2427792a-2049-45f0-8109-99b3ff577c73",
                            "tenant_id": "36d6d9420bb04403b55fb21052efe4be"
                        },
                        "meta": {
                            "e2bfb730-ecaa-11e6-8f88-34363bc7c4c0": {
                                "delete": 600000000000
                            }
                        },
                        "tainted": false
                    },
                    "deposed": [],
                    "provider": "provider.openstack"
                },
                "openstack_networking_secgroup_rule_v2.aa57e62d-6644-40fb-ad6f-05b50e14bb54": {
                    "type": "openstack_networking_secgroup_rule_v2",
                    "depends_on": [
                        "openstack_networking_secgroup_v2.public-ssh"
                    ],
                    "primary": {
                        "id": "7a99484f-384d-4c96-b02a-0a49e254c2d8",
                        "attributes": {
                            "description": "",
                            "direction": "ingress",
                            "ethertype": "IPv4",
                            "id": "7a99484f-384d-4c96-b02a-0a49e254c2d8",
                            "port_range_max": "22",
                            "port_range_min": "22",
                            "protocol": "tcp",
                            "region": "Freiburg",
                            "remote_group_id": "",
                            "remote_ip_prefix": "",
                            "security_group_id": "67460b69-e0f2-4bef-bb14-10fa2c2ef9cd",
                            "tenant_id": "36d6d9420bb04403b55fb21052efe4be"
                        },
                        "meta": {
                            "e2bfb730-ecaa-11e6-8f88-34363bc7c4c0": {
                                "delete": 600000000000
                            }
                        },
                        "tainted": false
                    },
                    "deposed": [],
                    "provider": "provider.openstack"
                },
                "openstack_networking_secgroup_rule_v2.b650820a-0a7e-4ba8-ba2b-f14656b9388d": {
                    "type": "openstack_networking_secgroup_rule_v2",
                    "depends_on": [
                        "openstack_networking_secgroup_v2.public-ping"
                    ],
                    "primary": {
                        "id": "04d87cb4-0995-413f-bbaa-1903aa97adfb",
                        "attributes": {
                            "description": "",
                            "direction": "ingress",
                            "ethertype": "IPv4",
                            "id": "04d87cb4-0995-413f-bbaa-1903aa97adfb",
                            "port_range_max": "0",
                            "port_range_min": "0",
                            "protocol": "icmp",
                            "region": "Freiburg",
                            "remote_group_id": "",
                            "remote_ip_prefix": "",
                            "security_group_id": "96281ca8-7ccb-4b34-a16b-e2abcbc14f87",
                            "tenant_id": "36d6d9420bb04403b55fb21052efe4be"
                        },
                        "meta": {
                            "e2bfb730-ecaa-11e6-8f88-34363bc7c4c0": {
                                "delete": 600000000000
                            }
                        },
                        "tainted": false
                    },
                    "deposed": [],
                    "provider": "provider.openstack"
                },
                "openstack_networking_secgroup_rule_v2.c1b291ec-0147-4022-bcae-0af6cb390f78": {
                    "type": "openstack_networking_secgroup_rule_v2",
                    "depends_on": [
                        "openstack_networking_secgroup_v2.Public"
                    ],
                    "primary": {
                        "id": "dd49bc7b-5f8d-444a-8ee4-5bc0fc615435",
                        "attributes": {
                            "description": "",
                            "direction": "egress",
                            "ethertype": "IPv4",
                            "id": "dd49bc7b-5f8d-444a-8ee4-5bc0fc615435",
                            "port_range_max": "0",
                            "port_range_min": "0",
                            "protocol": "",
                            "region": "Freiburg",
                            "remote_group_id": "",
                            "remote_ip_prefix": "",
                            "security_group_id": "f516ef24-c56c-40bf-a286-45bb490be8b8",
                            "tenant_id": "36d6d9420bb04403b55fb21052efe4be"
                        },
                        "meta": {
                            "e2bfb730-ecaa-11e6-8f88-34363bc7c4c0": {
                                "delete": 600000000000
                            }
                        },
                        "tainted": false
                    },
                    "deposed": [],
                    "provider": "provider.openstack"
                },
                "openstack_networking_secgroup_rule_v2.da697705-5849-492a-902e-b62f4e9a8377": {
                    "type": "openstack_networking_secgroup_rule_v2",
                    "depends_on": [
                        "openstack_networking_secgroup_v2.Public"
                    ],
                    "primary": {
                        "id": "acbfc838-513f-4cf3-b71d-ecc7ef5a3e80",
                        "attributes": {
                            "description": "",
                            "direction": "ingress",
                            "ethertype": "IPv4",
                            "id": "acbfc838-513f-4cf3-b71d-ecc7ef5a3e80",
                            "port_range_max": "22",
                            "port_range_min": "22",
                            "protocol": "tcp",
                            "region": "Freiburg",
                            "remote_group_id": "",
                            "remote_ip_prefix": "0.0.0.0/0",
                            "security_group_id": "f516ef24-c56c-40bf-a286-45bb490be8b8",
                            "tenant_id": "36d6d9420bb04403b55fb21052efe4be"
                        },
                        "meta": {
                            "e2bfb730-ecaa-11e6-8f88-34363bc7c4c0": {
                                "delete": 600000000000
                            }
                        },
                        "tainted": false
                    },
                    "deposed": [],
                    "provider": "provider.openstack"
                },
                "openstack_networking_secgroup_rule_v2.de4ad9ea-9ee4-4a8c-88ee-cc14410ebada": {
                    "type": "openstack_networking_secgroup_rule_v2",
                    "depends_on": [
                        "openstack_networking_secgroup_v2.ufr-ingress"
                    ],
                    "primary": {
                        "id": "cbb4bae7-2e35-485f-bfaf-ebd3b656d0c0",
                        "attributes": {
                            "description": "",
                            "direction": "ingress",
                            "ethertype": "IPv4",
                            "id": "cbb4bae7-2e35-485f-bfaf-ebd3b656d0c0",
                            "port_range_max": "0",
                            "port_range_min": "0",
                            "protocol": "",
                            "region": "Freiburg",
                            "remote_group_id": "",
                            "remote_ip_prefix": "132.230.0.0/16",
                            "security_group_id": "fb80f17a-86b7-48be-83d8-ef87dac155f4",
                            "tenant_id": "36d6d9420bb04403b55fb21052efe4be"
                        },
                        "meta": {
                            "e2bfb730-ecaa-11e6-8f88-34363bc7c4c0": {
                                "delete": 600000000000
                            }
                        },
                        "tainted": false
                    },
                    "deposed": [],
                    "provider": "provider.openstack"
                },
                "openstack_networking_secgroup_rule_v2.e01d7f4e-367e-453f-b716-3dca578d669d": {
                    "type": "openstack_networking_secgroup_rule_v2",
                    "depends_on": [
                        "openstack_networking_secgroup_v2.Public"
                    ],
                    "primary": {
                        "id": "2fed64e3-a753-4de2-8af5-9872e72f299e",
                        "attributes": {
                            "description": "",
                            "direction": "ingress",
                            "ethertype": "IPv4",
                            "id": "2fed64e3-a753-4de2-8af5-9872e72f299e",
                            "port_range_max": "80",
                            "port_range_min": "80",
                            "protocol": "tcp",
                            "region": "Freiburg",
                            "remote_group_id": "",
                            "remote_ip_prefix": "0.0.0.0/0",
                            "security_group_id": "f516ef24-c56c-40bf-a286-45bb490be8b8",
                            "tenant_id": "36d6d9420bb04403b55fb21052efe4be"
                        },
                        "meta": {
                            "e2bfb730-ecaa-11e6-8f88-34363bc7c4c0": {
                                "delete": 600000000000
                            }
                        },
                        "tainted": false
                    },
                    "deposed": [],
                    "provider": "provider.openstack"
                },
                "openstack_networking_secgroup_rule_v2.e0a7a88f-9570-4030-a39b-17e782b925e0": {
                    "type": "openstack_networking_secgroup_rule_v2",
                    "depends_on": [
                        "openstack_networking_secgroup_v2.public-mumble"
                    ],
                    "primary": {
                        "id": "b825e37e-5f76-408d-b953-a9f409c95ba7",
                        "attributes": {
                            "description": "",
                            "direction": "ingress",
                            "ethertype": "IPv4",
                            "id": "b825e37e-5f76-408d-b953-a9f409c95ba7",
                            "port_range_max": "64738",
                            "port_range_min": "64738",
                            "protocol": "udp",
                            "region": "Freiburg",
                            "remote_group_id": "",
                            "remote_ip_prefix": "0.0.0.0/0",
                            "security_group_id": "22b731e8-bce3-448e-800c-c91e09d76ea2",
                            "tenant_id": "36d6d9420bb04403b55fb21052efe4be"
                        },
                        "meta": {
                            "e2bfb730-ecaa-11e6-8f88-34363bc7c4c0": {
                                "delete": 600000000000
                            }
                        },
                        "tainted": false
                    },
                    "deposed": [],
                    "provider": "provider.openstack"
                },
                "openstack_networking_secgroup_rule_v2.e79fa4e2-bca0-42b4-b864-67e6a750dbe8": {
                    "type": "openstack_networking_secgroup_rule_v2",
                    "depends_on": [
                        "openstack_networking_secgroup_v2.Public"
                    ],
                    "primary": {
                        "id": "3ca92c4e-0832-40ff-b35f-96a74a0fe1cf",
                        "attributes": {
                            "description": "",
                            "direction": "ingress",
                            "ethertype": "IPv4",
                            "id": "3ca92c4e-0832-40ff-b35f-96a74a0fe1cf",
                            "port_range_max": "65535",
                            "port_range_min": "1",
                            "protocol": "tcp",
                            "region": "Freiburg",
                            "remote_group_id": "",
                            "remote_ip_prefix": "0.0.0.0/0",
                            "security_group_id": "f516ef24-c56c-40bf-a286-45bb490be8b8",
                            "tenant_id": "36d6d9420bb04403b55fb21052efe4be"
                        },
                        "meta": {
                            "e2bfb730-ecaa-11e6-8f88-34363bc7c4c0": {
                                "delete": 600000000000
                            }
                        },
                        "tainted": false
                    },
                    "deposed": [],
                    "provider": "provider.openstack"
                },
                "openstack_networking_secgroup_rule_v2.ef536597-385f-45b1-8895-f0553595c8fb": {
                    "type": "openstack_networking_secgroup_rule_v2",
                    "depends_on": [
                        "openstack_networking_secgroup_v2.public-web"
                    ],
                    "primary": {
                        "id": "d0ad639a-209b-4336-a523-7dc5d1d9f1a6",
                        "attributes": {
                            "description": "",
                            "direction": "ingress",
                            "ethertype": "IPv4",
                            "id": "d0ad639a-209b-4336-a523-7dc5d1d9f1a6",
                            "port_range_max": "443",
                            "port_range_min": "443",
                            "protocol": "tcp",
                            "region": "Freiburg",
                            "remote_group_id": "",
                            "remote_ip_prefix": "",
                            "security_group_id": "3b8855bd-e70d-46e4-996f-4b32f00b405b",
                            "tenant_id": "36d6d9420bb04403b55fb21052efe4be"
                        },
                        "meta": {
                            "e2bfb730-ecaa-11e6-8f88-34363bc7c4c0": {
                                "delete": 600000000000
                            }
                        },
                        "tainted": false
                    },
                    "deposed": [],
                    "provider": "provider.openstack"
                },
                "openstack_networking_secgroup_rule_v2.ef536597-385f-45b1-8895-f0553595c8fz": {
                    "type": "openstack_networking_secgroup_rule_v2",
                    "depends_on": [
                        "openstack_networking_secgroup_v2.public-web"
                    ],
                    "primary": {
                        "id": "10bc61e3-0370-4e54-a3bd-a03bbad9ab7a",
                        "attributes": {
                            "description": "",
                            "direction": "ingress",
                            "ethertype": "IPv6",
                            "id": "10bc61e3-0370-4e54-a3bd-a03bbad9ab7a",
                            "port_range_max": "443",
                            "port_range_min": "443",
                            "protocol": "tcp",
                            "region": "Freiburg",
                            "remote_group_id": "",
                            "remote_ip_prefix": "",
                            "security_group_id": "3b8855bd-e70d-46e4-996f-4b32f00b405b",
                            "tenant_id": "36d6d9420bb04403b55fb21052efe4be"
                        },
                        "meta": {
                            "e2bfb730-ecaa-11e6-8f88-34363bc7c4c0": {
                                "delete": 600000000000
                            }
                        },
                        "tainted": false
                    },
                    "deposed": [],
                    "provider": "provider.openstack"
                },
                "openstack_networking_secgroup_rule_v2.fb24ccbf-025a-494f-b632-62e107e12ae1": {
                    "type": "openstack_networking_secgroup_rule_v2",
                    "depends_on": [
                        "openstack_networking_secgroup_v2.ingress-public"
                    ],
                    "primary": {
                        "id": "d8835827-e611-4724-a1fc-9236956f0f1b",
                        "attributes": {
                            "description": "",
                            "direction": "ingress",
                            "ethertype": "IPv6",
                            "id": "d8835827-e611-4724-a1fc-9236956f0f1b",
                            "port_range_max": "0",
                            "port_range_min": "0",
                            "protocol": "",
                            "region": "Freiburg",
                            "remote_group_id": "",
                            "remote_ip_prefix": "",
                            "security_group_id": "2427792a-2049-45f0-8109-99b3ff577c73",
                            "tenant_id": "36d6d9420bb04403b55fb21052efe4be"
                        },
                        "meta": {
                            "e2bfb730-ecaa-11e6-8f88-34363bc7c4c0": {
                                "delete": 600000000000
                            }
                        },
                        "tainted": false
                    },
                    "deposed": [],
                    "provider": "provider.openstack"
                },
                "openstack_networking_secgroup_rule_v2.hic-ports4.0": {
                    "type": "openstack_networking_secgroup_rule_v2",
                    "depends_on": [
                        "openstack_networking_secgroup_v2.hicbrowser"
                    ],
                    "primary": {
                        "id": "03310e88-acf1-444e-baa7-51843f2d0a18",
                        "attributes": {
                            "description": "",
                            "direction": "ingress",
                            "ethertype": "IPv4",
                            "id": "03310e88-acf1-444e-baa7-51843f2d0a18",
                            "port_range_max": "80",
                            "port_range_min": "80",
                            "protocol": "tcp",
                            "region": "Freiburg",
                            "remote_group_id": "",
                            "remote_ip_prefix": "",
                            "security_group_id": "3bcfa8bc-9bea-47bc-a1fe-9605acb0c65c",
                            "tenant_id": "36d6d9420bb04403b55fb21052efe4be"
                        },
                        "meta": {
                            "e2bfb730-ecaa-11e6-8f88-34363bc7c4c0": {
                                "delete": 600000000000
                            }
                        },
                        "tainted": false
                    },
                    "deposed": [],
                    "provider": "provider.openstack"
                },
                "openstack_networking_secgroup_rule_v2.hic-ports4.1": {
                    "type": "openstack_networking_secgroup_rule_v2",
                    "depends_on": [
                        "openstack_networking_secgroup_v2.hicbrowser"
                    ],
                    "primary": {
                        "id": "f3f923c4-a0a1-405b-9387-811b339d635b",
                        "attributes": {
                            "description": "",
                            "direction": "ingress",
                            "ethertype": "IPv4",
                            "id": "f3f923c4-a0a1-405b-9387-811b339d635b",
                            "port_range_max": "443",
                            "port_range_min": "443",
                            "protocol": "tcp",
                            "region": "Freiburg",
                            "remote_group_id": "",
                            "remote_ip_prefix": "",
                            "security_group_id": "3bcfa8bc-9bea-47bc-a1fe-9605acb0c65c",
                            "tenant_id": "36d6d9420bb04403b55fb21052efe4be"
                        },
                        "meta": {
                            "e2bfb730-ecaa-11e6-8f88-34363bc7c4c0": {
                                "delete": 600000000000
                            }
                        },
                        "tainted": false
                    },
                    "deposed": [],
                    "provider": "provider.openstack"
                },
                "openstack_networking_secgroup_rule_v2.hic-ports4.2": {
                    "type": "openstack_networking_secgroup_rule_v2",
                    "depends_on": [
                        "openstack_networking_secgroup_v2.hicbrowser"
                    ],
                    "primary": {
                        "id": "a4b5684d-da4f-46b3-aafd-4f422bc062be",
                        "attributes": {
                            "description": "",
                            "direction": "ingress",
                            "ethertype": "IPv4",
                            "id": "a4b5684d-da4f-46b3-aafd-4f422bc062be",
                            "port_range_max": "8080",
                            "port_range_min": "8080",
                            "protocol": "tcp",
                            "region": "Freiburg",
                            "remote_group_id": "",
                            "remote_ip_prefix": "",
                            "security_group_id": "3bcfa8bc-9bea-47bc-a1fe-9605acb0c65c",
                            "tenant_id": "36d6d9420bb04403b55fb21052efe4be"
                        },
                        "meta": {
                            "e2bfb730-ecaa-11e6-8f88-34363bc7c4c0": {
                                "delete": 600000000000
                            }
                        },
                        "tainted": false
                    },
                    "deposed": [],
                    "provider": "provider.openstack"
                },
                "openstack_networking_secgroup_rule_v2.hic-ports4.3": {
                    "type": "openstack_networking_secgroup_rule_v2",
                    "depends_on": [
                        "openstack_networking_secgroup_v2.hicbrowser"
                    ],
                    "primary": {
                        "id": "3ef97e41-83a8-4ac8-b76c-a3aa65c18717",
                        "attributes": {
                            "description": "",
                            "direction": "ingress",
                            "ethertype": "IPv4",
                            "id": "3ef97e41-83a8-4ac8-b76c-a3aa65c18717",
                            "port_range_max": "8081",
                            "port_range_min": "8081",
                            "protocol": "tcp",
                            "region": "Freiburg",
                            "remote_group_id": "",
                            "remote_ip_prefix": "",
                            "security_group_id": "3bcfa8bc-9bea-47bc-a1fe-9605acb0c65c",
                            "tenant_id": "36d6d9420bb04403b55fb21052efe4be"
                        },
                        "meta": {
                            "e2bfb730-ecaa-11e6-8f88-34363bc7c4c0": {
                                "delete": 600000000000
                            }
                        },
                        "tainted": false
                    },
                    "deposed": [],
                    "provider": "provider.openstack"
                },
                "openstack_networking_secgroup_rule_v2.hic-ports6.0": {
                    "type": "openstack_networking_secgroup_rule_v2",
                    "depends_on": [
                        "openstack_networking_secgroup_v2.hicbrowser"
                    ],
                    "primary": {
                        "id": "aae7684f-511c-4670-9f39-7f8d7e517c7f",
                        "attributes": {
                            "description": "",
                            "direction": "ingress",
                            "ethertype": "IPv6",
                            "id": "aae7684f-511c-4670-9f39-7f8d7e517c7f",
                            "port_range_max": "80",
                            "port_range_min": "80",
                            "protocol": "tcp",
                            "region": "Freiburg",
                            "remote_group_id": "",
                            "remote_ip_prefix": "",
                            "security_group_id": "3bcfa8bc-9bea-47bc-a1fe-9605acb0c65c",
                            "tenant_id": "36d6d9420bb04403b55fb21052efe4be"
                        },
                        "meta": {
                            "e2bfb730-ecaa-11e6-8f88-34363bc7c4c0": {
                                "delete": 600000000000
                            }
                        },
                        "tainted": false
                    },
                    "deposed": [],
                    "provider": "provider.openstack"
                },
                "openstack_networking_secgroup_rule_v2.hic-ports6.1": {
                    "type": "openstack_networking_secgroup_rule_v2",
                    "depends_on": [
                        "openstack_networking_secgroup_v2.hicbrowser"
                    ],
                    "primary": {
                        "id": "46b55f5c-9d93-4e94-a318-cef5c05fb8f1",
                        "attributes": {
                            "description": "",
                            "direction": "ingress",
                            "ethertype": "IPv6",
                            "id": "46b55f5c-9d93-4e94-a318-cef5c05fb8f1",
                            "port_range_max": "443",
                            "port_range_min": "443",
                            "protocol": "tcp",
                            "region": "Freiburg",
                            "remote_group_id": "",
                            "remote_ip_prefix": "",
                            "security_group_id": "3bcfa8bc-9bea-47bc-a1fe-9605acb0c65c",
                            "tenant_id": "36d6d9420bb04403b55fb21052efe4be"
                        },
                        "meta": {
                            "e2bfb730-ecaa-11e6-8f88-34363bc7c4c0": {
                                "delete": 600000000000
                            }
                        },
                        "tainted": false
                    },
                    "deposed": [],
                    "provider": "provider.openstack"
                },
                "openstack_networking_secgroup_rule_v2.hic-ports6.2": {
                    "type": "openstack_networking_secgroup_rule_v2",
                    "depends_on": [
                        "openstack_networking_secgroup_v2.hicbrowser"
                    ],
                    "primary": {
                        "id": "bb6aba22-199a-4740-a2bc-d17d45a73a47",
                        "attributes": {
                            "description": "",
                            "direction": "ingress",
                            "ethertype": "IPv6",
                            "id": "bb6aba22-199a-4740-a2bc-d17d45a73a47",
                            "port_range_max": "8080",
                            "port_range_min": "8080",
                            "protocol": "tcp",
                            "region": "Freiburg",
                            "remote_group_id": "",
                            "remote_ip_prefix": "",
                            "security_group_id": "3bcfa8bc-9bea-47bc-a1fe-9605acb0c65c",
                            "tenant_id": "36d6d9420bb04403b55fb21052efe4be"
                        },
                        "meta": {
                            "e2bfb730-ecaa-11e6-8f88-34363bc7c4c0": {
                                "delete": 600000000000
                            }
                        },
                        "tainted": false
                    },
                    "deposed": [],
                    "provider": "provider.openstack"
                },
                "openstack_networking_secgroup_rule_v2.hic-ports6.3": {
                    "type": "openstack_networking_secgroup_rule_v2",
                    "depends_on": [
                        "openstack_networking_secgroup_v2.hicbrowser"
                    ],
                    "primary": {
                        "id": "bb63b546-2f2c-4aeb-ab6e-8efb4cd33d55",
                        "attributes": {
                            "description": "",
                            "direction": "ingress",
                            "ethertype": "IPv6",
                            "id": "bb63b546-2f2c-4aeb-ab6e-8efb4cd33d55",
                            "port_range_max": "8081",
                            "port_range_min": "8081",
                            "protocol": "tcp",
                            "region": "Freiburg",
                            "remote_group_id": "",
                            "remote_ip_prefix": "",
                            "security_group_id": "3bcfa8bc-9bea-47bc-a1fe-9605acb0c65c",
                            "tenant_id": "36d6d9420bb04403b55fb21052efe4be"
                        },
                        "meta": {
                            "e2bfb730-ecaa-11e6-8f88-34363bc7c4c0": {
                                "delete": 600000000000
                            }
                        },
                        "tainted": false
                    },
                    "deposed": [],
                    "provider": "provider.openstack"
                },
                "openstack_networking_secgroup_rule_v2.in-443.0": {
                    "type": "openstack_networking_secgroup_rule_v2",
                    "depends_on": [
                        "openstack_networking_secgroup_v2.ufr-web"
                    ],
                    "primary": {
                        "id": "b500bb4d-d06b-4a1b-b8cb-385eb896e084",
                        "attributes": {
                            "description": "",
                            "direction": "ingress",
                            "ethertype": "IPv4",
                            "id": "b500bb4d-d06b-4a1b-b8cb-385eb896e084",
                            "port_range_max": "443",
                            "port_range_min": "443",
                            "protocol": "tcp",
                            "region": "Freiburg",
                            "remote_group_id": "",
                            "remote_ip_prefix": "192.52.32.0/20",
                            "security_group_id": "bcabcd6d-2cfb-477b-9758-784ee93d4c33",
                            "tenant_id": "36d6d9420bb04403b55fb21052efe4be"
                        },
                        "meta": {
                            "e2bfb730-ecaa-11e6-8f88-34363bc7c4c0": {
                                "delete": 600000000000
                            }
                        },
                        "tainted": false
                    },
                    "deposed": [],
                    "provider": "provider.openstack"
                },
                "openstack_networking_secgroup_rule_v2.in-443.1": {
                    "type": "openstack_networking_secgroup_rule_v2",
                    "depends_on": [
                        "openstack_networking_secgroup_v2.ufr-web"
                    ],
                    "primary": {
                        "id": "5981bf69-0a9a-4ac2-b1ea-c20dd5830d45",
                        "attributes": {
                            "description": "",
                            "direction": "ingress",
                            "ethertype": "IPv4",
                            "id": "5981bf69-0a9a-4ac2-b1ea-c20dd5830d45",
                            "port_range_max": "443",
                            "port_range_min": "443",
                            "protocol": "tcp",
                            "region": "Freiburg",
                            "remote_group_id": "",
                            "remote_ip_prefix": "10.0.0.0/8",
                            "security_group_id": "bcabcd6d-2cfb-477b-9758-784ee93d4c33",
                            "tenant_id": "36d6d9420bb04403b55fb21052efe4be"
                        },
                        "meta": {
                            "e2bfb730-ecaa-11e6-8f88-34363bc7c4c0": {
                                "delete": 600000000000
                            }
                        },
                        "tainted": false
                    },
                    "deposed": [],
                    "provider": "provider.openstack"
                },
                "openstack_networking_secgroup_rule_v2.in-443.2": {
                    "type": "openstack_networking_secgroup_rule_v2",
                    "depends_on": [
                        "openstack_networking_secgroup_v2.ufr-web"
                    ],
                    "primary": {
                        "id": "691db72d-985d-44a1-8dad-105d56b31553",
                        "attributes": {
                            "description": "",
                            "direction": "ingress",
                            "ethertype": "IPv4",
                            "id": "691db72d-985d-44a1-8dad-105d56b31553",
                            "port_range_max": "443",
                            "port_range_min": "443",
                            "protocol": "tcp",
                            "region": "Freiburg",
                            "remote_group_id": "",
                            "remote_ip_prefix": "132.230.0.0/16",
                            "security_group_id": "bcabcd6d-2cfb-477b-9758-784ee93d4c33",
                            "tenant_id": "36d6d9420bb04403b55fb21052efe4be"
                        },
                        "meta": {
                            "e2bfb730-ecaa-11e6-8f88-34363bc7c4c0": {
                                "delete": 600000000000
                            }
                        },
                        "tainted": false
                    },
                    "deposed": [],
                    "provider": "provider.openstack"
                },
                "openstack_networking_secgroup_rule_v2.in-80.0": {
                    "type": "openstack_networking_secgroup_rule_v2",
                    "depends_on": [
                        "openstack_networking_secgroup_v2.ufr-web"
                    ],
                    "primary": {
                        "id": "fcbd6651-1fb9-45fb-9de5-ccc11ae38840",
                        "attributes": {
                            "description": "",
                            "direction": "ingress",
                            "ethertype": "IPv4",
                            "id": "fcbd6651-1fb9-45fb-9de5-ccc11ae38840",
                            "port_range_max": "80",
                            "port_range_min": "80",
                            "protocol": "tcp",
                            "region": "Freiburg",
                            "remote_group_id": "",
                            "remote_ip_prefix": "192.52.32.0/20",
                            "security_group_id": "bcabcd6d-2cfb-477b-9758-784ee93d4c33",
                            "tenant_id": "36d6d9420bb04403b55fb21052efe4be"
                        },
                        "meta": {
                            "e2bfb730-ecaa-11e6-8f88-34363bc7c4c0": {
                                "delete": 600000000000
                            }
                        },
                        "tainted": false
                    },
                    "deposed": [],
                    "provider": "provider.openstack"
                },
                "openstack_networking_secgroup_rule_v2.in-80.1": {
                    "type": "openstack_networking_secgroup_rule_v2",
                    "depends_on": [
                        "openstack_networking_secgroup_v2.ufr-web"
                    ],
                    "primary": {
                        "id": "a87d0e81-5409-47a0-8252-24d0d656c642",
                        "attributes": {
                            "description": "",
                            "direction": "ingress",
                            "ethertype": "IPv4",
                            "id": "a87d0e81-5409-47a0-8252-24d0d656c642",
                            "port_range_max": "80",
                            "port_range_min": "80",
                            "protocol": "tcp",
                            "region": "Freiburg",
                            "remote_group_id": "",
                            "remote_ip_prefix": "10.0.0.0/8",
                            "security_group_id": "bcabcd6d-2cfb-477b-9758-784ee93d4c33",
                            "tenant_id": "36d6d9420bb04403b55fb21052efe4be"
                        },
                        "meta": {
                            "e2bfb730-ecaa-11e6-8f88-34363bc7c4c0": {
                                "delete": 600000000000
                            }
                        },
                        "tainted": false
                    },
                    "deposed": [],
                    "provider": "provider.openstack"
                },
                "openstack_networking_secgroup_rule_v2.in-80.2": {
                    "type": "openstack_networking_secgroup_rule_v2",
                    "depends_on": [
                        "openstack_networking_secgroup_v2.ufr-web"
                    ],
                    "primary": {
                        "id": "d2ccdf2f-7cdb-47bb-9f3b-564c1132889b",
                        "attributes": {
                            "description": "",
                            "direction": "ingress",
                            "ethertype": "IPv4",
                            "id": "d2ccdf2f-7cdb-47bb-9f3b-564c1132889b",
                            "port_range_max": "80",
                            "port_range_min": "80",
                            "protocol": "tcp",
                            "region": "Freiburg",
                            "remote_group_id": "",
                            "remote_ip_prefix": "132.230.0.0/16",
                            "security_group_id": "bcabcd6d-2cfb-477b-9758-784ee93d4c33",
                            "tenant_id": "36d6d9420bb04403b55fb21052efe4be"
                        },
                        "meta": {
                            "e2bfb730-ecaa-11e6-8f88-34363bc7c4c0": {
                                "delete": 600000000000
                            }
                        },
                        "tainted": false
                    },
                    "deposed": [],
                    "provider": "provider.openstack"
                },
                "openstack_networking_secgroup_rule_v2.public-amqp-5671": {
                    "type": "openstack_networking_secgroup_rule_v2",
                    "depends_on": [
                        "openstack_networking_secgroup_v2.public-amqp"
                    ],
                    "primary": {
                        "id": "5862ad53-5ac1-4417-ad32-01b8f1e5026b",
                        "attributes": {
                            "description": "",
                            "direction": "ingress",
                            "ethertype": "IPv4",
                            "id": "5862ad53-5ac1-4417-ad32-01b8f1e5026b",
                            "port_range_max": "5671",
                            "port_range_min": "5671",
                            "protocol": "tcp",
                            "region": "Freiburg",
                            "remote_group_id": "",
                            "remote_ip_prefix": "0.0.0.0/0",
                            "security_group_id": "fe749738-892a-44b9-a313-e07238f2d92d",
                            "tenant_id": "36d6d9420bb04403b55fb21052efe4be"
                        },
                        "meta": {
                            "e2bfb730-ecaa-11e6-8f88-34363bc7c4c0": {
                                "delete": 600000000000
                            }
                        },
                        "tainted": false
                    },
                    "deposed": [],
                    "provider": "provider.openstack"
                },
                "openstack_networking_secgroup_rule_v2.public-gat-6789": {
                    "type": "openstack_networking_secgroup_rule_v2",
                    "depends_on": [
                        "openstack_networking_secgroup_v2.public-gat"
                    ],
                    "primary": {
                        "id": "7f8412a4-de1e-4da7-b4ba-56d21d8137f7",
                        "attributes": {
                            "description": "",
                            "direction": "ingress",
                            "ethertype": "IPv4",
                            "id": "7f8412a4-de1e-4da7-b4ba-56d21d8137f7",
                            "port_range_max": "6789",
                            "port_range_min": "6789",
                            "protocol": "tcp",
                            "region": "Freiburg",
                            "remote_group_id": "",
                            "remote_ip_prefix": "0.0.0.0/0",
                            "security_group_id": "0b98785d-c1f2-411e-85d1-6a0cb6257807",
                            "tenant_id": "36d6d9420bb04403b55fb21052efe4be"
                        },
                        "meta": {
                            "e2bfb730-ecaa-11e6-8f88-34363bc7c4c0": {
                                "delete": 600000000000
                            }
                        },
                        "tainted": false
                    },
                    "deposed": [],
                    "provider": "provider.openstack"
                },
                "openstack_networking_secgroup_rule_v2.public-web-ports4.0": {
                    "type": "openstack_networking_secgroup_rule_v2",
                    "depends_on": [
                        "openstack_networking_secgroup_v2.public-web2"
                    ],
                    "primary": {
                        "id": "6e396a49-a3f0-4415-87af-a484358b70d0",
                        "attributes": {
                            "description": "",
                            "direction": "ingress",
                            "ethertype": "IPv4",
                            "id": "6e396a49-a3f0-4415-87af-a484358b70d0",
                            "port_range_max": "80",
                            "port_range_min": "80",
                            "protocol": "tcp",
                            "region": "Freiburg",
                            "remote_group_id": "",
                            "remote_ip_prefix": "",
                            "security_group_id": "2207b12e-6fcd-49aa-8f9e-9c6d32c768bb",
                            "tenant_id": "36d6d9420bb04403b55fb21052efe4be"
                        },
                        "meta": {
                            "e2bfb730-ecaa-11e6-8f88-34363bc7c4c0": {
                                "delete": 600000000000
                            }
                        },
                        "tainted": false
                    },
                    "deposed": [],
                    "provider": "provider.openstack"
                },
                "openstack_networking_secgroup_rule_v2.public-web-ports4.1": {
                    "type": "openstack_networking_secgroup_rule_v2",
                    "depends_on": [
                        "openstack_networking_secgroup_v2.public-web2"
                    ],
                    "primary": {
                        "id": "ac88588d-b769-4777-9e3e-6203bf954f5c",
                        "attributes": {
                            "description": "",
                            "direction": "ingress",
                            "ethertype": "IPv4",
                            "id": "ac88588d-b769-4777-9e3e-6203bf954f5c",
                            "port_range_max": "443",
                            "port_range_min": "443",
                            "protocol": "tcp",
                            "region": "Freiburg",
                            "remote_group_id": "",
                            "remote_ip_prefix": "",
                            "security_group_id": "2207b12e-6fcd-49aa-8f9e-9c6d32c768bb",
                            "tenant_id": "36d6d9420bb04403b55fb21052efe4be"
                        },
                        "meta": {
                            "e2bfb730-ecaa-11e6-8f88-34363bc7c4c0": {
                                "delete": 600000000000
                            }
                        },
                        "tainted": false
                    },
                    "deposed": [],
                    "provider": "provider.openstack"
                },
                "openstack_networking_secgroup_rule_v2.public-web-ports4.2": {
                    "type": "openstack_networking_secgroup_rule_v2",
                    "depends_on": [
                        "openstack_networking_secgroup_v2.public-web2"
                    ],
                    "primary": {
                        "id": "1f8f7f7a-e0f2-43f7-9602-733d51e47d87",
                        "attributes": {
                            "description": "",
                            "direction": "ingress",
                            "ethertype": "IPv4",
                            "id": "1f8f7f7a-e0f2-43f7-9602-733d51e47d87",
                            "port_range_max": "8080",
                            "port_range_min": "8080",
                            "protocol": "tcp",
                            "region": "Freiburg",
                            "remote_group_id": "",
                            "remote_ip_prefix": "",
                            "security_group_id": "2207b12e-6fcd-49aa-8f9e-9c6d32c768bb",
                            "tenant_id": "36d6d9420bb04403b55fb21052efe4be"
                        },
                        "meta": {
                            "e2bfb730-ecaa-11e6-8f88-34363bc7c4c0": {
                                "delete": 600000000000
                            }
                        },
                        "tainted": false
                    },
                    "deposed": [],
                    "provider": "provider.openstack"
                },
                "openstack_networking_secgroup_rule_v2.public-web-ports6.0": {
                    "type": "openstack_networking_secgroup_rule_v2",
                    "depends_on": [
                        "openstack_networking_secgroup_v2.public-web2"
                    ],
                    "primary": {
                        "id": "a06ff4a0-a5af-4185-8cbb-63ba7ac24b16",
                        "attributes": {
                            "description": "",
                            "direction": "ingress",
                            "ethertype": "IPv6",
                            "id": "a06ff4a0-a5af-4185-8cbb-63ba7ac24b16",
                            "port_range_max": "80",
                            "port_range_min": "80",
                            "protocol": "tcp",
                            "region": "Freiburg",
                            "remote_group_id": "",
                            "remote_ip_prefix": "",
                            "security_group_id": "2207b12e-6fcd-49aa-8f9e-9c6d32c768bb",
                            "tenant_id": "36d6d9420bb04403b55fb21052efe4be"
                        },
                        "meta": {
                            "e2bfb730-ecaa-11e6-8f88-34363bc7c4c0": {
                                "delete": 600000000000
                            }
                        },
                        "tainted": false
                    },
                    "deposed": [],
                    "provider": "provider.openstack"
                },
                "openstack_networking_secgroup_rule_v2.public-web-ports6.1": {
                    "type": "openstack_networking_secgroup_rule_v2",
                    "depends_on": [
                        "openstack_networking_secgroup_v2.public-web2"
                    ],
                    "primary": {
                        "id": "9730b8d8-7bd2-45d1-88a5-9977b2914150",
                        "attributes": {
                            "description": "",
                            "direction": "ingress",
                            "ethertype": "IPv6",
                            "id": "9730b8d8-7bd2-45d1-88a5-9977b2914150",
                            "port_range_max": "443",
                            "port_range_min": "443",
                            "protocol": "tcp",
                            "region": "Freiburg",
                            "remote_group_id": "",
                            "remote_ip_prefix": "",
                            "security_group_id": "2207b12e-6fcd-49aa-8f9e-9c6d32c768bb",
                            "tenant_id": "36d6d9420bb04403b55fb21052efe4be"
                        },
                        "meta": {
                            "e2bfb730-ecaa-11e6-8f88-34363bc7c4c0": {
                                "delete": 600000000000
                            }
                        },
                        "tainted": false
                    },
                    "deposed": [],
                    "provider": "provider.openstack"
                },
                "openstack_networking_secgroup_rule_v2.public-web-ports6.2": {
                    "type": "openstack_networking_secgroup_rule_v2",
                    "depends_on": [
                        "openstack_networking_secgroup_v2.public-web2"
                    ],
                    "primary": {
                        "id": "c6f6a01e-a412-4e87-8be5-5f9dceb13964",
                        "attributes": {
                            "description": "",
                            "direction": "ingress",
                            "ethertype": "IPv6",
                            "id": "c6f6a01e-a412-4e87-8be5-5f9dceb13964",
                            "port_range_max": "8080",
                            "port_range_min": "8080",
                            "protocol": "tcp",
                            "region": "Freiburg",
                            "remote_group_id": "",
                            "remote_ip_prefix": "",
                            "security_group_id": "2207b12e-6fcd-49aa-8f9e-9c6d32c768bb",
                            "tenant_id": "36d6d9420bb04403b55fb21052efe4be"
                        },
                        "meta": {
                            "e2bfb730-ecaa-11e6-8f88-34363bc7c4c0": {
                                "delete": 600000000000
                            }
                        },
                        "tainted": false
                    },
                    "deposed": [],
                    "provider": "provider.openstack"
                },
                "openstack_networking_secgroup_rule_v2.ufr-influxdb.0": {
                    "type": "openstack_networking_secgroup_rule_v2",
                    "depends_on": [
                        "openstack_networking_secgroup_v2.ufr-influxdb"
                    ],
                    "primary": {
                        "id": "65661dc2-900f-423d-be7c-5598c227a7db",
                        "attributes": {
                            "description": "",
                            "direction": "ingress",
                            "ethertype": "IPv4",
                            "id": "65661dc2-900f-423d-be7c-5598c227a7db",
                            "port_range_max": "8086",
                            "port_range_min": "8086",
                            "protocol": "tcp",
                            "region": "Freiburg",
                            "remote_group_id": "",
                            "remote_ip_prefix": "192.52.32.0/20",
                            "security_group_id": "ebb1928d-5cdc-4f50-9a34-13acd170819a",
                            "tenant_id": "36d6d9420bb04403b55fb21052efe4be"
                        },
                        "meta": {
                            "e2bfb730-ecaa-11e6-8f88-34363bc7c4c0": {
                                "delete": 600000000000
                            }
                        },
                        "tainted": false
                    },
                    "deposed": [],
                    "provider": "provider.openstack"
                },
                "openstack_networking_secgroup_rule_v2.ufr-influxdb.1": {
                    "type": "openstack_networking_secgroup_rule_v2",
                    "depends_on": [
                        "openstack_networking_secgroup_v2.ufr-influxdb"
                    ],
                    "primary": {
                        "id": "f089ec63-10c4-4107-9e19-db09d06e970a",
                        "attributes": {
                            "description": "",
                            "direction": "ingress",
                            "ethertype": "IPv4",
                            "id": "f089ec63-10c4-4107-9e19-db09d06e970a",
                            "port_range_max": "8086",
                            "port_range_min": "8086",
                            "protocol": "tcp",
                            "region": "Freiburg",
                            "remote_group_id": "",
                            "remote_ip_prefix": "10.0.0.0/8",
                            "security_group_id": "ebb1928d-5cdc-4f50-9a34-13acd170819a",
                            "tenant_id": "36d6d9420bb04403b55fb21052efe4be"
                        },
                        "meta": {
                            "e2bfb730-ecaa-11e6-8f88-34363bc7c4c0": {
                                "delete": 600000000000
                            }
                        },
                        "tainted": false
                    },
                    "deposed": [],
                    "provider": "provider.openstack"
                },
                "openstack_networking_secgroup_rule_v2.ufr-influxdb.2": {
                    "type": "openstack_networking_secgroup_rule_v2",
                    "depends_on": [
                        "openstack_networking_secgroup_v2.ufr-influxdb"
                    ],
                    "primary": {
                        "id": "93bf38b0-c10a-42b1-924d-d9d5f25c2375",
                        "attributes": {
                            "description": "",
                            "direction": "ingress",
                            "ethertype": "IPv4",
                            "id": "93bf38b0-c10a-42b1-924d-d9d5f25c2375",
                            "port_range_max": "8086",
                            "port_range_min": "8086",
                            "protocol": "tcp",
                            "region": "Freiburg",
                            "remote_group_id": "",
                            "remote_ip_prefix": "132.230.0.0/16",
                            "security_group_id": "ebb1928d-5cdc-4f50-9a34-13acd170819a",
                            "tenant_id": "36d6d9420bb04403b55fb21052efe4be"
                        },
                        "meta": {
                            "e2bfb730-ecaa-11e6-8f88-34363bc7c4c0": {
                                "delete": 600000000000
                            }
                        },
                        "tainted": false
                    },
                    "deposed": [],
                    "provider": "provider.openstack"
                },
                "openstack_networking_secgroup_rule_v2.ufr-ssh.0": {
                    "type": "openstack_networking_secgroup_rule_v2",
                    "depends_on": [
                        "openstack_networking_secgroup_v2.ufr-ssh"
                    ],
                    "primary": {
                        "id": "b7e8db26-23f7-4611-a176-bced75b96453",
                        "attributes": {
                            "description": "",
                            "direction": "ingress",
                            "ethertype": "IPv4",
                            "id": "b7e8db26-23f7-4611-a176-bced75b96453",
                            "port_range_max": "22",
                            "port_range_min": "22",
                            "protocol": "tcp",
                            "region": "Freiburg",
                            "remote_group_id": "",
                            "remote_ip_prefix": "192.52.32.0/20",
                            "security_group_id": "9f13b036-c719-4999-87b8-4448e8478b0f",
                            "tenant_id": "36d6d9420bb04403b55fb21052efe4be"
                        },
                        "meta": {
                            "e2bfb730-ecaa-11e6-8f88-34363bc7c4c0": {
                                "delete": 600000000000
                            }
                        },
                        "tainted": false
                    },
                    "deposed": [],
                    "provider": "provider.openstack"
                },
                "openstack_networking_secgroup_rule_v2.ufr-ssh.1": {
                    "type": "openstack_networking_secgroup_rule_v2",
                    "depends_on": [
                        "openstack_networking_secgroup_v2.ufr-ssh"
                    ],
                    "primary": {
                        "id": "f030c06e-0a71-4fdb-8eab-e550e863b2ab",
                        "attributes": {
                            "description": "",
                            "direction": "ingress",
                            "ethertype": "IPv4",
                            "id": "f030c06e-0a71-4fdb-8eab-e550e863b2ab",
                            "port_range_max": "22",
                            "port_range_min": "22",
                            "protocol": "tcp",
                            "region": "Freiburg",
                            "remote_group_id": "",
                            "remote_ip_prefix": "10.0.0.0/8",
                            "security_group_id": "9f13b036-c719-4999-87b8-4448e8478b0f",
                            "tenant_id": "36d6d9420bb04403b55fb21052efe4be"
                        },
                        "meta": {
                            "e2bfb730-ecaa-11e6-8f88-34363bc7c4c0": {
                                "delete": 600000000000
                            }
                        },
                        "tainted": false
                    },
                    "deposed": [],
                    "provider": "provider.openstack"
                },
                "openstack_networking_secgroup_rule_v2.ufr-ssh.2": {
                    "type": "openstack_networking_secgroup_rule_v2",
                    "depends_on": [
                        "openstack_networking_secgroup_v2.ufr-ssh"
                    ],
                    "primary": {
                        "id": "bd898c70-9767-4dd1-ad74-8a7036fd3763",
                        "attributes": {
                            "description": "",
                            "direction": "ingress",
                            "ethertype": "IPv4",
                            "id": "bd898c70-9767-4dd1-ad74-8a7036fd3763",
                            "port_range_max": "22",
                            "port_range_min": "22",
                            "protocol": "tcp",
                            "region": "Freiburg",
                            "remote_group_id": "",
                            "remote_ip_prefix": "132.230.0.0/16",
                            "security_group_id": "9f13b036-c719-4999-87b8-4448e8478b0f",
                            "tenant_id": "36d6d9420bb04403b55fb21052efe4be"
                        },
                        "meta": {
                            "e2bfb730-ecaa-11e6-8f88-34363bc7c4c0": {
                                "delete": 600000000000
                            }
                        },
                        "tainted": false
                    },
                    "deposed": [],
                    "provider": "provider.openstack"
                },
                "openstack_networking_secgroup_v2.Public": {
                    "type": "openstack_networking_secgroup_v2",
                    "depends_on": [],
                    "primary": {
                        "id": "f516ef24-c56c-40bf-a286-45bb490be8b8",
                        "attributes": {
                            "all_tags.#": "0",
                            "delete_default_rules": "true",
                            "description": "[tf] Completely public machine (ingress + egress)",
                            "id": "f516ef24-c56c-40bf-a286-45bb490be8b8",
                            "name": "public",
                            "region": "Freiburg",
                            "tags.#": "0",
                            "tenant_id": "36d6d9420bb04403b55fb21052efe4be"
                        },
                        "meta": {
                            "e2bfb730-ecaa-11e6-8f88-34363bc7c4c0": {
                                "delete": 600000000000
                            }
                        },
                        "tainted": false
                    },
                    "deposed": [],
                    "provider": "provider.openstack"
                },
                "openstack_networking_secgroup_v2.egress": {
                    "type": "openstack_networking_secgroup_v2",
                    "depends_on": [],
                    "primary": {
                        "id": "f08481be-0886-47a0-9be3-936c0942d8dc",
                        "attributes": {
                            "all_tags.#": "0",
                            "delete_default_rules": "true",
                            "description": "[tf] Default egress profile",
                            "id": "f08481be-0886-47a0-9be3-936c0942d8dc",
                            "name": "egress",
                            "region": "Freiburg",
                            "tags.#": "0",
                            "tenant_id": "36d6d9420bb04403b55fb21052efe4be"
                        },
                        "meta": {
                            "e2bfb730-ecaa-11e6-8f88-34363bc7c4c0": {
                                "delete": 600000000000
                            }
                        },
                        "tainted": false
                    },
                    "deposed": [],
                    "provider": "provider.openstack"
                },
                "openstack_networking_secgroup_v2.hicbrowser": {
                    "type": "openstack_networking_secgroup_v2",
                    "depends_on": [],
                    "primary": {
                        "id": "3bcfa8bc-9bea-47bc-a1fe-9605acb0c65c",
                        "attributes": {
                            "all_tags.#": "0",
                            "delete_default_rules": "true",
                            "description": "[tf] Allow public HTTP + HTTPS connections",
                            "id": "3bcfa8bc-9bea-47bc-a1fe-9605acb0c65c",
                            "name": "hicbrowser",
                            "region": "Freiburg",
                            "tags.#": "0",
                            "tenant_id": "36d6d9420bb04403b55fb21052efe4be"
                        },
                        "meta": {
                            "e2bfb730-ecaa-11e6-8f88-34363bc7c4c0": {
                                "delete": 600000000000
                            }
                        },
                        "tainted": false
                    },
                    "deposed": [],
                    "provider": "provider.openstack"
                },
                "openstack_networking_secgroup_v2.ingress-public": {
                    "type": "openstack_networking_secgroup_v2",
                    "depends_on": [],
                    "primary": {
                        "id": "2427792a-2049-45f0-8109-99b3ff577c73",
                        "attributes": {
                            "all_tags.#": "0",
                            "delete_default_rules": "true",
                            "description": "[tf] Allow any incoming connection",
                            "id": "2427792a-2049-45f0-8109-99b3ff577c73",
                            "name": "ingress-public",
                            "region": "Freiburg",
                            "tags.#": "0",
                            "tenant_id": "36d6d9420bb04403b55fb21052efe4be"
                        },
                        "meta": {
                            "e2bfb730-ecaa-11e6-8f88-34363bc7c4c0": {
                                "delete": 600000000000
                            }
                        },
                        "tainted": false
                    },
                    "deposed": [],
                    "provider": "provider.openstack"
                },
                "openstack_networking_secgroup_v2.public-amqp": {
                    "type": "openstack_networking_secgroup_v2",
                    "depends_on": [],
                    "primary": {
                        "id": "fe749738-892a-44b9-a313-e07238f2d92d",
                        "attributes": {
                            "all_tags.#": "0",
                            "delete_default_rules": "true",
                            "description": "[tf] Allow incoming AMQP connections",
                            "id": "fe749738-892a-44b9-a313-e07238f2d92d",
                            "name": "public-amqp",
                            "region": "Freiburg",
                            "tags.#": "0",
                            "tenant_id": "36d6d9420bb04403b55fb21052efe4be"
                        },
                        "meta": {
                            "e2bfb730-ecaa-11e6-8f88-34363bc7c4c0": {
                                "delete": 600000000000
                            }
                        },
                        "tainted": false
                    },
                    "deposed": [],
                    "provider": "provider.openstack"
                },
                "openstack_networking_secgroup_v2.public-gat": {
                    "type": "openstack_networking_secgroup_v2",
                    "depends_on": [],
                    "primary": {
                        "id": "0b98785d-c1f2-411e-85d1-6a0cb6257807",
                        "attributes": {
                            "all_tags.#": "0",
                            "delete_default_rules": "true",
                            "description": "[tf] Allow incoming GAT connections",
                            "id": "0b98785d-c1f2-411e-85d1-6a0cb6257807",
                            "name": "public-gat",
                            "region": "Freiburg",
                            "tags.#": "0",
                            "tenant_id": "36d6d9420bb04403b55fb21052efe4be"
                        },
                        "meta": {
                            "e2bfb730-ecaa-11e6-8f88-34363bc7c4c0": {
                                "delete": 600000000000
                            }
                        },
                        "tainted": false
                    },
                    "deposed": [],
                    "provider": "provider.openstack"
                },
                "openstack_networking_secgroup_v2.public-influxdb": {
                    "type": "openstack_networking_secgroup_v2",
                    "depends_on": [],
                    "primary": {
                        "id": "dfb4a6a6-298a-45a0-9c98-d335707f7629",
                        "attributes": {
                            "all_tags.#": "0",
                            "delete_default_rules": "true",
                            "description": "[tf] Allow public HTTP(s) connections to port 8086",
                            "id": "dfb4a6a6-298a-45a0-9c98-d335707f7629",
                            "name": "public-influxdb",
                            "region": "Freiburg",
                            "tags.#": "0",
                            "tenant_id": "36d6d9420bb04403b55fb21052efe4be"
                        },
                        "meta": {
                            "e2bfb730-ecaa-11e6-8f88-34363bc7c4c0": {
                                "delete": 600000000000
                            }
                        },
                        "tainted": false
                    },
                    "deposed": [],
                    "provider": "provider.openstack"
                },
                "openstack_networking_secgroup_v2.public-irc": {
                    "type": "openstack_networking_secgroup_v2",
                    "depends_on": [],
                    "primary": {
                        "id": "86c8f5af-45f9-4f3c-afbd-a70f2c2ce4e9",
                        "attributes": {
                            "all_tags.#": "0",
                            "delete_default_rules": "true",
                            "description": "[tf] Allow incoming IRC connections",
                            "id": "86c8f5af-45f9-4f3c-afbd-a70f2c2ce4e9",
                            "name": "public-irc",
                            "region": "Freiburg",
                            "tags.#": "0",
                            "tenant_id": "36d6d9420bb04403b55fb21052efe4be"
                        },
                        "meta": {
                            "e2bfb730-ecaa-11e6-8f88-34363bc7c4c0": {
                                "delete": 600000000000
                            }
                        },
                        "tainted": false
                    },
                    "deposed": [],
                    "provider": "provider.openstack"
                },
                "openstack_networking_secgroup_v2.public-mosh": {
                    "type": "openstack_networking_secgroup_v2",
                    "depends_on": [],
                    "primary": {
                        "id": "57ddd7b6-7790-41a2-a18d-f07f29ead1e2",
                        "attributes": {
                            "all_tags.#": "0",
                            "delete_default_rules": "true",
                            "description": "[tf] Rules for mosh servers",
                            "id": "57ddd7b6-7790-41a2-a18d-f07f29ead1e2",
                            "name": "public-mosh",
                            "region": "Freiburg",
                            "tags.#": "0",
                            "tenant_id": "36d6d9420bb04403b55fb21052efe4be"
                        },
                        "meta": {
                            "e2bfb730-ecaa-11e6-8f88-34363bc7c4c0": {
                                "delete": 600000000000
                            }
                        },
                        "tainted": false
                    },
                    "deposed": [],
                    "provider": "provider.openstack"
                },
                "openstack_networking_secgroup_v2.public-mumble": {
                    "type": "openstack_networking_secgroup_v2",
                    "depends_on": [],
                    "primary": {
                        "id": "22b731e8-bce3-448e-800c-c91e09d76ea2",
                        "attributes": {
                            "all_tags.#": "0",
                            "delete_default_rules": "true",
                            "description": "[tf] Allow incoming MUMBLE connections",
                            "id": "22b731e8-bce3-448e-800c-c91e09d76ea2",
                            "name": "public-mumble",
                            "region": "Freiburg",
                            "tags.#": "0",
                            "tenant_id": "36d6d9420bb04403b55fb21052efe4be"
                        },
                        "meta": {
                            "e2bfb730-ecaa-11e6-8f88-34363bc7c4c0": {
                                "delete": 600000000000
                            }
                        },
                        "tainted": false
                    },
                    "deposed": [],
                    "provider": "provider.openstack"
                },
                "openstack_networking_secgroup_v2.public-ping": {
                    "type": "openstack_networking_secgroup_v2",
                    "depends_on": [],
                    "primary": {
                        "id": "96281ca8-7ccb-4b34-a16b-e2abcbc14f87",
                        "attributes": {
                            "all_tags.#": "0",
                            "delete_default_rules": "true",
                            "description": "[tf] Allow pinging the node to the public",
                            "id": "96281ca8-7ccb-4b34-a16b-e2abcbc14f87",
                            "name": "public-ping",
                            "region": "Freiburg",
                            "tags.#": "0",
                            "tenant_id": "36d6d9420bb04403b55fb21052efe4be"
                        },
                        "meta": {
                            "e2bfb730-ecaa-11e6-8f88-34363bc7c4c0": {
                                "delete": 600000000000
                            }
                        },
                        "tainted": false
                    },
                    "deposed": [],
                    "provider": "provider.openstack"
                },
                "openstack_networking_secgroup_v2.public-ssh": {
                    "type": "openstack_networking_secgroup_v2",
                    "depends_on": [],
                    "primary": {
                        "id": "67460b69-e0f2-4bef-bb14-10fa2c2ef9cd",
                        "attributes": {
                            "all_tags.#": "0",
                            "delete_default_rules": "true",
                            "description": "[tf] Allow SSH connections from anywhere",
                            "id": "67460b69-e0f2-4bef-bb14-10fa2c2ef9cd",
                            "name": "public-ssh",
                            "region": "Freiburg",
                            "tags.#": "0",
                            "tenant_id": "36d6d9420bb04403b55fb21052efe4be"
                        },
                        "meta": {
                            "e2bfb730-ecaa-11e6-8f88-34363bc7c4c0": {
                                "delete": 600000000000
                            }
                        },
                        "tainted": false
                    },
                    "deposed": [],
                    "provider": "provider.openstack"
                },
                "openstack_networking_secgroup_v2.public-web": {
                    "type": "openstack_networking_secgroup_v2",
                    "depends_on": [],
                    "primary": {
                        "id": "3b8855bd-e70d-46e4-996f-4b32f00b405b",
                        "attributes": {
                            "all_tags.#": "0",
                            "description": "[tf] Allow public HTTP + HTTPS connections",
                            "id": "3b8855bd-e70d-46e4-996f-4b32f00b405b",
                            "name": "public-web",
                            "region": "Freiburg",
                            "tags.#": "0",
                            "tenant_id": "36d6d9420bb04403b55fb21052efe4be"
                        },
                        "meta": {
                            "e2bfb730-ecaa-11e6-8f88-34363bc7c4c0": {
                                "delete": 600000000000
                            }
                        },
                        "tainted": false
                    },
                    "deposed": [],
                    "provider": "provider.openstack"
                },
                "openstack_networking_secgroup_v2.public-web2": {
                    "type": "openstack_networking_secgroup_v2",
                    "depends_on": [],
                    "primary": {
                        "id": "2207b12e-6fcd-49aa-8f9e-9c6d32c768bb",
                        "attributes": {
                            "all_tags.#": "0",
                            "delete_default_rules": "true",
                            "description": "[tf] Allow public HTTP + HTTPS connections (fixed)",
                            "id": "2207b12e-6fcd-49aa-8f9e-9c6d32c768bb",
                            "name": "public-web2",
                            "region": "Freiburg",
                            "tags.#": "0",
                            "tenant_id": "36d6d9420bb04403b55fb21052efe4be"
                        },
                        "meta": {
                            "e2bfb730-ecaa-11e6-8f88-34363bc7c4c0": {
                                "delete": 600000000000
                            }
                        },
                        "tainted": false
                    },
                    "deposed": [],
                    "provider": "provider.openstack"
                },
                "openstack_networking_secgroup_v2.ufr-influxdb": {
                    "type": "openstack_networking_secgroup_v2",
                    "depends_on": [],
                    "primary": {
                        "id": "ebb1928d-5cdc-4f50-9a34-13acd170819a",
                        "attributes": {
                            "all_tags.#": "0",
                            "delete_default_rules": "true",
                            "description": "[tf] Allow UFR HTTP(s) connections to port 8086",
                            "id": "ebb1928d-5cdc-4f50-9a34-13acd170819a",
                            "name": "ufr-influxdb",
                            "region": "Freiburg",
                            "tags.#": "0",
                            "tenant_id": "36d6d9420bb04403b55fb21052efe4be"
                        },
                        "meta": {
                            "e2bfb730-ecaa-11e6-8f88-34363bc7c4c0": {
                                "delete": 600000000000
                            }
                        },
                        "tainted": false
                    },
                    "deposed": [],
                    "provider": "provider.openstack"
                },
                "openstack_networking_secgroup_v2.ufr-ingress": {
                    "type": "openstack_networking_secgroup_v2",
                    "depends_on": [],
                    "primary": {
                        "id": "fb80f17a-86b7-48be-83d8-ef87dac155f4",
                        "attributes": {
                            "all_tags.#": "0",
                            "delete_default_rules": "true",
                            "description": "[tf] Ingress connections from any UFR networks",
                            "id": "fb80f17a-86b7-48be-83d8-ef87dac155f4",
                            "name": "ufr-ingress",
                            "region": "Freiburg",
                            "tags.#": "0",
                            "tenant_id": "36d6d9420bb04403b55fb21052efe4be"
                        },
                        "meta": {
                            "e2bfb730-ecaa-11e6-8f88-34363bc7c4c0": {
                                "delete": 600000000000
                            }
                        },
                        "tainted": false
                    },
                    "deposed": [],
                    "provider": "provider.openstack"
                },
                "openstack_networking_secgroup_v2.ufr-ssh": {
                    "type": "openstack_networking_secgroup_v2",
                    "depends_on": [],
                    "primary": {
                        "id": "9f13b036-c719-4999-87b8-4448e8478b0f",
                        "attributes": {
                            "all_tags.#": "0",
                            "delete_default_rules": "true",
                            "description": "[tf] Ingress SSH connections for UFR networks (e.g. combine with public-web/public-ping)",
                            "id": "9f13b036-c719-4999-87b8-4448e8478b0f",
                            "name": "ufr-ssh",
                            "region": "Freiburg",
                            "tags.#": "0",
                            "tenant_id": "36d6d9420bb04403b55fb21052efe4be"
                        },
                        "meta": {
                            "e2bfb730-ecaa-11e6-8f88-34363bc7c4c0": {
                                "delete": 600000000000
                            }
                        },
                        "tainted": false
                    },
                    "deposed": [],
                    "provider": "provider.openstack"
                },
                "openstack_networking_secgroup_v2.ufr-web": {
                    "type": "openstack_networking_secgroup_v2",
                    "depends_on": [],
                    "primary": {
                        "id": "bcabcd6d-2cfb-477b-9758-784ee93d4c33",
                        "attributes": {
                            "all_tags.#": "0",
                            "delete_default_rules": "true",
                            "description": "[tf] Ingress web (HTTP+HTTPS) connections for UFR networks",
                            "id": "bcabcd6d-2cfb-477b-9758-784ee93d4c33",
                            "name": "ufr-web",
                            "region": "Freiburg",
                            "tags.#": "0",
                            "tenant_id": "36d6d9420bb04403b55fb21052efe4be"
                        },
                        "meta": {
                            "e2bfb730-ecaa-11e6-8f88-34363bc7c4c0": {
                                "delete": 600000000000
                            }
                        },
                        "tainted": false
                    },
                    "deposed": [],
                    "provider": "provider.openstack"
                },
                "openstack_networking_secgroup_v2.vgcn-ingress-public": {
                    "type": "openstack_networking_secgroup_v2",
                    "depends_on": [],
                    "primary": {
                        "id": "85a9e7fb-dfe0-4412-b6d8-986b5bfd7756",
                        "attributes": {
                            "all_tags.#": "0",
                            "delete_default_rules": "true",
                            "description": "[tf] Allow any incoming connection",
                            "id": "85a9e7fb-dfe0-4412-b6d8-986b5bfd7756",
                            "name": "vgcn-ingress-public",
                            "region": "Freiburg",
                            "tags.#": "0",
                            "tenant_id": "36d6d9420bb04403b55fb21052efe4be"
                        },
                        "meta": {
                            "e2bfb730-ecaa-11e6-8f88-34363bc7c4c0": {
                                "delete": 600000000000
                            }
                        },
                        "tainted": false
                    },
                    "deposed": [],
                    "provider": "provider.openstack"
                },
                "random_id.student-lr75-volume_name_unique": {
                    "type": "random_id",
                    "depends_on": [],
                    "primary": {
                        "id": "031rT9sfPNk",
                        "attributes": {
                            "b64": "031rT9sfPNk",
                            "b64_std": "031rT9sfPNk=",
                            "b64_url": "031rT9sfPNk",
                            "byte_length": "8",
                            "dec": "15239454704814472409",
                            "hex": "d37d6b4fdb1f3cd9",
                            "id": "031rT9sfPNk"
                        },
                        "meta": {},
                        "tainted": false
                    },
                    "deposed": [],
                    "provider": "provider.random"
                },
                "random_id.student-rfkh-volume_name_unique": {
                    "type": "random_id",
                    "depends_on": [],
                    "primary": {
                        "id": "kYMY3w5NggI",
                        "attributes": {
                            "b64": "kYMY3w5NggI",
                            "b64_std": "kYMY3w5NggI=",
                            "b64_url": "kYMY3w5NggI",
                            "byte_length": "8",
                            "dec": "10485251703745380866",
                            "hex": "918318df0e4d8202",
                            "id": "kYMY3w5NggI"
                        },
                        "meta": {},
                        "tainted": false
                    },
                    "deposed": [],
                    "provider": "provider.random"
                },
                "random_pet.training-vm-eu.0": {
                    "type": "random_pet",
                    "depends_on": [
                        "data.openstack_images_image_v2.gat-image-eu"
                    ],
                    "primary": {
                        "id": "apt-mutt",
                        "attributes": {
                            "id": "apt-mutt",
                            "keepers.%": "3",
                            "keepers.count": "0",
                            "keepers.image": "12765cb5-53b6-48a4-b930-16cbcf6a7fc6",
                            "keepers.region": "eu",
                            "length": "2",
                            "separator": "-"
                        },
                        "meta": {},
                        "tainted": false
                    },
                    "deposed": [],
                    "provider": "provider.random"
                },
                "random_pet.training-vm-eu.1": {
                    "type": "random_pet",
                    "depends_on": [
                        "data.openstack_images_image_v2.gat-image-eu"
                    ],
                    "primary": {
                        "id": "wanted-squirrel",
                        "attributes": {
                            "id": "wanted-squirrel",
                            "keepers.%": "3",
                            "keepers.count": "1",
                            "keepers.image": "12765cb5-53b6-48a4-b930-16cbcf6a7fc6",
                            "keepers.region": "eu",
                            "length": "2",
                            "separator": "-"
                        },
                        "meta": {},
                        "tainted": false
                    },
                    "deposed": [],
                    "provider": "provider.random"
                },
                "random_pet.training-vm-eu.10": {
                    "type": "random_pet",
                    "depends_on": [
                        "data.openstack_images_image_v2.gat-image-eu"
                    ],
                    "primary": {
                        "id": "delicate-bass",
                        "attributes": {
                            "id": "delicate-bass",
                            "keepers.%": "3",
                            "keepers.count": "10",
                            "keepers.image": "12765cb5-53b6-48a4-b930-16cbcf6a7fc6",
                            "keepers.region": "eu",
                            "length": "2",
                            "separator": "-"
                        },
                        "meta": {},
                        "tainted": false
                    },
                    "deposed": [],
                    "provider": "provider.random"
                },
                "random_pet.training-vm-eu.11": {
                    "type": "random_pet",
                    "depends_on": [
                        "data.openstack_images_image_v2.gat-image-eu"
                    ],
                    "primary": {
                        "id": "evolved-satyr",
                        "attributes": {
                            "id": "evolved-satyr",
                            "keepers.%": "3",
                            "keepers.count": "11",
                            "keepers.image": "12765cb5-53b6-48a4-b930-16cbcf6a7fc6",
                            "keepers.region": "eu",
                            "length": "2",
                            "separator": "-"
                        },
                        "meta": {},
                        "tainted": false
                    },
                    "deposed": [],
                    "provider": "provider.random"
                },
                "random_pet.training-vm-eu.12": {
                    "type": "random_pet",
                    "depends_on": [
                        "data.openstack_images_image_v2.gat-image-eu"
                    ],
                    "primary": {
                        "id": "sharing-cobra",
                        "attributes": {
                            "id": "sharing-cobra",
                            "keepers.%": "3",
                            "keepers.count": "12",
                            "keepers.image": "12765cb5-53b6-48a4-b930-16cbcf6a7fc6",
                            "keepers.region": "eu",
                            "length": "2",
                            "separator": "-"
                        },
                        "meta": {},
                        "tainted": false
                    },
                    "deposed": [],
                    "provider": "provider.random"
                },
                "random_pet.training-vm-eu.13": {
                    "type": "random_pet",
                    "depends_on": [
                        "data.openstack_images_image_v2.gat-image-eu"
                    ],
                    "primary": {
                        "id": "choice-wombat",
                        "attributes": {
                            "id": "choice-wombat",
                            "keepers.%": "3",
                            "keepers.count": "13",
                            "keepers.image": "12765cb5-53b6-48a4-b930-16cbcf6a7fc6",
                            "keepers.region": "eu",
                            "length": "2",
                            "separator": "-"
                        },
                        "meta": {},
                        "tainted": false
                    },
                    "deposed": [],
                    "provider": "provider.random"
                },
                "random_pet.training-vm-eu.14": {
                    "type": "random_pet",
                    "depends_on": [
                        "data.openstack_images_image_v2.gat-image-eu"
                    ],
                    "primary": {
                        "id": "exciting-termite",
                        "attributes": {
                            "id": "exciting-termite",
                            "keepers.%": "3",
                            "keepers.count": "14",
                            "keepers.image": "12765cb5-53b6-48a4-b930-16cbcf6a7fc6",
                            "keepers.region": "eu",
                            "length": "2",
                            "separator": "-"
                        },
                        "meta": {},
                        "tainted": false
                    },
                    "deposed": [],
                    "provider": "provider.random"
                },
                "random_pet.training-vm-eu.15": {
                    "type": "random_pet",
                    "depends_on": [
                        "data.openstack_images_image_v2.gat-image-eu"
                    ],
                    "primary": {
                        "id": "happy-duck",
                        "attributes": {
                            "id": "happy-duck",
                            "keepers.%": "3",
                            "keepers.count": "15",
                            "keepers.image": "12765cb5-53b6-48a4-b930-16cbcf6a7fc6",
                            "keepers.region": "eu",
                            "length": "2",
                            "separator": "-"
                        },
                        "meta": {},
                        "tainted": false
                    },
                    "deposed": [],
                    "provider": "provider.random"
                },
                "random_pet.training-vm-eu.16": {
                    "type": "random_pet",
                    "depends_on": [
                        "data.openstack_images_image_v2.gat-image-eu"
                    ],
                    "primary": {
                        "id": "allowed-lacewing",
                        "attributes": {
                            "id": "allowed-lacewing",
                            "keepers.%": "3",
                            "keepers.count": "16",
                            "keepers.image": "12765cb5-53b6-48a4-b930-16cbcf6a7fc6",
                            "keepers.region": "eu",
                            "length": "2",
                            "separator": "-"
                        },
                        "meta": {},
                        "tainted": false
                    },
                    "deposed": [],
                    "provider": "provider.random"
                },
                "random_pet.training-vm-eu.17": {
                    "type": "random_pet",
                    "depends_on": [
                        "data.openstack_images_image_v2.gat-image-eu"
                    ],
                    "primary": {
                        "id": "enabled-osprey",
                        "attributes": {
                            "id": "enabled-osprey",
                            "keepers.%": "3",
                            "keepers.count": "17",
                            "keepers.image": "12765cb5-53b6-48a4-b930-16cbcf6a7fc6",
                            "keepers.region": "eu",
                            "length": "2",
                            "separator": "-"
                        },
                        "meta": {},
                        "tainted": false
                    },
                    "deposed": [],
                    "provider": "provider.random"
                },
                "random_pet.training-vm-eu.18": {
                    "type": "random_pet",
                    "depends_on": [
                        "data.openstack_images_image_v2.gat-image-eu"
                    ],
                    "primary": {
                        "id": "peaceful-penguin",
                        "attributes": {
                            "id": "peaceful-penguin",
                            "keepers.%": "3",
                            "keepers.count": "18",
                            "keepers.image": "12765cb5-53b6-48a4-b930-16cbcf6a7fc6",
                            "keepers.region": "eu",
                            "length": "2",
                            "separator": "-"
                        },
                        "meta": {},
                        "tainted": false
                    },
                    "deposed": [],
                    "provider": "provider.random"
                },
                "random_pet.training-vm-eu.19": {
                    "type": "random_pet",
                    "depends_on": [
                        "data.openstack_images_image_v2.gat-image-eu"
                    ],
                    "primary": {
                        "id": "included-zebra",
                        "attributes": {
                            "id": "included-zebra",
                            "keepers.%": "3",
                            "keepers.count": "19",
                            "keepers.image": "12765cb5-53b6-48a4-b930-16cbcf6a7fc6",
                            "keepers.region": "eu",
                            "length": "2",
                            "separator": "-"
                        },
                        "meta": {},
                        "tainted": false
                    },
                    "deposed": [],
                    "provider": "provider.random"
                },
                "random_pet.training-vm-eu.2": {
                    "type": "random_pet",
                    "depends_on": [
                        "data.openstack_images_image_v2.gat-image-eu"
                    ],
                    "primary": {
                        "id": "ultimate-spaniel",
                        "attributes": {
                            "id": "ultimate-spaniel",
                            "keepers.%": "3",
                            "keepers.count": "2",
                            "keepers.image": "12765cb5-53b6-48a4-b930-16cbcf6a7fc6",
                            "keepers.region": "eu",
                            "length": "2",
                            "separator": "-"
                        },
                        "meta": {},
                        "tainted": false
                    },
                    "deposed": [],
                    "provider": "provider.random"
                },
                "random_pet.training-vm-eu.20": {
                    "type": "random_pet",
                    "depends_on": [
                        "data.openstack_images_image_v2.gat-image-eu"
                    ],
                    "primary": {
                        "id": "blessed-gibbon",
                        "attributes": {
                            "id": "blessed-gibbon",
                            "keepers.%": "3",
                            "keepers.count": "20",
                            "keepers.image": "12765cb5-53b6-48a4-b930-16cbcf6a7fc6",
                            "keepers.region": "eu",
                            "length": "2",
                            "separator": "-"
                        },
                        "meta": {},
                        "tainted": false
                    },
                    "deposed": [],
                    "provider": "provider.random"
                },
                "random_pet.training-vm-eu.21": {
                    "type": "random_pet",
                    "depends_on": [
                        "data.openstack_images_image_v2.gat-image-eu"
                    ],
                    "primary": {
                        "id": "gentle-cowbird",
                        "attributes": {
                            "id": "gentle-cowbird",
                            "keepers.%": "3",
                            "keepers.count": "21",
                            "keepers.image": "12765cb5-53b6-48a4-b930-16cbcf6a7fc6",
                            "keepers.region": "eu",
                            "length": "2",
                            "separator": "-"
                        },
                        "meta": {},
                        "tainted": false
                    },
                    "deposed": [],
                    "provider": "provider.random"
                },
                "random_pet.training-vm-eu.22": {
                    "type": "random_pet",
                    "depends_on": [
                        "data.openstack_images_image_v2.gat-image-eu"
                    ],
                    "primary": {
                        "id": "darling-reptile",
                        "attributes": {
                            "id": "darling-reptile",
                            "keepers.%": "3",
                            "keepers.count": "22",
                            "keepers.image": "12765cb5-53b6-48a4-b930-16cbcf6a7fc6",
                            "keepers.region": "eu",
                            "length": "2",
                            "separator": "-"
                        },
                        "meta": {},
                        "tainted": false
                    },
                    "deposed": [],
                    "provider": "provider.random"
                },
                "random_pet.training-vm-eu.23": {
                    "type": "random_pet",
                    "depends_on": [
                        "data.openstack_images_image_v2.gat-image-eu"
                    ],
                    "primary": {
                        "id": "assuring-falcon",
                        "attributes": {
                            "id": "assuring-falcon",
                            "keepers.%": "3",
                            "keepers.count": "23",
                            "keepers.image": "12765cb5-53b6-48a4-b930-16cbcf6a7fc6",
                            "keepers.region": "eu",
                            "length": "2",
                            "separator": "-"
                        },
                        "meta": {},
                        "tainted": false
                    },
                    "deposed": [],
                    "provider": "provider.random"
                },
                "random_pet.training-vm-eu.24": {
                    "type": "random_pet",
                    "depends_on": [
                        "data.openstack_images_image_v2.gat-image-eu"
                    ],
                    "primary": {
                        "id": "fond-monkey",
                        "attributes": {
                            "id": "fond-monkey",
                            "keepers.%": "3",
                            "keepers.count": "24",
                            "keepers.image": "12765cb5-53b6-48a4-b930-16cbcf6a7fc6",
                            "keepers.region": "eu",
                            "length": "2",
                            "separator": "-"
                        },
                        "meta": {},
                        "tainted": false
                    },
                    "deposed": [],
                    "provider": "provider.random"
                },
                "random_pet.training-vm-eu.25": {
                    "type": "random_pet",
                    "depends_on": [
                        "data.openstack_images_image_v2.gat-image-eu"
                    ],
                    "primary": {
                        "id": "amusing-gibbon",
                        "attributes": {
                            "id": "amusing-gibbon",
                            "keepers.%": "3",
                            "keepers.count": "25",
                            "keepers.image": "12765cb5-53b6-48a4-b930-16cbcf6a7fc6",
                            "keepers.region": "eu",
                            "length": "2",
                            "separator": "-"
                        },
                        "meta": {},
                        "tainted": false
                    },
                    "deposed": [],
                    "provider": "provider.random"
                },
                "random_pet.training-vm-eu.26": {
                    "type": "random_pet",
                    "depends_on": [
                        "data.openstack_images_image_v2.gat-image-eu"
                    ],
                    "primary": {
                        "id": "ruling-chigger",
                        "attributes": {
                            "id": "ruling-chigger",
                            "keepers.%": "3",
                            "keepers.count": "26",
                            "keepers.image": "12765cb5-53b6-48a4-b930-16cbcf6a7fc6",
                            "keepers.region": "eu",
                            "length": "2",
                            "separator": "-"
                        },
                        "meta": {},
                        "tainted": false
                    },
                    "deposed": [],
                    "provider": "provider.random"
                },
                "random_pet.training-vm-eu.27": {
                    "type": "random_pet",
                    "depends_on": [
                        "data.openstack_images_image_v2.gat-image-eu"
                    ],
                    "primary": {
                        "id": "optimal-foal",
                        "attributes": {
                            "id": "optimal-foal",
                            "keepers.%": "3",
                            "keepers.count": "27",
                            "keepers.image": "12765cb5-53b6-48a4-b930-16cbcf6a7fc6",
                            "keepers.region": "eu",
                            "length": "2",
                            "separator": "-"
                        },
                        "meta": {},
                        "tainted": false
                    },
                    "deposed": [],
                    "provider": "provider.random"
                },
                "random_pet.training-vm-eu.28": {
                    "type": "random_pet",
                    "depends_on": [
                        "data.openstack_images_image_v2.gat-image-eu"
                    ],
                    "primary": {
                        "id": "holy-boar",
                        "attributes": {
                            "id": "holy-boar",
                            "keepers.%": "3",
                            "keepers.count": "28",
                            "keepers.image": "12765cb5-53b6-48a4-b930-16cbcf6a7fc6",
                            "keepers.region": "eu",
                            "length": "2",
                            "separator": "-"
                        },
                        "meta": {},
                        "tainted": false
                    },
                    "deposed": [],
                    "provider": "provider.random"
                },
                "random_pet.training-vm-eu.29": {
                    "type": "random_pet",
                    "depends_on": [
                        "data.openstack_images_image_v2.gat-image-eu"
                    ],
                    "primary": {
                        "id": "striking-monster",
                        "attributes": {
                            "id": "striking-monster",
                            "keepers.%": "3",
                            "keepers.count": "29",
                            "keepers.image": "12765cb5-53b6-48a4-b930-16cbcf6a7fc6",
                            "keepers.region": "eu",
                            "length": "2",
                            "separator": "-"
                        },
                        "meta": {},
                        "tainted": false
                    },
                    "deposed": [],
                    "provider": "provider.random"
                },
                "random_pet.training-vm-eu.3": {
                    "type": "random_pet",
                    "depends_on": [
                        "data.openstack_images_image_v2.gat-image-eu"
                    ],
                    "primary": {
                        "id": "legal-louse",
                        "attributes": {
                            "id": "legal-louse",
                            "keepers.%": "3",
                            "keepers.count": "3",
                            "keepers.image": "12765cb5-53b6-48a4-b930-16cbcf6a7fc6",
                            "keepers.region": "eu",
                            "length": "2",
                            "separator": "-"
                        },
                        "meta": {},
                        "tainted": false
                    },
                    "deposed": [],
                    "provider": "provider.random"
                },
                "random_pet.training-vm-eu.4": {
                    "type": "random_pet",
                    "depends_on": [
                        "data.openstack_images_image_v2.gat-image-eu"
                    ],
                    "primary": {
                        "id": "related-rooster",
                        "attributes": {
                            "id": "related-rooster",
                            "keepers.%": "3",
                            "keepers.count": "4",
                            "keepers.image": "12765cb5-53b6-48a4-b930-16cbcf6a7fc6",
                            "keepers.region": "eu",
                            "length": "2",
                            "separator": "-"
                        },
                        "meta": {},
                        "tainted": false
                    },
                    "deposed": [],
                    "provider": "provider.random"
                },
                "random_pet.training-vm-eu.5": {
                    "type": "random_pet",
                    "depends_on": [
                        "data.openstack_images_image_v2.gat-image-eu"
                    ],
                    "primary": {
                        "id": "stirring-bluejay",
                        "attributes": {
                            "id": "stirring-bluejay",
                            "keepers.%": "3",
                            "keepers.count": "5",
                            "keepers.image": "12765cb5-53b6-48a4-b930-16cbcf6a7fc6",
                            "keepers.region": "eu",
                            "length": "2",
                            "separator": "-"
                        },
                        "meta": {},
                        "tainted": false
                    },
                    "deposed": [],
                    "provider": "provider.random"
                },
                "random_pet.training-vm-eu.6": {
                    "type": "random_pet",
                    "depends_on": [
                        "data.openstack_images_image_v2.gat-image-eu"
                    ],
                    "primary": {
                        "id": "usable-cobra",
                        "attributes": {
                            "id": "usable-cobra",
                            "keepers.%": "3",
                            "keepers.count": "6",
                            "keepers.image": "12765cb5-53b6-48a4-b930-16cbcf6a7fc6",
                            "keepers.region": "eu",
                            "length": "2",
                            "separator": "-"
                        },
                        "meta": {},
                        "tainted": false
                    },
                    "deposed": [],
                    "provider": "provider.random"
                },
                "random_pet.training-vm-eu.7": {
                    "type": "random_pet",
                    "depends_on": [
                        "data.openstack_images_image_v2.gat-image-eu"
                    ],
                    "primary": {
                        "id": "busy-marmoset",
                        "attributes": {
                            "id": "busy-marmoset",
                            "keepers.%": "3",
                            "keepers.count": "7",
                            "keepers.image": "12765cb5-53b6-48a4-b930-16cbcf6a7fc6",
                            "keepers.region": "eu",
                            "length": "2",
                            "separator": "-"
                        },
                        "meta": {},
                        "tainted": false
                    },
                    "deposed": [],
                    "provider": "provider.random"
                },
                "random_pet.training-vm-eu.8": {
                    "type": "random_pet",
                    "depends_on": [
                        "data.openstack_images_image_v2.gat-image-eu"
                    ],
                    "primary": {
                        "id": "fond-piglet",
                        "attributes": {
                            "id": "fond-piglet",
                            "keepers.%": "3",
                            "keepers.count": "8",
                            "keepers.image": "12765cb5-53b6-48a4-b930-16cbcf6a7fc6",
                            "keepers.region": "eu",
                            "length": "2",
                            "separator": "-"
                        },
                        "meta": {},
                        "tainted": false
                    },
                    "deposed": [],
                    "provider": "provider.random"
                },
                "random_pet.training-vm-eu.9": {
                    "type": "random_pet",
                    "depends_on": [
                        "data.openstack_images_image_v2.gat-image-eu"
                    ],
                    "primary": {
                        "id": "handy-vervet",
                        "attributes": {
                            "id": "handy-vervet",
                            "keepers.%": "3",
                            "keepers.count": "9",
                            "keepers.image": "12765cb5-53b6-48a4-b930-16cbcf6a7fc6",
                            "keepers.region": "eu",
                            "length": "2",
                            "separator": "-"
                        },
                        "meta": {},
                        "tainted": false
                    },
                    "deposed": [],
                    "provider": "provider.random"
                }
            },
            "depends_on": []
        }
    ]
}
