{
    "version": 3,
    "terraform_version": "0.11.13",
    "serial": 495,
    "lineage": "9762f389-3401-65ca-5879-51b072abdb9d",
    "modules": [
        {
            "path": [
                "root"
            ],
            "outputs": {
                "training_dns": {
                    "sensitive": false,
                    "type": "list",
                    "value": [
                        "gat-0.training.galaxyproject.eu",
                        "gat-1.training.galaxyproject.eu",
                        "gat-2.training.galaxyproject.eu",
                        "gat-3.training.galaxyproject.eu",
                        "gat-4.training.galaxyproject.eu",
                        "gat-5.training.galaxyproject.eu",
                        "gat-6.training.galaxyproject.eu",
                        "gat-7.training.galaxyproject.eu",
                        "gat-8.training.galaxyproject.eu",
                        "gat-9.training.galaxyproject.eu",
                        "gat-10.training.galaxyproject.eu",
                        "gat-11.training.galaxyproject.eu",
                        "gat-12.training.galaxyproject.eu",
                        "gat-13.training.galaxyproject.eu",
                        "gat-14.training.galaxyproject.eu",
                        "gat-15.training.galaxyproject.eu",
                        "gat-16.training.galaxyproject.eu",
                        "gat-17.training.galaxyproject.eu",
                        "gat-18.training.galaxyproject.eu",
                        "gat-19.training.galaxyproject.eu",
                        "gat-20.training.galaxyproject.eu",
                        "gat-21.training.galaxyproject.eu",
                        "gat-22.training.galaxyproject.eu",
                        "gat-23.training.galaxyproject.eu",
                        "gat-24.training.galaxyproject.eu",
                        "gat-25.training.galaxyproject.eu",
                        "gat-26.training.galaxyproject.eu",
                        "gat-27.training.galaxyproject.eu",
                        "gat-28.training.galaxyproject.eu",
                        "gat-29.training.galaxyproject.eu",
                        "gat-30.training.galaxyproject.eu",
                        "gat-31.training.galaxyproject.eu",
                        "gat-32.training.galaxyproject.eu",
                        "gat-33.training.galaxyproject.eu",
                        "gat-34.training.galaxyproject.eu",
                        "gat-35.training.galaxyproject.eu",
                        "gat-36.training.galaxyproject.eu",
                        "gat-37.training.galaxyproject.eu",
                        "gat-38.training.galaxyproject.eu",
                        "gat-39.training.galaxyproject.eu"
                    ]
                },
                "training_ips": {
                    "sensitive": false,
                    "type": "list",
                    "value": [
                        "192.52.38.80",
                        "192.52.37.54",
                        "192.52.35.251",
                        "192.52.38.165",
                        "192.52.36.248",
                        "192.52.39.46",
                        "192.52.39.102",
                        "192.52.35.220",
                        "192.52.37.41",
                        "192.52.37.116",
                        "192.52.37.100",
                        "192.52.37.217",
                        "192.52.38.129",
                        "192.52.36.218",
                        "192.52.39.22",
                        "192.52.38.111",
                        "192.52.36.196",
                        "192.52.37.39",
                        "192.52.34.40",
                        "192.52.35.176",
                        "192.52.36.114",
                        "192.52.34.93",
                        "192.52.38.150",
                        "192.52.37.44",
                        "192.52.36.191",
                        "192.52.38.177",
                        "192.52.37.155",
                        "192.52.36.190",
                        "192.52.39.19",
                        "192.52.37.134",
                        "192.52.37.170",
                        "192.52.38.1",
                        "192.52.36.44",
                        "192.52.37.71",
                        "192.52.35.167",
                        "192.52.38.94",
                        "192.52.39.89",
                        "192.52.36.225",
                        "192.52.36.204",
                        "192.52.36.134"
                    ]
                },
                "training_pws": {
                    "sensitive": true,
                    "type": "list",
                    "value": [
                        "romantic-grub",
                        "fitting-sunbird",
                        "skilled-mosquito",
                        "complete-vulture",
                        "golden-buffalo",
                        "credible-oryx",
                        "humorous-grackle",
                        "stunning-bengal",
                        "able-badger",
                        "honest-stinkbug",
                        "curious-bluejay",
                        "heroic-wallaby",
                        "evolved-finch",
                        "up-halibut",
                        "generous-tuna",
                        "calm-zebra",
                        "uncommon-shepherd",
                        "live-monkey",
                        "deciding-swan",
                        "secure-cattle",
                        "mature-hermit",
                        "neat-llama",
                        "desired-mako",
                        "open-jaybird",
                        "included-muskrat",
                        "sterling-pug",
                        "eager-tarpon",
                        "driven-bat",
                        "steady-kiwi",
                        "patient-mako",
                        "exotic-bobcat",
                        "giving-doe",
                        "rested-dolphin",
                        "evolved-pipefish",
                        "hopeful-bluebird",
                        "patient-leopard",
                        "trusted-mastodon",
                        "master-seal",
                        "curious-moth",
                        "dynamic-wolf"
                    ]
                }
            },
            "resources": {
                "aws_route53_record.apollo-main": {
                    "type": "aws_route53_record",
                    "depends_on": [
                        "openstack_compute_instance_v2.apollo-main"
                    ],
                    "primary": {
                        "id": "Z386N8B8JBC6TQ_apollo.internal.galaxyproject.eu_A",
                        "attributes": {
                            "fqdn": "apollo.internal.galaxyproject.eu",
                            "health_check_id": "",
                            "id": "Z386N8B8JBC6TQ_apollo.internal.galaxyproject.eu_A",
                            "name": "apollo.internal.galaxyproject.eu",
                            "records.#": "1",
                            "records.2198818090": "10.5.68.20",
                            "set_identifier": "",
                            "ttl": "7200",
                            "type": "A",
                            "zone_id": "Z386N8B8JBC6TQ"
                        },
                        "meta": {
                            "schema_version": "2"
                        },
                        "tainted": false
                    },
                    "deposed": [],
                    "provider": "provider.aws"
                },
                "aws_route53_record.bari-pulsar": {
                    "type": "aws_route53_record",
                    "depends_on": [],
                    "primary": {
                        "id": "Z386N8B8JBC6TQ_it01.pulsar.galaxyproject.eu_A",
                        "attributes": {
                            "fqdn": "it01.pulsar.galaxyproject.eu",
                            "health_check_id": "",
                            "id": "Z386N8B8JBC6TQ_it01.pulsar.galaxyproject.eu_A",
                            "name": "it01.pulsar.galaxyproject.eu",
                            "records.#": "1",
                            "records.4279026769": "90.147.75.162",
                            "set_identifier": "",
                            "ttl": "7200",
                            "type": "A",
                            "zone_id": "Z386N8B8JBC6TQ"
                        },
                        "meta": {
                            "schema_version": "2"
                        },
                        "tainted": false
                    },
                    "deposed": [],
                    "provider": "provider.aws"
                },
                "aws_route53_record.bari-pulsar-02": {
                    "type": "aws_route53_record",
                    "depends_on": [],
                    "primary": {
                        "id": "Z386N8B8JBC6TQ_it02.pulsar.galaxyproject.eu_A",
                        "attributes": {
                            "fqdn": "it02.pulsar.galaxyproject.eu",
                            "health_check_id": "",
                            "id": "Z386N8B8JBC6TQ_it02.pulsar.galaxyproject.eu_A",
                            "name": "it02.pulsar.galaxyproject.eu",
                            "records.#": "1",
                            "records.1774365276": "90.147.170.170",
                            "set_identifier": "",
                            "ttl": "7200",
                            "type": "A",
                            "zone_id": "Z386N8B8JBC6TQ"
                        },
                        "meta": {
                            "schema_version": "2"
                        },
                        "tainted": false
                    },
                    "deposed": [],
                    "provider": "provider.aws"
                },
                "aws_route53_record.bioconda-utils": {
                    "type": "aws_route53_record",
                    "depends_on": [
                        "openstack_compute_instance_v2.bioconda-utils"
                    ],
                    "primary": {
                        "id": "Z386N8B8JBC6TQ_bioconda-utils.galaxyproject.eu_A",
                        "attributes": {
                            "fqdn": "bioconda-utils.galaxyproject.eu",
                            "health_check_id": "",
                            "id": "Z386N8B8JBC6TQ_bioconda-utils.galaxyproject.eu_A",
                            "name": "bioconda-utils.galaxyproject.eu",
                            "records.#": "1",
                            "records.3712341108": "192.52.33.31",
                            "set_identifier": "",
                            "ttl": "7200",
                            "type": "A",
                            "zone_id": "Z386N8B8JBC6TQ"
                        },
                        "meta": {
                            "schema_version": "2"
                        },
                        "tainted": false
                    },
                    "deposed": [],
                    "provider": "provider.aws"
                },
                "aws_route53_record.brussels-pulsar": {
                    "type": "aws_route53_record",
                    "depends_on": [],
                    "primary": {
                        "id": "Z386N8B8JBC6TQ_be01.pulsar.galaxyproject.eu_A",
                        "attributes": {
                            "fqdn": "be01.pulsar.galaxyproject.eu",
                            "health_check_id": "",
                            "id": "Z386N8B8JBC6TQ_be01.pulsar.galaxyproject.eu_A",
                            "name": "be01.pulsar.galaxyproject.eu",
                            "records.#": "1",
                            "records.1732628599": "193.190.85.137",
                            "set_identifier": "",
                            "ttl": "7200",
                            "type": "A",
                            "zone_id": "Z386N8B8JBC6TQ"
                        },
                        "meta": {
                            "schema_version": "2"
                        },
                        "tainted": false
                    },
                    "deposed": [],
                    "provider": "provider.aws"
                },
                "aws_route53_record.build-usegalaxy": {
                    "type": "aws_route53_record",
                    "depends_on": [],
                    "primary": {
                        "id": "Z386N8B8JBC6TQ_build.galaxyproject.eu_A",
                        "attributes": {
                            "fqdn": "build.galaxyproject.eu",
                            "health_check_id": "",
                            "id": "Z386N8B8JBC6TQ_build.galaxyproject.eu_A",
                            "name": "build.galaxyproject.eu",
                            "records.#": "1",
                            "records.4151140231": "132.230.223.230",
                            "set_identifier": "",
                            "ttl": "7200",
                            "type": "A",
                            "zone_id": "Z386N8B8JBC6TQ"
                        },
                        "meta": {
                            "schema_version": "2"
                        },
                        "tainted": false
                    },
                    "deposed": [],
                    "provider": "provider.aws"
                },
                "aws_route53_record.cvmfs-stratum0": {
                    "type": "aws_route53_record",
                    "depends_on": [
                        "openstack_compute_instance_v2.cvmfs-stratum0"
                    ],
                    "primary": {
                        "id": "Z386N8B8JBC6TQ_cvmfs-stratum0-test.galaxyproject.eu_A",
                        "attributes": {
                            "fqdn": "cvmfs-stratum0-test.galaxyproject.eu",
                            "health_check_id": "",
                            "id": "Z386N8B8JBC6TQ_cvmfs-stratum0-test.galaxyproject.eu_A",
                            "name": "cvmfs-stratum0-test.galaxyproject.eu",
                            "records.#": "1",
                            "records.1874398594": "192.52.33.173",
                            "set_identifier": "",
                            "ttl": "7200",
                            "type": "A",
                            "zone_id": "Z386N8B8JBC6TQ"
                        },
                        "meta": {
                            "schema_version": "2"
                        },
                        "tainted": false
                    },
                    "deposed": [],
                    "provider": "provider.aws"
                },
                "aws_route53_record.cvmfs1-ufr0-usegalaxy": {
                    "type": "aws_route53_record",
                    "depends_on": [
                        "openstack_compute_instance_v2.cvmfs1-ufr0-usegalaxy"
                    ],
                    "primary": {
                        "id": "Z386N8B8JBC6TQ_cvmfs1-ufr0.internal.galaxyproject.eu_A",
                        "attributes": {
                            "fqdn": "cvmfs1-ufr0.internal.galaxyproject.eu",
                            "health_check_id": "",
                            "id": "Z386N8B8JBC6TQ_cvmfs1-ufr0.internal.galaxyproject.eu_A",
                            "name": "cvmfs1-ufr0.internal.galaxyproject.eu",
                            "records.#": "1",
                            "records.1447010590": "10.5.68.209",
                            "set_identifier": "",
                            "ttl": "7200",
                            "type": "A",
                            "zone_id": "Z386N8B8JBC6TQ"
                        },
                        "meta": {
                            "schema_version": "2"
                        },
                        "tainted": false
                    },
                    "deposed": [],
                    "provider": "provider.aws"
                },
                "aws_route53_record.dkim": {
                    "type": "aws_route53_record",
                    "depends_on": [],
                    "primary": {
                        "id": "Z1C7L7XFF9613J_mailo._domainkey.usegalaxy.eu_TXT",
                        "attributes": {
                            "fqdn": "mailo._domainkey.usegalaxy.eu",
                            "health_check_id": "",
                            "id": "Z1C7L7XFF9613J_mailo._domainkey.usegalaxy.eu_TXT",
                            "name": "mailo._domainkey.usegalaxy.eu",
                            "records.#": "1",
                            "records.2987136991": "k=rsa; p=MIGfMA0GCSqGSIb3DQEBAQUAA4GNADCBiQKBgQDWqARw6lby+yJNifDd1Nf9FfegF2TB4VJAdupceZ6pAHwYvS/2WFUwc3ZxdA8+awjDfLr6cAWERnP6YsBqZ7/1jCvtvOM2RLvsKMrzKG+KycfSfaGfFLZw/qPHM+82Mz7o5PdmcVehDSjKrnRXWGjliF/bazOoPg4OJObmAlhovwIDAQAB",
                            "set_identifier": "",
                            "ttl": "7200",
                            "type": "TXT",
                            "zone_id": "Z1C7L7XFF9613J"
                        },
                        "meta": {
                            "schema_version": "2"
                        },
                        "tainted": false
                    },
                    "deposed": [],
                    "provider": "provider.aws"
                },
                "aws_route53_record.docker-host": {
                    "type": "aws_route53_record",
                    "depends_on": [
                        "openstack_compute_instance_v2.docker-host"
                    ],
                    "primary": {
                        "id": "Z386N8B8JBC6TQ_docker.galaxyproject.eu_A",
                        "attributes": {
                            "fqdn": "docker.galaxyproject.eu",
                            "health_check_id": "",
                            "id": "Z386N8B8JBC6TQ_docker.galaxyproject.eu_A",
                            "name": "docker.galaxyproject.eu",
                            "records.#": "1",
                            "records.4270204594": "192.52.33.221",
                            "set_identifier": "",
                            "ttl": "7200",
                            "type": "A",
                            "zone_id": "Z386N8B8JBC6TQ"
                        },
                        "meta": {
                            "schema_version": "2"
                        },
                        "tainted": false
                    },
                    "deposed": [],
                    "provider": "provider.aws"
                },
                "aws_route53_record.freiburg-pulsar": {
                    "type": "aws_route53_record",
                    "depends_on": [],
                    "primary": {
                        "id": "Z386N8B8JBC6TQ_de01.pulsar.galaxyproject.eu_A",
                        "attributes": {
                            "fqdn": "de01.pulsar.galaxyproject.eu",
                            "health_check_id": "",
                            "id": "Z386N8B8JBC6TQ_de01.pulsar.galaxyproject.eu_A",
                            "name": "de01.pulsar.galaxyproject.eu",
                            "records.#": "1",
                            "records.2922476428": "192.52.33.118",
                            "set_identifier": "",
                            "ttl": "7200",
                            "type": "A",
                            "zone_id": "Z386N8B8JBC6TQ"
                        },
                        "meta": {
                            "schema_version": "2"
                        },
                        "tainted": false
                    },
                    "deposed": [],
                    "provider": "provider.aws"
                },
                "aws_route53_record.freiburg-pulsar-gpu": {
                    "type": "aws_route53_record",
                    "depends_on": [],
                    "primary": {
                        "id": "Z386N8B8JBC6TQ_de03.pulsar.galaxyproject.eu_A",
                        "attributes": {
                            "fqdn": "de03.pulsar.galaxyproject.eu",
                            "health_check_id": "",
                            "id": "Z386N8B8JBC6TQ_de03.pulsar.galaxyproject.eu_A",
                            "name": "de03.pulsar.galaxyproject.eu",
                            "records.#": "1",
                            "records.3128040869": "192.52.35.14",
                            "set_identifier": "",
                            "ttl": "7200",
                            "type": "A",
                            "zone_id": "Z386N8B8JBC6TQ"
                        },
                        "meta": {
                            "schema_version": "2"
                        },
                        "tainted": false
                    },
                    "deposed": [],
                    "provider": "provider.aws"
                },
                "aws_route53_record.ftp": {
                    "type": "aws_route53_record",
                    "depends_on": [],
                    "primary": {
                        "id": "Z1C7L7XFF9613J_ftp.usegalaxy.eu_A",
                        "attributes": {
                            "fqdn": "ftp.usegalaxy.eu",
                            "health_check_id": "",
                            "id": "Z1C7L7XFF9613J_ftp.usegalaxy.eu_A",
                            "name": "ftp.usegalaxy.eu",
                            "records.#": "1",
                            "records.1644143846": "132.230.68.85",
                            "set_identifier": "",
                            "ttl": "7200",
                            "type": "A",
                            "zone_id": "Z1C7L7XFF9613J"
                        },
                        "meta": {
                            "schema_version": "2"
                        },
                        "tainted": false
                    },
                    "deposed": [],
                    "provider": "provider.aws"
                },
                "aws_route53_record.galaxyproject-eu": {
                    "type": "aws_route53_record",
                    "depends_on": [],
                    "primary": {
                        "id": "Z386N8B8JBC6TQ_galaxyproject.eu_A",
                        "attributes": {
                            "fqdn": "galaxyproject.eu",
                            "health_check_id": "",
                            "id": "Z386N8B8JBC6TQ_galaxyproject.eu_A",
                            "name": "galaxyproject.eu",
                            "records.#": "1",
                            "records.3850385776": "132.230.68.5",
                            "set_identifier": "",
                            "ttl": "7200",
                            "type": "A",
                            "zone_id": "Z386N8B8JBC6TQ"
                        },
                        "meta": {
                            "schema_version": "2"
                        },
                        "tainted": false
                    },
                    "deposed": [],
                    "provider": "provider.aws"
                },
                "aws_route53_record.influxdb-usegalaxy-internal": {
                    "type": "aws_route53_record",
                    "depends_on": [
                        "openstack_compute_instance_v2.influxdb-usegalaxy"
                    ],
                    "primary": {
                        "id": "Z386N8B8JBC6TQ_influxdb.galaxyproject.eu_A",
                        "attributes": {
                            "fqdn": "influxdb.galaxyproject.eu",
                            "health_check_id": "",
                            "id": "Z386N8B8JBC6TQ_influxdb.galaxyproject.eu_A",
                            "name": "influxdb.galaxyproject.eu",
                            "records.#": "1",
                            "records.361973662": "192.52.32.34",
                            "set_identifier": "",
                            "ttl": "7200",
                            "type": "A",
                            "zone_id": "Z386N8B8JBC6TQ"
                        },
                        "meta": {
                            "schema_version": "2"
                        },
                        "tainted": false
                    },
                    "deposed": [],
                    "provider": "provider.aws"
                },
                "aws_route53_record.it-subdomain-main-really": {
                    "type": "aws_route53_record",
                    "depends_on": [],
                    "primary": {
                        "id": "Z1C7L7XFF9613J_*.interactivetoolentrypoint.interactivetool.usegalaxy.eu_CNAME",
                        "attributes": {
                            "fqdn": "*.interactivetoolentrypoint.interactivetool.usegalaxy.eu",
                            "health_check_id": "",
                            "id": "Z1C7L7XFF9613J_*.interactivetoolentrypoint.interactivetool.usegalaxy.eu_CNAME",
                            "name": "*.interactivetoolentrypoint.interactivetool.usegalaxy.eu",
                            "records.#": "1",
                            "records.3916187848": "usegalaxy.eu",
                            "set_identifier": "",
                            "ttl": "7200",
                            "type": "CNAME",
                            "zone_id": "Z1C7L7XFF9613J"
                        },
                        "meta": {
                            "schema_version": "2"
                        },
                        "tainted": false
                    },
                    "deposed": [],
                    "provider": "provider.aws"
                },
                "aws_route53_record.it-subdomain-main.0": {
                    "type": "aws_route53_record",
                    "depends_on": [],
                    "primary": {
                        "id": "Z1C7L7XFF9613J_*.interactivetoolentrypoint.interactivetool.ecology.usegalaxy.eu_CNAME",
                        "attributes": {
                            "fqdn": "*.interactivetoolentrypoint.interactivetool.ecology.usegalaxy.eu",
                            "health_check_id": "",
                            "id": "Z1C7L7XFF9613J_*.interactivetoolentrypoint.interactivetool.ecology.usegalaxy.eu_CNAME",
                            "name": "*.interactivetoolentrypoint.interactivetool.ecology.usegalaxy.eu",
                            "records.#": "1",
                            "records.3916187848": "usegalaxy.eu",
                            "set_identifier": "",
                            "ttl": "7200",
                            "type": "CNAME",
                            "zone_id": "Z1C7L7XFF9613J"
                        },
                        "meta": {
                            "schema_version": "2"
                        },
                        "tainted": false
                    },
                    "deposed": [],
                    "provider": "provider.aws"
                },
                "aws_route53_record.it-subdomain-main.1": {
                    "type": "aws_route53_record",
                    "depends_on": [],
                    "primary": {
                        "id": "Z1C7L7XFF9613J_*.interactivetoolentrypoint.interactivetool.hicexplorer.usegalaxy.eu_CNAME",
                        "attributes": {
                            "fqdn": "*.interactivetoolentrypoint.interactivetool.hicexplorer.usegalaxy.eu",
                            "health_check_id": "",
                            "id": "Z1C7L7XFF9613J_*.interactivetoolentrypoint.interactivetool.hicexplorer.usegalaxy.eu_CNAME",
                            "name": "*.interactivetoolentrypoint.interactivetool.hicexplorer.usegalaxy.eu",
                            "records.#": "1",
                            "records.3916187848": "usegalaxy.eu",
                            "set_identifier": "",
                            "ttl": "7200",
                            "type": "CNAME",
                            "zone_id": "Z1C7L7XFF9613J"
                        },
                        "meta": {
                            "schema_version": "2"
                        },
                        "tainted": false
                    },
                    "deposed": [],
                    "provider": "provider.aws"
                },
                "aws_route53_record.it-subdomain-main.10": {
                    "type": "aws_route53_record",
                    "depends_on": [],
                    "primary": {
                        "id": "Z1C7L7XFF9613J_*.interactivetoolentrypoint.interactivetool.old.usegalaxy.eu_CNAME",
                        "attributes": {
                            "fqdn": "*.interactivetoolentrypoint.interactivetool.old.usegalaxy.eu",
                            "health_check_id": "",
                            "id": "Z1C7L7XFF9613J_*.interactivetoolentrypoint.interactivetool.old.usegalaxy.eu_CNAME",
                            "name": "*.interactivetoolentrypoint.interactivetool.old.usegalaxy.eu",
                            "records.#": "1",
                            "records.3916187848": "usegalaxy.eu",
                            "set_identifier": "",
                            "ttl": "7200",
                            "type": "CNAME",
                            "zone_id": "Z1C7L7XFF9613J"
                        },
                        "meta": {
                            "schema_version": "2"
                        },
                        "tainted": false
                    },
                    "deposed": [],
                    "provider": "provider.aws"
                },
                "aws_route53_record.it-subdomain-main.11": {
                    "type": "aws_route53_record",
                    "depends_on": [],
                    "primary": {
                        "id": "Z1C7L7XFF9613J_*.interactivetoolentrypoint.interactivetool.streetscience.usegalaxy.eu_CNAME",
                        "attributes": {
                            "fqdn": "*.interactivetoolentrypoint.interactivetool.streetscience.usegalaxy.eu",
                            "health_check_id": "",
                            "id": "Z1C7L7XFF9613J_*.interactivetoolentrypoint.interactivetool.streetscience.usegalaxy.eu_CNAME",
                            "name": "*.interactivetoolentrypoint.interactivetool.streetscience.usegalaxy.eu",
                            "records.#": "1",
                            "records.3916187848": "usegalaxy.eu",
                            "set_identifier": "",
                            "ttl": "7200",
                            "type": "CNAME",
                            "zone_id": "Z1C7L7XFF9613J"
                        },
                        "meta": {
                            "schema_version": "2"
                        },
                        "tainted": false
                    },
                    "deposed": [],
                    "provider": "provider.aws"
                },
                "aws_route53_record.it-subdomain-main.12": {
                    "type": "aws_route53_record",
                    "depends_on": [],
                    "primary": {
                        "id": "Z1C7L7XFF9613J_*.interactivetoolentrypoint.interactivetool.graphclust.usegalaxy.eu_CNAME",
                        "attributes": {
                            "fqdn": "*.interactivetoolentrypoint.interactivetool.graphclust.usegalaxy.eu",
                            "health_check_id": "",
                            "id": "Z1C7L7XFF9613J_*.interactivetoolentrypoint.interactivetool.graphclust.usegalaxy.eu_CNAME",
                            "name": "*.interactivetoolentrypoint.interactivetool.graphclust.usegalaxy.eu",
                            "records.#": "1",
                            "records.3916187848": "usegalaxy.eu",
                            "set_identifier": "",
                            "ttl": "7200",
                            "type": "CNAME",
                            "zone_id": "Z1C7L7XFF9613J"
                        },
                        "meta": {
                            "schema_version": "2"
                        },
                        "tainted": false
                    },
                    "deposed": [],
                    "provider": "provider.aws"
                },
                "aws_route53_record.it-subdomain-main.13": {
                    "type": "aws_route53_record",
                    "depends_on": [],
                    "primary": {
                        "id": "Z1C7L7XFF9613J_*.interactivetoolentrypoint.interactivetool.cheminformatics.usegalaxy.eu_CNAME",
                        "attributes": {
                            "fqdn": "*.interactivetoolentrypoint.interactivetool.cheminformatics.usegalaxy.eu",
                            "health_check_id": "",
                            "id": "Z1C7L7XFF9613J_*.interactivetoolentrypoint.interactivetool.cheminformatics.usegalaxy.eu_CNAME",
                            "name": "*.interactivetoolentrypoint.interactivetool.cheminformatics.usegalaxy.eu",
                            "records.#": "1",
                            "records.3916187848": "usegalaxy.eu",
                            "set_identifier": "",
                            "ttl": "7200",
                            "type": "CNAME",
                            "zone_id": "Z1C7L7XFF9613J"
                        },
                        "meta": {
                            "schema_version": "2"
                        },
                        "tainted": false
                    },
                    "deposed": [],
                    "provider": "provider.aws"
                },
                "aws_route53_record.it-subdomain-main.14": {
                    "type": "aws_route53_record",
                    "depends_on": [],
                    "primary": {
                        "id": "Z1C7L7XFF9613J_*.interactivetoolentrypoint.interactivetool.imaging.usegalaxy.eu_CNAME",
                        "attributes": {
                            "fqdn": "*.interactivetoolentrypoint.interactivetool.imaging.usegalaxy.eu",
                            "health_check_id": "",
                            "id": "Z1C7L7XFF9613J_*.interactivetoolentrypoint.interactivetool.imaging.usegalaxy.eu_CNAME",
                            "name": "*.interactivetoolentrypoint.interactivetool.imaging.usegalaxy.eu",
                            "records.#": "1",
                            "records.3916187848": "usegalaxy.eu",
                            "set_identifier": "",
                            "ttl": "7200",
                            "type": "CNAME",
                            "zone_id": "Z1C7L7XFF9613J"
                        },
                        "meta": {
                            "schema_version": "2"
                        },
                        "tainted": false
                    },
                    "deposed": [],
                    "provider": "provider.aws"
                },
                "aws_route53_record.it-subdomain-main.15": {
                    "type": "aws_route53_record",
                    "depends_on": [],
                    "primary": {
                        "id": "Z1C7L7XFF9613J_*.interactivetoolentrypoint.interactivetool.singlecell.usegalaxy.eu_CNAME",
                        "attributes": {
                            "fqdn": "*.interactivetoolentrypoint.interactivetool.singlecell.usegalaxy.eu",
                            "health_check_id": "",
                            "id": "Z1C7L7XFF9613J_*.interactivetoolentrypoint.interactivetool.singlecell.usegalaxy.eu_CNAME",
                            "name": "*.interactivetoolentrypoint.interactivetool.singlecell.usegalaxy.eu",
                            "records.#": "1",
                            "records.3916187848": "usegalaxy.eu",
                            "set_identifier": "",
                            "ttl": "7200",
                            "type": "CNAME",
                            "zone_id": "Z1C7L7XFF9613J"
                        },
                        "meta": {
                            "schema_version": "2"
                        },
                        "tainted": false
                    },
                    "deposed": [],
                    "provider": "provider.aws"
                },
                "aws_route53_record.it-subdomain-main.16": {
                    "type": "aws_route53_record",
                    "depends_on": [],
                    "primary": {
                        "id": "Z1C7L7XFF9613J_*.interactivetoolentrypoint.interactivetool.climate.usegalaxy.eu_CNAME",
                        "attributes": {
                            "fqdn": "*.interactivetoolentrypoint.interactivetool.climate.usegalaxy.eu",
                            "health_check_id": "",
                            "id": "Z1C7L7XFF9613J_*.interactivetoolentrypoint.interactivetool.climate.usegalaxy.eu_CNAME",
                            "name": "*.interactivetoolentrypoint.interactivetool.climate.usegalaxy.eu",
                            "records.#": "1",
                            "records.3916187848": "usegalaxy.eu",
                            "set_identifier": "",
                            "ttl": "7200",
                            "type": "CNAME",
                            "zone_id": "Z1C7L7XFF9613J"
                        },
                        "meta": {
                            "schema_version": "2"
                        },
                        "tainted": false
                    },
                    "deposed": [],
                    "provider": "provider.aws"
                },
                "aws_route53_record.it-subdomain-main.17": {
                    "type": "aws_route53_record",
                    "depends_on": [],
                    "primary": {
                        "id": "Z1C7L7XFF9613J_*.interactivetoolentrypoint.interactivetool.nanopore.usegalaxy.eu_CNAME",
                        "attributes": {
                            "fqdn": "*.interactivetoolentrypoint.interactivetool.nanopore.usegalaxy.eu",
                            "health_check_id": "",
                            "id": "Z1C7L7XFF9613J_*.interactivetoolentrypoint.interactivetool.nanopore.usegalaxy.eu_CNAME",
                            "name": "*.interactivetoolentrypoint.interactivetool.nanopore.usegalaxy.eu",
                            "records.#": "1",
                            "records.3916187848": "usegalaxy.eu",
                            "set_identifier": "",
                            "ttl": "7200",
                            "type": "CNAME",
                            "zone_id": "Z1C7L7XFF9613J"
                        },
                        "meta": {
                            "schema_version": "2"
                        },
                        "tainted": false
                    },
                    "deposed": [],
                    "provider": "provider.aws"
                },
                "aws_route53_record.it-subdomain-main.18": {
                    "type": "aws_route53_record",
                    "depends_on": [],
                    "primary": {
                        "id": "Z1C7L7XFF9613J_*.interactivetoolentrypoint.interactivetool.metabolomics.usegalaxy.eu_CNAME",
                        "attributes": {
                            "fqdn": "*.interactivetoolentrypoint.interactivetool.metabolomics.usegalaxy.eu",
                            "health_check_id": "",
                            "id": "Z1C7L7XFF9613J_*.interactivetoolentrypoint.interactivetool.metabolomics.usegalaxy.eu_CNAME",
                            "name": "*.interactivetoolentrypoint.interactivetool.metabolomics.usegalaxy.eu",
                            "records.#": "1",
                            "records.3916187848": "usegalaxy.eu",
                            "set_identifier": "",
                            "ttl": "7200",
                            "type": "CNAME",
                            "zone_id": "Z1C7L7XFF9613J"
                        },
                        "meta": {
                            "schema_version": "2"
                        },
                        "tainted": false
                    },
                    "deposed": [],
                    "provider": "provider.aws"
                },
                "aws_route53_record.it-subdomain-main.19": {
                    "type": "aws_route53_record",
                    "depends_on": [],
                    "primary": {
                        "id": "Z1C7L7XFF9613J_*.interactivetoolentrypoint.interactivetool.humancellatlas.usegalaxy.eu_CNAME",
                        "attributes": {
                            "fqdn": "*.interactivetoolentrypoint.interactivetool.humancellatlas.usegalaxy.eu",
                            "health_check_id": "",
                            "id": "Z1C7L7XFF9613J_*.interactivetoolentrypoint.interactivetool.humancellatlas.usegalaxy.eu_CNAME",
                            "name": "*.interactivetoolentrypoint.interactivetool.humancellatlas.usegalaxy.eu",
                            "records.#": "1",
                            "records.3916187848": "usegalaxy.eu",
                            "set_identifier": "",
                            "ttl": "7200",
                            "type": "CNAME",
                            "zone_id": "Z1C7L7XFF9613J"
                        },
                        "meta": {
                            "schema_version": "2"
                        },
                        "tainted": false
                    },
                    "deposed": [],
                    "provider": "provider.aws"
                },
                "aws_route53_record.it-subdomain-main.2": {
                    "type": "aws_route53_record",
                    "depends_on": [],
                    "primary": {
                        "id": "Z1C7L7XFF9613J_*.interactivetoolentrypoint.interactivetool.metagenomics.usegalaxy.eu_CNAME",
                        "attributes": {
                            "fqdn": "*.interactivetoolentrypoint.interactivetool.metagenomics.usegalaxy.eu",
                            "health_check_id": "",
                            "id": "Z1C7L7XFF9613J_*.interactivetoolentrypoint.interactivetool.metagenomics.usegalaxy.eu_CNAME",
                            "name": "*.interactivetoolentrypoint.interactivetool.metagenomics.usegalaxy.eu",
                            "records.#": "1",
                            "records.3916187848": "usegalaxy.eu",
                            "set_identifier": "",
                            "ttl": "7200",
                            "type": "CNAME",
                            "zone_id": "Z1C7L7XFF9613J"
                        },
                        "meta": {
                            "schema_version": "2"
                        },
                        "tainted": false
                    },
                    "deposed": [],
                    "provider": "provider.aws"
                },
                "aws_route53_record.it-subdomain-main.20": {
                    "type": "aws_route53_record",
                    "depends_on": [],
                    "primary": {
                        "id": "Z1C7L7XFF9613J_*.interactivetoolentrypoint.interactivetool.annotation.usegalaxy.eu_CNAME",
                        "attributes": {
                            "fqdn": "*.interactivetoolentrypoint.interactivetool.annotation.usegalaxy.eu",
                            "health_check_id": "",
                            "id": "Z1C7L7XFF9613J_*.interactivetoolentrypoint.interactivetool.annotation.usegalaxy.eu_CNAME",
                            "name": "*.interactivetoolentrypoint.interactivetool.annotation.usegalaxy.eu",
                            "records.#": "1",
                            "records.3916187848": "usegalaxy.eu",
                            "set_identifier": "",
                            "ttl": "7200",
                            "type": "CNAME",
                            "zone_id": "Z1C7L7XFF9613J"
                        },
                        "meta": {
                            "schema_version": "2"
                        },
                        "tainted": false
                    },
                    "deposed": [],
                    "provider": "provider.aws"
                },
                "aws_route53_record.it-subdomain-main.21": {
                    "type": "aws_route53_record",
                    "depends_on": [],
                    "primary": {
                        "id": "Z1C7L7XFF9613J_*.interactivetoolentrypoint.interactivetool.erasmusmc.usegalaxy.eu_CNAME",
                        "attributes": {
                            "fqdn": "*.interactivetoolentrypoint.interactivetool.erasmusmc.usegalaxy.eu",
                            "health_check_id": "",
                            "id": "Z1C7L7XFF9613J_*.interactivetoolentrypoint.interactivetool.erasmusmc.usegalaxy.eu_CNAME",
                            "name": "*.interactivetoolentrypoint.interactivetool.erasmusmc.usegalaxy.eu",
                            "records.#": "1",
                            "records.3916187848": "usegalaxy.eu",
                            "set_identifier": "",
                            "ttl": "7200",
                            "type": "CNAME",
                            "zone_id": "Z1C7L7XFF9613J"
                        },
                        "meta": {
                            "schema_version": "2"
                        },
                        "tainted": false
                    },
                    "deposed": [],
                    "provider": "provider.aws"
                },
                "aws_route53_record.it-subdomain-main.22": {
                    "type": "aws_route53_record",
                    "depends_on": [],
                    "primary": {
                        "id": "Z1C7L7XFF9613J_*.interactivetoolentrypoint.interactivetool.live.usegalaxy.eu_CNAME",
                        "attributes": {
                            "fqdn": "*.interactivetoolentrypoint.interactivetool.live.usegalaxy.eu",
                            "health_check_id": "",
                            "id": "Z1C7L7XFF9613J_*.interactivetoolentrypoint.interactivetool.live.usegalaxy.eu_CNAME",
                            "name": "*.interactivetoolentrypoint.interactivetool.live.usegalaxy.eu",
                            "records.#": "1",
                            "records.3916187848": "usegalaxy.eu",
                            "set_identifier": "",
                            "ttl": "7200",
                            "type": "CNAME",
                            "zone_id": "Z1C7L7XFF9613J"
                        },
                        "meta": {
                            "schema_version": "2"
                        },
                        "tainted": false
                    },
                    "deposed": [],
                    "provider": "provider.aws"
                },
                "aws_route53_record.it-subdomain-main.3": {
                    "type": "aws_route53_record",
                    "depends_on": [],
                    "primary": {
                        "id": "Z1C7L7XFF9613J_*.interactivetoolentrypoint.interactivetool.rna.usegalaxy.eu_CNAME",
                        "attributes": {
                            "fqdn": "*.interactivetoolentrypoint.interactivetool.rna.usegalaxy.eu",
                            "health_check_id": "",
                            "id": "Z1C7L7XFF9613J_*.interactivetoolentrypoint.interactivetool.rna.usegalaxy.eu_CNAME",
                            "name": "*.interactivetoolentrypoint.interactivetool.rna.usegalaxy.eu",
                            "records.#": "1",
                            "records.3916187848": "usegalaxy.eu",
                            "set_identifier": "",
                            "ttl": "7200",
                            "type": "CNAME",
                            "zone_id": "Z1C7L7XFF9613J"
                        },
                        "meta": {
                            "schema_version": "2"
                        },
                        "tainted": false
                    },
                    "deposed": [],
                    "provider": "provider.aws"
                },
                "aws_route53_record.it-subdomain-main.4": {
                    "type": "aws_route53_record",
                    "depends_on": [],
                    "primary": {
                        "id": "Z1C7L7XFF9613J_*.interactivetoolentrypoint.interactivetool.build.usegalaxy.eu_CNAME",
                        "attributes": {
                            "fqdn": "*.interactivetoolentrypoint.interactivetool.build.usegalaxy.eu",
                            "health_check_id": "",
                            "id": "Z1C7L7XFF9613J_*.interactivetoolentrypoint.interactivetool.build.usegalaxy.eu_CNAME",
                            "name": "*.interactivetoolentrypoint.interactivetool.build.usegalaxy.eu",
                            "records.#": "1",
                            "records.3916187848": "usegalaxy.eu",
                            "set_identifier": "",
                            "ttl": "7200",
                            "type": "CNAME",
                            "zone_id": "Z1C7L7XFF9613J"
                        },
                        "meta": {
                            "schema_version": "2"
                        },
                        "tainted": false
                    },
                    "deposed": [],
                    "provider": "provider.aws"
                },
                "aws_route53_record.it-subdomain-main.5": {
                    "type": "aws_route53_record",
                    "depends_on": [],
                    "primary": {
                        "id": "Z1C7L7XFF9613J_*.interactivetoolentrypoint.interactivetool.stats.usegalaxy.eu_CNAME",
                        "attributes": {
                            "fqdn": "*.interactivetoolentrypoint.interactivetool.stats.usegalaxy.eu",
                            "health_check_id": "",
                            "id": "Z1C7L7XFF9613J_*.interactivetoolentrypoint.interactivetool.stats.usegalaxy.eu_CNAME",
                            "name": "*.interactivetoolentrypoint.interactivetool.stats.usegalaxy.eu",
                            "records.#": "1",
                            "records.3916187848": "usegalaxy.eu",
                            "set_identifier": "",
                            "ttl": "7200",
                            "type": "CNAME",
                            "zone_id": "Z1C7L7XFF9613J"
                        },
                        "meta": {
                            "schema_version": "2"
                        },
                        "tainted": false
                    },
                    "deposed": [],
                    "provider": "provider.aws"
                },
                "aws_route53_record.it-subdomain-main.6": {
                    "type": "aws_route53_record",
                    "depends_on": [],
                    "primary": {
                        "id": "Z1C7L7XFF9613J_*.interactivetoolentrypoint.interactivetool.beta.usegalaxy.eu_CNAME",
                        "attributes": {
                            "fqdn": "*.interactivetoolentrypoint.interactivetool.beta.usegalaxy.eu",
                            "health_check_id": "",
                            "id": "Z1C7L7XFF9613J_*.interactivetoolentrypoint.interactivetool.beta.usegalaxy.eu_CNAME",
                            "name": "*.interactivetoolentrypoint.interactivetool.beta.usegalaxy.eu",
                            "records.#": "1",
                            "records.3916187848": "usegalaxy.eu",
                            "set_identifier": "",
                            "ttl": "7200",
                            "type": "CNAME",
                            "zone_id": "Z1C7L7XFF9613J"
                        },
                        "meta": {
                            "schema_version": "2"
                        },
                        "tainted": false
                    },
                    "deposed": [],
                    "provider": "provider.aws"
                },
                "aws_route53_record.it-subdomain-main.7": {
                    "type": "aws_route53_record",
                    "depends_on": [],
                    "primary": {
                        "id": "Z1C7L7XFF9613J_*.interactivetoolentrypoint.interactivetool.proteomics.usegalaxy.eu_CNAME",
                        "attributes": {
                            "fqdn": "*.interactivetoolentrypoint.interactivetool.proteomics.usegalaxy.eu",
                            "health_check_id": "",
                            "id": "Z1C7L7XFF9613J_*.interactivetoolentrypoint.interactivetool.proteomics.usegalaxy.eu_CNAME",
                            "name": "*.interactivetoolentrypoint.interactivetool.proteomics.usegalaxy.eu",
                            "records.#": "1",
                            "records.3916187848": "usegalaxy.eu",
                            "set_identifier": "",
                            "ttl": "7200",
                            "type": "CNAME",
                            "zone_id": "Z1C7L7XFF9613J"
                        },
                        "meta": {
                            "schema_version": "2"
                        },
                        "tainted": false
                    },
                    "deposed": [],
                    "provider": "provider.aws"
                },
                "aws_route53_record.it-subdomain-main.8": {
                    "type": "aws_route53_record",
                    "depends_on": [],
                    "primary": {
                        "id": "Z1C7L7XFF9613J_*.interactivetoolentrypoint.interactivetool.clipseq.usegalaxy.eu_CNAME",
                        "attributes": {
                            "fqdn": "*.interactivetoolentrypoint.interactivetool.clipseq.usegalaxy.eu",
                            "health_check_id": "",
                            "id": "Z1C7L7XFF9613J_*.interactivetoolentrypoint.interactivetool.clipseq.usegalaxy.eu_CNAME",
                            "name": "*.interactivetoolentrypoint.interactivetool.clipseq.usegalaxy.eu",
                            "records.#": "1",
                            "records.3916187848": "usegalaxy.eu",
                            "set_identifier": "",
                            "ttl": "7200",
                            "type": "CNAME",
                            "zone_id": "Z1C7L7XFF9613J"
                        },
                        "meta": {
                            "schema_version": "2"
                        },
                        "tainted": false
                    },
                    "deposed": [],
                    "provider": "provider.aws"
                },
                "aws_route53_record.it-subdomain-main.9": {
                    "type": "aws_route53_record",
                    "depends_on": [],
                    "primary": {
                        "id": "Z1C7L7XFF9613J_*.interactivetoolentrypoint.interactivetool.test.usegalaxy.eu_CNAME",
                        "attributes": {
                            "fqdn": "*.interactivetoolentrypoint.interactivetool.test.usegalaxy.eu",
                            "health_check_id": "",
                            "id": "Z1C7L7XFF9613J_*.interactivetoolentrypoint.interactivetool.test.usegalaxy.eu_CNAME",
                            "name": "*.interactivetoolentrypoint.interactivetool.test.usegalaxy.eu",
                            "records.#": "1",
                            "records.3916187848": "usegalaxy.eu",
                            "set_identifier": "",
                            "ttl": "7200",
                            "type": "CNAME",
                            "zone_id": "Z1C7L7XFF9613J"
                        },
                        "meta": {
                            "schema_version": "2"
                        },
                        "tainted": false
                    },
                    "deposed": [],
                    "provider": "provider.aws"
                },
                "aws_route53_record.jenkins-workers-gold": {
                    "type": "aws_route53_record",
                    "depends_on": [
                        "openstack_compute_instance_v2.jenkins-workers-gold.*"
                    ],
                    "primary": {
                        "id": "Z386N8B8JBC6TQ_worker-0.gold.build.galaxyproject.eu_A",
                        "attributes": {
                            "fqdn": "worker-0.gold.build.galaxyproject.eu",
                            "health_check_id": "",
                            "id": "Z386N8B8JBC6TQ_worker-0.gold.build.galaxyproject.eu_A",
                            "name": "worker-0.gold.build.galaxyproject.eu",
                            "records.#": "1",
                            "records.3297132218": "192.52.33.150",
                            "set_identifier": "",
                            "ttl": "7200",
                            "type": "A",
                            "zone_id": "Z386N8B8JBC6TQ"
                        },
                        "meta": {
                            "schema_version": "2"
                        },
                        "tainted": false
                    },
                    "deposed": [],
                    "provider": "provider.aws"
                },
                "aws_route53_record.jenkins-workers-internal": {
                    "type": "aws_route53_record",
                    "depends_on": [
                        "openstack_compute_instance_v2.jenkins-workers-internal.*"
                    ],
                    "primary": {
                        "id": "Z386N8B8JBC6TQ_worker-internal-0.build.galaxyproject.eu_A",
                        "attributes": {
                            "fqdn": "worker-internal-0.build.galaxyproject.eu",
                            "health_check_id": "",
                            "id": "Z386N8B8JBC6TQ_worker-internal-0.build.galaxyproject.eu_A",
                            "name": "worker-internal-0.build.galaxyproject.eu",
                            "records.#": "1",
                            "records.2003147284": "132.230.223.22",
                            "set_identifier": "",
                            "ttl": "7200",
                            "type": "A",
                            "zone_id": "Z386N8B8JBC6TQ"
                        },
                        "meta": {
                            "schema_version": "2"
                        },
                        "tainted": false
                    },
                    "deposed": [],
                    "provider": "provider.aws"
                },
                "aws_route53_record.jenkins-workers-org.0": {
                    "type": "aws_route53_record",
                    "depends_on": [
                        "openstack_compute_instance_v2.jenkins-workers-org.*"
                    ],
                    "primary": {
                        "id": "Z386N8B8JBC6TQ_n0.galaxyproject.eu_A",
                        "attributes": {
                            "fqdn": "n0.galaxyproject.eu",
                            "health_check_id": "",
                            "id": "Z386N8B8JBC6TQ_n0.galaxyproject.eu_A",
                            "name": "n0.galaxyproject.eu",
                            "records.#": "1",
                            "records.1634098137": "192.52.34.148",
                            "set_identifier": "",
                            "ttl": "7200",
                            "type": "A",
                            "zone_id": "Z386N8B8JBC6TQ"
                        },
                        "meta": {
                            "schema_version": "2"
                        },
                        "tainted": false
                    },
                    "deposed": [],
                    "provider": "provider.aws"
                },
                "aws_route53_record.jenkins-workers-org.1": {
                    "type": "aws_route53_record",
                    "depends_on": [
                        "openstack_compute_instance_v2.jenkins-workers-org.*"
                    ],
                    "primary": {
                        "id": "Z386N8B8JBC6TQ_n1.galaxyproject.eu_A",
                        "attributes": {
                            "fqdn": "n1.galaxyproject.eu",
                            "health_check_id": "",
                            "id": "Z386N8B8JBC6TQ_n1.galaxyproject.eu_A",
                            "name": "n1.galaxyproject.eu",
                            "records.#": "1",
                            "records.2903809328": "192.52.34.191",
                            "set_identifier": "",
                            "ttl": "7200",
                            "type": "A",
                            "zone_id": "Z386N8B8JBC6TQ"
                        },
                        "meta": {
                            "schema_version": "2"
                        },
                        "tainted": false
                    },
                    "deposed": [],
                    "provider": "provider.aws"
                },
                "aws_route53_record.jenkins-workers-silver": {
                    "type": "aws_route53_record",
                    "depends_on": [
                        "openstack_compute_instance_v2.jenkins-workers-silver.*"
                    ],
                    "primary": {
                        "id": "Z386N8B8JBC6TQ_worker-0.silver.build.galaxyproject.eu_A",
                        "attributes": {
                            "fqdn": "worker-0.silver.build.galaxyproject.eu",
                            "health_check_id": "",
                            "id": "Z386N8B8JBC6TQ_worker-0.silver.build.galaxyproject.eu_A",
                            "name": "worker-0.silver.build.galaxyproject.eu",
                            "records.#": "1",
                            "records.1716133387": "192.52.35.36",
                            "set_identifier": "",
                            "ttl": "7200",
                            "type": "A",
                            "zone_id": "Z386N8B8JBC6TQ"
                        },
                        "meta": {
                            "schema_version": "2"
                        },
                        "tainted": false
                    },
                    "deposed": [],
                    "provider": "provider.aws"
                },
                "aws_route53_record.lisboa-pulsar": {
                    "type": "aws_route53_record",
                    "depends_on": [],
                    "primary": {
                        "id": "Z386N8B8JBC6TQ_pt01.pulsar.galaxyproject.eu_A",
                        "attributes": {
                            "fqdn": "pt01.pulsar.galaxyproject.eu",
                            "health_check_id": "",
                            "id": "Z386N8B8JBC6TQ_pt01.pulsar.galaxyproject.eu_A",
                            "name": "pt01.pulsar.galaxyproject.eu",
                            "records.#": "1",
                            "records.4044139150": "192.92.147.4",
                            "set_identifier": "",
                            "ttl": "7200",
                            "type": "A",
                            "zone_id": "Z386N8B8JBC6TQ"
                        },
                        "meta": {
                            "schema_version": "2"
                        },
                        "tainted": false
                    },
                    "deposed": [],
                    "provider": "provider.aws"
                },
                "aws_route53_record.mx": {
                    "type": "aws_route53_record",
                    "depends_on": [],
                    "primary": {
                        "id": "Z1C7L7XFF9613J_usegalaxy.eu_MX",
                        "attributes": {
                            "fqdn": "usegalaxy.eu",
                            "health_check_id": "",
                            "id": "Z1C7L7XFF9613J_usegalaxy.eu_MX",
                            "name": "usegalaxy.eu",
                            "records.#": "2",
                            "records.23861953": "10 mxb.mailgun.org",
                            "records.3165025807": "10 mxa.mailgun.org",
                            "set_identifier": "",
                            "ttl": "7200",
                            "type": "MX",
                            "zone_id": "Z1C7L7XFF9613J"
                        },
                        "meta": {
                            "schema_version": "2"
                        },
                        "tainted": false
                    },
                    "deposed": [],
                    "provider": "provider.aws"
                },
                "aws_route53_record.proxy": {
                    "type": "aws_route53_record",
                    "depends_on": [
                        "openstack_compute_instance_v2.proxy-internal"
                    ],
                    "primary": {
                        "id": "Z386N8B8JBC6TQ_proxy.galaxyproject.eu_A",
                        "attributes": {
                            "fqdn": "proxy.galaxyproject.eu",
                            "health_check_id": "",
                            "id": "Z386N8B8JBC6TQ_proxy.galaxyproject.eu_A",
                            "name": "proxy.galaxyproject.eu",
                            "records.#": "1",
                            "records.726661441": "132.230.223.13",
                            "set_identifier": "",
                            "ttl": "300",
                            "type": "A",
                            "zone_id": "Z386N8B8JBC6TQ"
                        },
                        "meta": {
                            "schema_version": "2"
                        },
                        "tainted": false
                    },
                    "deposed": [],
                    "provider": "provider.aws"
                },
                "aws_route53_record.proxy-internal": {
                    "type": "aws_route53_record",
                    "depends_on": [
                        "openstack_compute_instance_v2.proxy-internal"
                    ],
                    "primary": {
                        "id": "Z386N8B8JBC6TQ_proxy.internal.galaxyproject.eu_A",
                        "attributes": {
                            "fqdn": "proxy.internal.galaxyproject.eu",
                            "health_check_id": "",
                            "id": "Z386N8B8JBC6TQ_proxy.internal.galaxyproject.eu_A",
                            "name": "proxy.internal.galaxyproject.eu",
                            "records.#": "1",
                            "records.726661441": "132.230.223.13",
                            "set_identifier": "",
                            "ttl": "7200",
                            "type": "A",
                            "zone_id": "Z386N8B8JBC6TQ"
                        },
                        "meta": {
                            "schema_version": "2"
                        },
                        "tainted": false
                    },
                    "deposed": [],
                    "provider": "provider.aws"
                },
                "aws_route53_record.sentry-usegalaxy": {
                    "type": "aws_route53_record",
                    "depends_on": [
                        "openstack_compute_instance_v2.sentry-usegalaxy"
                    ],
                    "primary": {
                        "id": "Z386N8B8JBC6TQ_sentry.galaxyproject.eu_A",
                        "attributes": {
                            "fqdn": "sentry.galaxyproject.eu",
                            "health_check_id": "",
                            "id": "Z386N8B8JBC6TQ_sentry.galaxyproject.eu_A",
                            "name": "sentry.galaxyproject.eu",
                            "records.#": "1",
                            "records.1408833887": "192.52.34.70",
                            "set_identifier": "",
                            "ttl": "7200",
                            "type": "A",
                            "zone_id": "Z386N8B8JBC6TQ"
                        },
                        "meta": {
                            "schema_version": "2"
                        },
                        "tainted": false
                    },
                    "deposed": [],
                    "provider": "provider.aws"
                },
                "aws_route53_record.spf": {
                    "type": "aws_route53_record",
                    "depends_on": [],
                    "primary": {
                        "id": "Z1C7L7XFF9613J_usegalaxy.eu_TXT",
                        "attributes": {
                            "fqdn": "usegalaxy.eu",
                            "health_check_id": "",
                            "id": "Z1C7L7XFF9613J_usegalaxy.eu_TXT",
                            "name": "usegalaxy.eu",
                            "records.#": "1",
                            "records.1008113961": "v=spf1 include:mailgun.org ~all",
                            "set_identifier": "",
                            "ttl": "7200",
                            "type": "TXT",
                            "zone_id": "Z1C7L7XFF9613J"
                        },
                        "meta": {
                            "schema_version": "2"
                        },
                        "tainted": false
                    },
                    "deposed": [],
                    "provider": "provider.aws"
                },
                "aws_route53_record.stats-usegalaxy": {
                    "type": "aws_route53_record",
                    "depends_on": [
                        "openstack_compute_instance_v2.stats-usegalaxy"
                    ],
                    "primary": {
                        "id": "Z386N8B8JBC6TQ_stats.galaxyproject.eu_A",
                        "attributes": {
                            "fqdn": "stats.galaxyproject.eu",
                            "health_check_id": "",
                            "id": "Z386N8B8JBC6TQ_stats.galaxyproject.eu_A",
                            "name": "stats.galaxyproject.eu",
                            "records.#": "1",
                            "records.2707896510": "192.52.32.138",
                            "set_identifier": "",
                            "ttl": "7200",
                            "type": "A",
                            "zone_id": "Z386N8B8JBC6TQ"
                        },
                        "meta": {
                            "schema_version": "2"
                        },
                        "tainted": false
                    },
                    "deposed": [],
                    "provider": "provider.aws"
                },
                "aws_route53_record.subdomain-internal": {
                    "type": "aws_route53_record",
                    "depends_on": [],
                    "primary": {
                        "id": "Z386N8B8JBC6TQ_cvmfs1-ufr0.galaxyproject.eu_CNAME",
                        "attributes": {
                            "fqdn": "cvmfs1-ufr0.galaxyproject.eu",
                            "health_check_id": "",
                            "id": "Z386N8B8JBC6TQ_cvmfs1-ufr0.galaxyproject.eu_CNAME",
                            "name": "cvmfs1-ufr0.galaxyproject.eu",
                            "records.#": "1",
                            "records.2820179757": "proxy.internal.galaxyproject.eu",
                            "set_identifier": "",
                            "ttl": "7200",
                            "type": "CNAME",
                            "zone_id": "Z386N8B8JBC6TQ"
                        },
                        "meta": {
                            "schema_version": "2"
                        },
                        "tainted": false
                    },
                    "deposed": [],
                    "provider": "provider.aws"
                },
                "aws_route53_record.subdomains-project.0": {
                    "type": "aws_route53_record",
                    "depends_on": [],
                    "primary": {
                        "id": "Z386N8B8JBC6TQ_status.galaxyproject.eu_CNAME",
                        "attributes": {
                            "fqdn": "status.galaxyproject.eu",
                            "health_check_id": "",
                            "id": "Z386N8B8JBC6TQ_status.galaxyproject.eu_CNAME",
                            "name": "status.galaxyproject.eu",
                            "records.#": "1",
                            "records.1735605372": "galaxyproject.eu",
                            "set_identifier": "",
                            "ttl": "7200",
                            "type": "CNAME",
                            "zone_id": "Z386N8B8JBC6TQ"
                        },
                        "meta": {
                            "schema_version": "2"
                        },
                        "tainted": false
                    },
                    "deposed": [],
                    "provider": "provider.aws"
                },
                "aws_route53_record.subdomains-project.1": {
                    "type": "aws_route53_record",
                    "depends_on": [],
                    "primary": {
                        "id": "Z386N8B8JBC6TQ_telescope.galaxyproject.eu_CNAME",
                        "attributes": {
                            "fqdn": "telescope.galaxyproject.eu",
                            "health_check_id": "",
                            "id": "Z386N8B8JBC6TQ_telescope.galaxyproject.eu_CNAME",
                            "name": "telescope.galaxyproject.eu",
                            "records.#": "1",
                            "records.1735605372": "galaxyproject.eu",
                            "set_identifier": "",
                            "ttl": "7200",
                            "type": "CNAME",
                            "zone_id": "Z386N8B8JBC6TQ"
                        },
                        "meta": {
                            "schema_version": "2"
                        },
                        "tainted": false
                    },
                    "deposed": [],
                    "provider": "provider.aws"
                },
                "aws_route53_record.subdomains.0": {
                    "type": "aws_route53_record",
                    "depends_on": [],
                    "primary": {
                        "id": "Z1C7L7XFF9613J_ecology.usegalaxy.eu_CNAME",
                        "attributes": {
                            "fqdn": "ecology.usegalaxy.eu",
                            "health_check_id": "",
                            "id": "Z1C7L7XFF9613J_ecology.usegalaxy.eu_CNAME",
                            "name": "ecology.usegalaxy.eu",
                            "records.#": "1",
                            "records.3916187848": "usegalaxy.eu",
                            "set_identifier": "",
                            "ttl": "7200",
                            "type": "CNAME",
                            "zone_id": "Z1C7L7XFF9613J"
                        },
                        "meta": {
                            "schema_version": "2"
                        },
                        "tainted": false
                    },
                    "deposed": [],
                    "provider": "provider.aws"
                },
                "aws_route53_record.subdomains.1": {
                    "type": "aws_route53_record",
                    "depends_on": [],
                    "primary": {
                        "id": "Z1C7L7XFF9613J_hicexplorer.usegalaxy.eu_CNAME",
                        "attributes": {
                            "fqdn": "hicexplorer.usegalaxy.eu",
                            "health_check_id": "",
                            "id": "Z1C7L7XFF9613J_hicexplorer.usegalaxy.eu_CNAME",
                            "name": "hicexplorer.usegalaxy.eu",
                            "records.#": "1",
                            "records.3916187848": "usegalaxy.eu",
                            "set_identifier": "",
                            "ttl": "7200",
                            "type": "CNAME",
                            "zone_id": "Z1C7L7XFF9613J"
                        },
                        "meta": {
                            "schema_version": "2"
                        },
                        "tainted": false
                    },
                    "deposed": [],
                    "provider": "provider.aws"
                },
                "aws_route53_record.subdomains.10": {
                    "type": "aws_route53_record",
                    "depends_on": [],
                    "primary": {
                        "id": "Z1C7L7XFF9613J_old.usegalaxy.eu_CNAME",
                        "attributes": {
                            "fqdn": "old.usegalaxy.eu",
                            "health_check_id": "",
                            "id": "Z1C7L7XFF9613J_old.usegalaxy.eu_CNAME",
                            "name": "old.usegalaxy.eu",
                            "records.#": "1",
                            "records.3916187848": "usegalaxy.eu",
                            "set_identifier": "",
                            "ttl": "7200",
                            "type": "CNAME",
                            "zone_id": "Z1C7L7XFF9613J"
                        },
                        "meta": {
                            "schema_version": "2"
                        },
                        "tainted": false
                    },
                    "deposed": [],
                    "provider": "provider.aws"
                },
                "aws_route53_record.subdomains.11": {
                    "type": "aws_route53_record",
                    "depends_on": [],
                    "primary": {
                        "id": "Z1C7L7XFF9613J_streetscience.usegalaxy.eu_CNAME",
                        "attributes": {
                            "fqdn": "streetscience.usegalaxy.eu",
                            "health_check_id": "",
                            "id": "Z1C7L7XFF9613J_streetscience.usegalaxy.eu_CNAME",
                            "name": "streetscience.usegalaxy.eu",
                            "records.#": "1",
                            "records.3916187848": "usegalaxy.eu",
                            "set_identifier": "",
                            "ttl": "7200",
                            "type": "CNAME",
                            "zone_id": "Z1C7L7XFF9613J"
                        },
                        "meta": {
                            "schema_version": "2"
                        },
                        "tainted": false
                    },
                    "deposed": [],
                    "provider": "provider.aws"
                },
                "aws_route53_record.subdomains.12": {
                    "type": "aws_route53_record",
                    "depends_on": [],
                    "primary": {
                        "id": "Z1C7L7XFF9613J_graphclust.usegalaxy.eu_CNAME",
                        "attributes": {
                            "fqdn": "graphclust.usegalaxy.eu",
                            "health_check_id": "",
                            "id": "Z1C7L7XFF9613J_graphclust.usegalaxy.eu_CNAME",
                            "name": "graphclust.usegalaxy.eu",
                            "records.#": "1",
                            "records.3916187848": "usegalaxy.eu",
                            "set_identifier": "",
                            "ttl": "7200",
                            "type": "CNAME",
                            "zone_id": "Z1C7L7XFF9613J"
                        },
                        "meta": {
                            "schema_version": "2"
                        },
                        "tainted": false
                    },
                    "deposed": [],
                    "provider": "provider.aws"
                },
                "aws_route53_record.subdomains.13": {
                    "type": "aws_route53_record",
                    "depends_on": [],
                    "primary": {
                        "id": "Z1C7L7XFF9613J_cheminformatics.usegalaxy.eu_CNAME",
                        "attributes": {
                            "fqdn": "cheminformatics.usegalaxy.eu",
                            "health_check_id": "",
                            "id": "Z1C7L7XFF9613J_cheminformatics.usegalaxy.eu_CNAME",
                            "name": "cheminformatics.usegalaxy.eu",
                            "records.#": "1",
                            "records.3916187848": "usegalaxy.eu",
                            "set_identifier": "",
                            "ttl": "7200",
                            "type": "CNAME",
                            "zone_id": "Z1C7L7XFF9613J"
                        },
                        "meta": {
                            "schema_version": "2"
                        },
                        "tainted": false
                    },
                    "deposed": [],
                    "provider": "provider.aws"
                },
                "aws_route53_record.subdomains.14": {
                    "type": "aws_route53_record",
                    "depends_on": [],
                    "primary": {
                        "id": "Z1C7L7XFF9613J_imaging.usegalaxy.eu_CNAME",
                        "attributes": {
                            "fqdn": "imaging.usegalaxy.eu",
                            "health_check_id": "",
                            "id": "Z1C7L7XFF9613J_imaging.usegalaxy.eu_CNAME",
                            "name": "imaging.usegalaxy.eu",
                            "records.#": "1",
                            "records.3916187848": "usegalaxy.eu",
                            "set_identifier": "",
                            "ttl": "7200",
                            "type": "CNAME",
                            "zone_id": "Z1C7L7XFF9613J"
                        },
                        "meta": {
                            "schema_version": "2"
                        },
                        "tainted": false
                    },
                    "deposed": [],
                    "provider": "provider.aws"
                },
                "aws_route53_record.subdomains.15": {
                    "type": "aws_route53_record",
                    "depends_on": [],
                    "primary": {
                        "id": "Z1C7L7XFF9613J_singlecell.usegalaxy.eu_CNAME",
                        "attributes": {
                            "fqdn": "singlecell.usegalaxy.eu",
                            "health_check_id": "",
                            "id": "Z1C7L7XFF9613J_singlecell.usegalaxy.eu_CNAME",
                            "name": "singlecell.usegalaxy.eu",
                            "records.#": "1",
                            "records.3916187848": "usegalaxy.eu",
                            "set_identifier": "",
                            "ttl": "7200",
                            "type": "CNAME",
                            "zone_id": "Z1C7L7XFF9613J"
                        },
                        "meta": {
                            "schema_version": "2"
                        },
                        "tainted": false
                    },
                    "deposed": [],
                    "provider": "provider.aws"
                },
                "aws_route53_record.subdomains.16": {
                    "type": "aws_route53_record",
                    "depends_on": [],
                    "primary": {
                        "id": "Z1C7L7XFF9613J_climate.usegalaxy.eu_CNAME",
                        "attributes": {
                            "fqdn": "climate.usegalaxy.eu",
                            "health_check_id": "",
                            "id": "Z1C7L7XFF9613J_climate.usegalaxy.eu_CNAME",
                            "name": "climate.usegalaxy.eu",
                            "records.#": "1",
                            "records.3916187848": "usegalaxy.eu",
                            "set_identifier": "",
                            "ttl": "7200",
                            "type": "CNAME",
                            "zone_id": "Z1C7L7XFF9613J"
                        },
                        "meta": {
                            "schema_version": "2"
                        },
                        "tainted": false
                    },
                    "deposed": [],
                    "provider": "provider.aws"
                },
                "aws_route53_record.subdomains.17": {
                    "type": "aws_route53_record",
                    "depends_on": [],
                    "primary": {
                        "id": "Z1C7L7XFF9613J_nanopore.usegalaxy.eu_CNAME",
                        "attributes": {
                            "fqdn": "nanopore.usegalaxy.eu",
                            "health_check_id": "",
                            "id": "Z1C7L7XFF9613J_nanopore.usegalaxy.eu_CNAME",
                            "name": "nanopore.usegalaxy.eu",
                            "records.#": "1",
                            "records.3916187848": "usegalaxy.eu",
                            "set_identifier": "",
                            "ttl": "7200",
                            "type": "CNAME",
                            "zone_id": "Z1C7L7XFF9613J"
                        },
                        "meta": {
                            "schema_version": "2"
                        },
                        "tainted": false
                    },
                    "deposed": [],
                    "provider": "provider.aws"
                },
                "aws_route53_record.subdomains.18": {
                    "type": "aws_route53_record",
                    "depends_on": [],
                    "primary": {
                        "id": "Z1C7L7XFF9613J_metabolomics.usegalaxy.eu_CNAME",
                        "attributes": {
                            "fqdn": "metabolomics.usegalaxy.eu",
                            "health_check_id": "",
                            "id": "Z1C7L7XFF9613J_metabolomics.usegalaxy.eu_CNAME",
                            "name": "metabolomics.usegalaxy.eu",
                            "records.#": "1",
                            "records.3916187848": "usegalaxy.eu",
                            "set_identifier": "",
                            "ttl": "7200",
                            "type": "CNAME",
                            "zone_id": "Z1C7L7XFF9613J"
                        },
                        "meta": {
                            "schema_version": "2"
                        },
                        "tainted": false
                    },
                    "deposed": [],
                    "provider": "provider.aws"
                },
                "aws_route53_record.subdomains.19": {
                    "type": "aws_route53_record",
                    "depends_on": [],
                    "primary": {
                        "id": "Z1C7L7XFF9613J_humancellatlas.usegalaxy.eu_CNAME",
                        "attributes": {
                            "fqdn": "humancellatlas.usegalaxy.eu",
                            "health_check_id": "",
                            "id": "Z1C7L7XFF9613J_humancellatlas.usegalaxy.eu_CNAME",
                            "name": "humancellatlas.usegalaxy.eu",
                            "records.#": "1",
                            "records.3916187848": "usegalaxy.eu",
                            "set_identifier": "",
                            "ttl": "7200",
                            "type": "CNAME",
                            "zone_id": "Z1C7L7XFF9613J"
                        },
                        "meta": {
                            "schema_version": "2"
                        },
                        "tainted": false
                    },
                    "deposed": [],
                    "provider": "provider.aws"
                },
                "aws_route53_record.subdomains.2": {
                    "type": "aws_route53_record",
                    "depends_on": [],
                    "primary": {
                        "id": "Z1C7L7XFF9613J_metagenomics.usegalaxy.eu_CNAME",
                        "attributes": {
                            "fqdn": "metagenomics.usegalaxy.eu",
                            "health_check_id": "",
                            "id": "Z1C7L7XFF9613J_metagenomics.usegalaxy.eu_CNAME",
                            "name": "metagenomics.usegalaxy.eu",
                            "records.#": "1",
                            "records.3916187848": "usegalaxy.eu",
                            "set_identifier": "",
                            "ttl": "7200",
                            "type": "CNAME",
                            "zone_id": "Z1C7L7XFF9613J"
                        },
                        "meta": {
                            "schema_version": "2"
                        },
                        "tainted": false
                    },
                    "deposed": [],
                    "provider": "provider.aws"
                },
                "aws_route53_record.subdomains.20": {
                    "type": "aws_route53_record",
                    "depends_on": [],
                    "primary": {
                        "id": "Z1C7L7XFF9613J_annotation.usegalaxy.eu_CNAME",
                        "attributes": {
                            "fqdn": "annotation.usegalaxy.eu",
                            "health_check_id": "",
                            "id": "Z1C7L7XFF9613J_annotation.usegalaxy.eu_CNAME",
                            "name": "annotation.usegalaxy.eu",
                            "records.#": "1",
                            "records.3916187848": "usegalaxy.eu",
                            "set_identifier": "",
                            "ttl": "7200",
                            "type": "CNAME",
                            "zone_id": "Z1C7L7XFF9613J"
                        },
                        "meta": {
                            "schema_version": "2"
                        },
                        "tainted": false
                    },
                    "deposed": [],
                    "provider": "provider.aws"
                },
                "aws_route53_record.subdomains.21": {
                    "type": "aws_route53_record",
                    "depends_on": [],
                    "primary": {
                        "id": "Z1C7L7XFF9613J_erasmusmc.usegalaxy.eu_CNAME",
                        "attributes": {
                            "fqdn": "erasmusmc.usegalaxy.eu",
                            "health_check_id": "",
                            "id": "Z1C7L7XFF9613J_erasmusmc.usegalaxy.eu_CNAME",
                            "name": "erasmusmc.usegalaxy.eu",
                            "records.#": "1",
                            "records.3916187848": "usegalaxy.eu",
                            "set_identifier": "",
                            "ttl": "7200",
                            "type": "CNAME",
                            "zone_id": "Z1C7L7XFF9613J"
                        },
                        "meta": {
                            "schema_version": "2"
                        },
                        "tainted": false
                    },
                    "deposed": [],
                    "provider": "provider.aws"
                },
                "aws_route53_record.subdomains.22": {
                    "type": "aws_route53_record",
                    "depends_on": [],
                    "primary": {
                        "id": "Z1C7L7XFF9613J_live.usegalaxy.eu_CNAME",
                        "attributes": {
                            "fqdn": "live.usegalaxy.eu",
                            "health_check_id": "",
                            "id": "Z1C7L7XFF9613J_live.usegalaxy.eu_CNAME",
                            "name": "live.usegalaxy.eu",
                            "records.#": "1",
                            "records.3916187848": "usegalaxy.eu",
                            "set_identifier": "",
                            "ttl": "7200",
                            "type": "CNAME",
                            "zone_id": "Z1C7L7XFF9613J"
                        },
                        "meta": {
                            "schema_version": "2"
                        },
                        "tainted": false
                    },
                    "deposed": [],
                    "provider": "provider.aws"
                },
                "aws_route53_record.subdomains.23": {
                    "type": "aws_route53_record",
                    "depends_on": [],
                    "primary": {
                        "id": "Z1C7L7XFF9613J_plants.usegalaxy.eu_CNAME",
                        "attributes": {
                            "fqdn": "plants.usegalaxy.eu",
                            "health_check_id": "",
                            "id": "Z1C7L7XFF9613J_plants.usegalaxy.eu_CNAME",
                            "name": "plants.usegalaxy.eu",
                            "records.#": "1",
                            "records.3916187848": "usegalaxy.eu",
                            "set_identifier": "",
                            "ttl": "7200",
                            "type": "CNAME",
                            "zone_id": "Z1C7L7XFF9613J"
                        },
                        "meta": {
                            "schema_version": "2"
                        },
                        "tainted": false
                    },
                    "deposed": [],
                    "provider": "provider.aws"
                },
                "aws_route53_record.subdomains.24": {
                    "type": "aws_route53_record",
                    "depends_on": [],
                    "primary": {
                        "id": "Z1C7L7XFF9613J_lite.usegalaxy.eu_CNAME",
                        "attributes": {
                            "fqdn": "lite.usegalaxy.eu",
                            "health_check_id": "",
                            "id": "Z1C7L7XFF9613J_lite.usegalaxy.eu_CNAME",
                            "name": "lite.usegalaxy.eu",
                            "records.#": "1",
                            "records.3916187848": "usegalaxy.eu",
                            "set_identifier": "",
                            "ttl": "7200",
                            "type": "CNAME",
                            "zone_id": "Z1C7L7XFF9613J"
                        },
                        "meta": {
                            "schema_version": "2"
                        },
                        "tainted": false
                    },
                    "deposed": [],
                    "provider": "provider.aws"
                },
                "aws_route53_record.subdomains.25": {
                    "type": "aws_route53_record",
                    "depends_on": [],
                    "primary": {
                        "id": "Z1C7L7XFF9613J_ml.usegalaxy.eu_CNAME",
                        "attributes": {
                            "fqdn": "ml.usegalaxy.eu",
                            "health_check_id": "",
                            "id": "Z1C7L7XFF9613J_ml.usegalaxy.eu_CNAME",
                            "name": "ml.usegalaxy.eu",
                            "records.#": "1",
                            "records.3916187848": "usegalaxy.eu",
                            "set_identifier": "",
                            "ttl": "7200",
                            "type": "CNAME",
                            "zone_id": "Z1C7L7XFF9613J"
                        },
                        "meta": {
                            "schema_version": "2"
                        },
                        "tainted": false
                    },
                    "deposed": [],
                    "provider": "provider.aws"
                },
                "aws_route53_record.subdomains.26": {
                    "type": "aws_route53_record",
                    "depends_on": [],
                    "primary": {
                        "id": "Z1C7L7XFF9613J_virology.usegalaxy.eu_CNAME",
                        "attributes": {
                            "fqdn": "virology.usegalaxy.eu",
                            "health_check_id": "",
                            "id": "Z1C7L7XFF9613J_virology.usegalaxy.eu_CNAME",
                            "name": "virology.usegalaxy.eu",
                            "records.#": "1",
                            "records.3916187848": "usegalaxy.eu",
                            "set_identifier": "",
                            "ttl": "7200",
                            "type": "CNAME",
                            "zone_id": "Z1C7L7XFF9613J"
                        },
                        "meta": {
                            "schema_version": "2"
                        },
                        "tainted": false
                    },
                    "deposed": [],
                    "provider": "provider.aws"
                },
                "aws_route53_record.subdomains.3": {
                    "type": "aws_route53_record",
                    "depends_on": [],
                    "primary": {
                        "id": "Z1C7L7XFF9613J_rna.usegalaxy.eu_CNAME",
                        "attributes": {
                            "fqdn": "rna.usegalaxy.eu",
                            "health_check_id": "",
                            "id": "Z1C7L7XFF9613J_rna.usegalaxy.eu_CNAME",
                            "name": "rna.usegalaxy.eu",
                            "records.#": "1",
                            "records.3916187848": "usegalaxy.eu",
                            "set_identifier": "",
                            "ttl": "7200",
                            "type": "CNAME",
                            "zone_id": "Z1C7L7XFF9613J"
                        },
                        "meta": {
                            "schema_version": "2"
                        },
                        "tainted": false
                    },
                    "deposed": [],
                    "provider": "provider.aws"
                },
                "aws_route53_record.subdomains.4": {
                    "type": "aws_route53_record",
                    "depends_on": [],
                    "primary": {
                        "id": "Z1C7L7XFF9613J_build.usegalaxy.eu_CNAME",
                        "attributes": {
                            "fqdn": "build.usegalaxy.eu",
                            "health_check_id": "",
                            "id": "Z1C7L7XFF9613J_build.usegalaxy.eu_CNAME",
                            "name": "build.usegalaxy.eu",
                            "records.#": "1",
                            "records.3916187848": "usegalaxy.eu",
                            "set_identifier": "",
                            "ttl": "7200",
                            "type": "CNAME",
                            "zone_id": "Z1C7L7XFF9613J"
                        },
                        "meta": {
                            "schema_version": "2"
                        },
                        "tainted": false
                    },
                    "deposed": [],
                    "provider": "provider.aws"
                },
                "aws_route53_record.subdomains.5": {
                    "type": "aws_route53_record",
                    "depends_on": [],
                    "primary": {
                        "id": "Z1C7L7XFF9613J_stats.usegalaxy.eu_CNAME",
                        "attributes": {
                            "fqdn": "stats.usegalaxy.eu",
                            "health_check_id": "",
                            "id": "Z1C7L7XFF9613J_stats.usegalaxy.eu_CNAME",
                            "name": "stats.usegalaxy.eu",
                            "records.#": "1",
                            "records.3916187848": "usegalaxy.eu",
                            "set_identifier": "",
                            "ttl": "7200",
                            "type": "CNAME",
                            "zone_id": "Z1C7L7XFF9613J"
                        },
                        "meta": {
                            "schema_version": "2"
                        },
                        "tainted": false
                    },
                    "deposed": [],
                    "provider": "provider.aws"
                },
                "aws_route53_record.subdomains.6": {
                    "type": "aws_route53_record",
                    "depends_on": [],
                    "primary": {
                        "id": "Z1C7L7XFF9613J_beta.usegalaxy.eu_CNAME",
                        "attributes": {
                            "fqdn": "beta.usegalaxy.eu",
                            "health_check_id": "",
                            "id": "Z1C7L7XFF9613J_beta.usegalaxy.eu_CNAME",
                            "name": "beta.usegalaxy.eu",
                            "records.#": "1",
                            "records.3916187848": "usegalaxy.eu",
                            "set_identifier": "",
                            "ttl": "7200",
                            "type": "CNAME",
                            "zone_id": "Z1C7L7XFF9613J"
                        },
                        "meta": {
                            "schema_version": "2"
                        },
                        "tainted": false
                    },
                    "deposed": [],
                    "provider": "provider.aws"
                },
                "aws_route53_record.subdomains.7": {
                    "type": "aws_route53_record",
                    "depends_on": [],
                    "primary": {
                        "id": "Z1C7L7XFF9613J_proteomics.usegalaxy.eu_CNAME",
                        "attributes": {
                            "fqdn": "proteomics.usegalaxy.eu",
                            "health_check_id": "",
                            "id": "Z1C7L7XFF9613J_proteomics.usegalaxy.eu_CNAME",
                            "name": "proteomics.usegalaxy.eu",
                            "records.#": "1",
                            "records.3916187848": "usegalaxy.eu",
                            "set_identifier": "",
                            "ttl": "7200",
                            "type": "CNAME",
                            "zone_id": "Z1C7L7XFF9613J"
                        },
                        "meta": {
                            "schema_version": "2"
                        },
                        "tainted": false
                    },
                    "deposed": [],
                    "provider": "provider.aws"
                },
                "aws_route53_record.subdomains.8": {
                    "type": "aws_route53_record",
                    "depends_on": [],
                    "primary": {
                        "id": "Z1C7L7XFF9613J_clipseq.usegalaxy.eu_CNAME",
                        "attributes": {
                            "fqdn": "clipseq.usegalaxy.eu",
                            "health_check_id": "",
                            "id": "Z1C7L7XFF9613J_clipseq.usegalaxy.eu_CNAME",
                            "name": "clipseq.usegalaxy.eu",
                            "records.#": "1",
                            "records.3916187848": "usegalaxy.eu",
                            "set_identifier": "",
                            "ttl": "7200",
                            "type": "CNAME",
                            "zone_id": "Z1C7L7XFF9613J"
                        },
                        "meta": {
                            "schema_version": "2"
                        },
                        "tainted": false
                    },
                    "deposed": [],
                    "provider": "provider.aws"
                },
                "aws_route53_record.subdomains.9": {
                    "type": "aws_route53_record",
                    "depends_on": [],
                    "primary": {
                        "id": "Z1C7L7XFF9613J_test.usegalaxy.eu_CNAME",
                        "attributes": {
                            "fqdn": "test.usegalaxy.eu",
                            "health_check_id": "",
                            "id": "Z1C7L7XFF9613J_test.usegalaxy.eu_CNAME",
                            "name": "test.usegalaxy.eu",
                            "records.#": "1",
                            "records.3916187848": "usegalaxy.eu",
                            "set_identifier": "",
                            "ttl": "7200",
                            "type": "CNAME",
                            "zone_id": "Z1C7L7XFF9613J"
                        },
                        "meta": {
                            "schema_version": "2"
                        },
                        "tainted": false
                    },
                    "deposed": [],
                    "provider": "provider.aws"
                },
                "aws_route53_record.telescope": {
                    "type": "aws_route53_record",
                    "depends_on": [
                        "openstack_compute_instance_v2.telescope"
                    ],
                    "primary": {
                        "id": "Z386N8B8JBC6TQ_telescope.internal.galaxyproject.eu_A",
                        "attributes": {
                            "fqdn": "telescope.internal.galaxyproject.eu",
                            "health_check_id": "",
                            "id": "Z386N8B8JBC6TQ_telescope.internal.galaxyproject.eu_A",
                            "name": "telescope.internal.galaxyproject.eu",
                            "records.#": "1",
                            "records.995855232": "10.5.68.42",
                            "set_identifier": "",
                            "ttl": "7200",
                            "type": "A",
                            "zone_id": "Z386N8B8JBC6TQ"
                        },
                        "meta": {
                            "schema_version": "2"
                        },
                        "tainted": false
                    },
                    "deposed": [],
                    "provider": "provider.aws"
                },
                "aws_route53_record.test-galaxy": {
                    "type": "aws_route53_record",
                    "depends_on": [
                        "openstack_compute_instance_v2.test-galaxy"
                    ],
                    "primary": {
                        "id": "Z1C7L7XFF9613J_test.internal.usegalaxy.eu_A",
                        "attributes": {
                            "fqdn": "test.internal.usegalaxy.eu",
                            "health_check_id": "",
                            "id": "Z1C7L7XFF9613J_test.internal.usegalaxy.eu_A",
                            "name": "test.internal.usegalaxy.eu",
                            "records.#": "1",
                            "records.3253565590": "10.5.68.202",
                            "set_identifier": "",
                            "ttl": "600",
                            "type": "A",
                            "zone_id": "Z1C7L7XFF9613J"
                        },
                        "meta": {
                            "schema_version": "2"
                        },
                        "tainted": false
                    },
                    "deposed": [],
                    "provider": "provider.aws"
                },
                "aws_route53_record.test01": {
                    "type": "aws_route53_record",
                    "depends_on": [
                        "openstack_compute_instance_v2.test01"
                    ],
                    "primary": {
                        "id": "Z386N8B8JBC6TQ_test01.galaxyproject.eu_A",
                        "attributes": {
                            "fqdn": "test01.galaxyproject.eu",
                            "health_check_id": "",
                            "id": "Z386N8B8JBC6TQ_test01.galaxyproject.eu_A",
                            "name": "test01.galaxyproject.eu",
                            "records.#": "1",
                            "records.3009570920": "192.52.34.185",
                            "set_identifier": "",
                            "ttl": "7200",
                            "type": "A",
                            "zone_id": "Z386N8B8JBC6TQ"
                        },
                        "meta": {
                            "schema_version": "2"
                        },
                        "tainted": false
                    },
                    "deposed": [],
                    "provider": "provider.aws"
                },
                "aws_route53_record.test02": {
                    "type": "aws_route53_record",
                    "depends_on": [
                        "openstack_compute_instance_v2.test02"
                    ],
                    "primary": {
                        "id": "Z386N8B8JBC6TQ_test02.galaxyproject.eu_A",
                        "attributes": {
                            "fqdn": "test02.galaxyproject.eu",
                            "health_check_id": "",
                            "id": "Z386N8B8JBC6TQ_test02.galaxyproject.eu_A",
                            "name": "test02.galaxyproject.eu",
                            "records.#": "1",
                            "records.1908542843": "192.52.32.212",
                            "set_identifier": "",
                            "ttl": "7200",
                            "type": "A",
                            "zone_id": "Z386N8B8JBC6TQ"
                        },
                        "meta": {
                            "schema_version": "2"
                        },
                        "tainted": false
                    },
                    "deposed": [],
                    "provider": "provider.aws"
                },
                "aws_route53_record.training-vm-gxit-wildcard.0": {
                    "type": "aws_route53_record",
                    "depends_on": [],
                    "primary": {
                        "id": "Z386N8B8JBC6TQ_*.interactivetoolentrypoint.interactivetool.gat-0.training.galaxyproject.eu_CNAME",
                        "attributes": {
                            "fqdn": "*.interactivetoolentrypoint.interactivetool.gat-0.training.galaxyproject.eu",
                            "health_check_id": "",
                            "id": "Z386N8B8JBC6TQ_*.interactivetoolentrypoint.interactivetool.gat-0.training.galaxyproject.eu_CNAME",
                            "name": "*.interactivetoolentrypoint.interactivetool.gat-0.training.galaxyproject.eu",
                            "records.#": "1",
                            "records.444187669": "gat-0.training.galaxyproject.eu",
                            "set_identifier": "",
                            "ttl": "7200",
                            "type": "CNAME",
                            "zone_id": "Z386N8B8JBC6TQ"
                        },
                        "meta": {
                            "schema_version": "2"
                        },
                        "tainted": false
                    },
                    "deposed": [],
                    "provider": "provider.aws"
                },
                "aws_route53_record.training-vm-gxit-wildcard.1": {
                    "type": "aws_route53_record",
                    "depends_on": [],
                    "primary": {
                        "id": "Z386N8B8JBC6TQ_*.interactivetoolentrypoint.interactivetool.gat-1.training.galaxyproject.eu_CNAME",
                        "attributes": {
                            "fqdn": "*.interactivetoolentrypoint.interactivetool.gat-1.training.galaxyproject.eu",
                            "health_check_id": "",
                            "id": "Z386N8B8JBC6TQ_*.interactivetoolentrypoint.interactivetool.gat-1.training.galaxyproject.eu_CNAME",
                            "name": "*.interactivetoolentrypoint.interactivetool.gat-1.training.galaxyproject.eu",
                            "records.#": "1",
                            "records.1962270548": "gat-1.training.galaxyproject.eu",
                            "set_identifier": "",
                            "ttl": "7200",
                            "type": "CNAME",
                            "zone_id": "Z386N8B8JBC6TQ"
                        },
                        "meta": {
                            "schema_version": "2"
                        },
                        "tainted": false
                    },
                    "deposed": [],
                    "provider": "provider.aws"
                },
                "aws_route53_record.training-vm-gxit-wildcard.10": {
                    "type": "aws_route53_record",
                    "depends_on": [],
                    "primary": {
                        "id": "Z386N8B8JBC6TQ_*.interactivetoolentrypoint.interactivetool.gat-10.training.galaxyproject.eu_CNAME",
                        "attributes": {
                            "fqdn": "*.interactivetoolentrypoint.interactivetool.gat-10.training.galaxyproject.eu",
                            "health_check_id": "",
                            "id": "Z386N8B8JBC6TQ_*.interactivetoolentrypoint.interactivetool.gat-10.training.galaxyproject.eu_CNAME",
                            "name": "*.interactivetoolentrypoint.interactivetool.gat-10.training.galaxyproject.eu",
                            "records.#": "1",
                            "records.736234047": "gat-10.training.galaxyproject.eu",
                            "set_identifier": "",
                            "ttl": "7200",
                            "type": "CNAME",
                            "zone_id": "Z386N8B8JBC6TQ"
                        },
                        "meta": {
                            "schema_version": "2"
                        },
                        "tainted": false
                    },
                    "deposed": [],
                    "provider": "provider.aws"
                },
                "aws_route53_record.training-vm-gxit-wildcard.11": {
                    "type": "aws_route53_record",
                    "depends_on": [],
                    "primary": {
                        "id": "Z386N8B8JBC6TQ_*.interactivetoolentrypoint.interactivetool.gat-11.training.galaxyproject.eu_CNAME",
                        "attributes": {
                            "fqdn": "*.interactivetoolentrypoint.interactivetool.gat-11.training.galaxyproject.eu",
                            "health_check_id": "",
                            "id": "Z386N8B8JBC6TQ_*.interactivetoolentrypoint.interactivetool.gat-11.training.galaxyproject.eu_CNAME",
                            "name": "*.interactivetoolentrypoint.interactivetool.gat-11.training.galaxyproject.eu",
                            "records.#": "1",
                            "records.1164841342": "gat-11.training.galaxyproject.eu",
                            "set_identifier": "",
                            "ttl": "7200",
                            "type": "CNAME",
                            "zone_id": "Z386N8B8JBC6TQ"
                        },
                        "meta": {
                            "schema_version": "2"
                        },
                        "tainted": false
                    },
                    "deposed": [],
                    "provider": "provider.aws"
                },
                "aws_route53_record.training-vm-gxit-wildcard.12": {
                    "type": "aws_route53_record",
                    "depends_on": [],
                    "primary": {
                        "id": "Z386N8B8JBC6TQ_*.interactivetoolentrypoint.interactivetool.gat-12.training.galaxyproject.eu_CNAME",
                        "attributes": {
                            "fqdn": "*.interactivetoolentrypoint.interactivetool.gat-12.training.galaxyproject.eu",
                            "health_check_id": "",
                            "id": "Z386N8B8JBC6TQ_*.interactivetoolentrypoint.interactivetool.gat-12.training.galaxyproject.eu_CNAME",
                            "name": "*.interactivetoolentrypoint.interactivetool.gat-12.training.galaxyproject.eu",
                            "records.#": "1",
                            "records.4143594685": "gat-12.training.galaxyproject.eu",
                            "set_identifier": "",
                            "ttl": "7200",
                            "type": "CNAME",
                            "zone_id": "Z386N8B8JBC6TQ"
                        },
                        "meta": {
                            "schema_version": "2"
                        },
                        "tainted": false
                    },
                    "deposed": [],
                    "provider": "provider.aws"
                },
                "aws_route53_record.training-vm-gxit-wildcard.13": {
                    "type": "aws_route53_record",
                    "depends_on": [],
                    "primary": {
                        "id": "Z386N8B8JBC6TQ_*.interactivetoolentrypoint.interactivetool.gat-13.training.galaxyproject.eu_CNAME",
                        "attributes": {
                            "fqdn": "*.interactivetoolentrypoint.interactivetool.gat-13.training.galaxyproject.eu",
                            "health_check_id": "",
                            "id": "Z386N8B8JBC6TQ_*.interactivetoolentrypoint.interactivetool.gat-13.training.galaxyproject.eu_CNAME",
                            "name": "*.interactivetoolentrypoint.interactivetool.gat-13.training.galaxyproject.eu",
                            "records.#": "1",
                            "records.2557880316": "gat-13.training.galaxyproject.eu",
                            "set_identifier": "",
                            "ttl": "7200",
                            "type": "CNAME",
                            "zone_id": "Z386N8B8JBC6TQ"
                        },
                        "meta": {
                            "schema_version": "2"
                        },
                        "tainted": false
                    },
                    "deposed": [],
                    "provider": "provider.aws"
                },
                "aws_route53_record.training-vm-gxit-wildcard.14": {
                    "type": "aws_route53_record",
                    "depends_on": [],
                    "primary": {
                        "id": "Z386N8B8JBC6TQ_*.interactivetoolentrypoint.interactivetool.gat-14.training.galaxyproject.eu_CNAME",
                        "attributes": {
                            "fqdn": "*.interactivetoolentrypoint.interactivetool.gat-14.training.galaxyproject.eu",
                            "health_check_id": "",
                            "id": "Z386N8B8JBC6TQ_*.interactivetoolentrypoint.interactivetool.gat-14.training.galaxyproject.eu_CNAME",
                            "name": "*.interactivetoolentrypoint.interactivetool.gat-14.training.galaxyproject.eu",
                            "records.#": "1",
                            "records.1252221306": "gat-14.training.galaxyproject.eu",
                            "set_identifier": "",
                            "ttl": "7200",
                            "type": "CNAME",
                            "zone_id": "Z386N8B8JBC6TQ"
                        },
                        "meta": {
                            "schema_version": "2"
                        },
                        "tainted": false
                    },
                    "deposed": [],
                    "provider": "provider.aws"
                },
                "aws_route53_record.training-vm-gxit-wildcard.15": {
                    "type": "aws_route53_record",
                    "depends_on": [],
                    "primary": {
                        "id": "Z386N8B8JBC6TQ_*.interactivetoolentrypoint.interactivetool.gat-15.training.galaxyproject.eu_CNAME",
                        "attributes": {
                            "fqdn": "*.interactivetoolentrypoint.interactivetool.gat-15.training.galaxyproject.eu",
                            "health_check_id": "",
                            "id": "Z386N8B8JBC6TQ_*.interactivetoolentrypoint.interactivetool.gat-15.training.galaxyproject.eu_CNAME",
                            "name": "*.interactivetoolentrypoint.interactivetool.gat-15.training.galaxyproject.eu",
                            "records.#": "1",
                            "records.607091259": "gat-15.training.galaxyproject.eu",
                            "set_identifier": "",
                            "ttl": "7200",
                            "type": "CNAME",
                            "zone_id": "Z386N8B8JBC6TQ"
                        },
                        "meta": {
                            "schema_version": "2"
                        },
                        "tainted": false
                    },
                    "deposed": [],
                    "provider": "provider.aws"
                },
                "aws_route53_record.training-vm-gxit-wildcard.16": {
                    "type": "aws_route53_record",
                    "depends_on": [],
                    "primary": {
                        "id": "Z386N8B8JBC6TQ_*.interactivetoolentrypoint.interactivetool.gat-16.training.galaxyproject.eu_CNAME",
                        "attributes": {
                            "fqdn": "*.interactivetoolentrypoint.interactivetool.gat-16.training.galaxyproject.eu",
                            "health_check_id": "",
                            "id": "Z386N8B8JBC6TQ_*.interactivetoolentrypoint.interactivetool.gat-16.training.galaxyproject.eu_CNAME",
                            "name": "*.interactivetoolentrypoint.interactivetool.gat-16.training.galaxyproject.eu",
                            "records.#": "1",
                            "records.2545637368": "gat-16.training.galaxyproject.eu",
                            "set_identifier": "",
                            "ttl": "7200",
                            "type": "CNAME",
                            "zone_id": "Z386N8B8JBC6TQ"
                        },
                        "meta": {
                            "schema_version": "2"
                        },
                        "tainted": false
                    },
                    "deposed": [],
                    "provider": "provider.aws"
                },
                "aws_route53_record.training-vm-gxit-wildcard.17": {
                    "type": "aws_route53_record",
                    "depends_on": [],
                    "primary": {
                        "id": "Z386N8B8JBC6TQ_*.interactivetoolentrypoint.interactivetool.gat-17.training.galaxyproject.eu_CNAME",
                        "attributes": {
                            "fqdn": "*.interactivetoolentrypoint.interactivetool.gat-17.training.galaxyproject.eu",
                            "health_check_id": "",
                            "id": "Z386N8B8JBC6TQ_*.interactivetoolentrypoint.interactivetool.gat-17.training.galaxyproject.eu_CNAME",
                            "name": "*.interactivetoolentrypoint.interactivetool.gat-17.training.galaxyproject.eu",
                            "records.#": "1",
                            "records.4181150905": "gat-17.training.galaxyproject.eu",
                            "set_identifier": "",
                            "ttl": "7200",
                            "type": "CNAME",
                            "zone_id": "Z386N8B8JBC6TQ"
                        },
                        "meta": {
                            "schema_version": "2"
                        },
                        "tainted": false
                    },
                    "deposed": [],
                    "provider": "provider.aws"
                },
                "aws_route53_record.training-vm-gxit-wildcard.18": {
                    "type": "aws_route53_record",
                    "depends_on": [],
                    "primary": {
                        "id": "Z386N8B8JBC6TQ_*.interactivetoolentrypoint.interactivetool.gat-18.training.galaxyproject.eu_CNAME",
                        "attributes": {
                            "fqdn": "*.interactivetoolentrypoint.interactivetool.gat-18.training.galaxyproject.eu",
                            "health_check_id": "",
                            "id": "Z386N8B8JBC6TQ_*.interactivetoolentrypoint.interactivetool.gat-18.training.galaxyproject.eu_CNAME",
                            "name": "*.interactivetoolentrypoint.interactivetool.gat-18.training.galaxyproject.eu",
                            "records.#": "1",
                            "records.3915439285": "gat-18.training.galaxyproject.eu",
                            "set_identifier": "",
                            "ttl": "7200",
                            "type": "CNAME",
                            "zone_id": "Z386N8B8JBC6TQ"
                        },
                        "meta": {
                            "schema_version": "2"
                        },
                        "tainted": false
                    },
                    "deposed": [],
                    "provider": "provider.aws"
                },
                "aws_route53_record.training-vm-gxit-wildcard.19": {
                    "type": "aws_route53_record",
                    "depends_on": [],
                    "primary": {
                        "id": "Z386N8B8JBC6TQ_*.interactivetoolentrypoint.interactivetool.gat-19.training.galaxyproject.eu_CNAME",
                        "attributes": {
                            "fqdn": "*.interactivetoolentrypoint.interactivetool.gat-19.training.galaxyproject.eu",
                            "health_check_id": "",
                            "id": "Z386N8B8JBC6TQ_*.interactivetoolentrypoint.interactivetool.gat-19.training.galaxyproject.eu_CNAME",
                            "name": "*.interactivetoolentrypoint.interactivetool.gat-19.training.galaxyproject.eu",
                            "records.#": "1",
                            "records.2280441844": "gat-19.training.galaxyproject.eu",
                            "set_identifier": "",
                            "ttl": "7200",
                            "type": "CNAME",
                            "zone_id": "Z386N8B8JBC6TQ"
                        },
                        "meta": {
                            "schema_version": "2"
                        },
                        "tainted": false
                    },
                    "deposed": [],
                    "provider": "provider.aws"
                },
                "aws_route53_record.training-vm-gxit-wildcard.2": {
                    "type": "aws_route53_record",
                    "depends_on": [],
                    "primary": {
                        "id": "Z386N8B8JBC6TQ_*.interactivetoolentrypoint.interactivetool.gat-2.training.galaxyproject.eu_CNAME",
                        "attributes": {
                            "fqdn": "*.interactivetoolentrypoint.interactivetool.gat-2.training.galaxyproject.eu",
                            "health_check_id": "",
                            "id": "Z386N8B8JBC6TQ_*.interactivetoolentrypoint.interactivetool.gat-2.training.galaxyproject.eu_CNAME",
                            "name": "*.interactivetoolentrypoint.interactivetool.gat-2.training.galaxyproject.eu",
                            "records.#": "1",
                            "records.3345085079": "gat-2.training.galaxyproject.eu",
                            "set_identifier": "",
                            "ttl": "7200",
                            "type": "CNAME",
                            "zone_id": "Z386N8B8JBC6TQ"
                        },
                        "meta": {
                            "schema_version": "2"
                        },
                        "tainted": false
                    },
                    "deposed": [],
                    "provider": "provider.aws"
                },
                "aws_route53_record.training-vm-gxit-wildcard.20": {
                    "type": "aws_route53_record",
                    "depends_on": [],
                    "primary": {
                        "id": "Z386N8B8JBC6TQ_*.interactivetoolentrypoint.interactivetool.gat-20.training.galaxyproject.eu_CNAME",
                        "attributes": {
                            "fqdn": "*.interactivetoolentrypoint.interactivetool.gat-20.training.galaxyproject.eu",
                            "health_check_id": "",
                            "id": "Z386N8B8JBC6TQ_*.interactivetoolentrypoint.interactivetool.gat-20.training.galaxyproject.eu_CNAME",
                            "name": "*.interactivetoolentrypoint.interactivetool.gat-20.training.galaxyproject.eu",
                            "records.#": "1",
                            "records.691801368": "gat-20.training.galaxyproject.eu",
                            "set_identifier": "",
                            "ttl": "7200",
                            "type": "CNAME",
                            "zone_id": "Z386N8B8JBC6TQ"
                        },
                        "meta": {
                            "schema_version": "2"
                        },
                        "tainted": false
                    },
                    "deposed": [],
                    "provider": "provider.aws"
                },
                "aws_route53_record.training-vm-gxit-wildcard.21": {
                    "type": "aws_route53_record",
                    "depends_on": [],
                    "primary": {
                        "id": "Z386N8B8JBC6TQ_*.interactivetoolentrypoint.interactivetool.gat-21.training.galaxyproject.eu_CNAME",
                        "attributes": {
                            "fqdn": "*.interactivetoolentrypoint.interactivetool.gat-21.training.galaxyproject.eu",
                            "health_check_id": "",
                            "id": "Z386N8B8JBC6TQ_*.interactivetoolentrypoint.interactivetool.gat-21.training.galaxyproject.eu_CNAME",
                            "name": "*.interactivetoolentrypoint.interactivetool.gat-21.training.galaxyproject.eu",
                            "records.#": "1",
                            "records.1202722393": "gat-21.training.galaxyproject.eu",
                            "set_identifier": "",
                            "ttl": "7200",
                            "type": "CNAME",
                            "zone_id": "Z386N8B8JBC6TQ"
                        },
                        "meta": {
                            "schema_version": "2"
                        },
                        "tainted": false
                    },
                    "deposed": [],
                    "provider": "provider.aws"
                },
                "aws_route53_record.training-vm-gxit-wildcard.22": {
                    "type": "aws_route53_record",
                    "depends_on": [],
                    "primary": {
                        "id": "Z386N8B8JBC6TQ_*.interactivetoolentrypoint.interactivetool.gat-22.training.galaxyproject.eu_CNAME",
                        "attributes": {
                            "fqdn": "*.interactivetoolentrypoint.interactivetool.gat-22.training.galaxyproject.eu",
                            "health_check_id": "",
                            "id": "Z386N8B8JBC6TQ_*.interactivetoolentrypoint.interactivetool.gat-22.training.galaxyproject.eu_CNAME",
                            "name": "*.interactivetoolentrypoint.interactivetool.gat-22.training.galaxyproject.eu",
                            "records.#": "1",
                            "records.4096015258": "gat-22.training.galaxyproject.eu",
                            "set_identifier": "",
                            "ttl": "7200",
                            "type": "CNAME",
                            "zone_id": "Z386N8B8JBC6TQ"
                        },
                        "meta": {
                            "schema_version": "2"
                        },
                        "tainted": false
                    },
                    "deposed": [],
                    "provider": "provider.aws"
                },
                "aws_route53_record.training-vm-gxit-wildcard.23": {
                    "type": "aws_route53_record",
                    "depends_on": [],
                    "primary": {
                        "id": "Z386N8B8JBC6TQ_*.interactivetoolentrypoint.interactivetool.gat-23.training.galaxyproject.eu_CNAME",
                        "attributes": {
                            "fqdn": "*.interactivetoolentrypoint.interactivetool.gat-23.training.galaxyproject.eu",
                            "health_check_id": "",
                            "id": "Z386N8B8JBC6TQ_*.interactivetoolentrypoint.interactivetool.gat-23.training.galaxyproject.eu_CNAME",
                            "name": "*.interactivetoolentrypoint.interactivetool.gat-23.training.galaxyproject.eu",
                            "records.#": "1",
                            "records.2594709723": "gat-23.training.galaxyproject.eu",
                            "set_identifier": "",
                            "ttl": "7200",
                            "type": "CNAME",
                            "zone_id": "Z386N8B8JBC6TQ"
                        },
                        "meta": {
                            "schema_version": "2"
                        },
                        "tainted": false
                    },
                    "deposed": [],
                    "provider": "provider.aws"
                },
                "aws_route53_record.training-vm-gxit-wildcard.24": {
                    "type": "aws_route53_record",
                    "depends_on": [],
                    "primary": {
                        "id": "Z386N8B8JBC6TQ_*.interactivetoolentrypoint.interactivetool.gat-24.training.galaxyproject.eu_CNAME",
                        "attributes": {
                            "fqdn": "*.interactivetoolentrypoint.interactivetool.gat-24.training.galaxyproject.eu",
                            "health_check_id": "",
                            "id": "Z386N8B8JBC6TQ_*.interactivetoolentrypoint.interactivetool.gat-24.training.galaxyproject.eu_CNAME",
                            "name": "*.interactivetoolentrypoint.interactivetool.gat-24.training.galaxyproject.eu",
                            "records.#": "1",
                            "records.1216177757": "gat-24.training.galaxyproject.eu",
                            "set_identifier": "",
                            "ttl": "7200",
                            "type": "CNAME",
                            "zone_id": "Z386N8B8JBC6TQ"
                        },
                        "meta": {
                            "schema_version": "2"
                        },
                        "tainted": false
                    },
                    "deposed": [],
                    "provider": "provider.aws"
                },
                "aws_route53_record.training-vm-gxit-wildcard.25": {
                    "type": "aws_route53_record",
                    "depends_on": [],
                    "primary": {
                        "id": "Z386N8B8JBC6TQ_*.interactivetoolentrypoint.interactivetool.gat-25.training.galaxyproject.eu_CNAME",
                        "attributes": {
                            "fqdn": "*.interactivetoolentrypoint.interactivetool.gat-25.training.galaxyproject.eu",
                            "health_check_id": "",
                            "id": "Z386N8B8JBC6TQ_*.interactivetoolentrypoint.interactivetool.gat-25.training.galaxyproject.eu_CNAME",
                            "name": "*.interactivetoolentrypoint.interactivetool.gat-25.training.galaxyproject.eu",
                            "records.#": "1",
                            "records.653360412": "gat-25.training.galaxyproject.eu",
                            "set_identifier": "",
                            "ttl": "7200",
                            "type": "CNAME",
                            "zone_id": "Z386N8B8JBC6TQ"
                        },
                        "meta": {
                            "schema_version": "2"
                        },
                        "tainted": false
                    },
                    "deposed": [],
                    "provider": "provider.aws"
                },
                "aws_route53_record.training-vm-gxit-wildcard.26": {
                    "type": "aws_route53_record",
                    "depends_on": [],
                    "primary": {
                        "id": "Z386N8B8JBC6TQ_*.interactivetoolentrypoint.interactivetool.gat-26.training.galaxyproject.eu_CNAME",
                        "attributes": {
                            "fqdn": "*.interactivetoolentrypoint.interactivetool.gat-26.training.galaxyproject.eu",
                            "health_check_id": "",
                            "id": "Z386N8B8JBC6TQ_*.interactivetoolentrypoint.interactivetool.gat-26.training.galaxyproject.eu_CNAME",
                            "name": "*.interactivetoolentrypoint.interactivetool.gat-26.training.galaxyproject.eu",
                            "records.#": "1",
                            "records.2506445023": "gat-26.training.galaxyproject.eu",
                            "set_identifier": "",
                            "ttl": "7200",
                            "type": "CNAME",
                            "zone_id": "Z386N8B8JBC6TQ"
                        },
                        "meta": {
                            "schema_version": "2"
                        },
                        "tainted": false
                    },
                    "deposed": [],
                    "provider": "provider.aws"
                },
                "aws_route53_record.training-vm-gxit-wildcard.27": {
                    "type": "aws_route53_record",
                    "depends_on": [],
                    "primary": {
                        "id": "Z386N8B8JBC6TQ_*.interactivetoolentrypoint.interactivetool.gat-27.training.galaxyproject.eu_CNAME",
                        "attributes": {
                            "fqdn": "*.interactivetoolentrypoint.interactivetool.gat-27.training.galaxyproject.eu",
                            "health_check_id": "",
                            "id": "Z386N8B8JBC6TQ_*.interactivetoolentrypoint.interactivetool.gat-27.training.galaxyproject.eu_CNAME",
                            "name": "*.interactivetoolentrypoint.interactivetool.gat-27.training.galaxyproject.eu",
                            "records.#": "1",
                            "records.4226370462": "gat-27.training.galaxyproject.eu",
                            "set_identifier": "",
                            "ttl": "7200",
                            "type": "CNAME",
                            "zone_id": "Z386N8B8JBC6TQ"
                        },
                        "meta": {
                            "schema_version": "2"
                        },
                        "tainted": false
                    },
                    "deposed": [],
                    "provider": "provider.aws"
                },
                "aws_route53_record.training-vm-gxit-wildcard.28": {
                    "type": "aws_route53_record",
                    "depends_on": [],
                    "primary": {
                        "id": "Z386N8B8JBC6TQ_*.interactivetoolentrypoint.interactivetool.gat-28.training.galaxyproject.eu_CNAME",
                        "attributes": {
                            "fqdn": "*.interactivetoolentrypoint.interactivetool.gat-28.training.galaxyproject.eu",
                            "health_check_id": "",
                            "id": "Z386N8B8JBC6TQ_*.interactivetoolentrypoint.interactivetool.gat-28.training.galaxyproject.eu_CNAME",
                            "name": "*.interactivetoolentrypoint.interactivetool.gat-28.training.galaxyproject.eu",
                            "records.#": "1",
                            "records.3955153810": "gat-28.training.galaxyproject.eu",
                            "set_identifier": "",
                            "ttl": "7200",
                            "type": "CNAME",
                            "zone_id": "Z386N8B8JBC6TQ"
                        },
                        "meta": {
                            "schema_version": "2"
                        },
                        "tainted": false
                    },
                    "deposed": [],
                    "provider": "provider.aws"
                },
                "aws_route53_record.training-vm-gxit-wildcard.29": {
                    "type": "aws_route53_record",
                    "depends_on": [],
                    "primary": {
                        "id": "Z386N8B8JBC6TQ_*.interactivetoolentrypoint.interactivetool.gat-29.training.galaxyproject.eu_CNAME",
                        "attributes": {
                            "fqdn": "*.interactivetoolentrypoint.interactivetool.gat-29.training.galaxyproject.eu",
                            "health_check_id": "",
                            "id": "Z386N8B8JBC6TQ_*.interactivetoolentrypoint.interactivetool.gat-29.training.galaxyproject.eu_CNAME",
                            "name": "*.interactivetoolentrypoint.interactivetool.gat-29.training.galaxyproject.eu",
                            "records.#": "1",
                            "records.2234695891": "gat-29.training.galaxyproject.eu",
                            "set_identifier": "",
                            "ttl": "7200",
                            "type": "CNAME",
                            "zone_id": "Z386N8B8JBC6TQ"
                        },
                        "meta": {
                            "schema_version": "2"
                        },
                        "tainted": false
                    },
                    "deposed": [],
                    "provider": "provider.aws"
                },
                "aws_route53_record.training-vm-gxit-wildcard.3": {
                    "type": "aws_route53_record",
                    "depends_on": [],
                    "primary": {
                        "id": "Z386N8B8JBC6TQ_*.interactivetoolentrypoint.interactivetool.gat-3.training.galaxyproject.eu_CNAME",
                        "attributes": {
                            "fqdn": "*.interactivetoolentrypoint.interactivetool.gat-3.training.galaxyproject.eu",
                            "health_check_id": "",
                            "id": "Z386N8B8JBC6TQ_*.interactivetoolentrypoint.interactivetool.gat-3.training.galaxyproject.eu_CNAME",
                            "name": "*.interactivetoolentrypoint.interactivetool.gat-3.training.galaxyproject.eu",
                            "records.#": "1",
                            "records.2850941398": "gat-3.training.galaxyproject.eu",
                            "set_identifier": "",
                            "ttl": "7200",
                            "type": "CNAME",
                            "zone_id": "Z386N8B8JBC6TQ"
                        },
                        "meta": {
                            "schema_version": "2"
                        },
                        "tainted": false
                    },
                    "deposed": [],
                    "provider": "provider.aws"
                },
                "aws_route53_record.training-vm-gxit-wildcard.30": {
                    "type": "aws_route53_record",
                    "depends_on": [],
                    "primary": {
                        "id": "Z386N8B8JBC6TQ_*.interactivetoolentrypoint.interactivetool.gat-30.training.galaxyproject.eu_CNAME",
                        "attributes": {
                            "fqdn": "*.interactivetoolentrypoint.interactivetool.gat-30.training.galaxyproject.eu",
                            "health_check_id": "",
                            "id": "Z386N8B8JBC6TQ_*.interactivetoolentrypoint.interactivetool.gat-30.training.galaxyproject.eu_CNAME",
                            "name": "*.interactivetoolentrypoint.interactivetool.gat-30.training.galaxyproject.eu",
                            "records.#": "1",
                            "records.680128517": "gat-30.training.galaxyproject.eu",
                            "set_identifier": "",
                            "ttl": "7200",
                            "type": "CNAME",
                            "zone_id": "Z386N8B8JBC6TQ"
                        },
                        "meta": {
                            "schema_version": "2"
                        },
                        "tainted": false
                    },
                    "deposed": [],
                    "provider": "provider.aws"
                },
                "aws_route53_record.training-vm-gxit-wildcard.31": {
                    "type": "aws_route53_record",
                    "depends_on": [],
                    "primary": {
                        "id": "Z386N8B8JBC6TQ_*.interactivetoolentrypoint.interactivetool.gat-31.training.galaxyproject.eu_CNAME",
                        "attributes": {
                            "fqdn": "*.interactivetoolentrypoint.interactivetool.gat-31.training.galaxyproject.eu",
                            "health_check_id": "",
                            "id": "Z386N8B8JBC6TQ_*.interactivetoolentrypoint.interactivetool.gat-31.training.galaxyproject.eu_CNAME",
                            "name": "*.interactivetoolentrypoint.interactivetool.gat-31.training.galaxyproject.eu",
                            "records.#": "1",
                            "records.1174793028": "gat-31.training.galaxyproject.eu",
                            "set_identifier": "",
                            "ttl": "7200",
                            "type": "CNAME",
                            "zone_id": "Z386N8B8JBC6TQ"
                        },
                        "meta": {
                            "schema_version": "2"
                        },
                        "tainted": false
                    },
                    "deposed": [],
                    "provider": "provider.aws"
                },
                "aws_route53_record.training-vm-gxit-wildcard.32": {
                    "type": "aws_route53_record",
                    "depends_on": [],
                    "primary": {
                        "id": "Z386N8B8JBC6TQ_*.interactivetoolentrypoint.interactivetool.gat-32.training.galaxyproject.eu_CNAME",
                        "attributes": {
                            "fqdn": "*.interactivetoolentrypoint.interactivetool.gat-32.training.galaxyproject.eu",
                            "health_check_id": "",
                            "id": "Z386N8B8JBC6TQ_*.interactivetoolentrypoint.interactivetool.gat-32.training.galaxyproject.eu_CNAME",
                            "name": "*.interactivetoolentrypoint.interactivetool.gat-32.training.galaxyproject.eu",
                            "records.#": "1",
                            "records.4119971463": "gat-32.training.galaxyproject.eu",
                            "set_identifier": "",
                            "ttl": "7200",
                            "type": "CNAME",
                            "zone_id": "Z386N8B8JBC6TQ"
                        },
                        "meta": {
                            "schema_version": "2"
                        },
                        "tainted": false
                    },
                    "deposed": [],
                    "provider": "provider.aws"
                },
                "aws_route53_record.training-vm-gxit-wildcard.33": {
                    "type": "aws_route53_record",
                    "depends_on": [],
                    "primary": {
                        "id": "Z386N8B8JBC6TQ_*.interactivetoolentrypoint.interactivetool.gat-33.training.galaxyproject.eu_CNAME",
                        "attributes": {
                            "fqdn": "*.interactivetoolentrypoint.interactivetool.gat-33.training.galaxyproject.eu",
                            "health_check_id": "",
                            "id": "Z386N8B8JBC6TQ_*.interactivetoolentrypoint.interactivetool.gat-33.training.galaxyproject.eu_CNAME",
                            "name": "*.interactivetoolentrypoint.interactivetool.gat-33.training.galaxyproject.eu",
                            "records.#": "1",
                            "records.2602425798": "gat-33.training.galaxyproject.eu",
                            "set_identifier": "",
                            "ttl": "7200",
                            "type": "CNAME",
                            "zone_id": "Z386N8B8JBC6TQ"
                        },
                        "meta": {
                            "schema_version": "2"
                        },
                        "tainted": false
                    },
                    "deposed": [],
                    "provider": "provider.aws"
                },
                "aws_route53_record.training-vm-gxit-wildcard.34": {
                    "type": "aws_route53_record",
                    "depends_on": [],
                    "primary": {
                        "id": "Z386N8B8JBC6TQ_*.interactivetoolentrypoint.interactivetool.gat-34.training.galaxyproject.eu_CNAME",
                        "attributes": {
                            "fqdn": "*.interactivetoolentrypoint.interactivetool.gat-34.training.galaxyproject.eu",
                            "health_check_id": "",
                            "id": "Z386N8B8JBC6TQ_*.interactivetoolentrypoint.interactivetool.gat-34.training.galaxyproject.eu_CNAME",
                            "name": "*.interactivetoolentrypoint.interactivetool.gat-34.training.galaxyproject.eu",
                            "records.#": "1",
                            "records.1237883712": "gat-34.training.galaxyproject.eu",
                            "set_identifier": "",
                            "ttl": "7200",
                            "type": "CNAME",
                            "zone_id": "Z386N8B8JBC6TQ"
                        },
                        "meta": {
                            "schema_version": "2"
                        },
                        "tainted": false
                    },
                    "deposed": [],
                    "provider": "provider.aws"
                },
                "aws_route53_record.training-vm-gxit-wildcard.35": {
                    "type": "aws_route53_record",
                    "depends_on": [],
                    "primary": {
                        "id": "Z386N8B8JBC6TQ_*.interactivetoolentrypoint.interactivetool.gat-35.training.galaxyproject.eu_CNAME",
                        "attributes": {
                            "fqdn": "*.interactivetoolentrypoint.interactivetool.gat-35.training.galaxyproject.eu",
                            "health_check_id": "",
                            "id": "Z386N8B8JBC6TQ_*.interactivetoolentrypoint.interactivetool.gat-35.training.galaxyproject.eu_CNAME",
                            "name": "*.interactivetoolentrypoint.interactivetool.gat-35.training.galaxyproject.eu",
                            "records.#": "1",
                            "records.658800641": "gat-35.training.galaxyproject.eu",
                            "set_identifier": "",
                            "ttl": "7200",
                            "type": "CNAME",
                            "zone_id": "Z386N8B8JBC6TQ"
                        },
                        "meta": {
                            "schema_version": "2"
                        },
                        "tainted": false
                    },
                    "deposed": [],
                    "provider": "provider.aws"
                },
                "aws_route53_record.training-vm-gxit-wildcard.36": {
                    "type": "aws_route53_record",
                    "depends_on": [],
                    "primary": {
                        "id": "Z386N8B8JBC6TQ_*.interactivetoolentrypoint.interactivetool.gat-36.training.galaxyproject.eu_CNAME",
                        "attributes": {
                            "fqdn": "*.interactivetoolentrypoint.interactivetool.gat-36.training.galaxyproject.eu",
                            "health_check_id": "",
                            "id": "Z386N8B8JBC6TQ_*.interactivetoolentrypoint.interactivetool.gat-36.training.galaxyproject.eu_CNAME",
                            "name": "*.interactivetoolentrypoint.interactivetool.gat-36.training.galaxyproject.eu",
                            "records.#": "1",
                            "records.2496703938": "gat-36.training.galaxyproject.eu",
                            "set_identifier": "",
                            "ttl": "7200",
                            "type": "CNAME",
                            "zone_id": "Z386N8B8JBC6TQ"
                        },
                        "meta": {
                            "schema_version": "2"
                        },
                        "tainted": false
                    },
                    "deposed": [],
                    "provider": "provider.aws"
                },
                "aws_route53_record.training-vm-gxit-wildcard.37": {
                    "type": "aws_route53_record",
                    "depends_on": [],
                    "primary": {
                        "id": "Z386N8B8JBC6TQ_*.interactivetoolentrypoint.interactivetool.gat-37.training.galaxyproject.eu_CNAME",
                        "attributes": {
                            "fqdn": "*.interactivetoolentrypoint.interactivetool.gat-37.training.galaxyproject.eu",
                            "health_check_id": "",
                            "id": "Z386N8B8JBC6TQ_*.interactivetoolentrypoint.interactivetool.gat-37.training.galaxyproject.eu_CNAME",
                            "name": "*.interactivetoolentrypoint.interactivetool.gat-37.training.galaxyproject.eu",
                            "records.#": "1",
                            "records.4200380035": "gat-37.training.galaxyproject.eu",
                            "set_identifier": "",
                            "ttl": "7200",
                            "type": "CNAME",
                            "zone_id": "Z386N8B8JBC6TQ"
                        },
                        "meta": {
                            "schema_version": "2"
                        },
                        "tainted": false
                    },
                    "deposed": [],
                    "provider": "provider.aws"
                },
                "aws_route53_record.training-vm-gxit-wildcard.38": {
                    "type": "aws_route53_record",
                    "depends_on": [],
                    "primary": {
                        "id": "Z386N8B8JBC6TQ_*.interactivetoolentrypoint.interactivetool.gat-38.training.galaxyproject.eu_CNAME",
                        "attributes": {
                            "fqdn": "*.interactivetoolentrypoint.interactivetool.gat-38.training.galaxyproject.eu",
                            "health_check_id": "",
                            "id": "Z386N8B8JBC6TQ_*.interactivetoolentrypoint.interactivetool.gat-38.training.galaxyproject.eu_CNAME",
                            "name": "*.interactivetoolentrypoint.interactivetool.gat-38.training.galaxyproject.eu",
                            "records.#": "1",
                            "records.3926599311": "gat-38.training.galaxyproject.eu",
                            "set_identifier": "",
                            "ttl": "7200",
                            "type": "CNAME",
                            "zone_id": "Z386N8B8JBC6TQ"
                        },
                        "meta": {
                            "schema_version": "2"
                        },
                        "tainted": false
                    },
                    "deposed": [],
                    "provider": "provider.aws"
                },
                "aws_route53_record.training-vm-gxit-wildcard.39": {
                    "type": "aws_route53_record",
                    "depends_on": [],
                    "primary": {
                        "id": "Z386N8B8JBC6TQ_*.interactivetoolentrypoint.interactivetool.gat-39.training.galaxyproject.eu_CNAME",
                        "attributes": {
                            "fqdn": "*.interactivetoolentrypoint.interactivetool.gat-39.training.galaxyproject.eu",
                            "health_check_id": "",
                            "id": "Z386N8B8JBC6TQ_*.interactivetoolentrypoint.interactivetool.gat-39.training.galaxyproject.eu_CNAME",
                            "name": "*.interactivetoolentrypoint.interactivetool.gat-39.training.galaxyproject.eu",
                            "records.#": "1",
                            "records.2223455694": "gat-39.training.galaxyproject.eu",
                            "set_identifier": "",
                            "ttl": "7200",
                            "type": "CNAME",
                            "zone_id": "Z386N8B8JBC6TQ"
                        },
                        "meta": {
                            "schema_version": "2"
                        },
                        "tainted": false
                    },
                    "deposed": [],
                    "provider": "provider.aws"
                },
                "aws_route53_record.training-vm-gxit-wildcard.4": {
                    "type": "aws_route53_record",
                    "depends_on": [],
                    "primary": {
                        "id": "Z386N8B8JBC6TQ_*.interactivetoolentrypoint.interactivetool.gat-4.training.galaxyproject.eu_CNAME",
                        "attributes": {
                            "fqdn": "*.interactivetoolentrypoint.interactivetool.gat-4.training.galaxyproject.eu",
                            "health_check_id": "",
                            "id": "Z386N8B8JBC6TQ_*.interactivetoolentrypoint.interactivetool.gat-4.training.galaxyproject.eu_CNAME",
                            "name": "*.interactivetoolentrypoint.interactivetool.gat-4.training.galaxyproject.eu",
                            "records.#": "1",
                            "records.2067312464": "gat-4.training.galaxyproject.eu",
                            "set_identifier": "",
                            "ttl": "7200",
                            "type": "CNAME",
                            "zone_id": "Z386N8B8JBC6TQ"
                        },
                        "meta": {
                            "schema_version": "2"
                        },
                        "tainted": false
                    },
                    "deposed": [],
                    "provider": "provider.aws"
                },
                "aws_route53_record.training-vm-gxit-wildcard.5": {
                    "type": "aws_route53_record",
                    "depends_on": [],
                    "primary": {
                        "id": "Z386N8B8JBC6TQ_*.interactivetoolentrypoint.interactivetool.gat-5.training.galaxyproject.eu_CNAME",
                        "attributes": {
                            "fqdn": "*.interactivetoolentrypoint.interactivetool.gat-5.training.galaxyproject.eu",
                            "health_check_id": "",
                            "id": "Z386N8B8JBC6TQ_*.interactivetoolentrypoint.interactivetool.gat-5.training.galaxyproject.eu_CNAME",
                            "name": "*.interactivetoolentrypoint.interactivetool.gat-5.training.galaxyproject.eu",
                            "records.#": "1",
                            "records.364164113": "gat-5.training.galaxyproject.eu",
                            "set_identifier": "",
                            "ttl": "7200",
                            "type": "CNAME",
                            "zone_id": "Z386N8B8JBC6TQ"
                        },
                        "meta": {
                            "schema_version": "2"
                        },
                        "tainted": false
                    },
                    "deposed": [],
                    "provider": "provider.aws"
                },
                "aws_route53_record.training-vm-gxit-wildcard.6": {
                    "type": "aws_route53_record",
                    "depends_on": [],
                    "primary": {
                        "id": "Z386N8B8JBC6TQ_*.interactivetoolentrypoint.interactivetool.gat-6.training.galaxyproject.eu_CNAME",
                        "attributes": {
                            "fqdn": "*.interactivetoolentrypoint.interactivetool.gat-6.training.galaxyproject.eu",
                            "health_check_id": "",
                            "id": "Z386N8B8JBC6TQ_*.interactivetoolentrypoint.interactivetool.gat-6.training.galaxyproject.eu_CNAME",
                            "name": "*.interactivetoolentrypoint.interactivetool.gat-6.training.galaxyproject.eu",
                            "records.#": "1",
                            "records.2787154386": "gat-6.training.galaxyproject.eu",
                            "set_identifier": "",
                            "ttl": "7200",
                            "type": "CNAME",
                            "zone_id": "Z386N8B8JBC6TQ"
                        },
                        "meta": {
                            "schema_version": "2"
                        },
                        "tainted": false
                    },
                    "deposed": [],
                    "provider": "provider.aws"
                },
                "aws_route53_record.training-vm-gxit-wildcard.7": {
                    "type": "aws_route53_record",
                    "depends_on": [],
                    "primary": {
                        "id": "Z386N8B8JBC6TQ_*.interactivetoolentrypoint.interactivetool.gat-7.training.galaxyproject.eu_CNAME",
                        "attributes": {
                            "fqdn": "*.interactivetoolentrypoint.interactivetool.gat-7.training.galaxyproject.eu",
                            "health_check_id": "",
                            "id": "Z386N8B8JBC6TQ_*.interactivetoolentrypoint.interactivetool.gat-7.training.galaxyproject.eu_CNAME",
                            "name": "*.interactivetoolentrypoint.interactivetool.gat-7.training.galaxyproject.eu",
                            "records.#": "1",
                            "records.3366748819": "gat-7.training.galaxyproject.eu",
                            "set_identifier": "",
                            "ttl": "7200",
                            "type": "CNAME",
                            "zone_id": "Z386N8B8JBC6TQ"
                        },
                        "meta": {
                            "schema_version": "2"
                        },
                        "tainted": false
                    },
                    "deposed": [],
                    "provider": "provider.aws"
                },
                "aws_route53_record.training-vm-gxit-wildcard.8": {
                    "type": "aws_route53_record",
                    "depends_on": [],
                    "primary": {
                        "id": "Z386N8B8JBC6TQ_*.interactivetoolentrypoint.interactivetool.gat-8.training.galaxyproject.eu_CNAME",
                        "attributes": {
                            "fqdn": "*.interactivetoolentrypoint.interactivetool.gat-8.training.galaxyproject.eu",
                            "health_check_id": "",
                            "id": "Z386N8B8JBC6TQ_*.interactivetoolentrypoint.interactivetool.gat-8.training.galaxyproject.eu_CNAME",
                            "name": "*.interactivetoolentrypoint.interactivetool.gat-8.training.galaxyproject.eu",
                            "records.#": "1",
                            "records.3640332959": "gat-8.training.galaxyproject.eu",
                            "set_identifier": "",
                            "ttl": "7200",
                            "type": "CNAME",
                            "zone_id": "Z386N8B8JBC6TQ"
                        },
                        "meta": {
                            "schema_version": "2"
                        },
                        "tainted": false
                    },
                    "deposed": [],
                    "provider": "provider.aws"
                },
                "aws_route53_record.training-vm-gxit-wildcard.9": {
                    "type": "aws_route53_record",
                    "depends_on": [],
                    "primary": {
                        "id": "Z386N8B8JBC6TQ_*.interactivetoolentrypoint.interactivetool.gat-9.training.galaxyproject.eu_CNAME",
                        "attributes": {
                            "fqdn": "*.interactivetoolentrypoint.interactivetool.gat-9.training.galaxyproject.eu",
                            "health_check_id": "",
                            "id": "Z386N8B8JBC6TQ_*.interactivetoolentrypoint.interactivetool.gat-9.training.galaxyproject.eu_CNAME",
                            "name": "*.interactivetoolentrypoint.interactivetool.gat-9.training.galaxyproject.eu",
                            "records.#": "1",
                            "records.3061254622": "gat-9.training.galaxyproject.eu",
                            "set_identifier": "",
                            "ttl": "7200",
                            "type": "CNAME",
                            "zone_id": "Z386N8B8JBC6TQ"
                        },
                        "meta": {
                            "schema_version": "2"
                        },
                        "tainted": false
                    },
                    "deposed": [],
                    "provider": "provider.aws"
                },
                "aws_route53_record.training-vm.0": {
                    "type": "aws_route53_record",
                    "depends_on": [
                        "openstack_compute_instance_v2.training-vm.*"
                    ],
                    "primary": {
                        "id": "Z386N8B8JBC6TQ_gat-0.training.galaxyproject.eu_A",
                        "attributes": {
                            "fqdn": "gat-0.training.galaxyproject.eu",
                            "health_check_id": "",
                            "id": "Z386N8B8JBC6TQ_gat-0.training.galaxyproject.eu_A",
                            "name": "gat-0.training.galaxyproject.eu",
                            "records.#": "1",
                            "records.2662840872": "192.52.38.80",
                            "set_identifier": "",
                            "ttl": "7200",
                            "type": "A",
                            "zone_id": "Z386N8B8JBC6TQ"
                        },
                        "meta": {
                            "schema_version": "2"
                        },
                        "tainted": false
                    },
                    "deposed": [],
                    "provider": "provider.aws"
                },
                "aws_route53_record.training-vm.1": {
                    "type": "aws_route53_record",
                    "depends_on": [
                        "openstack_compute_instance_v2.training-vm.*"
                    ],
                    "primary": {
                        "id": "Z386N8B8JBC6TQ_gat-1.training.galaxyproject.eu_A",
                        "attributes": {
                            "fqdn": "gat-1.training.galaxyproject.eu",
                            "health_check_id": "",
                            "id": "Z386N8B8JBC6TQ_gat-1.training.galaxyproject.eu_A",
                            "name": "gat-1.training.galaxyproject.eu",
                            "records.#": "1",
                            "records.1947668522": "192.52.37.54",
                            "set_identifier": "",
                            "ttl": "7200",
                            "type": "A",
                            "zone_id": "Z386N8B8JBC6TQ"
                        },
                        "meta": {
                            "schema_version": "2"
                        },
                        "tainted": false
                    },
                    "deposed": [],
                    "provider": "provider.aws"
                },
                "aws_route53_record.training-vm.10": {
                    "type": "aws_route53_record",
                    "depends_on": [
                        "openstack_compute_instance_v2.training-vm.*"
                    ],
                    "primary": {
                        "id": "Z386N8B8JBC6TQ_gat-10.training.galaxyproject.eu_A",
                        "attributes": {
                            "fqdn": "gat-10.training.galaxyproject.eu",
                            "health_check_id": "",
                            "id": "Z386N8B8JBC6TQ_gat-10.training.galaxyproject.eu_A",
                            "name": "gat-10.training.galaxyproject.eu",
                            "records.#": "1",
                            "records.1282501695": "192.52.37.100",
                            "set_identifier": "",
                            "ttl": "7200",
                            "type": "A",
                            "zone_id": "Z386N8B8JBC6TQ"
                        },
                        "meta": {
                            "schema_version": "2"
                        },
                        "tainted": false
                    },
                    "deposed": [],
                    "provider": "provider.aws"
                },
                "aws_route53_record.training-vm.11": {
                    "type": "aws_route53_record",
                    "depends_on": [
                        "openstack_compute_instance_v2.training-vm.*"
                    ],
                    "primary": {
                        "id": "Z386N8B8JBC6TQ_gat-11.training.galaxyproject.eu_A",
                        "attributes": {
                            "fqdn": "gat-11.training.galaxyproject.eu",
                            "health_check_id": "",
                            "id": "Z386N8B8JBC6TQ_gat-11.training.galaxyproject.eu_A",
                            "name": "gat-11.training.galaxyproject.eu",
                            "records.#": "1",
                            "records.3376969348": "192.52.37.217",
                            "set_identifier": "",
                            "ttl": "7200",
                            "type": "A",
                            "zone_id": "Z386N8B8JBC6TQ"
                        },
                        "meta": {
                            "schema_version": "2"
                        },
                        "tainted": false
                    },
                    "deposed": [],
                    "provider": "provider.aws"
                },
                "aws_route53_record.training-vm.12": {
                    "type": "aws_route53_record",
                    "depends_on": [
                        "openstack_compute_instance_v2.training-vm.*"
                    ],
                    "primary": {
                        "id": "Z386N8B8JBC6TQ_gat-12.training.galaxyproject.eu_A",
                        "attributes": {
                            "fqdn": "gat-12.training.galaxyproject.eu",
                            "health_check_id": "",
                            "id": "Z386N8B8JBC6TQ_gat-12.training.galaxyproject.eu_A",
                            "name": "gat-12.training.galaxyproject.eu",
                            "records.#": "1",
                            "records.2244682184": "192.52.38.129",
                            "set_identifier": "",
                            "ttl": "7200",
                            "type": "A",
                            "zone_id": "Z386N8B8JBC6TQ"
                        },
                        "meta": {
                            "schema_version": "2"
                        },
                        "tainted": false
                    },
                    "deposed": [],
                    "provider": "provider.aws"
                },
                "aws_route53_record.training-vm.13": {
                    "type": "aws_route53_record",
                    "depends_on": [
                        "openstack_compute_instance_v2.training-vm.*"
                    ],
                    "primary": {
                        "id": "Z386N8B8JBC6TQ_gat-13.training.galaxyproject.eu_A",
                        "attributes": {
                            "fqdn": "gat-13.training.galaxyproject.eu",
                            "health_check_id": "",
                            "id": "Z386N8B8JBC6TQ_gat-13.training.galaxyproject.eu_A",
                            "name": "gat-13.training.galaxyproject.eu",
                            "records.#": "1",
                            "records.1687634597": "192.52.36.218",
                            "set_identifier": "",
                            "ttl": "7200",
                            "type": "A",
                            "zone_id": "Z386N8B8JBC6TQ"
                        },
                        "meta": {
                            "schema_version": "2"
                        },
                        "tainted": false
                    },
                    "deposed": [],
                    "provider": "provider.aws"
                },
                "aws_route53_record.training-vm.14": {
                    "type": "aws_route53_record",
                    "depends_on": [
                        "openstack_compute_instance_v2.training-vm.*"
                    ],
                    "primary": {
                        "id": "Z386N8B8JBC6TQ_gat-14.training.galaxyproject.eu_A",
                        "attributes": {
                            "fqdn": "gat-14.training.galaxyproject.eu",
                            "health_check_id": "",
                            "id": "Z386N8B8JBC6TQ_gat-14.training.galaxyproject.eu_A",
                            "name": "gat-14.training.galaxyproject.eu",
                            "records.#": "1",
                            "records.854217963": "192.52.39.22",
                            "set_identifier": "",
                            "ttl": "7200",
                            "type": "A",
                            "zone_id": "Z386N8B8JBC6TQ"
                        },
                        "meta": {
                            "schema_version": "2"
                        },
                        "tainted": false
                    },
                    "deposed": [],
                    "provider": "provider.aws"
                },
                "aws_route53_record.training-vm.15": {
                    "type": "aws_route53_record",
                    "depends_on": [
                        "openstack_compute_instance_v2.training-vm.*"
                    ],
                    "primary": {
                        "id": "Z386N8B8JBC6TQ_gat-15.training.galaxyproject.eu_A",
                        "attributes": {
                            "fqdn": "gat-15.training.galaxyproject.eu",
                            "health_check_id": "",
                            "id": "Z386N8B8JBC6TQ_gat-15.training.galaxyproject.eu_A",
                            "name": "gat-15.training.galaxyproject.eu",
                            "records.#": "1",
                            "records.2688416313": "192.52.38.111",
                            "set_identifier": "",
                            "ttl": "7200",
                            "type": "A",
                            "zone_id": "Z386N8B8JBC6TQ"
                        },
                        "meta": {
                            "schema_version": "2"
                        },
                        "tainted": false
                    },
                    "deposed": [],
                    "provider": "provider.aws"
                },
                "aws_route53_record.training-vm.16": {
                    "type": "aws_route53_record",
                    "depends_on": [
                        "openstack_compute_instance_v2.training-vm.*"
                    ],
                    "primary": {
                        "id": "Z386N8B8JBC6TQ_gat-16.training.galaxyproject.eu_A",
                        "attributes": {
                            "fqdn": "gat-16.training.galaxyproject.eu",
                            "health_check_id": "",
                            "id": "Z386N8B8JBC6TQ_gat-16.training.galaxyproject.eu_A",
                            "name": "gat-16.training.galaxyproject.eu",
                            "records.#": "1",
                            "records.1236294643": "192.52.36.196",
                            "set_identifier": "",
                            "ttl": "7200",
                            "type": "A",
                            "zone_id": "Z386N8B8JBC6TQ"
                        },
                        "meta": {
                            "schema_version": "2"
                        },
                        "tainted": false
                    },
                    "deposed": [],
                    "provider": "provider.aws"
                },
                "aws_route53_record.training-vm.17": {
                    "type": "aws_route53_record",
                    "depends_on": [
                        "openstack_compute_instance_v2.training-vm.*"
                    ],
                    "primary": {
                        "id": "Z386N8B8JBC6TQ_gat-17.training.galaxyproject.eu_A",
                        "attributes": {
                            "fqdn": "gat-17.training.galaxyproject.eu",
                            "health_check_id": "",
                            "id": "Z386N8B8JBC6TQ_gat-17.training.galaxyproject.eu_A",
                            "name": "gat-17.training.galaxyproject.eu",
                            "records.#": "1",
                            "records.1560070929": "192.52.37.39",
                            "set_identifier": "",
                            "ttl": "7200",
                            "type": "A",
                            "zone_id": "Z386N8B8JBC6TQ"
                        },
                        "meta": {
                            "schema_version": "2"
                        },
                        "tainted": false
                    },
                    "deposed": [],
                    "provider": "provider.aws"
                },
                "aws_route53_record.training-vm.18": {
                    "type": "aws_route53_record",
                    "depends_on": [
                        "openstack_compute_instance_v2.training-vm.*"
                    ],
                    "primary": {
                        "id": "Z386N8B8JBC6TQ_gat-18.training.galaxyproject.eu_A",
                        "attributes": {
                            "fqdn": "gat-18.training.galaxyproject.eu",
                            "health_check_id": "",
                            "id": "Z386N8B8JBC6TQ_gat-18.training.galaxyproject.eu_A",
                            "name": "gat-18.training.galaxyproject.eu",
                            "records.#": "1",
                            "records.2027178652": "192.52.34.40",
                            "set_identifier": "",
                            "ttl": "7200",
                            "type": "A",
                            "zone_id": "Z386N8B8JBC6TQ"
                        },
                        "meta": {
                            "schema_version": "2"
                        },
                        "tainted": false
                    },
                    "deposed": [],
                    "provider": "provider.aws"
                },
                "aws_route53_record.training-vm.19": {
                    "type": "aws_route53_record",
                    "depends_on": [
                        "openstack_compute_instance_v2.training-vm.*"
                    ],
                    "primary": {
                        "id": "Z386N8B8JBC6TQ_gat-19.training.galaxyproject.eu_A",
                        "attributes": {
                            "fqdn": "gat-19.training.galaxyproject.eu",
                            "health_check_id": "",
                            "id": "Z386N8B8JBC6TQ_gat-19.training.galaxyproject.eu_A",
                            "name": "gat-19.training.galaxyproject.eu",
                            "records.#": "1",
                            "records.2425556141": "192.52.35.176",
                            "set_identifier": "",
                            "ttl": "7200",
                            "type": "A",
                            "zone_id": "Z386N8B8JBC6TQ"
                        },
                        "meta": {
                            "schema_version": "2"
                        },
                        "tainted": false
                    },
                    "deposed": [],
                    "provider": "provider.aws"
                },
                "aws_route53_record.training-vm.2": {
                    "type": "aws_route53_record",
                    "depends_on": [
                        "openstack_compute_instance_v2.training-vm.*"
                    ],
                    "primary": {
                        "id": "Z386N8B8JBC6TQ_gat-2.training.galaxyproject.eu_A",
                        "attributes": {
                            "fqdn": "gat-2.training.galaxyproject.eu",
                            "health_check_id": "",
                            "id": "Z386N8B8JBC6TQ_gat-2.training.galaxyproject.eu_A",
                            "name": "gat-2.training.galaxyproject.eu",
                            "records.#": "1",
                            "records.1049052629": "192.52.35.251",
                            "set_identifier": "",
                            "ttl": "7200",
                            "type": "A",
                            "zone_id": "Z386N8B8JBC6TQ"
                        },
                        "meta": {
                            "schema_version": "2"
                        },
                        "tainted": false
                    },
                    "deposed": [],
                    "provider": "provider.aws"
                },
                "aws_route53_record.training-vm.20": {
                    "type": "aws_route53_record",
                    "depends_on": [
                        "openstack_compute_instance_v2.training-vm.*"
                    ],
                    "primary": {
                        "id": "Z386N8B8JBC6TQ_gat-20.training.galaxyproject.eu_A",
                        "attributes": {
                            "fqdn": "gat-20.training.galaxyproject.eu",
                            "health_check_id": "",
                            "id": "Z386N8B8JBC6TQ_gat-20.training.galaxyproject.eu_A",
                            "name": "gat-20.training.galaxyproject.eu",
                            "records.#": "1",
                            "records.1869066455": "192.52.36.114",
                            "set_identifier": "",
                            "ttl": "7200",
                            "type": "A",
                            "zone_id": "Z386N8B8JBC6TQ"
                        },
                        "meta": {
                            "schema_version": "2"
                        },
                        "tainted": false
                    },
                    "deposed": [],
                    "provider": "provider.aws"
                },
                "aws_route53_record.training-vm.21": {
                    "type": "aws_route53_record",
                    "depends_on": [
                        "openstack_compute_instance_v2.training-vm.*"
                    ],
                    "primary": {
                        "id": "Z386N8B8JBC6TQ_gat-21.training.galaxyproject.eu_A",
                        "attributes": {
                            "fqdn": "gat-21.training.galaxyproject.eu",
                            "health_check_id": "",
                            "id": "Z386N8B8JBC6TQ_gat-21.training.galaxyproject.eu_A",
                            "name": "gat-21.training.galaxyproject.eu",
                            "records.#": "1",
                            "records.1416848747": "192.52.34.93",
                            "set_identifier": "",
                            "ttl": "7200",
                            "type": "A",
                            "zone_id": "Z386N8B8JBC6TQ"
                        },
                        "meta": {
                            "schema_version": "2"
                        },
                        "tainted": false
                    },
                    "deposed": [],
                    "provider": "provider.aws"
                },
                "aws_route53_record.training-vm.22": {
                    "type": "aws_route53_record",
                    "depends_on": [
                        "openstack_compute_instance_v2.training-vm.*"
                    ],
                    "primary": {
                        "id": "Z386N8B8JBC6TQ_gat-22.training.galaxyproject.eu_A",
                        "attributes": {
                            "fqdn": "gat-22.training.galaxyproject.eu",
                            "health_check_id": "",
                            "id": "Z386N8B8JBC6TQ_gat-22.training.galaxyproject.eu_A",
                            "name": "gat-22.training.galaxyproject.eu",
                            "records.#": "1",
                            "records.3008761771": "192.52.38.150",
                            "set_identifier": "",
                            "ttl": "7200",
                            "type": "A",
                            "zone_id": "Z386N8B8JBC6TQ"
                        },
                        "meta": {
                            "schema_version": "2"
                        },
                        "tainted": false
                    },
                    "deposed": [],
                    "provider": "provider.aws"
                },
                "aws_route53_record.training-vm.23": {
                    "type": "aws_route53_record",
                    "depends_on": [
                        "openstack_compute_instance_v2.training-vm.*"
                    ],
                    "primary": {
                        "id": "Z386N8B8JBC6TQ_gat-23.training.galaxyproject.eu_A",
                        "attributes": {
                            "fqdn": "gat-23.training.galaxyproject.eu",
                            "health_check_id": "",
                            "id": "Z386N8B8JBC6TQ_gat-23.training.galaxyproject.eu_A",
                            "name": "gat-23.training.galaxyproject.eu",
                            "records.#": "1",
                            "records.1829511531": "192.52.37.44",
                            "set_identifier": "",
                            "ttl": "7200",
                            "type": "A",
                            "zone_id": "Z386N8B8JBC6TQ"
                        },
                        "meta": {
                            "schema_version": "2"
                        },
                        "tainted": false
                    },
                    "deposed": [],
                    "provider": "provider.aws"
                },
                "aws_route53_record.training-vm.24": {
                    "type": "aws_route53_record",
                    "depends_on": [
                        "openstack_compute_instance_v2.training-vm.*"
                    ],
                    "primary": {
                        "id": "Z386N8B8JBC6TQ_gat-24.training.galaxyproject.eu_A",
                        "attributes": {
                            "fqdn": "gat-24.training.galaxyproject.eu",
                            "health_check_id": "",
                            "id": "Z386N8B8JBC6TQ_gat-24.training.galaxyproject.eu_A",
                            "name": "gat-24.training.galaxyproject.eu",
                            "records.#": "1",
                            "records.3621047888": "192.52.36.191",
                            "set_identifier": "",
                            "ttl": "7200",
                            "type": "A",
                            "zone_id": "Z386N8B8JBC6TQ"
                        },
                        "meta": {
                            "schema_version": "2"
                        },
                        "tainted": false
                    },
                    "deposed": [],
                    "provider": "provider.aws"
                },
                "aws_route53_record.training-vm.25": {
                    "type": "aws_route53_record",
                    "depends_on": [
                        "openstack_compute_instance_v2.training-vm.*"
                    ],
                    "primary": {
                        "id": "Z386N8B8JBC6TQ_gat-25.training.galaxyproject.eu_A",
                        "attributes": {
                            "fqdn": "gat-25.training.galaxyproject.eu",
                            "health_check_id": "",
                            "id": "Z386N8B8JBC6TQ_gat-25.training.galaxyproject.eu_A",
                            "name": "gat-25.training.galaxyproject.eu",
                            "records.#": "1",
                            "records.520419466": "192.52.38.177",
                            "set_identifier": "",
                            "ttl": "7200",
                            "type": "A",
                            "zone_id": "Z386N8B8JBC6TQ"
                        },
                        "meta": {
                            "schema_version": "2"
                        },
                        "tainted": false
                    },
                    "deposed": [],
                    "provider": "provider.aws"
                },
                "aws_route53_record.training-vm.26": {
                    "type": "aws_route53_record",
                    "depends_on": [
                        "openstack_compute_instance_v2.training-vm.*"
                    ],
                    "primary": {
                        "id": "Z386N8B8JBC6TQ_gat-26.training.galaxyproject.eu_A",
                        "attributes": {
                            "fqdn": "gat-26.training.galaxyproject.eu",
                            "health_check_id": "",
                            "id": "Z386N8B8JBC6TQ_gat-26.training.galaxyproject.eu_A",
                            "name": "gat-26.training.galaxyproject.eu",
                            "records.#": "1",
                            "records.1097624821": "192.52.37.155",
                            "set_identifier": "",
                            "ttl": "7200",
                            "type": "A",
                            "zone_id": "Z386N8B8JBC6TQ"
                        },
                        "meta": {
                            "schema_version": "2"
                        },
                        "tainted": false
                    },
                    "deposed": [],
                    "provider": "provider.aws"
                },
                "aws_route53_record.training-vm.27": {
                    "type": "aws_route53_record",
                    "depends_on": [
                        "openstack_compute_instance_v2.training-vm.*"
                    ],
                    "primary": {
                        "id": "Z386N8B8JBC6TQ_gat-27.training.galaxyproject.eu_A",
                        "attributes": {
                            "fqdn": "gat-27.training.galaxyproject.eu",
                            "health_check_id": "",
                            "id": "Z386N8B8JBC6TQ_gat-27.training.galaxyproject.eu_A",
                            "name": "gat-27.training.galaxyproject.eu",
                            "records.#": "1",
                            "records.2698247878": "192.52.36.190",
                            "set_identifier": "",
                            "ttl": "7200",
                            "type": "A",
                            "zone_id": "Z386N8B8JBC6TQ"
                        },
                        "meta": {
                            "schema_version": "2"
                        },
                        "tainted": false
                    },
                    "deposed": [],
                    "provider": "provider.aws"
                },
                "aws_route53_record.training-vm.28": {
                    "type": "aws_route53_record",
                    "depends_on": [
                        "openstack_compute_instance_v2.training-vm.*"
                    ],
                    "primary": {
                        "id": "Z386N8B8JBC6TQ_gat-28.training.galaxyproject.eu_A",
                        "attributes": {
                            "fqdn": "gat-28.training.galaxyproject.eu",
                            "health_check_id": "",
                            "id": "Z386N8B8JBC6TQ_gat-28.training.galaxyproject.eu_A",
                            "name": "gat-28.training.galaxyproject.eu",
                            "records.#": "1",
                            "records.2383797920": "192.52.39.19",
                            "set_identifier": "",
                            "ttl": "7200",
                            "type": "A",
                            "zone_id": "Z386N8B8JBC6TQ"
                        },
                        "meta": {
                            "schema_version": "2"
                        },
                        "tainted": false
                    },
                    "deposed": [],
                    "provider": "provider.aws"
                },
                "aws_route53_record.training-vm.29": {
                    "type": "aws_route53_record",
                    "depends_on": [
                        "openstack_compute_instance_v2.training-vm.*"
                    ],
                    "primary": {
                        "id": "Z386N8B8JBC6TQ_gat-29.training.galaxyproject.eu_A",
                        "attributes": {
                            "fqdn": "gat-29.training.galaxyproject.eu",
                            "health_check_id": "",
                            "id": "Z386N8B8JBC6TQ_gat-29.training.galaxyproject.eu_A",
                            "name": "gat-29.training.galaxyproject.eu",
                            "records.#": "1",
                            "records.1613888485": "192.52.37.134",
                            "set_identifier": "",
                            "ttl": "7200",
                            "type": "A",
                            "zone_id": "Z386N8B8JBC6TQ"
                        },
                        "meta": {
                            "schema_version": "2"
                        },
                        "tainted": false
                    },
                    "deposed": [],
                    "provider": "provider.aws"
                },
                "aws_route53_record.training-vm.3": {
                    "type": "aws_route53_record",
                    "depends_on": [
                        "openstack_compute_instance_v2.training-vm.*"
                    ],
                    "primary": {
                        "id": "Z386N8B8JBC6TQ_gat-3.training.galaxyproject.eu_A",
                        "attributes": {
                            "fqdn": "gat-3.training.galaxyproject.eu",
                            "health_check_id": "",
                            "id": "Z386N8B8JBC6TQ_gat-3.training.galaxyproject.eu_A",
                            "name": "gat-3.training.galaxyproject.eu",
                            "records.#": "1",
                            "records.3893471463": "192.52.38.165",
                            "set_identifier": "",
                            "ttl": "7200",
                            "type": "A",
                            "zone_id": "Z386N8B8JBC6TQ"
                        },
                        "meta": {
                            "schema_version": "2"
                        },
                        "tainted": false
                    },
                    "deposed": [],
                    "provider": "provider.aws"
                },
                "aws_route53_record.training-vm.30": {
                    "type": "aws_route53_record",
                    "depends_on": [
                        "openstack_compute_instance_v2.training-vm.*"
                    ],
                    "primary": {
                        "id": "Z386N8B8JBC6TQ_gat-30.training.galaxyproject.eu_A",
                        "attributes": {
                            "fqdn": "gat-30.training.galaxyproject.eu",
                            "health_check_id": "",
                            "id": "Z386N8B8JBC6TQ_gat-30.training.galaxyproject.eu_A",
                            "name": "gat-30.training.galaxyproject.eu",
                            "records.#": "1",
                            "records.53541624": "192.52.37.170",
                            "set_identifier": "",
                            "ttl": "7200",
                            "type": "A",
                            "zone_id": "Z386N8B8JBC6TQ"
                        },
                        "meta": {
                            "schema_version": "2"
                        },
                        "tainted": false
                    },
                    "deposed": [],
                    "provider": "provider.aws"
                },
                "aws_route53_record.training-vm.31": {
                    "type": "aws_route53_record",
                    "depends_on": [
                        "openstack_compute_instance_v2.training-vm.*"
                    ],
                    "primary": {
                        "id": "Z386N8B8JBC6TQ_gat-31.training.galaxyproject.eu_A",
                        "attributes": {
                            "fqdn": "gat-31.training.galaxyproject.eu",
                            "health_check_id": "",
                            "id": "Z386N8B8JBC6TQ_gat-31.training.galaxyproject.eu_A",
                            "name": "gat-31.training.galaxyproject.eu",
                            "records.#": "1",
                            "records.2778284981": "192.52.38.1",
                            "set_identifier": "",
                            "ttl": "7200",
                            "type": "A",
                            "zone_id": "Z386N8B8JBC6TQ"
                        },
                        "meta": {
                            "schema_version": "2"
                        },
                        "tainted": false
                    },
                    "deposed": [],
                    "provider": "provider.aws"
                },
                "aws_route53_record.training-vm.32": {
                    "type": "aws_route53_record",
                    "depends_on": [
                        "openstack_compute_instance_v2.training-vm.*"
                    ],
                    "primary": {
                        "id": "Z386N8B8JBC6TQ_gat-32.training.galaxyproject.eu_A",
                        "attributes": {
                            "fqdn": "gat-32.training.galaxyproject.eu",
                            "health_check_id": "",
                            "id": "Z386N8B8JBC6TQ_gat-32.training.galaxyproject.eu_A",
                            "name": "gat-32.training.galaxyproject.eu",
                            "records.#": "1",
                            "records.3585099278": "192.52.36.44",
                            "set_identifier": "",
                            "ttl": "7200",
                            "type": "A",
                            "zone_id": "Z386N8B8JBC6TQ"
                        },
                        "meta": {
                            "schema_version": "2"
                        },
                        "tainted": false
                    },
                    "deposed": [],
                    "provider": "provider.aws"
                },
                "aws_route53_record.training-vm.33": {
                    "type": "aws_route53_record",
                    "depends_on": [
                        "openstack_compute_instance_v2.training-vm.*"
                    ],
                    "primary": {
                        "id": "Z386N8B8JBC6TQ_gat-33.training.galaxyproject.eu_A",
                        "attributes": {
                            "fqdn": "gat-33.training.galaxyproject.eu",
                            "health_check_id": "",
                            "id": "Z386N8B8JBC6TQ_gat-33.training.galaxyproject.eu_A",
                            "name": "gat-33.training.galaxyproject.eu",
                            "records.#": "1",
                            "records.910919207": "192.52.37.71",
                            "set_identifier": "",
                            "ttl": "7200",
                            "type": "A",
                            "zone_id": "Z386N8B8JBC6TQ"
                        },
                        "meta": {
                            "schema_version": "2"
                        },
                        "tainted": false
                    },
                    "deposed": [],
                    "provider": "provider.aws"
                },
                "aws_route53_record.training-vm.34": {
                    "type": "aws_route53_record",
                    "depends_on": [
                        "openstack_compute_instance_v2.training-vm.*"
                    ],
                    "primary": {
                        "id": "Z386N8B8JBC6TQ_gat-34.training.galaxyproject.eu_A",
                        "attributes": {
                            "fqdn": "gat-34.training.galaxyproject.eu",
                            "health_check_id": "",
                            "id": "Z386N8B8JBC6TQ_gat-34.training.galaxyproject.eu_A",
                            "name": "gat-34.training.galaxyproject.eu",
                            "records.#": "1",
                            "records.4270787962": "192.52.35.167",
                            "set_identifier": "",
                            "ttl": "7200",
                            "type": "A",
                            "zone_id": "Z386N8B8JBC6TQ"
                        },
                        "meta": {
                            "schema_version": "2"
                        },
                        "tainted": false
                    },
                    "deposed": [],
                    "provider": "provider.aws"
                },
                "aws_route53_record.training-vm.35": {
                    "type": "aws_route53_record",
                    "depends_on": [
                        "openstack_compute_instance_v2.training-vm.*"
                    ],
                    "primary": {
                        "id": "Z386N8B8JBC6TQ_gat-35.training.galaxyproject.eu_A",
                        "attributes": {
                            "fqdn": "gat-35.training.galaxyproject.eu",
                            "health_check_id": "",
                            "id": "Z386N8B8JBC6TQ_gat-35.training.galaxyproject.eu_A",
                            "name": "gat-35.training.galaxyproject.eu",
                            "records.#": "1",
                            "records.2160152432": "192.52.38.94",
                            "set_identifier": "",
                            "ttl": "7200",
                            "type": "A",
                            "zone_id": "Z386N8B8JBC6TQ"
                        },
                        "meta": {
                            "schema_version": "2"
                        },
                        "tainted": false
                    },
                    "deposed": [],
                    "provider": "provider.aws"
                },
                "aws_route53_record.training-vm.36": {
                    "type": "aws_route53_record",
                    "depends_on": [
                        "openstack_compute_instance_v2.training-vm.*"
                    ],
                    "primary": {
                        "id": "Z386N8B8JBC6TQ_gat-36.training.galaxyproject.eu_A",
                        "attributes": {
                            "fqdn": "gat-36.training.galaxyproject.eu",
                            "health_check_id": "",
                            "id": "Z386N8B8JBC6TQ_gat-36.training.galaxyproject.eu_A",
                            "name": "gat-36.training.galaxyproject.eu",
                            "records.#": "1",
                            "records.1607951849": "192.52.39.89",
                            "set_identifier": "",
                            "ttl": "7200",
                            "type": "A",
                            "zone_id": "Z386N8B8JBC6TQ"
                        },
                        "meta": {
                            "schema_version": "2"
                        },
                        "tainted": false
                    },
                    "deposed": [],
                    "provider": "provider.aws"
                },
                "aws_route53_record.training-vm.37": {
                    "type": "aws_route53_record",
                    "depends_on": [
                        "openstack_compute_instance_v2.training-vm.*"
                    ],
                    "primary": {
                        "id": "Z386N8B8JBC6TQ_gat-37.training.galaxyproject.eu_A",
                        "attributes": {
                            "fqdn": "gat-37.training.galaxyproject.eu",
                            "health_check_id": "",
                            "id": "Z386N8B8JBC6TQ_gat-37.training.galaxyproject.eu_A",
                            "name": "gat-37.training.galaxyproject.eu",
                            "records.#": "1",
                            "records.822832603": "192.52.36.225",
                            "set_identifier": "",
                            "ttl": "7200",
                            "type": "A",
                            "zone_id": "Z386N8B8JBC6TQ"
                        },
                        "meta": {
                            "schema_version": "2"
                        },
                        "tainted": false
                    },
                    "deposed": [],
                    "provider": "provider.aws"
                },
                "aws_route53_record.training-vm.38": {
                    "type": "aws_route53_record",
                    "depends_on": [
                        "openstack_compute_instance_v2.training-vm.*"
                    ],
                    "primary": {
                        "id": "Z386N8B8JBC6TQ_gat-38.training.galaxyproject.eu_A",
                        "attributes": {
                            "fqdn": "gat-38.training.galaxyproject.eu",
                            "health_check_id": "",
                            "id": "Z386N8B8JBC6TQ_gat-38.training.galaxyproject.eu_A",
                            "name": "gat-38.training.galaxyproject.eu",
                            "records.#": "1",
                            "records.1949974479": "192.52.36.204",
                            "set_identifier": "",
                            "ttl": "7200",
                            "type": "A",
                            "zone_id": "Z386N8B8JBC6TQ"
                        },
                        "meta": {
                            "schema_version": "2"
                        },
                        "tainted": false
                    },
                    "deposed": [],
                    "provider": "provider.aws"
                },
                "aws_route53_record.training-vm.39": {
                    "type": "aws_route53_record",
                    "depends_on": [
                        "openstack_compute_instance_v2.training-vm.*"
                    ],
                    "primary": {
                        "id": "Z386N8B8JBC6TQ_gat-39.training.galaxyproject.eu_A",
                        "attributes": {
                            "fqdn": "gat-39.training.galaxyproject.eu",
                            "health_check_id": "",
                            "id": "Z386N8B8JBC6TQ_gat-39.training.galaxyproject.eu_A",
                            "name": "gat-39.training.galaxyproject.eu",
                            "records.#": "1",
                            "records.1565643349": "192.52.36.134",
                            "set_identifier": "",
                            "ttl": "7200",
                            "type": "A",
                            "zone_id": "Z386N8B8JBC6TQ"
                        },
                        "meta": {
                            "schema_version": "2"
                        },
                        "tainted": false
                    },
                    "deposed": [],
                    "provider": "provider.aws"
                },
                "aws_route53_record.training-vm.4": {
                    "type": "aws_route53_record",
                    "depends_on": [
                        "openstack_compute_instance_v2.training-vm.*"
                    ],
                    "primary": {
                        "id": "Z386N8B8JBC6TQ_gat-4.training.galaxyproject.eu_A",
                        "attributes": {
                            "fqdn": "gat-4.training.galaxyproject.eu",
                            "health_check_id": "",
                            "id": "Z386N8B8JBC6TQ_gat-4.training.galaxyproject.eu_A",
                            "name": "gat-4.training.galaxyproject.eu",
                            "records.#": "1",
                            "records.434157280": "192.52.36.248",
                            "set_identifier": "",
                            "ttl": "7200",
                            "type": "A",
                            "zone_id": "Z386N8B8JBC6TQ"
                        },
                        "meta": {
                            "schema_version": "2"
                        },
                        "tainted": false
                    },
                    "deposed": [],
                    "provider": "provider.aws"
                },
                "aws_route53_record.training-vm.5": {
                    "type": "aws_route53_record",
                    "depends_on": [
                        "openstack_compute_instance_v2.training-vm.*"
                    ],
                    "primary": {
                        "id": "Z386N8B8JBC6TQ_gat-5.training.galaxyproject.eu_A",
                        "attributes": {
                            "fqdn": "gat-5.training.galaxyproject.eu",
                            "health_check_id": "",
                            "id": "Z386N8B8JBC6TQ_gat-5.training.galaxyproject.eu_A",
                            "name": "gat-5.training.galaxyproject.eu",
                            "records.#": "1",
                            "records.1675442036": "192.52.39.46",
                            "set_identifier": "",
                            "ttl": "7200",
                            "type": "A",
                            "zone_id": "Z386N8B8JBC6TQ"
                        },
                        "meta": {
                            "schema_version": "2"
                        },
                        "tainted": false
                    },
                    "deposed": [],
                    "provider": "provider.aws"
                },
                "aws_route53_record.training-vm.6": {
                    "type": "aws_route53_record",
                    "depends_on": [
                        "openstack_compute_instance_v2.training-vm.*"
                    ],
                    "primary": {
                        "id": "Z386N8B8JBC6TQ_gat-6.training.galaxyproject.eu_A",
                        "attributes": {
                            "fqdn": "gat-6.training.galaxyproject.eu",
                            "health_check_id": "",
                            "id": "Z386N8B8JBC6TQ_gat-6.training.galaxyproject.eu_A",
                            "name": "gat-6.training.galaxyproject.eu",
                            "records.#": "1",
                            "records.491762546": "192.52.39.102",
                            "set_identifier": "",
                            "ttl": "7200",
                            "type": "A",
                            "zone_id": "Z386N8B8JBC6TQ"
                        },
                        "meta": {
                            "schema_version": "2"
                        },
                        "tainted": false
                    },
                    "deposed": [],
                    "provider": "provider.aws"
                },
                "aws_route53_record.training-vm.7": {
                    "type": "aws_route53_record",
                    "depends_on": [
                        "openstack_compute_instance_v2.training-vm.*"
                    ],
                    "primary": {
                        "id": "Z386N8B8JBC6TQ_gat-7.training.galaxyproject.eu_A",
                        "attributes": {
                            "fqdn": "gat-7.training.galaxyproject.eu",
                            "health_check_id": "",
                            "id": "Z386N8B8JBC6TQ_gat-7.training.galaxyproject.eu_A",
                            "name": "gat-7.training.galaxyproject.eu",
                            "records.#": "1",
                            "records.113369988": "192.52.35.220",
                            "set_identifier": "",
                            "ttl": "7200",
                            "type": "A",
                            "zone_id": "Z386N8B8JBC6TQ"
                        },
                        "meta": {
                            "schema_version": "2"
                        },
                        "tainted": false
                    },
                    "deposed": [],
                    "provider": "provider.aws"
                },
                "aws_route53_record.training-vm.8": {
                    "type": "aws_route53_record",
                    "depends_on": [
                        "openstack_compute_instance_v2.training-vm.*"
                    ],
                    "primary": {
                        "id": "Z386N8B8JBC6TQ_gat-8.training.galaxyproject.eu_A",
                        "attributes": {
                            "fqdn": "gat-8.training.galaxyproject.eu",
                            "health_check_id": "",
                            "id": "Z386N8B8JBC6TQ_gat-8.training.galaxyproject.eu_A",
                            "name": "gat-8.training.galaxyproject.eu",
                            "records.#": "1",
                            "records.493278692": "192.52.37.41",
                            "set_identifier": "",
                            "ttl": "7200",
                            "type": "A",
                            "zone_id": "Z386N8B8JBC6TQ"
                        },
                        "meta": {
                            "schema_version": "2"
                        },
                        "tainted": false
                    },
                    "deposed": [],
                    "provider": "provider.aws"
                },
                "aws_route53_record.training-vm.9": {
                    "type": "aws_route53_record",
                    "depends_on": [
                        "openstack_compute_instance_v2.training-vm.*"
                    ],
                    "primary": {
                        "id": "Z386N8B8JBC6TQ_gat-9.training.galaxyproject.eu_A",
                        "attributes": {
                            "fqdn": "gat-9.training.galaxyproject.eu",
                            "health_check_id": "",
                            "id": "Z386N8B8JBC6TQ_gat-9.training.galaxyproject.eu_A",
                            "name": "gat-9.training.galaxyproject.eu",
                            "records.#": "1",
                            "records.3154769995": "192.52.37.116",
                            "set_identifier": "",
                            "ttl": "7200",
                            "type": "A",
                            "zone_id": "Z386N8B8JBC6TQ"
                        },
                        "meta": {
                            "schema_version": "2"
                        },
                        "tainted": false
                    },
                    "deposed": [],
                    "provider": "provider.aws"
                },
                "aws_route53_record.tuebingen-pulsar": {
                    "type": "aws_route53_record",
                    "depends_on": [],
                    "primary": {
                        "id": "Z386N8B8JBC6TQ_de02.pulsar.galaxyproject.eu_A",
                        "attributes": {
                            "fqdn": "de02.pulsar.galaxyproject.eu",
                            "health_check_id": "",
                            "id": "Z386N8B8JBC6TQ_de02.pulsar.galaxyproject.eu_A",
                            "name": "de02.pulsar.galaxyproject.eu",
                            "records.#": "1",
                            "records.1061430667": "193.196.20.125",
                            "set_identifier": "",
                            "ttl": "7200",
                            "type": "A",
                            "zone_id": "Z386N8B8JBC6TQ"
                        },
                        "meta": {
                            "schema_version": "2"
                        },
                        "tainted": false
                    },
                    "deposed": [],
                    "provider": "provider.aws"
                },
                "aws_route53_record.usegalaxy-eu": {
                    "type": "aws_route53_record",
                    "depends_on": [],
                    "primary": {
                        "id": "Z1C7L7XFF9613J_usegalaxy.eu_A",
                        "attributes": {
                            "fqdn": "usegalaxy.eu",
                            "health_check_id": "",
                            "id": "Z1C7L7XFF9613J_usegalaxy.eu_A",
                            "name": "usegalaxy.eu",
                            "records.#": "1",
                            "records.3850385776": "132.230.68.5",
                            "set_identifier": "",
                            "ttl": "7200",
                            "type": "A",
                            "zone_id": "Z1C7L7XFF9613J"
                        },
                        "meta": {
                            "schema_version": "2"
                        },
                        "tainted": false
                    },
                    "deposed": [],
                    "provider": "provider.aws"
                },
                "aws_route53_record.vgcn-cm": {
                    "type": "aws_route53_record",
                    "depends_on": [],
                    "primary": {
                        "id": "Z386N8B8JBC6TQ_manager.vgcn.galaxyproject.eu_A",
                        "attributes": {
                            "fqdn": "manager.vgcn.galaxyproject.eu",
                            "health_check_id": "",
                            "id": "Z386N8B8JBC6TQ_manager.vgcn.galaxyproject.eu_A",
                            "name": "manager.vgcn.galaxyproject.eu",
                            "records.#": "1",
                            "records.80628345": "10.5.68.230",
                            "set_identifier": "",
                            "ttl": "300",
                            "type": "A",
                            "zone_id": "Z386N8B8JBC6TQ"
                        },
                        "meta": {
                            "schema_version": "2"
                        },
                        "tainted": false
                    },
                    "deposed": [],
                    "provider": "provider.aws"
                },
                "data.openstack_images_image_v2.centos-image": {
                    "type": "openstack_images_image_v2",
                    "depends_on": [],
                    "primary": {
                        "id": "f0bf4431-bb9a-45b3-a23e-823a96682394",
                        "attributes": {
                            "checksum": "63107b5f94f1c32e661a2b389390e196",
                            "container_format": "bare",
                            "created_at": "2018-09-18T12:52:22Z",
                            "disk_format": "raw",
                            "file": "/v2/images/f0bf4431-bb9a-45b3-a23e-823a96682394/file",
                            "id": "f0bf4431-bb9a-45b3-a23e-823a96682394",
                            "metadata.%": "0",
                            "min_disk_gb": "0",
                            "min_ram_mb": "0",
                            "most_recent": "false",
                            "name": "generic-centos7-v31-j4-edc5aa3dc22c-master",
                            "owner": "36d6d9420bb04403b55fb21052efe4be",
                            "protected": "false",
                            "schema": "/v2/schemas/image",
                            "size_bytes": "4194304000",
                            "sort_direction": "asc",
                            "sort_key": "name",
                            "tags.#": "0",
                            "updated_at": "2018-09-18T12:53:40Z",
                            "visibility": "shared"
                        },
                        "meta": {},
                        "tainted": false
                    },
                    "deposed": [],
                    "provider": "provider.openstack"
                },
                "openstack_blockstorage_volume_v2.cvmfs-data": {
                    "type": "openstack_blockstorage_volume_v2",
                    "depends_on": [],
                    "primary": {
                        "id": "c71d4ecb-7e26-4ca5-87ba-6913cb2a0deb",
                        "attributes": {
                            "attachment.#": "1",
                            "attachment.433249584.device": "/dev/vdb",
                            "attachment.433249584.id": "c71d4ecb-7e26-4ca5-87ba-6913cb2a0deb",
                            "attachment.433249584.instance_id": "3cd91ee2-3c2c-4a66-acdf-d7b4c4226f88",
                            "availability_zone": "nova",
                            "description": "Data volume for cvmfs",
                            "id": "c71d4ecb-7e26-4ca5-87ba-6913cb2a0deb",
                            "metadata.%": "0",
                            "name": "cvmfs",
                            "region": "Freiburg",
                            "size": "50",
                            "snapshot_id": "",
                            "source_vol_id": "",
                            "volume_type": "default"
                        },
                        "meta": {
                            "e2bfb730-ecaa-11e6-8f88-34363bc7c4c0": {
                                "create": 600000000000,
                                "delete": 600000000000
                            }
                        },
                        "tainted": false
                    },
                    "deposed": [],
                    "provider": "provider.openstack"
                },
                "openstack_blockstorage_volume_v2.hicbrowser-data": {
                    "type": "openstack_blockstorage_volume_v2",
                    "depends_on": [],
                    "primary": {
                        "id": "8889749c-b2a6-464f-99b6-c4c62b895ef9",
                        "attributes": {
                            "attachment.#": "1",
                            "attachment.3481601024.device": "/dev/vdb",
                            "attachment.3481601024.id": "8889749c-b2a6-464f-99b6-c4c62b895ef9",
                            "attachment.3481601024.instance_id": "66a87719-9521-426f-b9a1-c8fe41afac54",
                            "availability_zone": "nova",
                            "description": "Data volume for hicbrowser",
                            "id": "8889749c-b2a6-464f-99b6-c4c62b895ef9",
                            "metadata.%": "2",
                            "metadata.attached_mode": "rw",
                            "metadata.readonly": "False",
                            "name": "hicbrowser",
                            "region": "Freiburg",
                            "size": "30",
                            "snapshot_id": "",
                            "source_vol_id": "",
                            "volume_type": "default"
                        },
                        "meta": {
                            "e2bfb730-ecaa-11e6-8f88-34363bc7c4c0": {
                                "create": 600000000000,
                                "delete": 600000000000
                            }
                        },
                        "tainted": false
                    },
                    "deposed": [],
                    "provider": "provider.openstack"
                },
                "openstack_blockstorage_volume_v2.influxdb-data": {
                    "type": "openstack_blockstorage_volume_v2",
                    "depends_on": [],
                    "primary": {
                        "id": "270291b1-141c-47f7-85b4-993e7cae9fc4",
                        "attributes": {
                            "attachment.#": "1",
                            "attachment.2115516353.device": "/dev/vdb",
                            "attachment.2115516353.id": "270291b1-141c-47f7-85b4-993e7cae9fc4",
                            "attachment.2115516353.instance_id": "4e3103f0-ff44-4e41-a321-7d7d4764dade",
                            "availability_zone": "nova",
                            "description": "Data volume for InfluxDB",
                            "id": "270291b1-141c-47f7-85b4-993e7cae9fc4",
                            "metadata.%": "2",
                            "metadata.attached_mode": "rw",
                            "metadata.readonly": "False",
                            "name": "influxdb",
                            "region": "Freiburg",
                            "size": "100",
                            "snapshot_id": "",
                            "source_vol_id": "",
                            "volume_type": "default"
                        },
                        "meta": {
                            "e2bfb730-ecaa-11e6-8f88-34363bc7c4c0": {
                                "create": 600000000000,
                                "delete": 600000000000
                            }
                        },
                        "tainted": false
                    },
                    "deposed": [],
                    "provider": "provider.openstack"
                },
                "openstack_blockstorage_volume_v2.jenkins-workers-gold-volume": {
                    "type": "openstack_blockstorage_volume_v2",
                    "depends_on": [],
                    "primary": {
                        "id": "c81eb1bd-69a1-49b3-b4d4-0ec662f09023",
                        "attributes": {
                            "attachment.#": "1",
                            "attachment.3225790660.device": "/dev/vdb",
                            "attachment.3225790660.id": "c81eb1bd-69a1-49b3-b4d4-0ec662f09023",
                            "attachment.3225790660.instance_id": "12fc27b7-f5f5-4b14-9561-debd80f42960",
                            "availability_zone": "nova",
                            "description": "Data volume for Jenkins worker-0.gold.build.galaxyproject.eu",
                            "id": "c81eb1bd-69a1-49b3-b4d4-0ec662f09023",
                            "metadata.%": "0",
                            "name": "jenkins-workers-gold-volume",
                            "region": "Freiburg",
                            "size": "100",
                            "snapshot_id": "",
                            "source_vol_id": "",
                            "volume_type": "default"
                        },
                        "meta": {
                            "e2bfb730-ecaa-11e6-8f88-34363bc7c4c0": {
                                "create": 600000000000,
                                "delete": 600000000000
                            }
                        },
                        "tainted": false
                    },
                    "deposed": [],
                    "provider": "provider.openstack"
                },
                "openstack_blockstorage_volume_v2.jenkins-workers-org-data.0": {
                    "type": "openstack_blockstorage_volume_v2",
                    "depends_on": [],
                    "primary": {
                        "id": "eddadc7a-bbf7-4b89-b3bb-dc83e10dc530",
                        "attributes": {
                            "attachment.#": "1",
                            "attachment.3342162611.device": "/dev/vdb",
                            "attachment.3342162611.id": "eddadc7a-bbf7-4b89-b3bb-dc83e10dc530",
                            "attachment.3342162611.instance_id": "42593c37-af04-496a-8322-76c7f10ceee4",
                            "availability_zone": "nova",
                            "description": "Data volume for Jenkins n0.galaxyproject.org",
                            "id": "eddadc7a-bbf7-4b89-b3bb-dc83e10dc530",
                            "metadata.%": "0",
                            "name": "jenkins-org",
                            "region": "Freiburg",
                            "size": "200",
                            "snapshot_id": "",
                            "source_vol_id": "",
                            "volume_type": "default"
                        },
                        "meta": {
                            "e2bfb730-ecaa-11e6-8f88-34363bc7c4c0": {
                                "create": 600000000000,
                                "delete": 600000000000
                            }
                        },
                        "tainted": false
                    },
                    "deposed": [],
                    "provider": "provider.openstack"
                },
                "openstack_blockstorage_volume_v2.jenkins-workers-org-data.1": {
                    "type": "openstack_blockstorage_volume_v2",
                    "depends_on": [],
                    "primary": {
                        "id": "d4546ba0-1c36-49cd-b215-48cf9922fb6e",
                        "attributes": {
                            "attachment.#": "1",
                            "attachment.2324391135.device": "/dev/vdb",
                            "attachment.2324391135.id": "d4546ba0-1c36-49cd-b215-48cf9922fb6e",
                            "attachment.2324391135.instance_id": "44ea3b4d-04f2-4e77-9cb1-0f05f1b26143",
                            "availability_zone": "nova",
                            "description": "Data volume for Jenkins n1.galaxyproject.org",
                            "id": "d4546ba0-1c36-49cd-b215-48cf9922fb6e",
                            "metadata.%": "0",
                            "name": "jenkins-org",
                            "region": "Freiburg",
                            "size": "200",
                            "snapshot_id": "",
                            "source_vol_id": "",
                            "volume_type": "default"
                        },
                        "meta": {
                            "e2bfb730-ecaa-11e6-8f88-34363bc7c4c0": {
                                "create": 600000000000,
                                "delete": 600000000000
                            }
                        },
                        "tainted": false
                    },
                    "deposed": [],
                    "provider": "provider.openstack"
                },
                "openstack_blockstorage_volume_v2.jenkins-workers-silver-volume": {
                    "type": "openstack_blockstorage_volume_v2",
                    "depends_on": [],
                    "primary": {
                        "id": "19d942ca-6259-4950-80fc-a28f2b98b434",
                        "attributes": {
                            "attachment.#": "1",
                            "attachment.414809024.device": "/dev/vdb",
                            "attachment.414809024.id": "19d942ca-6259-4950-80fc-a28f2b98b434",
                            "attachment.414809024.instance_id": "ea5f98aa-9e4a-43b0-8a49-7169a2340ffd",
                            "availability_zone": "nova",
                            "description": "Data volume for Jenkins worker-0.silver.build.galaxyproject.eu",
                            "id": "19d942ca-6259-4950-80fc-a28f2b98b434",
                            "metadata.%": "0",
                            "name": "jenkins-workers-silver-volume",
                            "region": "Freiburg",
                            "size": "100",
                            "snapshot_id": "",
                            "source_vol_id": "",
                            "volume_type": "default"
                        },
                        "meta": {
                            "e2bfb730-ecaa-11e6-8f88-34363bc7c4c0": {
                                "create": 600000000000,
                                "delete": 600000000000
                            }
                        },
                        "tainted": false
                    },
                    "deposed": [],
                    "provider": "provider.openstack"
                },
                "openstack_blockstorage_volume_v2.jwolff-test-data": {
                    "type": "openstack_blockstorage_volume_v2",
                    "depends_on": [],
                    "primary": {
                        "id": "fd1aa26a-a5b4-45d3-95ba-97bb32679510",
                        "attributes": {
                            "attachment.#": "0",
                            "availability_zone": "nova",
                            "description": "Data volume for test",
                            "id": "fd1aa26a-a5b4-45d3-95ba-97bb32679510",
                            "metadata.%": "0",
                            "name": "jwolff-test",
                            "region": "Freiburg",
                            "size": "20",
                            "snapshot_id": "",
                            "source_vol_id": "",
                            "volume_type": "default"
                        },
                        "meta": {
                            "e2bfb730-ecaa-11e6-8f88-34363bc7c4c0": {
                                "create": 600000000000,
                                "delete": 600000000000
                            }
                        },
                        "tainted": false
                    },
                    "deposed": [],
                    "provider": "provider.openstack"
                },
                "openstack_blockstorage_volume_v2.nfs-server": {
                    "type": "openstack_blockstorage_volume_v2",
                    "depends_on": [],
                    "primary": {
                        "id": "cee06aa9-6669-4dee-aae9-6dd0cac0e8a8",
                        "attributes": {
                            "attachment.#": "1",
                            "attachment.821100902.device": "/dev/vdb",
                            "attachment.821100902.id": "cee06aa9-6669-4dee-aae9-6dd0cac0e8a8",
                            "attachment.821100902.instance_id": "eb1c5255-6697-4959-bd15-7f658dc108e4",
                            "availability_zone": "nova",
                            "description": "Data volume for job-working-dir",
                            "id": "cee06aa9-6669-4dee-aae9-6dd0cac0e8a8",
                            "metadata.%": "0",
                            "name": "job-working-dir",
                            "region": "Freiburg",
                            "size": "20480",
                            "snapshot_id": "",
                            "source_vol_id": "",
                            "volume_type": "qos_free"
                        },
                        "meta": {
                            "e2bfb730-ecaa-11e6-8f88-34363bc7c4c0": {
                                "create": 600000000000,
                                "delete": 600000000000
                            }
                        },
                        "tainted": false
                    },
                    "deposed": [],
                    "provider": "provider.openstack"
                },
                "openstack_blockstorage_volume_v2.sentry_volume_data": {
                    "type": "openstack_blockstorage_volume_v2",
                    "depends_on": [],
                    "primary": {
                        "id": "7405447d-375b-4d7d-9f3b-75bdb0a9ca53",
                        "attributes": {
                            "attachment.#": "1",
                            "attachment.339221586.device": "/dev/vdb",
                            "attachment.339221586.id": "7405447d-375b-4d7d-9f3b-75bdb0a9ca53",
                            "attachment.339221586.instance_id": "5ae015c6-f5c4-4e8b-9d69-c3d9ca189a44",
                            "availability_zone": "nova",
                            "description": "Data volume for Sentry",
                            "id": "7405447d-375b-4d7d-9f3b-75bdb0a9ca53",
                            "metadata.%": "0",
                            "name": "sentry_volume",
                            "region": "Freiburg",
                            "size": "10",
                            "snapshot_id": "",
                            "source_vol_id": "",
                            "volume_type": "default"
                        },
                        "meta": {
                            "e2bfb730-ecaa-11e6-8f88-34363bc7c4c0": {
                                "create": 600000000000,
                                "delete": 600000000000
                            }
                        },
                        "tainted": false
                    },
                    "deposed": [],
                    "provider": "provider.openstack"
                },
                "openstack_blockstorage_volume_v2.stats-data": {
                    "type": "openstack_blockstorage_volume_v2",
                    "depends_on": [],
                    "primary": {
                        "id": "7dc26838-0ea1-4df8-9b16-b0326faf339e",
                        "attributes": {
                            "attachment.#": "1",
                            "attachment.3127421961.device": "/dev/vdb",
                            "attachment.3127421961.id": "7dc26838-0ea1-4df8-9b16-b0326faf339e",
                            "attachment.3127421961.instance_id": "d5855c69-b8e2-4f8d-820e-78054163cfa1",
                            "availability_zone": "nova",
                            "description": "Data volume for Grafana",
                            "id": "7dc26838-0ea1-4df8-9b16-b0326faf339e",
                            "metadata.%": "2",
                            "metadata.attached_mode": "rw",
                            "metadata.readonly": "False",
                            "name": "stats",
                            "region": "Freiburg",
                            "size": "2",
                            "snapshot_id": "",
                            "source_vol_id": "",
                            "volume_type": "default"
                        },
                        "meta": {
                            "e2bfb730-ecaa-11e6-8f88-34363bc7c4c0": {
                                "create": 600000000000,
                                "delete": 600000000000
                            }
                        },
                        "tainted": false
                    },
                    "deposed": [],
                    "provider": "provider.openstack"
                },
                "openstack_blockstorage_volume_v2.telescope-data": {
                    "type": "openstack_blockstorage_volume_v2",
                    "depends_on": [],
                    "primary": {
                        "id": "816e5476-40ba-46ef-84eb-849b9d1c3a6d",
                        "attributes": {
                            "attachment.#": "1",
                            "attachment.2383273622.device": "/dev/vdb",
                            "attachment.2383273622.id": "816e5476-40ba-46ef-84eb-849b9d1c3a6d",
                            "attachment.2383273622.instance_id": "1d5bef44-20ae-4567-b58c-1b15c4d6a82c",
                            "availability_zone": "nova",
                            "description": "Data volume for GRT",
                            "id": "816e5476-40ba-46ef-84eb-849b9d1c3a6d",
                            "metadata.%": "2",
                            "metadata.attached_mode": "rw",
                            "metadata.readonly": "False",
                            "name": "telescope",
                            "region": "Freiburg",
                            "size": "200",
                            "snapshot_id": "",
                            "source_vol_id": "",
                            "volume_type": "default"
                        },
                        "meta": {
                            "e2bfb730-ecaa-11e6-8f88-34363bc7c4c0": {
                                "create": 600000000000,
                                "delete": 600000000000
                            }
                        },
                        "tainted": false
                    },
                    "deposed": [],
                    "provider": "provider.openstack"
                },
                "openstack_blockstorage_volume_v2.test01-data": {
                    "type": "openstack_blockstorage_volume_v2",
                    "depends_on": [],
                    "primary": {
                        "id": "9fae5d92-1ecf-4c16-acbe-6f9b5ec8e2a3",
                        "attributes": {
                            "attachment.#": "1",
                            "attachment.260251748.device": "/dev/vdb",
                            "attachment.260251748.id": "9fae5d92-1ecf-4c16-acbe-6f9b5ec8e2a3",
                            "attachment.260251748.instance_id": "ef4fa326-e776-4980-a290-5b7665d05a71",
                            "availability_zone": "nova",
                            "description": "Data volume for test01",
                            "id": "9fae5d92-1ecf-4c16-acbe-6f9b5ec8e2a3",
                            "metadata.%": "0",
                            "name": "test01",
                            "region": "Freiburg",
                            "size": "50",
                            "snapshot_id": "",
                            "source_vol_id": "",
                            "volume_type": "default"
                        },
                        "meta": {
                            "e2bfb730-ecaa-11e6-8f88-34363bc7c4c0": {
                                "create": 600000000000,
                                "delete": 600000000000
                            }
                        },
                        "tainted": false
                    },
                    "deposed": [],
                    "provider": "provider.openstack"
                },
                "openstack_compute_instance_v2.apollo-main": {
                    "type": "openstack_compute_instance_v2",
                    "depends_on": [],
                    "primary": {
                        "id": "3b6d166e-c283-41c0-ab7e-a33c8a5b5905",
                        "attributes": {
                            "access_ip_v4": "10.5.68.20",
                            "access_ip_v6": "",
                            "all_metadata.%": "1",
                            "all_metadata.poweroff": "2020_02_18_openstack_upgrade_train",
                            "availability_zone": "nova",
                            "flavor_id": "b106b327-7d6e-4f88-825d-11145eb25ad7",
                            "flavor_name": "m1.large",
                            "force_delete": "false",
                            "id": "3b6d166e-c283-41c0-ab7e-a33c8a5b5905",
                            "image_id": "f0bf4431-bb9a-45b3-a23e-823a96682394",
                            "image_name": "generic-centos7-v31-j4-edc5aa3dc22c-master",
                            "key_pair": "cloud2",
                            "name": "apollo.internal.galaxyproject.eu",
                            "network.#": "1",
                            "network.0.access_network": "false",
                            "network.0.fixed_ip_v4": "10.5.68.20",
                            "network.0.fixed_ip_v6": "",
                            "network.0.floating_ip": "",
                            "network.0.mac": "fa:16:3e:23:41:61",
                            "network.0.name": "bioinf",
                            "network.0.port": "",
                            "network.0.uuid": "afca9459-0eb1-4d67-999f-b07bf3bc99c5",
                            "power_state": "active",
                            "region": "Freiburg",
                            "security_groups.#": "4",
                            "security_groups.1024925103": "ufr-ssh",
                            "security_groups.2162032504": "egress",
                            "security_groups.3717909635": "public-ping",
                            "security_groups.4276348713": "public-web2",
                            "stop_before_destroy": "false"
                        },
                        "meta": {
                            "e2bfb730-ecaa-11e6-8f88-34363bc7c4c0": {
                                "create": 1800000000000,
                                "delete": 1800000000000,
                                "update": 1800000000000
                            }
                        },
                        "tainted": false
                    },
                    "deposed": [],
                    "provider": "provider.openstack"
                },
                "openstack_compute_instance_v2.bioconda-utils": {
                    "type": "openstack_compute_instance_v2",
                    "depends_on": [],
                    "primary": {
                        "id": "78ae43b1-2083-4dc4-a3d3-544d3bd2a171",
                        "attributes": {
                            "access_ip_v4": "192.52.33.31",
                            "access_ip_v6": "",
                            "all_metadata.%": "1",
                            "all_metadata.poweroff": "19_12_12_ceph_maintenance",
                            "availability_zone": "nova",
                            "flavor_id": "36c48d98-dfa6-428f-b4f5-e1803cb9500b",
                            "flavor_name": "m1.medium",
                            "force_delete": "false",
                            "id": "78ae43b1-2083-4dc4-a3d3-544d3bd2a171",
                            "image_id": "dad2b000-ec07-4e86-90aa-fb5b6f752325",
                            "image_name": "Ubuntu 18.04",
                            "key_pair": "bioconda-utils",
                            "name": "bioconda-utils.galaxyproject.eu",
                            "network.#": "1",
                            "network.0.access_network": "false",
                            "network.0.fixed_ip_v4": "192.52.33.31",
                            "network.0.fixed_ip_v6": "",
                            "network.0.floating_ip": "",
                            "network.0.mac": "fa:16:3e:c8:af:1e",
                            "network.0.name": "public",
                            "network.0.port": "",
                            "network.0.uuid": "6a68b40c-356f-4d4c-95e9-e5c72855fb35",
                            "power_state": "active",
                            "region": "Freiburg",
                            "security_groups.#": "4",
                            "security_groups.2162032504": "egress",
                            "security_groups.3285375897": "public-ssh",
                            "security_groups.3717909635": "public-ping",
                            "security_groups.4276348713": "public-web2",
                            "stop_before_destroy": "false"
                        },
                        "meta": {
                            "e2bfb730-ecaa-11e6-8f88-34363bc7c4c0": {
                                "create": 1800000000000,
                                "delete": 1800000000000,
                                "update": 1800000000000
                            }
                        },
                        "tainted": false
                    },
                    "deposed": [],
                    "provider": "provider.openstack"
                },
                "openstack_compute_instance_v2.cvmfs-stratum0": {
                    "type": "openstack_compute_instance_v2",
                    "depends_on": [],
                    "primary": {
                        "id": "3cd91ee2-3c2c-4a66-acdf-d7b4c4226f88",
                        "attributes": {
                            "access_ip_v4": "192.52.33.173",
                            "access_ip_v6": "",
                            "all_metadata.%": "1",
                            "all_metadata.poweroff": "2020_02_18_openstack_upgrade_train",
                            "availability_zone": "nova",
                            "flavor_id": "df32eb30-c79d-41e7-87d7-1996cb3cbc70",
                            "flavor_name": "m1.small",
                            "force_delete": "false",
                            "id": "3cd91ee2-3c2c-4a66-acdf-d7b4c4226f88",
                            "image_id": "60de3fa3-d178-49d2-ba39-2fc6671eee89",
                            "image_name": "generic-centos7-v31-j18-2deef7cb2572-master",
                            "key_pair": "cloud2",
                            "name": "cvmfs0.galaxyproject.eu",
                            "network.#": "1",
                            "network.0.access_network": "false",
                            "network.0.fixed_ip_v4": "192.52.33.173",
                            "network.0.fixed_ip_v6": "",
                            "network.0.floating_ip": "",
                            "network.0.mac": "fa:16:3e:e0:e9:05",
                            "network.0.name": "public",
                            "network.0.port": "",
                            "network.0.uuid": "6a68b40c-356f-4d4c-95e9-e5c72855fb35",
                            "power_state": "active",
                            "region": "Freiburg",
                            "security_groups.#": "4",
                            "security_groups.2162032504": "egress",
                            "security_groups.3285375897": "public-ssh",
                            "security_groups.3717909635": "public-ping",
                            "security_groups.4276348713": "public-web2",
                            "stop_before_destroy": "false"
                        },
                        "meta": {
                            "e2bfb730-ecaa-11e6-8f88-34363bc7c4c0": {
                                "create": 1800000000000,
                                "delete": 1800000000000,
                                "update": 1800000000000
                            }
                        },
                        "tainted": false
                    },
                    "deposed": [],
                    "provider": "provider.openstack"
                },
                "openstack_compute_instance_v2.cvmfs1-ufr0-usegalaxy": {
                    "type": "openstack_compute_instance_v2",
                    "depends_on": [],
                    "primary": {
                        "id": "e475cadd-c3bc-4639-af0f-918cf4798564",
                        "attributes": {
                            "access_ip_v4": "10.5.68.209",
                            "access_ip_v6": "",
                            "all_metadata.%": "1",
                            "all_metadata.poweroff": "2020_02_18_openstack_upgrade_train",
                            "availability_zone": "nova",
                            "flavor_id": "df32eb30-c79d-41e7-87d7-1996cb3cbc70",
                            "flavor_name": "m1.small",
                            "force_delete": "false",
                            "id": "e475cadd-c3bc-4639-af0f-918cf4798564",
                            "image_id": "60de3fa3-d178-49d2-ba39-2fc6671eee89",
                            "image_name": "generic-centos7-v31-j18-2deef7cb2572-master",
                            "key_pair": "cloud2",
                            "name": "cvmfs1-ufr0.galaxyproject.eu",
                            "network.#": "1",
                            "network.0.access_network": "false",
                            "network.0.fixed_ip_v4": "10.5.68.209",
                            "network.0.fixed_ip_v6": "",
                            "network.0.floating_ip": "",
                            "network.0.mac": "fa:16:3e:3d:d3:db",
                            "network.0.name": "bioinf",
                            "network.0.port": "",
                            "network.0.uuid": "afca9459-0eb1-4d67-999f-b07bf3bc99c5",
                            "power_state": "active",
                            "region": "Freiburg",
                            "security_groups.#": "4",
                            "security_groups.1024925103": "ufr-ssh",
                            "security_groups.2162032504": "egress",
                            "security_groups.3717909635": "public-ping",
                            "security_groups.4276348713": "public-web2",
                            "stop_before_destroy": "false"
                        },
                        "meta": {
                            "e2bfb730-ecaa-11e6-8f88-34363bc7c4c0": {
                                "create": 1800000000000,
                                "delete": 1800000000000,
                                "update": 1800000000000
                            }
                        },
                        "tainted": false
                    },
                    "deposed": [],
                    "provider": "provider.openstack"
                },
                "openstack_compute_instance_v2.docker-host": {
                    "type": "openstack_compute_instance_v2",
                    "depends_on": [],
                    "primary": {
                        "id": "0b1fd682-1f7e-454a-8340-ac7df2251eee",
                        "attributes": {
                            "access_ip_v4": "192.52.33.221",
                            "access_ip_v6": "",
                            "all_metadata.%": "1",
                            "all_metadata.poweroff": "2020_02_18_openstack_upgrade_train",
                            "availability_zone": "nova",
                            "flavor_id": "3043b007-5ed1-4785-9cd8-0ed18aad283f",
                            "flavor_name": "m1.xxlarge",
                            "force_delete": "false",
                            "id": "0b1fd682-1f7e-454a-8340-ac7df2251eee",
                            "image_id": "60de3fa3-d178-49d2-ba39-2fc6671eee89",
                            "image_name": "generic-centos7-v31-j18-2deef7cb2572-master",
                            "key_pair": "cloud2",
                            "name": "docker.galaxyproject.eu",
                            "network.#": "1",
                            "network.0.access_network": "false",
                            "network.0.fixed_ip_v4": "192.52.33.221",
                            "network.0.fixed_ip_v6": "",
                            "network.0.floating_ip": "",
                            "network.0.mac": "fa:16:3e:19:9d:be",
                            "network.0.name": "public",
                            "network.0.port": "",
                            "network.0.uuid": "6a68b40c-356f-4d4c-95e9-e5c72855fb35",
                            "power_state": "active",
                            "region": "Freiburg",
                            "security_groups.#": "1",
                            "security_groups.1001664029": "public",
                            "stop_before_destroy": "false"
                        },
                        "meta": {
                            "e2bfb730-ecaa-11e6-8f88-34363bc7c4c0": {
                                "create": 1800000000000,
                                "delete": 1800000000000,
                                "update": 1800000000000
                            }
                        },
                        "tainted": false
                    },
                    "deposed": [],
                    "provider": "provider.openstack"
                },
                "openstack_compute_instance_v2.ftp": {
                    "type": "openstack_compute_instance_v2",
                    "depends_on": [],
                    "primary": {
                        "id": "d7fd6975-575c-4f2d-a03c-568c5a251ef1",
                        "attributes": {
                            "access_ip_v4": "10.5.68.9",
                            "access_ip_v6": "",
                            "all_metadata.%": "1",
                            "all_metadata.poweroff": "2020_02_18_openstack_upgrade_train",
                            "availability_zone": "nova",
                            "flavor_id": "df32eb30-c79d-41e7-87d7-1996cb3cbc70",
                            "flavor_name": "m1.small",
                            "force_delete": "false",
                            "id": "d7fd6975-575c-4f2d-a03c-568c5a251ef1",
                            "image_id": "60de3fa3-d178-49d2-ba39-2fc6671eee89",
                            "image_name": "generic-centos7-v31-j18-2deef7cb2572-master",
                            "key_pair": "cloud2",
                            "name": "ftp.usegalaxy.eu",
                            "network.#": "1",
                            "network.0.access_network": "false",
                            "network.0.fixed_ip_v4": "10.5.68.9",
                            "network.0.fixed_ip_v6": "",
                            "network.0.floating_ip": "",
                            "network.0.mac": "fa:16:3e:6b:75:5e",
                            "network.0.name": "bioinf",
                            "network.0.port": "",
                            "network.0.uuid": "afca9459-0eb1-4d67-999f-b07bf3bc99c5",
                            "power_state": "active",
                            "region": "Freiburg",
                            "security_groups.#": "2",
                            "security_groups.1001664029": "public",
                            "security_groups.2162032504": "egress",
                            "stop_before_destroy": "false"
                        },
                        "meta": {
                            "e2bfb730-ecaa-11e6-8f88-34363bc7c4c0": {
                                "create": 1800000000000,
                                "delete": 1800000000000,
                                "update": 1800000000000
                            }
                        },
                        "tainted": false
                    },
                    "deposed": [],
                    "provider": "provider.openstack"
                },
                "openstack_compute_instance_v2.hicbrowser": {
                    "type": "openstack_compute_instance_v2",
                    "depends_on": [],
                    "primary": {
                        "id": "66a87719-9521-426f-b9a1-c8fe41afac54",
                        "attributes": {
                            "access_ip_v4": "192.52.32.160",
                            "access_ip_v6": "",
                            "all_metadata.%": "1",
                            "all_metadata.poweroff": "2020_02_18_openstack_upgrade_train",
                            "availability_zone": "nova",
                            "flavor_id": "3043b007-5ed1-4785-9cd8-0ed18aad283f",
                            "flavor_name": "m1.xxlarge",
                            "force_delete": "false",
                            "id": "66a87719-9521-426f-b9a1-c8fe41afac54",
                            "image_id": "f0bf4431-bb9a-45b3-a23e-823a96682394",
                            "image_name": "generic-centos7-v31-j4-edc5aa3dc22c-master",
                            "key_pair": "cloud2",
                            "name": "HiCBrowser AG Hein II",
                            "network.#": "1",
                            "network.0.access_network": "false",
                            "network.0.fixed_ip_v4": "192.52.32.160",
                            "network.0.fixed_ip_v6": "",
                            "network.0.floating_ip": "",
                            "network.0.mac": "fa:16:3e:80:cb:3e",
                            "network.0.name": "public",
                            "network.0.port": "",
                            "network.0.uuid": "6a68b40c-356f-4d4c-95e9-e5c72855fb35",
                            "power_state": "active",
                            "region": "Freiburg",
                            "security_groups.#": "4",
                            "security_groups.2162032504": "egress",
                            "security_groups.3285375897": "public-ssh",
                            "security_groups.3361827857": "hicbrowser",
                            "security_groups.3717909635": "public-ping",
                            "stop_before_destroy": "false"
                        },
                        "meta": {
                            "e2bfb730-ecaa-11e6-8f88-34363bc7c4c0": {
                                "create": 1800000000000,
                                "delete": 1800000000000,
                                "update": 1800000000000
                            }
                        },
                        "tainted": false
                    },
                    "deposed": [],
                    "provider": "provider.openstack"
                },
                "openstack_compute_instance_v2.influxdb-usegalaxy": {
                    "type": "openstack_compute_instance_v2",
                    "depends_on": [],
                    "primary": {
                        "id": "4e3103f0-ff44-4e41-a321-7d7d4764dade",
                        "attributes": {
                            "access_ip_v4": "192.52.32.34",
                            "access_ip_v6": "",
                            "all_metadata.%": "1",
                            "all_metadata.poweroff": "2020_02_18_openstack_upgrade_train",
                            "availability_zone": "nova",
                            "flavor_id": "b106b327-7d6e-4f88-825d-11145eb25ad7",
                            "flavor_name": "m1.large",
                            "force_delete": "false",
                            "id": "4e3103f0-ff44-4e41-a321-7d7d4764dade",
                            "image_id": "f0bf4431-bb9a-45b3-a23e-823a96682394",
                            "image_name": "generic-centos7-v31-j4-edc5aa3dc22c-master",
                            "key_pair": "cloud2",
                            "name": "influxdb.galaxyproject.eu",
                            "network.#": "1",
                            "network.0.access_network": "false",
                            "network.0.fixed_ip_v4": "192.52.32.34",
                            "network.0.fixed_ip_v6": "",
                            "network.0.floating_ip": "",
                            "network.0.mac": "fa:16:3e:33:7a:5c",
                            "network.0.name": "public",
                            "network.0.port": "",
                            "network.0.uuid": "6a68b40c-356f-4d4c-95e9-e5c72855fb35",
                            "power_state": "active",
                            "region": "Freiburg",
                            "security_groups.#": "5",
                            "security_groups.1024925103": "ufr-ssh",
                            "security_groups.2162032504": "egress",
                            "security_groups.2888762743": "public-influxdb",
                            "security_groups.3717909635": "public-ping",
                            "security_groups.4276348713": "public-web2",
                            "stop_before_destroy": "false"
                        },
                        "meta": {
                            "e2bfb730-ecaa-11e6-8f88-34363bc7c4c0": {
                                "create": 1800000000000,
                                "delete": 1800000000000,
                                "update": 1800000000000
                            }
                        },
                        "tainted": false
                    },
                    "deposed": [],
                    "provider": "provider.openstack"
                },
                "openstack_compute_instance_v2.jenkins-workers-gold": {
                    "type": "openstack_compute_instance_v2",
                    "depends_on": [],
                    "primary": {
                        "id": "12fc27b7-f5f5-4b14-9561-debd80f42960",
                        "attributes": {
                            "access_ip_v4": "192.52.33.150",
                            "access_ip_v6": "",
                            "all_metadata.%": "1",
                            "all_metadata.poweroff": "2020_02_18_openstack_upgrade_train",
                            "availability_zone": "nova",
                            "flavor_id": "21bed2e4-ef48-4584-88a2-977ea9ad20a4",
                            "flavor_name": "m1.xlarge",
                            "force_delete": "false",
                            "id": "12fc27b7-f5f5-4b14-9561-debd80f42960",
                            "image_id": "e66311e4-bfd7-4ad0-82de-4ed8062d1f50",
                            "image_name": "jenkins-worker-j52-63ca7a6c7a15-master",
                            "key_pair": "jenkins2",
                            "name": "worker-0.gold.build.galaxyproject.eu",
                            "network.#": "1",
                            "network.0.access_network": "false",
                            "network.0.fixed_ip_v4": "192.52.33.150",
                            "network.0.fixed_ip_v6": "",
                            "network.0.floating_ip": "",
                            "network.0.mac": "fa:16:3e:31:36:11",
                            "network.0.name": "public",
                            "network.0.port": "",
                            "network.0.uuid": "6a68b40c-356f-4d4c-95e9-e5c72855fb35",
                            "power_state": "active",
                            "region": "Freiburg",
                            "security_groups.#": "1",
                            "security_groups.1001664029": "public",
                            "stop_before_destroy": "false",
                            "user_data": "deb6d5964a8f2909fc8b1bb47836b4bcfc3b4751"
                        },
                        "meta": {
                            "e2bfb730-ecaa-11e6-8f88-34363bc7c4c0": {
                                "create": 1800000000000,
                                "delete": 1800000000000,
                                "update": 1800000000000
                            }
                        },
                        "tainted": false
                    },
                    "deposed": [],
                    "provider": "provider.openstack"
                },
                "openstack_compute_instance_v2.jenkins-workers-internal": {
                    "type": "openstack_compute_instance_v2",
                    "depends_on": [],
                    "primary": {
                        "id": "ebe08909-c82c-45c6-a86c-c9b421fe9fa4",
                        "attributes": {
                            "access_ip_v4": "132.230.223.22",
                            "access_ip_v6": "",
                            "all_metadata.%": "1",
                            "all_metadata.poweroff": "2020_02_18_openstack_upgrade_train",
                            "availability_zone": "nova",
                            "flavor_id": "21bed2e4-ef48-4584-88a2-977ea9ad20a4",
                            "flavor_name": "m1.xlarge",
                            "force_delete": "false",
                            "id": "ebe08909-c82c-45c6-a86c-c9b421fe9fa4",
                            "image_id": "e66311e4-bfd7-4ad0-82de-4ed8062d1f50",
                            "image_name": "jenkins-worker-j52-63ca7a6c7a15-master",
                            "key_pair": "jenkins2",
                            "name": "worker-internal-0.build.galaxyproject.eu",
                            "network.#": "1",
                            "network.0.access_network": "false",
                            "network.0.fixed_ip_v4": "132.230.223.22",
                            "network.0.fixed_ip_v6": "",
                            "network.0.floating_ip": "",
                            "network.0.mac": "fa:16:3e:80:64:ce",
                            "network.0.name": "public-extended",
                            "network.0.port": "",
                            "network.0.uuid": "f76e9bc0-abbc-44ef-a9fc-7fa388d4c677",
                            "power_state": "active",
                            "region": "Freiburg",
                            "security_groups.#": "1",
                            "security_groups.1001664029": "public",
                            "stop_before_destroy": "false"
                        },
                        "meta": {
                            "e2bfb730-ecaa-11e6-8f88-34363bc7c4c0": {
                                "create": 1800000000000,
                                "delete": 1800000000000,
                                "update": 1800000000000
                            }
                        },
                        "tainted": false
                    },
                    "deposed": [],
                    "provider": "provider.openstack"
                },
                "openstack_compute_instance_v2.jenkins-workers-org.0": {
                    "type": "openstack_compute_instance_v2",
                    "depends_on": [],
                    "primary": {
                        "id": "42593c37-af04-496a-8322-76c7f10ceee4",
                        "attributes": {
                            "access_ip_v4": "192.52.34.148",
                            "access_ip_v6": "",
                            "all_metadata.%": "1",
                            "all_metadata.poweroff": "2020_02_18_openstack_upgrade_train",
                            "availability_zone": "nova",
                            "flavor_id": "3043b007-5ed1-4785-9cd8-0ed18aad283f",
                            "flavor_name": "m1.xxlarge",
                            "force_delete": "false",
                            "id": "42593c37-af04-496a-8322-76c7f10ceee4",
                            "image_id": "dad2b000-ec07-4e86-90aa-fb5b6f752325",
                            "image_name": "Ubuntu 18.04",
                            "key_pair": "build-usegalaxy-org",
                            "name": "n0.galaxyproject.org",
                            "network.#": "1",
                            "network.0.access_network": "false",
                            "network.0.fixed_ip_v4": "192.52.34.148",
                            "network.0.fixed_ip_v6": "",
                            "network.0.floating_ip": "",
                            "network.0.mac": "fa:16:3e:9f:14:e6",
                            "network.0.name": "public",
                            "network.0.port": "",
                            "network.0.uuid": "6a68b40c-356f-4d4c-95e9-e5c72855fb35",
                            "power_state": "active",
                            "region": "Freiburg",
                            "security_groups.#": "1",
                            "security_groups.1001664029": "public",
                            "stop_before_destroy": "false"
                        },
                        "meta": {
                            "e2bfb730-ecaa-11e6-8f88-34363bc7c4c0": {
                                "create": 1800000000000,
                                "delete": 1800000000000,
                                "update": 1800000000000
                            }
                        },
                        "tainted": false
                    },
                    "deposed": [],
                    "provider": "provider.openstack"
                },
                "openstack_compute_instance_v2.jenkins-workers-org.1": {
                    "type": "openstack_compute_instance_v2",
                    "depends_on": [],
                    "primary": {
                        "id": "44ea3b4d-04f2-4e77-9cb1-0f05f1b26143",
                        "attributes": {
                            "access_ip_v4": "192.52.34.191",
                            "access_ip_v6": "",
                            "all_metadata.%": "1",
                            "all_metadata.poweroff": "2020_02_18_openstack_upgrade_train",
                            "availability_zone": "nova",
                            "flavor_id": "3043b007-5ed1-4785-9cd8-0ed18aad283f",
                            "flavor_name": "m1.xxlarge",
                            "force_delete": "false",
                            "id": "44ea3b4d-04f2-4e77-9cb1-0f05f1b26143",
                            "image_id": "dad2b000-ec07-4e86-90aa-fb5b6f752325",
                            "image_name": "Ubuntu 18.04",
                            "key_pair": "build-usegalaxy-org",
                            "name": "n1.galaxyproject.org",
                            "network.#": "1",
                            "network.0.access_network": "false",
                            "network.0.fixed_ip_v4": "192.52.34.191",
                            "network.0.fixed_ip_v6": "",
                            "network.0.floating_ip": "",
                            "network.0.mac": "fa:16:3e:d5:f2:a2",
                            "network.0.name": "public",
                            "network.0.port": "",
                            "network.0.uuid": "6a68b40c-356f-4d4c-95e9-e5c72855fb35",
                            "power_state": "active",
                            "region": "Freiburg",
                            "security_groups.#": "1",
                            "security_groups.1001664029": "public",
                            "stop_before_destroy": "false"
                        },
                        "meta": {
                            "e2bfb730-ecaa-11e6-8f88-34363bc7c4c0": {
                                "create": 1800000000000,
                                "delete": 1800000000000,
                                "update": 1800000000000
                            }
                        },
                        "tainted": false
                    },
                    "deposed": [],
                    "provider": "provider.openstack"
                },
                "openstack_compute_instance_v2.jenkins-workers-silver": {
                    "type": "openstack_compute_instance_v2",
                    "depends_on": [],
                    "primary": {
                        "id": "ea5f98aa-9e4a-43b0-8a49-7169a2340ffd",
                        "attributes": {
                            "access_ip_v4": "192.52.35.36",
                            "access_ip_v6": "",
                            "all_metadata.%": "1",
                            "all_metadata.poweroff": "2020_02_18_openstack_upgrade_train",
                            "availability_zone": "nova",
                            "flavor_id": "21bed2e4-ef48-4584-88a2-977ea9ad20a4",
                            "flavor_name": "m1.xlarge",
                            "force_delete": "false",
                            "id": "ea5f98aa-9e4a-43b0-8a49-7169a2340ffd",
                            "image_id": "e66311e4-bfd7-4ad0-82de-4ed8062d1f50",
                            "image_name": "jenkins-worker-j52-63ca7a6c7a15-master",
                            "key_pair": "jenkins2",
                            "name": "worker-0.silver.build.galaxyproject.eu",
                            "network.#": "1",
                            "network.0.access_network": "false",
                            "network.0.fixed_ip_v4": "192.52.35.36",
                            "network.0.fixed_ip_v6": "",
                            "network.0.floating_ip": "",
                            "network.0.mac": "fa:16:3e:16:5c:8e",
                            "network.0.name": "public",
                            "network.0.port": "",
                            "network.0.uuid": "6a68b40c-356f-4d4c-95e9-e5c72855fb35",
                            "power_state": "active",
                            "region": "Freiburg",
                            "security_groups.#": "1",
                            "security_groups.1001664029": "public",
                            "stop_before_destroy": "false",
                            "user_data": "deb6d5964a8f2909fc8b1bb47836b4bcfc3b4751"
                        },
                        "meta": {
                            "e2bfb730-ecaa-11e6-8f88-34363bc7c4c0": {
                                "create": 1800000000000,
                                "delete": 1800000000000,
                                "update": 1800000000000
                            }
                        },
                        "tainted": false
                    },
                    "deposed": [],
                    "provider": "provider.openstack"
                },
                "openstack_compute_instance_v2.nfs-server": {
                    "type": "openstack_compute_instance_v2",
                    "depends_on": [],
                    "primary": {
                        "id": "eb1c5255-6697-4959-bd15-7f658dc108e4",
                        "attributes": {
                            "access_ip_v4": "10.5.68.72",
                            "access_ip_v6": "",
                            "all_metadata.%": "1",
                            "all_metadata.poweroff": "2020_02_18_openstack_upgrade_train",
                            "availability_zone": "nova",
                            "flavor_id": "1308297d-d1c4-442f-b89f-c32e769de348",
                            "flavor_name": "test_qos_free",
                            "force_delete": "false",
                            "id": "eb1c5255-6697-4959-bd15-7f658dc108e4",
                            "image_id": "60de3fa3-d178-49d2-ba39-2fc6671eee89",
                            "image_name": "generic-centos7-v31-j18-2deef7cb2572-master",
                            "key_pair": "cloud2",
                            "name": "job-working-dir.internal.galaxyproject.eu",
                            "network.#": "1",
                            "network.0.access_network": "false",
                            "network.0.fixed_ip_v4": "10.5.68.72",
                            "network.0.fixed_ip_v6": "",
                            "network.0.floating_ip": "",
                            "network.0.mac": "fa:16:3e:31:a8:0d",
                            "network.0.name": "bioinf",
                            "network.0.port": "",
                            "network.0.uuid": "afca9459-0eb1-4d67-999f-b07bf3bc99c5",
                            "power_state": "active",
                            "region": "Freiburg",
                            "security_groups.#": "1",
                            "security_groups.1001664029": "public",
                            "stop_before_destroy": "false"
                        },
                        "meta": {
                            "e2bfb730-ecaa-11e6-8f88-34363bc7c4c0": {
                                "create": 1800000000000,
                                "delete": 1800000000000,
                                "update": 1800000000000
                            }
                        },
                        "tainted": false
                    },
                    "deposed": [],
                    "provider": "provider.openstack"
                },
                "openstack_compute_instance_v2.proxy-internal": {
                    "type": "openstack_compute_instance_v2",
                    "depends_on": [],
                    "primary": {
                        "id": "a650df3d-def6-4ee4-92e8-eefd079c5f84",
                        "attributes": {
                            "access_ip_v4": "132.230.223.13",
                            "access_ip_v6": "",
                            "all_metadata.%": "1",
                            "all_metadata.poweroff": "2020_02_18_openstack_upgrade_train",
                            "availability_zone": "nova",
                            "flavor_id": "df32eb30-c79d-41e7-87d7-1996cb3cbc70",
                            "flavor_name": "m1.small",
                            "force_delete": "false",
                            "id": "a650df3d-def6-4ee4-92e8-eefd079c5f84",
                            "image_id": "f0bf4431-bb9a-45b3-a23e-823a96682394",
                            "image_name": "generic-centos7-v31-j4-edc5aa3dc22c-master",
                            "key_pair": "cloud2",
                            "name": "proxy.internal.galaxyproject.eu",
                            "network.#": "1",
                            "network.0.access_network": "false",
                            "network.0.fixed_ip_v4": "132.230.223.13",
                            "network.0.fixed_ip_v6": "",
                            "network.0.floating_ip": "",
                            "network.0.mac": "fa:16:3e:fd:8a:82",
                            "network.0.name": "public-extended",
                            "network.0.port": "",
                            "network.0.uuid": "f76e9bc0-abbc-44ef-a9fc-7fa388d4c677",
                            "power_state": "active",
                            "region": "Freiburg",
                            "security_groups.#": "5",
                            "security_groups.2092949500": "public-amqp",
                            "security_groups.2162032504": "egress",
                            "security_groups.3285375897": "public-ssh",
                            "security_groups.3717909635": "public-ping",
                            "security_groups.4276348713": "public-web2",
                            "stop_before_destroy": "false"
                        },
                        "meta": {
                            "e2bfb730-ecaa-11e6-8f88-34363bc7c4c0": {
                                "create": 1800000000000,
                                "delete": 1800000000000,
                                "update": 1800000000000
                            }
                        },
                        "tainted": false
                    },
                    "deposed": [],
                    "provider": "provider.openstack"
                },
                "openstack_compute_instance_v2.sentry-usegalaxy": {
                    "type": "openstack_compute_instance_v2",
                    "depends_on": [
                        "data.openstack_images_image_v2.centos-image",
                        "openstack_blockstorage_volume_v2.sentry_volume_data"
                    ],
                    "primary": {
                        "id": "5ae015c6-f5c4-4e8b-9d69-c3d9ca189a44",
                        "attributes": {
                            "access_ip_v4": "192.52.34.70",
                            "access_ip_v6": "",
                            "all_metadata.%": "1",
                            "all_metadata.poweroff": "2020_02_18_openstack_upgrade_train",
                            "availability_zone": "nova",
                            "block_device.#": "2",
                            "block_device.0.boot_index": "0",
                            "block_device.0.delete_on_termination": "true",
                            "block_device.0.destination_type": "local",
                            "block_device.0.device_type": "",
                            "block_device.0.disk_bus": "",
                            "block_device.0.guest_format": "",
                            "block_device.0.source_type": "image",
                            "block_device.0.uuid": "f0bf4431-bb9a-45b3-a23e-823a96682394",
                            "block_device.0.volume_size": "0",
                            "block_device.1.boot_index": "-1",
                            "block_device.1.delete_on_termination": "true",
                            "block_device.1.destination_type": "volume",
                            "block_device.1.device_type": "",
                            "block_device.1.disk_bus": "",
                            "block_device.1.guest_format": "",
                            "block_device.1.source_type": "volume",
                            "block_device.1.uuid": "7405447d-375b-4d7d-9f3b-75bdb0a9ca53",
                            "block_device.1.volume_size": "0",
                            "flavor_id": "df32eb30-c79d-41e7-87d7-1996cb3cbc70",
                            "flavor_name": "m1.small",
                            "force_delete": "false",
                            "id": "5ae015c6-f5c4-4e8b-9d69-c3d9ca189a44",
                            "image_id": "f0bf4431-bb9a-45b3-a23e-823a96682394",
                            "image_name": "generic-centos7-v31-j4-edc5aa3dc22c-master",
                            "key_pair": "cloud2",
                            "name": "sentry.galaxyproject.eu",
                            "network.#": "1",
                            "network.0.access_network": "false",
                            "network.0.fixed_ip_v4": "192.52.34.70",
                            "network.0.fixed_ip_v6": "",
                            "network.0.floating_ip": "",
                            "network.0.mac": "fa:16:3e:e8:c3:c1",
                            "network.0.name": "public",
                            "network.0.port": "",
                            "network.0.uuid": "6a68b40c-356f-4d4c-95e9-e5c72855fb35",
                            "power_state": "active",
                            "region": "Freiburg",
                            "security_groups.#": "4",
                            "security_groups.1024925103": "ufr-ssh",
                            "security_groups.2162032504": "egress",
                            "security_groups.3717909635": "public-ping",
                            "security_groups.4276348713": "public-web2",
                            "stop_before_destroy": "false",
                            "user_data": "8dd3c19d7539ddfbc0df760f4ea05126097708f0"
                        },
                        "meta": {
                            "e2bfb730-ecaa-11e6-8f88-34363bc7c4c0": {
                                "create": 1800000000000,
                                "delete": 1800000000000,
                                "update": 1800000000000
                            }
                        },
                        "tainted": false
                    },
                    "deposed": [],
                    "provider": "provider.openstack"
                },
                "openstack_compute_instance_v2.stats-usegalaxy": {
                    "type": "openstack_compute_instance_v2",
                    "depends_on": [],
                    "primary": {
                        "id": "d5855c69-b8e2-4f8d-820e-78054163cfa1",
                        "attributes": {
                            "access_ip_v4": "192.52.32.138",
                            "access_ip_v6": "",
                            "all_metadata.%": "1",
                            "all_metadata.poweroff": "2020_02_18_openstack_upgrade_train",
                            "availability_zone": "nova",
                            "flavor_id": "df32eb30-c79d-41e7-87d7-1996cb3cbc70",
                            "flavor_name": "m1.small",
                            "force_delete": "false",
                            "id": "d5855c69-b8e2-4f8d-820e-78054163cfa1",
                            "image_id": "f0bf4431-bb9a-45b3-a23e-823a96682394",
                            "image_name": "generic-centos7-v31-j4-edc5aa3dc22c-master",
                            "key_pair": "cloud2",
                            "name": "stats.galaxyproject.eu",
                            "network.#": "1",
                            "network.0.access_network": "false",
                            "network.0.fixed_ip_v4": "192.52.32.138",
                            "network.0.fixed_ip_v6": "",
                            "network.0.floating_ip": "",
                            "network.0.mac": "fa:16:3e:84:33:de",
                            "network.0.name": "public",
                            "network.0.port": "",
                            "network.0.uuid": "6a68b40c-356f-4d4c-95e9-e5c72855fb35",
                            "power_state": "active",
                            "region": "Freiburg",
                            "security_groups.#": "4",
                            "security_groups.2162032504": "egress",
                            "security_groups.3285375897": "public-ssh",
                            "security_groups.3717909635": "public-ping",
                            "security_groups.4276348713": "public-web2",
                            "stop_before_destroy": "false"
                        },
                        "meta": {
                            "e2bfb730-ecaa-11e6-8f88-34363bc7c4c0": {
                                "create": 1800000000000,
                                "delete": 1800000000000,
                                "update": 1800000000000
                            }
                        },
                        "tainted": false
                    },
                    "deposed": [],
                    "provider": "provider.openstack"
                },
                "openstack_compute_instance_v2.telescope": {
                    "type": "openstack_compute_instance_v2",
                    "depends_on": [],
                    "primary": {
                        "id": "1d5bef44-20ae-4567-b58c-1b15c4d6a82c",
                        "attributes": {
                            "access_ip_v4": "10.5.68.42",
                            "access_ip_v6": "",
                            "all_metadata.%": "1",
                            "all_metadata.poweroff": "2020_02_18_openstack_upgrade_train",
                            "availability_zone": "nova",
                            "flavor_id": "a9a58bcf-29a3-47f4-b4c3-e71e40127833",
                            "flavor_name": "m1.tiny",
                            "force_delete": "false",
                            "id": "1d5bef44-20ae-4567-b58c-1b15c4d6a82c",
                            "image_id": "f0bf4431-bb9a-45b3-a23e-823a96682394",
                            "image_name": "generic-centos7-v31-j4-edc5aa3dc22c-master",
                            "key_pair": "cloud2",
                            "name": "telescope.galaxyproject.eu",
                            "network.#": "1",
                            "network.0.access_network": "false",
                            "network.0.fixed_ip_v4": "10.5.68.42",
                            "network.0.fixed_ip_v6": "",
                            "network.0.floating_ip": "",
                            "network.0.mac": "fa:16:3e:e4:0f:ae",
                            "network.0.name": "bioinf",
                            "network.0.port": "",
                            "network.0.uuid": "afca9459-0eb1-4d67-999f-b07bf3bc99c5",
                            "power_state": "active",
                            "region": "Freiburg",
                            "security_groups.#": "4",
                            "security_groups.2162032504": "egress",
                            "security_groups.3285375897": "public-ssh",
                            "security_groups.3717909635": "public-ping",
                            "security_groups.4276348713": "public-web2",
                            "stop_before_destroy": "false"
                        },
                        "meta": {
                            "e2bfb730-ecaa-11e6-8f88-34363bc7c4c0": {
                                "create": 1800000000000,
                                "delete": 1800000000000,
                                "update": 1800000000000
                            }
                        },
                        "tainted": false
                    },
                    "deposed": [],
                    "provider": "provider.openstack"
                },
                "openstack_compute_instance_v2.test-galaxy": {
                    "type": "openstack_compute_instance_v2",
                    "depends_on": [],
                    "primary": {
                        "id": "43afbf0a-e6b2-4678-8e77-39d9b1dfbe45",
                        "attributes": {
                            "access_ip_v4": "10.5.68.202",
                            "access_ip_v6": "",
                            "all_metadata.%": "1",
                            "all_metadata.poweroff": "19_12_12_ceph_maintenance",
                            "availability_zone": "nova",
                            "flavor_id": "b106b327-7d6e-4f88-825d-11145eb25ad7",
                            "flavor_name": "m1.large",
                            "force_delete": "false",
                            "id": "43afbf0a-e6b2-4678-8e77-39d9b1dfbe45",
                            "image_id": "60de3fa3-d178-49d2-ba39-2fc6671eee89",
                            "image_name": "generic-centos7-v31-j18-2deef7cb2572-master",
                            "key_pair": "cloud2",
                            "name": "test.internal.usegalaxy.eu",
                            "network.#": "1",
                            "network.0.access_network": "false",
                            "network.0.fixed_ip_v4": "10.5.68.202",
                            "network.0.fixed_ip_v6": "",
                            "network.0.floating_ip": "",
                            "network.0.mac": "fa:16:3e:8c:4d:af",
                            "network.0.name": "bioinf",
                            "network.0.port": "",
                            "network.0.uuid": "afca9459-0eb1-4d67-999f-b07bf3bc99c5",
                            "power_state": "active",
                            "region": "Freiburg",
                            "security_groups.#": "4",
                            "security_groups.2162032504": "egress",
                            "security_groups.3252355216": "ufr-ingress",
                            "security_groups.3717909635": "public-ping",
                            "security_groups.4276348713": "public-web2",
                            "stop_before_destroy": "false"
                        },
                        "meta": {
                            "e2bfb730-ecaa-11e6-8f88-34363bc7c4c0": {
                                "create": 1800000000000,
                                "delete": 1800000000000,
                                "update": 1800000000000
                            }
                        },
                        "tainted": false
                    },
                    "deposed": [],
                    "provider": "provider.openstack"
                },
                "openstack_compute_instance_v2.test01": {
                    "type": "openstack_compute_instance_v2",
                    "depends_on": [],
                    "primary": {
                        "id": "ef4fa326-e776-4980-a290-5b7665d05a71",
                        "attributes": {
                            "access_ip_v4": "192.52.34.185",
                            "access_ip_v6": "",
                            "all_metadata.%": "1",
                            "all_metadata.poweroff": "19_12_12_ceph_maintenance",
                            "availability_zone": "nova",
                            "flavor_id": "b106b327-7d6e-4f88-825d-11145eb25ad7",
                            "flavor_name": "m1.large",
                            "force_delete": "false",
                            "id": "ef4fa326-e776-4980-a290-5b7665d05a71",
                            "image_id": "dad2b000-ec07-4e86-90aa-fb5b6f752325",
                            "image_name": "Ubuntu 18.04",
                            "key_pair": "glx-test",
                            "name": "test01.galaxyproject.eu",
                            "network.#": "1",
                            "network.0.access_network": "false",
                            "network.0.fixed_ip_v4": "192.52.34.185",
                            "network.0.fixed_ip_v6": "",
                            "network.0.floating_ip": "",
                            "network.0.mac": "fa:16:3e:55:72:8c",
                            "network.0.name": "public",
                            "network.0.port": "",
                            "network.0.uuid": "6a68b40c-356f-4d4c-95e9-e5c72855fb35",
                            "power_state": "active",
                            "region": "Freiburg",
                            "security_groups.#": "4",
                            "security_groups.2162032504": "egress",
                            "security_groups.3285375897": "public-ssh",
                            "security_groups.3717909635": "public-ping",
                            "security_groups.4276348713": "public-web2",
                            "stop_before_destroy": "false"
                        },
                        "meta": {
                            "e2bfb730-ecaa-11e6-8f88-34363bc7c4c0": {
                                "create": 1800000000000,
                                "delete": 1800000000000,
                                "update": 1800000000000
                            }
                        },
                        "tainted": false
                    },
                    "deposed": [],
                    "provider": "provider.openstack"
                },
                "openstack_compute_instance_v2.test02": {
                    "type": "openstack_compute_instance_v2",
                    "depends_on": [],
                    "primary": {
                        "id": "58a694b1-875f-43b2-b8a4-29cad7a65e4f",
                        "attributes": {
                            "access_ip_v4": "192.52.32.212",
                            "access_ip_v6": "",
                            "all_metadata.%": "1",
                            "all_metadata.poweroff": "19_12_12_ceph_maintenance",
                            "availability_zone": "nova",
                            "flavor_id": "b106b327-7d6e-4f88-825d-11145eb25ad7",
                            "flavor_name": "m1.large",
                            "force_delete": "false",
                            "id": "58a694b1-875f-43b2-b8a4-29cad7a65e4f",
                            "image_id": "dad2b000-ec07-4e86-90aa-fb5b6f752325",
                            "image_name": "Ubuntu 18.04",
                            "key_pair": "glx-test",
                            "name": "test02.galaxyproject.eu",
                            "network.#": "1",
                            "network.0.access_network": "false",
                            "network.0.fixed_ip_v4": "192.52.32.212",
                            "network.0.fixed_ip_v6": "",
                            "network.0.floating_ip": "",
                            "network.0.mac": "fa:16:3e:62:df:f5",
                            "network.0.name": "public",
                            "network.0.port": "",
                            "network.0.uuid": "6a68b40c-356f-4d4c-95e9-e5c72855fb35",
                            "power_state": "active",
                            "region": "Freiburg",
                            "security_groups.#": "4",
                            "security_groups.2162032504": "egress",
                            "security_groups.3285375897": "public-ssh",
                            "security_groups.3717909635": "public-ping",
                            "security_groups.4276348713": "public-web2",
                            "stop_before_destroy": "false"
                        },
                        "meta": {
                            "e2bfb730-ecaa-11e6-8f88-34363bc7c4c0": {
                                "create": 1800000000000,
                                "delete": 1800000000000,
                                "update": 1800000000000
                            }
                        },
                        "tainted": false
                    },
                    "deposed": [],
                    "provider": "provider.openstack"
                },
                "openstack_compute_instance_v2.training-vm.0": {
                    "type": "openstack_compute_instance_v2",
                    "depends_on": [
                        "random_pet.training-vm.*"
                    ],
                    "primary": {
                        "id": "61dce6cb-4a79-4cd6-81eb-f0cf780ed3be",
                        "attributes": {
                            "access_ip_v4": "192.52.38.80",
                            "access_ip_v6": "",
                            "all_metadata.%": "0",
                            "availability_zone": "nova",
                            "flavor_id": "21bed2e4-ef48-4584-88a2-977ea9ad20a4",
                            "flavor_name": "m1.xlarge",
                            "force_delete": "false",
                            "id": "61dce6cb-4a79-4cd6-81eb-f0cf780ed3be",
                            "image_id": "dad2b000-ec07-4e86-90aa-fb5b6f752325",
                            "image_name": "Ubuntu 18.04",
                            "key_pair": "barcelona2020-training",
                            "name": "gat-0.training.galaxyproject.eu",
                            "network.#": "1",
                            "network.0.access_network": "false",
                            "network.0.fixed_ip_v4": "192.52.38.80",
                            "network.0.fixed_ip_v6": "",
                            "network.0.floating_ip": "",
                            "network.0.mac": "fa:16:3e:d5:9a:c7",
                            "network.0.name": "public",
                            "network.0.port": "",
                            "network.0.uuid": "6a68b40c-356f-4d4c-95e9-e5c72855fb35",
                            "power_state": "active",
                            "region": "Freiburg",
                            "security_groups.#": "4",
                            "security_groups.1001664029": "public",
                            "security_groups.2162032504": "egress",
                            "security_groups.3717909635": "public-ping",
                            "security_groups.4276348713": "public-web2",
                            "stop_before_destroy": "false",
                            "user_data": "ea67fea49e117c7c147b1c573fb743c10c414145"
                        },
                        "meta": {
                            "e2bfb730-ecaa-11e6-8f88-34363bc7c4c0": {
                                "create": 1800000000000,
                                "delete": 1800000000000,
                                "update": 1800000000000
                            }
                        },
                        "tainted": false
                    },
                    "deposed": [],
                    "provider": "provider.openstack"
                },
                "openstack_compute_instance_v2.training-vm.1": {
                    "type": "openstack_compute_instance_v2",
                    "depends_on": [
                        "random_pet.training-vm.*"
                    ],
                    "primary": {
                        "id": "9685215d-917a-4030-b113-0bbb07ebd5de",
                        "attributes": {
                            "access_ip_v4": "192.52.37.54",
                            "access_ip_v6": "",
                            "all_metadata.%": "0",
                            "availability_zone": "nova",
                            "flavor_id": "21bed2e4-ef48-4584-88a2-977ea9ad20a4",
                            "flavor_name": "m1.xlarge",
                            "force_delete": "false",
                            "id": "9685215d-917a-4030-b113-0bbb07ebd5de",
                            "image_id": "dad2b000-ec07-4e86-90aa-fb5b6f752325",
                            "image_name": "Ubuntu 18.04",
                            "key_pair": "barcelona2020-training",
                            "name": "gat-1.training.galaxyproject.eu",
                            "network.#": "1",
                            "network.0.access_network": "false",
                            "network.0.fixed_ip_v4": "192.52.37.54",
                            "network.0.fixed_ip_v6": "",
                            "network.0.floating_ip": "",
                            "network.0.mac": "fa:16:3e:59:e2:bb",
                            "network.0.name": "public",
                            "network.0.port": "",
                            "network.0.uuid": "6a68b40c-356f-4d4c-95e9-e5c72855fb35",
                            "power_state": "active",
                            "region": "Freiburg",
                            "security_groups.#": "4",
                            "security_groups.1001664029": "public",
                            "security_groups.2162032504": "egress",
                            "security_groups.3717909635": "public-ping",
                            "security_groups.4276348713": "public-web2",
                            "stop_before_destroy": "false",
                            "user_data": "24284613d629425d410b28ea0c1a68b6feb103de"
                        },
                        "meta": {
                            "e2bfb730-ecaa-11e6-8f88-34363bc7c4c0": {
                                "create": 1800000000000,
                                "delete": 1800000000000,
                                "update": 1800000000000
                            }
                        },
                        "tainted": false
                    },
                    "deposed": [],
                    "provider": "provider.openstack"
                },
                "openstack_compute_instance_v2.training-vm.10": {
                    "type": "openstack_compute_instance_v2",
                    "depends_on": [
                        "random_pet.training-vm.*"
                    ],
                    "primary": {
                        "id": "48066876-f994-4cc4-87d0-9d9c08626b48",
                        "attributes": {
                            "access_ip_v4": "192.52.37.100",
                            "access_ip_v6": "",
                            "all_metadata.%": "0",
                            "availability_zone": "nova",
                            "flavor_id": "21bed2e4-ef48-4584-88a2-977ea9ad20a4",
                            "flavor_name": "m1.xlarge",
                            "force_delete": "false",
                            "id": "48066876-f994-4cc4-87d0-9d9c08626b48",
                            "image_id": "dad2b000-ec07-4e86-90aa-fb5b6f752325",
                            "image_name": "Ubuntu 18.04",
                            "key_pair": "barcelona2020-training",
                            "name": "gat-10.training.galaxyproject.eu",
                            "network.#": "1",
                            "network.0.access_network": "false",
                            "network.0.fixed_ip_v4": "192.52.37.100",
                            "network.0.fixed_ip_v6": "",
                            "network.0.floating_ip": "",
                            "network.0.mac": "fa:16:3e:f8:b4:f7",
                            "network.0.name": "public",
                            "network.0.port": "",
                            "network.0.uuid": "6a68b40c-356f-4d4c-95e9-e5c72855fb35",
                            "power_state": "active",
                            "region": "Freiburg",
                            "security_groups.#": "4",
                            "security_groups.1001664029": "public",
                            "security_groups.2162032504": "egress",
                            "security_groups.3717909635": "public-ping",
                            "security_groups.4276348713": "public-web2",
                            "stop_before_destroy": "false",
                            "user_data": "d64b2586f9bd06ff59e8ba4d5da1d84e534615cc"
                        },
                        "meta": {
                            "e2bfb730-ecaa-11e6-8f88-34363bc7c4c0": {
                                "create": 1800000000000,
                                "delete": 1800000000000,
                                "update": 1800000000000
                            }
                        },
                        "tainted": false
                    },
                    "deposed": [],
                    "provider": "provider.openstack"
                },
                "openstack_compute_instance_v2.training-vm.11": {
                    "type": "openstack_compute_instance_v2",
                    "depends_on": [
                        "random_pet.training-vm.*"
                    ],
                    "primary": {
                        "id": "1300be1a-11f4-4324-9451-72c0b7f55886",
                        "attributes": {
                            "access_ip_v4": "192.52.37.217",
                            "access_ip_v6": "",
                            "all_metadata.%": "0",
                            "availability_zone": "nova",
                            "flavor_id": "21bed2e4-ef48-4584-88a2-977ea9ad20a4",
                            "flavor_name": "m1.xlarge",
                            "force_delete": "false",
                            "id": "1300be1a-11f4-4324-9451-72c0b7f55886",
                            "image_id": "dad2b000-ec07-4e86-90aa-fb5b6f752325",
                            "image_name": "Ubuntu 18.04",
                            "key_pair": "barcelona2020-training",
                            "name": "gat-11.training.galaxyproject.eu",
                            "network.#": "1",
                            "network.0.access_network": "false",
                            "network.0.fixed_ip_v4": "192.52.37.217",
                            "network.0.fixed_ip_v6": "",
                            "network.0.floating_ip": "",
                            "network.0.mac": "fa:16:3e:1a:c8:72",
                            "network.0.name": "public",
                            "network.0.port": "",
                            "network.0.uuid": "6a68b40c-356f-4d4c-95e9-e5c72855fb35",
                            "power_state": "active",
                            "region": "Freiburg",
                            "security_groups.#": "4",
                            "security_groups.1001664029": "public",
                            "security_groups.2162032504": "egress",
                            "security_groups.3717909635": "public-ping",
                            "security_groups.4276348713": "public-web2",
                            "stop_before_destroy": "false",
                            "user_data": "a516b4b2a76b72fc8e1c6e2e6e06e63a2b198a71"
                        },
                        "meta": {
                            "e2bfb730-ecaa-11e6-8f88-34363bc7c4c0": {
                                "create": 1800000000000,
                                "delete": 1800000000000,
                                "update": 1800000000000
                            }
                        },
                        "tainted": false
                    },
                    "deposed": [],
                    "provider": "provider.openstack"
                },
                "openstack_compute_instance_v2.training-vm.12": {
                    "type": "openstack_compute_instance_v2",
                    "depends_on": [
                        "random_pet.training-vm.*"
                    ],
                    "primary": {
                        "id": "7503657d-ac78-4ccb-b3fe-e6504c8598f7",
                        "attributes": {
                            "access_ip_v4": "192.52.38.129",
                            "access_ip_v6": "",
                            "all_metadata.%": "0",
                            "availability_zone": "nova",
                            "flavor_id": "21bed2e4-ef48-4584-88a2-977ea9ad20a4",
                            "flavor_name": "m1.xlarge",
                            "force_delete": "false",
                            "id": "7503657d-ac78-4ccb-b3fe-e6504c8598f7",
                            "image_id": "dad2b000-ec07-4e86-90aa-fb5b6f752325",
                            "image_name": "Ubuntu 18.04",
                            "key_pair": "barcelona2020-training",
                            "name": "gat-12.training.galaxyproject.eu",
                            "network.#": "1",
                            "network.0.access_network": "false",
                            "network.0.fixed_ip_v4": "192.52.38.129",
                            "network.0.fixed_ip_v6": "",
                            "network.0.floating_ip": "",
                            "network.0.mac": "fa:16:3e:50:60:05",
                            "network.0.name": "public",
                            "network.0.port": "",
                            "network.0.uuid": "6a68b40c-356f-4d4c-95e9-e5c72855fb35",
                            "power_state": "active",
                            "region": "Freiburg",
                            "security_groups.#": "4",
                            "security_groups.1001664029": "public",
                            "security_groups.2162032504": "egress",
                            "security_groups.3717909635": "public-ping",
                            "security_groups.4276348713": "public-web2",
                            "stop_before_destroy": "false",
                            "user_data": "e32cb29a52de1bd056f26e4f29bae0f181b48765"
                        },
                        "meta": {
                            "e2bfb730-ecaa-11e6-8f88-34363bc7c4c0": {
                                "create": 1800000000000,
                                "delete": 1800000000000,
                                "update": 1800000000000
                            }
                        },
                        "tainted": false
                    },
                    "deposed": [],
                    "provider": "provider.openstack"
                },
                "openstack_compute_instance_v2.training-vm.13": {
                    "type": "openstack_compute_instance_v2",
                    "depends_on": [
                        "random_pet.training-vm.*"
                    ],
                    "primary": {
                        "id": "be7ea241-e69b-4db7-a31c-0d7a8341ebfb",
                        "attributes": {
                            "access_ip_v4": "192.52.36.218",
                            "access_ip_v6": "",
                            "all_metadata.%": "0",
                            "availability_zone": "nova",
                            "flavor_id": "21bed2e4-ef48-4584-88a2-977ea9ad20a4",
                            "flavor_name": "m1.xlarge",
                            "force_delete": "false",
                            "id": "be7ea241-e69b-4db7-a31c-0d7a8341ebfb",
                            "image_id": "dad2b000-ec07-4e86-90aa-fb5b6f752325",
                            "image_name": "Ubuntu 18.04",
                            "key_pair": "barcelona2020-training",
                            "name": "gat-13.training.galaxyproject.eu",
                            "network.#": "1",
                            "network.0.access_network": "false",
                            "network.0.fixed_ip_v4": "192.52.36.218",
                            "network.0.fixed_ip_v6": "",
                            "network.0.floating_ip": "",
                            "network.0.mac": "fa:16:3e:09:69:7b",
                            "network.0.name": "public",
                            "network.0.port": "",
                            "network.0.uuid": "6a68b40c-356f-4d4c-95e9-e5c72855fb35",
                            "power_state": "active",
                            "region": "Freiburg",
                            "security_groups.#": "4",
                            "security_groups.1001664029": "public",
                            "security_groups.2162032504": "egress",
                            "security_groups.3717909635": "public-ping",
                            "security_groups.4276348713": "public-web2",
                            "stop_before_destroy": "false",
                            "user_data": "d692323e81efba67198341c4e0c1e95413ad7565"
                        },
                        "meta": {
                            "e2bfb730-ecaa-11e6-8f88-34363bc7c4c0": {
                                "create": 1800000000000,
                                "delete": 1800000000000,
                                "update": 1800000000000
                            }
                        },
                        "tainted": false
                    },
                    "deposed": [],
                    "provider": "provider.openstack"
                },
                "openstack_compute_instance_v2.training-vm.14": {
                    "type": "openstack_compute_instance_v2",
                    "depends_on": [
                        "random_pet.training-vm.*"
                    ],
                    "primary": {
                        "id": "cb5f63b5-7ca4-4ad1-82fd-bc850895e3a1",
                        "attributes": {
                            "access_ip_v4": "192.52.39.22",
                            "access_ip_v6": "",
                            "all_metadata.%": "0",
                            "availability_zone": "nova",
                            "flavor_id": "21bed2e4-ef48-4584-88a2-977ea9ad20a4",
                            "flavor_name": "m1.xlarge",
                            "force_delete": "false",
                            "id": "cb5f63b5-7ca4-4ad1-82fd-bc850895e3a1",
                            "image_id": "dad2b000-ec07-4e86-90aa-fb5b6f752325",
                            "image_name": "Ubuntu 18.04",
                            "key_pair": "barcelona2020-training",
                            "name": "gat-14.training.galaxyproject.eu",
                            "network.#": "1",
                            "network.0.access_network": "false",
                            "network.0.fixed_ip_v4": "192.52.39.22",
                            "network.0.fixed_ip_v6": "",
                            "network.0.floating_ip": "",
                            "network.0.mac": "fa:16:3e:91:14:11",
                            "network.0.name": "public",
                            "network.0.port": "",
                            "network.0.uuid": "6a68b40c-356f-4d4c-95e9-e5c72855fb35",
                            "power_state": "active",
                            "region": "Freiburg",
                            "security_groups.#": "4",
                            "security_groups.1001664029": "public",
                            "security_groups.2162032504": "egress",
                            "security_groups.3717909635": "public-ping",
                            "security_groups.4276348713": "public-web2",
                            "stop_before_destroy": "false",
                            "user_data": "c0cc015f7cc6bddf1afceb74ae922511b7dbc407"
                        },
                        "meta": {
                            "e2bfb730-ecaa-11e6-8f88-34363bc7c4c0": {
                                "create": 1800000000000,
                                "delete": 1800000000000,
                                "update": 1800000000000
                            }
                        },
                        "tainted": false
                    },
                    "deposed": [],
                    "provider": "provider.openstack"
                },
                "openstack_compute_instance_v2.training-vm.15": {
                    "type": "openstack_compute_instance_v2",
                    "depends_on": [
                        "random_pet.training-vm.*"
                    ],
                    "primary": {
                        "id": "69487fc3-7ed9-4af2-8810-ac936040f957",
                        "attributes": {
                            "access_ip_v4": "192.52.38.111",
                            "access_ip_v6": "",
                            "all_metadata.%": "0",
                            "availability_zone": "nova",
                            "flavor_id": "21bed2e4-ef48-4584-88a2-977ea9ad20a4",
                            "flavor_name": "m1.xlarge",
                            "force_delete": "false",
                            "id": "69487fc3-7ed9-4af2-8810-ac936040f957",
                            "image_id": "dad2b000-ec07-4e86-90aa-fb5b6f752325",
                            "image_name": "Ubuntu 18.04",
                            "key_pair": "barcelona2020-training",
                            "name": "gat-15.training.galaxyproject.eu",
                            "network.#": "1",
                            "network.0.access_network": "false",
                            "network.0.fixed_ip_v4": "192.52.38.111",
                            "network.0.fixed_ip_v6": "",
                            "network.0.floating_ip": "",
                            "network.0.mac": "fa:16:3e:ad:53:bc",
                            "network.0.name": "public",
                            "network.0.port": "",
                            "network.0.uuid": "6a68b40c-356f-4d4c-95e9-e5c72855fb35",
                            "power_state": "active",
                            "region": "Freiburg",
                            "security_groups.#": "4",
                            "security_groups.1001664029": "public",
                            "security_groups.2162032504": "egress",
                            "security_groups.3717909635": "public-ping",
                            "security_groups.4276348713": "public-web2",
                            "stop_before_destroy": "false",
                            "user_data": "b526dc0c304c4c6bfeac58762ef7b50ab9a0b4fa"
                        },
                        "meta": {
                            "e2bfb730-ecaa-11e6-8f88-34363bc7c4c0": {
                                "create": 1800000000000,
                                "delete": 1800000000000,
                                "update": 1800000000000
                            }
                        },
                        "tainted": false
                    },
                    "deposed": [],
                    "provider": "provider.openstack"
                },
                "openstack_compute_instance_v2.training-vm.16": {
                    "type": "openstack_compute_instance_v2",
                    "depends_on": [
                        "random_pet.training-vm.*"
                    ],
                    "primary": {
                        "id": "d6a5dd1e-f4a3-406f-985e-263c66cb6a6a",
                        "attributes": {
                            "access_ip_v4": "192.52.36.196",
                            "access_ip_v6": "",
                            "all_metadata.%": "0",
                            "availability_zone": "nova",
                            "flavor_id": "21bed2e4-ef48-4584-88a2-977ea9ad20a4",
                            "flavor_name": "m1.xlarge",
                            "force_delete": "false",
                            "id": "d6a5dd1e-f4a3-406f-985e-263c66cb6a6a",
                            "image_id": "dad2b000-ec07-4e86-90aa-fb5b6f752325",
                            "image_name": "Ubuntu 18.04",
                            "key_pair": "barcelona2020-training",
                            "name": "gat-16.training.galaxyproject.eu",
                            "network.#": "1",
                            "network.0.access_network": "false",
                            "network.0.fixed_ip_v4": "192.52.36.196",
                            "network.0.fixed_ip_v6": "",
                            "network.0.floating_ip": "",
                            "network.0.mac": "fa:16:3e:55:7d:de",
                            "network.0.name": "public",
                            "network.0.port": "",
                            "network.0.uuid": "6a68b40c-356f-4d4c-95e9-e5c72855fb35",
                            "power_state": "active",
                            "region": "Freiburg",
                            "security_groups.#": "4",
                            "security_groups.1001664029": "public",
                            "security_groups.2162032504": "egress",
                            "security_groups.3717909635": "public-ping",
                            "security_groups.4276348713": "public-web2",
                            "stop_before_destroy": "false",
                            "user_data": "4f1e4423b78117e5a4e43c8bd4ddfd1bfddbf8a8"
                        },
                        "meta": {
                            "e2bfb730-ecaa-11e6-8f88-34363bc7c4c0": {
                                "create": 1800000000000,
                                "delete": 1800000000000,
                                "update": 1800000000000
                            }
                        },
                        "tainted": false
                    },
                    "deposed": [],
                    "provider": "provider.openstack"
                },
                "openstack_compute_instance_v2.training-vm.17": {
                    "type": "openstack_compute_instance_v2",
                    "depends_on": [
                        "random_pet.training-vm.*"
                    ],
                    "primary": {
                        "id": "def5c50f-28b8-468c-b90d-db14161d5fb5",
                        "attributes": {
                            "access_ip_v4": "192.52.37.39",
                            "access_ip_v6": "",
                            "all_metadata.%": "0",
                            "availability_zone": "nova",
                            "flavor_id": "21bed2e4-ef48-4584-88a2-977ea9ad20a4",
                            "flavor_name": "m1.xlarge",
                            "force_delete": "false",
                            "id": "def5c50f-28b8-468c-b90d-db14161d5fb5",
                            "image_id": "dad2b000-ec07-4e86-90aa-fb5b6f752325",
                            "image_name": "Ubuntu 18.04",
                            "key_pair": "barcelona2020-training",
                            "name": "gat-17.training.galaxyproject.eu",
                            "network.#": "1",
                            "network.0.access_network": "false",
                            "network.0.fixed_ip_v4": "192.52.37.39",
                            "network.0.fixed_ip_v6": "",
                            "network.0.floating_ip": "",
                            "network.0.mac": "fa:16:3e:58:e4:1b",
                            "network.0.name": "public",
                            "network.0.port": "",
                            "network.0.uuid": "6a68b40c-356f-4d4c-95e9-e5c72855fb35",
                            "power_state": "active",
                            "region": "Freiburg",
                            "security_groups.#": "4",
                            "security_groups.1001664029": "public",
                            "security_groups.2162032504": "egress",
                            "security_groups.3717909635": "public-ping",
                            "security_groups.4276348713": "public-web2",
                            "stop_before_destroy": "false",
                            "user_data": "0392ed367585054e0d55020834f4366baba87421"
                        },
                        "meta": {
                            "e2bfb730-ecaa-11e6-8f88-34363bc7c4c0": {
                                "create": 1800000000000,
                                "delete": 1800000000000,
                                "update": 1800000000000
                            }
                        },
                        "tainted": false
                    },
                    "deposed": [],
                    "provider": "provider.openstack"
                },
                "openstack_compute_instance_v2.training-vm.18": {
                    "type": "openstack_compute_instance_v2",
                    "depends_on": [
                        "random_pet.training-vm.*"
                    ],
                    "primary": {
                        "id": "1295f8f7-b066-4ac8-ab8a-b90e5ee00dce",
                        "attributes": {
                            "access_ip_v4": "192.52.34.40",
                            "access_ip_v6": "",
                            "all_metadata.%": "0",
                            "availability_zone": "nova",
                            "flavor_id": "21bed2e4-ef48-4584-88a2-977ea9ad20a4",
                            "flavor_name": "m1.xlarge",
                            "force_delete": "false",
                            "id": "1295f8f7-b066-4ac8-ab8a-b90e5ee00dce",
                            "image_id": "dad2b000-ec07-4e86-90aa-fb5b6f752325",
                            "image_name": "Ubuntu 18.04",
                            "key_pair": "barcelona2020-training",
                            "name": "gat-18.training.galaxyproject.eu",
                            "network.#": "1",
                            "network.0.access_network": "false",
                            "network.0.fixed_ip_v4": "192.52.34.40",
                            "network.0.fixed_ip_v6": "",
                            "network.0.floating_ip": "",
                            "network.0.mac": "fa:16:3e:c6:13:05",
                            "network.0.name": "public",
                            "network.0.port": "",
                            "network.0.uuid": "6a68b40c-356f-4d4c-95e9-e5c72855fb35",
                            "power_state": "active",
                            "region": "Freiburg",
                            "security_groups.#": "4",
                            "security_groups.1001664029": "public",
                            "security_groups.2162032504": "egress",
                            "security_groups.3717909635": "public-ping",
                            "security_groups.4276348713": "public-web2",
                            "stop_before_destroy": "false",
                            "user_data": "32ce88895bc58890412efc38b0243416962027d5"
                        },
                        "meta": {
                            "e2bfb730-ecaa-11e6-8f88-34363bc7c4c0": {
                                "create": 1800000000000,
                                "delete": 1800000000000,
                                "update": 1800000000000
                            }
                        },
                        "tainted": false
                    },
                    "deposed": [],
                    "provider": "provider.openstack"
                },
                "openstack_compute_instance_v2.training-vm.19": {
                    "type": "openstack_compute_instance_v2",
                    "depends_on": [
                        "random_pet.training-vm.*"
                    ],
                    "primary": {
                        "id": "11444ac8-2031-4b94-9d2d-75981423dbda",
                        "attributes": {
                            "access_ip_v4": "192.52.35.176",
                            "access_ip_v6": "",
                            "all_metadata.%": "0",
                            "availability_zone": "nova",
                            "flavor_id": "21bed2e4-ef48-4584-88a2-977ea9ad20a4",
                            "flavor_name": "m1.xlarge",
                            "force_delete": "false",
                            "id": "11444ac8-2031-4b94-9d2d-75981423dbda",
                            "image_id": "dad2b000-ec07-4e86-90aa-fb5b6f752325",
                            "image_name": "Ubuntu 18.04",
                            "key_pair": "barcelona2020-training",
                            "name": "gat-19.training.galaxyproject.eu",
                            "network.#": "1",
                            "network.0.access_network": "false",
                            "network.0.fixed_ip_v4": "192.52.35.176",
                            "network.0.fixed_ip_v6": "",
                            "network.0.floating_ip": "",
                            "network.0.mac": "fa:16:3e:0a:6e:76",
                            "network.0.name": "public",
                            "network.0.port": "",
                            "network.0.uuid": "6a68b40c-356f-4d4c-95e9-e5c72855fb35",
                            "power_state": "active",
                            "region": "Freiburg",
                            "security_groups.#": "4",
                            "security_groups.1001664029": "public",
                            "security_groups.2162032504": "egress",
                            "security_groups.3717909635": "public-ping",
                            "security_groups.4276348713": "public-web2",
                            "stop_before_destroy": "false",
                            "user_data": "4250e1e3fd76e088f4c482f7d0035a34e3a6b74d"
                        },
                        "meta": {
                            "e2bfb730-ecaa-11e6-8f88-34363bc7c4c0": {
                                "create": 1800000000000,
                                "delete": 1800000000000,
                                "update": 1800000000000
                            }
                        },
                        "tainted": false
                    },
                    "deposed": [],
                    "provider": "provider.openstack"
                },
                "openstack_compute_instance_v2.training-vm.2": {
                    "type": "openstack_compute_instance_v2",
                    "depends_on": [
                        "random_pet.training-vm.*"
                    ],
                    "primary": {
                        "id": "49bddbcf-0b97-4372-a9dc-26895cc2b08e",
                        "attributes": {
                            "access_ip_v4": "192.52.35.251",
                            "access_ip_v6": "",
                            "all_metadata.%": "0",
                            "availability_zone": "nova",
                            "flavor_id": "21bed2e4-ef48-4584-88a2-977ea9ad20a4",
                            "flavor_name": "m1.xlarge",
                            "force_delete": "false",
                            "id": "49bddbcf-0b97-4372-a9dc-26895cc2b08e",
                            "image_id": "dad2b000-ec07-4e86-90aa-fb5b6f752325",
                            "image_name": "Ubuntu 18.04",
                            "key_pair": "barcelona2020-training",
                            "name": "gat-2.training.galaxyproject.eu",
                            "network.#": "1",
                            "network.0.access_network": "false",
                            "network.0.fixed_ip_v4": "192.52.35.251",
                            "network.0.fixed_ip_v6": "",
                            "network.0.floating_ip": "",
                            "network.0.mac": "fa:16:3e:c9:70:05",
                            "network.0.name": "public",
                            "network.0.port": "",
                            "network.0.uuid": "6a68b40c-356f-4d4c-95e9-e5c72855fb35",
                            "power_state": "active",
                            "region": "Freiburg",
                            "security_groups.#": "4",
                            "security_groups.1001664029": "public",
                            "security_groups.2162032504": "egress",
                            "security_groups.3717909635": "public-ping",
                            "security_groups.4276348713": "public-web2",
                            "stop_before_destroy": "false",
                            "user_data": "164d33251931e924629ed993a0b18a2d7dda5771"
                        },
                        "meta": {
                            "e2bfb730-ecaa-11e6-8f88-34363bc7c4c0": {
                                "create": 1800000000000,
                                "delete": 1800000000000,
                                "update": 1800000000000
                            }
                        },
                        "tainted": false
                    },
                    "deposed": [],
                    "provider": "provider.openstack"
                },
                "openstack_compute_instance_v2.training-vm.20": {
                    "type": "openstack_compute_instance_v2",
                    "depends_on": [
                        "random_pet.training-vm.*"
                    ],
                    "primary": {
                        "id": "89faf16b-2842-4967-aa62-af69c29e050d",
                        "attributes": {
                            "access_ip_v4": "192.52.36.114",
                            "access_ip_v6": "",
                            "all_metadata.%": "0",
                            "availability_zone": "nova",
                            "flavor_id": "21bed2e4-ef48-4584-88a2-977ea9ad20a4",
                            "flavor_name": "m1.xlarge",
                            "force_delete": "false",
                            "id": "89faf16b-2842-4967-aa62-af69c29e050d",
                            "image_id": "dad2b000-ec07-4e86-90aa-fb5b6f752325",
                            "image_name": "Ubuntu 18.04",
                            "key_pair": "barcelona2020-training",
                            "name": "gat-20.training.galaxyproject.eu",
                            "network.#": "1",
                            "network.0.access_network": "false",
                            "network.0.fixed_ip_v4": "192.52.36.114",
                            "network.0.fixed_ip_v6": "",
                            "network.0.floating_ip": "",
                            "network.0.mac": "fa:16:3e:36:e7:28",
                            "network.0.name": "public",
                            "network.0.port": "",
                            "network.0.uuid": "6a68b40c-356f-4d4c-95e9-e5c72855fb35",
                            "power_state": "active",
                            "region": "Freiburg",
                            "security_groups.#": "4",
                            "security_groups.1001664029": "public",
                            "security_groups.2162032504": "egress",
                            "security_groups.3717909635": "public-ping",
                            "security_groups.4276348713": "public-web2",
                            "stop_before_destroy": "false",
                            "user_data": "173493d5f0a72ca1a420a3b90cbbf92961f53472"
                        },
                        "meta": {
                            "e2bfb730-ecaa-11e6-8f88-34363bc7c4c0": {
                                "create": 1800000000000,
                                "delete": 1800000000000,
                                "update": 1800000000000
                            }
                        },
                        "tainted": false
                    },
                    "deposed": [],
                    "provider": "provider.openstack"
                },
                "openstack_compute_instance_v2.training-vm.21": {
                    "type": "openstack_compute_instance_v2",
                    "depends_on": [
                        "random_pet.training-vm.*"
                    ],
                    "primary": {
                        "id": "1b58a569-4e37-446f-a200-eb0ccddc43f4",
                        "attributes": {
                            "access_ip_v4": "192.52.34.93",
                            "access_ip_v6": "",
                            "all_metadata.%": "0",
                            "availability_zone": "nova",
                            "flavor_id": "21bed2e4-ef48-4584-88a2-977ea9ad20a4",
                            "flavor_name": "m1.xlarge",
                            "force_delete": "false",
                            "id": "1b58a569-4e37-446f-a200-eb0ccddc43f4",
                            "image_id": "dad2b000-ec07-4e86-90aa-fb5b6f752325",
                            "image_name": "Ubuntu 18.04",
                            "key_pair": "barcelona2020-training",
                            "name": "gat-21.training.galaxyproject.eu",
                            "network.#": "1",
                            "network.0.access_network": "false",
                            "network.0.fixed_ip_v4": "192.52.34.93",
                            "network.0.fixed_ip_v6": "",
                            "network.0.floating_ip": "",
                            "network.0.mac": "fa:16:3e:68:eb:74",
                            "network.0.name": "public",
                            "network.0.port": "",
                            "network.0.uuid": "6a68b40c-356f-4d4c-95e9-e5c72855fb35",
                            "power_state": "active",
                            "region": "Freiburg",
                            "security_groups.#": "4",
                            "security_groups.1001664029": "public",
                            "security_groups.2162032504": "egress",
                            "security_groups.3717909635": "public-ping",
                            "security_groups.4276348713": "public-web2",
                            "stop_before_destroy": "false",
                            "user_data": "93a505496444380d78b26444a7d7d5b6ec03a0bf"
                        },
                        "meta": {
                            "e2bfb730-ecaa-11e6-8f88-34363bc7c4c0": {
                                "create": 1800000000000,
                                "delete": 1800000000000,
                                "update": 1800000000000
                            }
                        },
                        "tainted": false
                    },
                    "deposed": [],
                    "provider": "provider.openstack"
                },
                "openstack_compute_instance_v2.training-vm.22": {
                    "type": "openstack_compute_instance_v2",
                    "depends_on": [
                        "random_pet.training-vm.*"
                    ],
                    "primary": {
                        "id": "c93f930d-2851-4135-8f48-cde545407fdc",
                        "attributes": {
                            "access_ip_v4": "192.52.38.150",
                            "access_ip_v6": "",
                            "all_metadata.%": "0",
                            "availability_zone": "nova",
                            "flavor_id": "21bed2e4-ef48-4584-88a2-977ea9ad20a4",
                            "flavor_name": "m1.xlarge",
                            "force_delete": "false",
                            "id": "c93f930d-2851-4135-8f48-cde545407fdc",
                            "image_id": "dad2b000-ec07-4e86-90aa-fb5b6f752325",
                            "image_name": "Ubuntu 18.04",
                            "key_pair": "barcelona2020-training",
                            "name": "gat-22.training.galaxyproject.eu",
                            "network.#": "1",
                            "network.0.access_network": "false",
                            "network.0.fixed_ip_v4": "192.52.38.150",
                            "network.0.fixed_ip_v6": "",
                            "network.0.floating_ip": "",
                            "network.0.mac": "fa:16:3e:4a:22:16",
                            "network.0.name": "public",
                            "network.0.port": "",
                            "network.0.uuid": "6a68b40c-356f-4d4c-95e9-e5c72855fb35",
                            "power_state": "active",
                            "region": "Freiburg",
                            "security_groups.#": "4",
                            "security_groups.1001664029": "public",
                            "security_groups.2162032504": "egress",
                            "security_groups.3717909635": "public-ping",
                            "security_groups.4276348713": "public-web2",
                            "stop_before_destroy": "false",
                            "user_data": "c7f4823f42876d5898a0885e51823d783643cfcc"
                        },
                        "meta": {
                            "e2bfb730-ecaa-11e6-8f88-34363bc7c4c0": {
                                "create": 1800000000000,
                                "delete": 1800000000000,
                                "update": 1800000000000
                            }
                        },
                        "tainted": false
                    },
                    "deposed": [],
                    "provider": "provider.openstack"
                },
                "openstack_compute_instance_v2.training-vm.23": {
                    "type": "openstack_compute_instance_v2",
                    "depends_on": [
                        "random_pet.training-vm.*"
                    ],
                    "primary": {
                        "id": "5434a5df-c984-4719-99b9-4480f40e30cd",
                        "attributes": {
                            "access_ip_v4": "192.52.37.44",
                            "access_ip_v6": "",
                            "all_metadata.%": "0",
                            "availability_zone": "nova",
                            "flavor_id": "21bed2e4-ef48-4584-88a2-977ea9ad20a4",
                            "flavor_name": "m1.xlarge",
                            "force_delete": "false",
                            "id": "5434a5df-c984-4719-99b9-4480f40e30cd",
                            "image_id": "dad2b000-ec07-4e86-90aa-fb5b6f752325",
                            "image_name": "Ubuntu 18.04",
                            "key_pair": "barcelona2020-training",
                            "name": "gat-23.training.galaxyproject.eu",
                            "network.#": "1",
                            "network.0.access_network": "false",
                            "network.0.fixed_ip_v4": "192.52.37.44",
                            "network.0.fixed_ip_v6": "",
                            "network.0.floating_ip": "",
                            "network.0.mac": "fa:16:3e:3a:6a:09",
                            "network.0.name": "public",
                            "network.0.port": "",
                            "network.0.uuid": "6a68b40c-356f-4d4c-95e9-e5c72855fb35",
                            "power_state": "active",
                            "region": "Freiburg",
                            "security_groups.#": "4",
                            "security_groups.1001664029": "public",
                            "security_groups.2162032504": "egress",
                            "security_groups.3717909635": "public-ping",
                            "security_groups.4276348713": "public-web2",
                            "stop_before_destroy": "false",
                            "user_data": "0a6a856c172751368653dae06b53fc8637be43c5"
                        },
                        "meta": {
                            "e2bfb730-ecaa-11e6-8f88-34363bc7c4c0": {
                                "create": 1800000000000,
                                "delete": 1800000000000,
                                "update": 1800000000000
                            }
                        },
                        "tainted": false
                    },
                    "deposed": [],
                    "provider": "provider.openstack"
                },
                "openstack_compute_instance_v2.training-vm.24": {
                    "type": "openstack_compute_instance_v2",
                    "depends_on": [
                        "random_pet.training-vm.*"
                    ],
                    "primary": {
                        "id": "83e2df5b-4ae1-46f9-a90d-b00cd02f3066",
                        "attributes": {
                            "access_ip_v4": "192.52.36.191",
                            "access_ip_v6": "",
                            "all_metadata.%": "0",
                            "availability_zone": "nova",
                            "flavor_id": "21bed2e4-ef48-4584-88a2-977ea9ad20a4",
                            "flavor_name": "m1.xlarge",
                            "force_delete": "false",
                            "id": "83e2df5b-4ae1-46f9-a90d-b00cd02f3066",
                            "image_id": "dad2b000-ec07-4e86-90aa-fb5b6f752325",
                            "image_name": "Ubuntu 18.04",
                            "key_pair": "barcelona2020-training",
                            "name": "gat-24.training.galaxyproject.eu",
                            "network.#": "1",
                            "network.0.access_network": "false",
                            "network.0.fixed_ip_v4": "192.52.36.191",
                            "network.0.fixed_ip_v6": "",
                            "network.0.floating_ip": "",
                            "network.0.mac": "fa:16:3e:99:f5:b4",
                            "network.0.name": "public",
                            "network.0.port": "",
                            "network.0.uuid": "6a68b40c-356f-4d4c-95e9-e5c72855fb35",
                            "power_state": "active",
                            "region": "Freiburg",
                            "security_groups.#": "4",
                            "security_groups.1001664029": "public",
                            "security_groups.2162032504": "egress",
                            "security_groups.3717909635": "public-ping",
                            "security_groups.4276348713": "public-web2",
                            "stop_before_destroy": "false",
                            "user_data": "e38697b37883ba03efc6d0edb893a319d426f578"
                        },
                        "meta": {
                            "e2bfb730-ecaa-11e6-8f88-34363bc7c4c0": {
                                "create": 1800000000000,
                                "delete": 1800000000000,
                                "update": 1800000000000
                            }
                        },
                        "tainted": false
                    },
                    "deposed": [],
                    "provider": "provider.openstack"
                },
                "openstack_compute_instance_v2.training-vm.25": {
                    "type": "openstack_compute_instance_v2",
                    "depends_on": [
                        "random_pet.training-vm.*"
                    ],
                    "primary": {
                        "id": "10583fc5-ac9f-4154-8647-cd31103e7870",
                        "attributes": {
                            "access_ip_v4": "192.52.38.177",
                            "access_ip_v6": "",
                            "all_metadata.%": "0",
                            "availability_zone": "nova",
                            "flavor_id": "21bed2e4-ef48-4584-88a2-977ea9ad20a4",
                            "flavor_name": "m1.xlarge",
                            "force_delete": "false",
                            "id": "10583fc5-ac9f-4154-8647-cd31103e7870",
                            "image_id": "dad2b000-ec07-4e86-90aa-fb5b6f752325",
                            "image_name": "Ubuntu 18.04",
                            "key_pair": "barcelona2020-training",
                            "name": "gat-25.training.galaxyproject.eu",
                            "network.#": "1",
                            "network.0.access_network": "false",
                            "network.0.fixed_ip_v4": "192.52.38.177",
                            "network.0.fixed_ip_v6": "",
                            "network.0.floating_ip": "",
                            "network.0.mac": "fa:16:3e:e6:fb:46",
                            "network.0.name": "public",
                            "network.0.port": "",
                            "network.0.uuid": "6a68b40c-356f-4d4c-95e9-e5c72855fb35",
                            "power_state": "active",
                            "region": "Freiburg",
                            "security_groups.#": "4",
                            "security_groups.1001664029": "public",
                            "security_groups.2162032504": "egress",
                            "security_groups.3717909635": "public-ping",
                            "security_groups.4276348713": "public-web2",
                            "stop_before_destroy": "false",
                            "user_data": "d921bb8e586965b1efbdda2074d12f58bbb5244a"
                        },
                        "meta": {
                            "e2bfb730-ecaa-11e6-8f88-34363bc7c4c0": {
                                "create": 1800000000000,
                                "delete": 1800000000000,
                                "update": 1800000000000
                            }
                        },
                        "tainted": false
                    },
                    "deposed": [],
                    "provider": "provider.openstack"
                },
                "openstack_compute_instance_v2.training-vm.26": {
                    "type": "openstack_compute_instance_v2",
                    "depends_on": [
                        "random_pet.training-vm.*"
                    ],
                    "primary": {
                        "id": "486cb100-1182-425f-98ce-5e97d2cd1c0b",
                        "attributes": {
                            "access_ip_v4": "192.52.37.155",
                            "access_ip_v6": "",
                            "all_metadata.%": "0",
                            "availability_zone": "nova",
                            "flavor_id": "21bed2e4-ef48-4584-88a2-977ea9ad20a4",
                            "flavor_name": "m1.xlarge",
                            "force_delete": "false",
                            "id": "486cb100-1182-425f-98ce-5e97d2cd1c0b",
                            "image_id": "dad2b000-ec07-4e86-90aa-fb5b6f752325",
                            "image_name": "Ubuntu 18.04",
                            "key_pair": "barcelona2020-training",
                            "name": "gat-26.training.galaxyproject.eu",
                            "network.#": "1",
                            "network.0.access_network": "false",
                            "network.0.fixed_ip_v4": "192.52.37.155",
                            "network.0.fixed_ip_v6": "",
                            "network.0.floating_ip": "",
                            "network.0.mac": "fa:16:3e:01:f2:02",
                            "network.0.name": "public",
                            "network.0.port": "",
                            "network.0.uuid": "6a68b40c-356f-4d4c-95e9-e5c72855fb35",
                            "power_state": "active",
                            "region": "Freiburg",
                            "security_groups.#": "4",
                            "security_groups.1001664029": "public",
                            "security_groups.2162032504": "egress",
                            "security_groups.3717909635": "public-ping",
                            "security_groups.4276348713": "public-web2",
                            "stop_before_destroy": "false",
                            "user_data": "e23a9f3730c9eb64da9a0d933227fe6653c2a1c9"
                        },
                        "meta": {
                            "e2bfb730-ecaa-11e6-8f88-34363bc7c4c0": {
                                "create": 1800000000000,
                                "delete": 1800000000000,
                                "update": 1800000000000
                            }
                        },
                        "tainted": false
                    },
                    "deposed": [],
                    "provider": "provider.openstack"
                },
                "openstack_compute_instance_v2.training-vm.27": {
                    "type": "openstack_compute_instance_v2",
                    "depends_on": [
                        "random_pet.training-vm.*"
                    ],
                    "primary": {
                        "id": "90e579d9-1da4-40e2-b8ce-980e3064344a",
                        "attributes": {
                            "access_ip_v4": "192.52.36.190",
                            "access_ip_v6": "",
                            "all_metadata.%": "0",
                            "availability_zone": "nova",
                            "flavor_id": "21bed2e4-ef48-4584-88a2-977ea9ad20a4",
                            "flavor_name": "m1.xlarge",
                            "force_delete": "false",
                            "id": "90e579d9-1da4-40e2-b8ce-980e3064344a",
                            "image_id": "dad2b000-ec07-4e86-90aa-fb5b6f752325",
                            "image_name": "Ubuntu 18.04",
                            "key_pair": "barcelona2020-training",
                            "name": "gat-27.training.galaxyproject.eu",
                            "network.#": "1",
                            "network.0.access_network": "false",
                            "network.0.fixed_ip_v4": "192.52.36.190",
                            "network.0.fixed_ip_v6": "",
                            "network.0.floating_ip": "",
                            "network.0.mac": "fa:16:3e:2d:36:7b",
                            "network.0.name": "public",
                            "network.0.port": "",
                            "network.0.uuid": "6a68b40c-356f-4d4c-95e9-e5c72855fb35",
                            "power_state": "active",
                            "region": "Freiburg",
                            "security_groups.#": "4",
                            "security_groups.1001664029": "public",
                            "security_groups.2162032504": "egress",
                            "security_groups.3717909635": "public-ping",
                            "security_groups.4276348713": "public-web2",
                            "stop_before_destroy": "false",
                            "user_data": "c018051f5b40a280b3d2295f1807499145f752b5"
                        },
                        "meta": {
                            "e2bfb730-ecaa-11e6-8f88-34363bc7c4c0": {
                                "create": 1800000000000,
                                "delete": 1800000000000,
                                "update": 1800000000000
                            }
                        },
                        "tainted": false
                    },
                    "deposed": [],
                    "provider": "provider.openstack"
                },
                "openstack_compute_instance_v2.training-vm.28": {
                    "type": "openstack_compute_instance_v2",
                    "depends_on": [
                        "random_pet.training-vm.*"
                    ],
                    "primary": {
                        "id": "7761f323-dacf-4aa8-bcad-c9e8f2f0d9f5",
                        "attributes": {
                            "access_ip_v4": "192.52.39.19",
                            "access_ip_v6": "",
                            "all_metadata.%": "0",
                            "availability_zone": "nova",
                            "flavor_id": "21bed2e4-ef48-4584-88a2-977ea9ad20a4",
                            "flavor_name": "m1.xlarge",
                            "force_delete": "false",
                            "id": "7761f323-dacf-4aa8-bcad-c9e8f2f0d9f5",
                            "image_id": "dad2b000-ec07-4e86-90aa-fb5b6f752325",
                            "image_name": "Ubuntu 18.04",
                            "key_pair": "barcelona2020-training",
                            "name": "gat-28.training.galaxyproject.eu",
                            "network.#": "1",
                            "network.0.access_network": "false",
                            "network.0.fixed_ip_v4": "192.52.39.19",
                            "network.0.fixed_ip_v6": "",
                            "network.0.floating_ip": "",
                            "network.0.mac": "fa:16:3e:c1:ee:97",
                            "network.0.name": "public",
                            "network.0.port": "",
                            "network.0.uuid": "6a68b40c-356f-4d4c-95e9-e5c72855fb35",
                            "power_state": "active",
                            "region": "Freiburg",
                            "security_groups.#": "4",
                            "security_groups.1001664029": "public",
                            "security_groups.2162032504": "egress",
                            "security_groups.3717909635": "public-ping",
                            "security_groups.4276348713": "public-web2",
                            "stop_before_destroy": "false",
                            "user_data": "88c2cb41ed70c97bd04e60674e1b9a76d6631fb8"
                        },
                        "meta": {
                            "e2bfb730-ecaa-11e6-8f88-34363bc7c4c0": {
                                "create": 1800000000000,
                                "delete": 1800000000000,
                                "update": 1800000000000
                            }
                        },
                        "tainted": false
                    },
                    "deposed": [],
                    "provider": "provider.openstack"
                },
                "openstack_compute_instance_v2.training-vm.29": {
                    "type": "openstack_compute_instance_v2",
                    "depends_on": [
                        "random_pet.training-vm.*"
                    ],
                    "primary": {
                        "id": "08bff676-2205-434d-9fe4-b1c062ce4964",
                        "attributes": {
                            "access_ip_v4": "192.52.37.134",
                            "access_ip_v6": "",
                            "all_metadata.%": "0",
                            "availability_zone": "nova",
                            "flavor_id": "21bed2e4-ef48-4584-88a2-977ea9ad20a4",
                            "flavor_name": "m1.xlarge",
                            "force_delete": "false",
                            "id": "08bff676-2205-434d-9fe4-b1c062ce4964",
                            "image_id": "dad2b000-ec07-4e86-90aa-fb5b6f752325",
                            "image_name": "Ubuntu 18.04",
                            "key_pair": "barcelona2020-training",
                            "name": "gat-29.training.galaxyproject.eu",
                            "network.#": "1",
                            "network.0.access_network": "false",
                            "network.0.fixed_ip_v4": "192.52.37.134",
                            "network.0.fixed_ip_v6": "",
                            "network.0.floating_ip": "",
                            "network.0.mac": "fa:16:3e:41:be:14",
                            "network.0.name": "public",
                            "network.0.port": "",
                            "network.0.uuid": "6a68b40c-356f-4d4c-95e9-e5c72855fb35",
                            "power_state": "active",
                            "region": "Freiburg",
                            "security_groups.#": "4",
                            "security_groups.1001664029": "public",
                            "security_groups.2162032504": "egress",
                            "security_groups.3717909635": "public-ping",
                            "security_groups.4276348713": "public-web2",
                            "stop_before_destroy": "false",
                            "user_data": "c70bb6efca3a1c16339ef3acf6aec8f649085b7f"
                        },
                        "meta": {
                            "e2bfb730-ecaa-11e6-8f88-34363bc7c4c0": {
                                "create": 1800000000000,
                                "delete": 1800000000000,
                                "update": 1800000000000
                            }
                        },
                        "tainted": false
                    },
                    "deposed": [],
                    "provider": "provider.openstack"
                },
                "openstack_compute_instance_v2.training-vm.3": {
                    "type": "openstack_compute_instance_v2",
                    "depends_on": [
                        "random_pet.training-vm.*"
                    ],
                    "primary": {
                        "id": "3855a0fe-651e-43a0-9ed3-9a868750187e",
                        "attributes": {
                            "access_ip_v4": "192.52.38.165",
                            "access_ip_v6": "",
                            "all_metadata.%": "0",
                            "availability_zone": "nova",
                            "flavor_id": "21bed2e4-ef48-4584-88a2-977ea9ad20a4",
                            "flavor_name": "m1.xlarge",
                            "force_delete": "false",
                            "id": "3855a0fe-651e-43a0-9ed3-9a868750187e",
                            "image_id": "dad2b000-ec07-4e86-90aa-fb5b6f752325",
                            "image_name": "Ubuntu 18.04",
                            "key_pair": "barcelona2020-training",
                            "name": "gat-3.training.galaxyproject.eu",
                            "network.#": "1",
                            "network.0.access_network": "false",
                            "network.0.fixed_ip_v4": "192.52.38.165",
                            "network.0.fixed_ip_v6": "",
                            "network.0.floating_ip": "",
                            "network.0.mac": "fa:16:3e:f7:2e:42",
                            "network.0.name": "public",
                            "network.0.port": "",
                            "network.0.uuid": "6a68b40c-356f-4d4c-95e9-e5c72855fb35",
                            "power_state": "active",
                            "region": "Freiburg",
                            "security_groups.#": "4",
                            "security_groups.1001664029": "public",
                            "security_groups.2162032504": "egress",
                            "security_groups.3717909635": "public-ping",
                            "security_groups.4276348713": "public-web2",
                            "stop_before_destroy": "false",
                            "user_data": "53c053ce511c967bfa87f93eb45b3dfa43f06b86"
                        },
                        "meta": {
                            "e2bfb730-ecaa-11e6-8f88-34363bc7c4c0": {
                                "create": 1800000000000,
                                "delete": 1800000000000,
                                "update": 1800000000000
                            }
                        },
                        "tainted": false
                    },
                    "deposed": [],
                    "provider": "provider.openstack"
                },
                "openstack_compute_instance_v2.training-vm.30": {
                    "type": "openstack_compute_instance_v2",
                    "depends_on": [
                        "random_pet.training-vm.*"
                    ],
                    "primary": {
                        "id": "89a32da6-aa4a-4201-a485-daf91aa4d140",
                        "attributes": {
                            "access_ip_v4": "192.52.37.170",
                            "access_ip_v6": "",
                            "all_metadata.%": "0",
                            "availability_zone": "nova",
                            "flavor_id": "21bed2e4-ef48-4584-88a2-977ea9ad20a4",
                            "flavor_name": "m1.xlarge",
                            "force_delete": "false",
                            "id": "89a32da6-aa4a-4201-a485-daf91aa4d140",
                            "image_id": "dad2b000-ec07-4e86-90aa-fb5b6f752325",
                            "image_name": "Ubuntu 18.04",
                            "key_pair": "barcelona2020-training",
                            "name": "gat-30.training.galaxyproject.eu",
                            "network.#": "1",
                            "network.0.access_network": "false",
                            "network.0.fixed_ip_v4": "192.52.37.170",
                            "network.0.fixed_ip_v6": "",
                            "network.0.floating_ip": "",
                            "network.0.mac": "fa:16:3e:69:48:38",
                            "network.0.name": "public",
                            "network.0.port": "",
                            "network.0.uuid": "6a68b40c-356f-4d4c-95e9-e5c72855fb35",
                            "power_state": "active",
                            "region": "Freiburg",
                            "security_groups.#": "4",
                            "security_groups.1001664029": "public",
                            "security_groups.2162032504": "egress",
                            "security_groups.3717909635": "public-ping",
                            "security_groups.4276348713": "public-web2",
                            "stop_before_destroy": "false",
                            "user_data": "bf870d782bb14a20f189ebb55cb156f1ad51a316"
                        },
                        "meta": {
                            "e2bfb730-ecaa-11e6-8f88-34363bc7c4c0": {
                                "create": 1800000000000,
                                "delete": 1800000000000,
                                "update": 1800000000000
                            }
                        },
                        "tainted": false
                    },
                    "deposed": [],
                    "provider": "provider.openstack"
                },
                "openstack_compute_instance_v2.training-vm.31": {
                    "type": "openstack_compute_instance_v2",
                    "depends_on": [
                        "random_pet.training-vm.*"
                    ],
                    "primary": {
                        "id": "b743b8d2-dd05-4f35-8215-cfa1612a25b3",
                        "attributes": {
                            "access_ip_v4": "192.52.38.1",
                            "access_ip_v6": "",
                            "all_metadata.%": "0",
                            "availability_zone": "nova",
                            "flavor_id": "21bed2e4-ef48-4584-88a2-977ea9ad20a4",
                            "flavor_name": "m1.xlarge",
                            "force_delete": "false",
                            "id": "b743b8d2-dd05-4f35-8215-cfa1612a25b3",
                            "image_id": "dad2b000-ec07-4e86-90aa-fb5b6f752325",
                            "image_name": "Ubuntu 18.04",
                            "key_pair": "barcelona2020-training",
                            "name": "gat-31.training.galaxyproject.eu",
                            "network.#": "1",
                            "network.0.access_network": "false",
                            "network.0.fixed_ip_v4": "192.52.38.1",
                            "network.0.fixed_ip_v6": "",
                            "network.0.floating_ip": "",
                            "network.0.mac": "fa:16:3e:82:3d:66",
                            "network.0.name": "public",
                            "network.0.port": "",
                            "network.0.uuid": "6a68b40c-356f-4d4c-95e9-e5c72855fb35",
                            "power_state": "active",
                            "region": "Freiburg",
                            "security_groups.#": "4",
                            "security_groups.1001664029": "public",
                            "security_groups.2162032504": "egress",
                            "security_groups.3717909635": "public-ping",
                            "security_groups.4276348713": "public-web2",
                            "stop_before_destroy": "false",
                            "user_data": "5a2a31e78fb65072e278e68bfd5bf915b5bd288b"
                        },
                        "meta": {
                            "e2bfb730-ecaa-11e6-8f88-34363bc7c4c0": {
                                "create": 1800000000000,
                                "delete": 1800000000000,
                                "update": 1800000000000
                            }
                        },
                        "tainted": false
                    },
                    "deposed": [],
                    "provider": "provider.openstack"
                },
                "openstack_compute_instance_v2.training-vm.32": {
                    "type": "openstack_compute_instance_v2",
                    "depends_on": [
                        "random_pet.training-vm.*"
                    ],
                    "primary": {
                        "id": "1e6a005d-23ed-459a-802b-f693f70e37a3",
                        "attributes": {
                            "access_ip_v4": "192.52.36.44",
                            "access_ip_v6": "",
                            "all_metadata.%": "0",
                            "availability_zone": "nova",
                            "flavor_id": "21bed2e4-ef48-4584-88a2-977ea9ad20a4",
                            "flavor_name": "m1.xlarge",
                            "force_delete": "false",
                            "id": "1e6a005d-23ed-459a-802b-f693f70e37a3",
                            "image_id": "dad2b000-ec07-4e86-90aa-fb5b6f752325",
                            "image_name": "Ubuntu 18.04",
                            "key_pair": "barcelona2020-training",
                            "name": "gat-32.training.galaxyproject.eu",
                            "network.#": "1",
                            "network.0.access_network": "false",
                            "network.0.fixed_ip_v4": "192.52.36.44",
                            "network.0.fixed_ip_v6": "",
                            "network.0.floating_ip": "",
                            "network.0.mac": "fa:16:3e:2b:f8:f4",
                            "network.0.name": "public",
                            "network.0.port": "",
                            "network.0.uuid": "6a68b40c-356f-4d4c-95e9-e5c72855fb35",
                            "power_state": "active",
                            "region": "Freiburg",
                            "security_groups.#": "4",
                            "security_groups.1001664029": "public",
                            "security_groups.2162032504": "egress",
                            "security_groups.3717909635": "public-ping",
                            "security_groups.4276348713": "public-web2",
                            "stop_before_destroy": "false",
                            "user_data": "9a186c55ca496cbaa8fc48679770217f1f147f4d"
                        },
                        "meta": {
                            "e2bfb730-ecaa-11e6-8f88-34363bc7c4c0": {
                                "create": 1800000000000,
                                "delete": 1800000000000,
                                "update": 1800000000000
                            }
                        },
                        "tainted": false
                    },
                    "deposed": [],
                    "provider": "provider.openstack"
                },
                "openstack_compute_instance_v2.training-vm.33": {
                    "type": "openstack_compute_instance_v2",
                    "depends_on": [
                        "random_pet.training-vm.*"
                    ],
                    "primary": {
                        "id": "6d71a2a5-eb75-4145-a5e0-a5793ae758af",
                        "attributes": {
                            "access_ip_v4": "192.52.37.71",
                            "access_ip_v6": "",
                            "all_metadata.%": "0",
                            "availability_zone": "nova",
                            "flavor_id": "21bed2e4-ef48-4584-88a2-977ea9ad20a4",
                            "flavor_name": "m1.xlarge",
                            "force_delete": "false",
                            "id": "6d71a2a5-eb75-4145-a5e0-a5793ae758af",
                            "image_id": "dad2b000-ec07-4e86-90aa-fb5b6f752325",
                            "image_name": "Ubuntu 18.04",
                            "key_pair": "barcelona2020-training",
                            "name": "gat-33.training.galaxyproject.eu",
                            "network.#": "1",
                            "network.0.access_network": "false",
                            "network.0.fixed_ip_v4": "192.52.37.71",
                            "network.0.fixed_ip_v6": "",
                            "network.0.floating_ip": "",
                            "network.0.mac": "fa:16:3e:95:81:28",
                            "network.0.name": "public",
                            "network.0.port": "",
                            "network.0.uuid": "6a68b40c-356f-4d4c-95e9-e5c72855fb35",
                            "power_state": "active",
                            "region": "Freiburg",
                            "security_groups.#": "4",
                            "security_groups.1001664029": "public",
                            "security_groups.2162032504": "egress",
                            "security_groups.3717909635": "public-ping",
                            "security_groups.4276348713": "public-web2",
                            "stop_before_destroy": "false",
                            "user_data": "368cadf74c7692fa9a478d9795c0e9a8b9d62feb"
                        },
                        "meta": {
                            "e2bfb730-ecaa-11e6-8f88-34363bc7c4c0": {
                                "create": 1800000000000,
                                "delete": 1800000000000,
                                "update": 1800000000000
                            }
                        },
                        "tainted": false
                    },
                    "deposed": [],
                    "provider": "provider.openstack"
                },
                "openstack_compute_instance_v2.training-vm.34": {
                    "type": "openstack_compute_instance_v2",
                    "depends_on": [
                        "random_pet.training-vm.*"
                    ],
                    "primary": {
                        "id": "763b3b11-a1ba-4c8f-bda7-956b46faa3ad",
                        "attributes": {
                            "access_ip_v4": "192.52.35.167",
                            "access_ip_v6": "",
                            "all_metadata.%": "0",
                            "availability_zone": "nova",
                            "flavor_id": "21bed2e4-ef48-4584-88a2-977ea9ad20a4",
                            "flavor_name": "m1.xlarge",
                            "force_delete": "false",
                            "id": "763b3b11-a1ba-4c8f-bda7-956b46faa3ad",
                            "image_id": "dad2b000-ec07-4e86-90aa-fb5b6f752325",
                            "image_name": "Ubuntu 18.04",
                            "key_pair": "barcelona2020-training",
                            "name": "gat-34.training.galaxyproject.eu",
                            "network.#": "1",
                            "network.0.access_network": "false",
                            "network.0.fixed_ip_v4": "192.52.35.167",
                            "network.0.fixed_ip_v6": "",
                            "network.0.floating_ip": "",
                            "network.0.mac": "fa:16:3e:8f:2e:7b",
                            "network.0.name": "public",
                            "network.0.port": "",
                            "network.0.uuid": "6a68b40c-356f-4d4c-95e9-e5c72855fb35",
                            "power_state": "active",
                            "region": "Freiburg",
                            "security_groups.#": "4",
                            "security_groups.1001664029": "public",
                            "security_groups.2162032504": "egress",
                            "security_groups.3717909635": "public-ping",
                            "security_groups.4276348713": "public-web2",
                            "stop_before_destroy": "false",
                            "user_data": "559895883eb8ebeb77c2e2d2585cbc1bbef12aec"
                        },
                        "meta": {
                            "e2bfb730-ecaa-11e6-8f88-34363bc7c4c0": {
                                "create": 1800000000000,
                                "delete": 1800000000000,
                                "update": 1800000000000
                            }
                        },
                        "tainted": false
                    },
                    "deposed": [],
                    "provider": "provider.openstack"
                },
                "openstack_compute_instance_v2.training-vm.35": {
                    "type": "openstack_compute_instance_v2",
                    "depends_on": [
                        "random_pet.training-vm.*"
                    ],
                    "primary": {
                        "id": "e2b9b426-f43b-4790-8c47-2fa016251fc9",
                        "attributes": {
                            "access_ip_v4": "192.52.38.94",
                            "access_ip_v6": "",
                            "all_metadata.%": "0",
                            "availability_zone": "nova",
                            "flavor_id": "21bed2e4-ef48-4584-88a2-977ea9ad20a4",
                            "flavor_name": "m1.xlarge",
                            "force_delete": "false",
                            "id": "e2b9b426-f43b-4790-8c47-2fa016251fc9",
                            "image_id": "dad2b000-ec07-4e86-90aa-fb5b6f752325",
                            "image_name": "Ubuntu 18.04",
                            "key_pair": "barcelona2020-training",
                            "name": "gat-35.training.galaxyproject.eu",
                            "network.#": "1",
                            "network.0.access_network": "false",
                            "network.0.fixed_ip_v4": "192.52.38.94",
                            "network.0.fixed_ip_v6": "",
                            "network.0.floating_ip": "",
                            "network.0.mac": "fa:16:3e:81:0d:3a",
                            "network.0.name": "public",
                            "network.0.port": "",
                            "network.0.uuid": "6a68b40c-356f-4d4c-95e9-e5c72855fb35",
                            "power_state": "active",
                            "region": "Freiburg",
                            "security_groups.#": "4",
                            "security_groups.1001664029": "public",
                            "security_groups.2162032504": "egress",
                            "security_groups.3717909635": "public-ping",
                            "security_groups.4276348713": "public-web2",
                            "stop_before_destroy": "false",
                            "user_data": "d4f0cf1dba3bbb84fa8740fa034d587e9e7b25c0"
                        },
                        "meta": {
                            "e2bfb730-ecaa-11e6-8f88-34363bc7c4c0": {
                                "create": 1800000000000,
                                "delete": 1800000000000,
                                "update": 1800000000000
                            }
                        },
                        "tainted": false
                    },
                    "deposed": [],
                    "provider": "provider.openstack"
                },
                "openstack_compute_instance_v2.training-vm.36": {
                    "type": "openstack_compute_instance_v2",
                    "depends_on": [
                        "random_pet.training-vm.*"
                    ],
                    "primary": {
                        "id": "873f7cb3-e084-4623-9a4a-0e4e6eafed09",
                        "attributes": {
                            "access_ip_v4": "192.52.39.89",
                            "access_ip_v6": "",
                            "all_metadata.%": "0",
                            "availability_zone": "nova",
                            "flavor_id": "21bed2e4-ef48-4584-88a2-977ea9ad20a4",
                            "flavor_name": "m1.xlarge",
                            "force_delete": "false",
                            "id": "873f7cb3-e084-4623-9a4a-0e4e6eafed09",
                            "image_id": "dad2b000-ec07-4e86-90aa-fb5b6f752325",
                            "image_name": "Ubuntu 18.04",
                            "key_pair": "barcelona2020-training",
                            "name": "gat-36.training.galaxyproject.eu",
                            "network.#": "1",
                            "network.0.access_network": "false",
                            "network.0.fixed_ip_v4": "192.52.39.89",
                            "network.0.fixed_ip_v6": "",
                            "network.0.floating_ip": "",
                            "network.0.mac": "fa:16:3e:71:18:d6",
                            "network.0.name": "public",
                            "network.0.port": "",
                            "network.0.uuid": "6a68b40c-356f-4d4c-95e9-e5c72855fb35",
                            "power_state": "active",
                            "region": "Freiburg",
                            "security_groups.#": "4",
                            "security_groups.1001664029": "public",
                            "security_groups.2162032504": "egress",
                            "security_groups.3717909635": "public-ping",
                            "security_groups.4276348713": "public-web2",
                            "stop_before_destroy": "false",
                            "user_data": "f9174fc63e4145d5d85d49e90b559331f5dd839b"
                        },
                        "meta": {
                            "e2bfb730-ecaa-11e6-8f88-34363bc7c4c0": {
                                "create": 1800000000000,
                                "delete": 1800000000000,
                                "update": 1800000000000
                            }
                        },
                        "tainted": false
                    },
                    "deposed": [],
                    "provider": "provider.openstack"
                },
                "openstack_compute_instance_v2.training-vm.37": {
                    "type": "openstack_compute_instance_v2",
                    "depends_on": [
                        "random_pet.training-vm.*"
                    ],
                    "primary": {
                        "id": "7803da12-c2e4-4ff6-b6c3-f119fed5f93c",
                        "attributes": {
                            "access_ip_v4": "192.52.36.225",
                            "access_ip_v6": "",
                            "all_metadata.%": "0",
                            "availability_zone": "nova",
                            "flavor_id": "21bed2e4-ef48-4584-88a2-977ea9ad20a4",
                            "flavor_name": "m1.xlarge",
                            "force_delete": "false",
                            "id": "7803da12-c2e4-4ff6-b6c3-f119fed5f93c",
                            "image_id": "dad2b000-ec07-4e86-90aa-fb5b6f752325",
                            "image_name": "Ubuntu 18.04",
                            "key_pair": "barcelona2020-training",
                            "name": "gat-37.training.galaxyproject.eu",
                            "network.#": "1",
                            "network.0.access_network": "false",
                            "network.0.fixed_ip_v4": "192.52.36.225",
                            "network.0.fixed_ip_v6": "",
                            "network.0.floating_ip": "",
                            "network.0.mac": "fa:16:3e:6b:c1:63",
                            "network.0.name": "public",
                            "network.0.port": "",
                            "network.0.uuid": "6a68b40c-356f-4d4c-95e9-e5c72855fb35",
                            "power_state": "active",
                            "region": "Freiburg",
                            "security_groups.#": "4",
                            "security_groups.1001664029": "public",
                            "security_groups.2162032504": "egress",
                            "security_groups.3717909635": "public-ping",
                            "security_groups.4276348713": "public-web2",
                            "stop_before_destroy": "false",
                            "user_data": "a57290391b4534be4d6853e481a39a4cdcb13b94"
                        },
                        "meta": {
                            "e2bfb730-ecaa-11e6-8f88-34363bc7c4c0": {
                                "create": 1800000000000,
                                "delete": 1800000000000,
                                "update": 1800000000000
                            }
                        },
                        "tainted": false
                    },
                    "deposed": [],
                    "provider": "provider.openstack"
                },
                "openstack_compute_instance_v2.training-vm.38": {
                    "type": "openstack_compute_instance_v2",
                    "depends_on": [
                        "random_pet.training-vm.*"
                    ],
                    "primary": {
                        "id": "8db16da9-276d-43d7-9e90-9bd40f64361d",
                        "attributes": {
                            "access_ip_v4": "192.52.36.204",
                            "access_ip_v6": "",
                            "all_metadata.%": "0",
                            "availability_zone": "nova",
                            "flavor_id": "21bed2e4-ef48-4584-88a2-977ea9ad20a4",
                            "flavor_name": "m1.xlarge",
                            "force_delete": "false",
                            "id": "8db16da9-276d-43d7-9e90-9bd40f64361d",
                            "image_id": "dad2b000-ec07-4e86-90aa-fb5b6f752325",
                            "image_name": "Ubuntu 18.04",
                            "key_pair": "barcelona2020-training",
                            "name": "gat-38.training.galaxyproject.eu",
                            "network.#": "1",
                            "network.0.access_network": "false",
                            "network.0.fixed_ip_v4": "192.52.36.204",
                            "network.0.fixed_ip_v6": "",
                            "network.0.floating_ip": "",
                            "network.0.mac": "fa:16:3e:33:be:ab",
                            "network.0.name": "public",
                            "network.0.port": "",
                            "network.0.uuid": "6a68b40c-356f-4d4c-95e9-e5c72855fb35",
                            "power_state": "active",
                            "region": "Freiburg",
                            "security_groups.#": "4",
                            "security_groups.1001664029": "public",
                            "security_groups.2162032504": "egress",
                            "security_groups.3717909635": "public-ping",
                            "security_groups.4276348713": "public-web2",
                            "stop_before_destroy": "false",
                            "user_data": "1988cf6ec0f0e499ceda29701b7ce3f26e7b1ecb"
                        },
                        "meta": {
                            "e2bfb730-ecaa-11e6-8f88-34363bc7c4c0": {
                                "create": 1800000000000,
                                "delete": 1800000000000,
                                "update": 1800000000000
                            }
                        },
                        "tainted": false
                    },
                    "deposed": [],
                    "provider": "provider.openstack"
                },
                "openstack_compute_instance_v2.training-vm.39": {
                    "type": "openstack_compute_instance_v2",
                    "depends_on": [
                        "random_pet.training-vm.*"
                    ],
                    "primary": {
                        "id": "12b14abf-6e66-49d1-96e1-4cba19bf28bd",
                        "attributes": {
                            "access_ip_v4": "192.52.36.134",
                            "access_ip_v6": "",
                            "all_metadata.%": "0",
                            "availability_zone": "nova",
                            "flavor_id": "21bed2e4-ef48-4584-88a2-977ea9ad20a4",
                            "flavor_name": "m1.xlarge",
                            "force_delete": "false",
                            "id": "12b14abf-6e66-49d1-96e1-4cba19bf28bd",
                            "image_id": "dad2b000-ec07-4e86-90aa-fb5b6f752325",
                            "image_name": "Ubuntu 18.04",
                            "key_pair": "barcelona2020-training",
                            "name": "gat-39.training.galaxyproject.eu",
                            "network.#": "1",
                            "network.0.access_network": "false",
                            "network.0.fixed_ip_v4": "192.52.36.134",
                            "network.0.fixed_ip_v6": "",
                            "network.0.floating_ip": "",
                            "network.0.mac": "fa:16:3e:2d:c1:17",
                            "network.0.name": "public",
                            "network.0.port": "",
                            "network.0.uuid": "6a68b40c-356f-4d4c-95e9-e5c72855fb35",
                            "power_state": "active",
                            "region": "Freiburg",
                            "security_groups.#": "4",
                            "security_groups.1001664029": "public",
                            "security_groups.2162032504": "egress",
                            "security_groups.3717909635": "public-ping",
                            "security_groups.4276348713": "public-web2",
                            "stop_before_destroy": "false",
                            "user_data": "0a7f6639260750fe03935995dfd0b4139a71533a"
                        },
                        "meta": {
                            "e2bfb730-ecaa-11e6-8f88-34363bc7c4c0": {
                                "create": 1800000000000,
                                "delete": 1800000000000,
                                "update": 1800000000000
                            }
                        },
                        "tainted": false
                    },
                    "deposed": [],
                    "provider": "provider.openstack"
                },
                "openstack_compute_instance_v2.training-vm.4": {
                    "type": "openstack_compute_instance_v2",
                    "depends_on": [
                        "random_pet.training-vm.*"
                    ],
                    "primary": {
                        "id": "c956def4-490a-4956-a8f5-499d1d6459ba",
                        "attributes": {
                            "access_ip_v4": "192.52.36.248",
                            "access_ip_v6": "",
                            "all_metadata.%": "0",
                            "availability_zone": "nova",
                            "flavor_id": "21bed2e4-ef48-4584-88a2-977ea9ad20a4",
                            "flavor_name": "m1.xlarge",
                            "force_delete": "false",
                            "id": "c956def4-490a-4956-a8f5-499d1d6459ba",
                            "image_id": "dad2b000-ec07-4e86-90aa-fb5b6f752325",
                            "image_name": "Ubuntu 18.04",
                            "key_pair": "barcelona2020-training",
                            "name": "gat-4.training.galaxyproject.eu",
                            "network.#": "1",
                            "network.0.access_network": "false",
                            "network.0.fixed_ip_v4": "192.52.36.248",
                            "network.0.fixed_ip_v6": "",
                            "network.0.floating_ip": "",
                            "network.0.mac": "fa:16:3e:6b:b1:92",
                            "network.0.name": "public",
                            "network.0.port": "",
                            "network.0.uuid": "6a68b40c-356f-4d4c-95e9-e5c72855fb35",
                            "power_state": "active",
                            "region": "Freiburg",
                            "security_groups.#": "4",
                            "security_groups.1001664029": "public",
                            "security_groups.2162032504": "egress",
                            "security_groups.3717909635": "public-ping",
                            "security_groups.4276348713": "public-web2",
                            "stop_before_destroy": "false",
                            "user_data": "c1317627cf664e848550840b827d52c5a63c74eb"
                        },
                        "meta": {
                            "e2bfb730-ecaa-11e6-8f88-34363bc7c4c0": {
                                "create": 1800000000000,
                                "delete": 1800000000000,
                                "update": 1800000000000
                            }
                        },
                        "tainted": false
                    },
                    "deposed": [],
                    "provider": "provider.openstack"
                },
                "openstack_compute_instance_v2.training-vm.5": {
                    "type": "openstack_compute_instance_v2",
                    "depends_on": [
                        "random_pet.training-vm.*"
                    ],
                    "primary": {
                        "id": "aa49bf19-b1ff-4664-91cf-1676b0c892a9",
                        "attributes": {
                            "access_ip_v4": "192.52.39.46",
                            "access_ip_v6": "",
                            "all_metadata.%": "0",
                            "availability_zone": "nova",
                            "flavor_id": "21bed2e4-ef48-4584-88a2-977ea9ad20a4",
                            "flavor_name": "m1.xlarge",
                            "force_delete": "false",
                            "id": "aa49bf19-b1ff-4664-91cf-1676b0c892a9",
                            "image_id": "dad2b000-ec07-4e86-90aa-fb5b6f752325",
                            "image_name": "Ubuntu 18.04",
                            "key_pair": "barcelona2020-training",
                            "name": "gat-5.training.galaxyproject.eu",
                            "network.#": "1",
                            "network.0.access_network": "false",
                            "network.0.fixed_ip_v4": "192.52.39.46",
                            "network.0.fixed_ip_v6": "",
                            "network.0.floating_ip": "",
                            "network.0.mac": "fa:16:3e:03:c8:13",
                            "network.0.name": "public",
                            "network.0.port": "",
                            "network.0.uuid": "6a68b40c-356f-4d4c-95e9-e5c72855fb35",
                            "power_state": "active",
                            "region": "Freiburg",
                            "security_groups.#": "4",
                            "security_groups.1001664029": "public",
                            "security_groups.2162032504": "egress",
                            "security_groups.3717909635": "public-ping",
                            "security_groups.4276348713": "public-web2",
                            "stop_before_destroy": "false",
                            "user_data": "1b81efdb33d5ddc0f09aa6db0da87fba1cc8a68a"
                        },
                        "meta": {
                            "e2bfb730-ecaa-11e6-8f88-34363bc7c4c0": {
                                "create": 1800000000000,
                                "delete": 1800000000000,
                                "update": 1800000000000
                            }
                        },
                        "tainted": false
                    },
                    "deposed": [],
                    "provider": "provider.openstack"
                },
                "openstack_compute_instance_v2.training-vm.6": {
                    "type": "openstack_compute_instance_v2",
                    "depends_on": [
                        "random_pet.training-vm.*"
                    ],
                    "primary": {
                        "id": "758c9b98-a140-421d-a152-1e255682eb47",
                        "attributes": {
                            "access_ip_v4": "192.52.39.102",
                            "access_ip_v6": "",
                            "all_metadata.%": "0",
                            "availability_zone": "nova",
                            "flavor_id": "21bed2e4-ef48-4584-88a2-977ea9ad20a4",
                            "flavor_name": "m1.xlarge",
                            "force_delete": "false",
                            "id": "758c9b98-a140-421d-a152-1e255682eb47",
                            "image_id": "dad2b000-ec07-4e86-90aa-fb5b6f752325",
                            "image_name": "Ubuntu 18.04",
                            "key_pair": "barcelona2020-training",
                            "name": "gat-6.training.galaxyproject.eu",
                            "network.#": "1",
                            "network.0.access_network": "false",
                            "network.0.fixed_ip_v4": "192.52.39.102",
                            "network.0.fixed_ip_v6": "",
                            "network.0.floating_ip": "",
                            "network.0.mac": "fa:16:3e:a5:c4:08",
                            "network.0.name": "public",
                            "network.0.port": "",
                            "network.0.uuid": "6a68b40c-356f-4d4c-95e9-e5c72855fb35",
                            "power_state": "active",
                            "region": "Freiburg",
                            "security_groups.#": "4",
                            "security_groups.1001664029": "public",
                            "security_groups.2162032504": "egress",
                            "security_groups.3717909635": "public-ping",
                            "security_groups.4276348713": "public-web2",
                            "stop_before_destroy": "false",
                            "user_data": "6232a30818974ec57232b017284751a9d0865eb2"
                        },
                        "meta": {
                            "e2bfb730-ecaa-11e6-8f88-34363bc7c4c0": {
                                "create": 1800000000000,
                                "delete": 1800000000000,
                                "update": 1800000000000
                            }
                        },
                        "tainted": false
                    },
                    "deposed": [],
                    "provider": "provider.openstack"
                },
                "openstack_compute_instance_v2.training-vm.7": {
                    "type": "openstack_compute_instance_v2",
                    "depends_on": [
                        "random_pet.training-vm.*"
                    ],
                    "primary": {
                        "id": "7f270d49-bf72-49d9-8da3-0bac20ded66c",
                        "attributes": {
                            "access_ip_v4": "192.52.35.220",
                            "access_ip_v6": "",
                            "all_metadata.%": "0",
                            "availability_zone": "nova",
                            "flavor_id": "21bed2e4-ef48-4584-88a2-977ea9ad20a4",
                            "flavor_name": "m1.xlarge",
                            "force_delete": "false",
                            "id": "7f270d49-bf72-49d9-8da3-0bac20ded66c",
                            "image_id": "dad2b000-ec07-4e86-90aa-fb5b6f752325",
                            "image_name": "Ubuntu 18.04",
                            "key_pair": "barcelona2020-training",
                            "name": "gat-7.training.galaxyproject.eu",
                            "network.#": "1",
                            "network.0.access_network": "false",
                            "network.0.fixed_ip_v4": "192.52.35.220",
                            "network.0.fixed_ip_v6": "",
                            "network.0.floating_ip": "",
                            "network.0.mac": "fa:16:3e:36:60:25",
                            "network.0.name": "public",
                            "network.0.port": "",
                            "network.0.uuid": "6a68b40c-356f-4d4c-95e9-e5c72855fb35",
                            "power_state": "active",
                            "region": "Freiburg",
                            "security_groups.#": "4",
                            "security_groups.1001664029": "public",
                            "security_groups.2162032504": "egress",
                            "security_groups.3717909635": "public-ping",
                            "security_groups.4276348713": "public-web2",
                            "stop_before_destroy": "false",
                            "user_data": "84dfcebfc12399e20f13025f9309998e346af562"
                        },
                        "meta": {
                            "e2bfb730-ecaa-11e6-8f88-34363bc7c4c0": {
                                "create": 1800000000000,
                                "delete": 1800000000000,
                                "update": 1800000000000
                            }
                        },
                        "tainted": false
                    },
                    "deposed": [],
                    "provider": "provider.openstack"
                },
                "openstack_compute_instance_v2.training-vm.8": {
                    "type": "openstack_compute_instance_v2",
                    "depends_on": [
                        "random_pet.training-vm.*"
                    ],
                    "primary": {
                        "id": "346044eb-e738-4bb5-8558-443c811d6fe9",
                        "attributes": {
                            "access_ip_v4": "192.52.37.41",
                            "access_ip_v6": "",
                            "all_metadata.%": "0",
                            "availability_zone": "nova",
                            "flavor_id": "21bed2e4-ef48-4584-88a2-977ea9ad20a4",
                            "flavor_name": "m1.xlarge",
                            "force_delete": "false",
                            "id": "346044eb-e738-4bb5-8558-443c811d6fe9",
                            "image_id": "dad2b000-ec07-4e86-90aa-fb5b6f752325",
                            "image_name": "Ubuntu 18.04",
                            "key_pair": "barcelona2020-training",
                            "name": "gat-8.training.galaxyproject.eu",
                            "network.#": "1",
                            "network.0.access_network": "false",
                            "network.0.fixed_ip_v4": "192.52.37.41",
                            "network.0.fixed_ip_v6": "",
                            "network.0.floating_ip": "",
                            "network.0.mac": "fa:16:3e:46:87:45",
                            "network.0.name": "public",
                            "network.0.port": "",
                            "network.0.uuid": "6a68b40c-356f-4d4c-95e9-e5c72855fb35",
                            "power_state": "active",
                            "region": "Freiburg",
                            "security_groups.#": "4",
                            "security_groups.1001664029": "public",
                            "security_groups.2162032504": "egress",
                            "security_groups.3717909635": "public-ping",
                            "security_groups.4276348713": "public-web2",
                            "stop_before_destroy": "false",
                            "user_data": "8320fd2246511c3025963d38f7476bb95be39a8d"
                        },
                        "meta": {
                            "e2bfb730-ecaa-11e6-8f88-34363bc7c4c0": {
                                "create": 1800000000000,
                                "delete": 1800000000000,
                                "update": 1800000000000
                            }
                        },
                        "tainted": false
                    },
                    "deposed": [],
                    "provider": "provider.openstack"
                },
                "openstack_compute_instance_v2.training-vm.9": {
                    "type": "openstack_compute_instance_v2",
                    "depends_on": [
                        "random_pet.training-vm.*"
                    ],
                    "primary": {
                        "id": "7e177886-ce33-46d9-bf86-1ccfc43db458",
                        "attributes": {
                            "access_ip_v4": "192.52.37.116",
                            "access_ip_v6": "",
                            "all_metadata.%": "0",
                            "availability_zone": "nova",
                            "flavor_id": "21bed2e4-ef48-4584-88a2-977ea9ad20a4",
                            "flavor_name": "m1.xlarge",
                            "force_delete": "false",
                            "id": "7e177886-ce33-46d9-bf86-1ccfc43db458",
                            "image_id": "dad2b000-ec07-4e86-90aa-fb5b6f752325",
                            "image_name": "Ubuntu 18.04",
                            "key_pair": "barcelona2020-training",
                            "name": "gat-9.training.galaxyproject.eu",
                            "network.#": "1",
                            "network.0.access_network": "false",
                            "network.0.fixed_ip_v4": "192.52.37.116",
                            "network.0.fixed_ip_v6": "",
                            "network.0.floating_ip": "",
                            "network.0.mac": "fa:16:3e:06:fa:29",
                            "network.0.name": "public",
                            "network.0.port": "",
                            "network.0.uuid": "6a68b40c-356f-4d4c-95e9-e5c72855fb35",
                            "power_state": "active",
                            "region": "Freiburg",
                            "security_groups.#": "4",
                            "security_groups.1001664029": "public",
                            "security_groups.2162032504": "egress",
                            "security_groups.3717909635": "public-ping",
                            "security_groups.4276348713": "public-web2",
                            "stop_before_destroy": "false",
                            "user_data": "a007d498cd06b31d71aef2627ac2c03f8d808058"
                        },
                        "meta": {
                            "e2bfb730-ecaa-11e6-8f88-34363bc7c4c0": {
                                "create": 1800000000000,
                                "delete": 1800000000000,
                                "update": 1800000000000
                            }
                        },
                        "tainted": false
                    },
                    "deposed": [],
                    "provider": "provider.openstack"
                },
                "openstack_compute_keypair_v2.barcelona2020-training": {
                    "type": "openstack_compute_keypair_v2",
                    "depends_on": [],
                    "primary": {
                        "id": "barcelona2020-training",
                        "attributes": {
                            "fingerprint": "ec:11:a8:28:3b:fb:7b:89:f8:5b:c2:a1:31:41:9b:9a",
                            "id": "barcelona2020-training",
                            "name": "barcelona2020-training",
                            "private_key": "",
                            "public_key": "ssh-rsa AAAAB3NzaC1yc2EAAAADAQABAAABAQDO3e46pMJJsCzldoVeuki1jAU0TTmQIkzOiMSzFIhNumOcApZzFdqfTFzr5UnW2eSneGL6j6txveFbsxGaPuy7iCFlKGvWAlHHnL1pPrE424NFEuzrXq0UpTT1FdC2VQ5mR1lcUAd+aG2psGDT8YltQ/Q1dCswsBVI4YUvyPbGDJot/awQG8IAESlJP1uPkmrbsEKMSebowY2tF6o6biTnI2EHFmYqlFE5okGTqOAhCQqiIufw+aAcKi4EYsS8VmmZsWZiyKghgBtG7etdM1hQ0N7OWA+HVS/Bs92vS38U/5L5gPXGUL9RWY93RyiBxsjQf0/NxU7gEsayBY1iyUPp barecelona-admin",
                            "region": "Freiburg"
                        },
                        "meta": {},
                        "tainted": false
                    },
                    "deposed": [],
                    "provider": "provider.openstack"
                },
                "openstack_compute_keypair_v2.bioconda-utils": {
                    "type": "openstack_compute_keypair_v2",
                    "depends_on": [],
                    "primary": {
                        "id": "bioconda-utils",
                        "attributes": {
                            "fingerprint": "2d:34:1c:e0:dc:11:c2:58:61:8a:ac:4a:2a:ea:cb:59",
                            "id": "bioconda-utils",
                            "name": "bioconda-utils",
                            "private_key": "",
                            "public_key": "ssh-rsa AAAAB3NzaC1yc2EAAAADAQABAAABAQCyY/6ORjwPrNRgxtKTVoyo+CT2yIpkDxMln5HHaG4Ff2zkEDDBEMPfLNhF1u9Eo6I1fCqHjqwbciNST5DAulMdUV0GhH2qe3BoiDVmh2OPPO7KqGS1LJBjm2g8hpFWeHahdkcqZqp6i/9xwEMUMWE+AoFdkKFFFe3f6SgNkcesUciHXbFe77j/FDqgDymdX32DhRAqnkKVrVQ1VuGJwRMUIhiVYY4LFBwL7DbTg9uADCsCw8e+tfwk4UUkmNEPV5y3xwKdIisEqemQGztUi6AirbWLenWxZvLnNTbg8xVkey0ClDVLqJEbhvQB+hvpTJOj+MtzKef6uERnjjDwXoA9",
                            "region": "Freiburg"
                        },
                        "meta": {},
                        "tainted": false
                    },
                    "deposed": [],
                    "provider": "provider.openstack"
                },
                "openstack_compute_keypair_v2.build-usegalaxy-org": {
                    "type": "openstack_compute_keypair_v2",
                    "depends_on": [],
                    "primary": {
                        "id": "build-usegalaxy-org",
                        "attributes": {
                            "fingerprint": "2f:07:1a:56:56:fd:64:02:b6:d3:24:a3:24:fc:3a:f9",
                            "id": "build-usegalaxy-org",
                            "name": "build-usegalaxy-org",
                            "private_key": "",
                            "public_key": "ssh-rsa AAAAB3NzaC1yc2EAAAADAQABAAACAQCxIKHzBlxRzNV7xtpPAv74dDHJO6PK5UvHztWtnrUVQgQUh8glpkBRDyUcb8oRCMAKWD0j363DK2BbpQwgoHHbo8dnpv3W15F5nrBLOSl5oI+DazWYA/5NJs2K7lVXKTG7osSRA5jz+gdarRi3++sw7RYx5qCHYbWd5Dra6zlDUZK+gLNkBcbvNN6jsHKn8pY7fohgfle9eIQ/B0Hb07HF+n8Ppx83a2hlzZobhp99rI2u65IiWAd+5mat7tSNoCDvbMSgdPjapezUPUPG/RJL7qLdPMuOo/n6zuxdbTmVEffFfjX+y7qf3rWbOoi413df3Rncj3/j1ysWRqw1m8eSICyNUGuzMLrbxoySAEPc89/gvwYAeTJNuqw4TNioMxuiotFNPQcJ+Sf8DHxFjNKYvQBBamAFRFYq0XsCt9E98QJyMIhlwxtD3gEjmZRS0RspF5ajNDQPK6tOe34V0thfRs3VqBcQ87QoIPY/dIMT961WhCiwSgVBJ5IG4pD09keatp4OUBqOhRLdvg3wL7NgekzeNJS6RqA8fmZZMDLokNFkaSVBHfwlGcTEUe48IbaWh7TgmNFzStTUijZKPJFcvp1dRYdTUQnSR8TtA+kzJb0oVTeFwIadcsN0Vjb/g3jDTLNat0HsNS3wYRgxCV2izPWCFpOgLUiQVATVOlazHw==",
                            "region": "Freiburg"
                        },
                        "meta": {},
                        "tainted": false
                    },
                    "deposed": [],
                    "provider": "provider.openstack"
                },
                "openstack_compute_keypair_v2.cloud2": {
                    "type": "openstack_compute_keypair_v2",
                    "depends_on": [],
                    "primary": {
                        "id": "cloud2",
                        "attributes": {
                            "fingerprint": "4a:72:2c:7e:d2:b7:f2:c4:5a:9e:bb:ca:c7:8f:d7:a3",
                            "id": "cloud2",
                            "name": "cloud2",
                            "private_key": "",
                            "public_key": "ssh-rsa AAAAB3NzaC1yc2EAAAADAQABAAACAQDV7gfNbNN5O8vH6/tM/iOFXKBP2YKRHXOmdfV8ogvu9BdVV0IPmDzk2EooVpThDE1VMv1hz3811tvBhHRJ6IgNhVIV/61w/+RazQD/AU27X8bX+Hb9EQ/bP4DW+6ySd/z5vdDLzpH5dbiMhzPEDkXVsylUT+hkQnas6cHspDhHmtKQ5MWOgDe3D/IEudTDJQe8hxxaU4TaZUmFzn7eYp9HvuK8qW0yCy4NWOxJJHA+G5wSCyLuKnaKo4AitUIzSKF1AB94oq7b96KONhPxgRptAk4OYIUTdNFbrI5HDaSNzHLnF5FbjQvG+Eu6m5nY5yvJMogE+jiuWeIXCZTCFljg287FUo0ohmbZpd802L6VXun14VumRC+rRgPrvBALo/CsyCsPIoBSTKhVElxKVOcRjmTLNfrUZM0GQxqJhIvah8BV+JTExkipPwkrKTdMAWIXvCoehxV+WMpBWqtEEzAzEoqJpaiec7HfriwsHTGESZWAPYEbFjzbHXQZtqBkbOvtokPMRmTWfWKxaplCMN6ddJeeY6faorD0w/e6lszWES1Q1ieajiPKDy37UvybKKvPTk4o3MzyzYOS4c8HQj+jnGeR5Q3ETuyz4psLyOfuBtIrfOeuxV42rFDmkYM3IrrRR+F9oklFG6Ig8DVfgQEzSG36NkgvpF4OdFvigYqXvw== cloud@vgcn",
                            "region": "Freiburg"
                        },
                        "meta": {},
                        "tainted": false
                    },
                    "deposed": [],
                    "provider": "provider.openstack"
                },
                "openstack_compute_keypair_v2.glx-test": {
                    "type": "openstack_compute_keypair_v2",
                    "depends_on": [],
                    "primary": {
                        "id": "glx-test",
                        "attributes": {
                            "fingerprint": "e1:f7:6e:03:03:1c:ac:78:42:64:0a:62:7f:60:3f:98",
                            "id": "glx-test",
                            "name": "glx-test",
                            "private_key": "",
                            "public_key": "ssh-rsa AAAAB3NzaC1yc2EAAAADAQABAAACAQC1NsmuU6ETRGMk1veC5jyx/bRZ3WTjgoxVUcWAFizpvPGWdJc2x0ZW0dMr9WDSlqXkQHf4FvRiqxtL9Q8Kej8odESM7ej6y1/huGfQTGtHnCOV2P4MC+nNaNim0KzEUwgQ9MNdMUnfhJcmRNHIIUVFtxEfC2bhthoBpEN6WMehRgn7E91e9W5GHA7nmHmQCDTFGkPGyM3FTPsEarH9P4hjXlfp9pRb/vlhm5xbHEgKZU1iIDrNDZNeMfZlK7Ja1u9rCzAavwzNkwcLt3/dMoXuiDXTFtlzTM83bseHseCLpczJuwhW62DtitX4K/dO6zCKmcv1EUt2SEY2PsnZ0sZypDCtYq+lsCTUukp8E/DPzSsd61vfHEZBMzRw7bxU7ELH/TlcTRs4UmAYXA7phkmetIVq2Y9vNni1UP04dwP9rvlqdYXNDemIMs4AC48SDnrhZ47zSP0S6EMvKhcZcSWhAKKMr0p+3OHrifNXhLcLoz/+lsM1z/ev1YYeigkyXjVYeWGLy8fYSG5yEp27mSWdde1frGnp4Bl0t9FemcBI+AKvugwZiHNlUVI3m3XyP6tygK+MdMPQp6NwNWHKYUPFRZvRSnOEOoj6B9RRUEzW9XWR8Np1iuAf76UtuW4r/nwKlKKwU/uF7oKaRuiIUAYzGdyQrcZuBp3l4vV7h7bptw== gmauro@informatik.uni-freiburg.de",
                            "region": "Freiburg"
                        },
                        "meta": {},
                        "tainted": false
                    },
                    "deposed": [],
                    "provider": "provider.openstack"
                },
                "openstack_compute_keypair_v2.jenkins2": {
                    "type": "openstack_compute_keypair_v2",
                    "depends_on": [],
                    "primary": {
                        "id": "jenkins2",
                        "attributes": {
                            "fingerprint": "4b:a2:60:7d:08:e7:e4:b8:c7:83:3d:9a:cb:04:a1:68",
                            "id": "jenkins2",
                            "name": "jenkins2",
                            "private_key": "",
                            "public_key": "ssh-rsa AAAAB3NzaC1yc2EAAAADAQABAAABAQDfQrCU7MkCPHoFt6kwBnh3kZMd38WMbP4TSmaYrRjqwNAqlW9zoyHMy/eU+Gvb87hjSm9EZG8GOoHAkkqy1s7G6qQWNfYoxyQmbxs/nj3mtvFRKfow8WUmt2Xew5tXWJX1GxWtpyNn4ytrB7iGJRyiGN1R/g6qyBu/rxWtVvWxz79THajJqt5zgJFvnnLDOj9wlUIdA6lXlMOE0fUzdXsBNhZGWMwMCo+hd3i+SHsuK5QvBGPz/c9SdfzyKfg8JFmb2dfMCfybhsAeGO315qZWe1t7fgwVYiFRcOvTpZ0SR7sFPfmEAzm4sIF10n1EIADB70tfmsWsPX42oC/l4Zp1",
                            "region": "Freiburg"
                        },
                        "meta": {},
                        "tainted": false
                    },
                    "deposed": [],
                    "provider": "provider.openstack"
                },
                "openstack_compute_keypair_v2.jwolff": {
                    "type": "openstack_compute_keypair_v2",
                    "depends_on": [],
                    "primary": {
                        "id": "jwolff",
                        "attributes": {
                            "fingerprint": "0e:72:a9:5a:26:ca:67:f7:00:b5:e1:6b:45:79:d5:dc",
                            "id": "jwolff",
                            "name": "jwolff",
                            "private_key": "",
                            "public_key": "ssh-rsa AAAAB3NzaC1yc2EAAAADAQABAAACAQC9tbnychy8X48WGuyZhPbJ2IC01BQSWTgtAF2Sa7m4SzCwkDNtjYwoSgAhDYvSJchXqU3vQEQMYJZzt4cNjeE7uYYUAlKXCzemBe6Fzeo5suaULgNNubp6vcwpBQRCxyPjUy3Rfmp2zvDJGNfIHigH8ZYBhey/aDrbKzUG7vvxl48MnmX5cWOA7aQQ7QdhHiiLfwobV/wWdxowtByaTRRvDXml0//sACkqC09aY8o+n91E8jp67f57cL0mOtm8Yxlr2+An5ifJaZBuLLSCNm80/Tjk7N74ZRBcKQoYNk9kSRO6Zrx9L0pGZJbxp/6nY+exSwYyfuyPVVzZvz6/acPRvWmyXlVDCcbWXA1YlJXkAJxzN4541GPK64DTZrBwmvjhTNE9cmijA4ocmkX0Ynil8QoP9T55Z98TBlf55ao8ImN4CMr7Lgt27Aq60JItc9l5lazl8GZdjP3VFdJPjmKu1yNvUgIpiKetqv//e7BiB2Fz4wZluHhq+evRKuXj7aOylvkyRKdklZ5sYJ09YH1O9y/5T5SeAoJOsL0si8K0cBtrRpGdj2Wb2thUUp3qCP0sRJJQS74rUAbYIYQJsBEKySMiTIAH+84G9fYMCIfLYTtqub72IrS1On07Y8dTTInA/Gzd3orZkLjhhK5vJw9YWVaZFpp7QLvgijL0V0B1gw== wolffj@wolffj-ThinkPad-T460s",
                            "region": "Freiburg"
                        },
                        "meta": {},
                        "tainted": false
                    },
                    "deposed": [],
                    "provider": "provider.openstack"
                },
                "openstack_compute_volume_attach_v2.cvmfs-va": {
                    "type": "openstack_compute_volume_attach_v2",
                    "depends_on": [
                        "openstack_blockstorage_volume_v2.cvmfs",
                        "openstack_compute_instance_v2.cvmfs-stratum0"
                    ],
                    "primary": {
                        "id": "3cd91ee2-3c2c-4a66-acdf-d7b4c4226f88/c71d4ecb-7e26-4ca5-87ba-6913cb2a0deb",
                        "attributes": {
                            "device": "/dev/vdb",
                            "id": "3cd91ee2-3c2c-4a66-acdf-d7b4c4226f88/c71d4ecb-7e26-4ca5-87ba-6913cb2a0deb",
                            "instance_id": "3cd91ee2-3c2c-4a66-acdf-d7b4c4226f88",
                            "region": "Freiburg",
                            "volume_id": "c71d4ecb-7e26-4ca5-87ba-6913cb2a0deb"
                        },
                        "meta": {
                            "e2bfb730-ecaa-11e6-8f88-34363bc7c4c0": {
                                "create": 600000000000,
                                "delete": 600000000000
                            }
                        },
                        "tainted": false
                    },
                    "deposed": [],
                    "provider": "provider.openstack"
                },
                "openstack_compute_volume_attach_v2.hicbrowser-va": {
                    "type": "openstack_compute_volume_attach_v2",
                    "depends_on": [
                        "openstack_blockstorage_volume_v2.hicbrowser-data",
                        "openstack_compute_instance_v2.hicbrowser"
                    ],
                    "primary": {
                        "id": "66a87719-9521-426f-b9a1-c8fe41afac54/8889749c-b2a6-464f-99b6-c4c62b895ef9",
                        "attributes": {
                            "device": "/dev/vdb",
                            "id": "66a87719-9521-426f-b9a1-c8fe41afac54/8889749c-b2a6-464f-99b6-c4c62b895ef9",
                            "instance_id": "66a87719-9521-426f-b9a1-c8fe41afac54",
                            "region": "Freiburg",
                            "volume_id": "8889749c-b2a6-464f-99b6-c4c62b895ef9"
                        },
                        "meta": {
                            "e2bfb730-ecaa-11e6-8f88-34363bc7c4c0": {
                                "create": 600000000000,
                                "delete": 600000000000
                            }
                        },
                        "tainted": false
                    },
                    "deposed": [],
                    "provider": "provider.openstack"
                },
                "openstack_compute_volume_attach_v2.influxdb-va": {
                    "type": "openstack_compute_volume_attach_v2",
                    "depends_on": [
                        "openstack_blockstorage_volume_v2.influxdb-data",
                        "openstack_compute_instance_v2.influxdb-usegalaxy"
                    ],
                    "primary": {
                        "id": "4e3103f0-ff44-4e41-a321-7d7d4764dade/270291b1-141c-47f7-85b4-993e7cae9fc4",
                        "attributes": {
                            "device": "/dev/vdb",
                            "id": "4e3103f0-ff44-4e41-a321-7d7d4764dade/270291b1-141c-47f7-85b4-993e7cae9fc4",
                            "instance_id": "4e3103f0-ff44-4e41-a321-7d7d4764dade",
                            "region": "Freiburg",
                            "volume_id": "270291b1-141c-47f7-85b4-993e7cae9fc4"
                        },
                        "meta": {
                            "e2bfb730-ecaa-11e6-8f88-34363bc7c4c0": {
                                "create": 600000000000,
                                "delete": 600000000000
                            }
                        },
                        "tainted": false
                    },
                    "deposed": [],
                    "provider": "provider.openstack"
                },
                "openstack_compute_volume_attach_v2.jenkins-workers-gold-va": {
                    "type": "openstack_compute_volume_attach_v2",
                    "depends_on": [
                        "openstack_blockstorage_volume_v2.jenkins-workers-gold-volume.*",
                        "openstack_compute_instance_v2.jenkins-workers-gold.*"
                    ],
                    "primary": {
                        "id": "12fc27b7-f5f5-4b14-9561-debd80f42960/c81eb1bd-69a1-49b3-b4d4-0ec662f09023",
                        "attributes": {
                            "device": "/dev/vdb",
                            "id": "12fc27b7-f5f5-4b14-9561-debd80f42960/c81eb1bd-69a1-49b3-b4d4-0ec662f09023",
                            "instance_id": "12fc27b7-f5f5-4b14-9561-debd80f42960",
                            "region": "Freiburg",
                            "volume_id": "c81eb1bd-69a1-49b3-b4d4-0ec662f09023"
                        },
                        "meta": {
                            "e2bfb730-ecaa-11e6-8f88-34363bc7c4c0": {
                                "create": 600000000000,
                                "delete": 600000000000
                            }
                        },
                        "tainted": false
                    },
                    "deposed": [],
                    "provider": "provider.openstack"
                },
                "openstack_compute_volume_attach_v2.jenkins-workers-org-va.0": {
                    "type": "openstack_compute_volume_attach_v2",
                    "depends_on": [
                        "openstack_blockstorage_volume_v2.jenkins-workers-org-data.*",
                        "openstack_compute_instance_v2.jenkins-workers-org.*"
                    ],
                    "primary": {
                        "id": "42593c37-af04-496a-8322-76c7f10ceee4/eddadc7a-bbf7-4b89-b3bb-dc83e10dc530",
                        "attributes": {
                            "device": "/dev/vdb",
                            "id": "42593c37-af04-496a-8322-76c7f10ceee4/eddadc7a-bbf7-4b89-b3bb-dc83e10dc530",
                            "instance_id": "42593c37-af04-496a-8322-76c7f10ceee4",
                            "region": "Freiburg",
                            "volume_id": "eddadc7a-bbf7-4b89-b3bb-dc83e10dc530"
                        },
                        "meta": {
                            "e2bfb730-ecaa-11e6-8f88-34363bc7c4c0": {
                                "create": 600000000000,
                                "delete": 600000000000
                            }
                        },
                        "tainted": false
                    },
                    "deposed": [],
                    "provider": "provider.openstack"
                },
                "openstack_compute_volume_attach_v2.jenkins-workers-org-va.1": {
                    "type": "openstack_compute_volume_attach_v2",
                    "depends_on": [
                        "openstack_blockstorage_volume_v2.jenkins-workers-org-data.*",
                        "openstack_compute_instance_v2.jenkins-workers-org.*"
                    ],
                    "primary": {
                        "id": "44ea3b4d-04f2-4e77-9cb1-0f05f1b26143/d4546ba0-1c36-49cd-b215-48cf9922fb6e",
                        "attributes": {
                            "device": "/dev/vdb",
                            "id": "44ea3b4d-04f2-4e77-9cb1-0f05f1b26143/d4546ba0-1c36-49cd-b215-48cf9922fb6e",
                            "instance_id": "44ea3b4d-04f2-4e77-9cb1-0f05f1b26143",
                            "region": "Freiburg",
                            "volume_id": "d4546ba0-1c36-49cd-b215-48cf9922fb6e"
                        },
                        "meta": {
                            "e2bfb730-ecaa-11e6-8f88-34363bc7c4c0": {
                                "create": 600000000000,
                                "delete": 600000000000
                            }
                        },
                        "tainted": false
                    },
                    "deposed": [],
                    "provider": "provider.openstack"
                },
                "openstack_compute_volume_attach_v2.jenkins-workers-silver-va": {
                    "type": "openstack_compute_volume_attach_v2",
                    "depends_on": [
                        "openstack_blockstorage_volume_v2.jenkins-workers-silver-volume.*",
                        "openstack_compute_instance_v2.jenkins-workers-silver.*"
                    ],
                    "primary": {
                        "id": "ea5f98aa-9e4a-43b0-8a49-7169a2340ffd/19d942ca-6259-4950-80fc-a28f2b98b434",
                        "attributes": {
                            "device": "/dev/vdb",
                            "id": "ea5f98aa-9e4a-43b0-8a49-7169a2340ffd/19d942ca-6259-4950-80fc-a28f2b98b434",
                            "instance_id": "ea5f98aa-9e4a-43b0-8a49-7169a2340ffd",
                            "region": "Freiburg",
                            "volume_id": "19d942ca-6259-4950-80fc-a28f2b98b434"
                        },
                        "meta": {
                            "e2bfb730-ecaa-11e6-8f88-34363bc7c4c0": {
                                "create": 600000000000,
                                "delete": 600000000000
                            }
                        },
                        "tainted": false
                    },
                    "deposed": [],
                    "provider": "provider.openstack"
                },
                "openstack_compute_volume_attach_v2.nfs-data-va": {
                    "type": "openstack_compute_volume_attach_v2",
                    "depends_on": [
                        "openstack_blockstorage_volume_v2.nfs-server",
                        "openstack_compute_instance_v2.nfs-server"
                    ],
                    "primary": {
                        "id": "eb1c5255-6697-4959-bd15-7f658dc108e4/cee06aa9-6669-4dee-aae9-6dd0cac0e8a8",
                        "attributes": {
                            "device": "/dev/vdb",
                            "id": "eb1c5255-6697-4959-bd15-7f658dc108e4/cee06aa9-6669-4dee-aae9-6dd0cac0e8a8",
                            "instance_id": "eb1c5255-6697-4959-bd15-7f658dc108e4",
                            "region": "Freiburg",
                            "volume_id": "cee06aa9-6669-4dee-aae9-6dd0cac0e8a8"
                        },
                        "meta": {
                            "e2bfb730-ecaa-11e6-8f88-34363bc7c4c0": {
                                "create": 600000000000,
                                "delete": 600000000000
                            }
                        },
                        "tainted": false
                    },
                    "deposed": [],
                    "provider": "provider.openstack"
                },
                "openstack_compute_volume_attach_v2.stats-va": {
                    "type": "openstack_compute_volume_attach_v2",
                    "depends_on": [
                        "openstack_blockstorage_volume_v2.stats-data",
                        "openstack_compute_instance_v2.stats-usegalaxy"
                    ],
                    "primary": {
                        "id": "d5855c69-b8e2-4f8d-820e-78054163cfa1/7dc26838-0ea1-4df8-9b16-b0326faf339e",
                        "attributes": {
                            "device": "/dev/vdb",
                            "id": "d5855c69-b8e2-4f8d-820e-78054163cfa1/7dc26838-0ea1-4df8-9b16-b0326faf339e",
                            "instance_id": "d5855c69-b8e2-4f8d-820e-78054163cfa1",
                            "region": "Freiburg",
                            "volume_id": "7dc26838-0ea1-4df8-9b16-b0326faf339e"
                        },
                        "meta": {
                            "e2bfb730-ecaa-11e6-8f88-34363bc7c4c0": {
                                "create": 600000000000,
                                "delete": 600000000000
                            }
                        },
                        "tainted": false
                    },
                    "deposed": [],
                    "provider": "provider.openstack"
                },
                "openstack_compute_volume_attach_v2.telescope-va": {
                    "type": "openstack_compute_volume_attach_v2",
                    "depends_on": [
                        "openstack_blockstorage_volume_v2.telescope-data",
                        "openstack_compute_instance_v2.telescope"
                    ],
                    "primary": {
                        "id": "1d5bef44-20ae-4567-b58c-1b15c4d6a82c/816e5476-40ba-46ef-84eb-849b9d1c3a6d",
                        "attributes": {
                            "device": "/dev/vdb",
                            "id": "1d5bef44-20ae-4567-b58c-1b15c4d6a82c/816e5476-40ba-46ef-84eb-849b9d1c3a6d",
                            "instance_id": "1d5bef44-20ae-4567-b58c-1b15c4d6a82c",
                            "region": "Freiburg",
                            "volume_id": "816e5476-40ba-46ef-84eb-849b9d1c3a6d"
                        },
                        "meta": {
                            "e2bfb730-ecaa-11e6-8f88-34363bc7c4c0": {
                                "create": 600000000000,
                                "delete": 600000000000
                            }
                        },
                        "tainted": false
                    },
                    "deposed": [],
                    "provider": "provider.openstack"
                },
                "openstack_compute_volume_attach_v2.test01-va": {
                    "type": "openstack_compute_volume_attach_v2",
                    "depends_on": [
                        "openstack_blockstorage_volume_v2.test01-data",
                        "openstack_compute_instance_v2.test01"
                    ],
                    "primary": {
                        "id": "ef4fa326-e776-4980-a290-5b7665d05a71/9fae5d92-1ecf-4c16-acbe-6f9b5ec8e2a3",
                        "attributes": {
                            "device": "/dev/vdb",
                            "id": "ef4fa326-e776-4980-a290-5b7665d05a71/9fae5d92-1ecf-4c16-acbe-6f9b5ec8e2a3",
                            "instance_id": "ef4fa326-e776-4980-a290-5b7665d05a71",
                            "region": "Freiburg",
                            "volume_id": "9fae5d92-1ecf-4c16-acbe-6f9b5ec8e2a3"
                        },
                        "meta": {
                            "e2bfb730-ecaa-11e6-8f88-34363bc7c4c0": {
                                "create": 600000000000,
                                "delete": 600000000000
                            }
                        },
                        "tainted": false
                    },
                    "deposed": [],
                    "provider": "provider.openstack"
                },
                "openstack_networking_secgroup_rule_v2.00914113-bb06-4862-84f4-fec30b168565": {
                    "type": "openstack_networking_secgroup_rule_v2",
                    "depends_on": [
                        "openstack_networking_secgroup_v2.egress"
                    ],
                    "primary": {
                        "id": "5d795d9c-045b-46a8-8452-cb7dea46789a",
                        "attributes": {
                            "description": "",
                            "direction": "egress",
                            "ethertype": "IPv6",
                            "id": "5d795d9c-045b-46a8-8452-cb7dea46789a",
                            "port_range_max": "0",
                            "port_range_min": "0",
                            "protocol": "",
                            "region": "Freiburg",
                            "remote_group_id": "",
                            "remote_ip_prefix": "",
                            "security_group_id": "f08481be-0886-47a0-9be3-936c0942d8dc",
                            "tenant_id": "36d6d9420bb04403b55fb21052efe4be"
                        },
                        "meta": {
                            "e2bfb730-ecaa-11e6-8f88-34363bc7c4c0": {
                                "delete": 600000000000
                            }
                        },
                        "tainted": false
                    },
                    "deposed": [],
                    "provider": "provider.openstack"
                },
                "openstack_networking_secgroup_rule_v2.05135b3c-2cbf-4892-a5c6-f95bb539beb1": {
                    "type": "openstack_networking_secgroup_rule_v2",
                    "depends_on": [
                        "openstack_networking_secgroup_v2.Public"
                    ],
                    "primary": {
                        "id": "e9a7fc37-e32f-40a8-9ea1-0ca51996dab6",
                        "attributes": {
                            "description": "",
                            "direction": "ingress",
                            "ethertype": "IPv4",
                            "id": "e9a7fc37-e32f-40a8-9ea1-0ca51996dab6",
                            "port_range_max": "3389",
                            "port_range_min": "3389",
                            "protocol": "tcp",
                            "region": "Freiburg",
                            "remote_group_id": "",
                            "remote_ip_prefix": "0.0.0.0/0",
                            "security_group_id": "f516ef24-c56c-40bf-a286-45bb490be8b8",
                            "tenant_id": "36d6d9420bb04403b55fb21052efe4be"
                        },
                        "meta": {
                            "e2bfb730-ecaa-11e6-8f88-34363bc7c4c0": {
                                "delete": 600000000000
                            }
                        },
                        "tainted": false
                    },
                    "deposed": [],
                    "provider": "provider.openstack"
                },
                "openstack_networking_secgroup_rule_v2.2226f6db-dbd6-435f-86cf-fe8e898c7bc0": {
                    "type": "openstack_networking_secgroup_rule_v2",
                    "depends_on": [
                        "openstack_networking_secgroup_v2.vgcn-ingress-public"
                    ],
                    "primary": {
                        "id": "8f6ab35d-f9cd-44ee-9bf2-3be54121b871",
                        "attributes": {
                            "description": "",
                            "direction": "ingress",
                            "ethertype": "IPv4",
                            "id": "8f6ab35d-f9cd-44ee-9bf2-3be54121b871",
                            "port_range_max": "0",
                            "port_range_min": "0",
                            "protocol": "",
                            "region": "Freiburg",
                            "remote_group_id": "",
                            "remote_ip_prefix": "",
                            "security_group_id": "85a9e7fb-dfe0-4412-b6d8-986b5bfd7756",
                            "tenant_id": "36d6d9420bb04403b55fb21052efe4be"
                        },
                        "meta": {
                            "e2bfb730-ecaa-11e6-8f88-34363bc7c4c0": {
                                "delete": 600000000000
                            }
                        },
                        "tainted": false
                    },
                    "deposed": [],
                    "provider": "provider.openstack"
                },
                "openstack_networking_secgroup_rule_v2.35e1a542-d19e-435d-8a49-e8233f38711f": {
                    "type": "openstack_networking_secgroup_rule_v2",
                    "depends_on": [
                        "openstack_networking_secgroup_v2.vgcn-ingress-public"
                    ],
                    "primary": {
                        "id": "ec83f5ef-71db-4c02-8371-3a2975f3800c",
                        "attributes": {
                            "description": "",
                            "direction": "ingress",
                            "ethertype": "IPv6",
                            "id": "ec83f5ef-71db-4c02-8371-3a2975f3800c",
                            "port_range_max": "0",
                            "port_range_min": "0",
                            "protocol": "",
                            "region": "Freiburg",
                            "remote_group_id": "",
                            "remote_ip_prefix": "",
                            "security_group_id": "85a9e7fb-dfe0-4412-b6d8-986b5bfd7756",
                            "tenant_id": "36d6d9420bb04403b55fb21052efe4be"
                        },
                        "meta": {
                            "e2bfb730-ecaa-11e6-8f88-34363bc7c4c0": {
                                "delete": 600000000000
                            }
                        },
                        "tainted": false
                    },
                    "deposed": [],
                    "provider": "provider.openstack"
                },
                "openstack_networking_secgroup_rule_v2.40047dc3-cf90-4d66-ade4-5c281ea03a9c": {
                    "type": "openstack_networking_secgroup_rule_v2",
                    "depends_on": [
                        "openstack_networking_secgroup_v2.ufr-ingress"
                    ],
                    "primary": {
                        "id": "2bc33449-8816-44d8-a585-bf4c629b11e8",
                        "attributes": {
                            "description": "",
                            "direction": "ingress",
                            "ethertype": "IPv4",
                            "id": "2bc33449-8816-44d8-a585-bf4c629b11e8",
                            "port_range_max": "0",
                            "port_range_min": "0",
                            "protocol": "",
                            "region": "Freiburg",
                            "remote_group_id": "",
                            "remote_ip_prefix": "192.52.3.0/24",
                            "security_group_id": "fb80f17a-86b7-48be-83d8-ef87dac155f4",
                            "tenant_id": "36d6d9420bb04403b55fb21052efe4be"
                        },
                        "meta": {
                            "e2bfb730-ecaa-11e6-8f88-34363bc7c4c0": {
                                "delete": 600000000000
                            }
                        },
                        "tainted": false
                    },
                    "deposed": [],
                    "provider": "provider.openstack"
                },
                "openstack_networking_secgroup_rule_v2.41156470-b6fb-48d1-950b-bcf17bf64ba2": {
                    "type": "openstack_networking_secgroup_rule_v2",
                    "depends_on": [
                        "openstack_networking_secgroup_v2.public-mosh"
                    ],
                    "primary": {
                        "id": "ae9373f0-3f8c-4be5-a744-ddf05520fb09",
                        "attributes": {
                            "description": "",
                            "direction": "ingress",
                            "ethertype": "IPv4",
                            "id": "ae9373f0-3f8c-4be5-a744-ddf05520fb09",
                            "port_range_max": "61000",
                            "port_range_min": "60000",
                            "protocol": "tcp",
                            "region": "Freiburg",
                            "remote_group_id": "",
                            "remote_ip_prefix": "0.0.0.0/0",
                            "security_group_id": "57ddd7b6-7790-41a2-a18d-f07f29ead1e2",
                            "tenant_id": "36d6d9420bb04403b55fb21052efe4be"
                        },
                        "meta": {
                            "e2bfb730-ecaa-11e6-8f88-34363bc7c4c0": {
                                "delete": 600000000000
                            }
                        },
                        "tainted": false
                    },
                    "deposed": [],
                    "provider": "provider.openstack"
                },
                "openstack_networking_secgroup_rule_v2.4a40a325-78a7-4ead-a1fa-4ef66ac512f6": {
                    "type": "openstack_networking_secgroup_rule_v2",
                    "depends_on": [
                        "openstack_networking_secgroup_v2.egress"
                    ],
                    "primary": {
                        "id": "265ffef2-9b10-43e6-95ff-97635da87215",
                        "attributes": {
                            "description": "",
                            "direction": "egress",
                            "ethertype": "IPv4",
                            "id": "265ffef2-9b10-43e6-95ff-97635da87215",
                            "port_range_max": "0",
                            "port_range_min": "0",
                            "protocol": "",
                            "region": "Freiburg",
                            "remote_group_id": "",
                            "remote_ip_prefix": "",
                            "security_group_id": "f08481be-0886-47a0-9be3-936c0942d8dc",
                            "tenant_id": "36d6d9420bb04403b55fb21052efe4be"
                        },
                        "meta": {
                            "e2bfb730-ecaa-11e6-8f88-34363bc7c4c0": {
                                "delete": 600000000000
                            }
                        },
                        "tainted": false
                    },
                    "deposed": [],
                    "provider": "provider.openstack"
                },
                "openstack_networking_secgroup_rule_v2.58293ee9-af20-4f46-8fb2-8760afb10f9a": {
                    "type": "openstack_networking_secgroup_rule_v2",
                    "depends_on": [
                        "openstack_networking_secgroup_v2.ufr-ingress"
                    ],
                    "primary": {
                        "id": "7f99768d-d73d-4ee0-80ae-a025f1ee9dfc",
                        "attributes": {
                            "description": "",
                            "direction": "ingress",
                            "ethertype": "IPv4",
                            "id": "7f99768d-d73d-4ee0-80ae-a025f1ee9dfc",
                            "port_range_max": "0",
                            "port_range_min": "0",
                            "protocol": "",
                            "region": "Freiburg",
                            "remote_group_id": "",
                            "remote_ip_prefix": "10.0.0.0/8",
                            "security_group_id": "fb80f17a-86b7-48be-83d8-ef87dac155f4",
                            "tenant_id": "36d6d9420bb04403b55fb21052efe4be"
                        },
                        "meta": {
                            "e2bfb730-ecaa-11e6-8f88-34363bc7c4c0": {
                                "delete": 600000000000
                            }
                        },
                        "tainted": false
                    },
                    "deposed": [],
                    "provider": "provider.openstack"
                },
                "openstack_networking_secgroup_rule_v2.5cbd5183-8918-4d74-aa9b-302ebe813d8c": {
                    "type": "openstack_networking_secgroup_rule_v2",
                    "depends_on": [
                        "openstack_networking_secgroup_v2.public-web"
                    ],
                    "primary": {
                        "id": "b8cfc93b-4e62-4316-847f-c3709ead961b",
                        "attributes": {
                            "description": "",
                            "direction": "ingress",
                            "ethertype": "IPv4",
                            "id": "b8cfc93b-4e62-4316-847f-c3709ead961b",
                            "port_range_max": "80",
                            "port_range_min": "80",
                            "protocol": "tcp",
                            "region": "Freiburg",
                            "remote_group_id": "",
                            "remote_ip_prefix": "",
                            "security_group_id": "3b8855bd-e70d-46e4-996f-4b32f00b405b",
                            "tenant_id": "36d6d9420bb04403b55fb21052efe4be"
                        },
                        "meta": {
                            "e2bfb730-ecaa-11e6-8f88-34363bc7c4c0": {
                                "delete": 600000000000
                            }
                        },
                        "tainted": false
                    },
                    "deposed": [],
                    "provider": "provider.openstack"
                },
                "openstack_networking_secgroup_rule_v2.5cbd5183-8918-4d74-aa9b-302ebe813d8z": {
                    "type": "openstack_networking_secgroup_rule_v2",
                    "depends_on": [
                        "openstack_networking_secgroup_v2.public-web"
                    ],
                    "primary": {
                        "id": "4eb3e4b6-e185-4e35-b285-2e7787fd80b7",
                        "attributes": {
                            "description": "",
                            "direction": "ingress",
                            "ethertype": "IPv6",
                            "id": "4eb3e4b6-e185-4e35-b285-2e7787fd80b7",
                            "port_range_max": "80",
                            "port_range_min": "80",
                            "protocol": "tcp",
                            "region": "Freiburg",
                            "remote_group_id": "",
                            "remote_ip_prefix": "",
                            "security_group_id": "3b8855bd-e70d-46e4-996f-4b32f00b405b",
                            "tenant_id": "36d6d9420bb04403b55fb21052efe4be"
                        },
                        "meta": {
                            "e2bfb730-ecaa-11e6-8f88-34363bc7c4c0": {
                                "delete": 600000000000
                            }
                        },
                        "tainted": false
                    },
                    "deposed": [],
                    "provider": "provider.openstack"
                },
                "openstack_networking_secgroup_rule_v2.6179ae32-e3c4-4a8c-a05a-a45bdd7872f3": {
                    "type": "openstack_networking_secgroup_rule_v2",
                    "depends_on": [
                        "openstack_networking_secgroup_v2.public-irc"
                    ],
                    "primary": {
                        "id": "60db72d7-e309-42ed-b78f-7f6483a823f2",
                        "attributes": {
                            "description": "",
                            "direction": "ingress",
                            "ethertype": "IPv4",
                            "id": "60db72d7-e309-42ed-b78f-7f6483a823f2",
                            "port_range_max": "6667",
                            "port_range_min": "6667",
                            "protocol": "tcp",
                            "region": "Freiburg",
                            "remote_group_id": "",
                            "remote_ip_prefix": "0.0.0.0/0",
                            "security_group_id": "86c8f5af-45f9-4f3c-afbd-a70f2c2ce4e9",
                            "tenant_id": "36d6d9420bb04403b55fb21052efe4be"
                        },
                        "meta": {
                            "e2bfb730-ecaa-11e6-8f88-34363bc7c4c0": {
                                "delete": 600000000000
                            }
                        },
                        "tainted": false
                    },
                    "deposed": [],
                    "provider": "provider.openstack"
                },
                "openstack_networking_secgroup_rule_v2.69bda1a1-67d2-4999-b14a-573ead46073c": {
                    "type": "openstack_networking_secgroup_rule_v2",
                    "depends_on": [
                        "openstack_networking_secgroup_v2.public-ssh"
                    ],
                    "primary": {
                        "id": "3a5778d9-5208-4089-afce-6e099e99541b",
                        "attributes": {
                            "description": "",
                            "direction": "ingress",
                            "ethertype": "IPv6",
                            "id": "3a5778d9-5208-4089-afce-6e099e99541b",
                            "port_range_max": "22",
                            "port_range_min": "22",
                            "protocol": "tcp",
                            "region": "Freiburg",
                            "remote_group_id": "",
                            "remote_ip_prefix": "",
                            "security_group_id": "67460b69-e0f2-4bef-bb14-10fa2c2ef9cd",
                            "tenant_id": "36d6d9420bb04403b55fb21052efe4be"
                        },
                        "meta": {
                            "e2bfb730-ecaa-11e6-8f88-34363bc7c4c0": {
                                "delete": 600000000000
                            }
                        },
                        "tainted": false
                    },
                    "deposed": [],
                    "provider": "provider.openstack"
                },
                "openstack_networking_secgroup_rule_v2.7321459b-815a-4f0c-a5fd-5740f0c4da1c": {
                    "type": "openstack_networking_secgroup_rule_v2",
                    "depends_on": [
                        "openstack_networking_secgroup_v2.public-influxdb"
                    ],
                    "primary": {
                        "id": "fe309c5e-2269-494e-8eb8-475306dd8dc2",
                        "attributes": {
                            "description": "",
                            "direction": "ingress",
                            "ethertype": "IPv4",
                            "id": "fe309c5e-2269-494e-8eb8-475306dd8dc2",
                            "port_range_max": "8086",
                            "port_range_min": "8086",
                            "protocol": "tcp",
                            "region": "Freiburg",
                            "remote_group_id": "",
                            "remote_ip_prefix": "0.0.0.0/0",
                            "security_group_id": "dfb4a6a6-298a-45a0-9c98-d335707f7629",
                            "tenant_id": "36d6d9420bb04403b55fb21052efe4be"
                        },
                        "meta": {
                            "e2bfb730-ecaa-11e6-8f88-34363bc7c4c0": {
                                "delete": 600000000000
                            }
                        },
                        "tainted": false
                    },
                    "deposed": [],
                    "provider": "provider.openstack"
                },
                "openstack_networking_secgroup_rule_v2.81cece52-6293-47de-8bc2-502e16efa9dc": {
                    "type": "openstack_networking_secgroup_rule_v2",
                    "depends_on": [
                        "openstack_networking_secgroup_v2.Public"
                    ],
                    "primary": {
                        "id": "37bf2265-2b98-4f26-af0c-7f7b54800c21",
                        "attributes": {
                            "description": "",
                            "direction": "egress",
                            "ethertype": "IPv6",
                            "id": "37bf2265-2b98-4f26-af0c-7f7b54800c21",
                            "port_range_max": "0",
                            "port_range_min": "0",
                            "protocol": "",
                            "region": "Freiburg",
                            "remote_group_id": "",
                            "remote_ip_prefix": "",
                            "security_group_id": "f516ef24-c56c-40bf-a286-45bb490be8b8",
                            "tenant_id": "36d6d9420bb04403b55fb21052efe4be"
                        },
                        "meta": {
                            "e2bfb730-ecaa-11e6-8f88-34363bc7c4c0": {
                                "delete": 600000000000
                            }
                        },
                        "tainted": false
                    },
                    "deposed": [],
                    "provider": "provider.openstack"
                },
                "openstack_networking_secgroup_rule_v2.9725f501-278c-4286-9cae-3ec20d89c724": {
                    "type": "openstack_networking_secgroup_rule_v2",
                    "depends_on": [
                        "openstack_networking_secgroup_v2.ufr-ingress"
                    ],
                    "primary": {
                        "id": "746e0717-4906-4a96-bd2f-9fa437aca97f",
                        "attributes": {
                            "description": "",
                            "direction": "ingress",
                            "ethertype": "IPv4",
                            "id": "746e0717-4906-4a96-bd2f-9fa437aca97f",
                            "port_range_max": "0",
                            "port_range_min": "0",
                            "protocol": "",
                            "region": "Freiburg",
                            "remote_group_id": "",
                            "remote_ip_prefix": "192.52.2.0/24",
                            "security_group_id": "fb80f17a-86b7-48be-83d8-ef87dac155f4",
                            "tenant_id": "36d6d9420bb04403b55fb21052efe4be"
                        },
                        "meta": {
                            "e2bfb730-ecaa-11e6-8f88-34363bc7c4c0": {
                                "delete": 600000000000
                            }
                        },
                        "tainted": false
                    },
                    "deposed": [],
                    "provider": "provider.openstack"
                },
                "openstack_networking_secgroup_rule_v2.a7cbadeb-926b-46cf-9cb5-83203f1765aa": {
                    "type": "openstack_networking_secgroup_rule_v2",
                    "depends_on": [
                        "openstack_networking_secgroup_v2.ingress-public"
                    ],
                    "primary": {
                        "id": "c02e43ce-5d78-4a46-aa95-48ac9d8ce393",
                        "attributes": {
                            "description": "",
                            "direction": "ingress",
                            "ethertype": "IPv4",
                            "id": "c02e43ce-5d78-4a46-aa95-48ac9d8ce393",
                            "port_range_max": "0",
                            "port_range_min": "0",
                            "protocol": "",
                            "region": "Freiburg",
                            "remote_group_id": "",
                            "remote_ip_prefix": "",
                            "security_group_id": "2427792a-2049-45f0-8109-99b3ff577c73",
                            "tenant_id": "36d6d9420bb04403b55fb21052efe4be"
                        },
                        "meta": {
                            "e2bfb730-ecaa-11e6-8f88-34363bc7c4c0": {
                                "delete": 600000000000
                            }
                        },
                        "tainted": false
                    },
                    "deposed": [],
                    "provider": "provider.openstack"
                },
                "openstack_networking_secgroup_rule_v2.aa57e62d-6644-40fb-ad6f-05b50e14bb54": {
                    "type": "openstack_networking_secgroup_rule_v2",
                    "depends_on": [
                        "openstack_networking_secgroup_v2.public-ssh"
                    ],
                    "primary": {
                        "id": "7a99484f-384d-4c96-b02a-0a49e254c2d8",
                        "attributes": {
                            "description": "",
                            "direction": "ingress",
                            "ethertype": "IPv4",
                            "id": "7a99484f-384d-4c96-b02a-0a49e254c2d8",
                            "port_range_max": "22",
                            "port_range_min": "22",
                            "protocol": "tcp",
                            "region": "Freiburg",
                            "remote_group_id": "",
                            "remote_ip_prefix": "",
                            "security_group_id": "67460b69-e0f2-4bef-bb14-10fa2c2ef9cd",
                            "tenant_id": "36d6d9420bb04403b55fb21052efe4be"
                        },
                        "meta": {
                            "e2bfb730-ecaa-11e6-8f88-34363bc7c4c0": {
                                "delete": 600000000000
                            }
                        },
                        "tainted": false
                    },
                    "deposed": [],
                    "provider": "provider.openstack"
                },
                "openstack_networking_secgroup_rule_v2.b650820a-0a7e-4ba8-ba2b-f14656b9388d": {
                    "type": "openstack_networking_secgroup_rule_v2",
                    "depends_on": [
                        "openstack_networking_secgroup_v2.public-ping"
                    ],
                    "primary": {
                        "id": "04d87cb4-0995-413f-bbaa-1903aa97adfb",
                        "attributes": {
                            "description": "",
                            "direction": "ingress",
                            "ethertype": "IPv4",
                            "id": "04d87cb4-0995-413f-bbaa-1903aa97adfb",
                            "port_range_max": "0",
                            "port_range_min": "0",
                            "protocol": "icmp",
                            "region": "Freiburg",
                            "remote_group_id": "",
                            "remote_ip_prefix": "",
                            "security_group_id": "96281ca8-7ccb-4b34-a16b-e2abcbc14f87",
                            "tenant_id": "36d6d9420bb04403b55fb21052efe4be"
                        },
                        "meta": {
                            "e2bfb730-ecaa-11e6-8f88-34363bc7c4c0": {
                                "delete": 600000000000
                            }
                        },
                        "tainted": false
                    },
                    "deposed": [],
                    "provider": "provider.openstack"
                },
                "openstack_networking_secgroup_rule_v2.c1b291ec-0147-4022-bcae-0af6cb390f78": {
                    "type": "openstack_networking_secgroup_rule_v2",
                    "depends_on": [
                        "openstack_networking_secgroup_v2.Public"
                    ],
                    "primary": {
                        "id": "dd49bc7b-5f8d-444a-8ee4-5bc0fc615435",
                        "attributes": {
                            "description": "",
                            "direction": "egress",
                            "ethertype": "IPv4",
                            "id": "dd49bc7b-5f8d-444a-8ee4-5bc0fc615435",
                            "port_range_max": "0",
                            "port_range_min": "0",
                            "protocol": "",
                            "region": "Freiburg",
                            "remote_group_id": "",
                            "remote_ip_prefix": "",
                            "security_group_id": "f516ef24-c56c-40bf-a286-45bb490be8b8",
                            "tenant_id": "36d6d9420bb04403b55fb21052efe4be"
                        },
                        "meta": {
                            "e2bfb730-ecaa-11e6-8f88-34363bc7c4c0": {
                                "delete": 600000000000
                            }
                        },
                        "tainted": false
                    },
                    "deposed": [],
                    "provider": "provider.openstack"
                },
                "openstack_networking_secgroup_rule_v2.da697705-5849-492a-902e-b62f4e9a8377": {
                    "type": "openstack_networking_secgroup_rule_v2",
                    "depends_on": [
                        "openstack_networking_secgroup_v2.Public"
                    ],
                    "primary": {
                        "id": "acbfc838-513f-4cf3-b71d-ecc7ef5a3e80",
                        "attributes": {
                            "description": "",
                            "direction": "ingress",
                            "ethertype": "IPv4",
                            "id": "acbfc838-513f-4cf3-b71d-ecc7ef5a3e80",
                            "port_range_max": "22",
                            "port_range_min": "22",
                            "protocol": "tcp",
                            "region": "Freiburg",
                            "remote_group_id": "",
                            "remote_ip_prefix": "0.0.0.0/0",
                            "security_group_id": "f516ef24-c56c-40bf-a286-45bb490be8b8",
                            "tenant_id": "36d6d9420bb04403b55fb21052efe4be"
                        },
                        "meta": {
                            "e2bfb730-ecaa-11e6-8f88-34363bc7c4c0": {
                                "delete": 600000000000
                            }
                        },
                        "tainted": false
                    },
                    "deposed": [],
                    "provider": "provider.openstack"
                },
                "openstack_networking_secgroup_rule_v2.de4ad9ea-9ee4-4a8c-88ee-cc14410ebada": {
                    "type": "openstack_networking_secgroup_rule_v2",
                    "depends_on": [
                        "openstack_networking_secgroup_v2.ufr-ingress"
                    ],
                    "primary": {
                        "id": "cbb4bae7-2e35-485f-bfaf-ebd3b656d0c0",
                        "attributes": {
                            "description": "",
                            "direction": "ingress",
                            "ethertype": "IPv4",
                            "id": "cbb4bae7-2e35-485f-bfaf-ebd3b656d0c0",
                            "port_range_max": "0",
                            "port_range_min": "0",
                            "protocol": "",
                            "region": "Freiburg",
                            "remote_group_id": "",
                            "remote_ip_prefix": "132.230.0.0/16",
                            "security_group_id": "fb80f17a-86b7-48be-83d8-ef87dac155f4",
                            "tenant_id": "36d6d9420bb04403b55fb21052efe4be"
                        },
                        "meta": {
                            "e2bfb730-ecaa-11e6-8f88-34363bc7c4c0": {
                                "delete": 600000000000
                            }
                        },
                        "tainted": false
                    },
                    "deposed": [],
                    "provider": "provider.openstack"
                },
                "openstack_networking_secgroup_rule_v2.e01d7f4e-367e-453f-b716-3dca578d669d": {
                    "type": "openstack_networking_secgroup_rule_v2",
                    "depends_on": [
                        "openstack_networking_secgroup_v2.Public"
                    ],
                    "primary": {
                        "id": "2fed64e3-a753-4de2-8af5-9872e72f299e",
                        "attributes": {
                            "description": "",
                            "direction": "ingress",
                            "ethertype": "IPv4",
                            "id": "2fed64e3-a753-4de2-8af5-9872e72f299e",
                            "port_range_max": "80",
                            "port_range_min": "80",
                            "protocol": "tcp",
                            "region": "Freiburg",
                            "remote_group_id": "",
                            "remote_ip_prefix": "0.0.0.0/0",
                            "security_group_id": "f516ef24-c56c-40bf-a286-45bb490be8b8",
                            "tenant_id": "36d6d9420bb04403b55fb21052efe4be"
                        },
                        "meta": {
                            "e2bfb730-ecaa-11e6-8f88-34363bc7c4c0": {
                                "delete": 600000000000
                            }
                        },
                        "tainted": false
                    },
                    "deposed": [],
                    "provider": "provider.openstack"
                },
                "openstack_networking_secgroup_rule_v2.e79fa4e2-bca0-42b4-b864-67e6a750dbe8": {
                    "type": "openstack_networking_secgroup_rule_v2",
                    "depends_on": [
                        "openstack_networking_secgroup_v2.Public"
                    ],
                    "primary": {
                        "id": "3ca92c4e-0832-40ff-b35f-96a74a0fe1cf",
                        "attributes": {
                            "description": "",
                            "direction": "ingress",
                            "ethertype": "IPv4",
                            "id": "3ca92c4e-0832-40ff-b35f-96a74a0fe1cf",
                            "port_range_max": "65535",
                            "port_range_min": "1",
                            "protocol": "tcp",
                            "region": "Freiburg",
                            "remote_group_id": "",
                            "remote_ip_prefix": "0.0.0.0/0",
                            "security_group_id": "f516ef24-c56c-40bf-a286-45bb490be8b8",
                            "tenant_id": "36d6d9420bb04403b55fb21052efe4be"
                        },
                        "meta": {
                            "e2bfb730-ecaa-11e6-8f88-34363bc7c4c0": {
                                "delete": 600000000000
                            }
                        },
                        "tainted": false
                    },
                    "deposed": [],
                    "provider": "provider.openstack"
                },
                "openstack_networking_secgroup_rule_v2.ef536597-385f-45b1-8895-f0553595c8fb": {
                    "type": "openstack_networking_secgroup_rule_v2",
                    "depends_on": [
                        "openstack_networking_secgroup_v2.public-web"
                    ],
                    "primary": {
                        "id": "d0ad639a-209b-4336-a523-7dc5d1d9f1a6",
                        "attributes": {
                            "description": "",
                            "direction": "ingress",
                            "ethertype": "IPv4",
                            "id": "d0ad639a-209b-4336-a523-7dc5d1d9f1a6",
                            "port_range_max": "443",
                            "port_range_min": "443",
                            "protocol": "tcp",
                            "region": "Freiburg",
                            "remote_group_id": "",
                            "remote_ip_prefix": "",
                            "security_group_id": "3b8855bd-e70d-46e4-996f-4b32f00b405b",
                            "tenant_id": "36d6d9420bb04403b55fb21052efe4be"
                        },
                        "meta": {
                            "e2bfb730-ecaa-11e6-8f88-34363bc7c4c0": {
                                "delete": 600000000000
                            }
                        },
                        "tainted": false
                    },
                    "deposed": [],
                    "provider": "provider.openstack"
                },
                "openstack_networking_secgroup_rule_v2.ef536597-385f-45b1-8895-f0553595c8fz": {
                    "type": "openstack_networking_secgroup_rule_v2",
                    "depends_on": [
                        "openstack_networking_secgroup_v2.public-web"
                    ],
                    "primary": {
                        "id": "10bc61e3-0370-4e54-a3bd-a03bbad9ab7a",
                        "attributes": {
                            "description": "",
                            "direction": "ingress",
                            "ethertype": "IPv6",
                            "id": "10bc61e3-0370-4e54-a3bd-a03bbad9ab7a",
                            "port_range_max": "443",
                            "port_range_min": "443",
                            "protocol": "tcp",
                            "region": "Freiburg",
                            "remote_group_id": "",
                            "remote_ip_prefix": "",
                            "security_group_id": "3b8855bd-e70d-46e4-996f-4b32f00b405b",
                            "tenant_id": "36d6d9420bb04403b55fb21052efe4be"
                        },
                        "meta": {
                            "e2bfb730-ecaa-11e6-8f88-34363bc7c4c0": {
                                "delete": 600000000000
                            }
                        },
                        "tainted": false
                    },
                    "deposed": [],
                    "provider": "provider.openstack"
                },
                "openstack_networking_secgroup_rule_v2.fb24ccbf-025a-494f-b632-62e107e12ae1": {
                    "type": "openstack_networking_secgroup_rule_v2",
                    "depends_on": [
                        "openstack_networking_secgroup_v2.ingress-public"
                    ],
                    "primary": {
                        "id": "d8835827-e611-4724-a1fc-9236956f0f1b",
                        "attributes": {
                            "description": "",
                            "direction": "ingress",
                            "ethertype": "IPv6",
                            "id": "d8835827-e611-4724-a1fc-9236956f0f1b",
                            "port_range_max": "0",
                            "port_range_min": "0",
                            "protocol": "",
                            "region": "Freiburg",
                            "remote_group_id": "",
                            "remote_ip_prefix": "",
                            "security_group_id": "2427792a-2049-45f0-8109-99b3ff577c73",
                            "tenant_id": "36d6d9420bb04403b55fb21052efe4be"
                        },
                        "meta": {
                            "e2bfb730-ecaa-11e6-8f88-34363bc7c4c0": {
                                "delete": 600000000000
                            }
                        },
                        "tainted": false
                    },
                    "deposed": [],
                    "provider": "provider.openstack"
                },
                "openstack_networking_secgroup_rule_v2.hic-ports4.0": {
                    "type": "openstack_networking_secgroup_rule_v2",
                    "depends_on": [
                        "openstack_networking_secgroup_v2.hicbrowser"
                    ],
                    "primary": {
                        "id": "03310e88-acf1-444e-baa7-51843f2d0a18",
                        "attributes": {
                            "description": "",
                            "direction": "ingress",
                            "ethertype": "IPv4",
                            "id": "03310e88-acf1-444e-baa7-51843f2d0a18",
                            "port_range_max": "80",
                            "port_range_min": "80",
                            "protocol": "tcp",
                            "region": "Freiburg",
                            "remote_group_id": "",
                            "remote_ip_prefix": "",
                            "security_group_id": "3bcfa8bc-9bea-47bc-a1fe-9605acb0c65c",
                            "tenant_id": "36d6d9420bb04403b55fb21052efe4be"
                        },
                        "meta": {
                            "e2bfb730-ecaa-11e6-8f88-34363bc7c4c0": {
                                "delete": 600000000000
                            }
                        },
                        "tainted": false
                    },
                    "deposed": [],
                    "provider": "provider.openstack"
                },
                "openstack_networking_secgroup_rule_v2.hic-ports4.1": {
                    "type": "openstack_networking_secgroup_rule_v2",
                    "depends_on": [
                        "openstack_networking_secgroup_v2.hicbrowser"
                    ],
                    "primary": {
                        "id": "f3f923c4-a0a1-405b-9387-811b339d635b",
                        "attributes": {
                            "description": "",
                            "direction": "ingress",
                            "ethertype": "IPv4",
                            "id": "f3f923c4-a0a1-405b-9387-811b339d635b",
                            "port_range_max": "443",
                            "port_range_min": "443",
                            "protocol": "tcp",
                            "region": "Freiburg",
                            "remote_group_id": "",
                            "remote_ip_prefix": "",
                            "security_group_id": "3bcfa8bc-9bea-47bc-a1fe-9605acb0c65c",
                            "tenant_id": "36d6d9420bb04403b55fb21052efe4be"
                        },
                        "meta": {
                            "e2bfb730-ecaa-11e6-8f88-34363bc7c4c0": {
                                "delete": 600000000000
                            }
                        },
                        "tainted": false
                    },
                    "deposed": [],
                    "provider": "provider.openstack"
                },
                "openstack_networking_secgroup_rule_v2.hic-ports4.2": {
                    "type": "openstack_networking_secgroup_rule_v2",
                    "depends_on": [
                        "openstack_networking_secgroup_v2.hicbrowser"
                    ],
                    "primary": {
                        "id": "a4b5684d-da4f-46b3-aafd-4f422bc062be",
                        "attributes": {
                            "description": "",
                            "direction": "ingress",
                            "ethertype": "IPv4",
                            "id": "a4b5684d-da4f-46b3-aafd-4f422bc062be",
                            "port_range_max": "8080",
                            "port_range_min": "8080",
                            "protocol": "tcp",
                            "region": "Freiburg",
                            "remote_group_id": "",
                            "remote_ip_prefix": "",
                            "security_group_id": "3bcfa8bc-9bea-47bc-a1fe-9605acb0c65c",
                            "tenant_id": "36d6d9420bb04403b55fb21052efe4be"
                        },
                        "meta": {
                            "e2bfb730-ecaa-11e6-8f88-34363bc7c4c0": {
                                "delete": 600000000000
                            }
                        },
                        "tainted": false
                    },
                    "deposed": [],
                    "provider": "provider.openstack"
                },
                "openstack_networking_secgroup_rule_v2.hic-ports4.3": {
                    "type": "openstack_networking_secgroup_rule_v2",
                    "depends_on": [
                        "openstack_networking_secgroup_v2.hicbrowser"
                    ],
                    "primary": {
                        "id": "3ef97e41-83a8-4ac8-b76c-a3aa65c18717",
                        "attributes": {
                            "description": "",
                            "direction": "ingress",
                            "ethertype": "IPv4",
                            "id": "3ef97e41-83a8-4ac8-b76c-a3aa65c18717",
                            "port_range_max": "8081",
                            "port_range_min": "8081",
                            "protocol": "tcp",
                            "region": "Freiburg",
                            "remote_group_id": "",
                            "remote_ip_prefix": "",
                            "security_group_id": "3bcfa8bc-9bea-47bc-a1fe-9605acb0c65c",
                            "tenant_id": "36d6d9420bb04403b55fb21052efe4be"
                        },
                        "meta": {
                            "e2bfb730-ecaa-11e6-8f88-34363bc7c4c0": {
                                "delete": 600000000000
                            }
                        },
                        "tainted": false
                    },
                    "deposed": [],
                    "provider": "provider.openstack"
                },
                "openstack_networking_secgroup_rule_v2.hic-ports6.0": {
                    "type": "openstack_networking_secgroup_rule_v2",
                    "depends_on": [
                        "openstack_networking_secgroup_v2.hicbrowser"
                    ],
                    "primary": {
                        "id": "aae7684f-511c-4670-9f39-7f8d7e517c7f",
                        "attributes": {
                            "description": "",
                            "direction": "ingress",
                            "ethertype": "IPv6",
                            "id": "aae7684f-511c-4670-9f39-7f8d7e517c7f",
                            "port_range_max": "80",
                            "port_range_min": "80",
                            "protocol": "tcp",
                            "region": "Freiburg",
                            "remote_group_id": "",
                            "remote_ip_prefix": "",
                            "security_group_id": "3bcfa8bc-9bea-47bc-a1fe-9605acb0c65c",
                            "tenant_id": "36d6d9420bb04403b55fb21052efe4be"
                        },
                        "meta": {
                            "e2bfb730-ecaa-11e6-8f88-34363bc7c4c0": {
                                "delete": 600000000000
                            }
                        },
                        "tainted": false
                    },
                    "deposed": [],
                    "provider": "provider.openstack"
                },
                "openstack_networking_secgroup_rule_v2.hic-ports6.1": {
                    "type": "openstack_networking_secgroup_rule_v2",
                    "depends_on": [
                        "openstack_networking_secgroup_v2.hicbrowser"
                    ],
                    "primary": {
                        "id": "46b55f5c-9d93-4e94-a318-cef5c05fb8f1",
                        "attributes": {
                            "description": "",
                            "direction": "ingress",
                            "ethertype": "IPv6",
                            "id": "46b55f5c-9d93-4e94-a318-cef5c05fb8f1",
                            "port_range_max": "443",
                            "port_range_min": "443",
                            "protocol": "tcp",
                            "region": "Freiburg",
                            "remote_group_id": "",
                            "remote_ip_prefix": "",
                            "security_group_id": "3bcfa8bc-9bea-47bc-a1fe-9605acb0c65c",
                            "tenant_id": "36d6d9420bb04403b55fb21052efe4be"
                        },
                        "meta": {
                            "e2bfb730-ecaa-11e6-8f88-34363bc7c4c0": {
                                "delete": 600000000000
                            }
                        },
                        "tainted": false
                    },
                    "deposed": [],
                    "provider": "provider.openstack"
                },
                "openstack_networking_secgroup_rule_v2.hic-ports6.2": {
                    "type": "openstack_networking_secgroup_rule_v2",
                    "depends_on": [
                        "openstack_networking_secgroup_v2.hicbrowser"
                    ],
                    "primary": {
                        "id": "bb6aba22-199a-4740-a2bc-d17d45a73a47",
                        "attributes": {
                            "description": "",
                            "direction": "ingress",
                            "ethertype": "IPv6",
                            "id": "bb6aba22-199a-4740-a2bc-d17d45a73a47",
                            "port_range_max": "8080",
                            "port_range_min": "8080",
                            "protocol": "tcp",
                            "region": "Freiburg",
                            "remote_group_id": "",
                            "remote_ip_prefix": "",
                            "security_group_id": "3bcfa8bc-9bea-47bc-a1fe-9605acb0c65c",
                            "tenant_id": "36d6d9420bb04403b55fb21052efe4be"
                        },
                        "meta": {
                            "e2bfb730-ecaa-11e6-8f88-34363bc7c4c0": {
                                "delete": 600000000000
                            }
                        },
                        "tainted": false
                    },
                    "deposed": [],
                    "provider": "provider.openstack"
                },
                "openstack_networking_secgroup_rule_v2.hic-ports6.3": {
                    "type": "openstack_networking_secgroup_rule_v2",
                    "depends_on": [
                        "openstack_networking_secgroup_v2.hicbrowser"
                    ],
                    "primary": {
                        "id": "bb63b546-2f2c-4aeb-ab6e-8efb4cd33d55",
                        "attributes": {
                            "description": "",
                            "direction": "ingress",
                            "ethertype": "IPv6",
                            "id": "bb63b546-2f2c-4aeb-ab6e-8efb4cd33d55",
                            "port_range_max": "8081",
                            "port_range_min": "8081",
                            "protocol": "tcp",
                            "region": "Freiburg",
                            "remote_group_id": "",
                            "remote_ip_prefix": "",
                            "security_group_id": "3bcfa8bc-9bea-47bc-a1fe-9605acb0c65c",
                            "tenant_id": "36d6d9420bb04403b55fb21052efe4be"
                        },
                        "meta": {
                            "e2bfb730-ecaa-11e6-8f88-34363bc7c4c0": {
                                "delete": 600000000000
                            }
                        },
                        "tainted": false
                    },
                    "deposed": [],
                    "provider": "provider.openstack"
                },
                "openstack_networking_secgroup_rule_v2.in-443.0": {
                    "type": "openstack_networking_secgroup_rule_v2",
                    "depends_on": [
                        "openstack_networking_secgroup_v2.ufr-web"
                    ],
                    "primary": {
                        "id": "b500bb4d-d06b-4a1b-b8cb-385eb896e084",
                        "attributes": {
                            "description": "",
                            "direction": "ingress",
                            "ethertype": "IPv4",
                            "id": "b500bb4d-d06b-4a1b-b8cb-385eb896e084",
                            "port_range_max": "443",
                            "port_range_min": "443",
                            "protocol": "tcp",
                            "region": "Freiburg",
                            "remote_group_id": "",
                            "remote_ip_prefix": "192.52.32.0/20",
                            "security_group_id": "bcabcd6d-2cfb-477b-9758-784ee93d4c33",
                            "tenant_id": "36d6d9420bb04403b55fb21052efe4be"
                        },
                        "meta": {
                            "e2bfb730-ecaa-11e6-8f88-34363bc7c4c0": {
                                "delete": 600000000000
                            }
                        },
                        "tainted": false
                    },
                    "deposed": [],
                    "provider": "provider.openstack"
                },
                "openstack_networking_secgroup_rule_v2.in-443.1": {
                    "type": "openstack_networking_secgroup_rule_v2",
                    "depends_on": [
                        "openstack_networking_secgroup_v2.ufr-web"
                    ],
                    "primary": {
                        "id": "5981bf69-0a9a-4ac2-b1ea-c20dd5830d45",
                        "attributes": {
                            "description": "",
                            "direction": "ingress",
                            "ethertype": "IPv4",
                            "id": "5981bf69-0a9a-4ac2-b1ea-c20dd5830d45",
                            "port_range_max": "443",
                            "port_range_min": "443",
                            "protocol": "tcp",
                            "region": "Freiburg",
                            "remote_group_id": "",
                            "remote_ip_prefix": "10.0.0.0/8",
                            "security_group_id": "bcabcd6d-2cfb-477b-9758-784ee93d4c33",
                            "tenant_id": "36d6d9420bb04403b55fb21052efe4be"
                        },
                        "meta": {
                            "e2bfb730-ecaa-11e6-8f88-34363bc7c4c0": {
                                "delete": 600000000000
                            }
                        },
                        "tainted": false
                    },
                    "deposed": [],
                    "provider": "provider.openstack"
                },
                "openstack_networking_secgroup_rule_v2.in-443.2": {
                    "type": "openstack_networking_secgroup_rule_v2",
                    "depends_on": [
                        "openstack_networking_secgroup_v2.ufr-web"
                    ],
                    "primary": {
                        "id": "691db72d-985d-44a1-8dad-105d56b31553",
                        "attributes": {
                            "description": "",
                            "direction": "ingress",
                            "ethertype": "IPv4",
                            "id": "691db72d-985d-44a1-8dad-105d56b31553",
                            "port_range_max": "443",
                            "port_range_min": "443",
                            "protocol": "tcp",
                            "region": "Freiburg",
                            "remote_group_id": "",
                            "remote_ip_prefix": "132.230.0.0/16",
                            "security_group_id": "bcabcd6d-2cfb-477b-9758-784ee93d4c33",
                            "tenant_id": "36d6d9420bb04403b55fb21052efe4be"
                        },
                        "meta": {
                            "e2bfb730-ecaa-11e6-8f88-34363bc7c4c0": {
                                "delete": 600000000000
                            }
                        },
                        "tainted": false
                    },
                    "deposed": [],
                    "provider": "provider.openstack"
                },
                "openstack_networking_secgroup_rule_v2.in-80.0": {
                    "type": "openstack_networking_secgroup_rule_v2",
                    "depends_on": [
                        "openstack_networking_secgroup_v2.ufr-web"
                    ],
                    "primary": {
                        "id": "fcbd6651-1fb9-45fb-9de5-ccc11ae38840",
                        "attributes": {
                            "description": "",
                            "direction": "ingress",
                            "ethertype": "IPv4",
                            "id": "fcbd6651-1fb9-45fb-9de5-ccc11ae38840",
                            "port_range_max": "80",
                            "port_range_min": "80",
                            "protocol": "tcp",
                            "region": "Freiburg",
                            "remote_group_id": "",
                            "remote_ip_prefix": "192.52.32.0/20",
                            "security_group_id": "bcabcd6d-2cfb-477b-9758-784ee93d4c33",
                            "tenant_id": "36d6d9420bb04403b55fb21052efe4be"
                        },
                        "meta": {
                            "e2bfb730-ecaa-11e6-8f88-34363bc7c4c0": {
                                "delete": 600000000000
                            }
                        },
                        "tainted": false
                    },
                    "deposed": [],
                    "provider": "provider.openstack"
                },
                "openstack_networking_secgroup_rule_v2.in-80.1": {
                    "type": "openstack_networking_secgroup_rule_v2",
                    "depends_on": [
                        "openstack_networking_secgroup_v2.ufr-web"
                    ],
                    "primary": {
                        "id": "a87d0e81-5409-47a0-8252-24d0d656c642",
                        "attributes": {
                            "description": "",
                            "direction": "ingress",
                            "ethertype": "IPv4",
                            "id": "a87d0e81-5409-47a0-8252-24d0d656c642",
                            "port_range_max": "80",
                            "port_range_min": "80",
                            "protocol": "tcp",
                            "region": "Freiburg",
                            "remote_group_id": "",
                            "remote_ip_prefix": "10.0.0.0/8",
                            "security_group_id": "bcabcd6d-2cfb-477b-9758-784ee93d4c33",
                            "tenant_id": "36d6d9420bb04403b55fb21052efe4be"
                        },
                        "meta": {
                            "e2bfb730-ecaa-11e6-8f88-34363bc7c4c0": {
                                "delete": 600000000000
                            }
                        },
                        "tainted": false
                    },
                    "deposed": [],
                    "provider": "provider.openstack"
                },
                "openstack_networking_secgroup_rule_v2.in-80.2": {
                    "type": "openstack_networking_secgroup_rule_v2",
                    "depends_on": [
                        "openstack_networking_secgroup_v2.ufr-web"
                    ],
                    "primary": {
                        "id": "d2ccdf2f-7cdb-47bb-9f3b-564c1132889b",
                        "attributes": {
                            "description": "",
                            "direction": "ingress",
                            "ethertype": "IPv4",
                            "id": "d2ccdf2f-7cdb-47bb-9f3b-564c1132889b",
                            "port_range_max": "80",
                            "port_range_min": "80",
                            "protocol": "tcp",
                            "region": "Freiburg",
                            "remote_group_id": "",
                            "remote_ip_prefix": "132.230.0.0/16",
                            "security_group_id": "bcabcd6d-2cfb-477b-9758-784ee93d4c33",
                            "tenant_id": "36d6d9420bb04403b55fb21052efe4be"
                        },
                        "meta": {
                            "e2bfb730-ecaa-11e6-8f88-34363bc7c4c0": {
                                "delete": 600000000000
                            }
                        },
                        "tainted": false
                    },
                    "deposed": [],
                    "provider": "provider.openstack"
                },
                "openstack_networking_secgroup_rule_v2.public-amqp-5671": {
                    "type": "openstack_networking_secgroup_rule_v2",
                    "depends_on": [
                        "openstack_networking_secgroup_v2.public-amqp"
                    ],
                    "primary": {
                        "id": "5862ad53-5ac1-4417-ad32-01b8f1e5026b",
                        "attributes": {
                            "description": "",
                            "direction": "ingress",
                            "ethertype": "IPv4",
                            "id": "5862ad53-5ac1-4417-ad32-01b8f1e5026b",
                            "port_range_max": "5671",
                            "port_range_min": "5671",
                            "protocol": "tcp",
                            "region": "Freiburg",
                            "remote_group_id": "",
                            "remote_ip_prefix": "0.0.0.0/0",
                            "security_group_id": "fe749738-892a-44b9-a313-e07238f2d92d",
                            "tenant_id": "36d6d9420bb04403b55fb21052efe4be"
                        },
                        "meta": {
                            "e2bfb730-ecaa-11e6-8f88-34363bc7c4c0": {
                                "delete": 600000000000
                            }
                        },
                        "tainted": false
                    },
                    "deposed": [],
                    "provider": "provider.openstack"
                },
                "openstack_networking_secgroup_rule_v2.public-web-ports4.0": {
                    "type": "openstack_networking_secgroup_rule_v2",
                    "depends_on": [
                        "openstack_networking_secgroup_v2.public-web2"
                    ],
                    "primary": {
                        "id": "6e396a49-a3f0-4415-87af-a484358b70d0",
                        "attributes": {
                            "description": "",
                            "direction": "ingress",
                            "ethertype": "IPv4",
                            "id": "6e396a49-a3f0-4415-87af-a484358b70d0",
                            "port_range_max": "80",
                            "port_range_min": "80",
                            "protocol": "tcp",
                            "region": "Freiburg",
                            "remote_group_id": "",
                            "remote_ip_prefix": "",
                            "security_group_id": "2207b12e-6fcd-49aa-8f9e-9c6d32c768bb",
                            "tenant_id": "36d6d9420bb04403b55fb21052efe4be"
                        },
                        "meta": {
                            "e2bfb730-ecaa-11e6-8f88-34363bc7c4c0": {
                                "delete": 600000000000
                            }
                        },
                        "tainted": false
                    },
                    "deposed": [],
                    "provider": "provider.openstack"
                },
                "openstack_networking_secgroup_rule_v2.public-web-ports4.1": {
                    "type": "openstack_networking_secgroup_rule_v2",
                    "depends_on": [
                        "openstack_networking_secgroup_v2.public-web2"
                    ],
                    "primary": {
                        "id": "ac88588d-b769-4777-9e3e-6203bf954f5c",
                        "attributes": {
                            "description": "",
                            "direction": "ingress",
                            "ethertype": "IPv4",
                            "id": "ac88588d-b769-4777-9e3e-6203bf954f5c",
                            "port_range_max": "443",
                            "port_range_min": "443",
                            "protocol": "tcp",
                            "region": "Freiburg",
                            "remote_group_id": "",
                            "remote_ip_prefix": "",
                            "security_group_id": "2207b12e-6fcd-49aa-8f9e-9c6d32c768bb",
                            "tenant_id": "36d6d9420bb04403b55fb21052efe4be"
                        },
                        "meta": {
                            "e2bfb730-ecaa-11e6-8f88-34363bc7c4c0": {
                                "delete": 600000000000
                            }
                        },
                        "tainted": false
                    },
                    "deposed": [],
                    "provider": "provider.openstack"
                },
                "openstack_networking_secgroup_rule_v2.public-web-ports4.2": {
                    "type": "openstack_networking_secgroup_rule_v2",
                    "depends_on": [
                        "openstack_networking_secgroup_v2.public-web2"
                    ],
                    "primary": {
                        "id": "1f8f7f7a-e0f2-43f7-9602-733d51e47d87",
                        "attributes": {
                            "description": "",
                            "direction": "ingress",
                            "ethertype": "IPv4",
                            "id": "1f8f7f7a-e0f2-43f7-9602-733d51e47d87",
                            "port_range_max": "8080",
                            "port_range_min": "8080",
                            "protocol": "tcp",
                            "region": "Freiburg",
                            "remote_group_id": "",
                            "remote_ip_prefix": "",
                            "security_group_id": "2207b12e-6fcd-49aa-8f9e-9c6d32c768bb",
                            "tenant_id": "36d6d9420bb04403b55fb21052efe4be"
                        },
                        "meta": {
                            "e2bfb730-ecaa-11e6-8f88-34363bc7c4c0": {
                                "delete": 600000000000
                            }
                        },
                        "tainted": false
                    },
                    "deposed": [],
                    "provider": "provider.openstack"
                },
                "openstack_networking_secgroup_rule_v2.public-web-ports6.0": {
                    "type": "openstack_networking_secgroup_rule_v2",
                    "depends_on": [
                        "openstack_networking_secgroup_v2.public-web2"
                    ],
                    "primary": {
                        "id": "a06ff4a0-a5af-4185-8cbb-63ba7ac24b16",
                        "attributes": {
                            "description": "",
                            "direction": "ingress",
                            "ethertype": "IPv6",
                            "id": "a06ff4a0-a5af-4185-8cbb-63ba7ac24b16",
                            "port_range_max": "80",
                            "port_range_min": "80",
                            "protocol": "tcp",
                            "region": "Freiburg",
                            "remote_group_id": "",
                            "remote_ip_prefix": "",
                            "security_group_id": "2207b12e-6fcd-49aa-8f9e-9c6d32c768bb",
                            "tenant_id": "36d6d9420bb04403b55fb21052efe4be"
                        },
                        "meta": {
                            "e2bfb730-ecaa-11e6-8f88-34363bc7c4c0": {
                                "delete": 600000000000
                            }
                        },
                        "tainted": false
                    },
                    "deposed": [],
                    "provider": "provider.openstack"
                },
                "openstack_networking_secgroup_rule_v2.public-web-ports6.1": {
                    "type": "openstack_networking_secgroup_rule_v2",
                    "depends_on": [
                        "openstack_networking_secgroup_v2.public-web2"
                    ],
                    "primary": {
                        "id": "9730b8d8-7bd2-45d1-88a5-9977b2914150",
                        "attributes": {
                            "description": "",
                            "direction": "ingress",
                            "ethertype": "IPv6",
                            "id": "9730b8d8-7bd2-45d1-88a5-9977b2914150",
                            "port_range_max": "443",
                            "port_range_min": "443",
                            "protocol": "tcp",
                            "region": "Freiburg",
                            "remote_group_id": "",
                            "remote_ip_prefix": "",
                            "security_group_id": "2207b12e-6fcd-49aa-8f9e-9c6d32c768bb",
                            "tenant_id": "36d6d9420bb04403b55fb21052efe4be"
                        },
                        "meta": {
                            "e2bfb730-ecaa-11e6-8f88-34363bc7c4c0": {
                                "delete": 600000000000
                            }
                        },
                        "tainted": false
                    },
                    "deposed": [],
                    "provider": "provider.openstack"
                },
                "openstack_networking_secgroup_rule_v2.public-web-ports6.2": {
                    "type": "openstack_networking_secgroup_rule_v2",
                    "depends_on": [
                        "openstack_networking_secgroup_v2.public-web2"
                    ],
                    "primary": {
                        "id": "c6f6a01e-a412-4e87-8be5-5f9dceb13964",
                        "attributes": {
                            "description": "",
                            "direction": "ingress",
                            "ethertype": "IPv6",
                            "id": "c6f6a01e-a412-4e87-8be5-5f9dceb13964",
                            "port_range_max": "8080",
                            "port_range_min": "8080",
                            "protocol": "tcp",
                            "region": "Freiburg",
                            "remote_group_id": "",
                            "remote_ip_prefix": "",
                            "security_group_id": "2207b12e-6fcd-49aa-8f9e-9c6d32c768bb",
                            "tenant_id": "36d6d9420bb04403b55fb21052efe4be"
                        },
                        "meta": {
                            "e2bfb730-ecaa-11e6-8f88-34363bc7c4c0": {
                                "delete": 600000000000
                            }
                        },
                        "tainted": false
                    },
                    "deposed": [],
                    "provider": "provider.openstack"
                },
                "openstack_networking_secgroup_rule_v2.ufr-influxdb.0": {
                    "type": "openstack_networking_secgroup_rule_v2",
                    "depends_on": [
                        "openstack_networking_secgroup_v2.ufr-influxdb"
                    ],
                    "primary": {
                        "id": "65661dc2-900f-423d-be7c-5598c227a7db",
                        "attributes": {
                            "description": "",
                            "direction": "ingress",
                            "ethertype": "IPv4",
                            "id": "65661dc2-900f-423d-be7c-5598c227a7db",
                            "port_range_max": "8086",
                            "port_range_min": "8086",
                            "protocol": "tcp",
                            "region": "Freiburg",
                            "remote_group_id": "",
                            "remote_ip_prefix": "192.52.32.0/20",
                            "security_group_id": "ebb1928d-5cdc-4f50-9a34-13acd170819a",
                            "tenant_id": "36d6d9420bb04403b55fb21052efe4be"
                        },
                        "meta": {
                            "e2bfb730-ecaa-11e6-8f88-34363bc7c4c0": {
                                "delete": 600000000000
                            }
                        },
                        "tainted": false
                    },
                    "deposed": [],
                    "provider": "provider.openstack"
                },
                "openstack_networking_secgroup_rule_v2.ufr-influxdb.1": {
                    "type": "openstack_networking_secgroup_rule_v2",
                    "depends_on": [
                        "openstack_networking_secgroup_v2.ufr-influxdb"
                    ],
                    "primary": {
                        "id": "f089ec63-10c4-4107-9e19-db09d06e970a",
                        "attributes": {
                            "description": "",
                            "direction": "ingress",
                            "ethertype": "IPv4",
                            "id": "f089ec63-10c4-4107-9e19-db09d06e970a",
                            "port_range_max": "8086",
                            "port_range_min": "8086",
                            "protocol": "tcp",
                            "region": "Freiburg",
                            "remote_group_id": "",
                            "remote_ip_prefix": "10.0.0.0/8",
                            "security_group_id": "ebb1928d-5cdc-4f50-9a34-13acd170819a",
                            "tenant_id": "36d6d9420bb04403b55fb21052efe4be"
                        },
                        "meta": {
                            "e2bfb730-ecaa-11e6-8f88-34363bc7c4c0": {
                                "delete": 600000000000
                            }
                        },
                        "tainted": false
                    },
                    "deposed": [],
                    "provider": "provider.openstack"
                },
                "openstack_networking_secgroup_rule_v2.ufr-influxdb.2": {
                    "type": "openstack_networking_secgroup_rule_v2",
                    "depends_on": [
                        "openstack_networking_secgroup_v2.ufr-influxdb"
                    ],
                    "primary": {
                        "id": "93bf38b0-c10a-42b1-924d-d9d5f25c2375",
                        "attributes": {
                            "description": "",
                            "direction": "ingress",
                            "ethertype": "IPv4",
                            "id": "93bf38b0-c10a-42b1-924d-d9d5f25c2375",
                            "port_range_max": "8086",
                            "port_range_min": "8086",
                            "protocol": "tcp",
                            "region": "Freiburg",
                            "remote_group_id": "",
                            "remote_ip_prefix": "132.230.0.0/16",
                            "security_group_id": "ebb1928d-5cdc-4f50-9a34-13acd170819a",
                            "tenant_id": "36d6d9420bb04403b55fb21052efe4be"
                        },
                        "meta": {
                            "e2bfb730-ecaa-11e6-8f88-34363bc7c4c0": {
                                "delete": 600000000000
                            }
                        },
                        "tainted": false
                    },
                    "deposed": [],
                    "provider": "provider.openstack"
                },
                "openstack_networking_secgroup_rule_v2.ufr-ssh.0": {
                    "type": "openstack_networking_secgroup_rule_v2",
                    "depends_on": [
                        "openstack_networking_secgroup_v2.ufr-ssh"
                    ],
                    "primary": {
                        "id": "b7e8db26-23f7-4611-a176-bced75b96453",
                        "attributes": {
                            "description": "",
                            "direction": "ingress",
                            "ethertype": "IPv4",
                            "id": "b7e8db26-23f7-4611-a176-bced75b96453",
                            "port_range_max": "22",
                            "port_range_min": "22",
                            "protocol": "tcp",
                            "region": "Freiburg",
                            "remote_group_id": "",
                            "remote_ip_prefix": "192.52.32.0/20",
                            "security_group_id": "9f13b036-c719-4999-87b8-4448e8478b0f",
                            "tenant_id": "36d6d9420bb04403b55fb21052efe4be"
                        },
                        "meta": {
                            "e2bfb730-ecaa-11e6-8f88-34363bc7c4c0": {
                                "delete": 600000000000
                            }
                        },
                        "tainted": false
                    },
                    "deposed": [],
                    "provider": "provider.openstack"
                },
                "openstack_networking_secgroup_rule_v2.ufr-ssh.1": {
                    "type": "openstack_networking_secgroup_rule_v2",
                    "depends_on": [
                        "openstack_networking_secgroup_v2.ufr-ssh"
                    ],
                    "primary": {
                        "id": "f030c06e-0a71-4fdb-8eab-e550e863b2ab",
                        "attributes": {
                            "description": "",
                            "direction": "ingress",
                            "ethertype": "IPv4",
                            "id": "f030c06e-0a71-4fdb-8eab-e550e863b2ab",
                            "port_range_max": "22",
                            "port_range_min": "22",
                            "protocol": "tcp",
                            "region": "Freiburg",
                            "remote_group_id": "",
                            "remote_ip_prefix": "10.0.0.0/8",
                            "security_group_id": "9f13b036-c719-4999-87b8-4448e8478b0f",
                            "tenant_id": "36d6d9420bb04403b55fb21052efe4be"
                        },
                        "meta": {
                            "e2bfb730-ecaa-11e6-8f88-34363bc7c4c0": {
                                "delete": 600000000000
                            }
                        },
                        "tainted": false
                    },
                    "deposed": [],
                    "provider": "provider.openstack"
                },
                "openstack_networking_secgroup_rule_v2.ufr-ssh.2": {
                    "type": "openstack_networking_secgroup_rule_v2",
                    "depends_on": [
                        "openstack_networking_secgroup_v2.ufr-ssh"
                    ],
                    "primary": {
                        "id": "bd898c70-9767-4dd1-ad74-8a7036fd3763",
                        "attributes": {
                            "description": "",
                            "direction": "ingress",
                            "ethertype": "IPv4",
                            "id": "bd898c70-9767-4dd1-ad74-8a7036fd3763",
                            "port_range_max": "22",
                            "port_range_min": "22",
                            "protocol": "tcp",
                            "region": "Freiburg",
                            "remote_group_id": "",
                            "remote_ip_prefix": "132.230.0.0/16",
                            "security_group_id": "9f13b036-c719-4999-87b8-4448e8478b0f",
                            "tenant_id": "36d6d9420bb04403b55fb21052efe4be"
                        },
                        "meta": {
                            "e2bfb730-ecaa-11e6-8f88-34363bc7c4c0": {
                                "delete": 600000000000
                            }
                        },
                        "tainted": false
                    },
                    "deposed": [],
                    "provider": "provider.openstack"
                },
                "openstack_networking_secgroup_v2.Public": {
                    "type": "openstack_networking_secgroup_v2",
                    "depends_on": [],
                    "primary": {
                        "id": "f516ef24-c56c-40bf-a286-45bb490be8b8",
                        "attributes": {
                            "all_tags.#": "0",
                            "delete_default_rules": "true",
                            "description": "[tf] Completely public machine (ingress + egress)",
                            "id": "f516ef24-c56c-40bf-a286-45bb490be8b8",
                            "name": "public",
                            "region": "Freiburg",
                            "tags.#": "0",
                            "tenant_id": "36d6d9420bb04403b55fb21052efe4be"
                        },
                        "meta": {
                            "e2bfb730-ecaa-11e6-8f88-34363bc7c4c0": {
                                "delete": 600000000000
                            }
                        },
                        "tainted": false
                    },
                    "deposed": [],
                    "provider": "provider.openstack"
                },
                "openstack_networking_secgroup_v2.egress": {
                    "type": "openstack_networking_secgroup_v2",
                    "depends_on": [],
                    "primary": {
                        "id": "f08481be-0886-47a0-9be3-936c0942d8dc",
                        "attributes": {
                            "all_tags.#": "0",
                            "delete_default_rules": "true",
                            "description": "[tf] Default egress profile",
                            "id": "f08481be-0886-47a0-9be3-936c0942d8dc",
                            "name": "egress",
                            "region": "Freiburg",
                            "tags.#": "0",
                            "tenant_id": "36d6d9420bb04403b55fb21052efe4be"
                        },
                        "meta": {
                            "e2bfb730-ecaa-11e6-8f88-34363bc7c4c0": {
                                "delete": 600000000000
                            }
                        },
                        "tainted": false
                    },
                    "deposed": [],
                    "provider": "provider.openstack"
                },
                "openstack_networking_secgroup_v2.hicbrowser": {
                    "type": "openstack_networking_secgroup_v2",
                    "depends_on": [],
                    "primary": {
                        "id": "3bcfa8bc-9bea-47bc-a1fe-9605acb0c65c",
                        "attributes": {
                            "all_tags.#": "0",
                            "delete_default_rules": "true",
                            "description": "[tf] Allow public HTTP + HTTPS connections",
                            "id": "3bcfa8bc-9bea-47bc-a1fe-9605acb0c65c",
                            "name": "hicbrowser",
                            "region": "Freiburg",
                            "tags.#": "0",
                            "tenant_id": "36d6d9420bb04403b55fb21052efe4be"
                        },
                        "meta": {
                            "e2bfb730-ecaa-11e6-8f88-34363bc7c4c0": {
                                "delete": 600000000000
                            }
                        },
                        "tainted": false
                    },
                    "deposed": [],
                    "provider": "provider.openstack"
                },
                "openstack_networking_secgroup_v2.ingress-public": {
                    "type": "openstack_networking_secgroup_v2",
                    "depends_on": [],
                    "primary": {
                        "id": "2427792a-2049-45f0-8109-99b3ff577c73",
                        "attributes": {
                            "all_tags.#": "0",
                            "delete_default_rules": "true",
                            "description": "[tf] Allow any incoming connection",
                            "id": "2427792a-2049-45f0-8109-99b3ff577c73",
                            "name": "ingress-public",
                            "region": "Freiburg",
                            "tags.#": "0",
                            "tenant_id": "36d6d9420bb04403b55fb21052efe4be"
                        },
                        "meta": {
                            "e2bfb730-ecaa-11e6-8f88-34363bc7c4c0": {
                                "delete": 600000000000
                            }
                        },
                        "tainted": false
                    },
                    "deposed": [],
                    "provider": "provider.openstack"
                },
                "openstack_networking_secgroup_v2.public-amqp": {
                    "type": "openstack_networking_secgroup_v2",
                    "depends_on": [],
                    "primary": {
                        "id": "fe749738-892a-44b9-a313-e07238f2d92d",
                        "attributes": {
                            "all_tags.#": "0",
                            "delete_default_rules": "true",
                            "description": "[tf] Allow incoming AMQP connections",
                            "id": "fe749738-892a-44b9-a313-e07238f2d92d",
                            "name": "public-amqp",
                            "region": "Freiburg",
                            "tags.#": "0",
                            "tenant_id": "36d6d9420bb04403b55fb21052efe4be"
                        },
                        "meta": {
                            "e2bfb730-ecaa-11e6-8f88-34363bc7c4c0": {
                                "delete": 600000000000
                            }
                        },
                        "tainted": false
                    },
                    "deposed": [],
                    "provider": "provider.openstack"
                },
                "openstack_networking_secgroup_v2.public-influxdb": {
                    "type": "openstack_networking_secgroup_v2",
                    "depends_on": [],
                    "primary": {
                        "id": "dfb4a6a6-298a-45a0-9c98-d335707f7629",
                        "attributes": {
                            "all_tags.#": "0",
                            "delete_default_rules": "true",
                            "description": "[tf] Allow public HTTP(s) connections to port 8086",
                            "id": "dfb4a6a6-298a-45a0-9c98-d335707f7629",
                            "name": "public-influxdb",
                            "region": "Freiburg",
                            "tags.#": "0",
                            "tenant_id": "36d6d9420bb04403b55fb21052efe4be"
                        },
                        "meta": {
                            "e2bfb730-ecaa-11e6-8f88-34363bc7c4c0": {
                                "delete": 600000000000
                            }
                        },
                        "tainted": false
                    },
                    "deposed": [],
                    "provider": "provider.openstack"
                },
                "openstack_networking_secgroup_v2.public-irc": {
                    "type": "openstack_networking_secgroup_v2",
                    "depends_on": [],
                    "primary": {
                        "id": "86c8f5af-45f9-4f3c-afbd-a70f2c2ce4e9",
                        "attributes": {
                            "all_tags.#": "0",
                            "delete_default_rules": "true",
                            "description": "[tf] Allow incoming IRC connections",
                            "id": "86c8f5af-45f9-4f3c-afbd-a70f2c2ce4e9",
                            "name": "public-irc",
                            "region": "Freiburg",
                            "tags.#": "0",
                            "tenant_id": "36d6d9420bb04403b55fb21052efe4be"
                        },
                        "meta": {
                            "e2bfb730-ecaa-11e6-8f88-34363bc7c4c0": {
                                "delete": 600000000000
                            }
                        },
                        "tainted": false
                    },
                    "deposed": [],
                    "provider": "provider.openstack"
                },
                "openstack_networking_secgroup_v2.public-mosh": {
                    "type": "openstack_networking_secgroup_v2",
                    "depends_on": [],
                    "primary": {
                        "id": "57ddd7b6-7790-41a2-a18d-f07f29ead1e2",
                        "attributes": {
                            "all_tags.#": "0",
                            "delete_default_rules": "true",
                            "description": "[tf] Rules for mosh servers",
                            "id": "57ddd7b6-7790-41a2-a18d-f07f29ead1e2",
                            "name": "public-mosh",
                            "region": "Freiburg",
                            "tags.#": "0",
                            "tenant_id": "36d6d9420bb04403b55fb21052efe4be"
                        },
                        "meta": {
                            "e2bfb730-ecaa-11e6-8f88-34363bc7c4c0": {
                                "delete": 600000000000
                            }
                        },
                        "tainted": false
                    },
                    "deposed": [],
                    "provider": "provider.openstack"
                },
                "openstack_networking_secgroup_v2.public-ping": {
                    "type": "openstack_networking_secgroup_v2",
                    "depends_on": [],
                    "primary": {
                        "id": "96281ca8-7ccb-4b34-a16b-e2abcbc14f87",
                        "attributes": {
                            "all_tags.#": "0",
                            "delete_default_rules": "true",
                            "description": "[tf] Allow pinging the node to the public",
                            "id": "96281ca8-7ccb-4b34-a16b-e2abcbc14f87",
                            "name": "public-ping",
                            "region": "Freiburg",
                            "tags.#": "0",
                            "tenant_id": "36d6d9420bb04403b55fb21052efe4be"
                        },
                        "meta": {
                            "e2bfb730-ecaa-11e6-8f88-34363bc7c4c0": {
                                "delete": 600000000000
                            }
                        },
                        "tainted": false
                    },
                    "deposed": [],
                    "provider": "provider.openstack"
                },
                "openstack_networking_secgroup_v2.public-ssh": {
                    "type": "openstack_networking_secgroup_v2",
                    "depends_on": [],
                    "primary": {
                        "id": "67460b69-e0f2-4bef-bb14-10fa2c2ef9cd",
                        "attributes": {
                            "all_tags.#": "0",
                            "delete_default_rules": "true",
                            "description": "[tf] Allow SSH connections from anywhere",
                            "id": "67460b69-e0f2-4bef-bb14-10fa2c2ef9cd",
                            "name": "public-ssh",
                            "region": "Freiburg",
                            "tags.#": "0",
                            "tenant_id": "36d6d9420bb04403b55fb21052efe4be"
                        },
                        "meta": {
                            "e2bfb730-ecaa-11e6-8f88-34363bc7c4c0": {
                                "delete": 600000000000
                            }
                        },
                        "tainted": false
                    },
                    "deposed": [],
                    "provider": "provider.openstack"
                },
                "openstack_networking_secgroup_v2.public-web": {
                    "type": "openstack_networking_secgroup_v2",
                    "depends_on": [],
                    "primary": {
                        "id": "3b8855bd-e70d-46e4-996f-4b32f00b405b",
                        "attributes": {
                            "all_tags.#": "0",
                            "description": "[tf] Allow public HTTP + HTTPS connections",
                            "id": "3b8855bd-e70d-46e4-996f-4b32f00b405b",
                            "name": "public-web",
                            "region": "Freiburg",
                            "tags.#": "0",
                            "tenant_id": "36d6d9420bb04403b55fb21052efe4be"
                        },
                        "meta": {
                            "e2bfb730-ecaa-11e6-8f88-34363bc7c4c0": {
                                "delete": 600000000000
                            }
                        },
                        "tainted": false
                    },
                    "deposed": [],
                    "provider": "provider.openstack"
                },
                "openstack_networking_secgroup_v2.public-web2": {
                    "type": "openstack_networking_secgroup_v2",
                    "depends_on": [],
                    "primary": {
                        "id": "2207b12e-6fcd-49aa-8f9e-9c6d32c768bb",
                        "attributes": {
                            "all_tags.#": "0",
                            "delete_default_rules": "true",
                            "description": "[tf] Allow public HTTP + HTTPS connections (fixed)",
                            "id": "2207b12e-6fcd-49aa-8f9e-9c6d32c768bb",
                            "name": "public-web2",
                            "region": "Freiburg",
                            "tags.#": "0",
                            "tenant_id": "36d6d9420bb04403b55fb21052efe4be"
                        },
                        "meta": {
                            "e2bfb730-ecaa-11e6-8f88-34363bc7c4c0": {
                                "delete": 600000000000
                            }
                        },
                        "tainted": false
                    },
                    "deposed": [],
                    "provider": "provider.openstack"
                },
                "openstack_networking_secgroup_v2.ufr-influxdb": {
                    "type": "openstack_networking_secgroup_v2",
                    "depends_on": [],
                    "primary": {
                        "id": "ebb1928d-5cdc-4f50-9a34-13acd170819a",
                        "attributes": {
                            "all_tags.#": "0",
                            "delete_default_rules": "true",
                            "description": "[tf] Allow UFR HTTP(s) connections to port 8086",
                            "id": "ebb1928d-5cdc-4f50-9a34-13acd170819a",
                            "name": "ufr-influxdb",
                            "region": "Freiburg",
                            "tags.#": "0",
                            "tenant_id": "36d6d9420bb04403b55fb21052efe4be"
                        },
                        "meta": {
                            "e2bfb730-ecaa-11e6-8f88-34363bc7c4c0": {
                                "delete": 600000000000
                            }
                        },
                        "tainted": false
                    },
                    "deposed": [],
                    "provider": "provider.openstack"
                },
                "openstack_networking_secgroup_v2.ufr-ingress": {
                    "type": "openstack_networking_secgroup_v2",
                    "depends_on": [],
                    "primary": {
                        "id": "fb80f17a-86b7-48be-83d8-ef87dac155f4",
                        "attributes": {
                            "all_tags.#": "0",
                            "delete_default_rules": "true",
                            "description": "[tf] Ingress connections from any UFR networks",
                            "id": "fb80f17a-86b7-48be-83d8-ef87dac155f4",
                            "name": "ufr-ingress",
                            "region": "Freiburg",
                            "tags.#": "0",
                            "tenant_id": "36d6d9420bb04403b55fb21052efe4be"
                        },
                        "meta": {
                            "e2bfb730-ecaa-11e6-8f88-34363bc7c4c0": {
                                "delete": 600000000000
                            }
                        },
                        "tainted": false
                    },
                    "deposed": [],
                    "provider": "provider.openstack"
                },
                "openstack_networking_secgroup_v2.ufr-ssh": {
                    "type": "openstack_networking_secgroup_v2",
                    "depends_on": [],
                    "primary": {
                        "id": "9f13b036-c719-4999-87b8-4448e8478b0f",
                        "attributes": {
                            "all_tags.#": "0",
                            "delete_default_rules": "true",
                            "description": "[tf] Ingress SSH connections for UFR networks (e.g. combine with public-web/public-ping)",
                            "id": "9f13b036-c719-4999-87b8-4448e8478b0f",
                            "name": "ufr-ssh",
                            "region": "Freiburg",
                            "tags.#": "0",
                            "tenant_id": "36d6d9420bb04403b55fb21052efe4be"
                        },
                        "meta": {
                            "e2bfb730-ecaa-11e6-8f88-34363bc7c4c0": {
                                "delete": 600000000000
                            }
                        },
                        "tainted": false
                    },
                    "deposed": [],
                    "provider": "provider.openstack"
                },
                "openstack_networking_secgroup_v2.ufr-web": {
                    "type": "openstack_networking_secgroup_v2",
                    "depends_on": [],
                    "primary": {
                        "id": "bcabcd6d-2cfb-477b-9758-784ee93d4c33",
                        "attributes": {
                            "all_tags.#": "0",
                            "delete_default_rules": "true",
                            "description": "[tf] Ingress web (HTTP+HTTPS) connections for UFR networks",
                            "id": "bcabcd6d-2cfb-477b-9758-784ee93d4c33",
                            "name": "ufr-web",
                            "region": "Freiburg",
                            "tags.#": "0",
                            "tenant_id": "36d6d9420bb04403b55fb21052efe4be"
                        },
                        "meta": {
                            "e2bfb730-ecaa-11e6-8f88-34363bc7c4c0": {
                                "delete": 600000000000
                            }
                        },
                        "tainted": false
                    },
                    "deposed": [],
                    "provider": "provider.openstack"
                },
                "openstack_networking_secgroup_v2.vgcn-ingress-public": {
                    "type": "openstack_networking_secgroup_v2",
                    "depends_on": [],
                    "primary": {
                        "id": "85a9e7fb-dfe0-4412-b6d8-986b5bfd7756",
                        "attributes": {
                            "all_tags.#": "0",
                            "delete_default_rules": "true",
                            "description": "[tf] Allow any incoming connection",
                            "id": "85a9e7fb-dfe0-4412-b6d8-986b5bfd7756",
                            "name": "vgcn-ingress-public",
                            "region": "Freiburg",
                            "tags.#": "0",
                            "tenant_id": "36d6d9420bb04403b55fb21052efe4be"
                        },
                        "meta": {
                            "e2bfb730-ecaa-11e6-8f88-34363bc7c4c0": {
                                "delete": 600000000000
                            }
                        },
                        "tainted": false
                    },
                    "deposed": [],
                    "provider": "provider.openstack"
                },
                "random_pet.training-vm.0": {
                    "type": "random_pet",
                    "depends_on": [],
                    "primary": {
                        "id": "romantic-grub",
                        "attributes": {
                            "id": "romantic-grub",
                            "keepers.%": "2",
                            "keepers.count": "0",
                            "keepers.image": "Ubuntu 18.04",
                            "length": "2",
                            "separator": "-"
                        },
                        "meta": {},
                        "tainted": false
                    },
                    "deposed": [],
                    "provider": "provider.random"
                },
                "random_pet.training-vm.1": {
                    "type": "random_pet",
                    "depends_on": [],
                    "primary": {
                        "id": "fitting-sunbird",
                        "attributes": {
                            "id": "fitting-sunbird",
                            "keepers.%": "2",
                            "keepers.count": "1",
                            "keepers.image": "Ubuntu 18.04",
                            "length": "2",
                            "separator": "-"
                        },
                        "meta": {},
                        "tainted": false
                    },
                    "deposed": [],
                    "provider": "provider.random"
                },
                "random_pet.training-vm.10": {
                    "type": "random_pet",
                    "depends_on": [],
                    "primary": {
                        "id": "curious-bluejay",
                        "attributes": {
                            "id": "curious-bluejay",
                            "keepers.%": "2",
                            "keepers.count": "10",
                            "keepers.image": "Ubuntu 18.04",
                            "length": "2",
                            "separator": "-"
                        },
                        "meta": {},
                        "tainted": false
                    },
                    "deposed": [],
                    "provider": "provider.random"
                },
                "random_pet.training-vm.11": {
                    "type": "random_pet",
                    "depends_on": [],
                    "primary": {
                        "id": "heroic-wallaby",
                        "attributes": {
                            "id": "heroic-wallaby",
                            "keepers.%": "2",
                            "keepers.count": "11",
                            "keepers.image": "Ubuntu 18.04",
                            "length": "2",
                            "separator": "-"
                        },
                        "meta": {},
                        "tainted": false
                    },
                    "deposed": [],
                    "provider": "provider.random"
                },
                "random_pet.training-vm.12": {
                    "type": "random_pet",
                    "depends_on": [],
                    "primary": {
                        "id": "evolved-finch",
                        "attributes": {
                            "id": "evolved-finch",
                            "keepers.%": "2",
                            "keepers.count": "12",
                            "keepers.image": "Ubuntu 18.04",
                            "length": "2",
                            "separator": "-"
                        },
                        "meta": {},
                        "tainted": false
                    },
                    "deposed": [],
                    "provider": "provider.random"
                },
                "random_pet.training-vm.13": {
                    "type": "random_pet",
                    "depends_on": [],
                    "primary": {
                        "id": "up-halibut",
                        "attributes": {
                            "id": "up-halibut",
                            "keepers.%": "2",
                            "keepers.count": "13",
                            "keepers.image": "Ubuntu 18.04",
                            "length": "2",
                            "separator": "-"
                        },
                        "meta": {},
                        "tainted": false
                    },
                    "deposed": [],
                    "provider": "provider.random"
                },
                "random_pet.training-vm.14": {
                    "type": "random_pet",
                    "depends_on": [],
                    "primary": {
                        "id": "generous-tuna",
                        "attributes": {
                            "id": "generous-tuna",
                            "keepers.%": "2",
                            "keepers.count": "14",
                            "keepers.image": "Ubuntu 18.04",
                            "length": "2",
                            "separator": "-"
                        },
                        "meta": {},
                        "tainted": false
                    },
                    "deposed": [],
                    "provider": "provider.random"
                },
                "random_pet.training-vm.15": {
                    "type": "random_pet",
                    "depends_on": [],
                    "primary": {
                        "id": "calm-zebra",
                        "attributes": {
                            "id": "calm-zebra",
                            "keepers.%": "2",
                            "keepers.count": "15",
                            "keepers.image": "Ubuntu 18.04",
                            "length": "2",
                            "separator": "-"
                        },
                        "meta": {},
                        "tainted": false
                    },
                    "deposed": [],
                    "provider": "provider.random"
                },
                "random_pet.training-vm.16": {
                    "type": "random_pet",
                    "depends_on": [],
                    "primary": {
                        "id": "uncommon-shepherd",
                        "attributes": {
                            "id": "uncommon-shepherd",
                            "keepers.%": "2",
                            "keepers.count": "16",
                            "keepers.image": "Ubuntu 18.04",
                            "length": "2",
                            "separator": "-"
                        },
                        "meta": {},
                        "tainted": false
                    },
                    "deposed": [],
                    "provider": "provider.random"
                },
                "random_pet.training-vm.17": {
                    "type": "random_pet",
                    "depends_on": [],
                    "primary": {
                        "id": "live-monkey",
                        "attributes": {
                            "id": "live-monkey",
                            "keepers.%": "2",
                            "keepers.count": "17",
                            "keepers.image": "Ubuntu 18.04",
                            "length": "2",
                            "separator": "-"
                        },
                        "meta": {},
                        "tainted": false
                    },
                    "deposed": [],
                    "provider": "provider.random"
                },
                "random_pet.training-vm.18": {
                    "type": "random_pet",
                    "depends_on": [],
                    "primary": {
                        "id": "deciding-swan",
                        "attributes": {
                            "id": "deciding-swan",
                            "keepers.%": "2",
                            "keepers.count": "18",
                            "keepers.image": "Ubuntu 18.04",
                            "length": "2",
                            "separator": "-"
                        },
                        "meta": {},
                        "tainted": false
                    },
                    "deposed": [],
                    "provider": "provider.random"
                },
                "random_pet.training-vm.19": {
                    "type": "random_pet",
                    "depends_on": [],
                    "primary": {
                        "id": "secure-cattle",
                        "attributes": {
                            "id": "secure-cattle",
                            "keepers.%": "2",
                            "keepers.count": "19",
                            "keepers.image": "Ubuntu 18.04",
                            "length": "2",
                            "separator": "-"
                        },
                        "meta": {},
                        "tainted": false
                    },
                    "deposed": [],
                    "provider": "provider.random"
                },
                "random_pet.training-vm.2": {
                    "type": "random_pet",
                    "depends_on": [],
                    "primary": {
                        "id": "skilled-mosquito",
                        "attributes": {
                            "id": "skilled-mosquito",
                            "keepers.%": "2",
                            "keepers.count": "2",
                            "keepers.image": "Ubuntu 18.04",
                            "length": "2",
                            "separator": "-"
                        },
                        "meta": {},
                        "tainted": false
                    },
                    "deposed": [],
                    "provider": "provider.random"
                },
                "random_pet.training-vm.20": {
                    "type": "random_pet",
                    "depends_on": [],
                    "primary": {
                        "id": "mature-hermit",
                        "attributes": {
                            "id": "mature-hermit",
                            "keepers.%": "2",
                            "keepers.count": "20",
                            "keepers.image": "Ubuntu 18.04",
                            "length": "2",
                            "separator": "-"
                        },
                        "meta": {},
                        "tainted": false
                    },
                    "deposed": [],
                    "provider": "provider.random"
                },
                "random_pet.training-vm.21": {
                    "type": "random_pet",
                    "depends_on": [],
                    "primary": {
                        "id": "neat-llama",
                        "attributes": {
                            "id": "neat-llama",
                            "keepers.%": "2",
                            "keepers.count": "21",
                            "keepers.image": "Ubuntu 18.04",
                            "length": "2",
                            "separator": "-"
                        },
                        "meta": {},
                        "tainted": false
                    },
                    "deposed": [],
                    "provider": "provider.random"
                },
                "random_pet.training-vm.22": {
                    "type": "random_pet",
                    "depends_on": [],
                    "primary": {
                        "id": "desired-mako",
                        "attributes": {
                            "id": "desired-mako",
                            "keepers.%": "2",
                            "keepers.count": "22",
                            "keepers.image": "Ubuntu 18.04",
                            "length": "2",
                            "separator": "-"
                        },
                        "meta": {},
                        "tainted": false
                    },
                    "deposed": [],
                    "provider": "provider.random"
                },
                "random_pet.training-vm.23": {
                    "type": "random_pet",
                    "depends_on": [],
                    "primary": {
                        "id": "open-jaybird",
                        "attributes": {
                            "id": "open-jaybird",
                            "keepers.%": "2",
                            "keepers.count": "23",
                            "keepers.image": "Ubuntu 18.04",
                            "length": "2",
                            "separator": "-"
                        },
                        "meta": {},
                        "tainted": false
                    },
                    "deposed": [],
                    "provider": "provider.random"
                },
                "random_pet.training-vm.24": {
                    "type": "random_pet",
                    "depends_on": [],
                    "primary": {
                        "id": "included-muskrat",
                        "attributes": {
                            "id": "included-muskrat",
                            "keepers.%": "2",
                            "keepers.count": "24",
                            "keepers.image": "Ubuntu 18.04",
                            "length": "2",
                            "separator": "-"
                        },
                        "meta": {},
                        "tainted": false
                    },
                    "deposed": [],
                    "provider": "provider.random"
                },
                "random_pet.training-vm.25": {
                    "type": "random_pet",
                    "depends_on": [],
                    "primary": {
                        "id": "sterling-pug",
                        "attributes": {
                            "id": "sterling-pug",
                            "keepers.%": "2",
                            "keepers.count": "25",
                            "keepers.image": "Ubuntu 18.04",
                            "length": "2",
                            "separator": "-"
                        },
                        "meta": {},
                        "tainted": false
                    },
                    "deposed": [],
                    "provider": "provider.random"
                },
                "random_pet.training-vm.26": {
                    "type": "random_pet",
                    "depends_on": [],
                    "primary": {
                        "id": "eager-tarpon",
                        "attributes": {
                            "id": "eager-tarpon",
                            "keepers.%": "2",
                            "keepers.count": "26",
                            "keepers.image": "Ubuntu 18.04",
                            "length": "2",
                            "separator": "-"
                        },
                        "meta": {},
                        "tainted": false
                    },
                    "deposed": [],
                    "provider": "provider.random"
                },
                "random_pet.training-vm.27": {
                    "type": "random_pet",
                    "depends_on": [],
                    "primary": {
                        "id": "driven-bat",
                        "attributes": {
                            "id": "driven-bat",
                            "keepers.%": "2",
                            "keepers.count": "27",
                            "keepers.image": "Ubuntu 18.04",
                            "length": "2",
                            "separator": "-"
                        },
                        "meta": {},
                        "tainted": false
                    },
                    "deposed": [],
                    "provider": "provider.random"
                },
                "random_pet.training-vm.28": {
                    "type": "random_pet",
                    "depends_on": [],
                    "primary": {
                        "id": "steady-kiwi",
                        "attributes": {
                            "id": "steady-kiwi",
                            "keepers.%": "2",
                            "keepers.count": "28",
                            "keepers.image": "Ubuntu 18.04",
                            "length": "2",
                            "separator": "-"
                        },
                        "meta": {},
                        "tainted": false
                    },
                    "deposed": [],
                    "provider": "provider.random"
                },
                "random_pet.training-vm.29": {
                    "type": "random_pet",
                    "depends_on": [],
                    "primary": {
                        "id": "patient-mako",
                        "attributes": {
                            "id": "patient-mako",
                            "keepers.%": "2",
                            "keepers.count": "29",
                            "keepers.image": "Ubuntu 18.04",
                            "length": "2",
                            "separator": "-"
                        },
                        "meta": {},
                        "tainted": false
                    },
                    "deposed": [],
                    "provider": "provider.random"
                },
                "random_pet.training-vm.3": {
                    "type": "random_pet",
                    "depends_on": [],
                    "primary": {
                        "id": "complete-vulture",
                        "attributes": {
                            "id": "complete-vulture",
                            "keepers.%": "2",
                            "keepers.count": "3",
                            "keepers.image": "Ubuntu 18.04",
                            "length": "2",
                            "separator": "-"
                        },
                        "meta": {},
                        "tainted": false
                    },
                    "deposed": [],
                    "provider": "provider.random"
                },
                "random_pet.training-vm.30": {
                    "type": "random_pet",
                    "depends_on": [],
                    "primary": {
                        "id": "exotic-bobcat",
                        "attributes": {
                            "id": "exotic-bobcat",
                            "keepers.%": "2",
                            "keepers.count": "30",
                            "keepers.image": "Ubuntu 18.04",
                            "length": "2",
                            "separator": "-"
                        },
                        "meta": {},
                        "tainted": false
                    },
                    "deposed": [],
                    "provider": "provider.random"
                },
                "random_pet.training-vm.31": {
                    "type": "random_pet",
                    "depends_on": [],
                    "primary": {
                        "id": "giving-doe",
                        "attributes": {
                            "id": "giving-doe",
                            "keepers.%": "2",
                            "keepers.count": "31",
                            "keepers.image": "Ubuntu 18.04",
                            "length": "2",
                            "separator": "-"
                        },
                        "meta": {},
                        "tainted": false
                    },
                    "deposed": [],
                    "provider": "provider.random"
                },
                "random_pet.training-vm.32": {
                    "type": "random_pet",
                    "depends_on": [],
                    "primary": {
                        "id": "rested-dolphin",
                        "attributes": {
                            "id": "rested-dolphin",
                            "keepers.%": "2",
                            "keepers.count": "32",
                            "keepers.image": "Ubuntu 18.04",
                            "length": "2",
                            "separator": "-"
                        },
                        "meta": {},
                        "tainted": false
                    },
                    "deposed": [],
                    "provider": "provider.random"
                },
                "random_pet.training-vm.33": {
                    "type": "random_pet",
                    "depends_on": [],
                    "primary": {
                        "id": "evolved-pipefish",
                        "attributes": {
                            "id": "evolved-pipefish",
                            "keepers.%": "2",
                            "keepers.count": "33",
                            "keepers.image": "Ubuntu 18.04",
                            "length": "2",
                            "separator": "-"
                        },
                        "meta": {},
                        "tainted": false
                    },
                    "deposed": [],
                    "provider": "provider.random"
                },
                "random_pet.training-vm.34": {
                    "type": "random_pet",
                    "depends_on": [],
                    "primary": {
                        "id": "hopeful-bluebird",
                        "attributes": {
                            "id": "hopeful-bluebird",
                            "keepers.%": "2",
                            "keepers.count": "34",
                            "keepers.image": "Ubuntu 18.04",
                            "length": "2",
                            "separator": "-"
                        },
                        "meta": {},
                        "tainted": false
                    },
                    "deposed": [],
                    "provider": "provider.random"
                },
                "random_pet.training-vm.35": {
                    "type": "random_pet",
                    "depends_on": [],
                    "primary": {
                        "id": "patient-leopard",
                        "attributes": {
                            "id": "patient-leopard",
                            "keepers.%": "2",
                            "keepers.count": "35",
                            "keepers.image": "Ubuntu 18.04",
                            "length": "2",
                            "separator": "-"
                        },
                        "meta": {},
                        "tainted": false
                    },
                    "deposed": [],
                    "provider": "provider.random"
                },
                "random_pet.training-vm.36": {
                    "type": "random_pet",
                    "depends_on": [],
                    "primary": {
                        "id": "trusted-mastodon",
                        "attributes": {
                            "id": "trusted-mastodon",
                            "keepers.%": "2",
                            "keepers.count": "36",
                            "keepers.image": "Ubuntu 18.04",
                            "length": "2",
                            "separator": "-"
                        },
                        "meta": {},
                        "tainted": false
                    },
                    "deposed": [],
                    "provider": "provider.random"
                },
                "random_pet.training-vm.37": {
                    "type": "random_pet",
                    "depends_on": [],
                    "primary": {
                        "id": "master-seal",
                        "attributes": {
                            "id": "master-seal",
                            "keepers.%": "2",
                            "keepers.count": "37",
                            "keepers.image": "Ubuntu 18.04",
                            "length": "2",
                            "separator": "-"
                        },
                        "meta": {},
                        "tainted": false
                    },
                    "deposed": [],
                    "provider": "provider.random"
                },
                "random_pet.training-vm.38": {
                    "type": "random_pet",
                    "depends_on": [],
                    "primary": {
                        "id": "curious-moth",
                        "attributes": {
                            "id": "curious-moth",
                            "keepers.%": "2",
                            "keepers.count": "38",
                            "keepers.image": "Ubuntu 18.04",
                            "length": "2",
                            "separator": "-"
                        },
                        "meta": {},
                        "tainted": false
                    },
                    "deposed": [],
                    "provider": "provider.random"
                },
                "random_pet.training-vm.39": {
                    "type": "random_pet",
                    "depends_on": [],
                    "primary": {
                        "id": "dynamic-wolf",
                        "attributes": {
                            "id": "dynamic-wolf",
                            "keepers.%": "2",
                            "keepers.count": "39",
                            "keepers.image": "Ubuntu 18.04",
                            "length": "2",
                            "separator": "-"
                        },
                        "meta": {},
                        "tainted": false
                    },
                    "deposed": [],
                    "provider": "provider.random"
                },
                "random_pet.training-vm.4": {
                    "type": "random_pet",
                    "depends_on": [],
                    "primary": {
                        "id": "golden-buffalo",
                        "attributes": {
                            "id": "golden-buffalo",
                            "keepers.%": "2",
                            "keepers.count": "4",
                            "keepers.image": "Ubuntu 18.04",
                            "length": "2",
                            "separator": "-"
                        },
                        "meta": {},
                        "tainted": false
                    },
                    "deposed": [],
                    "provider": "provider.random"
                },
                "random_pet.training-vm.5": {
                    "type": "random_pet",
                    "depends_on": [],
                    "primary": {
                        "id": "credible-oryx",
                        "attributes": {
                            "id": "credible-oryx",
                            "keepers.%": "2",
                            "keepers.count": "5",
                            "keepers.image": "Ubuntu 18.04",
                            "length": "2",
                            "separator": "-"
                        },
                        "meta": {},
                        "tainted": false
                    },
                    "deposed": [],
                    "provider": "provider.random"
                },
                "random_pet.training-vm.6": {
                    "type": "random_pet",
                    "depends_on": [],
                    "primary": {
                        "id": "humorous-grackle",
                        "attributes": {
                            "id": "humorous-grackle",
                            "keepers.%": "2",
                            "keepers.count": "6",
                            "keepers.image": "Ubuntu 18.04",
                            "length": "2",
                            "separator": "-"
                        },
                        "meta": {},
                        "tainted": false
                    },
                    "deposed": [],
                    "provider": "provider.random"
                },
                "random_pet.training-vm.7": {
                    "type": "random_pet",
                    "depends_on": [],
                    "primary": {
                        "id": "stunning-bengal",
                        "attributes": {
                            "id": "stunning-bengal",
                            "keepers.%": "2",
                            "keepers.count": "7",
                            "keepers.image": "Ubuntu 18.04",
                            "length": "2",
                            "separator": "-"
                        },
                        "meta": {},
                        "tainted": false
                    },
                    "deposed": [],
                    "provider": "provider.random"
                },
                "random_pet.training-vm.8": {
                    "type": "random_pet",
                    "depends_on": [],
                    "primary": {
                        "id": "able-badger",
                        "attributes": {
                            "id": "able-badger",
                            "keepers.%": "2",
                            "keepers.count": "8",
                            "keepers.image": "Ubuntu 18.04",
                            "length": "2",
                            "separator": "-"
                        },
                        "meta": {},
                        "tainted": false
                    },
                    "deposed": [],
                    "provider": "provider.random"
                },
                "random_pet.training-vm.9": {
                    "type": "random_pet",
                    "depends_on": [],
                    "primary": {
                        "id": "honest-stinkbug",
                        "attributes": {
                            "id": "honest-stinkbug",
                            "keepers.%": "2",
                            "keepers.count": "9",
                            "keepers.image": "Ubuntu 18.04",
                            "length": "2",
                            "separator": "-"
                        },
                        "meta": {},
                        "tainted": false
                    },
                    "deposed": [],
                    "provider": "provider.random"
                }
            },
            "depends_on": []
        }
    ]
}
