{
    "version": 3,
    "terraform_version": "0.11.13",
    "serial": 392,
    "lineage": "9762f389-3401-65ca-5879-51b072abdb9d",
    "modules": [
        {
            "path": [
                "root"
            ],
            "outputs": {
                "gcc2019_dns": {
                    "sensitive": false,
                    "type": "list",
                    "value": [
                        "gcc-0.training.galaxyproject.eu",
                        "gcc-1.training.galaxyproject.eu",
                        "gcc-2.training.galaxyproject.eu",
                        "gcc-3.training.galaxyproject.eu",
                        "gcc-4.training.galaxyproject.eu",
                        "gcc-5.training.galaxyproject.eu",
                        "gcc-6.training.galaxyproject.eu",
                        "gcc-7.training.galaxyproject.eu",
                        "gcc-8.training.galaxyproject.eu",
                        "gcc-9.training.galaxyproject.eu",
                        "gcc-10.training.galaxyproject.eu",
                        "gcc-11.training.galaxyproject.eu",
                        "gcc-12.training.galaxyproject.eu",
                        "gcc-13.training.galaxyproject.eu",
                        "gcc-14.training.galaxyproject.eu",
                        "gcc-15.training.galaxyproject.eu",
                        "gcc-16.training.galaxyproject.eu",
                        "gcc-17.training.galaxyproject.eu",
                        "gcc-18.training.galaxyproject.eu",
                        "gcc-19.training.galaxyproject.eu",
                        "gcc-20.training.galaxyproject.eu",
                        "gcc-21.training.galaxyproject.eu",
                        "gcc-22.training.galaxyproject.eu",
                        "gcc-23.training.galaxyproject.eu",
                        "gcc-24.training.galaxyproject.eu",
                        "gcc-25.training.galaxyproject.eu",
                        "gcc-26.training.galaxyproject.eu",
                        "gcc-27.training.galaxyproject.eu",
                        "gcc-28.training.galaxyproject.eu",
                        "gcc-29.training.galaxyproject.eu",
                        "gcc-30.training.galaxyproject.eu",
                        "gcc-31.training.galaxyproject.eu",
                        "gcc-32.training.galaxyproject.eu",
                        "gcc-33.training.galaxyproject.eu",
                        "gcc-34.training.galaxyproject.eu",
                        "gcc-35.training.galaxyproject.eu",
                        "gcc-36.training.galaxyproject.eu",
                        "gcc-37.training.galaxyproject.eu",
                        "gcc-38.training.galaxyproject.eu",
                        "gcc-39.training.galaxyproject.eu",
                        "gcc-40.training.galaxyproject.eu",
                        "gcc-41.training.galaxyproject.eu",
                        "gcc-42.training.galaxyproject.eu",
                        "gcc-43.training.galaxyproject.eu",
                        "gcc-44.training.galaxyproject.eu",
                        "gcc-45.training.galaxyproject.eu",
                        "gcc-46.training.galaxyproject.eu",
                        "gcc-47.training.galaxyproject.eu",
                        "gcc-48.training.galaxyproject.eu",
                        "gcc-49.training.galaxyproject.eu"
                    ]
                },
                "gcc2019_ips": {
                    "sensitive": false,
                    "type": "list",
                    "value": [
                        "192.52.32.136",
                        "192.52.34.255",
                        "192.52.34.20",
                        "192.52.34.23",
                        "192.52.34.227",
                        "192.52.35.1",
                        "192.52.34.249",
                        "192.52.34.245",
                        "192.52.35.12",
                        "192.52.34.242",
                        "192.52.34.102",
                        "192.52.34.64",
                        "192.52.32.81",
                        "192.52.34.191",
                        "192.52.34.240",
                        "192.52.34.237",
                        "192.52.34.203",
                        "192.52.34.66",
                        "192.52.34.189",
                        "192.52.34.235",
                        "192.52.33.253",
                        "192.52.34.244",
                        "192.52.35.7",
                        "192.52.34.229",
                        "192.52.35.4",
                        "192.52.35.5",
                        "192.52.34.148",
                        "192.52.34.208",
                        "192.52.34.250",
                        "192.52.34.121",
                        "192.52.34.238",
                        "192.52.34.247",
                        "192.52.34.253",
                        "192.52.35.8",
                        "192.52.35.10",
                        "192.52.34.185",
                        "192.52.34.164",
                        "192.52.35.2",
                        "192.52.34.251",
                        "192.52.34.246",
                        "192.52.34.243",
                        "192.52.34.252",
                        "192.52.34.248",
                        "192.52.34.211",
                        "192.52.34.116",
                        "192.52.34.236",
                        "192.52.34.183",
                        "192.52.34.239",
                        "192.52.35.3",
                        "192.52.34.234"
                    ]
                },
                "gcc2019_pws": {
                    "sensitive": true,
                    "type": "list",
                    "value": [
                        "improved-treefrog",
                        "fun-weevil",
                        "moved-quail",
                        "chief-hagfish",
                        "cute-coyote",
                        "comic-dassie",
                        "wired-frog",
                        "innocent-caribou",
                        "tender-primate",
                        "divine-tortoise",
                        "crack-kid",
                        "classic-leopard",
                        "true-hog",
                        "comic-skylark",
                        "cosmic-caiman",
                        "apt-polliwog",
                        "outgoing-slug",
                        "amazing-catfish",
                        "flowing-tomcat",
                        "proud-crane",
                        "meet-kit",
                        "moved-primate",
                        "modern-unicorn",
                        "steady-lemur",
                        "noble-cricket",
                        "engaged-filly",
                        "regular-falcon",
                        "knowing-sparrow",
                        "hip-wren",
                        "correct-kit",
                        "desired-goat",
                        "super-gnat",
                        "bold-jaguar",
                        "calm-ewe",
                        "mature-phoenix",
                        "logical-terrier",
                        "innocent-wallaby",
                        "causal-honeybee",
                        "evident-spaniel",
                        "dynamic-eagle",
                        "present-cobra",
                        "singular-stallion",
                        "fast-narwhal",
                        "open-minnow",
                        "moral-bluebird",
                        "one-gorilla",
                        "informed-crane",
                        "precise-sculpin",
                        "welcomed-squirrel",
                        "exact-skink"
                    ]
                }
            },
            "resources": {
                "aws_route53_record.apollo-main": {
                    "type": "aws_route53_record",
                    "depends_on": [
                        "openstack_compute_instance_v2.apollo-main"
                    ],
                    "primary": {
                        "id": "Z391FYOSFHL9U7_apollo.internal.galaxyproject.eu_A",
                        "attributes": {
                            "fqdn": "apollo.internal.galaxyproject.eu",
                            "health_check_id": "",
                            "id": "Z391FYOSFHL9U7_apollo.internal.galaxyproject.eu_A",
                            "name": "apollo.internal.galaxyproject.eu",
                            "records.#": "1",
                            "records.2198818090": "10.5.68.20",
                            "set_identifier": "",
                            "ttl": "7200",
                            "type": "A",
                            "zone_id": "Z391FYOSFHL9U7"
                        },
                        "meta": {
                            "schema_version": "2"
                        },
                        "tainted": false
                    },
                    "deposed": [],
                    "provider": "provider.aws"
                },
                "aws_route53_record.bioconda-utils": {
                    "type": "aws_route53_record",
                    "depends_on": [
                        "openstack_compute_instance_v2.bioconda-utils"
                    ],
                    "primary": {
                        "id": "Z391FYOSFHL9U7_bioconda-utils.galaxyproject.eu_A",
                        "attributes": {
                            "allow_overwrite": "true",
                            "fqdn": "bioconda-utils.galaxyproject.eu",
                            "health_check_id": "",
                            "id": "Z391FYOSFHL9U7_bioconda-utils.galaxyproject.eu_A",
                            "name": "bioconda-utils.galaxyproject.eu",
                            "records.#": "1",
                            "records.3712341108": "192.52.33.31",
                            "set_identifier": "",
                            "ttl": "7200",
                            "type": "A",
                            "zone_id": "Z391FYOSFHL9U7"
                        },
                        "meta": {
                            "schema_version": "2"
                        },
                        "tainted": false
                    },
                    "deposed": [],
                    "provider": "provider.aws"
                },
                "aws_route53_record.build-usegalaxy": {
                    "type": "aws_route53_record",
                    "depends_on": [
                        "openstack_compute_instance_v2.build-usegalaxy"
                    ],
                    "primary": {
                        "id": "Z391FYOSFHL9U7_build.galaxyproject.eu_A",
                        "attributes": {
                            "allow_overwrite": "true",
                            "fqdn": "build.galaxyproject.eu",
                            "health_check_id": "",
                            "id": "Z391FYOSFHL9U7_build.galaxyproject.eu_A",
                            "name": "build.galaxyproject.eu",
                            "records.#": "1",
                            "records.1912570522": "192.52.32.74",
                            "set_identifier": "",
                            "ttl": "7200",
                            "type": "A",
                            "zone_id": "Z391FYOSFHL9U7"
                        },
                        "meta": {
                            "schema_version": "2"
                        },
                        "tainted": false
                    },
                    "deposed": [],
                    "provider": "provider.aws"
                },
                "aws_route53_record.cvmfs-stratum0": {
                    "type": "aws_route53_record",
                    "depends_on": [
                        "openstack_compute_instance_v2.cvmfs-stratum0"
                    ],
                    "primary": {
                        "id": "Z391FYOSFHL9U7_cvmfs-stratum0-test.galaxyproject.eu_A",
                        "attributes": {
                            "allow_overwrite": "true",
                            "fqdn": "cvmfs-stratum0-test.galaxyproject.eu",
                            "health_check_id": "",
                            "id": "Z391FYOSFHL9U7_cvmfs-stratum0-test.galaxyproject.eu_A",
                            "name": "cvmfs-stratum0-test.galaxyproject.eu",
                            "records.#": "1",
                            "records.1874398594": "192.52.33.173",
                            "set_identifier": "",
                            "ttl": "7200",
                            "type": "A",
                            "zone_id": "Z391FYOSFHL9U7"
                        },
                        "meta": {
                            "schema_version": "2"
                        },
                        "tainted": false
                    },
                    "deposed": [],
                    "provider": "provider.aws"
                },
                "aws_route53_record.cvmfs1-ufr0-usegalaxy": {
                    "type": "aws_route53_record",
                    "depends_on": [
                        "openstack_compute_instance_v2.cvmfs1-ufr0-usegalaxy"
                    ],
                    "primary": {
                        "id": "Z391FYOSFHL9U7_cvmfs1-ufr0.internal.galaxyproject.eu_A",
                        "attributes": {
                            "allow_overwrite": "true",
                            "fqdn": "cvmfs1-ufr0.internal.galaxyproject.eu",
                            "health_check_id": "",
                            "id": "Z391FYOSFHL9U7_cvmfs1-ufr0.internal.galaxyproject.eu_A",
                            "name": "cvmfs1-ufr0.internal.galaxyproject.eu",
                            "records.#": "1",
                            "records.1447010590": "10.5.68.209",
                            "set_identifier": "",
                            "ttl": "7200",
                            "type": "A",
                            "zone_id": "Z391FYOSFHL9U7"
                        },
                        "meta": {
                            "schema_version": "2"
                        },
                        "tainted": false
                    },
                    "deposed": [],
                    "provider": "provider.aws"
                },
                "aws_route53_record.dkim": {
                    "type": "aws_route53_record",
                    "depends_on": [],
                    "primary": {
                        "id": "Z3BOXJYLR7ZV7D_mailo._domainkey.usegalaxy.eu_TXT",
                        "attributes": {
                            "allow_overwrite": "true",
                            "fqdn": "mailo._domainkey.usegalaxy.eu",
                            "health_check_id": "",
                            "id": "Z3BOXJYLR7ZV7D_mailo._domainkey.usegalaxy.eu_TXT",
                            "name": "mailo._domainkey.usegalaxy.eu",
                            "records.#": "1",
                            "records.2987136991": "k=rsa; p=MIGfMA0GCSqGSIb3DQEBAQUAA4GNADCBiQKBgQDWqARw6lby+yJNifDd1Nf9FfegF2TB4VJAdupceZ6pAHwYvS/2WFUwc3ZxdA8+awjDfLr6cAWERnP6YsBqZ7/1jCvtvOM2RLvsKMrzKG+KycfSfaGfFLZw/qPHM+82Mz7o5PdmcVehDSjKrnRXWGjliF/bazOoPg4OJObmAlhovwIDAQAB",
                            "set_identifier": "",
                            "ttl": "7200",
                            "type": "TXT",
                            "zone_id": "Z3BOXJYLR7ZV7D"
                        },
                        "meta": {
                            "schema_version": "2"
                        },
                        "tainted": false
                    },
                    "deposed": [],
                    "provider": "provider.aws"
                },
                "aws_route53_record.docker-host": {
                    "type": "aws_route53_record",
                    "depends_on": [
                        "openstack_compute_instance_v2.docker-host"
                    ],
                    "primary": {
                        "id": "Z391FYOSFHL9U7_docker.galaxyproject.eu_A",
                        "attributes": {
                            "allow_overwrite": "true",
                            "fqdn": "docker.galaxyproject.eu",
                            "health_check_id": "",
                            "id": "Z391FYOSFHL9U7_docker.galaxyproject.eu_A",
                            "name": "docker.galaxyproject.eu",
                            "records.#": "1",
                            "records.4270204594": "192.52.33.221",
                            "set_identifier": "",
                            "ttl": "7200",
                            "type": "A",
                            "zone_id": "Z391FYOSFHL9U7"
                        },
                        "meta": {
                            "schema_version": "2"
                        },
                        "tainted": false
                    },
                    "deposed": [],
                    "provider": "provider.aws"
                },
                "aws_route53_record.freiburg-pulsar": {
                    "type": "aws_route53_record",
                    "depends_on": [],
                    "primary": {
                        "id": "Z391FYOSFHL9U7_de01.pulsar.galaxyproject.eu_A",
                        "attributes": {
                            "fqdn": "de01.pulsar.galaxyproject.eu",
                            "health_check_id": "",
                            "id": "Z391FYOSFHL9U7_de01.pulsar.galaxyproject.eu_A",
                            "name": "de01.pulsar.galaxyproject.eu",
                            "records.#": "1",
                            "records.663847221": "192.52.34.134",
                            "set_identifier": "",
                            "ttl": "7200",
                            "type": "A",
                            "zone_id": "Z391FYOSFHL9U7"
                        },
                        "meta": {
                            "schema_version": "2"
                        },
                        "tainted": false
                    },
                    "deposed": [],
                    "provider": "provider.aws"
                },
                "aws_route53_record.ftp": {
                    "type": "aws_route53_record",
                    "depends_on": [],
                    "primary": {
                        "id": "Z3BOXJYLR7ZV7D_ftp.usegalaxy.eu_A",
                        "attributes": {
                            "allow_overwrite": "true",
                            "fqdn": "ftp.usegalaxy.eu",
                            "health_check_id": "",
                            "id": "Z3BOXJYLR7ZV7D_ftp.usegalaxy.eu_A",
                            "name": "ftp.usegalaxy.eu",
                            "records.#": "1",
                            "records.1644143846": "132.230.68.85",
                            "set_identifier": "",
                            "ttl": "7200",
                            "type": "A",
                            "zone_id": "Z3BOXJYLR7ZV7D"
                        },
                        "meta": {
                            "schema_version": "2"
                        },
                        "tainted": false
                    },
                    "deposed": [],
                    "provider": "provider.aws"
                },
                "aws_route53_record.galaxyproject-eu": {
                    "type": "aws_route53_record",
                    "depends_on": [],
                    "primary": {
                        "id": "Z391FYOSFHL9U7_galaxyproject.eu_A",
                        "attributes": {
                            "allow_overwrite": "true",
                            "fqdn": "galaxyproject.eu",
                            "health_check_id": "",
                            "id": "Z391FYOSFHL9U7_galaxyproject.eu_A",
                            "name": "galaxyproject.eu",
                            "records.#": "1",
                            "records.3850385776": "132.230.68.5",
                            "set_identifier": "",
                            "ttl": "7200",
                            "type": "A",
                            "zone_id": "Z391FYOSFHL9U7"
                        },
                        "meta": {
                            "schema_version": "2"
                        },
                        "tainted": false
                    },
                    "deposed": [],
                    "provider": "provider.aws"
                },
                "aws_route53_record.gcc-100-training-galaxyproject-eu": {
                    "type": "aws_route53_record",
                    "depends_on": [],
                    "primary": {
                        "id": "Z391FYOSFHL9U7_gcc-100.training.galaxyproject.eu_A",
                        "attributes": {
                            "fqdn": "gcc-100.training.galaxyproject.eu",
                            "health_check_id": "",
                            "id": "Z391FYOSFHL9U7_gcc-100.training.galaxyproject.eu_A",
                            "name": "gcc-100.training.galaxyproject.eu",
                            "records.#": "1",
                            "records.2139590016": "149.165.157.184",
                            "set_identifier": "",
                            "ttl": "7200",
                            "type": "A",
                            "zone_id": "Z391FYOSFHL9U7"
                        },
                        "meta": {
                            "schema_version": "2"
                        },
                        "tainted": false
                    },
                    "deposed": [],
                    "provider": "provider.aws"
                },
                "aws_route53_record.gcc-101-training-galaxyproject-eu": {
                    "type": "aws_route53_record",
                    "depends_on": [],
                    "primary": {
                        "id": "Z391FYOSFHL9U7_gcc-101.training.galaxyproject.eu_A",
                        "attributes": {
                            "fqdn": "gcc-101.training.galaxyproject.eu",
                            "health_check_id": "",
                            "id": "Z391FYOSFHL9U7_gcc-101.training.galaxyproject.eu_A",
                            "name": "gcc-101.training.galaxyproject.eu",
                            "records.#": "1",
                            "records.941087200": "149.165.157.242",
                            "set_identifier": "",
                            "ttl": "7200",
                            "type": "A",
                            "zone_id": "Z391FYOSFHL9U7"
                        },
                        "meta": {
                            "schema_version": "2"
                        },
                        "tainted": false
                    },
                    "deposed": [],
                    "provider": "provider.aws"
                },
                "aws_route53_record.gcc-102-training-galaxyproject-eu": {
                    "type": "aws_route53_record",
                    "depends_on": [],
                    "primary": {
                        "id": "Z391FYOSFHL9U7_gcc-102.training.galaxyproject.eu_A",
                        "attributes": {
                            "fqdn": "gcc-102.training.galaxyproject.eu",
                            "health_check_id": "",
                            "id": "Z391FYOSFHL9U7_gcc-102.training.galaxyproject.eu_A",
                            "name": "gcc-102.training.galaxyproject.eu",
                            "records.#": "1",
                            "records.283232268": "149.165.168.47",
                            "set_identifier": "",
                            "ttl": "7200",
                            "type": "A",
                            "zone_id": "Z391FYOSFHL9U7"
                        },
                        "meta": {
                            "schema_version": "2"
                        },
                        "tainted": false
                    },
                    "deposed": [],
                    "provider": "provider.aws"
                },
                "aws_route53_record.gcc-103-training-galaxyproject-eu": {
                    "type": "aws_route53_record",
                    "depends_on": [],
                    "primary": {
                        "id": "Z391FYOSFHL9U7_gcc-103.training.galaxyproject.eu_A",
                        "attributes": {
                            "fqdn": "gcc-103.training.galaxyproject.eu",
                            "health_check_id": "",
                            "id": "Z391FYOSFHL9U7_gcc-103.training.galaxyproject.eu_A",
                            "name": "gcc-103.training.galaxyproject.eu",
                            "records.#": "1",
                            "records.4092766698": "149.165.168.10",
                            "set_identifier": "",
                            "ttl": "7200",
                            "type": "A",
                            "zone_id": "Z391FYOSFHL9U7"
                        },
                        "meta": {
                            "schema_version": "2"
                        },
                        "tainted": false
                    },
                    "deposed": [],
                    "provider": "provider.aws"
                },
                "aws_route53_record.gcc-104-training-galaxyproject-eu": {
                    "type": "aws_route53_record",
                    "depends_on": [],
                    "primary": {
                        "id": "Z391FYOSFHL9U7_gcc-104.training.galaxyproject.eu_A",
                        "attributes": {
                            "fqdn": "gcc-104.training.galaxyproject.eu",
                            "health_check_id": "",
                            "id": "Z391FYOSFHL9U7_gcc-104.training.galaxyproject.eu_A",
                            "name": "gcc-104.training.galaxyproject.eu",
                            "records.#": "1",
                            "records.3436825506": "149.165.168.65",
                            "set_identifier": "",
                            "ttl": "7200",
                            "type": "A",
                            "zone_id": "Z391FYOSFHL9U7"
                        },
                        "meta": {
                            "schema_version": "2"
                        },
                        "tainted": false
                    },
                    "deposed": [],
                    "provider": "provider.aws"
                },
                "aws_route53_record.gcc-105-training-galaxyproject-eu": {
                    "type": "aws_route53_record",
                    "depends_on": [],
                    "primary": {
                        "id": "Z391FYOSFHL9U7_gcc-105.training.galaxyproject.eu_A",
                        "attributes": {
                            "fqdn": "gcc-105.training.galaxyproject.eu",
                            "health_check_id": "",
                            "id": "Z391FYOSFHL9U7_gcc-105.training.galaxyproject.eu_A",
                            "name": "gcc-105.training.galaxyproject.eu",
                            "records.#": "1",
                            "records.4149863691": "149.165.168.49",
                            "set_identifier": "",
                            "ttl": "7200",
                            "type": "A",
                            "zone_id": "Z391FYOSFHL9U7"
                        },
                        "meta": {
                            "schema_version": "2"
                        },
                        "tainted": false
                    },
                    "deposed": [],
                    "provider": "provider.aws"
                },
                "aws_route53_record.gcc-106-training-galaxyproject-eu": {
                    "type": "aws_route53_record",
                    "depends_on": [],
                    "primary": {
                        "id": "Z391FYOSFHL9U7_gcc-106.training.galaxyproject.eu_A",
                        "attributes": {
                            "fqdn": "gcc-106.training.galaxyproject.eu",
                            "health_check_id": "",
                            "id": "Z391FYOSFHL9U7_gcc-106.training.galaxyproject.eu_A",
                            "name": "gcc-106.training.galaxyproject.eu",
                            "records.#": "1",
                            "records.1758405952": "149.165.168.122",
                            "set_identifier": "",
                            "ttl": "7200",
                            "type": "A",
                            "zone_id": "Z391FYOSFHL9U7"
                        },
                        "meta": {
                            "schema_version": "2"
                        },
                        "tainted": false
                    },
                    "deposed": [],
                    "provider": "provider.aws"
                },
                "aws_route53_record.gcc-107-training-galaxyproject-eu": {
                    "type": "aws_route53_record",
                    "depends_on": [],
                    "primary": {
                        "id": "Z391FYOSFHL9U7_gcc-107.training.galaxyproject.eu_A",
                        "attributes": {
                            "fqdn": "gcc-107.training.galaxyproject.eu",
                            "health_check_id": "",
                            "id": "Z391FYOSFHL9U7_gcc-107.training.galaxyproject.eu_A",
                            "name": "gcc-107.training.galaxyproject.eu",
                            "records.#": "1",
                            "records.4104089075": "149.165.168.14",
                            "set_identifier": "",
                            "ttl": "7200",
                            "type": "A",
                            "zone_id": "Z391FYOSFHL9U7"
                        },
                        "meta": {
                            "schema_version": "2"
                        },
                        "tainted": false
                    },
                    "deposed": [],
                    "provider": "provider.aws"
                },
                "aws_route53_record.gcc-108-training-galaxyproject-eu": {
                    "type": "aws_route53_record",
                    "depends_on": [],
                    "primary": {
                        "id": "Z391FYOSFHL9U7_gcc-108.training.galaxyproject.eu_A",
                        "attributes": {
                            "fqdn": "gcc-108.training.galaxyproject.eu",
                            "health_check_id": "",
                            "id": "Z391FYOSFHL9U7_gcc-108.training.galaxyproject.eu_A",
                            "name": "gcc-108.training.galaxyproject.eu",
                            "records.#": "1",
                            "records.2840025934": "149.165.168.149",
                            "set_identifier": "",
                            "ttl": "7200",
                            "type": "A",
                            "zone_id": "Z391FYOSFHL9U7"
                        },
                        "meta": {
                            "schema_version": "2"
                        },
                        "tainted": false
                    },
                    "deposed": [],
                    "provider": "provider.aws"
                },
                "aws_route53_record.gcc-109-training-galaxyproject-eu": {
                    "type": "aws_route53_record",
                    "depends_on": [],
                    "primary": {
                        "id": "Z391FYOSFHL9U7_gcc-109.training.galaxyproject.eu_A",
                        "attributes": {
                            "fqdn": "gcc-109.training.galaxyproject.eu",
                            "health_check_id": "",
                            "id": "Z391FYOSFHL9U7_gcc-109.training.galaxyproject.eu_A",
                            "name": "gcc-109.training.galaxyproject.eu",
                            "records.#": "1",
                            "records.1248418358": "149.165.168.9",
                            "set_identifier": "",
                            "ttl": "7200",
                            "type": "A",
                            "zone_id": "Z391FYOSFHL9U7"
                        },
                        "meta": {
                            "schema_version": "2"
                        },
                        "tainted": false
                    },
                    "deposed": [],
                    "provider": "provider.aws"
                },
                "aws_route53_record.gcc-110-training-galaxyproject-eu": {
                    "type": "aws_route53_record",
                    "depends_on": [],
                    "primary": {
                        "id": "Z391FYOSFHL9U7_gcc-110.training.galaxyproject.eu_A",
                        "attributes": {
                            "fqdn": "gcc-110.training.galaxyproject.eu",
                            "health_check_id": "",
                            "id": "Z391FYOSFHL9U7_gcc-110.training.galaxyproject.eu_A",
                            "name": "gcc-110.training.galaxyproject.eu",
                            "records.#": "1",
                            "records.834428700": "149.165.168.26",
                            "set_identifier": "",
                            "ttl": "7200",
                            "type": "A",
                            "zone_id": "Z391FYOSFHL9U7"
                        },
                        "meta": {
                            "schema_version": "2"
                        },
                        "tainted": false
                    },
                    "deposed": [],
                    "provider": "provider.aws"
                },
                "aws_route53_record.gcc-111-training-galaxyproject-eu": {
                    "type": "aws_route53_record",
                    "depends_on": [],
                    "primary": {
                        "id": "Z391FYOSFHL9U7_gcc-111.training.galaxyproject.eu_A",
                        "attributes": {
                            "fqdn": "gcc-111.training.galaxyproject.eu",
                            "health_check_id": "",
                            "id": "Z391FYOSFHL9U7_gcc-111.training.galaxyproject.eu_A",
                            "name": "gcc-111.training.galaxyproject.eu",
                            "records.#": "1",
                            "records.3417575355": "149.165.168.61",
                            "set_identifier": "",
                            "ttl": "7200",
                            "type": "A",
                            "zone_id": "Z391FYOSFHL9U7"
                        },
                        "meta": {
                            "schema_version": "2"
                        },
                        "tainted": false
                    },
                    "deposed": [],
                    "provider": "provider.aws"
                },
                "aws_route53_record.gcc-112-training-galaxyproject-eu": {
                    "type": "aws_route53_record",
                    "depends_on": [],
                    "primary": {
                        "id": "Z391FYOSFHL9U7_gcc-112.training.galaxyproject.eu_A",
                        "attributes": {
                            "fqdn": "gcc-112.training.galaxyproject.eu",
                            "health_check_id": "",
                            "id": "Z391FYOSFHL9U7_gcc-112.training.galaxyproject.eu_A",
                            "name": "gcc-112.training.galaxyproject.eu",
                            "records.#": "1",
                            "records.3418778866": "149.165.168.250",
                            "set_identifier": "",
                            "ttl": "7200",
                            "type": "A",
                            "zone_id": "Z391FYOSFHL9U7"
                        },
                        "meta": {
                            "schema_version": "2"
                        },
                        "tainted": false
                    },
                    "deposed": [],
                    "provider": "provider.aws"
                },
                "aws_route53_record.gcc-113-training-galaxyproject-eu": {
                    "type": "aws_route53_record",
                    "depends_on": [],
                    "primary": {
                        "id": "Z391FYOSFHL9U7_gcc-113.training.galaxyproject.eu_A",
                        "attributes": {
                            "fqdn": "gcc-113.training.galaxyproject.eu",
                            "health_check_id": "",
                            "id": "Z391FYOSFHL9U7_gcc-113.training.galaxyproject.eu_A",
                            "name": "gcc-113.training.galaxyproject.eu",
                            "records.#": "1",
                            "records.99750978": "149.165.168.189",
                            "set_identifier": "",
                            "ttl": "7200",
                            "type": "A",
                            "zone_id": "Z391FYOSFHL9U7"
                        },
                        "meta": {
                            "schema_version": "2"
                        },
                        "tainted": false
                    },
                    "deposed": [],
                    "provider": "provider.aws"
                },
                "aws_route53_record.gcc-114-training-galaxyproject-eu": {
                    "type": "aws_route53_record",
                    "depends_on": [],
                    "primary": {
                        "id": "Z391FYOSFHL9U7_gcc-114.training.galaxyproject.eu_A",
                        "attributes": {
                            "fqdn": "gcc-114.training.galaxyproject.eu",
                            "health_check_id": "",
                            "id": "Z391FYOSFHL9U7_gcc-114.training.galaxyproject.eu_A",
                            "name": "gcc-114.training.galaxyproject.eu",
                            "records.#": "1",
                            "records.2346468518": "149.165.168.175",
                            "set_identifier": "",
                            "ttl": "7200",
                            "type": "A",
                            "zone_id": "Z391FYOSFHL9U7"
                        },
                        "meta": {
                            "schema_version": "2"
                        },
                        "tainted": false
                    },
                    "deposed": [],
                    "provider": "provider.aws"
                },
                "aws_route53_record.gcc-115-training-galaxyproject-eu": {
                    "type": "aws_route53_record",
                    "depends_on": [],
                    "primary": {
                        "id": "Z391FYOSFHL9U7_gcc-115.training.galaxyproject.eu_A",
                        "attributes": {
                            "fqdn": "gcc-115.training.galaxyproject.eu",
                            "health_check_id": "",
                            "id": "Z391FYOSFHL9U7_gcc-115.training.galaxyproject.eu_A",
                            "name": "gcc-115.training.galaxyproject.eu",
                            "records.#": "1",
                            "records.3336268856": "149.165.168.205",
                            "set_identifier": "",
                            "ttl": "7200",
                            "type": "A",
                            "zone_id": "Z391FYOSFHL9U7"
                        },
                        "meta": {
                            "schema_version": "2"
                        },
                        "tainted": false
                    },
                    "deposed": [],
                    "provider": "provider.aws"
                },
                "aws_route53_record.gcc-116-training-galaxyproject-eu": {
                    "type": "aws_route53_record",
                    "depends_on": [],
                    "primary": {
                        "id": "Z391FYOSFHL9U7_gcc-116.training.galaxyproject.eu_A",
                        "attributes": {
                            "fqdn": "gcc-116.training.galaxyproject.eu",
                            "health_check_id": "",
                            "id": "Z391FYOSFHL9U7_gcc-116.training.galaxyproject.eu_A",
                            "name": "gcc-116.training.galaxyproject.eu",
                            "records.#": "1",
                            "records.2389572704": "149.165.169.22",
                            "set_identifier": "",
                            "ttl": "7200",
                            "type": "A",
                            "zone_id": "Z391FYOSFHL9U7"
                        },
                        "meta": {
                            "schema_version": "2"
                        },
                        "tainted": false
                    },
                    "deposed": [],
                    "provider": "provider.aws"
                },
                "aws_route53_record.gcc-117-training-galaxyproject-eu": {
                    "type": "aws_route53_record",
                    "depends_on": [],
                    "primary": {
                        "id": "Z391FYOSFHL9U7_gcc-117.training.galaxyproject.eu_A",
                        "attributes": {
                            "fqdn": "gcc-117.training.galaxyproject.eu",
                            "health_check_id": "",
                            "id": "Z391FYOSFHL9U7_gcc-117.training.galaxyproject.eu_A",
                            "name": "gcc-117.training.galaxyproject.eu",
                            "records.#": "1",
                            "records.495889295": "149.165.168.223",
                            "set_identifier": "",
                            "ttl": "7200",
                            "type": "A",
                            "zone_id": "Z391FYOSFHL9U7"
                        },
                        "meta": {
                            "schema_version": "2"
                        },
                        "tainted": false
                    },
                    "deposed": [],
                    "provider": "provider.aws"
                },
                "aws_route53_record.gcc-118-training-galaxyproject-eu": {
                    "type": "aws_route53_record",
                    "depends_on": [],
                    "primary": {
                        "id": "Z391FYOSFHL9U7_gcc-118.training.galaxyproject.eu_A",
                        "attributes": {
                            "fqdn": "gcc-118.training.galaxyproject.eu",
                            "health_check_id": "",
                            "id": "Z391FYOSFHL9U7_gcc-118.training.galaxyproject.eu_A",
                            "name": "gcc-118.training.galaxyproject.eu",
                            "records.#": "1",
                            "records.3753000496": "149.165.168.24",
                            "set_identifier": "",
                            "ttl": "7200",
                            "type": "A",
                            "zone_id": "Z391FYOSFHL9U7"
                        },
                        "meta": {
                            "schema_version": "2"
                        },
                        "tainted": false
                    },
                    "deposed": [],
                    "provider": "provider.aws"
                },
                "aws_route53_record.gcc-119-training-galaxyproject-eu": {
                    "type": "aws_route53_record",
                    "depends_on": [],
                    "primary": {
                        "id": "Z391FYOSFHL9U7_gcc-119.training.galaxyproject.eu_A",
                        "attributes": {
                            "fqdn": "gcc-119.training.galaxyproject.eu",
                            "health_check_id": "",
                            "id": "Z391FYOSFHL9U7_gcc-119.training.galaxyproject.eu_A",
                            "name": "gcc-119.training.galaxyproject.eu",
                            "records.#": "1",
                            "records.1810765205": "149.165.168.198",
                            "set_identifier": "",
                            "ttl": "7200",
                            "type": "A",
                            "zone_id": "Z391FYOSFHL9U7"
                        },
                        "meta": {
                            "schema_version": "2"
                        },
                        "tainted": false
                    },
                    "deposed": [],
                    "provider": "provider.aws"
                },
                "aws_route53_record.gcc-120-training-galaxyproject-eu": {
                    "type": "aws_route53_record",
                    "depends_on": [],
                    "primary": {
                        "id": "Z391FYOSFHL9U7_gcc-120.training.galaxyproject.eu_A",
                        "attributes": {
                            "fqdn": "gcc-120.training.galaxyproject.eu",
                            "health_check_id": "",
                            "id": "Z391FYOSFHL9U7_gcc-120.training.galaxyproject.eu_A",
                            "name": "gcc-120.training.galaxyproject.eu",
                            "records.#": "1",
                            "records.2283457630": "149.165.168.128",
                            "set_identifier": "",
                            "ttl": "7200",
                            "type": "A",
                            "zone_id": "Z391FYOSFHL9U7"
                        },
                        "meta": {
                            "schema_version": "2"
                        },
                        "tainted": false
                    },
                    "deposed": [],
                    "provider": "provider.aws"
                },
                "aws_route53_record.gcc-121-training-galaxyproject-eu": {
                    "type": "aws_route53_record",
                    "depends_on": [],
                    "primary": {
                        "id": "Z391FYOSFHL9U7_gcc-121.training.galaxyproject.eu_A",
                        "attributes": {
                            "fqdn": "gcc-121.training.galaxyproject.eu",
                            "health_check_id": "",
                            "id": "Z391FYOSFHL9U7_gcc-121.training.galaxyproject.eu_A",
                            "name": "gcc-121.training.galaxyproject.eu",
                            "records.#": "1",
                            "records.4138447075": "149.165.168.125",
                            "set_identifier": "",
                            "ttl": "7200",
                            "type": "A",
                            "zone_id": "Z391FYOSFHL9U7"
                        },
                        "meta": {
                            "schema_version": "2"
                        },
                        "tainted": false
                    },
                    "deposed": [],
                    "provider": "provider.aws"
                },
                "aws_route53_record.gcc-122-training-galaxyproject-eu": {
                    "type": "aws_route53_record",
                    "depends_on": [],
                    "primary": {
                        "id": "Z391FYOSFHL9U7_gcc-122.training.galaxyproject.eu_A",
                        "attributes": {
                            "fqdn": "gcc-122.training.galaxyproject.eu",
                            "health_check_id": "",
                            "id": "Z391FYOSFHL9U7_gcc-122.training.galaxyproject.eu_A",
                            "name": "gcc-122.training.galaxyproject.eu",
                            "records.#": "1",
                            "records.1017208790": "149.165.168.73",
                            "set_identifier": "",
                            "ttl": "7200",
                            "type": "A",
                            "zone_id": "Z391FYOSFHL9U7"
                        },
                        "meta": {
                            "schema_version": "2"
                        },
                        "tainted": false
                    },
                    "deposed": [],
                    "provider": "provider.aws"
                },
                "aws_route53_record.gcc-123-training-galaxyproject-eu": {
                    "type": "aws_route53_record",
                    "depends_on": [],
                    "primary": {
                        "id": "Z391FYOSFHL9U7_gcc-123.training.galaxyproject.eu_A",
                        "attributes": {
                            "fqdn": "gcc-123.training.galaxyproject.eu",
                            "health_check_id": "",
                            "id": "Z391FYOSFHL9U7_gcc-123.training.galaxyproject.eu_A",
                            "name": "gcc-123.training.galaxyproject.eu",
                            "records.#": "1",
                            "records.205805673": "149.165.168.185",
                            "set_identifier": "",
                            "ttl": "7200",
                            "type": "A",
                            "zone_id": "Z391FYOSFHL9U7"
                        },
                        "meta": {
                            "schema_version": "2"
                        },
                        "tainted": false
                    },
                    "deposed": [],
                    "provider": "provider.aws"
                },
                "aws_route53_record.gcc-124-training-galaxyproject-eu": {
                    "type": "aws_route53_record",
                    "depends_on": [],
                    "primary": {
                        "id": "Z391FYOSFHL9U7_gcc-124.training.galaxyproject.eu_A",
                        "attributes": {
                            "fqdn": "gcc-124.training.galaxyproject.eu",
                            "health_check_id": "",
                            "id": "Z391FYOSFHL9U7_gcc-124.training.galaxyproject.eu_A",
                            "name": "gcc-124.training.galaxyproject.eu",
                            "records.#": "1",
                            "records.3576322860": "149.165.169.17",
                            "set_identifier": "",
                            "ttl": "7200",
                            "type": "A",
                            "zone_id": "Z391FYOSFHL9U7"
                        },
                        "meta": {
                            "schema_version": "2"
                        },
                        "tainted": false
                    },
                    "deposed": [],
                    "provider": "provider.aws"
                },
                "aws_route53_record.gcc-125-training-galaxyproject-eu": {
                    "type": "aws_route53_record",
                    "depends_on": [],
                    "primary": {
                        "id": "Z391FYOSFHL9U7_gcc-125.training.galaxyproject.eu_A",
                        "attributes": {
                            "fqdn": "gcc-125.training.galaxyproject.eu",
                            "health_check_id": "",
                            "id": "Z391FYOSFHL9U7_gcc-125.training.galaxyproject.eu_A",
                            "name": "gcc-125.training.galaxyproject.eu",
                            "records.#": "1",
                            "records.3380662955": "149.165.168.150",
                            "set_identifier": "",
                            "ttl": "7200",
                            "type": "A",
                            "zone_id": "Z391FYOSFHL9U7"
                        },
                        "meta": {
                            "schema_version": "2"
                        },
                        "tainted": false
                    },
                    "deposed": [],
                    "provider": "provider.aws"
                },
                "aws_route53_record.gcc-126-training-galaxyproject-eu": {
                    "type": "aws_route53_record",
                    "depends_on": [],
                    "primary": {
                        "id": "Z391FYOSFHL9U7_gcc-126.training.galaxyproject.eu_A",
                        "attributes": {
                            "fqdn": "gcc-126.training.galaxyproject.eu",
                            "health_check_id": "",
                            "id": "Z391FYOSFHL9U7_gcc-126.training.galaxyproject.eu_A",
                            "name": "gcc-126.training.galaxyproject.eu",
                            "records.#": "1",
                            "records.626906810": "149.165.168.84",
                            "set_identifier": "",
                            "ttl": "7200",
                            "type": "A",
                            "zone_id": "Z391FYOSFHL9U7"
                        },
                        "meta": {
                            "schema_version": "2"
                        },
                        "tainted": false
                    },
                    "deposed": [],
                    "provider": "provider.aws"
                },
                "aws_route53_record.gcc-127-training-galaxyproject-eu": {
                    "type": "aws_route53_record",
                    "depends_on": [],
                    "primary": {
                        "id": "Z391FYOSFHL9U7_gcc-127.training.galaxyproject.eu_A",
                        "attributes": {
                            "fqdn": "gcc-127.training.galaxyproject.eu",
                            "health_check_id": "",
                            "id": "Z391FYOSFHL9U7_gcc-127.training.galaxyproject.eu_A",
                            "name": "gcc-127.training.galaxyproject.eu",
                            "records.#": "1",
                            "records.3065092279": "149.165.168.200",
                            "set_identifier": "",
                            "ttl": "7200",
                            "type": "A",
                            "zone_id": "Z391FYOSFHL9U7"
                        },
                        "meta": {
                            "schema_version": "2"
                        },
                        "tainted": false
                    },
                    "deposed": [],
                    "provider": "provider.aws"
                },
                "aws_route53_record.gcc-128-training-galaxyproject-eu": {
                    "type": "aws_route53_record",
                    "depends_on": [],
                    "primary": {
                        "id": "Z391FYOSFHL9U7_gcc-128.training.galaxyproject.eu_A",
                        "attributes": {
                            "fqdn": "gcc-128.training.galaxyproject.eu",
                            "health_check_id": "",
                            "id": "Z391FYOSFHL9U7_gcc-128.training.galaxyproject.eu_A",
                            "name": "gcc-128.training.galaxyproject.eu",
                            "records.#": "1",
                            "records.3716604704": "149.165.168.115",
                            "set_identifier": "",
                            "ttl": "7200",
                            "type": "A",
                            "zone_id": "Z391FYOSFHL9U7"
                        },
                        "meta": {
                            "schema_version": "2"
                        },
                        "tainted": false
                    },
                    "deposed": [],
                    "provider": "provider.aws"
                },
                "aws_route53_record.gcc-129-training-galaxyproject-eu": {
                    "type": "aws_route53_record",
                    "depends_on": [],
                    "primary": {
                        "id": "Z391FYOSFHL9U7_gcc-129.training.galaxyproject.eu_A",
                        "attributes": {
                            "fqdn": "gcc-129.training.galaxyproject.eu",
                            "health_check_id": "",
                            "id": "Z391FYOSFHL9U7_gcc-129.training.galaxyproject.eu_A",
                            "name": "gcc-129.training.galaxyproject.eu",
                            "records.#": "1",
                            "records.4109176506": "149.165.168.225",
                            "set_identifier": "",
                            "ttl": "7200",
                            "type": "A",
                            "zone_id": "Z391FYOSFHL9U7"
                        },
                        "meta": {
                            "schema_version": "2"
                        },
                        "tainted": false
                    },
                    "deposed": [],
                    "provider": "provider.aws"
                },
                "aws_route53_record.gcc-130-training-galaxyproject-eu": {
                    "type": "aws_route53_record",
                    "depends_on": [],
                    "primary": {
                        "id": "Z391FYOSFHL9U7_gcc-130.training.galaxyproject.eu_A",
                        "attributes": {
                            "fqdn": "gcc-130.training.galaxyproject.eu",
                            "health_check_id": "",
                            "id": "Z391FYOSFHL9U7_gcc-130.training.galaxyproject.eu_A",
                            "name": "gcc-130.training.galaxyproject.eu",
                            "records.#": "1",
                            "records.3433801963": "149.165.168.254",
                            "set_identifier": "",
                            "ttl": "7200",
                            "type": "A",
                            "zone_id": "Z391FYOSFHL9U7"
                        },
                        "meta": {
                            "schema_version": "2"
                        },
                        "tainted": false
                    },
                    "deposed": [],
                    "provider": "provider.aws"
                },
                "aws_route53_record.gcc-131-training-galaxyproject-eu": {
                    "type": "aws_route53_record",
                    "depends_on": [],
                    "primary": {
                        "id": "Z391FYOSFHL9U7_gcc-131.training.galaxyproject.eu_A",
                        "attributes": {
                            "fqdn": "gcc-131.training.galaxyproject.eu",
                            "health_check_id": "",
                            "id": "Z391FYOSFHL9U7_gcc-131.training.galaxyproject.eu_A",
                            "name": "gcc-131.training.galaxyproject.eu",
                            "records.#": "1",
                            "records.2772479907": "149.165.169.12",
                            "set_identifier": "",
                            "ttl": "7200",
                            "type": "A",
                            "zone_id": "Z391FYOSFHL9U7"
                        },
                        "meta": {
                            "schema_version": "2"
                        },
                        "tainted": false
                    },
                    "deposed": [],
                    "provider": "provider.aws"
                },
                "aws_route53_record.gcc-132-training-galaxyproject-eu": {
                    "type": "aws_route53_record",
                    "depends_on": [],
                    "primary": {
                        "id": "Z391FYOSFHL9U7_gcc-132.training.galaxyproject.eu_A",
                        "attributes": {
                            "fqdn": "gcc-132.training.galaxyproject.eu",
                            "health_check_id": "",
                            "id": "Z391FYOSFHL9U7_gcc-132.training.galaxyproject.eu_A",
                            "name": "gcc-132.training.galaxyproject.eu",
                            "records.#": "1",
                            "records.181719162": "149.165.169.68",
                            "set_identifier": "",
                            "ttl": "7200",
                            "type": "A",
                            "zone_id": "Z391FYOSFHL9U7"
                        },
                        "meta": {
                            "schema_version": "2"
                        },
                        "tainted": false
                    },
                    "deposed": [],
                    "provider": "provider.aws"
                },
                "aws_route53_record.gcc-133-training-galaxyproject-eu": {
                    "type": "aws_route53_record",
                    "depends_on": [],
                    "primary": {
                        "id": "Z391FYOSFHL9U7_gcc-133.training.galaxyproject.eu_A",
                        "attributes": {
                            "fqdn": "gcc-133.training.galaxyproject.eu",
                            "health_check_id": "",
                            "id": "Z391FYOSFHL9U7_gcc-133.training.galaxyproject.eu_A",
                            "name": "gcc-133.training.galaxyproject.eu",
                            "records.#": "1",
                            "records.2007180351": "149.165.169.38",
                            "set_identifier": "",
                            "ttl": "7200",
                            "type": "A",
                            "zone_id": "Z391FYOSFHL9U7"
                        },
                        "meta": {
                            "schema_version": "2"
                        },
                        "tainted": false
                    },
                    "deposed": [],
                    "provider": "provider.aws"
                },
                "aws_route53_record.gcc-134-training-galaxyproject-eu": {
                    "type": "aws_route53_record",
                    "depends_on": [],
                    "primary": {
                        "id": "Z391FYOSFHL9U7_gcc-134.training.galaxyproject.eu_A",
                        "attributes": {
                            "fqdn": "gcc-134.training.galaxyproject.eu",
                            "health_check_id": "",
                            "id": "Z391FYOSFHL9U7_gcc-134.training.galaxyproject.eu_A",
                            "name": "gcc-134.training.galaxyproject.eu",
                            "records.#": "1",
                            "records.2083433702": "149.165.168.180",
                            "set_identifier": "",
                            "ttl": "7200",
                            "type": "A",
                            "zone_id": "Z391FYOSFHL9U7"
                        },
                        "meta": {
                            "schema_version": "2"
                        },
                        "tainted": false
                    },
                    "deposed": [],
                    "provider": "provider.aws"
                },
                "aws_route53_record.gcc-135-training-galaxyproject-eu": {
                    "type": "aws_route53_record",
                    "depends_on": [],
                    "primary": {
                        "id": "Z391FYOSFHL9U7_gcc-135.training.galaxyproject.eu_A",
                        "attributes": {
                            "fqdn": "gcc-135.training.galaxyproject.eu",
                            "health_check_id": "",
                            "id": "Z391FYOSFHL9U7_gcc-135.training.galaxyproject.eu_A",
                            "name": "gcc-135.training.galaxyproject.eu",
                            "records.#": "1",
                            "records.3480035347": "149.165.168.209",
                            "set_identifier": "",
                            "ttl": "7200",
                            "type": "A",
                            "zone_id": "Z391FYOSFHL9U7"
                        },
                        "meta": {
                            "schema_version": "2"
                        },
                        "tainted": false
                    },
                    "deposed": [],
                    "provider": "provider.aws"
                },
                "aws_route53_record.gcc-136-training-galaxyproject-eu": {
                    "type": "aws_route53_record",
                    "depends_on": [],
                    "primary": {
                        "id": "Z391FYOSFHL9U7_gcc-136.training.galaxyproject.eu_A",
                        "attributes": {
                            "fqdn": "gcc-136.training.galaxyproject.eu",
                            "health_check_id": "",
                            "id": "Z391FYOSFHL9U7_gcc-136.training.galaxyproject.eu_A",
                            "name": "gcc-136.training.galaxyproject.eu",
                            "records.#": "1",
                            "records.800639245": "149.165.168.203",
                            "set_identifier": "",
                            "ttl": "7200",
                            "type": "A",
                            "zone_id": "Z391FYOSFHL9U7"
                        },
                        "meta": {
                            "schema_version": "2"
                        },
                        "tainted": false
                    },
                    "deposed": [],
                    "provider": "provider.aws"
                },
                "aws_route53_record.gcc-137-training-galaxyproject-eu": {
                    "type": "aws_route53_record",
                    "depends_on": [],
                    "primary": {
                        "id": "Z391FYOSFHL9U7_gcc-137.training.galaxyproject.eu_A",
                        "attributes": {
                            "fqdn": "gcc-137.training.galaxyproject.eu",
                            "health_check_id": "",
                            "id": "Z391FYOSFHL9U7_gcc-137.training.galaxyproject.eu_A",
                            "name": "gcc-137.training.galaxyproject.eu",
                            "records.#": "1",
                            "records.1272187913": "149.165.168.243",
                            "set_identifier": "",
                            "ttl": "7200",
                            "type": "A",
                            "zone_id": "Z391FYOSFHL9U7"
                        },
                        "meta": {
                            "schema_version": "2"
                        },
                        "tainted": false
                    },
                    "deposed": [],
                    "provider": "provider.aws"
                },
                "aws_route53_record.gcc-138-training-galaxyproject-eu": {
                    "type": "aws_route53_record",
                    "depends_on": [],
                    "primary": {
                        "id": "Z391FYOSFHL9U7_gcc-138.training.galaxyproject.eu_A",
                        "attributes": {
                            "fqdn": "gcc-138.training.galaxyproject.eu",
                            "health_check_id": "",
                            "id": "Z391FYOSFHL9U7_gcc-138.training.galaxyproject.eu_A",
                            "name": "gcc-138.training.galaxyproject.eu",
                            "records.#": "1",
                            "records.2958846479": "149.165.168.159",
                            "set_identifier": "",
                            "ttl": "7200",
                            "type": "A",
                            "zone_id": "Z391FYOSFHL9U7"
                        },
                        "meta": {
                            "schema_version": "2"
                        },
                        "tainted": false
                    },
                    "deposed": [],
                    "provider": "provider.aws"
                },
                "aws_route53_record.gcc-139-training-galaxyproject-eu": {
                    "type": "aws_route53_record",
                    "depends_on": [],
                    "primary": {
                        "id": "Z391FYOSFHL9U7_gcc-139.training.galaxyproject.eu_A",
                        "attributes": {
                            "fqdn": "gcc-139.training.galaxyproject.eu",
                            "health_check_id": "",
                            "id": "Z391FYOSFHL9U7_gcc-139.training.galaxyproject.eu_A",
                            "name": "gcc-139.training.galaxyproject.eu",
                            "records.#": "1",
                            "records.1101318362": "149.165.168.212",
                            "set_identifier": "",
                            "ttl": "7200",
                            "type": "A",
                            "zone_id": "Z391FYOSFHL9U7"
                        },
                        "meta": {
                            "schema_version": "2"
                        },
                        "tainted": false
                    },
                    "deposed": [],
                    "provider": "provider.aws"
                },
                "aws_route53_record.gcc-140-training-galaxyproject-eu": {
                    "type": "aws_route53_record",
                    "depends_on": [],
                    "primary": {
                        "id": "Z391FYOSFHL9U7_gcc-140.training.galaxyproject.eu_A",
                        "attributes": {
                            "fqdn": "gcc-140.training.galaxyproject.eu",
                            "health_check_id": "",
                            "id": "Z391FYOSFHL9U7_gcc-140.training.galaxyproject.eu_A",
                            "name": "gcc-140.training.galaxyproject.eu",
                            "records.#": "1",
                            "records.992229888": "149.165.169.15",
                            "set_identifier": "",
                            "ttl": "7200",
                            "type": "A",
                            "zone_id": "Z391FYOSFHL9U7"
                        },
                        "meta": {
                            "schema_version": "2"
                        },
                        "tainted": false
                    },
                    "deposed": [],
                    "provider": "provider.aws"
                },
                "aws_route53_record.gcc-141-training-galaxyproject-eu": {
                    "type": "aws_route53_record",
                    "depends_on": [],
                    "primary": {
                        "id": "Z391FYOSFHL9U7_gcc-141.training.galaxyproject.eu_A",
                        "attributes": {
                            "fqdn": "gcc-141.training.galaxyproject.eu",
                            "health_check_id": "",
                            "id": "Z391FYOSFHL9U7_gcc-141.training.galaxyproject.eu_A",
                            "name": "gcc-141.training.galaxyproject.eu",
                            "records.#": "1",
                            "records.2720885690": "149.165.169.16",
                            "set_identifier": "",
                            "ttl": "7200",
                            "type": "A",
                            "zone_id": "Z391FYOSFHL9U7"
                        },
                        "meta": {
                            "schema_version": "2"
                        },
                        "tainted": false
                    },
                    "deposed": [],
                    "provider": "provider.aws"
                },
                "aws_route53_record.gcc-142-training-galaxyproject-eu": {
                    "type": "aws_route53_record",
                    "depends_on": [],
                    "primary": {
                        "id": "Z391FYOSFHL9U7_gcc-142.training.galaxyproject.eu_A",
                        "attributes": {
                            "fqdn": "gcc-142.training.galaxyproject.eu",
                            "health_check_id": "",
                            "id": "Z391FYOSFHL9U7_gcc-142.training.galaxyproject.eu_A",
                            "name": "gcc-142.training.galaxyproject.eu",
                            "records.#": "1",
                            "records.2213166636": "149.165.168.224",
                            "set_identifier": "",
                            "ttl": "7200",
                            "type": "A",
                            "zone_id": "Z391FYOSFHL9U7"
                        },
                        "meta": {
                            "schema_version": "2"
                        },
                        "tainted": false
                    },
                    "deposed": [],
                    "provider": "provider.aws"
                },
                "aws_route53_record.gcc-143-training-galaxyproject-eu": {
                    "type": "aws_route53_record",
                    "depends_on": [],
                    "primary": {
                        "id": "Z391FYOSFHL9U7_gcc-143.training.galaxyproject.eu_A",
                        "attributes": {
                            "fqdn": "gcc-143.training.galaxyproject.eu",
                            "health_check_id": "",
                            "id": "Z391FYOSFHL9U7_gcc-143.training.galaxyproject.eu_A",
                            "name": "gcc-143.training.galaxyproject.eu",
                            "records.#": "1",
                            "records.3044730350": "149.165.169.128",
                            "set_identifier": "",
                            "ttl": "7200",
                            "type": "A",
                            "zone_id": "Z391FYOSFHL9U7"
                        },
                        "meta": {
                            "schema_version": "2"
                        },
                        "tainted": false
                    },
                    "deposed": [],
                    "provider": "provider.aws"
                },
                "aws_route53_record.gcc-144-training-galaxyproject-eu": {
                    "type": "aws_route53_record",
                    "depends_on": [],
                    "primary": {
                        "id": "Z391FYOSFHL9U7_gcc-144.training.galaxyproject.eu_A",
                        "attributes": {
                            "fqdn": "gcc-144.training.galaxyproject.eu",
                            "health_check_id": "",
                            "id": "Z391FYOSFHL9U7_gcc-144.training.galaxyproject.eu_A",
                            "name": "gcc-144.training.galaxyproject.eu",
                            "records.#": "1",
                            "records.2984008878": "149.165.168.204",
                            "set_identifier": "",
                            "ttl": "7200",
                            "type": "A",
                            "zone_id": "Z391FYOSFHL9U7"
                        },
                        "meta": {
                            "schema_version": "2"
                        },
                        "tainted": false
                    },
                    "deposed": [],
                    "provider": "provider.aws"
                },
                "aws_route53_record.gcc-145-training-galaxyproject-eu": {
                    "type": "aws_route53_record",
                    "depends_on": [],
                    "primary": {
                        "id": "Z391FYOSFHL9U7_gcc-145.training.galaxyproject.eu_A",
                        "attributes": {
                            "fqdn": "gcc-145.training.galaxyproject.eu",
                            "health_check_id": "",
                            "id": "Z391FYOSFHL9U7_gcc-145.training.galaxyproject.eu_A",
                            "name": "gcc-145.training.galaxyproject.eu",
                            "records.#": "1",
                            "records.954381048": "149.165.169.48",
                            "set_identifier": "",
                            "ttl": "7200",
                            "type": "A",
                            "zone_id": "Z391FYOSFHL9U7"
                        },
                        "meta": {
                            "schema_version": "2"
                        },
                        "tainted": false
                    },
                    "deposed": [],
                    "provider": "provider.aws"
                },
                "aws_route53_record.gcc-146-training-galaxyproject-eu": {
                    "type": "aws_route53_record",
                    "depends_on": [],
                    "primary": {
                        "id": "Z391FYOSFHL9U7_gcc-146.training.galaxyproject.eu_A",
                        "attributes": {
                            "fqdn": "gcc-146.training.galaxyproject.eu",
                            "health_check_id": "",
                            "id": "Z391FYOSFHL9U7_gcc-146.training.galaxyproject.eu_A",
                            "name": "gcc-146.training.galaxyproject.eu",
                            "records.#": "1",
                            "records.1939824633": "149.165.169.147",
                            "set_identifier": "",
                            "ttl": "7200",
                            "type": "A",
                            "zone_id": "Z391FYOSFHL9U7"
                        },
                        "meta": {
                            "schema_version": "2"
                        },
                        "tainted": false
                    },
                    "deposed": [],
                    "provider": "provider.aws"
                },
                "aws_route53_record.gcc-147-training-galaxyproject-eu": {
                    "type": "aws_route53_record",
                    "depends_on": [],
                    "primary": {
                        "id": "Z391FYOSFHL9U7_gcc-147.training.galaxyproject.eu_A",
                        "attributes": {
                            "fqdn": "gcc-147.training.galaxyproject.eu",
                            "health_check_id": "",
                            "id": "Z391FYOSFHL9U7_gcc-147.training.galaxyproject.eu_A",
                            "name": "gcc-147.training.galaxyproject.eu",
                            "records.#": "1",
                            "records.2782369924": "149.165.169.134",
                            "set_identifier": "",
                            "ttl": "7200",
                            "type": "A",
                            "zone_id": "Z391FYOSFHL9U7"
                        },
                        "meta": {
                            "schema_version": "2"
                        },
                        "tainted": false
                    },
                    "deposed": [],
                    "provider": "provider.aws"
                },
                "aws_route53_record.gcc-148-training-galaxyproject-eu": {
                    "type": "aws_route53_record",
                    "depends_on": [],
                    "primary": {
                        "id": "Z391FYOSFHL9U7_gcc-148.training.galaxyproject.eu_A",
                        "attributes": {
                            "fqdn": "gcc-148.training.galaxyproject.eu",
                            "health_check_id": "",
                            "id": "Z391FYOSFHL9U7_gcc-148.training.galaxyproject.eu_A",
                            "name": "gcc-148.training.galaxyproject.eu",
                            "records.#": "1",
                            "records.1617141068": "149.165.169.20",
                            "set_identifier": "",
                            "ttl": "7200",
                            "type": "A",
                            "zone_id": "Z391FYOSFHL9U7"
                        },
                        "meta": {
                            "schema_version": "2"
                        },
                        "tainted": false
                    },
                    "deposed": [],
                    "provider": "provider.aws"
                },
                "aws_route53_record.gcc-149-training-galaxyproject-eu": {
                    "type": "aws_route53_record",
                    "depends_on": [],
                    "primary": {
                        "id": "Z391FYOSFHL9U7_gcc-149.training.galaxyproject.eu_A",
                        "attributes": {
                            "fqdn": "gcc-149.training.galaxyproject.eu",
                            "health_check_id": "",
                            "id": "Z391FYOSFHL9U7_gcc-149.training.galaxyproject.eu_A",
                            "name": "gcc-149.training.galaxyproject.eu",
                            "records.#": "1",
                            "records.2037951501": "149.165.169.30",
                            "set_identifier": "",
                            "ttl": "7200",
                            "type": "A",
                            "zone_id": "Z391FYOSFHL9U7"
                        },
                        "meta": {
                            "schema_version": "2"
                        },
                        "tainted": false
                    },
                    "deposed": [],
                    "provider": "provider.aws"
                },
                "aws_route53_record.gcc-150-training-galaxyproject-eu": {
                    "type": "aws_route53_record",
                    "depends_on": [],
                    "primary": {
                        "id": "Z391FYOSFHL9U7_gcc-150.training.galaxyproject.eu_A",
                        "attributes": {
                            "fqdn": "gcc-150.training.galaxyproject.eu",
                            "health_check_id": "",
                            "id": "Z391FYOSFHL9U7_gcc-150.training.galaxyproject.eu_A",
                            "name": "gcc-150.training.galaxyproject.eu",
                            "records.#": "1",
                            "records.332390715": "149.165.169.78",
                            "set_identifier": "",
                            "ttl": "7200",
                            "type": "A",
                            "zone_id": "Z391FYOSFHL9U7"
                        },
                        "meta": {
                            "schema_version": "2"
                        },
                        "tainted": false
                    },
                    "deposed": [],
                    "provider": "provider.aws"
                },
                "aws_route53_record.gcc-151-training-galaxyproject-eu": {
                    "type": "aws_route53_record",
                    "depends_on": [],
                    "primary": {
                        "id": "Z391FYOSFHL9U7_gcc-151.training.galaxyproject.eu_A",
                        "attributes": {
                            "fqdn": "gcc-151.training.galaxyproject.eu",
                            "health_check_id": "",
                            "id": "Z391FYOSFHL9U7_gcc-151.training.galaxyproject.eu_A",
                            "name": "gcc-151.training.galaxyproject.eu",
                            "records.#": "1",
                            "records.3056294449": "149.165.169.53",
                            "set_identifier": "",
                            "ttl": "7200",
                            "type": "A",
                            "zone_id": "Z391FYOSFHL9U7"
                        },
                        "meta": {
                            "schema_version": "2"
                        },
                        "tainted": false
                    },
                    "deposed": [],
                    "provider": "provider.aws"
                },
                "aws_route53_record.gcc-152-training-galaxyproject-eu": {
                    "type": "aws_route53_record",
                    "depends_on": [],
                    "primary": {
                        "id": "Z391FYOSFHL9U7_gcc-152.training.galaxyproject.eu_A",
                        "attributes": {
                            "fqdn": "gcc-152.training.galaxyproject.eu",
                            "health_check_id": "",
                            "id": "Z391FYOSFHL9U7_gcc-152.training.galaxyproject.eu_A",
                            "name": "gcc-152.training.galaxyproject.eu",
                            "records.#": "1",
                            "records.2207728775": "149.165.169.90",
                            "set_identifier": "",
                            "ttl": "7200",
                            "type": "A",
                            "zone_id": "Z391FYOSFHL9U7"
                        },
                        "meta": {
                            "schema_version": "2"
                        },
                        "tainted": false
                    },
                    "deposed": [],
                    "provider": "provider.aws"
                },
                "aws_route53_record.gcc-153-training-galaxyproject-eu": {
                    "type": "aws_route53_record",
                    "depends_on": [],
                    "primary": {
                        "id": "Z391FYOSFHL9U7_gcc-153.training.galaxyproject.eu_A",
                        "attributes": {
                            "fqdn": "gcc-153.training.galaxyproject.eu",
                            "health_check_id": "",
                            "id": "Z391FYOSFHL9U7_gcc-153.training.galaxyproject.eu_A",
                            "name": "gcc-153.training.galaxyproject.eu",
                            "records.#": "1",
                            "records.4078569509": "149.165.169.72",
                            "set_identifier": "",
                            "ttl": "7200",
                            "type": "A",
                            "zone_id": "Z391FYOSFHL9U7"
                        },
                        "meta": {
                            "schema_version": "2"
                        },
                        "tainted": false
                    },
                    "deposed": [],
                    "provider": "provider.aws"
                },
                "aws_route53_record.gcc-154-training-galaxyproject-eu": {
                    "type": "aws_route53_record",
                    "depends_on": [],
                    "primary": {
                        "id": "Z391FYOSFHL9U7_gcc-154.training.galaxyproject.eu_A",
                        "attributes": {
                            "fqdn": "gcc-154.training.galaxyproject.eu",
                            "health_check_id": "",
                            "id": "Z391FYOSFHL9U7_gcc-154.training.galaxyproject.eu_A",
                            "name": "gcc-154.training.galaxyproject.eu",
                            "records.#": "1",
                            "records.2205220010": "149.165.169.77",
                            "set_identifier": "",
                            "ttl": "7200",
                            "type": "A",
                            "zone_id": "Z391FYOSFHL9U7"
                        },
                        "meta": {
                            "schema_version": "2"
                        },
                        "tainted": false
                    },
                    "deposed": [],
                    "provider": "provider.aws"
                },
                "aws_route53_record.gcc-155-training-galaxyproject-eu": {
                    "type": "aws_route53_record",
                    "depends_on": [],
                    "primary": {
                        "id": "Z391FYOSFHL9U7_gcc-155.training.galaxyproject.eu_A",
                        "attributes": {
                            "fqdn": "gcc-155.training.galaxyproject.eu",
                            "health_check_id": "",
                            "id": "Z391FYOSFHL9U7_gcc-155.training.galaxyproject.eu_A",
                            "name": "gcc-155.training.galaxyproject.eu",
                            "records.#": "1",
                            "records.2730122397": "149.165.169.130",
                            "set_identifier": "",
                            "ttl": "7200",
                            "type": "A",
                            "zone_id": "Z391FYOSFHL9U7"
                        },
                        "meta": {
                            "schema_version": "2"
                        },
                        "tainted": false
                    },
                    "deposed": [],
                    "provider": "provider.aws"
                },
                "aws_route53_record.gcc-156-training-galaxyproject-eu": {
                    "type": "aws_route53_record",
                    "depends_on": [],
                    "primary": {
                        "id": "Z391FYOSFHL9U7_gcc-156.training.galaxyproject.eu_A",
                        "attributes": {
                            "fqdn": "gcc-156.training.galaxyproject.eu",
                            "health_check_id": "",
                            "id": "Z391FYOSFHL9U7_gcc-156.training.galaxyproject.eu_A",
                            "name": "gcc-156.training.galaxyproject.eu",
                            "records.#": "1",
                            "records.269052355": "149.165.169.25",
                            "set_identifier": "",
                            "ttl": "7200",
                            "type": "A",
                            "zone_id": "Z391FYOSFHL9U7"
                        },
                        "meta": {
                            "schema_version": "2"
                        },
                        "tainted": false
                    },
                    "deposed": [],
                    "provider": "provider.aws"
                },
                "aws_route53_record.gcc-157-training-galaxyproject-eu": {
                    "type": "aws_route53_record",
                    "depends_on": [],
                    "primary": {
                        "id": "Z391FYOSFHL9U7_gcc-157.training.galaxyproject.eu_A",
                        "attributes": {
                            "fqdn": "gcc-157.training.galaxyproject.eu",
                            "health_check_id": "",
                            "id": "Z391FYOSFHL9U7_gcc-157.training.galaxyproject.eu_A",
                            "name": "gcc-157.training.galaxyproject.eu",
                            "records.#": "1",
                            "records.2223640468": "149.165.169.155",
                            "set_identifier": "",
                            "ttl": "7200",
                            "type": "A",
                            "zone_id": "Z391FYOSFHL9U7"
                        },
                        "meta": {
                            "schema_version": "2"
                        },
                        "tainted": false
                    },
                    "deposed": [],
                    "provider": "provider.aws"
                },
                "aws_route53_record.gcc-158-training-galaxyproject-eu": {
                    "type": "aws_route53_record",
                    "depends_on": [],
                    "primary": {
                        "id": "Z391FYOSFHL9U7_gcc-158.training.galaxyproject.eu_A",
                        "attributes": {
                            "fqdn": "gcc-158.training.galaxyproject.eu",
                            "health_check_id": "",
                            "id": "Z391FYOSFHL9U7_gcc-158.training.galaxyproject.eu_A",
                            "name": "gcc-158.training.galaxyproject.eu",
                            "records.#": "1",
                            "records.4031494138": "149.165.169.109",
                            "set_identifier": "",
                            "ttl": "7200",
                            "type": "A",
                            "zone_id": "Z391FYOSFHL9U7"
                        },
                        "meta": {
                            "schema_version": "2"
                        },
                        "tainted": false
                    },
                    "deposed": [],
                    "provider": "provider.aws"
                },
                "aws_route53_record.gcc-159-training-galaxyproject-eu": {
                    "type": "aws_route53_record",
                    "depends_on": [],
                    "primary": {
                        "id": "Z391FYOSFHL9U7_gcc-159.training.galaxyproject.eu_A",
                        "attributes": {
                            "fqdn": "gcc-159.training.galaxyproject.eu",
                            "health_check_id": "",
                            "id": "Z391FYOSFHL9U7_gcc-159.training.galaxyproject.eu_A",
                            "name": "gcc-159.training.galaxyproject.eu",
                            "records.#": "1",
                            "records.909720266": "149.165.169.40",
                            "set_identifier": "",
                            "ttl": "7200",
                            "type": "A",
                            "zone_id": "Z391FYOSFHL9U7"
                        },
                        "meta": {
                            "schema_version": "2"
                        },
                        "tainted": false
                    },
                    "deposed": [],
                    "provider": "provider.aws"
                },
                "aws_route53_record.gcc-160-training-galaxyproject-eu": {
                    "type": "aws_route53_record",
                    "depends_on": [],
                    "primary": {
                        "id": "Z391FYOSFHL9U7_gcc-160.training.galaxyproject.eu_A",
                        "attributes": {
                            "fqdn": "gcc-160.training.galaxyproject.eu",
                            "health_check_id": "",
                            "id": "Z391FYOSFHL9U7_gcc-160.training.galaxyproject.eu_A",
                            "name": "gcc-160.training.galaxyproject.eu",
                            "records.#": "1",
                            "records.2308378462": "149.165.169.100",
                            "set_identifier": "",
                            "ttl": "7200",
                            "type": "A",
                            "zone_id": "Z391FYOSFHL9U7"
                        },
                        "meta": {
                            "schema_version": "2"
                        },
                        "tainted": false
                    },
                    "deposed": [],
                    "provider": "provider.aws"
                },
                "aws_route53_record.gcc-161-training-galaxyproject-eu": {
                    "type": "aws_route53_record",
                    "depends_on": [],
                    "primary": {
                        "id": "Z391FYOSFHL9U7_gcc-161.training.galaxyproject.eu_A",
                        "attributes": {
                            "fqdn": "gcc-161.training.galaxyproject.eu",
                            "health_check_id": "",
                            "id": "Z391FYOSFHL9U7_gcc-161.training.galaxyproject.eu_A",
                            "name": "gcc-161.training.galaxyproject.eu",
                            "records.#": "1",
                            "records.1269510145": "149.165.169.9",
                            "set_identifier": "",
                            "ttl": "7200",
                            "type": "A",
                            "zone_id": "Z391FYOSFHL9U7"
                        },
                        "meta": {
                            "schema_version": "2"
                        },
                        "tainted": false
                    },
                    "deposed": [],
                    "provider": "provider.aws"
                },
                "aws_route53_record.gcc-162-training-galaxyproject-eu": {
                    "type": "aws_route53_record",
                    "depends_on": [],
                    "primary": {
                        "id": "Z391FYOSFHL9U7_gcc-162.training.galaxyproject.eu_A",
                        "attributes": {
                            "fqdn": "gcc-162.training.galaxyproject.eu",
                            "health_check_id": "",
                            "id": "Z391FYOSFHL9U7_gcc-162.training.galaxyproject.eu_A",
                            "name": "gcc-162.training.galaxyproject.eu",
                            "records.#": "1",
                            "records.1738108530": "149.165.169.102",
                            "set_identifier": "",
                            "ttl": "7200",
                            "type": "A",
                            "zone_id": "Z391FYOSFHL9U7"
                        },
                        "meta": {
                            "schema_version": "2"
                        },
                        "tainted": false
                    },
                    "deposed": [],
                    "provider": "provider.aws"
                },
                "aws_route53_record.gcc-163-training-galaxyproject-eu": {
                    "type": "aws_route53_record",
                    "depends_on": [],
                    "primary": {
                        "id": "Z391FYOSFHL9U7_gcc-163.training.galaxyproject.eu_A",
                        "attributes": {
                            "fqdn": "gcc-163.training.galaxyproject.eu",
                            "health_check_id": "",
                            "id": "Z391FYOSFHL9U7_gcc-163.training.galaxyproject.eu_A",
                            "name": "gcc-163.training.galaxyproject.eu",
                            "records.#": "1",
                            "records.250129340": "149.165.169.117",
                            "set_identifier": "",
                            "ttl": "7200",
                            "type": "A",
                            "zone_id": "Z391FYOSFHL9U7"
                        },
                        "meta": {
                            "schema_version": "2"
                        },
                        "tainted": false
                    },
                    "deposed": [],
                    "provider": "provider.aws"
                },
                "aws_route53_record.gcc-164-training-galaxyproject-eu": {
                    "type": "aws_route53_record",
                    "depends_on": [],
                    "primary": {
                        "id": "Z391FYOSFHL9U7_gcc-164.training.galaxyproject.eu_A",
                        "attributes": {
                            "fqdn": "gcc-164.training.galaxyproject.eu",
                            "health_check_id": "",
                            "id": "Z391FYOSFHL9U7_gcc-164.training.galaxyproject.eu_A",
                            "name": "gcc-164.training.galaxyproject.eu",
                            "records.#": "1",
                            "records.3992701530": "149.165.169.140",
                            "set_identifier": "",
                            "ttl": "7200",
                            "type": "A",
                            "zone_id": "Z391FYOSFHL9U7"
                        },
                        "meta": {
                            "schema_version": "2"
                        },
                        "tainted": false
                    },
                    "deposed": [],
                    "provider": "provider.aws"
                },
                "aws_route53_record.gcc-180-training-galaxyproject-eu": {
                    "type": "aws_route53_record",
                    "depends_on": [],
                    "primary": {
                        "id": "Z391FYOSFHL9U7_gcc-180.training.galaxyproject.eu_A",
                        "attributes": {
                            "fqdn": "gcc-180.training.galaxyproject.eu",
                            "health_check_id": "",
                            "id": "Z391FYOSFHL9U7_gcc-180.training.galaxyproject.eu_A",
                            "name": "gcc-180.training.galaxyproject.eu",
                            "records.#": "1",
                            "records.3422714983": "43.240.96.238",
                            "set_identifier": "",
                            "ttl": "7200",
                            "type": "A",
                            "zone_id": "Z391FYOSFHL9U7"
                        },
                        "meta": {
                            "schema_version": "2"
                        },
                        "tainted": false
                    },
                    "deposed": [],
                    "provider": "provider.aws"
                },
                "aws_route53_record.gcc-181-training-galaxyproject-eu": {
                    "type": "aws_route53_record",
                    "depends_on": [],
                    "primary": {
                        "id": "Z391FYOSFHL9U7_gcc-181.training.galaxyproject.eu_A",
                        "attributes": {
                            "fqdn": "gcc-181.training.galaxyproject.eu",
                            "health_check_id": "",
                            "id": "Z391FYOSFHL9U7_gcc-181.training.galaxyproject.eu_A",
                            "name": "gcc-181.training.galaxyproject.eu",
                            "records.#": "1",
                            "records.761143050": "43.240.98.109",
                            "set_identifier": "",
                            "ttl": "7200",
                            "type": "A",
                            "zone_id": "Z391FYOSFHL9U7"
                        },
                        "meta": {
                            "schema_version": "2"
                        },
                        "tainted": false
                    },
                    "deposed": [],
                    "provider": "provider.aws"
                },
                "aws_route53_record.gcc-182-training-galaxyproject-eu": {
                    "type": "aws_route53_record",
                    "depends_on": [],
                    "primary": {
                        "id": "Z391FYOSFHL9U7_gcc-182.training.galaxyproject.eu_A",
                        "attributes": {
                            "fqdn": "gcc-182.training.galaxyproject.eu",
                            "health_check_id": "",
                            "id": "Z391FYOSFHL9U7_gcc-182.training.galaxyproject.eu_A",
                            "name": "gcc-182.training.galaxyproject.eu",
                            "records.#": "1",
                            "records.3686974740": "43.240.96.220",
                            "set_identifier": "",
                            "ttl": "7200",
                            "type": "A",
                            "zone_id": "Z391FYOSFHL9U7"
                        },
                        "meta": {
                            "schema_version": "2"
                        },
                        "tainted": false
                    },
                    "deposed": [],
                    "provider": "provider.aws"
                },
                "aws_route53_record.gcc-183-training-galaxyproject-eu": {
                    "type": "aws_route53_record",
                    "depends_on": [],
                    "primary": {
                        "id": "Z391FYOSFHL9U7_gcc-183.training.galaxyproject.eu_A",
                        "attributes": {
                            "fqdn": "gcc-183.training.galaxyproject.eu",
                            "health_check_id": "",
                            "id": "Z391FYOSFHL9U7_gcc-183.training.galaxyproject.eu_A",
                            "name": "gcc-183.training.galaxyproject.eu",
                            "records.#": "1",
                            "records.1449415787": "43.240.98.4",
                            "set_identifier": "",
                            "ttl": "7200",
                            "type": "A",
                            "zone_id": "Z391FYOSFHL9U7"
                        },
                        "meta": {
                            "schema_version": "2"
                        },
                        "tainted": false
                    },
                    "deposed": [],
                    "provider": "provider.aws"
                },
                "aws_route53_record.gcc-184-training-galaxyproject-eu": {
                    "type": "aws_route53_record",
                    "depends_on": [],
                    "primary": {
                        "id": "Z391FYOSFHL9U7_gcc-184.training.galaxyproject.eu_A",
                        "attributes": {
                            "fqdn": "gcc-184.training.galaxyproject.eu",
                            "health_check_id": "",
                            "id": "Z391FYOSFHL9U7_gcc-184.training.galaxyproject.eu_A",
                            "name": "gcc-184.training.galaxyproject.eu",
                            "records.#": "1",
                            "records.1521953635": "43.240.96.189",
                            "set_identifier": "",
                            "ttl": "7200",
                            "type": "A",
                            "zone_id": "Z391FYOSFHL9U7"
                        },
                        "meta": {
                            "schema_version": "2"
                        },
                        "tainted": false
                    },
                    "deposed": [],
                    "provider": "provider.aws"
                },
                "aws_route53_record.gcc-185-training-galaxyproject-eu": {
                    "type": "aws_route53_record",
                    "depends_on": [],
                    "primary": {
                        "id": "Z391FYOSFHL9U7_gcc-185.training.galaxyproject.eu_A",
                        "attributes": {
                            "fqdn": "gcc-185.training.galaxyproject.eu",
                            "health_check_id": "",
                            "id": "Z391FYOSFHL9U7_gcc-185.training.galaxyproject.eu_A",
                            "name": "gcc-185.training.galaxyproject.eu",
                            "records.#": "1",
                            "records.3480028625": "43.240.98.7",
                            "set_identifier": "",
                            "ttl": "7200",
                            "type": "A",
                            "zone_id": "Z391FYOSFHL9U7"
                        },
                        "meta": {
                            "schema_version": "2"
                        },
                        "tainted": false
                    },
                    "deposed": [],
                    "provider": "provider.aws"
                },
                "aws_route53_record.gcc-186-training-galaxyproject-eu": {
                    "type": "aws_route53_record",
                    "depends_on": [],
                    "primary": {
                        "id": "Z391FYOSFHL9U7_gcc-186.training.galaxyproject.eu_A",
                        "attributes": {
                            "fqdn": "gcc-186.training.galaxyproject.eu",
                            "health_check_id": "",
                            "id": "Z391FYOSFHL9U7_gcc-186.training.galaxyproject.eu_A",
                            "name": "gcc-186.training.galaxyproject.eu",
                            "records.#": "1",
                            "records.2675856384": "43.240.97.229",
                            "set_identifier": "",
                            "ttl": "7200",
                            "type": "A",
                            "zone_id": "Z391FYOSFHL9U7"
                        },
                        "meta": {
                            "schema_version": "2"
                        },
                        "tainted": false
                    },
                    "deposed": [],
                    "provider": "provider.aws"
                },
                "aws_route53_record.gcc-187-training-galaxyproject-eu": {
                    "type": "aws_route53_record",
                    "depends_on": [],
                    "primary": {
                        "id": "Z391FYOSFHL9U7_gcc-187.training.galaxyproject.eu_A",
                        "attributes": {
                            "fqdn": "gcc-187.training.galaxyproject.eu",
                            "health_check_id": "",
                            "id": "Z391FYOSFHL9U7_gcc-187.training.galaxyproject.eu_A",
                            "name": "gcc-187.training.galaxyproject.eu",
                            "records.#": "1",
                            "records.2864058461": "43.240.97.62",
                            "set_identifier": "",
                            "ttl": "7200",
                            "type": "A",
                            "zone_id": "Z391FYOSFHL9U7"
                        },
                        "meta": {
                            "schema_version": "2"
                        },
                        "tainted": false
                    },
                    "deposed": [],
                    "provider": "provider.aws"
                },
                "aws_route53_record.gcc-188-training-galaxyproject-eu": {
                    "type": "aws_route53_record",
                    "depends_on": [],
                    "primary": {
                        "id": "Z391FYOSFHL9U7_gcc-188.training.galaxyproject.eu_A",
                        "attributes": {
                            "fqdn": "gcc-188.training.galaxyproject.eu",
                            "health_check_id": "",
                            "id": "Z391FYOSFHL9U7_gcc-188.training.galaxyproject.eu_A",
                            "name": "gcc-188.training.galaxyproject.eu",
                            "records.#": "1",
                            "records.1493699793": "43.240.97.29",
                            "set_identifier": "",
                            "ttl": "7200",
                            "type": "A",
                            "zone_id": "Z391FYOSFHL9U7"
                        },
                        "meta": {
                            "schema_version": "2"
                        },
                        "tainted": false
                    },
                    "deposed": [],
                    "provider": "provider.aws"
                },
                "aws_route53_record.gcc-189-training-galaxyproject-eu": {
                    "type": "aws_route53_record",
                    "depends_on": [],
                    "primary": {
                        "id": "Z391FYOSFHL9U7_gcc-189.training.galaxyproject.eu_A",
                        "attributes": {
                            "fqdn": "gcc-189.training.galaxyproject.eu",
                            "health_check_id": "",
                            "id": "Z391FYOSFHL9U7_gcc-189.training.galaxyproject.eu_A",
                            "name": "gcc-189.training.galaxyproject.eu",
                            "records.#": "1",
                            "records.504085111": "43.240.97.180",
                            "set_identifier": "",
                            "ttl": "7200",
                            "type": "A",
                            "zone_id": "Z391FYOSFHL9U7"
                        },
                        "meta": {
                            "schema_version": "2"
                        },
                        "tainted": false
                    },
                    "deposed": [],
                    "provider": "provider.aws"
                },
                "aws_route53_record.gcc-190-training-galaxyproject-eu": {
                    "type": "aws_route53_record",
                    "depends_on": [],
                    "primary": {
                        "id": "Z391FYOSFHL9U7_gcc-190.training.galaxyproject.eu_A",
                        "attributes": {
                            "fqdn": "gcc-190.training.galaxyproject.eu",
                            "health_check_id": "",
                            "id": "Z391FYOSFHL9U7_gcc-190.training.galaxyproject.eu_A",
                            "name": "gcc-190.training.galaxyproject.eu",
                            "records.#": "1",
                            "records.2228223455": "115.146.92.38",
                            "set_identifier": "",
                            "ttl": "7200",
                            "type": "A",
                            "zone_id": "Z391FYOSFHL9U7"
                        },
                        "meta": {
                            "schema_version": "2"
                        },
                        "tainted": false
                    },
                    "deposed": [],
                    "provider": "provider.aws"
                },
                "aws_route53_record.gcc-191-training-galaxyproject-eu": {
                    "type": "aws_route53_record",
                    "depends_on": [],
                    "primary": {
                        "id": "Z391FYOSFHL9U7_gcc-191.training.galaxyproject.eu_A",
                        "attributes": {
                            "fqdn": "gcc-191.training.galaxyproject.eu",
                            "health_check_id": "",
                            "id": "Z391FYOSFHL9U7_gcc-191.training.galaxyproject.eu_A",
                            "name": "gcc-191.training.galaxyproject.eu",
                            "records.#": "1",
                            "records.1549578896": "115.146.92.43",
                            "set_identifier": "",
                            "ttl": "7200",
                            "type": "A",
                            "zone_id": "Z391FYOSFHL9U7"
                        },
                        "meta": {
                            "schema_version": "2"
                        },
                        "tainted": false
                    },
                    "deposed": [],
                    "provider": "provider.aws"
                },
                "aws_route53_record.gcc-192-training-galaxyproject-eu": {
                    "type": "aws_route53_record",
                    "depends_on": [],
                    "primary": {
                        "id": "Z391FYOSFHL9U7_gcc-192.training.galaxyproject.eu_A",
                        "attributes": {
                            "fqdn": "gcc-192.training.galaxyproject.eu",
                            "health_check_id": "",
                            "id": "Z391FYOSFHL9U7_gcc-192.training.galaxyproject.eu_A",
                            "name": "gcc-192.training.galaxyproject.eu",
                            "records.#": "1",
                            "records.3825759290": "115.146.92.21",
                            "set_identifier": "",
                            "ttl": "7200",
                            "type": "A",
                            "zone_id": "Z391FYOSFHL9U7"
                        },
                        "meta": {
                            "schema_version": "2"
                        },
                        "tainted": false
                    },
                    "deposed": [],
                    "provider": "provider.aws"
                },
                "aws_route53_record.gcc-193-training-galaxyproject-eu": {
                    "type": "aws_route53_record",
                    "depends_on": [],
                    "primary": {
                        "id": "Z391FYOSFHL9U7_gcc-193.training.galaxyproject.eu_A",
                        "attributes": {
                            "fqdn": "gcc-193.training.galaxyproject.eu",
                            "health_check_id": "",
                            "id": "Z391FYOSFHL9U7_gcc-193.training.galaxyproject.eu_A",
                            "name": "gcc-193.training.galaxyproject.eu",
                            "records.#": "1",
                            "records.3310740266": "115.146.92.40",
                            "set_identifier": "",
                            "ttl": "7200",
                            "type": "A",
                            "zone_id": "Z391FYOSFHL9U7"
                        },
                        "meta": {
                            "schema_version": "2"
                        },
                        "tainted": false
                    },
                    "deposed": [],
                    "provider": "provider.aws"
                },
                "aws_route53_record.gcc-194-training-galaxyproject-eu": {
                    "type": "aws_route53_record",
                    "depends_on": [],
                    "primary": {
                        "id": "Z391FYOSFHL9U7_gcc-194.training.galaxyproject.eu_A",
                        "attributes": {
                            "fqdn": "gcc-194.training.galaxyproject.eu",
                            "health_check_id": "",
                            "id": "Z391FYOSFHL9U7_gcc-194.training.galaxyproject.eu_A",
                            "name": "gcc-194.training.galaxyproject.eu",
                            "records.#": "1",
                            "records.3415108376": "115.146.92.48",
                            "set_identifier": "",
                            "ttl": "7200",
                            "type": "A",
                            "zone_id": "Z391FYOSFHL9U7"
                        },
                        "meta": {
                            "schema_version": "2"
                        },
                        "tainted": false
                    },
                    "deposed": [],
                    "provider": "provider.aws"
                },
                "aws_route53_record.gcc-195-training-galaxyproject-eu": {
                    "type": "aws_route53_record",
                    "depends_on": [],
                    "primary": {
                        "id": "Z391FYOSFHL9U7_gcc-195.training.galaxyproject.eu_A",
                        "attributes": {
                            "fqdn": "gcc-195.training.galaxyproject.eu",
                            "health_check_id": "",
                            "id": "Z391FYOSFHL9U7_gcc-195.training.galaxyproject.eu_A",
                            "name": "gcc-195.training.galaxyproject.eu",
                            "records.#": "1",
                            "records.3163118478": "115.146.92.49",
                            "set_identifier": "",
                            "ttl": "7200",
                            "type": "A",
                            "zone_id": "Z391FYOSFHL9U7"
                        },
                        "meta": {
                            "schema_version": "2"
                        },
                        "tainted": false
                    },
                    "deposed": [],
                    "provider": "provider.aws"
                },
                "aws_route53_record.gcc-196-training-galaxyproject-eu": {
                    "type": "aws_route53_record",
                    "depends_on": [],
                    "primary": {
                        "id": "Z391FYOSFHL9U7_gcc-196.training.galaxyproject.eu_A",
                        "attributes": {
                            "fqdn": "gcc-196.training.galaxyproject.eu",
                            "health_check_id": "",
                            "id": "Z391FYOSFHL9U7_gcc-196.training.galaxyproject.eu_A",
                            "name": "gcc-196.training.galaxyproject.eu",
                            "records.#": "1",
                            "records.892172126": "115.146.92.56",
                            "set_identifier": "",
                            "ttl": "7200",
                            "type": "A",
                            "zone_id": "Z391FYOSFHL9U7"
                        },
                        "meta": {
                            "schema_version": "2"
                        },
                        "tainted": false
                    },
                    "deposed": [],
                    "provider": "provider.aws"
                },
                "aws_route53_record.gcc-197-training-galaxyproject-eu": {
                    "type": "aws_route53_record",
                    "depends_on": [],
                    "primary": {
                        "id": "Z391FYOSFHL9U7_gcc-197.training.galaxyproject.eu_A",
                        "attributes": {
                            "fqdn": "gcc-197.training.galaxyproject.eu",
                            "health_check_id": "",
                            "id": "Z391FYOSFHL9U7_gcc-197.training.galaxyproject.eu_A",
                            "name": "gcc-197.training.galaxyproject.eu",
                            "records.#": "1",
                            "records.2647968926": "115.146.92.28",
                            "set_identifier": "",
                            "ttl": "7200",
                            "type": "A",
                            "zone_id": "Z391FYOSFHL9U7"
                        },
                        "meta": {
                            "schema_version": "2"
                        },
                        "tainted": false
                    },
                    "deposed": [],
                    "provider": "provider.aws"
                },
                "aws_route53_record.gcc-198-training-galaxyproject-eu": {
                    "type": "aws_route53_record",
                    "depends_on": [],
                    "primary": {
                        "id": "Z391FYOSFHL9U7_gcc-198.training.galaxyproject.eu_A",
                        "attributes": {
                            "fqdn": "gcc-198.training.galaxyproject.eu",
                            "health_check_id": "",
                            "id": "Z391FYOSFHL9U7_gcc-198.training.galaxyproject.eu_A",
                            "name": "gcc-198.training.galaxyproject.eu",
                            "records.#": "1",
                            "records.2053955993": "115.146.92.26",
                            "set_identifier": "",
                            "ttl": "7200",
                            "type": "A",
                            "zone_id": "Z391FYOSFHL9U7"
                        },
                        "meta": {
                            "schema_version": "2"
                        },
                        "tainted": false
                    },
                    "deposed": [],
                    "provider": "provider.aws"
                },
                "aws_route53_record.gcc-199-training-galaxyproject-eu": {
                    "type": "aws_route53_record",
                    "depends_on": [],
                    "primary": {
                        "id": "Z391FYOSFHL9U7_gcc-199.training.galaxyproject.eu_A",
                        "attributes": {
                            "fqdn": "gcc-199.training.galaxyproject.eu",
                            "health_check_id": "",
                            "id": "Z391FYOSFHL9U7_gcc-199.training.galaxyproject.eu_A",
                            "name": "gcc-199.training.galaxyproject.eu",
                            "records.#": "1",
                            "records.2991772604": "115.146.92.41",
                            "set_identifier": "",
                            "ttl": "7200",
                            "type": "A",
                            "zone_id": "Z391FYOSFHL9U7"
                        },
                        "meta": {
                            "schema_version": "2"
                        },
                        "tainted": false
                    },
                    "deposed": [],
                    "provider": "provider.aws"
                },
                "aws_route53_record.gcc-200-training-galaxyproject-eu": {
                    "type": "aws_route53_record",
                    "depends_on": [],
                    "primary": {
                        "id": "Z391FYOSFHL9U7_gcc-200.training.galaxyproject.eu_A",
                        "attributes": {
                            "fqdn": "gcc-200.training.galaxyproject.eu",
                            "health_check_id": "",
                            "id": "Z391FYOSFHL9U7_gcc-200.training.galaxyproject.eu_A",
                            "name": "gcc-200.training.galaxyproject.eu",
                            "records.#": "1",
                            "records.3696153195": "115.146.92.50",
                            "set_identifier": "",
                            "ttl": "7200",
                            "type": "A",
                            "zone_id": "Z391FYOSFHL9U7"
                        },
                        "meta": {
                            "schema_version": "2"
                        },
                        "tainted": false
                    },
                    "deposed": [],
                    "provider": "provider.aws"
                },
                "aws_route53_record.gcc-201-training-galaxyproject-eu": {
                    "type": "aws_route53_record",
                    "depends_on": [],
                    "primary": {
                        "id": "Z391FYOSFHL9U7_gcc-201.training.galaxyproject.eu_A",
                        "attributes": {
                            "fqdn": "gcc-201.training.galaxyproject.eu",
                            "health_check_id": "",
                            "id": "Z391FYOSFHL9U7_gcc-201.training.galaxyproject.eu_A",
                            "name": "gcc-201.training.galaxyproject.eu",
                            "records.#": "1",
                            "records.1668796632": "115.146.92.36",
                            "set_identifier": "",
                            "ttl": "7200",
                            "type": "A",
                            "zone_id": "Z391FYOSFHL9U7"
                        },
                        "meta": {
                            "schema_version": "2"
                        },
                        "tainted": false
                    },
                    "deposed": [],
                    "provider": "provider.aws"
                },
                "aws_route53_record.gcc-202-training-galaxyproject-eu": {
                    "type": "aws_route53_record",
                    "depends_on": [],
                    "primary": {
                        "id": "Z391FYOSFHL9U7_gcc-202.training.galaxyproject.eu_A",
                        "attributes": {
                            "fqdn": "gcc-202.training.galaxyproject.eu",
                            "health_check_id": "",
                            "id": "Z391FYOSFHL9U7_gcc-202.training.galaxyproject.eu_A",
                            "name": "gcc-202.training.galaxyproject.eu",
                            "records.#": "1",
                            "records.642155212": "115.146.92.17",
                            "set_identifier": "",
                            "ttl": "7200",
                            "type": "A",
                            "zone_id": "Z391FYOSFHL9U7"
                        },
                        "meta": {
                            "schema_version": "2"
                        },
                        "tainted": false
                    },
                    "deposed": [],
                    "provider": "provider.aws"
                },
                "aws_route53_record.gcc-203-training-galaxyproject-eu": {
                    "type": "aws_route53_record",
                    "depends_on": [],
                    "primary": {
                        "id": "Z391FYOSFHL9U7_gcc-203.training.galaxyproject.eu_A",
                        "attributes": {
                            "fqdn": "gcc-203.training.galaxyproject.eu",
                            "health_check_id": "",
                            "id": "Z391FYOSFHL9U7_gcc-203.training.galaxyproject.eu_A",
                            "name": "gcc-203.training.galaxyproject.eu",
                            "records.#": "1",
                            "records.225169679": "115.146.92.27",
                            "set_identifier": "",
                            "ttl": "7200",
                            "type": "A",
                            "zone_id": "Z391FYOSFHL9U7"
                        },
                        "meta": {
                            "schema_version": "2"
                        },
                        "tainted": false
                    },
                    "deposed": [],
                    "provider": "provider.aws"
                },
                "aws_route53_record.gcc-204-training-galaxyproject-eu": {
                    "type": "aws_route53_record",
                    "depends_on": [],
                    "primary": {
                        "id": "Z391FYOSFHL9U7_gcc-204.training.galaxyproject.eu_A",
                        "attributes": {
                            "fqdn": "gcc-204.training.galaxyproject.eu",
                            "health_check_id": "",
                            "id": "Z391FYOSFHL9U7_gcc-204.training.galaxyproject.eu_A",
                            "name": "gcc-204.training.galaxyproject.eu",
                            "records.#": "1",
                            "records.4245898619": "115.146.92.31",
                            "set_identifier": "",
                            "ttl": "7200",
                            "type": "A",
                            "zone_id": "Z391FYOSFHL9U7"
                        },
                        "meta": {
                            "schema_version": "2"
                        },
                        "tainted": false
                    },
                    "deposed": [],
                    "provider": "provider.aws"
                },
                "aws_route53_record.gcc-205-training-galaxyproject-eu": {
                    "type": "aws_route53_record",
                    "depends_on": [],
                    "primary": {
                        "id": "Z391FYOSFHL9U7_gcc-205.training.galaxyproject.eu_A",
                        "attributes": {
                            "fqdn": "gcc-205.training.galaxyproject.eu",
                            "health_check_id": "",
                            "id": "Z391FYOSFHL9U7_gcc-205.training.galaxyproject.eu_A",
                            "name": "gcc-205.training.galaxyproject.eu",
                            "records.#": "1",
                            "records.2489483445": "115.146.92.24",
                            "set_identifier": "",
                            "ttl": "7200",
                            "type": "A",
                            "zone_id": "Z391FYOSFHL9U7"
                        },
                        "meta": {
                            "schema_version": "2"
                        },
                        "tainted": false
                    },
                    "deposed": [],
                    "provider": "provider.aws"
                },
                "aws_route53_record.gcc-206-training-galaxyproject-eu": {
                    "type": "aws_route53_record",
                    "depends_on": [],
                    "primary": {
                        "id": "Z391FYOSFHL9U7_gcc-206.training.galaxyproject.eu_A",
                        "attributes": {
                            "fqdn": "gcc-206.training.galaxyproject.eu",
                            "health_check_id": "",
                            "id": "Z391FYOSFHL9U7_gcc-206.training.galaxyproject.eu_A",
                            "name": "gcc-206.training.galaxyproject.eu",
                            "records.#": "1",
                            "records.3209679734": "115.146.92.14",
                            "set_identifier": "",
                            "ttl": "7200",
                            "type": "A",
                            "zone_id": "Z391FYOSFHL9U7"
                        },
                        "meta": {
                            "schema_version": "2"
                        },
                        "tainted": false
                    },
                    "deposed": [],
                    "provider": "provider.aws"
                },
                "aws_route53_record.gcc-207-training-galaxyproject-eu": {
                    "type": "aws_route53_record",
                    "depends_on": [],
                    "primary": {
                        "id": "Z391FYOSFHL9U7_gcc-207.training.galaxyproject.eu_A",
                        "attributes": {
                            "fqdn": "gcc-207.training.galaxyproject.eu",
                            "health_check_id": "",
                            "id": "Z391FYOSFHL9U7_gcc-207.training.galaxyproject.eu_A",
                            "name": "gcc-207.training.galaxyproject.eu",
                            "records.#": "1",
                            "records.556484309": "115.146.92.13",
                            "set_identifier": "",
                            "ttl": "7200",
                            "type": "A",
                            "zone_id": "Z391FYOSFHL9U7"
                        },
                        "meta": {
                            "schema_version": "2"
                        },
                        "tainted": false
                    },
                    "deposed": [],
                    "provider": "provider.aws"
                },
                "aws_route53_record.gcc-208-training-galaxyproject-eu": {
                    "type": "aws_route53_record",
                    "depends_on": [],
                    "primary": {
                        "id": "Z391FYOSFHL9U7_gcc-208.training.galaxyproject.eu_A",
                        "attributes": {
                            "fqdn": "gcc-208.training.galaxyproject.eu",
                            "health_check_id": "",
                            "id": "Z391FYOSFHL9U7_gcc-208.training.galaxyproject.eu_A",
                            "name": "gcc-208.training.galaxyproject.eu",
                            "records.#": "1",
                            "records.4202594658": "115.146.92.35",
                            "set_identifier": "",
                            "ttl": "7200",
                            "type": "A",
                            "zone_id": "Z391FYOSFHL9U7"
                        },
                        "meta": {
                            "schema_version": "2"
                        },
                        "tainted": false
                    },
                    "deposed": [],
                    "provider": "provider.aws"
                },
                "aws_route53_record.gcc-209-training-galaxyproject-eu": {
                    "type": "aws_route53_record",
                    "depends_on": [],
                    "primary": {
                        "id": "Z391FYOSFHL9U7_gcc-209.training.galaxyproject.eu_A",
                        "attributes": {
                            "fqdn": "gcc-209.training.galaxyproject.eu",
                            "health_check_id": "",
                            "id": "Z391FYOSFHL9U7_gcc-209.training.galaxyproject.eu_A",
                            "name": "gcc-209.training.galaxyproject.eu",
                            "records.#": "1",
                            "records.3939761160": "115.146.92.29",
                            "set_identifier": "",
                            "ttl": "7200",
                            "type": "A",
                            "zone_id": "Z391FYOSFHL9U7"
                        },
                        "meta": {
                            "schema_version": "2"
                        },
                        "tainted": false
                    },
                    "deposed": [],
                    "provider": "provider.aws"
                },
                "aws_route53_record.gcc-210-training-galaxyproject-eu": {
                    "type": "aws_route53_record",
                    "depends_on": [],
                    "primary": {
                        "id": "Z391FYOSFHL9U7_gcc-210.training.galaxyproject.eu_A",
                        "attributes": {
                            "fqdn": "gcc-210.training.galaxyproject.eu",
                            "health_check_id": "",
                            "id": "Z391FYOSFHL9U7_gcc-210.training.galaxyproject.eu_A",
                            "name": "gcc-210.training.galaxyproject.eu",
                            "records.#": "1",
                            "records.3735494503": "130.56.248.177",
                            "set_identifier": "",
                            "ttl": "7200",
                            "type": "A",
                            "zone_id": "Z391FYOSFHL9U7"
                        },
                        "meta": {
                            "schema_version": "2"
                        },
                        "tainted": false
                    },
                    "deposed": [],
                    "provider": "provider.aws"
                },
                "aws_route53_record.gcc-211-training-galaxyproject-eu": {
                    "type": "aws_route53_record",
                    "depends_on": [],
                    "primary": {
                        "id": "Z391FYOSFHL9U7_gcc-211.training.galaxyproject.eu_A",
                        "attributes": {
                            "fqdn": "gcc-211.training.galaxyproject.eu",
                            "health_check_id": "",
                            "id": "Z391FYOSFHL9U7_gcc-211.training.galaxyproject.eu_A",
                            "name": "gcc-211.training.galaxyproject.eu",
                            "records.#": "1",
                            "records.3224785426": "130.56.248.184",
                            "set_identifier": "",
                            "ttl": "7200",
                            "type": "A",
                            "zone_id": "Z391FYOSFHL9U7"
                        },
                        "meta": {
                            "schema_version": "2"
                        },
                        "tainted": false
                    },
                    "deposed": [],
                    "provider": "provider.aws"
                },
                "aws_route53_record.gcc-212-training-galaxyproject-eu": {
                    "type": "aws_route53_record",
                    "depends_on": [],
                    "primary": {
                        "id": "Z391FYOSFHL9U7_gcc-212.training.galaxyproject.eu_A",
                        "attributes": {
                            "fqdn": "gcc-212.training.galaxyproject.eu",
                            "health_check_id": "",
                            "id": "Z391FYOSFHL9U7_gcc-212.training.galaxyproject.eu_A",
                            "name": "gcc-212.training.galaxyproject.eu",
                            "records.#": "1",
                            "records.1086556868": "130.56.248.170",
                            "set_identifier": "",
                            "ttl": "7200",
                            "type": "A",
                            "zone_id": "Z391FYOSFHL9U7"
                        },
                        "meta": {
                            "schema_version": "2"
                        },
                        "tainted": false
                    },
                    "deposed": [],
                    "provider": "provider.aws"
                },
                "aws_route53_record.gcc-213-training-galaxyproject-eu": {
                    "type": "aws_route53_record",
                    "depends_on": [],
                    "primary": {
                        "id": "Z391FYOSFHL9U7_gcc-213.training.galaxyproject.eu_A",
                        "attributes": {
                            "fqdn": "gcc-213.training.galaxyproject.eu",
                            "health_check_id": "",
                            "id": "Z391FYOSFHL9U7_gcc-213.training.galaxyproject.eu_A",
                            "name": "gcc-213.training.galaxyproject.eu",
                            "records.#": "1",
                            "records.2881426518": "130.56.248.75",
                            "set_identifier": "",
                            "ttl": "7200",
                            "type": "A",
                            "zone_id": "Z391FYOSFHL9U7"
                        },
                        "meta": {
                            "schema_version": "2"
                        },
                        "tainted": false
                    },
                    "deposed": [],
                    "provider": "provider.aws"
                },
                "aws_route53_record.gcc-214-training-galaxyproject-eu": {
                    "type": "aws_route53_record",
                    "depends_on": [],
                    "primary": {
                        "id": "Z391FYOSFHL9U7_gcc-214.training.galaxyproject.eu_A",
                        "attributes": {
                            "fqdn": "gcc-214.training.galaxyproject.eu",
                            "health_check_id": "",
                            "id": "Z391FYOSFHL9U7_gcc-214.training.galaxyproject.eu_A",
                            "name": "gcc-214.training.galaxyproject.eu",
                            "records.#": "1",
                            "records.1267549541": "130.56.248.98",
                            "set_identifier": "",
                            "ttl": "7200",
                            "type": "A",
                            "zone_id": "Z391FYOSFHL9U7"
                        },
                        "meta": {
                            "schema_version": "2"
                        },
                        "tainted": false
                    },
                    "deposed": [],
                    "provider": "provider.aws"
                },
                "aws_route53_record.gcc-215-training-galaxyproject-eu": {
                    "type": "aws_route53_record",
                    "depends_on": [],
                    "primary": {
                        "id": "Z391FYOSFHL9U7_gcc-215.training.galaxyproject.eu_A",
                        "attributes": {
                            "fqdn": "gcc-215.training.galaxyproject.eu",
                            "health_check_id": "",
                            "id": "Z391FYOSFHL9U7_gcc-215.training.galaxyproject.eu_A",
                            "name": "gcc-215.training.galaxyproject.eu",
                            "records.#": "1",
                            "records.850806252": "130.56.248.76",
                            "set_identifier": "",
                            "ttl": "7200",
                            "type": "A",
                            "zone_id": "Z391FYOSFHL9U7"
                        },
                        "meta": {
                            "schema_version": "2"
                        },
                        "tainted": false
                    },
                    "deposed": [],
                    "provider": "provider.aws"
                },
                "aws_route53_record.gcc-216-training-galaxyproject-eu": {
                    "type": "aws_route53_record",
                    "depends_on": [],
                    "primary": {
                        "id": "Z391FYOSFHL9U7_gcc-216.training.galaxyproject.eu_A",
                        "attributes": {
                            "fqdn": "gcc-216.training.galaxyproject.eu",
                            "health_check_id": "",
                            "id": "Z391FYOSFHL9U7_gcc-216.training.galaxyproject.eu_A",
                            "name": "gcc-216.training.galaxyproject.eu",
                            "records.#": "1",
                            "records.615468992": "130.56.248.130",
                            "set_identifier": "",
                            "ttl": "7200",
                            "type": "A",
                            "zone_id": "Z391FYOSFHL9U7"
                        },
                        "meta": {
                            "schema_version": "2"
                        },
                        "tainted": false
                    },
                    "deposed": [],
                    "provider": "provider.aws"
                },
                "aws_route53_record.gcc-217-training-galaxyproject-eu": {
                    "type": "aws_route53_record",
                    "depends_on": [],
                    "primary": {
                        "id": "Z391FYOSFHL9U7_gcc-217.training.galaxyproject.eu_A",
                        "attributes": {
                            "fqdn": "gcc-217.training.galaxyproject.eu",
                            "health_check_id": "",
                            "id": "Z391FYOSFHL9U7_gcc-217.training.galaxyproject.eu_A",
                            "name": "gcc-217.training.galaxyproject.eu",
                            "records.#": "1",
                            "records.4294609015": "130.56.248.116",
                            "set_identifier": "",
                            "ttl": "7200",
                            "type": "A",
                            "zone_id": "Z391FYOSFHL9U7"
                        },
                        "meta": {
                            "schema_version": "2"
                        },
                        "tainted": false
                    },
                    "deposed": [],
                    "provider": "provider.aws"
                },
                "aws_route53_record.gcc-218-training-galaxyproject-eu": {
                    "type": "aws_route53_record",
                    "depends_on": [],
                    "primary": {
                        "id": "Z391FYOSFHL9U7_gcc-218.training.galaxyproject.eu_A",
                        "attributes": {
                            "fqdn": "gcc-218.training.galaxyproject.eu",
                            "health_check_id": "",
                            "id": "Z391FYOSFHL9U7_gcc-218.training.galaxyproject.eu_A",
                            "name": "gcc-218.training.galaxyproject.eu",
                            "records.#": "1",
                            "records.2330100550": "130.56.248.14",
                            "set_identifier": "",
                            "ttl": "7200",
                            "type": "A",
                            "zone_id": "Z391FYOSFHL9U7"
                        },
                        "meta": {
                            "schema_version": "2"
                        },
                        "tainted": false
                    },
                    "deposed": [],
                    "provider": "provider.aws"
                },
                "aws_route53_record.gcc-219-training-galaxyproject-eu": {
                    "type": "aws_route53_record",
                    "depends_on": [],
                    "primary": {
                        "id": "Z391FYOSFHL9U7_gcc-219.training.galaxyproject.eu_A",
                        "attributes": {
                            "fqdn": "gcc-219.training.galaxyproject.eu",
                            "health_check_id": "",
                            "id": "Z391FYOSFHL9U7_gcc-219.training.galaxyproject.eu_A",
                            "name": "gcc-219.training.galaxyproject.eu",
                            "records.#": "1",
                            "records.699551498": "130.56.248.165",
                            "set_identifier": "",
                            "ttl": "7200",
                            "type": "A",
                            "zone_id": "Z391FYOSFHL9U7"
                        },
                        "meta": {
                            "schema_version": "2"
                        },
                        "tainted": false
                    },
                    "deposed": [],
                    "provider": "provider.aws"
                },
                "aws_route53_record.gcc-75-training-galaxyproject-eu": {
                    "type": "aws_route53_record",
                    "depends_on": [],
                    "primary": {
                        "id": "Z391FYOSFHL9U7_gcc-75.training.galaxyproject.eu_A",
                        "attributes": {
                            "fqdn": "gcc-75.training.galaxyproject.eu",
                            "health_check_id": "",
                            "id": "Z391FYOSFHL9U7_gcc-75.training.galaxyproject.eu_A",
                            "name": "gcc-75.training.galaxyproject.eu",
                            "records.#": "1",
                            "records.3777807270": "149.165.157.45",
                            "set_identifier": "",
                            "ttl": "7200",
                            "type": "A",
                            "zone_id": "Z391FYOSFHL9U7"
                        },
                        "meta": {
                            "schema_version": "2"
                        },
                        "tainted": false
                    },
                    "deposed": [],
                    "provider": "provider.aws"
                },
                "aws_route53_record.gcc-76-training-galaxyproject-eu": {
                    "type": "aws_route53_record",
                    "depends_on": [],
                    "primary": {
                        "id": "Z391FYOSFHL9U7_gcc-76.training.galaxyproject.eu_A",
                        "attributes": {
                            "fqdn": "gcc-76.training.galaxyproject.eu",
                            "health_check_id": "",
                            "id": "Z391FYOSFHL9U7_gcc-76.training.galaxyproject.eu_A",
                            "name": "gcc-76.training.galaxyproject.eu",
                            "records.#": "1",
                            "records.2926400865": "149.165.157.35",
                            "set_identifier": "",
                            "ttl": "7200",
                            "type": "A",
                            "zone_id": "Z391FYOSFHL9U7"
                        },
                        "meta": {
                            "schema_version": "2"
                        },
                        "tainted": false
                    },
                    "deposed": [],
                    "provider": "provider.aws"
                },
                "aws_route53_record.gcc-77-training-galaxyproject-eu": {
                    "type": "aws_route53_record",
                    "depends_on": [],
                    "primary": {
                        "id": "Z391FYOSFHL9U7_gcc-77.training.galaxyproject.eu_A",
                        "attributes": {
                            "fqdn": "gcc-77.training.galaxyproject.eu",
                            "health_check_id": "",
                            "id": "Z391FYOSFHL9U7_gcc-77.training.galaxyproject.eu_A",
                            "name": "gcc-77.training.galaxyproject.eu",
                            "records.#": "1",
                            "records.1629173076": "149.165.156.202",
                            "set_identifier": "",
                            "ttl": "7200",
                            "type": "A",
                            "zone_id": "Z391FYOSFHL9U7"
                        },
                        "meta": {
                            "schema_version": "2"
                        },
                        "tainted": false
                    },
                    "deposed": [],
                    "provider": "provider.aws"
                },
                "aws_route53_record.gcc-78-training-galaxyproject-eu": {
                    "type": "aws_route53_record",
                    "depends_on": [],
                    "primary": {
                        "id": "Z391FYOSFHL9U7_gcc-78.training.galaxyproject.eu_A",
                        "attributes": {
                            "fqdn": "gcc-78.training.galaxyproject.eu",
                            "health_check_id": "",
                            "id": "Z391FYOSFHL9U7_gcc-78.training.galaxyproject.eu_A",
                            "name": "gcc-78.training.galaxyproject.eu",
                            "records.#": "1",
                            "records.2816153930": "149.165.157.39",
                            "set_identifier": "",
                            "ttl": "7200",
                            "type": "A",
                            "zone_id": "Z391FYOSFHL9U7"
                        },
                        "meta": {
                            "schema_version": "2"
                        },
                        "tainted": false
                    },
                    "deposed": [],
                    "provider": "provider.aws"
                },
                "aws_route53_record.gcc-79-training-galaxyproject-eu": {
                    "type": "aws_route53_record",
                    "depends_on": [],
                    "primary": {
                        "id": "Z391FYOSFHL9U7_gcc-79.training.galaxyproject.eu_A",
                        "attributes": {
                            "fqdn": "gcc-79.training.galaxyproject.eu",
                            "health_check_id": "",
                            "id": "Z391FYOSFHL9U7_gcc-79.training.galaxyproject.eu_A",
                            "name": "gcc-79.training.galaxyproject.eu",
                            "records.#": "1",
                            "records.3950612860": "149.165.156.240",
                            "set_identifier": "",
                            "ttl": "7200",
                            "type": "A",
                            "zone_id": "Z391FYOSFHL9U7"
                        },
                        "meta": {
                            "schema_version": "2"
                        },
                        "tainted": false
                    },
                    "deposed": [],
                    "provider": "provider.aws"
                },
                "aws_route53_record.gcc-80-training-galaxyproject-eu": {
                    "type": "aws_route53_record",
                    "depends_on": [],
                    "primary": {
                        "id": "Z391FYOSFHL9U7_gcc-80.training.galaxyproject.eu_A",
                        "attributes": {
                            "fqdn": "gcc-80.training.galaxyproject.eu",
                            "health_check_id": "",
                            "id": "Z391FYOSFHL9U7_gcc-80.training.galaxyproject.eu_A",
                            "name": "gcc-80.training.galaxyproject.eu",
                            "records.#": "1",
                            "records.2519462704": "149.165.157.44",
                            "set_identifier": "",
                            "ttl": "7200",
                            "type": "A",
                            "zone_id": "Z391FYOSFHL9U7"
                        },
                        "meta": {
                            "schema_version": "2"
                        },
                        "tainted": false
                    },
                    "deposed": [],
                    "provider": "provider.aws"
                },
                "aws_route53_record.gcc-81-training-galaxyproject-eu": {
                    "type": "aws_route53_record",
                    "depends_on": [],
                    "primary": {
                        "id": "Z391FYOSFHL9U7_gcc-81.training.galaxyproject.eu_A",
                        "attributes": {
                            "fqdn": "gcc-81.training.galaxyproject.eu",
                            "health_check_id": "",
                            "id": "Z391FYOSFHL9U7_gcc-81.training.galaxyproject.eu_A",
                            "name": "gcc-81.training.galaxyproject.eu",
                            "records.#": "1",
                            "records.1082889602": "149.165.156.55",
                            "set_identifier": "",
                            "ttl": "7200",
                            "type": "A",
                            "zone_id": "Z391FYOSFHL9U7"
                        },
                        "meta": {
                            "schema_version": "2"
                        },
                        "tainted": false
                    },
                    "deposed": [],
                    "provider": "provider.aws"
                },
                "aws_route53_record.gcc-82-training-galaxyproject-eu": {
                    "type": "aws_route53_record",
                    "depends_on": [],
                    "primary": {
                        "id": "Z391FYOSFHL9U7_gcc-82.training.galaxyproject.eu_A",
                        "attributes": {
                            "fqdn": "gcc-82.training.galaxyproject.eu",
                            "health_check_id": "",
                            "id": "Z391FYOSFHL9U7_gcc-82.training.galaxyproject.eu_A",
                            "name": "gcc-82.training.galaxyproject.eu",
                            "records.#": "1",
                            "records.3556579593": "149.165.157.82",
                            "set_identifier": "",
                            "ttl": "7200",
                            "type": "A",
                            "zone_id": "Z391FYOSFHL9U7"
                        },
                        "meta": {
                            "schema_version": "2"
                        },
                        "tainted": false
                    },
                    "deposed": [],
                    "provider": "provider.aws"
                },
                "aws_route53_record.gcc-83-training-galaxyproject-eu": {
                    "type": "aws_route53_record",
                    "depends_on": [],
                    "primary": {
                        "id": "Z391FYOSFHL9U7_gcc-83.training.galaxyproject.eu_A",
                        "attributes": {
                            "fqdn": "gcc-83.training.galaxyproject.eu",
                            "health_check_id": "",
                            "id": "Z391FYOSFHL9U7_gcc-83.training.galaxyproject.eu_A",
                            "name": "gcc-83.training.galaxyproject.eu",
                            "records.#": "1",
                            "records.3404280234": "149.165.156.17",
                            "set_identifier": "",
                            "ttl": "7200",
                            "type": "A",
                            "zone_id": "Z391FYOSFHL9U7"
                        },
                        "meta": {
                            "schema_version": "2"
                        },
                        "tainted": false
                    },
                    "deposed": [],
                    "provider": "provider.aws"
                },
                "aws_route53_record.gcc-84-training-galaxyproject-eu": {
                    "type": "aws_route53_record",
                    "depends_on": [],
                    "primary": {
                        "id": "Z391FYOSFHL9U7_gcc-84.training.galaxyproject.eu_A",
                        "attributes": {
                            "fqdn": "gcc-84.training.galaxyproject.eu",
                            "health_check_id": "",
                            "id": "Z391FYOSFHL9U7_gcc-84.training.galaxyproject.eu_A",
                            "name": "gcc-84.training.galaxyproject.eu",
                            "records.#": "1",
                            "records.2400756185": "149.165.157.175",
                            "set_identifier": "",
                            "ttl": "7200",
                            "type": "A",
                            "zone_id": "Z391FYOSFHL9U7"
                        },
                        "meta": {
                            "schema_version": "2"
                        },
                        "tainted": false
                    },
                    "deposed": [],
                    "provider": "provider.aws"
                },
                "aws_route53_record.gcc-85-training-galaxyproject-eu": {
                    "type": "aws_route53_record",
                    "depends_on": [],
                    "primary": {
                        "id": "Z391FYOSFHL9U7_gcc-85.training.galaxyproject.eu_A",
                        "attributes": {
                            "fqdn": "gcc-85.training.galaxyproject.eu",
                            "health_check_id": "",
                            "id": "Z391FYOSFHL9U7_gcc-85.training.galaxyproject.eu_A",
                            "name": "gcc-85.training.galaxyproject.eu",
                            "records.#": "1",
                            "records.2838033104": "149.165.157.110",
                            "set_identifier": "",
                            "ttl": "7200",
                            "type": "A",
                            "zone_id": "Z391FYOSFHL9U7"
                        },
                        "meta": {
                            "schema_version": "2"
                        },
                        "tainted": false
                    },
                    "deposed": [],
                    "provider": "provider.aws"
                },
                "aws_route53_record.gcc-86-training-galaxyproject-eu": {
                    "type": "aws_route53_record",
                    "depends_on": [],
                    "primary": {
                        "id": "Z391FYOSFHL9U7_gcc-86.training.galaxyproject.eu_A",
                        "attributes": {
                            "fqdn": "gcc-86.training.galaxyproject.eu",
                            "health_check_id": "",
                            "id": "Z391FYOSFHL9U7_gcc-86.training.galaxyproject.eu_A",
                            "name": "gcc-86.training.galaxyproject.eu",
                            "records.#": "1",
                            "records.3080635887": "149.165.156.47",
                            "set_identifier": "",
                            "ttl": "7200",
                            "type": "A",
                            "zone_id": "Z391FYOSFHL9U7"
                        },
                        "meta": {
                            "schema_version": "2"
                        },
                        "tainted": false
                    },
                    "deposed": [],
                    "provider": "provider.aws"
                },
                "aws_route53_record.gcc-87-training-galaxyproject-eu": {
                    "type": "aws_route53_record",
                    "depends_on": [],
                    "primary": {
                        "id": "Z391FYOSFHL9U7_gcc-87.training.galaxyproject.eu_A",
                        "attributes": {
                            "fqdn": "gcc-87.training.galaxyproject.eu",
                            "health_check_id": "",
                            "id": "Z391FYOSFHL9U7_gcc-87.training.galaxyproject.eu_A",
                            "name": "gcc-87.training.galaxyproject.eu",
                            "records.#": "1",
                            "records.1643215064": "149.165.157.190",
                            "set_identifier": "",
                            "ttl": "7200",
                            "type": "A",
                            "zone_id": "Z391FYOSFHL9U7"
                        },
                        "meta": {
                            "schema_version": "2"
                        },
                        "tainted": false
                    },
                    "deposed": [],
                    "provider": "provider.aws"
                },
                "aws_route53_record.gcc-88-training-galaxyproject-eu": {
                    "type": "aws_route53_record",
                    "depends_on": [],
                    "primary": {
                        "id": "Z391FYOSFHL9U7_gcc-88.training.galaxyproject.eu_A",
                        "attributes": {
                            "fqdn": "gcc-88.training.galaxyproject.eu",
                            "health_check_id": "",
                            "id": "Z391FYOSFHL9U7_gcc-88.training.galaxyproject.eu_A",
                            "name": "gcc-88.training.galaxyproject.eu",
                            "records.#": "1",
                            "records.2236555072": "149.165.156.80",
                            "set_identifier": "",
                            "ttl": "7200",
                            "type": "A",
                            "zone_id": "Z391FYOSFHL9U7"
                        },
                        "meta": {
                            "schema_version": "2"
                        },
                        "tainted": false
                    },
                    "deposed": [],
                    "provider": "provider.aws"
                },
                "aws_route53_record.gcc-89-training-galaxyproject-eu": {
                    "type": "aws_route53_record",
                    "depends_on": [],
                    "primary": {
                        "id": "Z391FYOSFHL9U7_gcc-89.training.galaxyproject.eu_A",
                        "attributes": {
                            "fqdn": "gcc-89.training.galaxyproject.eu",
                            "health_check_id": "",
                            "id": "Z391FYOSFHL9U7_gcc-89.training.galaxyproject.eu_A",
                            "name": "gcc-89.training.galaxyproject.eu",
                            "records.#": "1",
                            "records.3283606606": "149.165.157.79",
                            "set_identifier": "",
                            "ttl": "7200",
                            "type": "A",
                            "zone_id": "Z391FYOSFHL9U7"
                        },
                        "meta": {
                            "schema_version": "2"
                        },
                        "tainted": false
                    },
                    "deposed": [],
                    "provider": "provider.aws"
                },
                "aws_route53_record.gcc-90-training-galaxyproject-eu": {
                    "type": "aws_route53_record",
                    "depends_on": [],
                    "primary": {
                        "id": "Z391FYOSFHL9U7_gcc-90.training.galaxyproject.eu_A",
                        "attributes": {
                            "fqdn": "gcc-90.training.galaxyproject.eu",
                            "health_check_id": "",
                            "id": "Z391FYOSFHL9U7_gcc-90.training.galaxyproject.eu_A",
                            "name": "gcc-90.training.galaxyproject.eu",
                            "records.#": "1",
                            "records.3127600362": "149.165.157.70",
                            "set_identifier": "",
                            "ttl": "7200",
                            "type": "A",
                            "zone_id": "Z391FYOSFHL9U7"
                        },
                        "meta": {
                            "schema_version": "2"
                        },
                        "tainted": false
                    },
                    "deposed": [],
                    "provider": "provider.aws"
                },
                "aws_route53_record.gcc-91-training-galaxyproject-eu": {
                    "type": "aws_route53_record",
                    "depends_on": [],
                    "primary": {
                        "id": "Z391FYOSFHL9U7_gcc-91.training.galaxyproject.eu_A",
                        "attributes": {
                            "fqdn": "gcc-91.training.galaxyproject.eu",
                            "health_check_id": "",
                            "id": "Z391FYOSFHL9U7_gcc-91.training.galaxyproject.eu_A",
                            "name": "gcc-91.training.galaxyproject.eu",
                            "records.#": "1",
                            "records.927754099": "149.165.157.117",
                            "set_identifier": "",
                            "ttl": "7200",
                            "type": "A",
                            "zone_id": "Z391FYOSFHL9U7"
                        },
                        "meta": {
                            "schema_version": "2"
                        },
                        "tainted": false
                    },
                    "deposed": [],
                    "provider": "provider.aws"
                },
                "aws_route53_record.gcc-92-training-galaxyproject-eu": {
                    "type": "aws_route53_record",
                    "depends_on": [],
                    "primary": {
                        "id": "Z391FYOSFHL9U7_gcc-92.training.galaxyproject.eu_A",
                        "attributes": {
                            "fqdn": "gcc-92.training.galaxyproject.eu",
                            "health_check_id": "",
                            "id": "Z391FYOSFHL9U7_gcc-92.training.galaxyproject.eu_A",
                            "name": "gcc-92.training.galaxyproject.eu",
                            "records.#": "1",
                            "records.295406679": "149.165.157.195",
                            "set_identifier": "",
                            "ttl": "7200",
                            "type": "A",
                            "zone_id": "Z391FYOSFHL9U7"
                        },
                        "meta": {
                            "schema_version": "2"
                        },
                        "tainted": false
                    },
                    "deposed": [],
                    "provider": "provider.aws"
                },
                "aws_route53_record.gcc-93-training-galaxyproject-eu": {
                    "type": "aws_route53_record",
                    "depends_on": [],
                    "primary": {
                        "id": "Z391FYOSFHL9U7_gcc-93.training.galaxyproject.eu_A",
                        "attributes": {
                            "fqdn": "gcc-93.training.galaxyproject.eu",
                            "health_check_id": "",
                            "id": "Z391FYOSFHL9U7_gcc-93.training.galaxyproject.eu_A",
                            "name": "gcc-93.training.galaxyproject.eu",
                            "records.#": "1",
                            "records.3543319180": "149.165.157.144",
                            "set_identifier": "",
                            "ttl": "7200",
                            "type": "A",
                            "zone_id": "Z391FYOSFHL9U7"
                        },
                        "meta": {
                            "schema_version": "2"
                        },
                        "tainted": false
                    },
                    "deposed": [],
                    "provider": "provider.aws"
                },
                "aws_route53_record.gcc-94-training-galaxyproject-eu": {
                    "type": "aws_route53_record",
                    "depends_on": [],
                    "primary": {
                        "id": "Z391FYOSFHL9U7_gcc-94.training.galaxyproject.eu_A",
                        "attributes": {
                            "fqdn": "gcc-94.training.galaxyproject.eu",
                            "health_check_id": "",
                            "id": "Z391FYOSFHL9U7_gcc-94.training.galaxyproject.eu_A",
                            "name": "gcc-94.training.galaxyproject.eu",
                            "records.#": "1",
                            "records.370274403": "149.165.157.176",
                            "set_identifier": "",
                            "ttl": "7200",
                            "type": "A",
                            "zone_id": "Z391FYOSFHL9U7"
                        },
                        "meta": {
                            "schema_version": "2"
                        },
                        "tainted": false
                    },
                    "deposed": [],
                    "provider": "provider.aws"
                },
                "aws_route53_record.gcc-95-training-galaxyproject-eu": {
                    "type": "aws_route53_record",
                    "depends_on": [],
                    "primary": {
                        "id": "Z391FYOSFHL9U7_gcc-95.training.galaxyproject.eu_A",
                        "attributes": {
                            "fqdn": "gcc-95.training.galaxyproject.eu",
                            "health_check_id": "",
                            "id": "Z391FYOSFHL9U7_gcc-95.training.galaxyproject.eu_A",
                            "name": "gcc-95.training.galaxyproject.eu",
                            "records.#": "1",
                            "records.3666120359": "149.165.157.148",
                            "set_identifier": "",
                            "ttl": "7200",
                            "type": "A",
                            "zone_id": "Z391FYOSFHL9U7"
                        },
                        "meta": {
                            "schema_version": "2"
                        },
                        "tainted": false
                    },
                    "deposed": [],
                    "provider": "provider.aws"
                },
                "aws_route53_record.gcc-96-training-galaxyproject-eu": {
                    "type": "aws_route53_record",
                    "depends_on": [],
                    "primary": {
                        "id": "Z391FYOSFHL9U7_gcc-96.training.galaxyproject.eu_A",
                        "attributes": {
                            "fqdn": "gcc-96.training.galaxyproject.eu",
                            "health_check_id": "",
                            "id": "Z391FYOSFHL9U7_gcc-96.training.galaxyproject.eu_A",
                            "name": "gcc-96.training.galaxyproject.eu",
                            "records.#": "1",
                            "records.4162818383": "149.165.157.174",
                            "set_identifier": "",
                            "ttl": "7200",
                            "type": "A",
                            "zone_id": "Z391FYOSFHL9U7"
                        },
                        "meta": {
                            "schema_version": "2"
                        },
                        "tainted": false
                    },
                    "deposed": [],
                    "provider": "provider.aws"
                },
                "aws_route53_record.gcc-97-training-galaxyproject-eu": {
                    "type": "aws_route53_record",
                    "depends_on": [],
                    "primary": {
                        "id": "Z391FYOSFHL9U7_gcc-97.training.galaxyproject.eu_A",
                        "attributes": {
                            "fqdn": "gcc-97.training.galaxyproject.eu",
                            "health_check_id": "",
                            "id": "Z391FYOSFHL9U7_gcc-97.training.galaxyproject.eu_A",
                            "name": "gcc-97.training.galaxyproject.eu",
                            "records.#": "1",
                            "records.1528223997": "149.165.157.206",
                            "set_identifier": "",
                            "ttl": "7200",
                            "type": "A",
                            "zone_id": "Z391FYOSFHL9U7"
                        },
                        "meta": {
                            "schema_version": "2"
                        },
                        "tainted": false
                    },
                    "deposed": [],
                    "provider": "provider.aws"
                },
                "aws_route53_record.gcc-98-training-galaxyproject-eu": {
                    "type": "aws_route53_record",
                    "depends_on": [],
                    "primary": {
                        "id": "Z391FYOSFHL9U7_gcc-98.training.galaxyproject.eu_A",
                        "attributes": {
                            "fqdn": "gcc-98.training.galaxyproject.eu",
                            "health_check_id": "",
                            "id": "Z391FYOSFHL9U7_gcc-98.training.galaxyproject.eu_A",
                            "name": "gcc-98.training.galaxyproject.eu",
                            "records.#": "1",
                            "records.1163931045": "149.165.157.212",
                            "set_identifier": "",
                            "ttl": "7200",
                            "type": "A",
                            "zone_id": "Z391FYOSFHL9U7"
                        },
                        "meta": {
                            "schema_version": "2"
                        },
                        "tainted": false
                    },
                    "deposed": [],
                    "provider": "provider.aws"
                },
                "aws_route53_record.gcc-99-training-galaxyproject-eu": {
                    "type": "aws_route53_record",
                    "depends_on": [],
                    "primary": {
                        "id": "Z391FYOSFHL9U7_gcc-99.training.galaxyproject.eu_A",
                        "attributes": {
                            "fqdn": "gcc-99.training.galaxyproject.eu",
                            "health_check_id": "",
                            "id": "Z391FYOSFHL9U7_gcc-99.training.galaxyproject.eu_A",
                            "name": "gcc-99.training.galaxyproject.eu",
                            "records.#": "1",
                            "records.3165582842": "149.165.157.208",
                            "set_identifier": "",
                            "ttl": "7200",
                            "type": "A",
                            "zone_id": "Z391FYOSFHL9U7"
                        },
                        "meta": {
                            "schema_version": "2"
                        },
                        "tainted": false
                    },
                    "deposed": [],
                    "provider": "provider.aws"
                },
                "aws_route53_record.influxdb-usegalaxy-internal": {
                    "type": "aws_route53_record",
                    "depends_on": [
                        "openstack_compute_instance_v2.influxdb-usegalaxy"
                    ],
                    "primary": {
                        "id": "Z391FYOSFHL9U7_influxdb.galaxyproject.eu_A",
                        "attributes": {
                            "allow_overwrite": "true",
                            "fqdn": "influxdb.galaxyproject.eu",
                            "health_check_id": "",
                            "id": "Z391FYOSFHL9U7_influxdb.galaxyproject.eu_A",
                            "name": "influxdb.galaxyproject.eu",
                            "records.#": "1",
                            "records.361973662": "192.52.32.34",
                            "set_identifier": "",
                            "ttl": "7200",
                            "type": "A",
                            "zone_id": "Z391FYOSFHL9U7"
                        },
                        "meta": {
                            "schema_version": "2"
                        },
                        "tainted": false
                    },
                    "deposed": [],
                    "provider": "provider.aws"
                },
                "aws_route53_record.mx": {
                    "type": "aws_route53_record",
                    "depends_on": [],
                    "primary": {
                        "id": "Z3BOXJYLR7ZV7D_usegalaxy.eu_MX",
                        "attributes": {
                            "allow_overwrite": "true",
                            "fqdn": "usegalaxy.eu",
                            "health_check_id": "",
                            "id": "Z3BOXJYLR7ZV7D_usegalaxy.eu_MX",
                            "name": "usegalaxy.eu",
                            "records.#": "2",
                            "records.23861953": "10 mxb.mailgun.org",
                            "records.3165025807": "10 mxa.mailgun.org",
                            "set_identifier": "",
                            "ttl": "7200",
                            "type": "MX",
                            "zone_id": "Z3BOXJYLR7ZV7D"
                        },
                        "meta": {
                            "schema_version": "2"
                        },
                        "tainted": false
                    },
                    "deposed": [],
                    "provider": "provider.aws"
                },
                "aws_route53_record.proxy": {
                    "type": "aws_route53_record",
                    "depends_on": [
                        "openstack_compute_instance_v2.proxy-internal"
                    ],
                    "primary": {
                        "id": "Z391FYOSFHL9U7_proxy.galaxyproject.eu_A",
                        "attributes": {
                            "allow_overwrite": "true",
                            "fqdn": "proxy.galaxyproject.eu",
                            "health_check_id": "",
                            "id": "Z391FYOSFHL9U7_proxy.galaxyproject.eu_A",
                            "name": "proxy.galaxyproject.eu",
                            "records.#": "1",
                            "records.497682074": "132.230.223.7",
                            "set_identifier": "",
                            "ttl": "300",
                            "type": "A",
                            "zone_id": "Z391FYOSFHL9U7"
                        },
                        "meta": {
                            "schema_version": "2"
                        },
                        "tainted": false
                    },
                    "deposed": [],
                    "provider": "provider.aws"
                },
                "aws_route53_record.proxy-internal": {
                    "type": "aws_route53_record",
                    "depends_on": [],
                    "primary": {
                        "id": "Z391FYOSFHL9U7_proxy.internal.galaxyproject.eu_A",
                        "attributes": {
                            "allow_overwrite": "true",
                            "fqdn": "proxy.internal.galaxyproject.eu",
                            "health_check_id": "",
                            "id": "Z391FYOSFHL9U7_proxy.internal.galaxyproject.eu_A",
                            "name": "proxy.internal.galaxyproject.eu",
                            "records.#": "1",
                            "records.497682074": "132.230.223.7",
                            "set_identifier": "",
                            "ttl": "7200",
                            "type": "A",
                            "zone_id": "Z391FYOSFHL9U7"
                        },
                        "meta": {
                            "schema_version": "2"
                        },
                        "tainted": false
                    },
                    "deposed": [],
                    "provider": "provider.aws"
                },
                "aws_route53_record.sentry-usegalaxy": {
                    "type": "aws_route53_record",
                    "depends_on": [
                        "openstack_compute_instance_v2.sentry-usegalaxy"
                    ],
                    "primary": {
                        "id": "Z391FYOSFHL9U7_sentry.galaxyproject.eu_A",
                        "attributes": {
                            "allow_overwrite": "true",
                            "fqdn": "sentry.galaxyproject.eu",
                            "health_check_id": "",
                            "id": "Z391FYOSFHL9U7_sentry.galaxyproject.eu_A",
                            "name": "sentry.galaxyproject.eu",
                            "records.#": "1",
                            "records.1408833887": "192.52.34.70",
                            "set_identifier": "",
                            "ttl": "7200",
                            "type": "A",
                            "zone_id": "Z391FYOSFHL9U7"
                        },
                        "meta": {
                            "schema_version": "2"
                        },
                        "tainted": false
                    },
                    "deposed": [],
                    "provider": "provider.aws"
                },
                "aws_route53_record.spf": {
                    "type": "aws_route53_record",
                    "depends_on": [],
                    "primary": {
                        "id": "Z3BOXJYLR7ZV7D_usegalaxy.eu_TXT",
                        "attributes": {
                            "allow_overwrite": "true",
                            "fqdn": "usegalaxy.eu",
                            "health_check_id": "",
                            "id": "Z3BOXJYLR7ZV7D_usegalaxy.eu_TXT",
                            "name": "usegalaxy.eu",
                            "records.#": "1",
                            "records.1008113961": "v=spf1 include:mailgun.org ~all",
                            "set_identifier": "",
                            "ttl": "7200",
                            "type": "TXT",
                            "zone_id": "Z3BOXJYLR7ZV7D"
                        },
                        "meta": {
                            "schema_version": "2"
                        },
                        "tainted": false
                    },
                    "deposed": [],
                    "provider": "provider.aws"
                },
                "aws_route53_record.stats-usegalaxy": {
                    "type": "aws_route53_record",
                    "depends_on": [
                        "openstack_compute_instance_v2.stats-usegalaxy"
                    ],
                    "primary": {
                        "id": "Z391FYOSFHL9U7_stats.galaxyproject.eu_A",
                        "attributes": {
                            "allow_overwrite": "true",
                            "fqdn": "stats.galaxyproject.eu",
                            "health_check_id": "",
                            "id": "Z391FYOSFHL9U7_stats.galaxyproject.eu_A",
                            "name": "stats.galaxyproject.eu",
                            "records.#": "1",
                            "records.2707896510": "192.52.32.138",
                            "set_identifier": "",
                            "ttl": "7200",
                            "type": "A",
                            "zone_id": "Z391FYOSFHL9U7"
                        },
                        "meta": {
                            "schema_version": "2"
                        },
                        "tainted": false
                    },
                    "deposed": [],
                    "provider": "provider.aws"
                },
                "aws_route53_record.subdomain-internal": {
                    "type": "aws_route53_record",
                    "depends_on": [],
                    "primary": {
                        "id": "Z391FYOSFHL9U7_cvmfs1-ufr0.galaxyproject.eu_CNAME",
                        "attributes": {
                            "allow_overwrite": "true",
                            "fqdn": "cvmfs1-ufr0.galaxyproject.eu",
                            "health_check_id": "",
                            "id": "Z391FYOSFHL9U7_cvmfs1-ufr0.galaxyproject.eu_CNAME",
                            "name": "cvmfs1-ufr0.galaxyproject.eu",
                            "records.#": "1",
                            "records.2820179757": "proxy.internal.galaxyproject.eu",
                            "set_identifier": "",
                            "ttl": "7200",
                            "type": "CNAME",
                            "zone_id": "Z391FYOSFHL9U7"
                        },
                        "meta": {
                            "schema_version": "2"
                        },
                        "tainted": false
                    },
                    "deposed": [],
                    "provider": "provider.aws"
                },
                "aws_route53_record.subdomains-project.0": {
                    "type": "aws_route53_record",
                    "depends_on": [],
                    "primary": {
                        "id": "Z391FYOSFHL9U7_status.galaxyproject.eu_CNAME",
                        "attributes": {
                            "allow_overwrite": "true",
                            "fqdn": "status.galaxyproject.eu",
                            "health_check_id": "",
                            "id": "Z391FYOSFHL9U7_status.galaxyproject.eu_CNAME",
                            "name": "status.galaxyproject.eu",
                            "records.#": "1",
                            "records.1735605372": "galaxyproject.eu",
                            "set_identifier": "",
                            "ttl": "7200",
                            "type": "CNAME",
                            "zone_id": "Z391FYOSFHL9U7"
                        },
                        "meta": {
                            "schema_version": "2"
                        },
                        "tainted": false
                    },
                    "deposed": [],
                    "provider": "provider.aws"
                },
                "aws_route53_record.subdomains-project.1": {
                    "type": "aws_route53_record",
                    "depends_on": [],
                    "primary": {
                        "id": "Z391FYOSFHL9U7_telescope.galaxyproject.eu_CNAME",
                        "attributes": {
                            "allow_overwrite": "true",
                            "fqdn": "telescope.galaxyproject.eu",
                            "health_check_id": "",
                            "id": "Z391FYOSFHL9U7_telescope.galaxyproject.eu_CNAME",
                            "name": "telescope.galaxyproject.eu",
                            "records.#": "1",
                            "records.1735605372": "galaxyproject.eu",
                            "set_identifier": "",
                            "ttl": "7200",
                            "type": "CNAME",
                            "zone_id": "Z391FYOSFHL9U7"
                        },
                        "meta": {
                            "schema_version": "2"
                        },
                        "tainted": false
                    },
                    "deposed": [],
                    "provider": "provider.aws"
                },
                "aws_route53_record.subdomains.0": {
                    "type": "aws_route53_record",
                    "depends_on": [],
                    "primary": {
                        "id": "Z3BOXJYLR7ZV7D_ecology.usegalaxy.eu_CNAME",
                        "attributes": {
                            "allow_overwrite": "true",
                            "fqdn": "ecology.usegalaxy.eu",
                            "health_check_id": "",
                            "id": "Z3BOXJYLR7ZV7D_ecology.usegalaxy.eu_CNAME",
                            "name": "ecology.usegalaxy.eu",
                            "records.#": "1",
                            "records.3916187848": "usegalaxy.eu",
                            "set_identifier": "",
                            "ttl": "7200",
                            "type": "CNAME",
                            "zone_id": "Z3BOXJYLR7ZV7D"
                        },
                        "meta": {
                            "schema_version": "2"
                        },
                        "tainted": false
                    },
                    "deposed": [],
                    "provider": "provider.aws"
                },
                "aws_route53_record.subdomains.1": {
                    "type": "aws_route53_record",
                    "depends_on": [],
                    "primary": {
                        "id": "Z3BOXJYLR7ZV7D_hicexplorer.usegalaxy.eu_CNAME",
                        "attributes": {
                            "allow_overwrite": "true",
                            "fqdn": "hicexplorer.usegalaxy.eu",
                            "health_check_id": "",
                            "id": "Z3BOXJYLR7ZV7D_hicexplorer.usegalaxy.eu_CNAME",
                            "name": "hicexplorer.usegalaxy.eu",
                            "records.#": "1",
                            "records.3916187848": "usegalaxy.eu",
                            "set_identifier": "",
                            "ttl": "7200",
                            "type": "CNAME",
                            "zone_id": "Z3BOXJYLR7ZV7D"
                        },
                        "meta": {
                            "schema_version": "2"
                        },
                        "tainted": false
                    },
                    "deposed": [],
                    "provider": "provider.aws"
                },
                "aws_route53_record.subdomains.10": {
                    "type": "aws_route53_record",
                    "depends_on": [],
                    "primary": {
                        "id": "Z3BOXJYLR7ZV7D_old.usegalaxy.eu_CNAME",
                        "attributes": {
                            "allow_overwrite": "true",
                            "fqdn": "old.usegalaxy.eu",
                            "health_check_id": "",
                            "id": "Z3BOXJYLR7ZV7D_old.usegalaxy.eu_CNAME",
                            "name": "old.usegalaxy.eu",
                            "records.#": "1",
                            "records.3916187848": "usegalaxy.eu",
                            "set_identifier": "",
                            "ttl": "7200",
                            "type": "CNAME",
                            "zone_id": "Z3BOXJYLR7ZV7D"
                        },
                        "meta": {
                            "schema_version": "2"
                        },
                        "tainted": false
                    },
                    "deposed": [],
                    "provider": "provider.aws"
                },
                "aws_route53_record.subdomains.11": {
                    "type": "aws_route53_record",
                    "depends_on": [],
                    "primary": {
                        "id": "Z3BOXJYLR7ZV7D_streetscience.usegalaxy.eu_CNAME",
                        "attributes": {
                            "allow_overwrite": "true",
                            "fqdn": "streetscience.usegalaxy.eu",
                            "health_check_id": "",
                            "id": "Z3BOXJYLR7ZV7D_streetscience.usegalaxy.eu_CNAME",
                            "name": "streetscience.usegalaxy.eu",
                            "records.#": "1",
                            "records.3916187848": "usegalaxy.eu",
                            "set_identifier": "",
                            "ttl": "7200",
                            "type": "CNAME",
                            "zone_id": "Z3BOXJYLR7ZV7D"
                        },
                        "meta": {
                            "schema_version": "2"
                        },
                        "tainted": false
                    },
                    "deposed": [],
                    "provider": "provider.aws"
                },
                "aws_route53_record.subdomains.12": {
                    "type": "aws_route53_record",
                    "depends_on": [],
                    "primary": {
                        "id": "Z3BOXJYLR7ZV7D_graphclust.usegalaxy.eu_CNAME",
                        "attributes": {
                            "allow_overwrite": "true",
                            "fqdn": "graphclust.usegalaxy.eu",
                            "health_check_id": "",
                            "id": "Z3BOXJYLR7ZV7D_graphclust.usegalaxy.eu_CNAME",
                            "name": "graphclust.usegalaxy.eu",
                            "records.#": "1",
                            "records.3916187848": "usegalaxy.eu",
                            "set_identifier": "",
                            "ttl": "7200",
                            "type": "CNAME",
                            "zone_id": "Z3BOXJYLR7ZV7D"
                        },
                        "meta": {
                            "schema_version": "2"
                        },
                        "tainted": false
                    },
                    "deposed": [],
                    "provider": "provider.aws"
                },
                "aws_route53_record.subdomains.13": {
                    "type": "aws_route53_record",
                    "depends_on": [],
                    "primary": {
                        "id": "Z3BOXJYLR7ZV7D_cheminformatics.usegalaxy.eu_CNAME",
                        "attributes": {
                            "allow_overwrite": "true",
                            "fqdn": "cheminformatics.usegalaxy.eu",
                            "health_check_id": "",
                            "id": "Z3BOXJYLR7ZV7D_cheminformatics.usegalaxy.eu_CNAME",
                            "name": "cheminformatics.usegalaxy.eu",
                            "records.#": "1",
                            "records.3916187848": "usegalaxy.eu",
                            "set_identifier": "",
                            "ttl": "7200",
                            "type": "CNAME",
                            "zone_id": "Z3BOXJYLR7ZV7D"
                        },
                        "meta": {
                            "schema_version": "2"
                        },
                        "tainted": false
                    },
                    "deposed": [],
                    "provider": "provider.aws"
                },
                "aws_route53_record.subdomains.14": {
                    "type": "aws_route53_record",
                    "depends_on": [],
                    "primary": {
                        "id": "Z3BOXJYLR7ZV7D_imaging.usegalaxy.eu_CNAME",
                        "attributes": {
                            "allow_overwrite": "true",
                            "fqdn": "imaging.usegalaxy.eu",
                            "health_check_id": "",
                            "id": "Z3BOXJYLR7ZV7D_imaging.usegalaxy.eu_CNAME",
                            "name": "imaging.usegalaxy.eu",
                            "records.#": "1",
                            "records.3916187848": "usegalaxy.eu",
                            "set_identifier": "",
                            "ttl": "7200",
                            "type": "CNAME",
                            "zone_id": "Z3BOXJYLR7ZV7D"
                        },
                        "meta": {
                            "schema_version": "2"
                        },
                        "tainted": false
                    },
                    "deposed": [],
                    "provider": "provider.aws"
                },
                "aws_route53_record.subdomains.15": {
                    "type": "aws_route53_record",
                    "depends_on": [],
                    "primary": {
                        "id": "Z3BOXJYLR7ZV7D_singlecell.usegalaxy.eu_CNAME",
                        "attributes": {
                            "allow_overwrite": "true",
                            "fqdn": "singlecell.usegalaxy.eu",
                            "health_check_id": "",
                            "id": "Z3BOXJYLR7ZV7D_singlecell.usegalaxy.eu_CNAME",
                            "name": "singlecell.usegalaxy.eu",
                            "records.#": "1",
                            "records.3916187848": "usegalaxy.eu",
                            "set_identifier": "",
                            "ttl": "7200",
                            "type": "CNAME",
                            "zone_id": "Z3BOXJYLR7ZV7D"
                        },
                        "meta": {
                            "schema_version": "2"
                        },
                        "tainted": false
                    },
                    "deposed": [],
                    "provider": "provider.aws"
                },
                "aws_route53_record.subdomains.16": {
                    "type": "aws_route53_record",
                    "depends_on": [],
                    "primary": {
                        "id": "Z3BOXJYLR7ZV7D_climate.usegalaxy.eu_CNAME",
                        "attributes": {
                            "fqdn": "climate.usegalaxy.eu",
                            "health_check_id": "",
                            "id": "Z3BOXJYLR7ZV7D_climate.usegalaxy.eu_CNAME",
                            "name": "climate.usegalaxy.eu",
                            "records.#": "1",
                            "records.3916187848": "usegalaxy.eu",
                            "set_identifier": "",
                            "ttl": "7200",
                            "type": "CNAME",
                            "zone_id": "Z3BOXJYLR7ZV7D"
                        },
                        "meta": {
                            "schema_version": "2"
                        },
                        "tainted": false
                    },
                    "deposed": [],
                    "provider": "provider.aws"
                },
                "aws_route53_record.subdomains.17": {
                    "type": "aws_route53_record",
                    "depends_on": [],
                    "primary": {
                        "id": "Z3BOXJYLR7ZV7D_nanopore.usegalaxy.eu_CNAME",
                        "attributes": {
                            "fqdn": "nanopore.usegalaxy.eu",
                            "health_check_id": "",
                            "id": "Z3BOXJYLR7ZV7D_nanopore.usegalaxy.eu_CNAME",
                            "name": "nanopore.usegalaxy.eu",
                            "records.#": "1",
                            "records.3916187848": "usegalaxy.eu",
                            "set_identifier": "",
                            "ttl": "7200",
                            "type": "CNAME",
                            "zone_id": "Z3BOXJYLR7ZV7D"
                        },
                        "meta": {
                            "schema_version": "2"
                        },
                        "tainted": false
                    },
                    "deposed": [],
                    "provider": "provider.aws"
                },
                "aws_route53_record.subdomains.18": {
                    "type": "aws_route53_record",
                    "depends_on": [],
                    "primary": {
                        "id": "Z3BOXJYLR7ZV7D_metabolomics.usegalaxy.eu_CNAME",
                        "attributes": {
                            "fqdn": "metabolomics.usegalaxy.eu",
                            "health_check_id": "",
                            "id": "Z3BOXJYLR7ZV7D_metabolomics.usegalaxy.eu_CNAME",
                            "name": "metabolomics.usegalaxy.eu",
                            "records.#": "1",
                            "records.3916187848": "usegalaxy.eu",
                            "set_identifier": "",
                            "ttl": "7200",
                            "type": "CNAME",
                            "zone_id": "Z3BOXJYLR7ZV7D"
                        },
                        "meta": {
                            "schema_version": "2"
                        },
                        "tainted": false
                    },
                    "deposed": [],
                    "provider": "provider.aws"
                },
                "aws_route53_record.subdomains.19": {
                    "type": "aws_route53_record",
                    "depends_on": [],
                    "primary": {
                        "id": "Z3BOXJYLR7ZV7D_humancellatlas.usegalaxy.eu_CNAME",
                        "attributes": {
                            "fqdn": "humancellatlas.usegalaxy.eu",
                            "health_check_id": "",
                            "id": "Z3BOXJYLR7ZV7D_humancellatlas.usegalaxy.eu_CNAME",
                            "name": "humancellatlas.usegalaxy.eu",
                            "records.#": "1",
                            "records.3916187848": "usegalaxy.eu",
                            "set_identifier": "",
                            "ttl": "7200",
                            "type": "CNAME",
                            "zone_id": "Z3BOXJYLR7ZV7D"
                        },
                        "meta": {
                            "schema_version": "2"
                        },
                        "tainted": false
                    },
                    "deposed": [],
                    "provider": "provider.aws"
                },
                "aws_route53_record.subdomains.2": {
                    "type": "aws_route53_record",
                    "depends_on": [],
                    "primary": {
                        "id": "Z3BOXJYLR7ZV7D_metagenomics.usegalaxy.eu_CNAME",
                        "attributes": {
                            "allow_overwrite": "true",
                            "fqdn": "metagenomics.usegalaxy.eu",
                            "health_check_id": "",
                            "id": "Z3BOXJYLR7ZV7D_metagenomics.usegalaxy.eu_CNAME",
                            "name": "metagenomics.usegalaxy.eu",
                            "records.#": "1",
                            "records.3916187848": "usegalaxy.eu",
                            "set_identifier": "",
                            "ttl": "7200",
                            "type": "CNAME",
                            "zone_id": "Z3BOXJYLR7ZV7D"
                        },
                        "meta": {
                            "schema_version": "2"
                        },
                        "tainted": false
                    },
                    "deposed": [],
                    "provider": "provider.aws"
                },
                "aws_route53_record.subdomains.3": {
                    "type": "aws_route53_record",
                    "depends_on": [],
                    "primary": {
                        "id": "Z3BOXJYLR7ZV7D_rna.usegalaxy.eu_CNAME",
                        "attributes": {
                            "allow_overwrite": "true",
                            "fqdn": "rna.usegalaxy.eu",
                            "health_check_id": "",
                            "id": "Z3BOXJYLR7ZV7D_rna.usegalaxy.eu_CNAME",
                            "name": "rna.usegalaxy.eu",
                            "records.#": "1",
                            "records.3916187848": "usegalaxy.eu",
                            "set_identifier": "",
                            "ttl": "7200",
                            "type": "CNAME",
                            "zone_id": "Z3BOXJYLR7ZV7D"
                        },
                        "meta": {
                            "schema_version": "2"
                        },
                        "tainted": false
                    },
                    "deposed": [],
                    "provider": "provider.aws"
                },
                "aws_route53_record.subdomains.4": {
                    "type": "aws_route53_record",
                    "depends_on": [],
                    "primary": {
                        "id": "Z3BOXJYLR7ZV7D_build.usegalaxy.eu_CNAME",
                        "attributes": {
                            "allow_overwrite": "true",
                            "fqdn": "build.usegalaxy.eu",
                            "health_check_id": "",
                            "id": "Z3BOXJYLR7ZV7D_build.usegalaxy.eu_CNAME",
                            "name": "build.usegalaxy.eu",
                            "records.#": "1",
                            "records.3916187848": "usegalaxy.eu",
                            "set_identifier": "",
                            "ttl": "7200",
                            "type": "CNAME",
                            "zone_id": "Z3BOXJYLR7ZV7D"
                        },
                        "meta": {
                            "schema_version": "2"
                        },
                        "tainted": false
                    },
                    "deposed": [],
                    "provider": "provider.aws"
                },
                "aws_route53_record.subdomains.5": {
                    "type": "aws_route53_record",
                    "depends_on": [],
                    "primary": {
                        "id": "Z3BOXJYLR7ZV7D_stats.usegalaxy.eu_CNAME",
                        "attributes": {
                            "allow_overwrite": "true",
                            "fqdn": "stats.usegalaxy.eu",
                            "health_check_id": "",
                            "id": "Z3BOXJYLR7ZV7D_stats.usegalaxy.eu_CNAME",
                            "name": "stats.usegalaxy.eu",
                            "records.#": "1",
                            "records.3916187848": "usegalaxy.eu",
                            "set_identifier": "",
                            "ttl": "7200",
                            "type": "CNAME",
                            "zone_id": "Z3BOXJYLR7ZV7D"
                        },
                        "meta": {
                            "schema_version": "2"
                        },
                        "tainted": false
                    },
                    "deposed": [],
                    "provider": "provider.aws"
                },
                "aws_route53_record.subdomains.6": {
                    "type": "aws_route53_record",
                    "depends_on": [],
                    "primary": {
                        "id": "Z3BOXJYLR7ZV7D_beta.usegalaxy.eu_CNAME",
                        "attributes": {
                            "allow_overwrite": "true",
                            "fqdn": "beta.usegalaxy.eu",
                            "health_check_id": "",
                            "id": "Z3BOXJYLR7ZV7D_beta.usegalaxy.eu_CNAME",
                            "name": "beta.usegalaxy.eu",
                            "records.#": "1",
                            "records.3916187848": "usegalaxy.eu",
                            "set_identifier": "",
                            "ttl": "7200",
                            "type": "CNAME",
                            "zone_id": "Z3BOXJYLR7ZV7D"
                        },
                        "meta": {
                            "schema_version": "2"
                        },
                        "tainted": false
                    },
                    "deposed": [],
                    "provider": "provider.aws"
                },
                "aws_route53_record.subdomains.7": {
                    "type": "aws_route53_record",
                    "depends_on": [],
                    "primary": {
                        "id": "Z3BOXJYLR7ZV7D_proteomics.usegalaxy.eu_CNAME",
                        "attributes": {
                            "allow_overwrite": "true",
                            "fqdn": "proteomics.usegalaxy.eu",
                            "health_check_id": "",
                            "id": "Z3BOXJYLR7ZV7D_proteomics.usegalaxy.eu_CNAME",
                            "name": "proteomics.usegalaxy.eu",
                            "records.#": "1",
                            "records.3916187848": "usegalaxy.eu",
                            "set_identifier": "",
                            "ttl": "7200",
                            "type": "CNAME",
                            "zone_id": "Z3BOXJYLR7ZV7D"
                        },
                        "meta": {
                            "schema_version": "2"
                        },
                        "tainted": false
                    },
                    "deposed": [],
                    "provider": "provider.aws"
                },
                "aws_route53_record.subdomains.8": {
                    "type": "aws_route53_record",
                    "depends_on": [],
                    "primary": {
                        "id": "Z3BOXJYLR7ZV7D_clipseq.usegalaxy.eu_CNAME",
                        "attributes": {
                            "allow_overwrite": "true",
                            "fqdn": "clipseq.usegalaxy.eu",
                            "health_check_id": "",
                            "id": "Z3BOXJYLR7ZV7D_clipseq.usegalaxy.eu_CNAME",
                            "name": "clipseq.usegalaxy.eu",
                            "records.#": "1",
                            "records.3916187848": "usegalaxy.eu",
                            "set_identifier": "",
                            "ttl": "7200",
                            "type": "CNAME",
                            "zone_id": "Z3BOXJYLR7ZV7D"
                        },
                        "meta": {
                            "schema_version": "2"
                        },
                        "tainted": false
                    },
                    "deposed": [],
                    "provider": "provider.aws"
                },
                "aws_route53_record.subdomains.9": {
                    "type": "aws_route53_record",
                    "depends_on": [],
                    "primary": {
                        "id": "Z3BOXJYLR7ZV7D_test.usegalaxy.eu_CNAME",
                        "attributes": {
                            "allow_overwrite": "true",
                            "fqdn": "test.usegalaxy.eu",
                            "health_check_id": "",
                            "id": "Z3BOXJYLR7ZV7D_test.usegalaxy.eu_CNAME",
                            "name": "test.usegalaxy.eu",
                            "records.#": "1",
                            "records.3916187848": "usegalaxy.eu",
                            "set_identifier": "",
                            "ttl": "7200",
                            "type": "CNAME",
                            "zone_id": "Z3BOXJYLR7ZV7D"
                        },
                        "meta": {
                            "schema_version": "2"
                        },
                        "tainted": false
                    },
                    "deposed": [],
                    "provider": "provider.aws"
                },
                "aws_route53_record.telescope": {
                    "type": "aws_route53_record",
                    "depends_on": [
                        "openstack_compute_instance_v2.telescope"
                    ],
                    "primary": {
                        "id": "Z391FYOSFHL9U7_telescope.internal.galaxyproject.eu_A",
                        "attributes": {
                            "fqdn": "telescope.internal.galaxyproject.eu",
                            "health_check_id": "",
                            "id": "Z391FYOSFHL9U7_telescope.internal.galaxyproject.eu_A",
                            "name": "telescope.internal.galaxyproject.eu",
                            "records.#": "1",
                            "records.995855232": "10.5.68.42",
                            "set_identifier": "",
                            "ttl": "7200",
                            "type": "A",
                            "zone_id": "Z391FYOSFHL9U7"
                        },
                        "meta": {
                            "schema_version": "2"
                        },
                        "tainted": false
                    },
                    "deposed": [],
                    "provider": "provider.aws"
                },
                "aws_route53_record.test-galaxy": {
                    "type": "aws_route53_record",
                    "depends_on": [
                        "openstack_compute_instance_v2.test-galaxy"
                    ],
                    "primary": {
                        "id": "Z3BOXJYLR7ZV7D_test.internal.usegalaxy.eu_A",
                        "attributes": {
                            "allow_overwrite": "true",
                            "fqdn": "test.internal.usegalaxy.eu",
                            "health_check_id": "",
                            "id": "Z3BOXJYLR7ZV7D_test.internal.usegalaxy.eu_A",
                            "name": "test.internal.usegalaxy.eu",
                            "records.#": "1",
                            "records.3253565590": "10.5.68.202",
                            "set_identifier": "",
                            "ttl": "600",
                            "type": "A",
                            "zone_id": "Z3BOXJYLR7ZV7D"
                        },
                        "meta": {
                            "schema_version": "2"
                        },
                        "tainted": false
                    },
                    "deposed": [],
                    "provider": "provider.aws"
                },
                "aws_route53_record.training-vm.0": {
                    "type": "aws_route53_record",
                    "depends_on": [
                        "openstack_compute_instance_v2.training-vm.*"
                    ],
                    "primary": {
                        "id": "Z391FYOSFHL9U7_gcc-0.training.galaxyproject.eu_A",
                        "attributes": {
                            "fqdn": "gcc-0.training.galaxyproject.eu",
                            "health_check_id": "",
                            "id": "Z391FYOSFHL9U7_gcc-0.training.galaxyproject.eu_A",
                            "name": "gcc-0.training.galaxyproject.eu",
                            "records.#": "1",
                            "records.1189025209": "192.52.32.136",
                            "set_identifier": "",
                            "ttl": "7200",
                            "type": "A",
                            "zone_id": "Z391FYOSFHL9U7"
                        },
                        "meta": {
                            "schema_version": "2"
                        },
                        "tainted": false
                    },
                    "deposed": [],
                    "provider": "provider.aws"
                },
                "aws_route53_record.training-vm.1": {
                    "type": "aws_route53_record",
                    "depends_on": [
                        "openstack_compute_instance_v2.training-vm.*"
                    ],
                    "primary": {
                        "id": "Z391FYOSFHL9U7_gcc-1.training.galaxyproject.eu_A",
                        "attributes": {
                            "fqdn": "gcc-1.training.galaxyproject.eu",
                            "health_check_id": "",
                            "id": "Z391FYOSFHL9U7_gcc-1.training.galaxyproject.eu_A",
                            "name": "gcc-1.training.galaxyproject.eu",
                            "records.#": "1",
                            "records.76195964": "192.52.34.255",
                            "set_identifier": "",
                            "ttl": "7200",
                            "type": "A",
                            "zone_id": "Z391FYOSFHL9U7"
                        },
                        "meta": {
                            "schema_version": "2"
                        },
                        "tainted": false
                    },
                    "deposed": [],
                    "provider": "provider.aws"
                },
                "aws_route53_record.training-vm.10": {
                    "type": "aws_route53_record",
                    "depends_on": [
                        "openstack_compute_instance_v2.training-vm.*"
                    ],
                    "primary": {
                        "id": "Z391FYOSFHL9U7_gcc-10.training.galaxyproject.eu_A",
                        "attributes": {
                            "fqdn": "gcc-10.training.galaxyproject.eu",
                            "health_check_id": "",
                            "id": "Z391FYOSFHL9U7_gcc-10.training.galaxyproject.eu_A",
                            "name": "gcc-10.training.galaxyproject.eu",
                            "records.#": "1",
                            "records.3856627651": "192.52.34.102",
                            "set_identifier": "",
                            "ttl": "7200",
                            "type": "A",
                            "zone_id": "Z391FYOSFHL9U7"
                        },
                        "meta": {
                            "schema_version": "2"
                        },
                        "tainted": false
                    },
                    "deposed": [],
                    "provider": "provider.aws"
                },
                "aws_route53_record.training-vm.11": {
                    "type": "aws_route53_record",
                    "depends_on": [
                        "openstack_compute_instance_v2.training-vm.*"
                    ],
                    "primary": {
                        "id": "Z391FYOSFHL9U7_gcc-11.training.galaxyproject.eu_A",
                        "attributes": {
                            "fqdn": "gcc-11.training.galaxyproject.eu",
                            "health_check_id": "",
                            "id": "Z391FYOSFHL9U7_gcc-11.training.galaxyproject.eu_A",
                            "name": "gcc-11.training.galaxyproject.eu",
                            "records.#": "1",
                            "records.1301277703": "192.52.34.64",
                            "set_identifier": "",
                            "ttl": "7200",
                            "type": "A",
                            "zone_id": "Z391FYOSFHL9U7"
                        },
                        "meta": {
                            "schema_version": "2"
                        },
                        "tainted": false
                    },
                    "deposed": [],
                    "provider": "provider.aws"
                },
                "aws_route53_record.training-vm.12": {
                    "type": "aws_route53_record",
                    "depends_on": [
                        "openstack_compute_instance_v2.training-vm.*"
                    ],
                    "primary": {
                        "id": "Z391FYOSFHL9U7_gcc-12.training.galaxyproject.eu_A",
                        "attributes": {
                            "fqdn": "gcc-12.training.galaxyproject.eu",
                            "health_check_id": "",
                            "id": "Z391FYOSFHL9U7_gcc-12.training.galaxyproject.eu_A",
                            "name": "gcc-12.training.galaxyproject.eu",
                            "records.#": "1",
                            "records.2249026266": "192.52.32.81",
                            "set_identifier": "",
                            "ttl": "7200",
                            "type": "A",
                            "zone_id": "Z391FYOSFHL9U7"
                        },
                        "meta": {
                            "schema_version": "2"
                        },
                        "tainted": false
                    },
                    "deposed": [],
                    "provider": "provider.aws"
                },
                "aws_route53_record.training-vm.13": {
                    "type": "aws_route53_record",
                    "depends_on": [
                        "openstack_compute_instance_v2.training-vm.*"
                    ],
                    "primary": {
                        "id": "Z391FYOSFHL9U7_gcc-13.training.galaxyproject.eu_A",
                        "attributes": {
                            "fqdn": "gcc-13.training.galaxyproject.eu",
                            "health_check_id": "",
                            "id": "Z391FYOSFHL9U7_gcc-13.training.galaxyproject.eu_A",
                            "name": "gcc-13.training.galaxyproject.eu",
                            "records.#": "1",
                            "records.2903809328": "192.52.34.191",
                            "set_identifier": "",
                            "ttl": "7200",
                            "type": "A",
                            "zone_id": "Z391FYOSFHL9U7"
                        },
                        "meta": {
                            "schema_version": "2"
                        },
                        "tainted": false
                    },
                    "deposed": [],
                    "provider": "provider.aws"
                },
                "aws_route53_record.training-vm.14": {
                    "type": "aws_route53_record",
                    "depends_on": [
                        "openstack_compute_instance_v2.training-vm.*"
                    ],
                    "primary": {
                        "id": "Z391FYOSFHL9U7_gcc-14.training.galaxyproject.eu_A",
                        "attributes": {
                            "fqdn": "gcc-14.training.galaxyproject.eu",
                            "health_check_id": "",
                            "id": "Z391FYOSFHL9U7_gcc-14.training.galaxyproject.eu_A",
                            "name": "gcc-14.training.galaxyproject.eu",
                            "records.#": "1",
                            "records.1845194162": "192.52.34.240",
                            "set_identifier": "",
                            "ttl": "7200",
                            "type": "A",
                            "zone_id": "Z391FYOSFHL9U7"
                        },
                        "meta": {
                            "schema_version": "2"
                        },
                        "tainted": false
                    },
                    "deposed": [],
                    "provider": "provider.aws"
                },
                "aws_route53_record.training-vm.15": {
                    "type": "aws_route53_record",
                    "depends_on": [
                        "openstack_compute_instance_v2.training-vm.*"
                    ],
                    "primary": {
                        "id": "Z391FYOSFHL9U7_gcc-15.training.galaxyproject.eu_A",
                        "attributes": {
                            "fqdn": "gcc-15.training.galaxyproject.eu",
                            "health_check_id": "",
                            "id": "Z391FYOSFHL9U7_gcc-15.training.galaxyproject.eu_A",
                            "name": "gcc-15.training.galaxyproject.eu",
                            "records.#": "1",
                            "records.3168693974": "192.52.34.237",
                            "set_identifier": "",
                            "ttl": "7200",
                            "type": "A",
                            "zone_id": "Z391FYOSFHL9U7"
                        },
                        "meta": {
                            "schema_version": "2"
                        },
                        "tainted": false
                    },
                    "deposed": [],
                    "provider": "provider.aws"
                },
                "aws_route53_record.training-vm.16": {
                    "type": "aws_route53_record",
                    "depends_on": [
                        "openstack_compute_instance_v2.training-vm.*"
                    ],
                    "primary": {
                        "id": "Z391FYOSFHL9U7_gcc-16.training.galaxyproject.eu_A",
                        "attributes": {
                            "fqdn": "gcc-16.training.galaxyproject.eu",
                            "health_check_id": "",
                            "id": "Z391FYOSFHL9U7_gcc-16.training.galaxyproject.eu_A",
                            "name": "gcc-16.training.galaxyproject.eu",
                            "records.#": "1",
                            "records.2426337548": "192.52.34.203",
                            "set_identifier": "",
                            "ttl": "7200",
                            "type": "A",
                            "zone_id": "Z391FYOSFHL9U7"
                        },
                        "meta": {
                            "schema_version": "2"
                        },
                        "tainted": false
                    },
                    "deposed": [],
                    "provider": "provider.aws"
                },
                "aws_route53_record.training-vm.17": {
                    "type": "aws_route53_record",
                    "depends_on": [
                        "openstack_compute_instance_v2.training-vm.*"
                    ],
                    "primary": {
                        "id": "Z391FYOSFHL9U7_gcc-17.training.galaxyproject.eu_A",
                        "attributes": {
                            "fqdn": "gcc-17.training.galaxyproject.eu",
                            "health_check_id": "",
                            "id": "Z391FYOSFHL9U7_gcc-17.training.galaxyproject.eu_A",
                            "name": "gcc-17.training.galaxyproject.eu",
                            "records.#": "1",
                            "records.2743176491": "192.52.34.66",
                            "set_identifier": "",
                            "ttl": "7200",
                            "type": "A",
                            "zone_id": "Z391FYOSFHL9U7"
                        },
                        "meta": {
                            "schema_version": "2"
                        },
                        "tainted": false
                    },
                    "deposed": [],
                    "provider": "provider.aws"
                },
                "aws_route53_record.training-vm.18": {
                    "type": "aws_route53_record",
                    "depends_on": [
                        "openstack_compute_instance_v2.training-vm.*"
                    ],
                    "primary": {
                        "id": "Z391FYOSFHL9U7_gcc-18.training.galaxyproject.eu_A",
                        "attributes": {
                            "fqdn": "gcc-18.training.galaxyproject.eu",
                            "health_check_id": "",
                            "id": "Z391FYOSFHL9U7_gcc-18.training.galaxyproject.eu_A",
                            "name": "gcc-18.training.galaxyproject.eu",
                            "records.#": "1",
                            "records.3134465091": "192.52.34.189",
                            "set_identifier": "",
                            "ttl": "7200",
                            "type": "A",
                            "zone_id": "Z391FYOSFHL9U7"
                        },
                        "meta": {
                            "schema_version": "2"
                        },
                        "tainted": false
                    },
                    "deposed": [],
                    "provider": "provider.aws"
                },
                "aws_route53_record.training-vm.19": {
                    "type": "aws_route53_record",
                    "depends_on": [
                        "openstack_compute_instance_v2.training-vm.*"
                    ],
                    "primary": {
                        "id": "Z391FYOSFHL9U7_gcc-19.training.galaxyproject.eu_A",
                        "attributes": {
                            "fqdn": "gcc-19.training.galaxyproject.eu",
                            "health_check_id": "",
                            "id": "Z391FYOSFHL9U7_gcc-19.training.galaxyproject.eu_A",
                            "name": "gcc-19.training.galaxyproject.eu",
                            "records.#": "1",
                            "records.1389367290": "192.52.34.235",
                            "set_identifier": "",
                            "ttl": "7200",
                            "type": "A",
                            "zone_id": "Z391FYOSFHL9U7"
                        },
                        "meta": {
                            "schema_version": "2"
                        },
                        "tainted": false
                    },
                    "deposed": [],
                    "provider": "provider.aws"
                },
                "aws_route53_record.training-vm.2": {
                    "type": "aws_route53_record",
                    "depends_on": [
                        "openstack_compute_instance_v2.training-vm.*"
                    ],
                    "primary": {
                        "id": "Z391FYOSFHL9U7_gcc-2.training.galaxyproject.eu_A",
                        "attributes": {
                            "fqdn": "gcc-2.training.galaxyproject.eu",
                            "health_check_id": "",
                            "id": "Z391FYOSFHL9U7_gcc-2.training.galaxyproject.eu_A",
                            "name": "gcc-2.training.galaxyproject.eu",
                            "records.#": "1",
                            "records.781118746": "192.52.34.20",
                            "set_identifier": "",
                            "ttl": "7200",
                            "type": "A",
                            "zone_id": "Z391FYOSFHL9U7"
                        },
                        "meta": {
                            "schema_version": "2"
                        },
                        "tainted": false
                    },
                    "deposed": [],
                    "provider": "provider.aws"
                },
                "aws_route53_record.training-vm.20": {
                    "type": "aws_route53_record",
                    "depends_on": [
                        "openstack_compute_instance_v2.training-vm.*"
                    ],
                    "primary": {
                        "id": "Z391FYOSFHL9U7_gcc-20.training.galaxyproject.eu_A",
                        "attributes": {
                            "fqdn": "gcc-20.training.galaxyproject.eu",
                            "health_check_id": "",
                            "id": "Z391FYOSFHL9U7_gcc-20.training.galaxyproject.eu_A",
                            "name": "gcc-20.training.galaxyproject.eu",
                            "records.#": "1",
                            "records.1607061849": "192.52.33.253",
                            "set_identifier": "",
                            "ttl": "7200",
                            "type": "A",
                            "zone_id": "Z391FYOSFHL9U7"
                        },
                        "meta": {
                            "schema_version": "2"
                        },
                        "tainted": false
                    },
                    "deposed": [],
                    "provider": "provider.aws"
                },
                "aws_route53_record.training-vm.21": {
                    "type": "aws_route53_record",
                    "depends_on": [
                        "openstack_compute_instance_v2.training-vm.*"
                    ],
                    "primary": {
                        "id": "Z391FYOSFHL9U7_gcc-21.training.galaxyproject.eu_A",
                        "attributes": {
                            "fqdn": "gcc-21.training.galaxyproject.eu",
                            "health_check_id": "",
                            "id": "Z391FYOSFHL9U7_gcc-21.training.galaxyproject.eu_A",
                            "name": "gcc-21.training.galaxyproject.eu",
                            "records.#": "1",
                            "records.1788258731": "192.52.34.244",
                            "set_identifier": "",
                            "ttl": "7200",
                            "type": "A",
                            "zone_id": "Z391FYOSFHL9U7"
                        },
                        "meta": {
                            "schema_version": "2"
                        },
                        "tainted": false
                    },
                    "deposed": [],
                    "provider": "provider.aws"
                },
                "aws_route53_record.training-vm.22": {
                    "type": "aws_route53_record",
                    "depends_on": [
                        "openstack_compute_instance_v2.training-vm.*"
                    ],
                    "primary": {
                        "id": "Z391FYOSFHL9U7_gcc-22.training.galaxyproject.eu_A",
                        "attributes": {
                            "fqdn": "gcc-22.training.galaxyproject.eu",
                            "health_check_id": "",
                            "id": "Z391FYOSFHL9U7_gcc-22.training.galaxyproject.eu_A",
                            "name": "gcc-22.training.galaxyproject.eu",
                            "records.#": "1",
                            "records.1143109075": "192.52.35.7",
                            "set_identifier": "",
                            "ttl": "7200",
                            "type": "A",
                            "zone_id": "Z391FYOSFHL9U7"
                        },
                        "meta": {
                            "schema_version": "2"
                        },
                        "tainted": false
                    },
                    "deposed": [],
                    "provider": "provider.aws"
                },
                "aws_route53_record.training-vm.23": {
                    "type": "aws_route53_record",
                    "depends_on": [
                        "openstack_compute_instance_v2.training-vm.*"
                    ],
                    "primary": {
                        "id": "Z391FYOSFHL9U7_gcc-23.training.galaxyproject.eu_A",
                        "attributes": {
                            "fqdn": "gcc-23.training.galaxyproject.eu",
                            "health_check_id": "",
                            "id": "Z391FYOSFHL9U7_gcc-23.training.galaxyproject.eu_A",
                            "name": "gcc-23.training.galaxyproject.eu",
                            "records.#": "1",
                            "records.1115517584": "192.52.34.229",
                            "set_identifier": "",
                            "ttl": "7200",
                            "type": "A",
                            "zone_id": "Z391FYOSFHL9U7"
                        },
                        "meta": {
                            "schema_version": "2"
                        },
                        "tainted": false
                    },
                    "deposed": [],
                    "provider": "provider.aws"
                },
                "aws_route53_record.training-vm.24": {
                    "type": "aws_route53_record",
                    "depends_on": [
                        "openstack_compute_instance_v2.training-vm.*"
                    ],
                    "primary": {
                        "id": "Z391FYOSFHL9U7_gcc-24.training.galaxyproject.eu_A",
                        "attributes": {
                            "fqdn": "gcc-24.training.galaxyproject.eu",
                            "health_check_id": "",
                            "id": "Z391FYOSFHL9U7_gcc-24.training.galaxyproject.eu_A",
                            "name": "gcc-24.training.galaxyproject.eu",
                            "records.#": "1",
                            "records.3710592105": "192.52.35.4",
                            "set_identifier": "",
                            "ttl": "7200",
                            "type": "A",
                            "zone_id": "Z391FYOSFHL9U7"
                        },
                        "meta": {
                            "schema_version": "2"
                        },
                        "tainted": false
                    },
                    "deposed": [],
                    "provider": "provider.aws"
                },
                "aws_route53_record.training-vm.25": {
                    "type": "aws_route53_record",
                    "depends_on": [
                        "openstack_compute_instance_v2.training-vm.*"
                    ],
                    "primary": {
                        "id": "Z391FYOSFHL9U7_gcc-25.training.galaxyproject.eu_A",
                        "attributes": {
                            "fqdn": "gcc-25.training.galaxyproject.eu",
                            "health_check_id": "",
                            "id": "Z391FYOSFHL9U7_gcc-25.training.galaxyproject.eu_A",
                            "name": "gcc-25.training.galaxyproject.eu",
                            "records.#": "1",
                            "records.2855015679": "192.52.35.5",
                            "set_identifier": "",
                            "ttl": "7200",
                            "type": "A",
                            "zone_id": "Z391FYOSFHL9U7"
                        },
                        "meta": {
                            "schema_version": "2"
                        },
                        "tainted": false
                    },
                    "deposed": [],
                    "provider": "provider.aws"
                },
                "aws_route53_record.training-vm.26": {
                    "type": "aws_route53_record",
                    "depends_on": [
                        "openstack_compute_instance_v2.training-vm.*"
                    ],
                    "primary": {
                        "id": "Z391FYOSFHL9U7_gcc-26.training.galaxyproject.eu_A",
                        "attributes": {
                            "fqdn": "gcc-26.training.galaxyproject.eu",
                            "health_check_id": "",
                            "id": "Z391FYOSFHL9U7_gcc-26.training.galaxyproject.eu_A",
                            "name": "gcc-26.training.galaxyproject.eu",
                            "records.#": "1",
                            "records.1634098137": "192.52.34.148",
                            "set_identifier": "",
                            "ttl": "7200",
                            "type": "A",
                            "zone_id": "Z391FYOSFHL9U7"
                        },
                        "meta": {
                            "schema_version": "2"
                        },
                        "tainted": false
                    },
                    "deposed": [],
                    "provider": "provider.aws"
                },
                "aws_route53_record.training-vm.27": {
                    "type": "aws_route53_record",
                    "depends_on": [
                        "openstack_compute_instance_v2.training-vm.*"
                    ],
                    "primary": {
                        "id": "Z391FYOSFHL9U7_gcc-27.training.galaxyproject.eu_A",
                        "attributes": {
                            "fqdn": "gcc-27.training.galaxyproject.eu",
                            "health_check_id": "",
                            "id": "Z391FYOSFHL9U7_gcc-27.training.galaxyproject.eu_A",
                            "name": "gcc-27.training.galaxyproject.eu",
                            "records.#": "1",
                            "records.122429572": "192.52.34.208",
                            "set_identifier": "",
                            "ttl": "7200",
                            "type": "A",
                            "zone_id": "Z391FYOSFHL9U7"
                        },
                        "meta": {
                            "schema_version": "2"
                        },
                        "tainted": false
                    },
                    "deposed": [],
                    "provider": "provider.aws"
                },
                "aws_route53_record.training-vm.28": {
                    "type": "aws_route53_record",
                    "depends_on": [
                        "openstack_compute_instance_v2.training-vm.*"
                    ],
                    "primary": {
                        "id": "Z391FYOSFHL9U7_gcc-28.training.galaxyproject.eu_A",
                        "attributes": {
                            "fqdn": "gcc-28.training.galaxyproject.eu",
                            "health_check_id": "",
                            "id": "Z391FYOSFHL9U7_gcc-28.training.galaxyproject.eu_A",
                            "name": "gcc-28.training.galaxyproject.eu",
                            "records.#": "1",
                            "records.1960860915": "192.52.34.250",
                            "set_identifier": "",
                            "ttl": "7200",
                            "type": "A",
                            "zone_id": "Z391FYOSFHL9U7"
                        },
                        "meta": {
                            "schema_version": "2"
                        },
                        "tainted": false
                    },
                    "deposed": [],
                    "provider": "provider.aws"
                },
                "aws_route53_record.training-vm.29": {
                    "type": "aws_route53_record",
                    "depends_on": [
                        "openstack_compute_instance_v2.training-vm.*"
                    ],
                    "primary": {
                        "id": "Z391FYOSFHL9U7_gcc-29.training.galaxyproject.eu_A",
                        "attributes": {
                            "fqdn": "gcc-29.training.galaxyproject.eu",
                            "health_check_id": "",
                            "id": "Z391FYOSFHL9U7_gcc-29.training.galaxyproject.eu_A",
                            "name": "gcc-29.training.galaxyproject.eu",
                            "records.#": "1",
                            "records.1323320571": "192.52.34.121",
                            "set_identifier": "",
                            "ttl": "7200",
                            "type": "A",
                            "zone_id": "Z391FYOSFHL9U7"
                        },
                        "meta": {
                            "schema_version": "2"
                        },
                        "tainted": false
                    },
                    "deposed": [],
                    "provider": "provider.aws"
                },
                "aws_route53_record.training-vm.3": {
                    "type": "aws_route53_record",
                    "depends_on": [
                        "openstack_compute_instance_v2.training-vm.*"
                    ],
                    "primary": {
                        "id": "Z391FYOSFHL9U7_gcc-3.training.galaxyproject.eu_A",
                        "attributes": {
                            "fqdn": "gcc-3.training.galaxyproject.eu",
                            "health_check_id": "",
                            "id": "Z391FYOSFHL9U7_gcc-3.training.galaxyproject.eu_A",
                            "name": "gcc-3.training.galaxyproject.eu",
                            "records.#": "1",
                            "records.3079126176": "192.52.34.23",
                            "set_identifier": "",
                            "ttl": "7200",
                            "type": "A",
                            "zone_id": "Z391FYOSFHL9U7"
                        },
                        "meta": {
                            "schema_version": "2"
                        },
                        "tainted": false
                    },
                    "deposed": [],
                    "provider": "provider.aws"
                },
                "aws_route53_record.training-vm.30": {
                    "type": "aws_route53_record",
                    "depends_on": [
                        "openstack_compute_instance_v2.training-vm.*"
                    ],
                    "primary": {
                        "id": "Z391FYOSFHL9U7_gcc-30.training.galaxyproject.eu_A",
                        "attributes": {
                            "fqdn": "gcc-30.training.galaxyproject.eu",
                            "health_check_id": "",
                            "id": "Z391FYOSFHL9U7_gcc-30.training.galaxyproject.eu_A",
                            "name": "gcc-30.training.galaxyproject.eu",
                            "records.#": "1",
                            "records.744584007": "192.52.34.238",
                            "set_identifier": "",
                            "ttl": "7200",
                            "type": "A",
                            "zone_id": "Z391FYOSFHL9U7"
                        },
                        "meta": {
                            "schema_version": "2"
                        },
                        "tainted": false
                    },
                    "deposed": [],
                    "provider": "provider.aws"
                },
                "aws_route53_record.training-vm.31": {
                    "type": "aws_route53_record",
                    "depends_on": [
                        "openstack_compute_instance_v2.training-vm.*"
                    ],
                    "primary": {
                        "id": "Z391FYOSFHL9U7_gcc-31.training.galaxyproject.eu_A",
                        "attributes": {
                            "fqdn": "gcc-31.training.galaxyproject.eu",
                            "health_check_id": "",
                            "id": "Z391FYOSFHL9U7_gcc-31.training.galaxyproject.eu_A",
                            "name": "gcc-31.training.galaxyproject.eu",
                            "records.#": "1",
                            "records.4087347217": "192.52.34.247",
                            "set_identifier": "",
                            "ttl": "7200",
                            "type": "A",
                            "zone_id": "Z391FYOSFHL9U7"
                        },
                        "meta": {
                            "schema_version": "2"
                        },
                        "tainted": false
                    },
                    "deposed": [],
                    "provider": "provider.aws"
                },
                "aws_route53_record.training-vm.32": {
                    "type": "aws_route53_record",
                    "depends_on": [
                        "openstack_compute_instance_v2.training-vm.*"
                    ],
                    "primary": {
                        "id": "Z391FYOSFHL9U7_gcc-32.training.galaxyproject.eu_A",
                        "attributes": {
                            "fqdn": "gcc-32.training.galaxyproject.eu",
                            "health_check_id": "",
                            "id": "Z391FYOSFHL9U7_gcc-32.training.galaxyproject.eu_A",
                            "name": "gcc-32.training.galaxyproject.eu",
                            "records.#": "1",
                            "records.3991473481": "192.52.34.253",
                            "set_identifier": "",
                            "ttl": "7200",
                            "type": "A",
                            "zone_id": "Z391FYOSFHL9U7"
                        },
                        "meta": {
                            "schema_version": "2"
                        },
                        "tainted": false
                    },
                    "deposed": [],
                    "provider": "provider.aws"
                },
                "aws_route53_record.training-vm.33": {
                    "type": "aws_route53_record",
                    "depends_on": [
                        "openstack_compute_instance_v2.training-vm.*"
                    ],
                    "primary": {
                        "id": "Z391FYOSFHL9U7_gcc-33.training.galaxyproject.eu_A",
                        "attributes": {
                            "fqdn": "gcc-33.training.galaxyproject.eu",
                            "health_check_id": "",
                            "id": "Z391FYOSFHL9U7_gcc-33.training.galaxyproject.eu_A",
                            "name": "gcc-33.training.galaxyproject.eu",
                            "records.#": "1",
                            "records.3567085634": "192.52.35.8",
                            "set_identifier": "",
                            "ttl": "7200",
                            "type": "A",
                            "zone_id": "Z391FYOSFHL9U7"
                        },
                        "meta": {
                            "schema_version": "2"
                        },
                        "tainted": false
                    },
                    "deposed": [],
                    "provider": "provider.aws"
                },
                "aws_route53_record.training-vm.34": {
                    "type": "aws_route53_record",
                    "depends_on": [
                        "openstack_compute_instance_v2.training-vm.*"
                    ],
                    "primary": {
                        "id": "Z391FYOSFHL9U7_gcc-34.training.galaxyproject.eu_A",
                        "attributes": {
                            "fqdn": "gcc-34.training.galaxyproject.eu",
                            "health_check_id": "",
                            "id": "Z391FYOSFHL9U7_gcc-34.training.galaxyproject.eu_A",
                            "name": "gcc-34.training.galaxyproject.eu",
                            "records.#": "1",
                            "records.3172981180": "192.52.35.10",
                            "set_identifier": "",
                            "ttl": "7200",
                            "type": "A",
                            "zone_id": "Z391FYOSFHL9U7"
                        },
                        "meta": {
                            "schema_version": "2"
                        },
                        "tainted": false
                    },
                    "deposed": [],
                    "provider": "provider.aws"
                },
                "aws_route53_record.training-vm.35": {
                    "type": "aws_route53_record",
                    "depends_on": [
                        "openstack_compute_instance_v2.training-vm.*"
                    ],
                    "primary": {
                        "id": "Z391FYOSFHL9U7_gcc-35.training.galaxyproject.eu_A",
                        "attributes": {
                            "fqdn": "gcc-35.training.galaxyproject.eu",
                            "health_check_id": "",
                            "id": "Z391FYOSFHL9U7_gcc-35.training.galaxyproject.eu_A",
                            "name": "gcc-35.training.galaxyproject.eu",
                            "records.#": "1",
                            "records.3009570920": "192.52.34.185",
                            "set_identifier": "",
                            "ttl": "7200",
                            "type": "A",
                            "zone_id": "Z391FYOSFHL9U7"
                        },
                        "meta": {
                            "schema_version": "2"
                        },
                        "tainted": false
                    },
                    "deposed": [],
                    "provider": "provider.aws"
                },
                "aws_route53_record.training-vm.36": {
                    "type": "aws_route53_record",
                    "depends_on": [
                        "openstack_compute_instance_v2.training-vm.*"
                    ],
                    "primary": {
                        "id": "Z391FYOSFHL9U7_gcc-36.training.galaxyproject.eu_A",
                        "attributes": {
                            "fqdn": "gcc-36.training.galaxyproject.eu",
                            "health_check_id": "",
                            "id": "Z391FYOSFHL9U7_gcc-36.training.galaxyproject.eu_A",
                            "name": "gcc-36.training.galaxyproject.eu",
                            "records.#": "1",
                            "records.1525052784": "192.52.34.164",
                            "set_identifier": "",
                            "ttl": "7200",
                            "type": "A",
                            "zone_id": "Z391FYOSFHL9U7"
                        },
                        "meta": {
                            "schema_version": "2"
                        },
                        "tainted": false
                    },
                    "deposed": [],
                    "provider": "provider.aws"
                },
                "aws_route53_record.training-vm.37": {
                    "type": "aws_route53_record",
                    "depends_on": [
                        "openstack_compute_instance_v2.training-vm.*"
                    ],
                    "primary": {
                        "id": "Z391FYOSFHL9U7_gcc-37.training.galaxyproject.eu_A",
                        "attributes": {
                            "fqdn": "gcc-37.training.galaxyproject.eu",
                            "health_check_id": "",
                            "id": "Z391FYOSFHL9U7_gcc-37.training.galaxyproject.eu_A",
                            "name": "gcc-37.training.galaxyproject.eu",
                            "records.#": "1",
                            "records.877166940": "192.52.35.2",
                            "set_identifier": "",
                            "ttl": "7200",
                            "type": "A",
                            "zone_id": "Z391FYOSFHL9U7"
                        },
                        "meta": {
                            "schema_version": "2"
                        },
                        "tainted": false
                    },
                    "deposed": [],
                    "provider": "provider.aws"
                },
                "aws_route53_record.training-vm.38": {
                    "type": "aws_route53_record",
                    "depends_on": [
                        "openstack_compute_instance_v2.training-vm.*"
                    ],
                    "primary": {
                        "id": "Z391FYOSFHL9U7_gcc-38.training.galaxyproject.eu_A",
                        "attributes": {
                            "fqdn": "gcc-38.training.galaxyproject.eu",
                            "health_check_id": "",
                            "id": "Z391FYOSFHL9U7_gcc-38.training.galaxyproject.eu_A",
                            "name": "gcc-38.training.galaxyproject.eu",
                            "records.#": "1",
                            "records.65498213": "192.52.34.251",
                            "set_identifier": "",
                            "ttl": "7200",
                            "type": "A",
                            "zone_id": "Z391FYOSFHL9U7"
                        },
                        "meta": {
                            "schema_version": "2"
                        },
                        "tainted": false
                    },
                    "deposed": [],
                    "provider": "provider.aws"
                },
                "aws_route53_record.training-vm.39": {
                    "type": "aws_route53_record",
                    "depends_on": [
                        "openstack_compute_instance_v2.training-vm.*"
                    ],
                    "primary": {
                        "id": "Z391FYOSFHL9U7_gcc-39.training.galaxyproject.eu_A",
                        "attributes": {
                            "fqdn": "gcc-39.training.galaxyproject.eu",
                            "health_check_id": "",
                            "id": "Z391FYOSFHL9U7_gcc-39.training.galaxyproject.eu_A",
                            "name": "gcc-39.training.galaxyproject.eu",
                            "records.#": "1",
                            "records.2224605319": "192.52.34.246",
                            "set_identifier": "",
                            "ttl": "7200",
                            "type": "A",
                            "zone_id": "Z391FYOSFHL9U7"
                        },
                        "meta": {
                            "schema_version": "2"
                        },
                        "tainted": false
                    },
                    "deposed": [],
                    "provider": "provider.aws"
                },
                "aws_route53_record.training-vm.4": {
                    "type": "aws_route53_record",
                    "depends_on": [
                        "openstack_compute_instance_v2.training-vm.*"
                    ],
                    "primary": {
                        "id": "Z391FYOSFHL9U7_gcc-4.training.galaxyproject.eu_A",
                        "attributes": {
                            "fqdn": "gcc-4.training.galaxyproject.eu",
                            "health_check_id": "",
                            "id": "Z391FYOSFHL9U7_gcc-4.training.galaxyproject.eu_A",
                            "name": "gcc-4.training.galaxyproject.eu",
                            "records.#": "1",
                            "records.2781175703": "192.52.34.227",
                            "set_identifier": "",
                            "ttl": "7200",
                            "type": "A",
                            "zone_id": "Z391FYOSFHL9U7"
                        },
                        "meta": {
                            "schema_version": "2"
                        },
                        "tainted": false
                    },
                    "deposed": [],
                    "provider": "provider.aws"
                },
                "aws_route53_record.training-vm.40": {
                    "type": "aws_route53_record",
                    "depends_on": [
                        "openstack_compute_instance_v2.training-vm.*"
                    ],
                    "primary": {
                        "id": "Z391FYOSFHL9U7_gcc-40.training.galaxyproject.eu_A",
                        "attributes": {
                            "fqdn": "gcc-40.training.galaxyproject.eu",
                            "health_check_id": "",
                            "id": "Z391FYOSFHL9U7_gcc-40.training.galaxyproject.eu_A",
                            "name": "gcc-40.training.galaxyproject.eu",
                            "records.#": "1",
                            "records.4109515784": "192.52.34.243",
                            "set_identifier": "",
                            "ttl": "7200",
                            "type": "A",
                            "zone_id": "Z391FYOSFHL9U7"
                        },
                        "meta": {
                            "schema_version": "2"
                        },
                        "tainted": false
                    },
                    "deposed": [],
                    "provider": "provider.aws"
                },
                "aws_route53_record.training-vm.41": {
                    "type": "aws_route53_record",
                    "depends_on": [
                        "openstack_compute_instance_v2.training-vm.*"
                    ],
                    "primary": {
                        "id": "Z391FYOSFHL9U7_gcc-41.training.galaxyproject.eu_A",
                        "attributes": {
                            "fqdn": "gcc-41.training.galaxyproject.eu",
                            "health_check_id": "",
                            "id": "Z391FYOSFHL9U7_gcc-41.training.galaxyproject.eu_A",
                            "name": "gcc-41.training.galaxyproject.eu",
                            "records.#": "1",
                            "records.2599304671": "192.52.34.252",
                            "set_identifier": "",
                            "ttl": "7200",
                            "type": "A",
                            "zone_id": "Z391FYOSFHL9U7"
                        },
                        "meta": {
                            "schema_version": "2"
                        },
                        "tainted": false
                    },
                    "deposed": [],
                    "provider": "provider.aws"
                },
                "aws_route53_record.training-vm.42": {
                    "type": "aws_route53_record",
                    "depends_on": [
                        "openstack_compute_instance_v2.training-vm.*"
                    ],
                    "primary": {
                        "id": "Z391FYOSFHL9U7_gcc-42.training.galaxyproject.eu_A",
                        "attributes": {
                            "fqdn": "gcc-42.training.galaxyproject.eu",
                            "health_check_id": "",
                            "id": "Z391FYOSFHL9U7_gcc-42.training.galaxyproject.eu_A",
                            "name": "gcc-42.training.galaxyproject.eu",
                            "records.#": "1",
                            "records.1663100288": "192.52.34.248",
                            "set_identifier": "",
                            "ttl": "7200",
                            "type": "A",
                            "zone_id": "Z391FYOSFHL9U7"
                        },
                        "meta": {
                            "schema_version": "2"
                        },
                        "tainted": false
                    },
                    "deposed": [],
                    "provider": "provider.aws"
                },
                "aws_route53_record.training-vm.43": {
                    "type": "aws_route53_record",
                    "depends_on": [
                        "openstack_compute_instance_v2.training-vm.*"
                    ],
                    "primary": {
                        "id": "Z391FYOSFHL9U7_gcc-43.training.galaxyproject.eu_A",
                        "attributes": {
                            "fqdn": "gcc-43.training.galaxyproject.eu",
                            "health_check_id": "",
                            "id": "Z391FYOSFHL9U7_gcc-43.training.galaxyproject.eu_A",
                            "name": "gcc-43.training.galaxyproject.eu",
                            "records.#": "1",
                            "records.1737206113": "192.52.34.211",
                            "set_identifier": "",
                            "ttl": "7200",
                            "type": "A",
                            "zone_id": "Z391FYOSFHL9U7"
                        },
                        "meta": {
                            "schema_version": "2"
                        },
                        "tainted": false
                    },
                    "deposed": [],
                    "provider": "provider.aws"
                },
                "aws_route53_record.training-vm.44": {
                    "type": "aws_route53_record",
                    "depends_on": [
                        "openstack_compute_instance_v2.training-vm.*"
                    ],
                    "primary": {
                        "id": "Z391FYOSFHL9U7_gcc-44.training.galaxyproject.eu_A",
                        "attributes": {
                            "fqdn": "gcc-44.training.galaxyproject.eu",
                            "health_check_id": "",
                            "id": "Z391FYOSFHL9U7_gcc-44.training.galaxyproject.eu_A",
                            "name": "gcc-44.training.galaxyproject.eu",
                            "records.#": "1",
                            "records.4222190235": "192.52.34.116",
                            "set_identifier": "",
                            "ttl": "7200",
                            "type": "A",
                            "zone_id": "Z391FYOSFHL9U7"
                        },
                        "meta": {
                            "schema_version": "2"
                        },
                        "tainted": false
                    },
                    "deposed": [],
                    "provider": "provider.aws"
                },
                "aws_route53_record.training-vm.45": {
                    "type": "aws_route53_record",
                    "depends_on": [
                        "openstack_compute_instance_v2.training-vm.*"
                    ],
                    "primary": {
                        "id": "Z391FYOSFHL9U7_gcc-45.training.galaxyproject.eu_A",
                        "attributes": {
                            "fqdn": "gcc-45.training.galaxyproject.eu",
                            "health_check_id": "",
                            "id": "Z391FYOSFHL9U7_gcc-45.training.galaxyproject.eu_A",
                            "name": "gcc-45.training.galaxyproject.eu",
                            "records.#": "1",
                            "records.3420020288": "192.52.34.236",
                            "set_identifier": "",
                            "ttl": "7200",
                            "type": "A",
                            "zone_id": "Z391FYOSFHL9U7"
                        },
                        "meta": {
                            "schema_version": "2"
                        },
                        "tainted": false
                    },
                    "deposed": [],
                    "provider": "provider.aws"
                },
                "aws_route53_record.training-vm.46": {
                    "type": "aws_route53_record",
                    "depends_on": [
                        "openstack_compute_instance_v2.training-vm.*"
                    ],
                    "primary": {
                        "id": "Z391FYOSFHL9U7_gcc-46.training.galaxyproject.eu_A",
                        "attributes": {
                            "fqdn": "gcc-46.training.galaxyproject.eu",
                            "health_check_id": "",
                            "id": "Z391FYOSFHL9U7_gcc-46.training.galaxyproject.eu_A",
                            "name": "gcc-46.training.galaxyproject.eu",
                            "records.#": "1",
                            "records.1510067549": "192.52.34.183",
                            "set_identifier": "",
                            "ttl": "7200",
                            "type": "A",
                            "zone_id": "Z391FYOSFHL9U7"
                        },
                        "meta": {
                            "schema_version": "2"
                        },
                        "tainted": false
                    },
                    "deposed": [],
                    "provider": "provider.aws"
                },
                "aws_route53_record.training-vm.47": {
                    "type": "aws_route53_record",
                    "depends_on": [
                        "openstack_compute_instance_v2.training-vm.*"
                    ],
                    "primary": {
                        "id": "Z391FYOSFHL9U7_gcc-47.training.galaxyproject.eu_A",
                        "attributes": {
                            "fqdn": "gcc-47.training.galaxyproject.eu",
                            "health_check_id": "",
                            "id": "Z391FYOSFHL9U7_gcc-47.training.galaxyproject.eu_A",
                            "name": "gcc-47.training.galaxyproject.eu",
                            "records.#": "1",
                            "records.1533428689": "192.52.34.239",
                            "set_identifier": "",
                            "ttl": "7200",
                            "type": "A",
                            "zone_id": "Z391FYOSFHL9U7"
                        },
                        "meta": {
                            "schema_version": "2"
                        },
                        "tainted": false
                    },
                    "deposed": [],
                    "provider": "provider.aws"
                },
                "aws_route53_record.training-vm.48": {
                    "type": "aws_route53_record",
                    "depends_on": [
                        "openstack_compute_instance_v2.training-vm.*"
                    ],
                    "primary": {
                        "id": "Z391FYOSFHL9U7_gcc-48.training.galaxyproject.eu_A",
                        "attributes": {
                            "fqdn": "gcc-48.training.galaxyproject.eu",
                            "health_check_id": "",
                            "id": "Z391FYOSFHL9U7_gcc-48.training.galaxyproject.eu_A",
                            "name": "gcc-48.training.galaxyproject.eu",
                            "records.#": "1",
                            "records.1129296330": "192.52.35.3",
                            "set_identifier": "",
                            "ttl": "7200",
                            "type": "A",
                            "zone_id": "Z391FYOSFHL9U7"
                        },
                        "meta": {
                            "schema_version": "2"
                        },
                        "tainted": false
                    },
                    "deposed": [],
                    "provider": "provider.aws"
                },
                "aws_route53_record.training-vm.49": {
                    "type": "aws_route53_record",
                    "depends_on": [
                        "openstack_compute_instance_v2.training-vm.*"
                    ],
                    "primary": {
                        "id": "Z391FYOSFHL9U7_gcc-49.training.galaxyproject.eu_A",
                        "attributes": {
                            "fqdn": "gcc-49.training.galaxyproject.eu",
                            "health_check_id": "",
                            "id": "Z391FYOSFHL9U7_gcc-49.training.galaxyproject.eu_A",
                            "name": "gcc-49.training.galaxyproject.eu",
                            "records.#": "1",
                            "records.634863468": "192.52.34.234",
                            "set_identifier": "",
                            "ttl": "7200",
                            "type": "A",
                            "zone_id": "Z391FYOSFHL9U7"
                        },
                        "meta": {
                            "schema_version": "2"
                        },
                        "tainted": false
                    },
                    "deposed": [],
                    "provider": "provider.aws"
                },
                "aws_route53_record.training-vm.5": {
                    "type": "aws_route53_record",
                    "depends_on": [
                        "openstack_compute_instance_v2.training-vm.*"
                    ],
                    "primary": {
                        "id": "Z391FYOSFHL9U7_gcc-5.training.galaxyproject.eu_A",
                        "attributes": {
                            "fqdn": "gcc-5.training.galaxyproject.eu",
                            "health_check_id": "",
                            "id": "Z391FYOSFHL9U7_gcc-5.training.galaxyproject.eu_A",
                            "name": "gcc-5.training.galaxyproject.eu",
                            "records.#": "1",
                            "records.2906771686": "192.52.35.1",
                            "set_identifier": "",
                            "ttl": "7200",
                            "type": "A",
                            "zone_id": "Z391FYOSFHL9U7"
                        },
                        "meta": {
                            "schema_version": "2"
                        },
                        "tainted": false
                    },
                    "deposed": [],
                    "provider": "provider.aws"
                },
                "aws_route53_record.training-vm.6": {
                    "type": "aws_route53_record",
                    "depends_on": [
                        "openstack_compute_instance_v2.training-vm.*"
                    ],
                    "primary": {
                        "id": "Z391FYOSFHL9U7_gcc-6.training.galaxyproject.eu_A",
                        "attributes": {
                            "fqdn": "gcc-6.training.galaxyproject.eu",
                            "health_check_id": "",
                            "id": "Z391FYOSFHL9U7_gcc-6.training.galaxyproject.eu_A",
                            "name": "gcc-6.training.galaxyproject.eu",
                            "records.#": "1",
                            "records.338154774": "192.52.34.249",
                            "set_identifier": "",
                            "ttl": "7200",
                            "type": "A",
                            "zone_id": "Z391FYOSFHL9U7"
                        },
                        "meta": {
                            "schema_version": "2"
                        },
                        "tainted": false
                    },
                    "deposed": [],
                    "provider": "provider.aws"
                },
                "aws_route53_record.training-vm.7": {
                    "type": "aws_route53_record",
                    "depends_on": [
                        "openstack_compute_instance_v2.training-vm.*"
                    ],
                    "primary": {
                        "id": "Z391FYOSFHL9U7_gcc-7.training.galaxyproject.eu_A",
                        "attributes": {
                            "fqdn": "gcc-7.training.galaxyproject.eu",
                            "health_check_id": "",
                            "id": "Z391FYOSFHL9U7_gcc-7.training.galaxyproject.eu_A",
                            "name": "gcc-7.training.galaxyproject.eu",
                            "records.#": "1",
                            "records.496081213": "192.52.34.245",
                            "set_identifier": "",
                            "ttl": "7200",
                            "type": "A",
                            "zone_id": "Z391FYOSFHL9U7"
                        },
                        "meta": {
                            "schema_version": "2"
                        },
                        "tainted": false
                    },
                    "deposed": [],
                    "provider": "provider.aws"
                },
                "aws_route53_record.training-vm.8": {
                    "type": "aws_route53_record",
                    "depends_on": [
                        "openstack_compute_instance_v2.training-vm.*"
                    ],
                    "primary": {
                        "id": "Z391FYOSFHL9U7_gcc-8.training.galaxyproject.eu_A",
                        "attributes": {
                            "fqdn": "gcc-8.training.galaxyproject.eu",
                            "health_check_id": "",
                            "id": "Z391FYOSFHL9U7_gcc-8.training.galaxyproject.eu_A",
                            "name": "gcc-8.training.galaxyproject.eu",
                            "records.#": "1",
                            "records.1393670288": "192.52.35.12",
                            "set_identifier": "",
                            "ttl": "7200",
                            "type": "A",
                            "zone_id": "Z391FYOSFHL9U7"
                        },
                        "meta": {
                            "schema_version": "2"
                        },
                        "tainted": false
                    },
                    "deposed": [],
                    "provider": "provider.aws"
                },
                "aws_route53_record.training-vm.9": {
                    "type": "aws_route53_record",
                    "depends_on": [
                        "openstack_compute_instance_v2.training-vm.*"
                    ],
                    "primary": {
                        "id": "Z391FYOSFHL9U7_gcc-9.training.galaxyproject.eu_A",
                        "attributes": {
                            "fqdn": "gcc-9.training.galaxyproject.eu",
                            "health_check_id": "",
                            "id": "Z391FYOSFHL9U7_gcc-9.training.galaxyproject.eu_A",
                            "name": "gcc-9.training.galaxyproject.eu",
                            "records.#": "1",
                            "records.2213874846": "192.52.34.242",
                            "set_identifier": "",
                            "ttl": "7200",
                            "type": "A",
                            "zone_id": "Z391FYOSFHL9U7"
                        },
                        "meta": {
                            "schema_version": "2"
                        },
                        "tainted": false
                    },
                    "deposed": [],
                    "provider": "provider.aws"
                },
                "aws_route53_record.tuebingen-pulsar": {
                    "type": "aws_route53_record",
                    "depends_on": [],
                    "primary": {
                        "id": "Z391FYOSFHL9U7_de02.pulsar.galaxyproject.eu_A",
                        "attributes": {
                            "fqdn": "de02.pulsar.galaxyproject.eu",
                            "health_check_id": "",
                            "id": "Z391FYOSFHL9U7_de02.pulsar.galaxyproject.eu_A",
                            "name": "de02.pulsar.galaxyproject.eu",
                            "records.#": "1",
                            "records.1061430667": "193.196.20.125",
                            "set_identifier": "",
                            "ttl": "7200",
                            "type": "A",
                            "zone_id": "Z391FYOSFHL9U7"
                        },
                        "meta": {
                            "schema_version": "2"
                        },
                        "tainted": false
                    },
                    "deposed": [],
                    "provider": "provider.aws"
                },
                "aws_route53_record.usegalaxy-eu": {
                    "type": "aws_route53_record",
                    "depends_on": [],
                    "primary": {
                        "id": "Z3BOXJYLR7ZV7D_usegalaxy.eu_A",
                        "attributes": {
                            "allow_overwrite": "true",
                            "fqdn": "usegalaxy.eu",
                            "health_check_id": "",
                            "id": "Z3BOXJYLR7ZV7D_usegalaxy.eu_A",
                            "name": "usegalaxy.eu",
                            "records.#": "1",
                            "records.3850385776": "132.230.68.5",
                            "set_identifier": "",
                            "ttl": "7200",
                            "type": "A",
                            "zone_id": "Z3BOXJYLR7ZV7D"
                        },
                        "meta": {
                            "schema_version": "2"
                        },
                        "tainted": false
                    },
                    "deposed": [],
                    "provider": "provider.aws"
                },
                "aws_route53_record.vgcn-cm": {
                    "type": "aws_route53_record",
                    "depends_on": [
                        "openstack_compute_instance_v2.vgcn-cm"
                    ],
                    "primary": {
                        "id": "Z391FYOSFHL9U7_manager.vgcn.galaxyproject.eu_A",
                        "attributes": {
                            "allow_overwrite": "true",
                            "fqdn": "manager.vgcn.galaxyproject.eu",
                            "health_check_id": "",
                            "id": "Z391FYOSFHL9U7_manager.vgcn.galaxyproject.eu_A",
                            "name": "manager.vgcn.galaxyproject.eu",
                            "records.#": "1",
                            "records.1937234270": "10.5.68.36",
                            "set_identifier": "",
                            "ttl": "300",
                            "type": "A",
                            "zone_id": "Z391FYOSFHL9U7"
                        },
                        "meta": {
                            "schema_version": "2"
                        },
                        "tainted": false
                    },
                    "deposed": [],
                    "provider": "provider.aws"
                },
                "data.openstack_images_image_v2.centos-image": {
                    "type": "openstack_images_image_v2",
                    "depends_on": [],
                    "primary": {
                        "id": "f0bf4431-bb9a-45b3-a23e-823a96682394",
                        "attributes": {
                            "checksum": "63107b5f94f1c32e661a2b389390e196",
                            "container_format": "bare",
                            "created_at": "2018-09-18T12:52:22Z",
                            "disk_format": "raw",
                            "file": "/v2/images/f0bf4431-bb9a-45b3-a23e-823a96682394/file",
                            "id": "f0bf4431-bb9a-45b3-a23e-823a96682394",
                            "metadata.%": "0",
                            "min_disk_gb": "0",
                            "min_ram_mb": "0",
                            "most_recent": "false",
                            "name": "generic-centos7-v31-j4-edc5aa3dc22c-master",
                            "owner": "36d6d9420bb04403b55fb21052efe4be",
                            "protected": "false",
                            "schema": "/v2/schemas/image",
                            "size_bytes": "4194304000",
                            "sort_direction": "asc",
                            "sort_key": "name",
                            "tags.#": "0",
                            "updated_at": "2018-09-18T12:53:40Z",
                            "visibility": "shared"
                        },
                        "meta": {},
                        "tainted": false
                    },
                    "deposed": [],
                    "provider": "provider.openstack"
                },
                "openstack_blockstorage_volume_v2.cvmfs-data": {
                    "type": "openstack_blockstorage_volume_v2",
                    "depends_on": [],
                    "primary": {
                        "id": "c71d4ecb-7e26-4ca5-87ba-6913cb2a0deb",
                        "attributes": {
                            "attachment.#": "1",
                            "attachment.433249584.device": "/dev/vdb",
                            "attachment.433249584.id": "c71d4ecb-7e26-4ca5-87ba-6913cb2a0deb",
                            "attachment.433249584.instance_id": "3cd91ee2-3c2c-4a66-acdf-d7b4c4226f88",
                            "availability_zone": "nova",
                            "description": "Data volume for cvmfs",
                            "id": "c71d4ecb-7e26-4ca5-87ba-6913cb2a0deb",
                            "metadata.%": "0",
                            "name": "cvmfs",
                            "region": "Freiburg",
                            "size": "50",
                            "snapshot_id": "",
                            "source_vol_id": "",
                            "volume_type": "default"
                        },
                        "meta": {
                            "e2bfb730-ecaa-11e6-8f88-34363bc7c4c0": {
                                "create": 600000000000,
                                "delete": 600000000000
                            }
                        },
                        "tainted": false
                    },
                    "deposed": [],
                    "provider": "provider.openstack"
                },
                "openstack_blockstorage_volume_v2.hicbrowser-data": {
                    "type": "openstack_blockstorage_volume_v2",
                    "depends_on": [],
                    "primary": {
                        "id": "8889749c-b2a6-464f-99b6-c4c62b895ef9",
                        "attributes": {
                            "attachment.#": "1",
                            "attachment.3481601024.device": "/dev/vdb",
                            "attachment.3481601024.id": "8889749c-b2a6-464f-99b6-c4c62b895ef9",
                            "attachment.3481601024.instance_id": "66a87719-9521-426f-b9a1-c8fe41afac54",
                            "availability_zone": "nova",
                            "description": "Data volume for hicbrowser",
                            "id": "8889749c-b2a6-464f-99b6-c4c62b895ef9",
                            "metadata.%": "2",
                            "metadata.attached_mode": "rw",
                            "metadata.readonly": "False",
                            "name": "hicbrowser",
                            "region": "Freiburg",
                            "size": "30",
                            "snapshot_id": "",
                            "source_vol_id": "",
                            "volume_type": "default"
                        },
                        "meta": {
                            "e2bfb730-ecaa-11e6-8f88-34363bc7c4c0": {
                                "create": 600000000000,
                                "delete": 600000000000
                            }
                        },
                        "tainted": false
                    },
                    "deposed": [],
                    "provider": "provider.openstack"
                },
                "openstack_blockstorage_volume_v2.influxdb-data": {
                    "type": "openstack_blockstorage_volume_v2",
                    "depends_on": [],
                    "primary": {
                        "id": "270291b1-141c-47f7-85b4-993e7cae9fc4",
                        "attributes": {
                            "attachment.#": "1",
                            "attachment.2115516353.device": "/dev/vdb",
                            "attachment.2115516353.id": "270291b1-141c-47f7-85b4-993e7cae9fc4",
                            "attachment.2115516353.instance_id": "4e3103f0-ff44-4e41-a321-7d7d4764dade",
                            "availability_zone": "nova",
                            "description": "Data volume for InfluxDB",
                            "id": "270291b1-141c-47f7-85b4-993e7cae9fc4",
                            "metadata.%": "2",
                            "metadata.attached_mode": "rw",
                            "metadata.readonly": "False",
                            "name": "influxdb",
                            "region": "Freiburg",
                            "size": "100",
                            "snapshot_id": "",
                            "source_vol_id": "",
                            "volume_type": "default"
                        },
                        "meta": {
                            "e2bfb730-ecaa-11e6-8f88-34363bc7c4c0": {
                                "create": 600000000000,
                                "delete": 600000000000
                            }
                        },
                        "tainted": false
                    },
                    "deposed": [],
                    "provider": "provider.openstack"
                },
                "openstack_blockstorage_volume_v2.jwolff-test-data": {
                    "type": "openstack_blockstorage_volume_v2",
                    "depends_on": [],
                    "primary": {
                        "id": "fd1aa26a-a5b4-45d3-95ba-97bb32679510",
                        "attributes": {
                            "attachment.#": "0",
                            "availability_zone": "nova",
                            "description": "Data volume for test",
                            "id": "fd1aa26a-a5b4-45d3-95ba-97bb32679510",
                            "metadata.%": "0",
                            "name": "jwolff-test",
                            "region": "Freiburg",
                            "size": "20",
                            "snapshot_id": "",
                            "source_vol_id": "",
                            "volume_type": "default"
                        },
                        "meta": {
                            "e2bfb730-ecaa-11e6-8f88-34363bc7c4c0": {
                                "create": 600000000000,
                                "delete": 600000000000
                            }
                        },
                        "tainted": false
                    },
                    "deposed": [],
                    "provider": "provider.openstack"
                },
                "openstack_blockstorage_volume_v2.nfs-server": {
                    "type": "openstack_blockstorage_volume_v2",
                    "depends_on": [],
                    "primary": {
                        "id": "cee06aa9-6669-4dee-aae9-6dd0cac0e8a8",
                        "attributes": {
                            "attachment.#": "1",
                            "attachment.821100902.device": "/dev/vdb",
                            "attachment.821100902.id": "cee06aa9-6669-4dee-aae9-6dd0cac0e8a8",
                            "attachment.821100902.instance_id": "eb1c5255-6697-4959-bd15-7f658dc108e4",
                            "availability_zone": "nova",
                            "description": "Data volume for job-working-dir",
                            "id": "cee06aa9-6669-4dee-aae9-6dd0cac0e8a8",
                            "metadata.%": "0",
                            "name": "job-working-dir",
                            "region": "Freiburg",
                            "size": "20480",
                            "snapshot_id": "",
                            "source_vol_id": "",
                            "volume_type": "qos_free"
                        },
                        "meta": {
                            "e2bfb730-ecaa-11e6-8f88-34363bc7c4c0": {
                                "create": 600000000000,
                                "delete": 600000000000
                            }
                        },
                        "tainted": false
                    },
                    "deposed": [],
                    "provider": "provider.openstack"
                },
                "openstack_blockstorage_volume_v2.sentry_volume_data": {
                    "type": "openstack_blockstorage_volume_v2",
                    "depends_on": [],
                    "primary": {
                        "id": "7405447d-375b-4d7d-9f3b-75bdb0a9ca53",
                        "attributes": {
                            "attachment.#": "1",
                            "attachment.339221586.device": "/dev/vdb",
                            "attachment.339221586.id": "7405447d-375b-4d7d-9f3b-75bdb0a9ca53",
                            "attachment.339221586.instance_id": "5ae015c6-f5c4-4e8b-9d69-c3d9ca189a44",
                            "availability_zone": "nova",
                            "description": "Data volume for Sentry",
                            "id": "7405447d-375b-4d7d-9f3b-75bdb0a9ca53",
                            "metadata.%": "0",
                            "name": "sentry_volume",
                            "region": "Freiburg",
                            "size": "10",
                            "snapshot_id": "",
                            "source_vol_id": "",
                            "volume_type": "default"
                        },
                        "meta": {
                            "e2bfb730-ecaa-11e6-8f88-34363bc7c4c0": {
                                "create": 600000000000,
                                "delete": 600000000000
                            }
                        },
                        "tainted": false
                    },
                    "deposed": [],
                    "provider": "provider.openstack"
                },
                "openstack_blockstorage_volume_v2.singularity-demo-data.0": {
                    "type": "openstack_blockstorage_volume_v2",
                    "depends_on": [],
                    "primary": {
                        "id": "0cd1cb5f-af23-4f39-8c8d-b0ad601a79c0",
                        "attributes": {
                            "attachment.#": "1",
                            "attachment.2459922160.device": "/dev/vdb",
                            "attachment.2459922160.id": "0cd1cb5f-af23-4f39-8c8d-b0ad601a79c0",
                            "attachment.2459922160.instance_id": "9e82632d-a1fc-428d-b261-24ab8db21f27",
                            "availability_zone": "nova",
                            "description": "Data volume for 50-singularity",
                            "id": "0cd1cb5f-af23-4f39-8c8d-b0ad601a79c0",
                            "metadata.%": "0",
                            "name": "singularity-50",
                            "region": "Freiburg",
                            "size": "50",
                            "snapshot_id": "",
                            "source_vol_id": "",
                            "volume_type": "default"
                        },
                        "meta": {
                            "e2bfb730-ecaa-11e6-8f88-34363bc7c4c0": {
                                "create": 600000000000,
                                "delete": 600000000000
                            }
                        },
                        "tainted": false
                    },
                    "deposed": [],
                    "provider": "provider.openstack"
                },
                "openstack_blockstorage_volume_v2.singularity-demo-data.1": {
                    "type": "openstack_blockstorage_volume_v2",
                    "depends_on": [],
                    "primary": {
                        "id": "fd304efe-6a56-44ce-b778-276f66e1b24e",
                        "attributes": {
                            "attachment.#": "1",
                            "attachment.2859177685.device": "/dev/vdb",
                            "attachment.2859177685.id": "fd304efe-6a56-44ce-b778-276f66e1b24e",
                            "attachment.2859177685.instance_id": "13e8aeb1-0379-447b-a45b-4c03f185d4e2",
                            "availability_zone": "nova",
                            "description": "Data volume for 50-singularity",
                            "id": "fd304efe-6a56-44ce-b778-276f66e1b24e",
                            "metadata.%": "0",
                            "name": "singularity-50",
                            "region": "Freiburg",
                            "size": "50",
                            "snapshot_id": "",
                            "source_vol_id": "",
                            "volume_type": "default"
                        },
                        "meta": {
                            "e2bfb730-ecaa-11e6-8f88-34363bc7c4c0": {
                                "create": 600000000000,
                                "delete": 600000000000
                            }
                        },
                        "tainted": false
                    },
                    "deposed": [],
                    "provider": "provider.openstack"
                },
                "openstack_blockstorage_volume_v2.stats-data": {
                    "type": "openstack_blockstorage_volume_v2",
                    "depends_on": [],
                    "primary": {
                        "id": "7dc26838-0ea1-4df8-9b16-b0326faf339e",
                        "attributes": {
                            "attachment.#": "1",
                            "attachment.3127421961.device": "/dev/vdb",
                            "attachment.3127421961.id": "7dc26838-0ea1-4df8-9b16-b0326faf339e",
                            "attachment.3127421961.instance_id": "d5855c69-b8e2-4f8d-820e-78054163cfa1",
                            "availability_zone": "nova",
                            "description": "Data volume for Grafana",
                            "id": "7dc26838-0ea1-4df8-9b16-b0326faf339e",
                            "metadata.%": "2",
                            "metadata.attached_mode": "rw",
                            "metadata.readonly": "False",
                            "name": "stats",
                            "region": "Freiburg",
                            "size": "2",
                            "snapshot_id": "",
                            "source_vol_id": "",
                            "volume_type": "default"
                        },
                        "meta": {
                            "e2bfb730-ecaa-11e6-8f88-34363bc7c4c0": {
                                "create": 600000000000,
                                "delete": 600000000000
                            }
                        },
                        "tainted": false
                    },
                    "deposed": [],
                    "provider": "provider.openstack"
                },
                "openstack_blockstorage_volume_v2.telescope-data": {
                    "type": "openstack_blockstorage_volume_v2",
                    "depends_on": [],
                    "primary": {
                        "id": "816e5476-40ba-46ef-84eb-849b9d1c3a6d",
                        "attributes": {
                            "attachment.#": "1",
                            "attachment.2383273622.device": "/dev/vdb",
                            "attachment.2383273622.id": "816e5476-40ba-46ef-84eb-849b9d1c3a6d",
                            "attachment.2383273622.instance_id": "1d5bef44-20ae-4567-b58c-1b15c4d6a82c",
                            "availability_zone": "nova",
                            "description": "Data volume for GRT",
                            "id": "816e5476-40ba-46ef-84eb-849b9d1c3a6d",
                            "metadata.%": "2",
                            "metadata.attached_mode": "rw",
                            "metadata.readonly": "False",
                            "name": "telescope",
                            "region": "Freiburg",
                            "size": "200",
                            "snapshot_id": "",
                            "source_vol_id": "",
                            "volume_type": "default"
                        },
                        "meta": {
                            "e2bfb730-ecaa-11e6-8f88-34363bc7c4c0": {
                                "create": 600000000000,
                                "delete": 600000000000
                            }
                        },
                        "tainted": false
                    },
                    "deposed": [],
                    "provider": "provider.openstack"
                },
                "openstack_compute_instance_v2.apollo-main": {
                    "type": "openstack_compute_instance_v2",
                    "depends_on": [],
                    "primary": {
                        "id": "3b6d166e-c283-41c0-ab7e-a33c8a5b5905",
                        "attributes": {
                            "access_ip_v4": "10.5.68.20",
                            "access_ip_v6": "",
                            "all_metadata.%": "0",
                            "availability_zone": "nova",
                            "flavor_id": "b106b327-7d6e-4f88-825d-11145eb25ad7",
                            "flavor_name": "m1.large",
                            "force_delete": "false",
                            "id": "3b6d166e-c283-41c0-ab7e-a33c8a5b5905",
                            "image_id": "f0bf4431-bb9a-45b3-a23e-823a96682394",
                            "image_name": "generic-centos7-v31-j4-edc5aa3dc22c-master",
                            "key_pair": "cloud2",
                            "name": "apollo.internal.galaxyproject.eu",
                            "network.#": "1",
                            "network.0.access_network": "false",
                            "network.0.fixed_ip_v4": "10.5.68.20",
                            "network.0.fixed_ip_v6": "",
                            "network.0.floating_ip": "",
                            "network.0.mac": "fa:16:3e:23:41:61",
                            "network.0.name": "bioinf",
                            "network.0.port": "",
                            "network.0.uuid": "afca9459-0eb1-4d67-999f-b07bf3bc99c5",
                            "power_state": "active",
                            "region": "Freiburg",
                            "security_groups.#": "4",
                            "security_groups.1024925103": "ufr-ssh",
                            "security_groups.2162032504": "egress",
                            "security_groups.3717909635": "public-ping",
                            "security_groups.4276348713": "public-web2",
                            "stop_before_destroy": "false"
                        },
                        "meta": {
                            "e2bfb730-ecaa-11e6-8f88-34363bc7c4c0": {
                                "create": 1800000000000,
                                "delete": 1800000000000,
                                "update": 1800000000000
                            }
                        },
                        "tainted": false
                    },
                    "deposed": [],
                    "provider": "provider.openstack"
                },
                "openstack_compute_instance_v2.bioconda-utils": {
                    "type": "openstack_compute_instance_v2",
                    "depends_on": [],
                    "primary": {
                        "id": "78ae43b1-2083-4dc4-a3d3-544d3bd2a171",
                        "attributes": {
                            "access_ip_v4": "192.52.33.31",
                            "access_ip_v6": "",
                            "all_metadata.%": "0",
                            "availability_zone": "nova",
                            "flavor_id": "36c48d98-dfa6-428f-b4f5-e1803cb9500b",
                            "flavor_name": "m1.medium",
                            "force_delete": "false",
                            "id": "78ae43b1-2083-4dc4-a3d3-544d3bd2a171",
                            "image_id": "dad2b000-ec07-4e86-90aa-fb5b6f752325",
                            "image_name": "Ubuntu 18.04",
                            "key_pair": "bioconda-utils",
                            "name": "bioconda-utils.galaxyproject.eu",
                            "network.#": "1",
                            "network.0.access_network": "false",
                            "network.0.fixed_ip_v4": "192.52.33.31",
                            "network.0.fixed_ip_v6": "",
                            "network.0.floating_ip": "",
                            "network.0.mac": "fa:16:3e:c8:af:1e",
                            "network.0.name": "public",
                            "network.0.port": "",
                            "network.0.uuid": "6a68b40c-356f-4d4c-95e9-e5c72855fb35",
                            "power_state": "active",
                            "region": "Freiburg",
                            "security_groups.#": "4",
                            "security_groups.2162032504": "egress",
                            "security_groups.3285375897": "public-ssh",
                            "security_groups.3717909635": "public-ping",
                            "security_groups.4276348713": "public-web2",
                            "stop_before_destroy": "false"
                        },
                        "meta": {
                            "e2bfb730-ecaa-11e6-8f88-34363bc7c4c0": {
                                "create": 1800000000000,
                                "delete": 1800000000000,
                                "update": 1800000000000
                            }
                        },
                        "tainted": false
                    },
                    "deposed": [],
                    "provider": "provider.openstack"
                },
                "openstack_compute_instance_v2.build-usegalaxy": {
                    "type": "openstack_compute_instance_v2",
                    "depends_on": [],
                    "primary": {
                        "id": "9960e77d-7c26-4bab-bd6d-e5c65bb98239",
                        "attributes": {
                            "access_ip_v4": "192.52.32.74",
                            "access_ip_v6": "",
                            "all_metadata.%": "0",
                            "availability_zone": "nova",
                            "flavor_id": "b106b327-7d6e-4f88-825d-11145eb25ad7",
                            "flavor_name": "m1.large",
                            "force_delete": "false",
                            "id": "9960e77d-7c26-4bab-bd6d-e5c65bb98239",
                            "image_id": "f0bf4431-bb9a-45b3-a23e-823a96682394",
                            "image_name": "generic-centos7-v31-j4-edc5aa3dc22c-master",
                            "key_pair": "cloud2",
                            "name": "build.galaxyproject.eu",
                            "network.#": "1",
                            "network.0.access_network": "false",
                            "network.0.fixed_ip_v4": "192.52.32.74",
                            "network.0.fixed_ip_v6": "",
                            "network.0.floating_ip": "",
                            "network.0.mac": "fa:16:3e:b0:07:ff",
                            "network.0.name": "public",
                            "network.0.port": "",
                            "network.0.uuid": "6a68b40c-356f-4d4c-95e9-e5c72855fb35",
                            "power_state": "active",
                            "region": "Freiburg",
                            "security_groups.#": "4",
                            "security_groups.1024925103": "ufr-ssh",
                            "security_groups.2162032504": "egress",
                            "security_groups.3717909635": "public-ping",
                            "security_groups.4276348713": "public-web2",
                            "stop_before_destroy": "false"
                        },
                        "meta": {
                            "e2bfb730-ecaa-11e6-8f88-34363bc7c4c0": {
                                "create": 1800000000000,
                                "delete": 1800000000000,
                                "update": 1800000000000
                            }
                        },
                        "tainted": false
                    },
                    "deposed": [],
                    "provider": "provider.openstack"
                },
                "openstack_compute_instance_v2.cvmfs-stratum0": {
                    "type": "openstack_compute_instance_v2",
                    "depends_on": [],
                    "primary": {
                        "id": "3cd91ee2-3c2c-4a66-acdf-d7b4c4226f88",
                        "attributes": {
                            "access_ip_v4": "192.52.33.173",
                            "access_ip_v6": "",
                            "all_metadata.%": "0",
                            "availability_zone": "nova",
                            "flavor_id": "df32eb30-c79d-41e7-87d7-1996cb3cbc70",
                            "flavor_name": "m1.small",
                            "force_delete": "false",
                            "id": "3cd91ee2-3c2c-4a66-acdf-d7b4c4226f88",
                            "image_id": "60de3fa3-d178-49d2-ba39-2fc6671eee89",
                            "image_name": "generic-centos7-v31-j18-2deef7cb2572-master",
                            "key_pair": "cloud2",
                            "name": "cvmfs0.galaxyproject.eu",
                            "network.#": "1",
                            "network.0.access_network": "false",
                            "network.0.fixed_ip_v4": "192.52.33.173",
                            "network.0.fixed_ip_v6": "",
                            "network.0.floating_ip": "",
                            "network.0.mac": "fa:16:3e:e0:e9:05",
                            "network.0.name": "public",
                            "network.0.port": "",
                            "network.0.uuid": "6a68b40c-356f-4d4c-95e9-e5c72855fb35",
                            "power_state": "active",
                            "region": "Freiburg",
                            "security_groups.#": "4",
                            "security_groups.2162032504": "egress",
                            "security_groups.3285375897": "public-ssh",
                            "security_groups.3717909635": "public-ping",
                            "security_groups.4276348713": "public-web2",
                            "stop_before_destroy": "false"
                        },
                        "meta": {
                            "e2bfb730-ecaa-11e6-8f88-34363bc7c4c0": {
                                "create": 1800000000000,
                                "delete": 1800000000000,
                                "update": 1800000000000
                            }
                        },
                        "tainted": false
                    },
                    "deposed": [],
                    "provider": "provider.openstack"
                },
                "openstack_compute_instance_v2.cvmfs1-ufr0-usegalaxy": {
                    "type": "openstack_compute_instance_v2",
                    "depends_on": [],
                    "primary": {
                        "id": "e475cadd-c3bc-4639-af0f-918cf4798564",
                        "attributes": {
                            "access_ip_v4": "10.5.68.209",
                            "access_ip_v6": "",
                            "all_metadata.%": "0",
                            "availability_zone": "nova",
                            "flavor_id": "df32eb30-c79d-41e7-87d7-1996cb3cbc70",
                            "flavor_name": "m1.small",
                            "force_delete": "false",
                            "id": "e475cadd-c3bc-4639-af0f-918cf4798564",
                            "image_id": "60de3fa3-d178-49d2-ba39-2fc6671eee89",
                            "image_name": "generic-centos7-v31-j18-2deef7cb2572-master",
                            "key_pair": "cloud2",
                            "name": "cvmfs1-ufr0.galaxyproject.eu",
                            "network.#": "1",
                            "network.0.access_network": "false",
                            "network.0.fixed_ip_v4": "10.5.68.209",
                            "network.0.fixed_ip_v6": "",
                            "network.0.floating_ip": "",
                            "network.0.mac": "fa:16:3e:3d:d3:db",
                            "network.0.name": "bioinf",
                            "network.0.port": "",
                            "network.0.uuid": "afca9459-0eb1-4d67-999f-b07bf3bc99c5",
                            "power_state": "active",
                            "region": "Freiburg",
                            "security_groups.#": "4",
                            "security_groups.1024925103": "ufr-ssh",
                            "security_groups.2162032504": "egress",
                            "security_groups.3717909635": "public-ping",
                            "security_groups.4276348713": "public-web2",
                            "stop_before_destroy": "false"
                        },
                        "meta": {
                            "e2bfb730-ecaa-11e6-8f88-34363bc7c4c0": {
                                "create": 1800000000000,
                                "delete": 1800000000000,
                                "update": 1800000000000
                            }
                        },
                        "tainted": false
                    },
                    "deposed": [],
                    "provider": "provider.openstack"
                },
                "openstack_compute_instance_v2.docker-host": {
                    "type": "openstack_compute_instance_v2",
                    "depends_on": [],
                    "primary": {
                        "id": "0b1fd682-1f7e-454a-8340-ac7df2251eee",
                        "attributes": {
                            "access_ip_v4": "192.52.33.221",
                            "access_ip_v6": "",
                            "all_metadata.%": "0",
                            "availability_zone": "nova",
                            "flavor_id": "3043b007-5ed1-4785-9cd8-0ed18aad283f",
                            "flavor_name": "m1.xxlarge",
                            "force_delete": "false",
                            "id": "0b1fd682-1f7e-454a-8340-ac7df2251eee",
                            "image_id": "60de3fa3-d178-49d2-ba39-2fc6671eee89",
                            "image_name": "generic-centos7-v31-j18-2deef7cb2572-master",
                            "key_pair": "cloud2",
                            "name": "docker.galaxyproject.eu",
                            "network.#": "1",
                            "network.0.access_network": "false",
                            "network.0.fixed_ip_v4": "192.52.33.221",
                            "network.0.fixed_ip_v6": "",
                            "network.0.floating_ip": "",
                            "network.0.mac": "fa:16:3e:19:9d:be",
                            "network.0.name": "public",
                            "network.0.port": "",
                            "network.0.uuid": "6a68b40c-356f-4d4c-95e9-e5c72855fb35",
                            "power_state": "active",
                            "region": "Freiburg",
                            "security_groups.#": "4",
                            "security_groups.2162032504": "egress",
                            "security_groups.3285375897": "public-ssh",
                            "security_groups.3717909635": "public-ping",
                            "security_groups.4276348713": "public-web2",
                            "stop_before_destroy": "false"
                        },
                        "meta": {
                            "e2bfb730-ecaa-11e6-8f88-34363bc7c4c0": {
                                "create": 1800000000000,
                                "delete": 1800000000000,
                                "update": 1800000000000
                            }
                        },
                        "tainted": false
                    },
                    "deposed": [],
                    "provider": "provider.openstack"
                },
                "openstack_compute_instance_v2.ftp": {
                    "type": "openstack_compute_instance_v2",
                    "depends_on": [],
                    "primary": {
                        "id": "d7fd6975-575c-4f2d-a03c-568c5a251ef1",
                        "attributes": {
                            "access_ip_v4": "10.5.68.9",
                            "access_ip_v6": "",
                            "all_metadata.%": "0",
                            "availability_zone": "nova",
                            "flavor_id": "df32eb30-c79d-41e7-87d7-1996cb3cbc70",
                            "flavor_name": "m1.small",
                            "force_delete": "false",
                            "id": "d7fd6975-575c-4f2d-a03c-568c5a251ef1",
                            "image_id": "60de3fa3-d178-49d2-ba39-2fc6671eee89",
                            "image_name": "generic-centos7-v31-j18-2deef7cb2572-master",
                            "key_pair": "cloud2",
                            "name": "ftp.usegalaxy.eu",
                            "network.#": "1",
                            "network.0.access_network": "false",
                            "network.0.fixed_ip_v4": "10.5.68.9",
                            "network.0.fixed_ip_v6": "",
                            "network.0.floating_ip": "",
                            "network.0.mac": "fa:16:3e:6b:75:5e",
                            "network.0.name": "bioinf",
                            "network.0.port": "",
                            "network.0.uuid": "afca9459-0eb1-4d67-999f-b07bf3bc99c5",
                            "power_state": "active",
                            "region": "Freiburg",
                            "security_groups.#": "2",
                            "security_groups.1001664029": "public",
                            "security_groups.2162032504": "egress",
                            "stop_before_destroy": "false"
                        },
                        "meta": {
                            "e2bfb730-ecaa-11e6-8f88-34363bc7c4c0": {
                                "create": 1800000000000,
                                "delete": 1800000000000,
                                "update": 1800000000000
                            }
                        },
                        "tainted": false
                    },
                    "deposed": [],
                    "provider": "provider.openstack"
                },
                "openstack_compute_instance_v2.gcc-demo.0": {
                    "type": "openstack_compute_instance_v2",
                    "depends_on": [],
                    "primary": {
                        "id": "9e82632d-a1fc-428d-b261-24ab8db21f27",
                        "attributes": {
                            "access_ip_v4": "192.52.34.241",
                            "access_ip_v6": "",
                            "all_metadata.%": "0",
                            "availability_zone": "nova",
                            "flavor_id": "b106b327-7d6e-4f88-825d-11145eb25ad7",
                            "flavor_name": "m1.large",
                            "force_delete": "false",
                            "id": "9e82632d-a1fc-428d-b261-24ab8db21f27",
                            "image_id": "dad2b000-ec07-4e86-90aa-fb5b6f752325",
                            "image_name": "Ubuntu 18.04",
                            "key_pair": "mike",
                            "name": "50-singularity-demo.gcc.galaxyproject.eu",
                            "network.#": "1",
                            "network.0.access_network": "false",
                            "network.0.fixed_ip_v4": "192.52.34.241",
                            "network.0.fixed_ip_v6": "",
                            "network.0.floating_ip": "",
                            "network.0.mac": "fa:16:3e:5d:57:e8",
                            "network.0.name": "public",
                            "network.0.port": "",
                            "network.0.uuid": "6a68b40c-356f-4d4c-95e9-e5c72855fb35",
                            "power_state": "active",
                            "region": "Freiburg",
                            "security_groups.#": "1",
                            "security_groups.1001664029": "public",
                            "stop_before_destroy": "false"
                        },
                        "meta": {
                            "e2bfb730-ecaa-11e6-8f88-34363bc7c4c0": {
                                "create": 1800000000000,
                                "delete": 1800000000000,
                                "update": 1800000000000
                            }
                        },
                        "tainted": false
                    },
                    "deposed": [],
                    "provider": "provider.openstack"
                },
                "openstack_compute_instance_v2.gcc-demo.1": {
                    "type": "openstack_compute_instance_v2",
                    "depends_on": [],
                    "primary": {
                        "id": "13e8aeb1-0379-447b-a45b-4c03f185d4e2",
                        "attributes": {
                            "access_ip_v4": "192.52.34.52",
                            "access_ip_v6": "",
                            "all_metadata.%": "0",
                            "availability_zone": "nova",
                            "flavor_id": "b106b327-7d6e-4f88-825d-11145eb25ad7",
                            "flavor_name": "m1.large",
                            "force_delete": "false",
                            "id": "13e8aeb1-0379-447b-a45b-4c03f185d4e2",
                            "image_id": "dad2b000-ec07-4e86-90aa-fb5b6f752325",
                            "image_name": "Ubuntu 18.04",
                            "key_pair": "mike",
                            "name": "50-singularity-demo.gcc.galaxyproject.eu",
                            "network.#": "1",
                            "network.0.access_network": "false",
                            "network.0.fixed_ip_v4": "192.52.34.52",
                            "network.0.fixed_ip_v6": "",
                            "network.0.floating_ip": "",
                            "network.0.mac": "fa:16:3e:8d:fa:f8",
                            "network.0.name": "public",
                            "network.0.port": "",
                            "network.0.uuid": "6a68b40c-356f-4d4c-95e9-e5c72855fb35",
                            "power_state": "active",
                            "region": "Freiburg",
                            "security_groups.#": "1",
                            "security_groups.1001664029": "public",
                            "stop_before_destroy": "false"
                        },
                        "meta": {
                            "e2bfb730-ecaa-11e6-8f88-34363bc7c4c0": {
                                "create": 1800000000000,
                                "delete": 1800000000000,
                                "update": 1800000000000
                            }
                        },
                        "tainted": false
                    },
                    "deposed": [],
                    "provider": "provider.openstack"
                },
                "openstack_compute_instance_v2.hicbrowser": {
                    "type": "openstack_compute_instance_v2",
                    "depends_on": [],
                    "primary": {
                        "id": "66a87719-9521-426f-b9a1-c8fe41afac54",
                        "attributes": {
                            "access_ip_v4": "192.52.32.160",
                            "access_ip_v6": "",
                            "all_metadata.%": "0",
                            "availability_zone": "nova",
                            "flavor_id": "3043b007-5ed1-4785-9cd8-0ed18aad283f",
                            "flavor_name": "m1.xxlarge",
                            "force_delete": "false",
                            "id": "66a87719-9521-426f-b9a1-c8fe41afac54",
                            "image_id": "f0bf4431-bb9a-45b3-a23e-823a96682394",
                            "image_name": "generic-centos7-v31-j4-edc5aa3dc22c-master",
                            "key_pair": "cloud2",
                            "name": "HiCBrowser AG Hein II",
                            "network.#": "1",
                            "network.0.access_network": "false",
                            "network.0.fixed_ip_v4": "192.52.32.160",
                            "network.0.fixed_ip_v6": "",
                            "network.0.floating_ip": "",
                            "network.0.mac": "fa:16:3e:80:cb:3e",
                            "network.0.name": "public",
                            "network.0.port": "",
                            "network.0.uuid": "6a68b40c-356f-4d4c-95e9-e5c72855fb35",
                            "power_state": "active",
                            "region": "Freiburg",
                            "security_groups.#": "4",
                            "security_groups.2162032504": "egress",
                            "security_groups.3285375897": "public-ssh",
                            "security_groups.3361827857": "hicbrowser",
                            "security_groups.3717909635": "public-ping",
                            "stop_before_destroy": "false"
                        },
                        "meta": {
                            "e2bfb730-ecaa-11e6-8f88-34363bc7c4c0": {
                                "create": 1800000000000,
                                "delete": 1800000000000,
                                "update": 1800000000000
                            }
                        },
                        "tainted": false
                    },
                    "deposed": [],
                    "provider": "provider.openstack"
                },
                "openstack_compute_instance_v2.influxdb-usegalaxy": {
                    "type": "openstack_compute_instance_v2",
                    "depends_on": [],
                    "primary": {
                        "id": "4e3103f0-ff44-4e41-a321-7d7d4764dade",
                        "attributes": {
                            "access_ip_v4": "192.52.32.34",
                            "access_ip_v6": "",
                            "all_metadata.%": "0",
                            "availability_zone": "nova",
                            "flavor_id": "b106b327-7d6e-4f88-825d-11145eb25ad7",
                            "flavor_name": "m1.large",
                            "force_delete": "false",
                            "id": "4e3103f0-ff44-4e41-a321-7d7d4764dade",
                            "image_id": "f0bf4431-bb9a-45b3-a23e-823a96682394",
                            "image_name": "generic-centos7-v31-j4-edc5aa3dc22c-master",
                            "key_pair": "cloud2",
                            "name": "influxdb.galaxyproject.eu",
                            "network.#": "1",
                            "network.0.access_network": "false",
                            "network.0.fixed_ip_v4": "192.52.32.34",
                            "network.0.fixed_ip_v6": "",
                            "network.0.floating_ip": "",
                            "network.0.mac": "fa:16:3e:33:7a:5c",
                            "network.0.name": "public",
                            "network.0.port": "",
                            "network.0.uuid": "6a68b40c-356f-4d4c-95e9-e5c72855fb35",
                            "power_state": "active",
                            "region": "Freiburg",
                            "security_groups.#": "5",
                            "security_groups.1024925103": "ufr-ssh",
                            "security_groups.2162032504": "egress",
                            "security_groups.2888762743": "public-influxdb",
                            "security_groups.3717909635": "public-ping",
                            "security_groups.4276348713": "public-web2",
                            "stop_before_destroy": "false"
                        },
                        "meta": {
                            "e2bfb730-ecaa-11e6-8f88-34363bc7c4c0": {
                                "create": 1800000000000,
                                "delete": 1800000000000,
                                "update": 1800000000000
                            }
                        },
                        "tainted": false
                    },
                    "deposed": [],
                    "provider": "provider.openstack"
                },
                "openstack_compute_instance_v2.jenkins-workers-internal": {
                    "type": "openstack_compute_instance_v2",
                    "depends_on": [],
                    "primary": {
                        "id": "c807d845-c384-42d2-a415-72285d8f8841",
                        "attributes": {
                            "access_ip_v4": "132.230.223.23",
                            "access_ip_v6": "",
                            "all_metadata.%": "0",
                            "availability_zone": "nova",
                            "flavor_id": "21bed2e4-ef48-4584-88a2-977ea9ad20a4",
                            "flavor_name": "m1.xlarge",
                            "force_delete": "false",
                            "id": "c807d845-c384-42d2-a415-72285d8f8841",
                            "image_id": "e66311e4-bfd7-4ad0-82de-4ed8062d1f50",
                            "image_name": "jenkins-worker-j52-63ca7a6c7a15-master",
                            "key_pair": "build-usegalaxy-eu",
                            "name": "worker-internal-0.build.galaxyproject.eu",
                            "network.#": "1",
                            "network.0.access_network": "false",
                            "network.0.fixed_ip_v4": "132.230.223.23",
                            "network.0.fixed_ip_v6": "",
                            "network.0.floating_ip": "",
                            "network.0.mac": "fa:16:3e:df:5c:b0",
                            "network.0.name": "public-extended",
                            "network.0.port": "",
                            "network.0.uuid": "f76e9bc0-abbc-44ef-a9fc-7fa388d4c677",
                            "power_state": "active",
                            "region": "Freiburg",
                            "security_groups.#": "1",
                            "security_groups.1001664029": "public",
                            "stop_before_destroy": "false"
                        },
                        "meta": {
                            "e2bfb730-ecaa-11e6-8f88-34363bc7c4c0": {
                                "create": 1800000000000,
                                "delete": 1800000000000,
                                "update": 1800000000000
                            }
                        },
                        "tainted": false
                    },
                    "deposed": [],
                    "provider": "provider.openstack"
                },
                "openstack_compute_instance_v2.jenkins-workers.0": {
                    "type": "openstack_compute_instance_v2",
                    "depends_on": [],
                    "primary": {
                        "id": "616c9fb6-27f0-407f-aa08-b768332ff743",
                        "attributes": {
                            "access_ip_v4": "192.52.32.132",
                            "access_ip_v6": "",
                            "all_metadata.%": "0",
                            "availability_zone": "nova",
                            "flavor_id": "21bed2e4-ef48-4584-88a2-977ea9ad20a4",
                            "flavor_name": "m1.xlarge",
                            "force_delete": "false",
                            "id": "616c9fb6-27f0-407f-aa08-b768332ff743",
                            "image_id": "e66311e4-bfd7-4ad0-82de-4ed8062d1f50",
                            "image_name": "jenkins-worker-j52-63ca7a6c7a15-master",
                            "key_pair": "build-usegalaxy-eu",
                            "name": "worker-0.build.galaxyproject.eu",
                            "network.#": "1",
                            "network.0.access_network": "false",
                            "network.0.fixed_ip_v4": "192.52.32.132",
                            "network.0.fixed_ip_v6": "",
                            "network.0.floating_ip": "",
                            "network.0.mac": "fa:16:3e:3a:a4:bd",
                            "network.0.name": "public",
                            "network.0.port": "",
                            "network.0.uuid": "6a68b40c-356f-4d4c-95e9-e5c72855fb35",
                            "power_state": "active",
                            "region": "Freiburg",
                            "security_groups.#": "1",
                            "security_groups.1001664029": "public",
                            "stop_before_destroy": "false"
                        },
                        "meta": {
                            "e2bfb730-ecaa-11e6-8f88-34363bc7c4c0": {
                                "create": 1800000000000,
                                "delete": 1800000000000,
                                "update": 1800000000000
                            }
                        },
                        "tainted": false
                    },
                    "deposed": [],
                    "provider": "provider.openstack"
                },
                "openstack_compute_instance_v2.jenkins-workers.1": {
                    "type": "openstack_compute_instance_v2",
                    "depends_on": [],
                    "primary": {
                        "id": "4946fa1d-44e3-4022-9f7a-99369bd7db48",
                        "attributes": {
                            "access_ip_v4": "192.52.32.238",
                            "access_ip_v6": "",
                            "all_metadata.%": "0",
                            "availability_zone": "nova",
                            "flavor_id": "21bed2e4-ef48-4584-88a2-977ea9ad20a4",
                            "flavor_name": "m1.xlarge",
                            "force_delete": "false",
                            "id": "4946fa1d-44e3-4022-9f7a-99369bd7db48",
                            "image_id": "e66311e4-bfd7-4ad0-82de-4ed8062d1f50",
                            "image_name": "jenkins-worker-j52-63ca7a6c7a15-master",
                            "key_pair": "build-usegalaxy-eu",
                            "name": "worker-1.build.galaxyproject.eu",
                            "network.#": "1",
                            "network.0.access_network": "false",
                            "network.0.fixed_ip_v4": "192.52.32.238",
                            "network.0.fixed_ip_v6": "",
                            "network.0.floating_ip": "",
                            "network.0.mac": "fa:16:3e:c4:10:bb",
                            "network.0.name": "public",
                            "network.0.port": "",
                            "network.0.uuid": "6a68b40c-356f-4d4c-95e9-e5c72855fb35",
                            "power_state": "active",
                            "region": "Freiburg",
                            "security_groups.#": "1",
                            "security_groups.1001664029": "public",
                            "stop_before_destroy": "false"
                        },
                        "meta": {
                            "e2bfb730-ecaa-11e6-8f88-34363bc7c4c0": {
                                "create": 1800000000000,
                                "delete": 1800000000000,
                                "update": 1800000000000
                            }
                        },
                        "tainted": false
                    },
                    "deposed": [],
                    "provider": "provider.openstack"
                },
                "openstack_compute_instance_v2.nfs-server": {
                    "type": "openstack_compute_instance_v2",
                    "depends_on": [],
                    "primary": {
                        "id": "eb1c5255-6697-4959-bd15-7f658dc108e4",
                        "attributes": {
                            "access_ip_v4": "10.5.68.72",
                            "access_ip_v6": "",
                            "all_metadata.%": "0",
                            "availability_zone": "nova",
                            "flavor_id": "1308297d-d1c4-442f-b89f-c32e769de348",
                            "flavor_name": "test_qos_free",
                            "force_delete": "false",
                            "id": "eb1c5255-6697-4959-bd15-7f658dc108e4",
                            "image_id": "60de3fa3-d178-49d2-ba39-2fc6671eee89",
                            "image_name": "generic-centos7-v31-j18-2deef7cb2572-master",
                            "key_pair": "cloud2",
                            "name": "job-working-dir.internal.galaxyproject.eu",
                            "network.#": "1",
                            "network.0.access_network": "false",
                            "network.0.fixed_ip_v4": "10.5.68.72",
                            "network.0.fixed_ip_v6": "",
                            "network.0.floating_ip": "",
                            "network.0.mac": "fa:16:3e:31:a8:0d",
                            "network.0.name": "bioinf",
                            "network.0.port": "",
                            "network.0.uuid": "afca9459-0eb1-4d67-999f-b07bf3bc99c5",
                            "power_state": "active",
                            "region": "Freiburg",
                            "security_groups.#": "1",
                            "security_groups.1001664029": "public",
                            "stop_before_destroy": "false"
                        },
                        "meta": {
                            "e2bfb730-ecaa-11e6-8f88-34363bc7c4c0": {
                                "create": 1800000000000,
                                "delete": 1800000000000,
                                "update": 1800000000000
                            }
                        },
                        "tainted": false
                    },
                    "deposed": [],
                    "provider": "provider.openstack"
                },
                "openstack_compute_instance_v2.proxy-internal": {
                    "type": "openstack_compute_instance_v2",
                    "depends_on": [],
                    "primary": {
                        "id": "bfc38274-8323-4232-80fc-e770240d064c",
                        "attributes": {
                            "access_ip_v4": "132.230.223.7",
                            "access_ip_v6": "",
                            "all_metadata.%": "0",
                            "availability_zone": "nova",
                            "flavor_id": "df32eb30-c79d-41e7-87d7-1996cb3cbc70",
                            "flavor_name": "m1.small",
                            "force_delete": "false",
                            "id": "bfc38274-8323-4232-80fc-e770240d064c",
                            "image_id": "f0bf4431-bb9a-45b3-a23e-823a96682394",
                            "image_name": "generic-centos7-v31-j4-edc5aa3dc22c-master",
                            "key_pair": "cloud2",
                            "name": "proxy.internal.galaxyproject.eu",
                            "network.#": "1",
                            "network.0.access_network": "false",
                            "network.0.fixed_ip_v4": "132.230.223.7",
                            "network.0.fixed_ip_v6": "",
                            "network.0.floating_ip": "",
                            "network.0.mac": "fa:16:3e:c9:28:63",
                            "network.0.name": "public-extended",
                            "network.0.port": "",
                            "network.0.uuid": "f76e9bc0-abbc-44ef-a9fc-7fa388d4c677",
                            "power_state": "active",
                            "region": "Freiburg",
                            "security_groups.#": "5",
                            "security_groups.2092949500": "public-amqp",
                            "security_groups.2162032504": "egress",
                            "security_groups.3285375897": "public-ssh",
                            "security_groups.3717909635": "public-ping",
                            "security_groups.4276348713": "public-web2",
                            "stop_before_destroy": "false"
                        },
                        "meta": {
                            "e2bfb730-ecaa-11e6-8f88-34363bc7c4c0": {
                                "create": 1800000000000,
                                "delete": 1800000000000,
                                "update": 1800000000000
                            }
                        },
                        "tainted": false
                    },
                    "deposed": [],
                    "provider": "provider.openstack"
                },
                "openstack_compute_instance_v2.sentry-usegalaxy": {
                    "type": "openstack_compute_instance_v2",
                    "depends_on": [
                        "data.openstack_images_image_v2.centos-image",
                        "openstack_blockstorage_volume_v2.sentry_volume_data"
                    ],
                    "primary": {
                        "id": "5ae015c6-f5c4-4e8b-9d69-c3d9ca189a44",
                        "attributes": {
                            "access_ip_v4": "192.52.34.70",
                            "access_ip_v6": "",
                            "all_metadata.%": "0",
                            "availability_zone": "nova",
                            "block_device.#": "2",
                            "block_device.0.boot_index": "0",
                            "block_device.0.delete_on_termination": "true",
                            "block_device.0.destination_type": "local",
                            "block_device.0.device_type": "",
                            "block_device.0.disk_bus": "",
                            "block_device.0.guest_format": "",
                            "block_device.0.source_type": "image",
                            "block_device.0.uuid": "f0bf4431-bb9a-45b3-a23e-823a96682394",
                            "block_device.0.volume_size": "0",
                            "block_device.1.boot_index": "-1",
                            "block_device.1.delete_on_termination": "true",
                            "block_device.1.destination_type": "volume",
                            "block_device.1.device_type": "",
                            "block_device.1.disk_bus": "",
                            "block_device.1.guest_format": "",
                            "block_device.1.source_type": "volume",
                            "block_device.1.uuid": "7405447d-375b-4d7d-9f3b-75bdb0a9ca53",
                            "block_device.1.volume_size": "0",
                            "flavor_id": "df32eb30-c79d-41e7-87d7-1996cb3cbc70",
                            "flavor_name": "m1.small",
                            "force_delete": "false",
                            "id": "5ae015c6-f5c4-4e8b-9d69-c3d9ca189a44",
                            "image_id": "f0bf4431-bb9a-45b3-a23e-823a96682394",
                            "image_name": "generic-centos7-v31-j4-edc5aa3dc22c-master",
                            "key_pair": "cloud2",
                            "name": "sentry.galaxyproject.eu",
                            "network.#": "1",
                            "network.0.access_network": "false",
                            "network.0.fixed_ip_v4": "192.52.34.70",
                            "network.0.fixed_ip_v6": "",
                            "network.0.floating_ip": "",
                            "network.0.mac": "fa:16:3e:e8:c3:c1",
                            "network.0.name": "public",
                            "network.0.port": "",
                            "network.0.uuid": "6a68b40c-356f-4d4c-95e9-e5c72855fb35",
                            "power_state": "active",
                            "region": "Freiburg",
                            "security_groups.#": "4",
                            "security_groups.1024925103": "ufr-ssh",
                            "security_groups.2162032504": "egress",
                            "security_groups.3717909635": "public-ping",
                            "security_groups.4276348713": "public-web2",
                            "stop_before_destroy": "false",
                            "user_data": "8dd3c19d7539ddfbc0df760f4ea05126097708f0"
                        },
                        "meta": {
                            "e2bfb730-ecaa-11e6-8f88-34363bc7c4c0": {
                                "create": 1800000000000,
                                "delete": 1800000000000,
                                "update": 1800000000000
                            }
                        },
                        "tainted": false
                    },
                    "deposed": [],
                    "provider": "provider.openstack"
                },
                "openstack_compute_instance_v2.stats-usegalaxy": {
                    "type": "openstack_compute_instance_v2",
                    "depends_on": [],
                    "primary": {
                        "id": "d5855c69-b8e2-4f8d-820e-78054163cfa1",
                        "attributes": {
                            "access_ip_v4": "192.52.32.138",
                            "access_ip_v6": "",
                            "all_metadata.%": "0",
                            "availability_zone": "nova",
                            "flavor_id": "df32eb30-c79d-41e7-87d7-1996cb3cbc70",
                            "flavor_name": "m1.small",
                            "force_delete": "false",
                            "id": "d5855c69-b8e2-4f8d-820e-78054163cfa1",
                            "image_id": "f0bf4431-bb9a-45b3-a23e-823a96682394",
                            "image_name": "generic-centos7-v31-j4-edc5aa3dc22c-master",
                            "key_pair": "cloud2",
                            "name": "stats.galaxyproject.eu",
                            "network.#": "1",
                            "network.0.access_network": "false",
                            "network.0.fixed_ip_v4": "192.52.32.138",
                            "network.0.fixed_ip_v6": "",
                            "network.0.floating_ip": "",
                            "network.0.mac": "fa:16:3e:84:33:de",
                            "network.0.name": "public",
                            "network.0.port": "",
                            "network.0.uuid": "6a68b40c-356f-4d4c-95e9-e5c72855fb35",
                            "power_state": "active",
                            "region": "Freiburg",
                            "security_groups.#": "4",
                            "security_groups.2162032504": "egress",
                            "security_groups.3285375897": "public-ssh",
                            "security_groups.3717909635": "public-ping",
                            "security_groups.4276348713": "public-web2",
                            "stop_before_destroy": "false"
                        },
                        "meta": {
                            "e2bfb730-ecaa-11e6-8f88-34363bc7c4c0": {
                                "create": 1800000000000,
                                "delete": 1800000000000,
                                "update": 1800000000000
                            }
                        },
                        "tainted": false
                    },
                    "deposed": [],
                    "provider": "provider.openstack"
                },
                "openstack_compute_instance_v2.telescope": {
                    "type": "openstack_compute_instance_v2",
                    "depends_on": [],
                    "primary": {
                        "id": "1d5bef44-20ae-4567-b58c-1b15c4d6a82c",
                        "attributes": {
                            "access_ip_v4": "10.5.68.42",
                            "access_ip_v6": "",
                            "all_metadata.%": "0",
                            "availability_zone": "nova",
                            "flavor_id": "a9a58bcf-29a3-47f4-b4c3-e71e40127833",
                            "flavor_name": "m1.tiny",
                            "force_delete": "false",
                            "id": "1d5bef44-20ae-4567-b58c-1b15c4d6a82c",
                            "image_id": "f0bf4431-bb9a-45b3-a23e-823a96682394",
                            "image_name": "generic-centos7-v31-j4-edc5aa3dc22c-master",
                            "key_pair": "cloud2",
                            "name": "telescope.galaxyproject.eu",
                            "network.#": "1",
                            "network.0.access_network": "false",
                            "network.0.fixed_ip_v4": "10.5.68.42",
                            "network.0.fixed_ip_v6": "",
                            "network.0.floating_ip": "",
                            "network.0.mac": "fa:16:3e:e4:0f:ae",
                            "network.0.name": "bioinf",
                            "network.0.port": "",
                            "network.0.uuid": "afca9459-0eb1-4d67-999f-b07bf3bc99c5",
                            "power_state": "active",
                            "region": "Freiburg",
                            "security_groups.#": "4",
                            "security_groups.2162032504": "egress",
                            "security_groups.3285375897": "public-ssh",
                            "security_groups.3717909635": "public-ping",
                            "security_groups.4276348713": "public-web2",
                            "stop_before_destroy": "false"
                        },
                        "meta": {
                            "e2bfb730-ecaa-11e6-8f88-34363bc7c4c0": {
                                "create": 1800000000000,
                                "delete": 1800000000000,
                                "update": 1800000000000
                            }
                        },
                        "tainted": false
                    },
                    "deposed": [],
                    "provider": "provider.openstack"
                },
                "openstack_compute_instance_v2.test-galaxy": {
                    "type": "openstack_compute_instance_v2",
                    "depends_on": [],
                    "primary": {
                        "id": "43afbf0a-e6b2-4678-8e77-39d9b1dfbe45",
                        "attributes": {
                            "access_ip_v4": "10.5.68.202",
                            "access_ip_v6": "",
                            "all_metadata.%": "0",
                            "availability_zone": "nova",
                            "flavor_id": "b106b327-7d6e-4f88-825d-11145eb25ad7",
                            "flavor_name": "m1.large",
                            "force_delete": "false",
                            "id": "43afbf0a-e6b2-4678-8e77-39d9b1dfbe45",
                            "image_id": "60de3fa3-d178-49d2-ba39-2fc6671eee89",
                            "image_name": "generic-centos7-v31-j18-2deef7cb2572-master",
                            "key_pair": "cloud2",
                            "name": "test.internal.usegalaxy.eu",
                            "network.#": "1",
                            "network.0.access_network": "false",
                            "network.0.fixed_ip_v4": "10.5.68.202",
                            "network.0.fixed_ip_v6": "",
                            "network.0.floating_ip": "",
                            "network.0.mac": "fa:16:3e:8c:4d:af",
                            "network.0.name": "bioinf",
                            "network.0.port": "",
                            "network.0.uuid": "afca9459-0eb1-4d67-999f-b07bf3bc99c5",
                            "power_state": "active",
                            "region": "Freiburg",
                            "security_groups.#": "4",
                            "security_groups.2162032504": "egress",
                            "security_groups.3252355216": "ufr-ingress",
                            "security_groups.3717909635": "public-ping",
                            "security_groups.4276348713": "public-web2",
                            "stop_before_destroy": "false"
                        },
                        "meta": {
                            "e2bfb730-ecaa-11e6-8f88-34363bc7c4c0": {
                                "create": 1800000000000,
                                "delete": 1800000000000,
                                "update": 1800000000000
                            }
                        },
                        "tainted": false
                    },
                    "deposed": [],
                    "provider": "provider.openstack"
                },
                "openstack_compute_instance_v2.training-vm.0": {
                    "type": "openstack_compute_instance_v2",
                    "depends_on": [
                        "random_pet.training-vm.*"
                    ],
                    "primary": {
                        "id": "0c95f9c0-2cf0-4709-a2e2-978c72cb29ea",
                        "attributes": {
                            "access_ip_v4": "192.52.32.136",
                            "access_ip_v6": "",
                            "all_metadata.%": "0",
                            "availability_zone": "nova",
                            "flavor_id": "df32eb30-c79d-41e7-87d7-1996cb3cbc70",
                            "flavor_name": "m1.small",
                            "force_delete": "false",
                            "id": "0c95f9c0-2cf0-4709-a2e2-978c72cb29ea",
                            "image_id": "dad2b000-ec07-4e86-90aa-fb5b6f752325",
                            "image_name": "Ubuntu 18.04",
                            "key_pair": "cloud2",
                            "name": "gcc-0.training.galaxyproject.eu",
                            "network.#": "1",
                            "network.0.access_network": "false",
                            "network.0.fixed_ip_v4": "192.52.32.136",
                            "network.0.fixed_ip_v6": "",
                            "network.0.floating_ip": "",
                            "network.0.mac": "fa:16:3e:23:06:02",
                            "network.0.name": "public",
                            "network.0.port": "",
                            "network.0.uuid": "6a68b40c-356f-4d4c-95e9-e5c72855fb35",
                            "power_state": "active",
                            "region": "Freiburg",
                            "security_groups.#": "4",
                            "security_groups.1001664029": "public",
                            "security_groups.2162032504": "egress",
                            "security_groups.3717909635": "public-ping",
                            "security_groups.4276348713": "public-web2",
                            "stop_before_destroy": "false",
                            "user_data": "0f3ab5c2f10e2d1c2f4fe1ecf678db8f401950ab"
                        },
                        "meta": {
                            "e2bfb730-ecaa-11e6-8f88-34363bc7c4c0": {
                                "create": 1800000000000,
                                "delete": 1800000000000,
                                "update": 1800000000000
                            }
                        },
                        "tainted": false
                    },
                    "deposed": [],
                    "provider": "provider.openstack"
                },
                "openstack_compute_instance_v2.training-vm.1": {
                    "type": "openstack_compute_instance_v2",
                    "depends_on": [
                        "random_pet.training-vm.*"
                    ],
                    "primary": {
                        "id": "2ac37f84-01e0-4da2-aedb-bf6dd40fe2ae",
                        "attributes": {
                            "access_ip_v4": "192.52.34.255",
                            "access_ip_v6": "",
                            "all_metadata.%": "0",
                            "availability_zone": "nova",
                            "flavor_id": "df32eb30-c79d-41e7-87d7-1996cb3cbc70",
                            "flavor_name": "m1.small",
                            "force_delete": "false",
                            "id": "2ac37f84-01e0-4da2-aedb-bf6dd40fe2ae",
                            "image_id": "dad2b000-ec07-4e86-90aa-fb5b6f752325",
                            "image_name": "Ubuntu 18.04",
                            "key_pair": "cloud2",
                            "name": "gcc-1.training.galaxyproject.eu",
                            "network.#": "1",
                            "network.0.access_network": "false",
                            "network.0.fixed_ip_v4": "192.52.34.255",
                            "network.0.fixed_ip_v6": "",
                            "network.0.floating_ip": "",
                            "network.0.mac": "fa:16:3e:93:99:51",
                            "network.0.name": "public",
                            "network.0.port": "",
                            "network.0.uuid": "6a68b40c-356f-4d4c-95e9-e5c72855fb35",
                            "power_state": "active",
                            "region": "Freiburg",
                            "security_groups.#": "4",
                            "security_groups.1001664029": "public",
                            "security_groups.2162032504": "egress",
                            "security_groups.3717909635": "public-ping",
                            "security_groups.4276348713": "public-web2",
                            "stop_before_destroy": "false",
                            "user_data": "39f7ebbc7fefd5d9085711b9fadab0898a8510bc"
                        },
                        "meta": {
                            "e2bfb730-ecaa-11e6-8f88-34363bc7c4c0": {
                                "create": 1800000000000,
                                "delete": 1800000000000,
                                "update": 1800000000000
                            }
                        },
                        "tainted": false
                    },
                    "deposed": [],
                    "provider": "provider.openstack"
                },
                "openstack_compute_instance_v2.training-vm.10": {
                    "type": "openstack_compute_instance_v2",
                    "depends_on": [
                        "random_pet.training-vm.*"
                    ],
                    "primary": {
                        "id": "97fa36b1-6671-44f4-8e19-86dab4b3c0ee",
                        "attributes": {
                            "access_ip_v4": "192.52.34.102",
                            "access_ip_v6": "",
                            "all_metadata.%": "0",
                            "availability_zone": "nova",
                            "flavor_id": "df32eb30-c79d-41e7-87d7-1996cb3cbc70",
                            "flavor_name": "m1.small",
                            "force_delete": "false",
                            "id": "97fa36b1-6671-44f4-8e19-86dab4b3c0ee",
                            "image_id": "dad2b000-ec07-4e86-90aa-fb5b6f752325",
                            "image_name": "Ubuntu 18.04",
                            "key_pair": "cloud2",
                            "name": "gcc-10.training.galaxyproject.eu",
                            "network.#": "1",
                            "network.0.access_network": "false",
                            "network.0.fixed_ip_v4": "192.52.34.102",
                            "network.0.fixed_ip_v6": "",
                            "network.0.floating_ip": "",
                            "network.0.mac": "fa:16:3e:0a:75:c5",
                            "network.0.name": "public",
                            "network.0.port": "",
                            "network.0.uuid": "6a68b40c-356f-4d4c-95e9-e5c72855fb35",
                            "power_state": "active",
                            "region": "Freiburg",
                            "security_groups.#": "4",
                            "security_groups.1001664029": "public",
                            "security_groups.2162032504": "egress",
                            "security_groups.3717909635": "public-ping",
                            "security_groups.4276348713": "public-web2",
                            "stop_before_destroy": "false",
                            "user_data": "3075fc3ca2c56fe7166d9c70edf9aee1fb1cec7d"
                        },
                        "meta": {
                            "e2bfb730-ecaa-11e6-8f88-34363bc7c4c0": {
                                "create": 1800000000000,
                                "delete": 1800000000000,
                                "update": 1800000000000
                            }
                        },
                        "tainted": false
                    },
                    "deposed": [],
                    "provider": "provider.openstack"
                },
                "openstack_compute_instance_v2.training-vm.11": {
                    "type": "openstack_compute_instance_v2",
                    "depends_on": [
                        "random_pet.training-vm.*"
                    ],
                    "primary": {
                        "id": "8db01705-58df-4f8c-84ba-bbdf2f8c6516",
                        "attributes": {
                            "access_ip_v4": "192.52.34.64",
                            "access_ip_v6": "",
                            "all_metadata.%": "0",
                            "availability_zone": "nova",
                            "flavor_id": "df32eb30-c79d-41e7-87d7-1996cb3cbc70",
                            "flavor_name": "m1.small",
                            "force_delete": "false",
                            "id": "8db01705-58df-4f8c-84ba-bbdf2f8c6516",
                            "image_id": "dad2b000-ec07-4e86-90aa-fb5b6f752325",
                            "image_name": "Ubuntu 18.04",
                            "key_pair": "cloud2",
                            "name": "gcc-11.training.galaxyproject.eu",
                            "network.#": "1",
                            "network.0.access_network": "false",
                            "network.0.fixed_ip_v4": "192.52.34.64",
                            "network.0.fixed_ip_v6": "",
                            "network.0.floating_ip": "",
                            "network.0.mac": "fa:16:3e:67:ad:05",
                            "network.0.name": "public",
                            "network.0.port": "",
                            "network.0.uuid": "6a68b40c-356f-4d4c-95e9-e5c72855fb35",
                            "power_state": "active",
                            "region": "Freiburg",
                            "security_groups.#": "4",
                            "security_groups.1001664029": "public",
                            "security_groups.2162032504": "egress",
                            "security_groups.3717909635": "public-ping",
                            "security_groups.4276348713": "public-web2",
                            "stop_before_destroy": "false",
                            "user_data": "e9de592603319102ae924cdd1db481aeb8e984ab"
                        },
                        "meta": {
                            "e2bfb730-ecaa-11e6-8f88-34363bc7c4c0": {
                                "create": 1800000000000,
                                "delete": 1800000000000,
                                "update": 1800000000000
                            }
                        },
                        "tainted": false
                    },
                    "deposed": [],
                    "provider": "provider.openstack"
                },
                "openstack_compute_instance_v2.training-vm.12": {
                    "type": "openstack_compute_instance_v2",
                    "depends_on": [
                        "random_pet.training-vm.*"
                    ],
                    "primary": {
                        "id": "1b4b47bd-d591-47a0-aa7c-ffcecac694d7",
                        "attributes": {
                            "access_ip_v4": "192.52.32.81",
                            "access_ip_v6": "",
                            "all_metadata.%": "0",
                            "availability_zone": "nova",
                            "flavor_id": "df32eb30-c79d-41e7-87d7-1996cb3cbc70",
                            "flavor_name": "m1.small",
                            "force_delete": "false",
                            "id": "1b4b47bd-d591-47a0-aa7c-ffcecac694d7",
                            "image_id": "dad2b000-ec07-4e86-90aa-fb5b6f752325",
                            "image_name": "Ubuntu 18.04",
                            "key_pair": "cloud2",
                            "name": "gcc-12.training.galaxyproject.eu",
                            "network.#": "1",
                            "network.0.access_network": "false",
                            "network.0.fixed_ip_v4": "192.52.32.81",
                            "network.0.fixed_ip_v6": "",
                            "network.0.floating_ip": "",
                            "network.0.mac": "fa:16:3e:84:da:d2",
                            "network.0.name": "public",
                            "network.0.port": "",
                            "network.0.uuid": "6a68b40c-356f-4d4c-95e9-e5c72855fb35",
                            "power_state": "active",
                            "region": "Freiburg",
                            "security_groups.#": "4",
                            "security_groups.1001664029": "public",
                            "security_groups.2162032504": "egress",
                            "security_groups.3717909635": "public-ping",
                            "security_groups.4276348713": "public-web2",
                            "stop_before_destroy": "false",
                            "user_data": "15cf31de66c6fd534a635db2d95b25a3a1908cc3"
                        },
                        "meta": {
                            "e2bfb730-ecaa-11e6-8f88-34363bc7c4c0": {
                                "create": 1800000000000,
                                "delete": 1800000000000,
                                "update": 1800000000000
                            }
                        },
                        "tainted": false
                    },
                    "deposed": [],
                    "provider": "provider.openstack"
                },
                "openstack_compute_instance_v2.training-vm.13": {
                    "type": "openstack_compute_instance_v2",
                    "depends_on": [
                        "random_pet.training-vm.*"
                    ],
                    "primary": {
                        "id": "a825775f-0483-4d43-bc29-7882f60d549e",
                        "attributes": {
                            "access_ip_v4": "192.52.34.191",
                            "access_ip_v6": "",
                            "all_metadata.%": "0",
                            "availability_zone": "nova",
                            "flavor_id": "df32eb30-c79d-41e7-87d7-1996cb3cbc70",
                            "flavor_name": "m1.small",
                            "force_delete": "false",
                            "id": "a825775f-0483-4d43-bc29-7882f60d549e",
                            "image_id": "dad2b000-ec07-4e86-90aa-fb5b6f752325",
                            "image_name": "Ubuntu 18.04",
                            "key_pair": "cloud2",
                            "name": "gcc-13.training.galaxyproject.eu",
                            "network.#": "1",
                            "network.0.access_network": "false",
                            "network.0.fixed_ip_v4": "192.52.34.191",
                            "network.0.fixed_ip_v6": "",
                            "network.0.floating_ip": "",
                            "network.0.mac": "fa:16:3e:91:8d:eb",
                            "network.0.name": "public",
                            "network.0.port": "",
                            "network.0.uuid": "6a68b40c-356f-4d4c-95e9-e5c72855fb35",
                            "power_state": "active",
                            "region": "Freiburg",
                            "security_groups.#": "4",
                            "security_groups.1001664029": "public",
                            "security_groups.2162032504": "egress",
                            "security_groups.3717909635": "public-ping",
                            "security_groups.4276348713": "public-web2",
                            "stop_before_destroy": "false",
                            "user_data": "ab89e1d03e15dcbb3f3e128cd0eee8bb3f20d05c"
                        },
                        "meta": {
                            "e2bfb730-ecaa-11e6-8f88-34363bc7c4c0": {
                                "create": 1800000000000,
                                "delete": 1800000000000,
                                "update": 1800000000000
                            }
                        },
                        "tainted": false
                    },
                    "deposed": [],
                    "provider": "provider.openstack"
                },
                "openstack_compute_instance_v2.training-vm.14": {
                    "type": "openstack_compute_instance_v2",
                    "depends_on": [
                        "random_pet.training-vm.*"
                    ],
                    "primary": {
                        "id": "1e57f278-dba7-4b5f-8b42-9441cc94b2d7",
                        "attributes": {
                            "access_ip_v4": "192.52.34.240",
                            "access_ip_v6": "",
                            "all_metadata.%": "0",
                            "availability_zone": "nova",
                            "flavor_id": "df32eb30-c79d-41e7-87d7-1996cb3cbc70",
                            "flavor_name": "m1.small",
                            "force_delete": "false",
                            "id": "1e57f278-dba7-4b5f-8b42-9441cc94b2d7",
                            "image_id": "dad2b000-ec07-4e86-90aa-fb5b6f752325",
                            "image_name": "Ubuntu 18.04",
                            "key_pair": "cloud2",
                            "name": "gcc-14.training.galaxyproject.eu",
                            "network.#": "1",
                            "network.0.access_network": "false",
                            "network.0.fixed_ip_v4": "192.52.34.240",
                            "network.0.fixed_ip_v6": "",
                            "network.0.floating_ip": "",
                            "network.0.mac": "fa:16:3e:7b:ff:21",
                            "network.0.name": "public",
                            "network.0.port": "",
                            "network.0.uuid": "6a68b40c-356f-4d4c-95e9-e5c72855fb35",
                            "power_state": "active",
                            "region": "Freiburg",
                            "security_groups.#": "4",
                            "security_groups.1001664029": "public",
                            "security_groups.2162032504": "egress",
                            "security_groups.3717909635": "public-ping",
                            "security_groups.4276348713": "public-web2",
                            "stop_before_destroy": "false",
                            "user_data": "6ce9ab67cd75d8156add7af0c68b32e447a7b72e"
                        },
                        "meta": {
                            "e2bfb730-ecaa-11e6-8f88-34363bc7c4c0": {
                                "create": 1800000000000,
                                "delete": 1800000000000,
                                "update": 1800000000000
                            }
                        },
                        "tainted": false
                    },
                    "deposed": [],
                    "provider": "provider.openstack"
                },
                "openstack_compute_instance_v2.training-vm.15": {
                    "type": "openstack_compute_instance_v2",
                    "depends_on": [
                        "random_pet.training-vm.*"
                    ],
                    "primary": {
                        "id": "3491f849-6de5-49db-9bf0-ee4f40fcf609",
                        "attributes": {
                            "access_ip_v4": "192.52.34.237",
                            "access_ip_v6": "",
                            "all_metadata.%": "0",
                            "availability_zone": "nova",
                            "flavor_id": "df32eb30-c79d-41e7-87d7-1996cb3cbc70",
                            "flavor_name": "m1.small",
                            "force_delete": "false",
                            "id": "3491f849-6de5-49db-9bf0-ee4f40fcf609",
                            "image_id": "dad2b000-ec07-4e86-90aa-fb5b6f752325",
                            "image_name": "Ubuntu 18.04",
                            "key_pair": "cloud2",
                            "name": "gcc-15.training.galaxyproject.eu",
                            "network.#": "1",
                            "network.0.access_network": "false",
                            "network.0.fixed_ip_v4": "192.52.34.237",
                            "network.0.fixed_ip_v6": "",
                            "network.0.floating_ip": "",
                            "network.0.mac": "fa:16:3e:48:d4:3b",
                            "network.0.name": "public",
                            "network.0.port": "",
                            "network.0.uuid": "6a68b40c-356f-4d4c-95e9-e5c72855fb35",
                            "power_state": "active",
                            "region": "Freiburg",
                            "security_groups.#": "4",
                            "security_groups.1001664029": "public",
                            "security_groups.2162032504": "egress",
                            "security_groups.3717909635": "public-ping",
                            "security_groups.4276348713": "public-web2",
                            "stop_before_destroy": "false",
                            "user_data": "97319a379c59415df1fd44b17cdb6c8a9be02d31"
                        },
                        "meta": {
                            "e2bfb730-ecaa-11e6-8f88-34363bc7c4c0": {
                                "create": 1800000000000,
                                "delete": 1800000000000,
                                "update": 1800000000000
                            }
                        },
                        "tainted": false
                    },
                    "deposed": [],
                    "provider": "provider.openstack"
                },
                "openstack_compute_instance_v2.training-vm.16": {
                    "type": "openstack_compute_instance_v2",
                    "depends_on": [
                        "random_pet.training-vm.*"
                    ],
                    "primary": {
                        "id": "3a88115f-cec5-4028-ab21-bbdb70bc4299",
                        "attributes": {
                            "access_ip_v4": "192.52.34.203",
                            "access_ip_v6": "",
                            "all_metadata.%": "0",
                            "availability_zone": "nova",
                            "flavor_id": "df32eb30-c79d-41e7-87d7-1996cb3cbc70",
                            "flavor_name": "m1.small",
                            "force_delete": "false",
                            "id": "3a88115f-cec5-4028-ab21-bbdb70bc4299",
                            "image_id": "dad2b000-ec07-4e86-90aa-fb5b6f752325",
                            "image_name": "Ubuntu 18.04",
                            "key_pair": "cloud2",
                            "name": "gcc-16.training.galaxyproject.eu",
                            "network.#": "1",
                            "network.0.access_network": "false",
                            "network.0.fixed_ip_v4": "192.52.34.203",
                            "network.0.fixed_ip_v6": "",
                            "network.0.floating_ip": "",
                            "network.0.mac": "fa:16:3e:ce:c1:2a",
                            "network.0.name": "public",
                            "network.0.port": "",
                            "network.0.uuid": "6a68b40c-356f-4d4c-95e9-e5c72855fb35",
                            "power_state": "active",
                            "region": "Freiburg",
                            "security_groups.#": "4",
                            "security_groups.1001664029": "public",
                            "security_groups.2162032504": "egress",
                            "security_groups.3717909635": "public-ping",
                            "security_groups.4276348713": "public-web2",
                            "stop_before_destroy": "false",
                            "user_data": "0b8d0a93da42cef969e91dacc0234fc66fa12012"
                        },
                        "meta": {
                            "e2bfb730-ecaa-11e6-8f88-34363bc7c4c0": {
                                "create": 1800000000000,
                                "delete": 1800000000000,
                                "update": 1800000000000
                            }
                        },
                        "tainted": false
                    },
                    "deposed": [],
                    "provider": "provider.openstack"
                },
                "openstack_compute_instance_v2.training-vm.17": {
                    "type": "openstack_compute_instance_v2",
                    "depends_on": [
                        "random_pet.training-vm.*"
                    ],
                    "primary": {
                        "id": "5ba396e9-6534-4f5e-a593-4c464cc18111",
                        "attributes": {
                            "access_ip_v4": "192.52.34.66",
                            "access_ip_v6": "",
                            "all_metadata.%": "0",
                            "availability_zone": "nova",
                            "flavor_id": "df32eb30-c79d-41e7-87d7-1996cb3cbc70",
                            "flavor_name": "m1.small",
                            "force_delete": "false",
                            "id": "5ba396e9-6534-4f5e-a593-4c464cc18111",
                            "image_id": "dad2b000-ec07-4e86-90aa-fb5b6f752325",
                            "image_name": "Ubuntu 18.04",
                            "key_pair": "cloud2",
                            "name": "gcc-17.training.galaxyproject.eu",
                            "network.#": "1",
                            "network.0.access_network": "false",
                            "network.0.fixed_ip_v4": "192.52.34.66",
                            "network.0.fixed_ip_v6": "",
                            "network.0.floating_ip": "",
                            "network.0.mac": "fa:16:3e:5a:4c:ef",
                            "network.0.name": "public",
                            "network.0.port": "",
                            "network.0.uuid": "6a68b40c-356f-4d4c-95e9-e5c72855fb35",
                            "power_state": "active",
                            "region": "Freiburg",
                            "security_groups.#": "4",
                            "security_groups.1001664029": "public",
                            "security_groups.2162032504": "egress",
                            "security_groups.3717909635": "public-ping",
                            "security_groups.4276348713": "public-web2",
                            "stop_before_destroy": "false",
                            "user_data": "4d06131bc6b42e9dfb2b60891f5896c8cff0c52c"
                        },
                        "meta": {
                            "e2bfb730-ecaa-11e6-8f88-34363bc7c4c0": {
                                "create": 1800000000000,
                                "delete": 1800000000000,
                                "update": 1800000000000
                            }
                        },
                        "tainted": false
                    },
                    "deposed": [],
                    "provider": "provider.openstack"
                },
                "openstack_compute_instance_v2.training-vm.18": {
                    "type": "openstack_compute_instance_v2",
                    "depends_on": [
                        "random_pet.training-vm.*"
                    ],
                    "primary": {
                        "id": "63cf33e7-61ee-4b84-b6b1-57d4bcbd41bc",
                        "attributes": {
                            "access_ip_v4": "192.52.34.189",
                            "access_ip_v6": "",
                            "all_metadata.%": "0",
                            "availability_zone": "nova",
                            "flavor_id": "df32eb30-c79d-41e7-87d7-1996cb3cbc70",
                            "flavor_name": "m1.small",
                            "force_delete": "false",
                            "id": "63cf33e7-61ee-4b84-b6b1-57d4bcbd41bc",
                            "image_id": "dad2b000-ec07-4e86-90aa-fb5b6f752325",
                            "image_name": "Ubuntu 18.04",
                            "key_pair": "cloud2",
                            "name": "gcc-18.training.galaxyproject.eu",
                            "network.#": "1",
                            "network.0.access_network": "false",
                            "network.0.fixed_ip_v4": "192.52.34.189",
                            "network.0.fixed_ip_v6": "",
                            "network.0.floating_ip": "",
                            "network.0.mac": "fa:16:3e:e1:d4:c7",
                            "network.0.name": "public",
                            "network.0.port": "",
                            "network.0.uuid": "6a68b40c-356f-4d4c-95e9-e5c72855fb35",
                            "power_state": "active",
                            "region": "Freiburg",
                            "security_groups.#": "4",
                            "security_groups.1001664029": "public",
                            "security_groups.2162032504": "egress",
                            "security_groups.3717909635": "public-ping",
                            "security_groups.4276348713": "public-web2",
                            "stop_before_destroy": "false",
                            "user_data": "d04300fc010eced11ca3898309f54fd672f76bb5"
                        },
                        "meta": {
                            "e2bfb730-ecaa-11e6-8f88-34363bc7c4c0": {
                                "create": 1800000000000,
                                "delete": 1800000000000,
                                "update": 1800000000000
                            }
                        },
                        "tainted": false
                    },
                    "deposed": [],
                    "provider": "provider.openstack"
                },
                "openstack_compute_instance_v2.training-vm.19": {
                    "type": "openstack_compute_instance_v2",
                    "depends_on": [
                        "random_pet.training-vm.*"
                    ],
                    "primary": {
                        "id": "9a59ba0c-ee9c-4abf-abdd-afaa8b2cfc41",
                        "attributes": {
                            "access_ip_v4": "192.52.34.235",
                            "access_ip_v6": "",
                            "all_metadata.%": "0",
                            "availability_zone": "nova",
                            "flavor_id": "df32eb30-c79d-41e7-87d7-1996cb3cbc70",
                            "flavor_name": "m1.small",
                            "force_delete": "false",
                            "id": "9a59ba0c-ee9c-4abf-abdd-afaa8b2cfc41",
                            "image_id": "dad2b000-ec07-4e86-90aa-fb5b6f752325",
                            "image_name": "Ubuntu 18.04",
                            "key_pair": "cloud2",
                            "name": "gcc-19.training.galaxyproject.eu",
                            "network.#": "1",
                            "network.0.access_network": "false",
                            "network.0.fixed_ip_v4": "192.52.34.235",
                            "network.0.fixed_ip_v6": "",
                            "network.0.floating_ip": "",
                            "network.0.mac": "fa:16:3e:04:70:f0",
                            "network.0.name": "public",
                            "network.0.port": "",
                            "network.0.uuid": "6a68b40c-356f-4d4c-95e9-e5c72855fb35",
                            "power_state": "active",
                            "region": "Freiburg",
                            "security_groups.#": "4",
                            "security_groups.1001664029": "public",
                            "security_groups.2162032504": "egress",
                            "security_groups.3717909635": "public-ping",
                            "security_groups.4276348713": "public-web2",
                            "stop_before_destroy": "false",
                            "user_data": "d18f0c0a3897142dd006651a553996bbf763bf0f"
                        },
                        "meta": {
                            "e2bfb730-ecaa-11e6-8f88-34363bc7c4c0": {
                                "create": 1800000000000,
                                "delete": 1800000000000,
                                "update": 1800000000000
                            }
                        },
                        "tainted": false
                    },
                    "deposed": [],
                    "provider": "provider.openstack"
                },
                "openstack_compute_instance_v2.training-vm.2": {
                    "type": "openstack_compute_instance_v2",
                    "depends_on": [
                        "random_pet.training-vm.*"
                    ],
                    "primary": {
                        "id": "82050327-0c64-47ab-a026-3abc52036ce0",
                        "attributes": {
                            "access_ip_v4": "192.52.34.20",
                            "access_ip_v6": "",
                            "all_metadata.%": "0",
                            "availability_zone": "nova",
                            "flavor_id": "df32eb30-c79d-41e7-87d7-1996cb3cbc70",
                            "flavor_name": "m1.small",
                            "force_delete": "false",
                            "id": "82050327-0c64-47ab-a026-3abc52036ce0",
                            "image_id": "dad2b000-ec07-4e86-90aa-fb5b6f752325",
                            "image_name": "Ubuntu 18.04",
                            "key_pair": "cloud2",
                            "name": "gcc-2.training.galaxyproject.eu",
                            "network.#": "1",
                            "network.0.access_network": "false",
                            "network.0.fixed_ip_v4": "192.52.34.20",
                            "network.0.fixed_ip_v6": "",
                            "network.0.floating_ip": "",
                            "network.0.mac": "fa:16:3e:d4:79:4f",
                            "network.0.name": "public",
                            "network.0.port": "",
                            "network.0.uuid": "6a68b40c-356f-4d4c-95e9-e5c72855fb35",
                            "power_state": "active",
                            "region": "Freiburg",
                            "security_groups.#": "4",
                            "security_groups.1001664029": "public",
                            "security_groups.2162032504": "egress",
                            "security_groups.3717909635": "public-ping",
                            "security_groups.4276348713": "public-web2",
                            "stop_before_destroy": "false",
                            "user_data": "7df685cc7e169aade1e2fe0fd819c3a979b96cde"
                        },
                        "meta": {
                            "e2bfb730-ecaa-11e6-8f88-34363bc7c4c0": {
                                "create": 1800000000000,
                                "delete": 1800000000000,
                                "update": 1800000000000
                            }
                        },
                        "tainted": false
                    },
                    "deposed": [],
                    "provider": "provider.openstack"
                },
                "openstack_compute_instance_v2.training-vm.20": {
                    "type": "openstack_compute_instance_v2",
                    "depends_on": [
                        "random_pet.training-vm.*"
                    ],
                    "primary": {
                        "id": "af5ec0ad-e2d6-446a-b555-e656e40d17be",
                        "attributes": {
                            "access_ip_v4": "192.52.33.253",
                            "access_ip_v6": "",
                            "all_metadata.%": "0",
                            "availability_zone": "nova",
                            "flavor_id": "df32eb30-c79d-41e7-87d7-1996cb3cbc70",
                            "flavor_name": "m1.small",
                            "force_delete": "false",
                            "id": "af5ec0ad-e2d6-446a-b555-e656e40d17be",
                            "image_id": "dad2b000-ec07-4e86-90aa-fb5b6f752325",
                            "image_name": "Ubuntu 18.04",
                            "key_pair": "cloud2",
                            "name": "gcc-20.training.galaxyproject.eu",
                            "network.#": "1",
                            "network.0.access_network": "false",
                            "network.0.fixed_ip_v4": "192.52.33.253",
                            "network.0.fixed_ip_v6": "",
                            "network.0.floating_ip": "",
                            "network.0.mac": "fa:16:3e:75:4d:66",
                            "network.0.name": "public",
                            "network.0.port": "",
                            "network.0.uuid": "6a68b40c-356f-4d4c-95e9-e5c72855fb35",
                            "power_state": "active",
                            "region": "Freiburg",
                            "security_groups.#": "4",
                            "security_groups.1001664029": "public",
                            "security_groups.2162032504": "egress",
                            "security_groups.3717909635": "public-ping",
                            "security_groups.4276348713": "public-web2",
                            "stop_before_destroy": "false",
                            "user_data": "49e96caefe2f49880ea6ceffa8c88fd3e1485641"
                        },
                        "meta": {
                            "e2bfb730-ecaa-11e6-8f88-34363bc7c4c0": {
                                "create": 1800000000000,
                                "delete": 1800000000000,
                                "update": 1800000000000
                            }
                        },
                        "tainted": false
                    },
                    "deposed": [],
                    "provider": "provider.openstack"
                },
                "openstack_compute_instance_v2.training-vm.21": {
                    "type": "openstack_compute_instance_v2",
                    "depends_on": [
                        "random_pet.training-vm.*"
                    ],
                    "primary": {
                        "id": "760e41b6-4c82-4cf3-a9a7-b6b2fac216e5",
                        "attributes": {
                            "access_ip_v4": "192.52.34.244",
                            "access_ip_v6": "",
                            "all_metadata.%": "0",
                            "availability_zone": "nova",
                            "flavor_id": "df32eb30-c79d-41e7-87d7-1996cb3cbc70",
                            "flavor_name": "m1.small",
                            "force_delete": "false",
                            "id": "760e41b6-4c82-4cf3-a9a7-b6b2fac216e5",
                            "image_id": "dad2b000-ec07-4e86-90aa-fb5b6f752325",
                            "image_name": "Ubuntu 18.04",
                            "key_pair": "cloud2",
                            "name": "gcc-21.training.galaxyproject.eu",
                            "network.#": "1",
                            "network.0.access_network": "false",
                            "network.0.fixed_ip_v4": "192.52.34.244",
                            "network.0.fixed_ip_v6": "",
                            "network.0.floating_ip": "",
                            "network.0.mac": "fa:16:3e:db:1b:f1",
                            "network.0.name": "public",
                            "network.0.port": "",
                            "network.0.uuid": "6a68b40c-356f-4d4c-95e9-e5c72855fb35",
                            "power_state": "active",
                            "region": "Freiburg",
                            "security_groups.#": "4",
                            "security_groups.1001664029": "public",
                            "security_groups.2162032504": "egress",
                            "security_groups.3717909635": "public-ping",
                            "security_groups.4276348713": "public-web2",
                            "stop_before_destroy": "false",
                            "user_data": "7c92c6d6402a9fd6968b7d0d26667e8c411baa92"
                        },
                        "meta": {
                            "e2bfb730-ecaa-11e6-8f88-34363bc7c4c0": {
                                "create": 1800000000000,
                                "delete": 1800000000000,
                                "update": 1800000000000
                            }
                        },
                        "tainted": false
                    },
                    "deposed": [],
                    "provider": "provider.openstack"
                },
                "openstack_compute_instance_v2.training-vm.22": {
                    "type": "openstack_compute_instance_v2",
                    "depends_on": [
                        "random_pet.training-vm.*"
                    ],
                    "primary": {
                        "id": "a84f6fe4-f460-4066-aab9-a380d0439cb9",
                        "attributes": {
                            "access_ip_v4": "192.52.35.7",
                            "access_ip_v6": "",
                            "all_metadata.%": "0",
                            "availability_zone": "nova",
                            "flavor_id": "df32eb30-c79d-41e7-87d7-1996cb3cbc70",
                            "flavor_name": "m1.small",
                            "force_delete": "false",
                            "id": "a84f6fe4-f460-4066-aab9-a380d0439cb9",
                            "image_id": "dad2b000-ec07-4e86-90aa-fb5b6f752325",
                            "image_name": "Ubuntu 18.04",
                            "key_pair": "cloud2",
                            "name": "gcc-22.training.galaxyproject.eu",
                            "network.#": "1",
                            "network.0.access_network": "false",
                            "network.0.fixed_ip_v4": "192.52.35.7",
                            "network.0.fixed_ip_v6": "",
                            "network.0.floating_ip": "",
                            "network.0.mac": "fa:16:3e:a0:73:8d",
                            "network.0.name": "public",
                            "network.0.port": "",
                            "network.0.uuid": "6a68b40c-356f-4d4c-95e9-e5c72855fb35",
                            "power_state": "active",
                            "region": "Freiburg",
                            "security_groups.#": "4",
                            "security_groups.1001664029": "public",
                            "security_groups.2162032504": "egress",
                            "security_groups.3717909635": "public-ping",
                            "security_groups.4276348713": "public-web2",
                            "stop_before_destroy": "false",
                            "user_data": "6973184bd7ee8c064e48ff2d4d3ce5660f54c1ee"
                        },
                        "meta": {
                            "e2bfb730-ecaa-11e6-8f88-34363bc7c4c0": {
                                "create": 1800000000000,
                                "delete": 1800000000000,
                                "update": 1800000000000
                            }
                        },
                        "tainted": false
                    },
                    "deposed": [],
                    "provider": "provider.openstack"
                },
                "openstack_compute_instance_v2.training-vm.23": {
                    "type": "openstack_compute_instance_v2",
                    "depends_on": [
                        "random_pet.training-vm.*"
                    ],
                    "primary": {
                        "id": "ce9bed81-0de3-40de-a49d-131ebf34cf59",
                        "attributes": {
                            "access_ip_v4": "192.52.34.229",
                            "access_ip_v6": "",
                            "all_metadata.%": "0",
                            "availability_zone": "nova",
                            "flavor_id": "df32eb30-c79d-41e7-87d7-1996cb3cbc70",
                            "flavor_name": "m1.small",
                            "force_delete": "false",
                            "id": "ce9bed81-0de3-40de-a49d-131ebf34cf59",
                            "image_id": "dad2b000-ec07-4e86-90aa-fb5b6f752325",
                            "image_name": "Ubuntu 18.04",
                            "key_pair": "cloud2",
                            "name": "gcc-23.training.galaxyproject.eu",
                            "network.#": "1",
                            "network.0.access_network": "false",
                            "network.0.fixed_ip_v4": "192.52.34.229",
                            "network.0.fixed_ip_v6": "",
                            "network.0.floating_ip": "",
                            "network.0.mac": "fa:16:3e:87:f6:13",
                            "network.0.name": "public",
                            "network.0.port": "",
                            "network.0.uuid": "6a68b40c-356f-4d4c-95e9-e5c72855fb35",
                            "power_state": "active",
                            "region": "Freiburg",
                            "security_groups.#": "4",
                            "security_groups.1001664029": "public",
                            "security_groups.2162032504": "egress",
                            "security_groups.3717909635": "public-ping",
                            "security_groups.4276348713": "public-web2",
                            "stop_before_destroy": "false",
                            "user_data": "a9bb0885472528e86bf4c31a612365f308b9ed88"
                        },
                        "meta": {
                            "e2bfb730-ecaa-11e6-8f88-34363bc7c4c0": {
                                "create": 1800000000000,
                                "delete": 1800000000000,
                                "update": 1800000000000
                            }
                        },
                        "tainted": false
                    },
                    "deposed": [],
                    "provider": "provider.openstack"
                },
                "openstack_compute_instance_v2.training-vm.24": {
                    "type": "openstack_compute_instance_v2",
                    "depends_on": [
                        "random_pet.training-vm.*"
                    ],
                    "primary": {
                        "id": "b32446ba-e80b-4d03-8f5a-c5e4c26863fa",
                        "attributes": {
                            "access_ip_v4": "192.52.35.4",
                            "access_ip_v6": "",
                            "all_metadata.%": "0",
                            "availability_zone": "nova",
                            "flavor_id": "df32eb30-c79d-41e7-87d7-1996cb3cbc70",
                            "flavor_name": "m1.small",
                            "force_delete": "false",
                            "id": "b32446ba-e80b-4d03-8f5a-c5e4c26863fa",
                            "image_id": "dad2b000-ec07-4e86-90aa-fb5b6f752325",
                            "image_name": "Ubuntu 18.04",
                            "key_pair": "cloud2",
                            "name": "gcc-24.training.galaxyproject.eu",
                            "network.#": "1",
                            "network.0.access_network": "false",
                            "network.0.fixed_ip_v4": "192.52.35.4",
                            "network.0.fixed_ip_v6": "",
                            "network.0.floating_ip": "",
                            "network.0.mac": "fa:16:3e:2e:77:5b",
                            "network.0.name": "public",
                            "network.0.port": "",
                            "network.0.uuid": "6a68b40c-356f-4d4c-95e9-e5c72855fb35",
                            "power_state": "active",
                            "region": "Freiburg",
                            "security_groups.#": "4",
                            "security_groups.1001664029": "public",
                            "security_groups.2162032504": "egress",
                            "security_groups.3717909635": "public-ping",
                            "security_groups.4276348713": "public-web2",
                            "stop_before_destroy": "false",
                            "user_data": "6c58d562a2f2737ad97c7d2d62985dbab864db62"
                        },
                        "meta": {
                            "e2bfb730-ecaa-11e6-8f88-34363bc7c4c0": {
                                "create": 1800000000000,
                                "delete": 1800000000000,
                                "update": 1800000000000
                            }
                        },
                        "tainted": false
                    },
                    "deposed": [],
                    "provider": "provider.openstack"
                },
                "openstack_compute_instance_v2.training-vm.25": {
                    "type": "openstack_compute_instance_v2",
                    "depends_on": [
                        "random_pet.training-vm.*"
                    ],
                    "primary": {
                        "id": "25e79d55-7c35-468a-83d0-ceb39a45b019",
                        "attributes": {
                            "access_ip_v4": "192.52.35.5",
                            "access_ip_v6": "",
                            "all_metadata.%": "0",
                            "availability_zone": "nova",
                            "flavor_id": "df32eb30-c79d-41e7-87d7-1996cb3cbc70",
                            "flavor_name": "m1.small",
                            "force_delete": "false",
                            "id": "25e79d55-7c35-468a-83d0-ceb39a45b019",
                            "image_id": "dad2b000-ec07-4e86-90aa-fb5b6f752325",
                            "image_name": "Ubuntu 18.04",
                            "key_pair": "cloud2",
                            "name": "gcc-25.training.galaxyproject.eu",
                            "network.#": "1",
                            "network.0.access_network": "false",
                            "network.0.fixed_ip_v4": "192.52.35.5",
                            "network.0.fixed_ip_v6": "",
                            "network.0.floating_ip": "",
                            "network.0.mac": "fa:16:3e:b0:19:87",
                            "network.0.name": "public",
                            "network.0.port": "",
                            "network.0.uuid": "6a68b40c-356f-4d4c-95e9-e5c72855fb35",
                            "power_state": "active",
                            "region": "Freiburg",
                            "security_groups.#": "4",
                            "security_groups.1001664029": "public",
                            "security_groups.2162032504": "egress",
                            "security_groups.3717909635": "public-ping",
                            "security_groups.4276348713": "public-web2",
                            "stop_before_destroy": "false",
                            "user_data": "6c76057b8e53c3128168341cf5ec87c6b341fe88"
                        },
                        "meta": {
                            "e2bfb730-ecaa-11e6-8f88-34363bc7c4c0": {
                                "create": 1800000000000,
                                "delete": 1800000000000,
                                "update": 1800000000000
                            }
                        },
                        "tainted": false
                    },
                    "deposed": [],
                    "provider": "provider.openstack"
                },
                "openstack_compute_instance_v2.training-vm.26": {
                    "type": "openstack_compute_instance_v2",
                    "depends_on": [
                        "random_pet.training-vm.*"
                    ],
                    "primary": {
                        "id": "f81f0520-28c0-4c37-8dff-3042d2947459",
                        "attributes": {
                            "access_ip_v4": "192.52.34.148",
                            "access_ip_v6": "",
                            "all_metadata.%": "0",
                            "availability_zone": "nova",
                            "flavor_id": "df32eb30-c79d-41e7-87d7-1996cb3cbc70",
                            "flavor_name": "m1.small",
                            "force_delete": "false",
                            "id": "f81f0520-28c0-4c37-8dff-3042d2947459",
                            "image_id": "dad2b000-ec07-4e86-90aa-fb5b6f752325",
                            "image_name": "Ubuntu 18.04",
                            "key_pair": "cloud2",
                            "name": "gcc-26.training.galaxyproject.eu",
                            "network.#": "1",
                            "network.0.access_network": "false",
                            "network.0.fixed_ip_v4": "192.52.34.148",
                            "network.0.fixed_ip_v6": "",
                            "network.0.floating_ip": "",
                            "network.0.mac": "fa:16:3e:f7:b3:1c",
                            "network.0.name": "public",
                            "network.0.port": "",
                            "network.0.uuid": "6a68b40c-356f-4d4c-95e9-e5c72855fb35",
                            "power_state": "active",
                            "region": "Freiburg",
                            "security_groups.#": "4",
                            "security_groups.1001664029": "public",
                            "security_groups.2162032504": "egress",
                            "security_groups.3717909635": "public-ping",
                            "security_groups.4276348713": "public-web2",
                            "stop_before_destroy": "false",
                            "user_data": "27ce6a06abceba70d741cbddaf8e68fbd37800a1"
                        },
                        "meta": {
                            "e2bfb730-ecaa-11e6-8f88-34363bc7c4c0": {
                                "create": 1800000000000,
                                "delete": 1800000000000,
                                "update": 1800000000000
                            }
                        },
                        "tainted": false
                    },
                    "deposed": [],
                    "provider": "provider.openstack"
                },
                "openstack_compute_instance_v2.training-vm.27": {
                    "type": "openstack_compute_instance_v2",
                    "depends_on": [
                        "random_pet.training-vm.*"
                    ],
                    "primary": {
                        "id": "94f11757-f23d-456d-ab9d-1aba9489915f",
                        "attributes": {
                            "access_ip_v4": "192.52.34.208",
                            "access_ip_v6": "",
                            "all_metadata.%": "0",
                            "availability_zone": "nova",
                            "flavor_id": "df32eb30-c79d-41e7-87d7-1996cb3cbc70",
                            "flavor_name": "m1.small",
                            "force_delete": "false",
                            "id": "94f11757-f23d-456d-ab9d-1aba9489915f",
                            "image_id": "dad2b000-ec07-4e86-90aa-fb5b6f752325",
                            "image_name": "Ubuntu 18.04",
                            "key_pair": "cloud2",
                            "name": "gcc-27.training.galaxyproject.eu",
                            "network.#": "1",
                            "network.0.access_network": "false",
                            "network.0.fixed_ip_v4": "192.52.34.208",
                            "network.0.fixed_ip_v6": "",
                            "network.0.floating_ip": "",
                            "network.0.mac": "fa:16:3e:88:fb:1a",
                            "network.0.name": "public",
                            "network.0.port": "",
                            "network.0.uuid": "6a68b40c-356f-4d4c-95e9-e5c72855fb35",
                            "power_state": "active",
                            "region": "Freiburg",
                            "security_groups.#": "4",
                            "security_groups.1001664029": "public",
                            "security_groups.2162032504": "egress",
                            "security_groups.3717909635": "public-ping",
                            "security_groups.4276348713": "public-web2",
                            "stop_before_destroy": "false",
                            "user_data": "5eb738754fd8271b7c2522fc6a4cad875ff809dc"
                        },
                        "meta": {
                            "e2bfb730-ecaa-11e6-8f88-34363bc7c4c0": {
                                "create": 1800000000000,
                                "delete": 1800000000000,
                                "update": 1800000000000
                            }
                        },
                        "tainted": false
                    },
                    "deposed": [],
                    "provider": "provider.openstack"
                },
                "openstack_compute_instance_v2.training-vm.28": {
                    "type": "openstack_compute_instance_v2",
                    "depends_on": [
                        "random_pet.training-vm.*"
                    ],
                    "primary": {
                        "id": "86bd3056-c656-4b6c-bad3-d098d6027507",
                        "attributes": {
                            "access_ip_v4": "192.52.34.250",
                            "access_ip_v6": "",
                            "all_metadata.%": "0",
                            "availability_zone": "nova",
                            "flavor_id": "df32eb30-c79d-41e7-87d7-1996cb3cbc70",
                            "flavor_name": "m1.small",
                            "force_delete": "false",
                            "id": "86bd3056-c656-4b6c-bad3-d098d6027507",
                            "image_id": "dad2b000-ec07-4e86-90aa-fb5b6f752325",
                            "image_name": "Ubuntu 18.04",
                            "key_pair": "cloud2",
                            "name": "gcc-28.training.galaxyproject.eu",
                            "network.#": "1",
                            "network.0.access_network": "false",
                            "network.0.fixed_ip_v4": "192.52.34.250",
                            "network.0.fixed_ip_v6": "",
                            "network.0.floating_ip": "",
                            "network.0.mac": "fa:16:3e:ca:08:14",
                            "network.0.name": "public",
                            "network.0.port": "",
                            "network.0.uuid": "6a68b40c-356f-4d4c-95e9-e5c72855fb35",
                            "power_state": "active",
                            "region": "Freiburg",
                            "security_groups.#": "4",
                            "security_groups.1001664029": "public",
                            "security_groups.2162032504": "egress",
                            "security_groups.3717909635": "public-ping",
                            "security_groups.4276348713": "public-web2",
                            "stop_before_destroy": "false",
                            "user_data": "8b61cafde9e23b82c0822d6d0a2b2ff98f5203f4"
                        },
                        "meta": {
                            "e2bfb730-ecaa-11e6-8f88-34363bc7c4c0": {
                                "create": 1800000000000,
                                "delete": 1800000000000,
                                "update": 1800000000000
                            }
                        },
                        "tainted": false
                    },
                    "deposed": [],
                    "provider": "provider.openstack"
                },
                "openstack_compute_instance_v2.training-vm.29": {
                    "type": "openstack_compute_instance_v2",
                    "depends_on": [
                        "random_pet.training-vm.*"
                    ],
                    "primary": {
                        "id": "c813e4ec-552a-4d37-893e-0f13409c0457",
                        "attributes": {
                            "access_ip_v4": "192.52.34.121",
                            "access_ip_v6": "",
                            "all_metadata.%": "0",
                            "availability_zone": "nova",
                            "flavor_id": "df32eb30-c79d-41e7-87d7-1996cb3cbc70",
                            "flavor_name": "m1.small",
                            "force_delete": "false",
                            "id": "c813e4ec-552a-4d37-893e-0f13409c0457",
                            "image_id": "dad2b000-ec07-4e86-90aa-fb5b6f752325",
                            "image_name": "Ubuntu 18.04",
                            "key_pair": "cloud2",
                            "name": "gcc-29.training.galaxyproject.eu",
                            "network.#": "1",
                            "network.0.access_network": "false",
                            "network.0.fixed_ip_v4": "192.52.34.121",
                            "network.0.fixed_ip_v6": "",
                            "network.0.floating_ip": "",
                            "network.0.mac": "fa:16:3e:df:52:19",
                            "network.0.name": "public",
                            "network.0.port": "",
                            "network.0.uuid": "6a68b40c-356f-4d4c-95e9-e5c72855fb35",
                            "power_state": "active",
                            "region": "Freiburg",
                            "security_groups.#": "4",
                            "security_groups.1001664029": "public",
                            "security_groups.2162032504": "egress",
                            "security_groups.3717909635": "public-ping",
                            "security_groups.4276348713": "public-web2",
                            "stop_before_destroy": "false",
                            "user_data": "4f597c7a3289e410558e16f9aa3c153424851405"
                        },
                        "meta": {
                            "e2bfb730-ecaa-11e6-8f88-34363bc7c4c0": {
                                "create": 1800000000000,
                                "delete": 1800000000000,
                                "update": 1800000000000
                            }
                        },
                        "tainted": false
                    },
                    "deposed": [],
                    "provider": "provider.openstack"
                },
                "openstack_compute_instance_v2.training-vm.3": {
                    "type": "openstack_compute_instance_v2",
                    "depends_on": [
                        "random_pet.training-vm.*"
                    ],
                    "primary": {
                        "id": "4ee894c8-e349-4833-95c0-d09b5ed2b6f0",
                        "attributes": {
                            "access_ip_v4": "192.52.34.23",
                            "access_ip_v6": "",
                            "all_metadata.%": "0",
                            "availability_zone": "nova",
                            "flavor_id": "df32eb30-c79d-41e7-87d7-1996cb3cbc70",
                            "flavor_name": "m1.small",
                            "force_delete": "false",
                            "id": "4ee894c8-e349-4833-95c0-d09b5ed2b6f0",
                            "image_id": "dad2b000-ec07-4e86-90aa-fb5b6f752325",
                            "image_name": "Ubuntu 18.04",
                            "key_pair": "cloud2",
                            "name": "gcc-3.training.galaxyproject.eu",
                            "network.#": "1",
                            "network.0.access_network": "false",
                            "network.0.fixed_ip_v4": "192.52.34.23",
                            "network.0.fixed_ip_v6": "",
                            "network.0.floating_ip": "",
                            "network.0.mac": "fa:16:3e:98:c7:1c",
                            "network.0.name": "public",
                            "network.0.port": "",
                            "network.0.uuid": "6a68b40c-356f-4d4c-95e9-e5c72855fb35",
                            "power_state": "active",
                            "region": "Freiburg",
                            "security_groups.#": "4",
                            "security_groups.1001664029": "public",
                            "security_groups.2162032504": "egress",
                            "security_groups.3717909635": "public-ping",
                            "security_groups.4276348713": "public-web2",
                            "stop_before_destroy": "false",
                            "user_data": "63f84002b3527d7b7df285dd7d5640cc0a05ac91"
                        },
                        "meta": {
                            "e2bfb730-ecaa-11e6-8f88-34363bc7c4c0": {
                                "create": 1800000000000,
                                "delete": 1800000000000,
                                "update": 1800000000000
                            }
                        },
                        "tainted": false
                    },
                    "deposed": [],
                    "provider": "provider.openstack"
                },
                "openstack_compute_instance_v2.training-vm.30": {
                    "type": "openstack_compute_instance_v2",
                    "depends_on": [
                        "random_pet.training-vm.*"
                    ],
                    "primary": {
                        "id": "a1769d3c-f21b-4efc-9fa6-b23f1223ea38",
                        "attributes": {
                            "access_ip_v4": "192.52.34.238",
                            "access_ip_v6": "",
                            "all_metadata.%": "0",
                            "availability_zone": "nova",
                            "flavor_id": "df32eb30-c79d-41e7-87d7-1996cb3cbc70",
                            "flavor_name": "m1.small",
                            "force_delete": "false",
                            "id": "a1769d3c-f21b-4efc-9fa6-b23f1223ea38",
                            "image_id": "dad2b000-ec07-4e86-90aa-fb5b6f752325",
                            "image_name": "Ubuntu 18.04",
                            "key_pair": "cloud2",
                            "name": "gcc-30.training.galaxyproject.eu",
                            "network.#": "1",
                            "network.0.access_network": "false",
                            "network.0.fixed_ip_v4": "192.52.34.238",
                            "network.0.fixed_ip_v6": "",
                            "network.0.floating_ip": "",
                            "network.0.mac": "fa:16:3e:44:fd:83",
                            "network.0.name": "public",
                            "network.0.port": "",
                            "network.0.uuid": "6a68b40c-356f-4d4c-95e9-e5c72855fb35",
                            "power_state": "active",
                            "region": "Freiburg",
                            "security_groups.#": "4",
                            "security_groups.1001664029": "public",
                            "security_groups.2162032504": "egress",
                            "security_groups.3717909635": "public-ping",
                            "security_groups.4276348713": "public-web2",
                            "stop_before_destroy": "false",
                            "user_data": "9adcbefa0dbd71476f6ecf28e8925d662068888b"
                        },
                        "meta": {
                            "e2bfb730-ecaa-11e6-8f88-34363bc7c4c0": {
                                "create": 1800000000000,
                                "delete": 1800000000000,
                                "update": 1800000000000
                            }
                        },
                        "tainted": false
                    },
                    "deposed": [],
                    "provider": "provider.openstack"
                },
                "openstack_compute_instance_v2.training-vm.31": {
                    "type": "openstack_compute_instance_v2",
                    "depends_on": [
                        "random_pet.training-vm.*"
                    ],
                    "primary": {
                        "id": "f773fe64-ba19-45c5-b7ed-715f57b32747",
                        "attributes": {
                            "access_ip_v4": "192.52.34.247",
                            "access_ip_v6": "",
                            "all_metadata.%": "0",
                            "availability_zone": "nova",
                            "flavor_id": "df32eb30-c79d-41e7-87d7-1996cb3cbc70",
                            "flavor_name": "m1.small",
                            "force_delete": "false",
                            "id": "f773fe64-ba19-45c5-b7ed-715f57b32747",
                            "image_id": "dad2b000-ec07-4e86-90aa-fb5b6f752325",
                            "image_name": "Ubuntu 18.04",
                            "key_pair": "cloud2",
                            "name": "gcc-31.training.galaxyproject.eu",
                            "network.#": "1",
                            "network.0.access_network": "false",
                            "network.0.fixed_ip_v4": "192.52.34.247",
                            "network.0.fixed_ip_v6": "",
                            "network.0.floating_ip": "",
                            "network.0.mac": "fa:16:3e:3a:b1:cf",
                            "network.0.name": "public",
                            "network.0.port": "",
                            "network.0.uuid": "6a68b40c-356f-4d4c-95e9-e5c72855fb35",
                            "power_state": "active",
                            "region": "Freiburg",
                            "security_groups.#": "4",
                            "security_groups.1001664029": "public",
                            "security_groups.2162032504": "egress",
                            "security_groups.3717909635": "public-ping",
                            "security_groups.4276348713": "public-web2",
                            "stop_before_destroy": "false",
                            "user_data": "ee7a50d58e670d2276ae2e2e295340b6da35661f"
                        },
                        "meta": {
                            "e2bfb730-ecaa-11e6-8f88-34363bc7c4c0": {
                                "create": 1800000000000,
                                "delete": 1800000000000,
                                "update": 1800000000000
                            }
                        },
                        "tainted": false
                    },
                    "deposed": [],
                    "provider": "provider.openstack"
                },
                "openstack_compute_instance_v2.training-vm.32": {
                    "type": "openstack_compute_instance_v2",
                    "depends_on": [
                        "random_pet.training-vm.*"
                    ],
                    "primary": {
                        "id": "771f991b-5a53-4dd1-80aa-447c7e31ad08",
                        "attributes": {
                            "access_ip_v4": "192.52.34.253",
                            "access_ip_v6": "",
                            "all_metadata.%": "0",
                            "availability_zone": "nova",
                            "flavor_id": "df32eb30-c79d-41e7-87d7-1996cb3cbc70",
                            "flavor_name": "m1.small",
                            "force_delete": "false",
                            "id": "771f991b-5a53-4dd1-80aa-447c7e31ad08",
                            "image_id": "dad2b000-ec07-4e86-90aa-fb5b6f752325",
                            "image_name": "Ubuntu 18.04",
                            "key_pair": "cloud2",
                            "name": "gcc-32.training.galaxyproject.eu",
                            "network.#": "1",
                            "network.0.access_network": "false",
                            "network.0.fixed_ip_v4": "192.52.34.253",
                            "network.0.fixed_ip_v6": "",
                            "network.0.floating_ip": "",
                            "network.0.mac": "fa:16:3e:f5:da:45",
                            "network.0.name": "public",
                            "network.0.port": "",
                            "network.0.uuid": "6a68b40c-356f-4d4c-95e9-e5c72855fb35",
                            "power_state": "active",
                            "region": "Freiburg",
                            "security_groups.#": "4",
                            "security_groups.1001664029": "public",
                            "security_groups.2162032504": "egress",
                            "security_groups.3717909635": "public-ping",
                            "security_groups.4276348713": "public-web2",
                            "stop_before_destroy": "false",
                            "user_data": "71d7a884b4073cd53dbfcecc29a4390fc7164640"
                        },
                        "meta": {
                            "e2bfb730-ecaa-11e6-8f88-34363bc7c4c0": {
                                "create": 1800000000000,
                                "delete": 1800000000000,
                                "update": 1800000000000
                            }
                        },
                        "tainted": false
                    },
                    "deposed": [],
                    "provider": "provider.openstack"
                },
                "openstack_compute_instance_v2.training-vm.33": {
                    "type": "openstack_compute_instance_v2",
                    "depends_on": [
                        "random_pet.training-vm.*"
                    ],
                    "primary": {
                        "id": "e7d39f21-9fbe-4abf-b362-b1747fb11575",
                        "attributes": {
                            "access_ip_v4": "192.52.35.8",
                            "access_ip_v6": "",
                            "all_metadata.%": "0",
                            "availability_zone": "nova",
                            "flavor_id": "df32eb30-c79d-41e7-87d7-1996cb3cbc70",
                            "flavor_name": "m1.small",
                            "force_delete": "false",
                            "id": "e7d39f21-9fbe-4abf-b362-b1747fb11575",
                            "image_id": "dad2b000-ec07-4e86-90aa-fb5b6f752325",
                            "image_name": "Ubuntu 18.04",
                            "key_pair": "cloud2",
                            "name": "gcc-33.training.galaxyproject.eu",
                            "network.#": "1",
                            "network.0.access_network": "false",
                            "network.0.fixed_ip_v4": "192.52.35.8",
                            "network.0.fixed_ip_v6": "",
                            "network.0.floating_ip": "",
                            "network.0.mac": "fa:16:3e:16:ff:a2",
                            "network.0.name": "public",
                            "network.0.port": "",
                            "network.0.uuid": "6a68b40c-356f-4d4c-95e9-e5c72855fb35",
                            "power_state": "active",
                            "region": "Freiburg",
                            "security_groups.#": "4",
                            "security_groups.1001664029": "public",
                            "security_groups.2162032504": "egress",
                            "security_groups.3717909635": "public-ping",
                            "security_groups.4276348713": "public-web2",
                            "stop_before_destroy": "false",
                            "user_data": "477938bbc69e2c0a57f1084d7cda90eb1cfbab87"
                        },
                        "meta": {
                            "e2bfb730-ecaa-11e6-8f88-34363bc7c4c0": {
                                "create": 1800000000000,
                                "delete": 1800000000000,
                                "update": 1800000000000
                            }
                        },
                        "tainted": false
                    },
                    "deposed": [],
                    "provider": "provider.openstack"
                },
                "openstack_compute_instance_v2.training-vm.34": {
                    "type": "openstack_compute_instance_v2",
                    "depends_on": [
                        "random_pet.training-vm.*"
                    ],
                    "primary": {
                        "id": "70894053-f678-4abb-bc77-4ba41179ee56",
                        "attributes": {
                            "access_ip_v4": "192.52.35.10",
                            "access_ip_v6": "",
                            "all_metadata.%": "0",
                            "availability_zone": "nova",
                            "flavor_id": "df32eb30-c79d-41e7-87d7-1996cb3cbc70",
                            "flavor_name": "m1.small",
                            "force_delete": "false",
                            "id": "70894053-f678-4abb-bc77-4ba41179ee56",
                            "image_id": "dad2b000-ec07-4e86-90aa-fb5b6f752325",
                            "image_name": "Ubuntu 18.04",
                            "key_pair": "cloud2",
                            "name": "gcc-34.training.galaxyproject.eu",
                            "network.#": "1",
                            "network.0.access_network": "false",
                            "network.0.fixed_ip_v4": "192.52.35.10",
                            "network.0.fixed_ip_v6": "",
                            "network.0.floating_ip": "",
                            "network.0.mac": "fa:16:3e:b1:24:09",
                            "network.0.name": "public",
                            "network.0.port": "",
                            "network.0.uuid": "6a68b40c-356f-4d4c-95e9-e5c72855fb35",
                            "power_state": "active",
                            "region": "Freiburg",
                            "security_groups.#": "4",
                            "security_groups.1001664029": "public",
                            "security_groups.2162032504": "egress",
                            "security_groups.3717909635": "public-ping",
                            "security_groups.4276348713": "public-web2",
                            "stop_before_destroy": "false",
                            "user_data": "f5c620733e7809f9d26797c5a18c06ff094c8902"
                        },
                        "meta": {
                            "e2bfb730-ecaa-11e6-8f88-34363bc7c4c0": {
                                "create": 1800000000000,
                                "delete": 1800000000000,
                                "update": 1800000000000
                            }
                        },
                        "tainted": false
                    },
                    "deposed": [],
                    "provider": "provider.openstack"
                },
                "openstack_compute_instance_v2.training-vm.35": {
                    "type": "openstack_compute_instance_v2",
                    "depends_on": [
                        "random_pet.training-vm.*"
                    ],
                    "primary": {
                        "id": "b144e39a-a5e2-47fd-89a1-b59176ef5efe",
                        "attributes": {
                            "access_ip_v4": "192.52.34.185",
                            "access_ip_v6": "",
                            "all_metadata.%": "0",
                            "availability_zone": "nova",
                            "flavor_id": "df32eb30-c79d-41e7-87d7-1996cb3cbc70",
                            "flavor_name": "m1.small",
                            "force_delete": "false",
                            "id": "b144e39a-a5e2-47fd-89a1-b59176ef5efe",
                            "image_id": "dad2b000-ec07-4e86-90aa-fb5b6f752325",
                            "image_name": "Ubuntu 18.04",
                            "key_pair": "cloud2",
                            "name": "gcc-35.training.galaxyproject.eu",
                            "network.#": "1",
                            "network.0.access_network": "false",
                            "network.0.fixed_ip_v4": "192.52.34.185",
                            "network.0.fixed_ip_v6": "",
                            "network.0.floating_ip": "",
                            "network.0.mac": "fa:16:3e:67:c0:fb",
                            "network.0.name": "public",
                            "network.0.port": "",
                            "network.0.uuid": "6a68b40c-356f-4d4c-95e9-e5c72855fb35",
                            "power_state": "active",
                            "region": "Freiburg",
                            "security_groups.#": "4",
                            "security_groups.1001664029": "public",
                            "security_groups.2162032504": "egress",
                            "security_groups.3717909635": "public-ping",
                            "security_groups.4276348713": "public-web2",
                            "stop_before_destroy": "false",
                            "user_data": "2a21956c727d7b8c7ff54b4dafde1f7b97f7d309"
                        },
                        "meta": {
                            "e2bfb730-ecaa-11e6-8f88-34363bc7c4c0": {
                                "create": 1800000000000,
                                "delete": 1800000000000,
                                "update": 1800000000000
                            }
                        },
                        "tainted": false
                    },
                    "deposed": [],
                    "provider": "provider.openstack"
                },
                "openstack_compute_instance_v2.training-vm.36": {
                    "type": "openstack_compute_instance_v2",
                    "depends_on": [
                        "random_pet.training-vm.*"
                    ],
                    "primary": {
                        "id": "7ad38f2b-f521-4a94-8ba2-114e3b73ba36",
                        "attributes": {
                            "access_ip_v4": "192.52.34.164",
                            "access_ip_v6": "",
                            "all_metadata.%": "0",
                            "availability_zone": "nova",
                            "flavor_id": "df32eb30-c79d-41e7-87d7-1996cb3cbc70",
                            "flavor_name": "m1.small",
                            "force_delete": "false",
                            "id": "7ad38f2b-f521-4a94-8ba2-114e3b73ba36",
                            "image_id": "dad2b000-ec07-4e86-90aa-fb5b6f752325",
                            "image_name": "Ubuntu 18.04",
                            "key_pair": "cloud2",
                            "name": "gcc-36.training.galaxyproject.eu",
                            "network.#": "1",
                            "network.0.access_network": "false",
                            "network.0.fixed_ip_v4": "192.52.34.164",
                            "network.0.fixed_ip_v6": "",
                            "network.0.floating_ip": "",
                            "network.0.mac": "fa:16:3e:ba:b9:22",
                            "network.0.name": "public",
                            "network.0.port": "",
                            "network.0.uuid": "6a68b40c-356f-4d4c-95e9-e5c72855fb35",
                            "power_state": "active",
                            "region": "Freiburg",
                            "security_groups.#": "4",
                            "security_groups.1001664029": "public",
                            "security_groups.2162032504": "egress",
                            "security_groups.3717909635": "public-ping",
                            "security_groups.4276348713": "public-web2",
                            "stop_before_destroy": "false",
                            "user_data": "5eee28320cec023b925ec3daf6c93ed56d557d4f"
                        },
                        "meta": {
                            "e2bfb730-ecaa-11e6-8f88-34363bc7c4c0": {
                                "create": 1800000000000,
                                "delete": 1800000000000,
                                "update": 1800000000000
                            }
                        },
                        "tainted": false
                    },
                    "deposed": [],
                    "provider": "provider.openstack"
                },
                "openstack_compute_instance_v2.training-vm.37": {
                    "type": "openstack_compute_instance_v2",
                    "depends_on": [
                        "random_pet.training-vm.*"
                    ],
                    "primary": {
                        "id": "6a87a077-9a56-41c2-8bf5-ade423fc3c1d",
                        "attributes": {
                            "access_ip_v4": "192.52.35.2",
                            "access_ip_v6": "",
                            "all_metadata.%": "0",
                            "availability_zone": "nova",
                            "flavor_id": "df32eb30-c79d-41e7-87d7-1996cb3cbc70",
                            "flavor_name": "m1.small",
                            "force_delete": "false",
                            "id": "6a87a077-9a56-41c2-8bf5-ade423fc3c1d",
                            "image_id": "dad2b000-ec07-4e86-90aa-fb5b6f752325",
                            "image_name": "Ubuntu 18.04",
                            "key_pair": "cloud2",
                            "name": "gcc-37.training.galaxyproject.eu",
                            "network.#": "1",
                            "network.0.access_network": "false",
                            "network.0.fixed_ip_v4": "192.52.35.2",
                            "network.0.fixed_ip_v6": "",
                            "network.0.floating_ip": "",
                            "network.0.mac": "fa:16:3e:98:50:13",
                            "network.0.name": "public",
                            "network.0.port": "",
                            "network.0.uuid": "6a68b40c-356f-4d4c-95e9-e5c72855fb35",
                            "power_state": "active",
                            "region": "Freiburg",
                            "security_groups.#": "4",
                            "security_groups.1001664029": "public",
                            "security_groups.2162032504": "egress",
                            "security_groups.3717909635": "public-ping",
                            "security_groups.4276348713": "public-web2",
                            "stop_before_destroy": "false",
                            "user_data": "e254de866e3affb430d2e640dd5dcecb3e5d2492"
                        },
                        "meta": {
                            "e2bfb730-ecaa-11e6-8f88-34363bc7c4c0": {
                                "create": 1800000000000,
                                "delete": 1800000000000,
                                "update": 1800000000000
                            }
                        },
                        "tainted": false
                    },
                    "deposed": [],
                    "provider": "provider.openstack"
                },
                "openstack_compute_instance_v2.training-vm.38": {
                    "type": "openstack_compute_instance_v2",
                    "depends_on": [
                        "random_pet.training-vm.*"
                    ],
                    "primary": {
                        "id": "4b24fd3f-f6f1-4b4c-bf47-11f9f7a71cde",
                        "attributes": {
                            "access_ip_v4": "192.52.34.251",
                            "access_ip_v6": "",
                            "all_metadata.%": "0",
                            "availability_zone": "nova",
                            "flavor_id": "df32eb30-c79d-41e7-87d7-1996cb3cbc70",
                            "flavor_name": "m1.small",
                            "force_delete": "false",
                            "id": "4b24fd3f-f6f1-4b4c-bf47-11f9f7a71cde",
                            "image_id": "dad2b000-ec07-4e86-90aa-fb5b6f752325",
                            "image_name": "Ubuntu 18.04",
                            "key_pair": "cloud2",
                            "name": "gcc-38.training.galaxyproject.eu",
                            "network.#": "1",
                            "network.0.access_network": "false",
                            "network.0.fixed_ip_v4": "192.52.34.251",
                            "network.0.fixed_ip_v6": "",
                            "network.0.floating_ip": "",
                            "network.0.mac": "fa:16:3e:9c:5a:81",
                            "network.0.name": "public",
                            "network.0.port": "",
                            "network.0.uuid": "6a68b40c-356f-4d4c-95e9-e5c72855fb35",
                            "power_state": "active",
                            "region": "Freiburg",
                            "security_groups.#": "4",
                            "security_groups.1001664029": "public",
                            "security_groups.2162032504": "egress",
                            "security_groups.3717909635": "public-ping",
                            "security_groups.4276348713": "public-web2",
                            "stop_before_destroy": "false",
                            "user_data": "572d31dbbfe19a745ec492ce6efb90897b3e389c"
                        },
                        "meta": {
                            "e2bfb730-ecaa-11e6-8f88-34363bc7c4c0": {
                                "create": 1800000000000,
                                "delete": 1800000000000,
                                "update": 1800000000000
                            }
                        },
                        "tainted": false
                    },
                    "deposed": [],
                    "provider": "provider.openstack"
                },
                "openstack_compute_instance_v2.training-vm.39": {
                    "type": "openstack_compute_instance_v2",
                    "depends_on": [
                        "random_pet.training-vm.*"
                    ],
                    "primary": {
                        "id": "78df7aa8-3a1e-45cd-9994-114f5dabf9ce",
                        "attributes": {
                            "access_ip_v4": "192.52.34.246",
                            "access_ip_v6": "",
                            "all_metadata.%": "0",
                            "availability_zone": "nova",
                            "flavor_id": "df32eb30-c79d-41e7-87d7-1996cb3cbc70",
                            "flavor_name": "m1.small",
                            "force_delete": "false",
                            "id": "78df7aa8-3a1e-45cd-9994-114f5dabf9ce",
                            "image_id": "dad2b000-ec07-4e86-90aa-fb5b6f752325",
                            "image_name": "Ubuntu 18.04",
                            "key_pair": "cloud2",
                            "name": "gcc-39.training.galaxyproject.eu",
                            "network.#": "1",
                            "network.0.access_network": "false",
                            "network.0.fixed_ip_v4": "192.52.34.246",
                            "network.0.fixed_ip_v6": "",
                            "network.0.floating_ip": "",
                            "network.0.mac": "fa:16:3e:50:e3:e1",
                            "network.0.name": "public",
                            "network.0.port": "",
                            "network.0.uuid": "6a68b40c-356f-4d4c-95e9-e5c72855fb35",
                            "power_state": "active",
                            "region": "Freiburg",
                            "security_groups.#": "4",
                            "security_groups.1001664029": "public",
                            "security_groups.2162032504": "egress",
                            "security_groups.3717909635": "public-ping",
                            "security_groups.4276348713": "public-web2",
                            "stop_before_destroy": "false",
                            "user_data": "1ff9222b79a6591e9cf7c8f4baaafb5502c3bd1d"
                        },
                        "meta": {
                            "e2bfb730-ecaa-11e6-8f88-34363bc7c4c0": {
                                "create": 1800000000000,
                                "delete": 1800000000000,
                                "update": 1800000000000
                            }
                        },
                        "tainted": false
                    },
                    "deposed": [],
                    "provider": "provider.openstack"
                },
                "openstack_compute_instance_v2.training-vm.4": {
                    "type": "openstack_compute_instance_v2",
                    "depends_on": [
                        "random_pet.training-vm.*"
                    ],
                    "primary": {
                        "id": "27096381-8fa1-49a3-95cf-77e427f0818d",
                        "attributes": {
                            "access_ip_v4": "192.52.34.227",
                            "access_ip_v6": "",
                            "all_metadata.%": "0",
                            "availability_zone": "nova",
                            "flavor_id": "df32eb30-c79d-41e7-87d7-1996cb3cbc70",
                            "flavor_name": "m1.small",
                            "force_delete": "false",
                            "id": "27096381-8fa1-49a3-95cf-77e427f0818d",
                            "image_id": "dad2b000-ec07-4e86-90aa-fb5b6f752325",
                            "image_name": "Ubuntu 18.04",
                            "key_pair": "cloud2",
                            "name": "gcc-4.training.galaxyproject.eu",
                            "network.#": "1",
                            "network.0.access_network": "false",
                            "network.0.fixed_ip_v4": "192.52.34.227",
                            "network.0.fixed_ip_v6": "",
                            "network.0.floating_ip": "",
                            "network.0.mac": "fa:16:3e:05:c3:47",
                            "network.0.name": "public",
                            "network.0.port": "",
                            "network.0.uuid": "6a68b40c-356f-4d4c-95e9-e5c72855fb35",
                            "power_state": "active",
                            "region": "Freiburg",
                            "security_groups.#": "4",
                            "security_groups.1001664029": "public",
                            "security_groups.2162032504": "egress",
                            "security_groups.3717909635": "public-ping",
                            "security_groups.4276348713": "public-web2",
                            "stop_before_destroy": "false",
                            "user_data": "bb0ad5d64b730a3397d2aa7939806e127baba337"
                        },
                        "meta": {
                            "e2bfb730-ecaa-11e6-8f88-34363bc7c4c0": {
                                "create": 1800000000000,
                                "delete": 1800000000000,
                                "update": 1800000000000
                            }
                        },
                        "tainted": false
                    },
                    "deposed": [],
                    "provider": "provider.openstack"
                },
                "openstack_compute_instance_v2.training-vm.40": {
                    "type": "openstack_compute_instance_v2",
                    "depends_on": [
                        "random_pet.training-vm.*"
                    ],
                    "primary": {
                        "id": "79d91ab0-fc63-47af-b754-663ea4917fce",
                        "attributes": {
                            "access_ip_v4": "192.52.34.243",
                            "access_ip_v6": "",
                            "all_metadata.%": "0",
                            "availability_zone": "nova",
                            "flavor_id": "df32eb30-c79d-41e7-87d7-1996cb3cbc70",
                            "flavor_name": "m1.small",
                            "force_delete": "false",
                            "id": "79d91ab0-fc63-47af-b754-663ea4917fce",
                            "image_id": "dad2b000-ec07-4e86-90aa-fb5b6f752325",
                            "image_name": "Ubuntu 18.04",
                            "key_pair": "cloud2",
                            "name": "gcc-40.training.galaxyproject.eu",
                            "network.#": "1",
                            "network.0.access_network": "false",
                            "network.0.fixed_ip_v4": "192.52.34.243",
                            "network.0.fixed_ip_v6": "",
                            "network.0.floating_ip": "",
                            "network.0.mac": "fa:16:3e:62:eb:ef",
                            "network.0.name": "public",
                            "network.0.port": "",
                            "network.0.uuid": "6a68b40c-356f-4d4c-95e9-e5c72855fb35",
                            "power_state": "active",
                            "region": "Freiburg",
                            "security_groups.#": "4",
                            "security_groups.1001664029": "public",
                            "security_groups.2162032504": "egress",
                            "security_groups.3717909635": "public-ping",
                            "security_groups.4276348713": "public-web2",
                            "stop_before_destroy": "false",
                            "user_data": "dfd51e9d48d246f732b11e5d00ed88461bc9b87b"
                        },
                        "meta": {
                            "e2bfb730-ecaa-11e6-8f88-34363bc7c4c0": {
                                "create": 1800000000000,
                                "delete": 1800000000000,
                                "update": 1800000000000
                            }
                        },
                        "tainted": false
                    },
                    "deposed": [],
                    "provider": "provider.openstack"
                },
                "openstack_compute_instance_v2.training-vm.41": {
                    "type": "openstack_compute_instance_v2",
                    "depends_on": [
                        "random_pet.training-vm.*"
                    ],
                    "primary": {
                        "id": "9f8702eb-656d-4944-80d7-c3a278d07674",
                        "attributes": {
                            "access_ip_v4": "192.52.34.252",
                            "access_ip_v6": "",
                            "all_metadata.%": "0",
                            "availability_zone": "nova",
                            "flavor_id": "df32eb30-c79d-41e7-87d7-1996cb3cbc70",
                            "flavor_name": "m1.small",
                            "force_delete": "false",
                            "id": "9f8702eb-656d-4944-80d7-c3a278d07674",
                            "image_id": "dad2b000-ec07-4e86-90aa-fb5b6f752325",
                            "image_name": "Ubuntu 18.04",
                            "key_pair": "cloud2",
                            "name": "gcc-41.training.galaxyproject.eu",
                            "network.#": "1",
                            "network.0.access_network": "false",
                            "network.0.fixed_ip_v4": "192.52.34.252",
                            "network.0.fixed_ip_v6": "",
                            "network.0.floating_ip": "",
                            "network.0.mac": "fa:16:3e:c1:83:72",
                            "network.0.name": "public",
                            "network.0.port": "",
                            "network.0.uuid": "6a68b40c-356f-4d4c-95e9-e5c72855fb35",
                            "power_state": "active",
                            "region": "Freiburg",
                            "security_groups.#": "4",
                            "security_groups.1001664029": "public",
                            "security_groups.2162032504": "egress",
                            "security_groups.3717909635": "public-ping",
                            "security_groups.4276348713": "public-web2",
                            "stop_before_destroy": "false",
                            "user_data": "32776b71822bf6c2be8eec97dfeca847785ec50a"
                        },
                        "meta": {
                            "e2bfb730-ecaa-11e6-8f88-34363bc7c4c0": {
                                "create": 1800000000000,
                                "delete": 1800000000000,
                                "update": 1800000000000
                            }
                        },
                        "tainted": false
                    },
                    "deposed": [],
                    "provider": "provider.openstack"
                },
                "openstack_compute_instance_v2.training-vm.42": {
                    "type": "openstack_compute_instance_v2",
                    "depends_on": [
                        "random_pet.training-vm.*"
                    ],
                    "primary": {
                        "id": "be4e027f-29d9-4e52-908b-98174e9327eb",
                        "attributes": {
                            "access_ip_v4": "192.52.34.248",
                            "access_ip_v6": "",
                            "all_metadata.%": "0",
                            "availability_zone": "nova",
                            "flavor_id": "df32eb30-c79d-41e7-87d7-1996cb3cbc70",
                            "flavor_name": "m1.small",
                            "force_delete": "false",
                            "id": "be4e027f-29d9-4e52-908b-98174e9327eb",
                            "image_id": "dad2b000-ec07-4e86-90aa-fb5b6f752325",
                            "image_name": "Ubuntu 18.04",
                            "key_pair": "cloud2",
                            "name": "gcc-42.training.galaxyproject.eu",
                            "network.#": "1",
                            "network.0.access_network": "false",
                            "network.0.fixed_ip_v4": "192.52.34.248",
                            "network.0.fixed_ip_v6": "",
                            "network.0.floating_ip": "",
                            "network.0.mac": "fa:16:3e:fc:4b:64",
                            "network.0.name": "public",
                            "network.0.port": "",
                            "network.0.uuid": "6a68b40c-356f-4d4c-95e9-e5c72855fb35",
                            "power_state": "active",
                            "region": "Freiburg",
                            "security_groups.#": "4",
                            "security_groups.1001664029": "public",
                            "security_groups.2162032504": "egress",
                            "security_groups.3717909635": "public-ping",
                            "security_groups.4276348713": "public-web2",
                            "stop_before_destroy": "false",
                            "user_data": "4a3e84ae65836e5dae88295c2ab675224fbb40b4"
                        },
                        "meta": {
                            "e2bfb730-ecaa-11e6-8f88-34363bc7c4c0": {
                                "create": 1800000000000,
                                "delete": 1800000000000,
                                "update": 1800000000000
                            }
                        },
                        "tainted": false
                    },
                    "deposed": [],
                    "provider": "provider.openstack"
                },
                "openstack_compute_instance_v2.training-vm.43": {
                    "type": "openstack_compute_instance_v2",
                    "depends_on": [
                        "random_pet.training-vm.*"
                    ],
                    "primary": {
                        "id": "fd0bb013-2ae5-4221-89e9-d7caa228178f",
                        "attributes": {
                            "access_ip_v4": "192.52.34.211",
                            "access_ip_v6": "",
                            "all_metadata.%": "0",
                            "availability_zone": "nova",
                            "flavor_id": "df32eb30-c79d-41e7-87d7-1996cb3cbc70",
                            "flavor_name": "m1.small",
                            "force_delete": "false",
                            "id": "fd0bb013-2ae5-4221-89e9-d7caa228178f",
                            "image_id": "dad2b000-ec07-4e86-90aa-fb5b6f752325",
                            "image_name": "Ubuntu 18.04",
                            "key_pair": "cloud2",
                            "name": "gcc-43.training.galaxyproject.eu",
                            "network.#": "1",
                            "network.0.access_network": "false",
                            "network.0.fixed_ip_v4": "192.52.34.211",
                            "network.0.fixed_ip_v6": "",
                            "network.0.floating_ip": "",
                            "network.0.mac": "fa:16:3e:fe:c4:85",
                            "network.0.name": "public",
                            "network.0.port": "",
                            "network.0.uuid": "6a68b40c-356f-4d4c-95e9-e5c72855fb35",
                            "power_state": "active",
                            "region": "Freiburg",
                            "security_groups.#": "4",
                            "security_groups.1001664029": "public",
                            "security_groups.2162032504": "egress",
                            "security_groups.3717909635": "public-ping",
                            "security_groups.4276348713": "public-web2",
                            "stop_before_destroy": "false",
                            "user_data": "f400c58b30858b0e25eda9c2bd689e7f5d5b8ff5"
                        },
                        "meta": {
                            "e2bfb730-ecaa-11e6-8f88-34363bc7c4c0": {
                                "create": 1800000000000,
                                "delete": 1800000000000,
                                "update": 1800000000000
                            }
                        },
                        "tainted": false
                    },
                    "deposed": [],
                    "provider": "provider.openstack"
                },
                "openstack_compute_instance_v2.training-vm.44": {
                    "type": "openstack_compute_instance_v2",
                    "depends_on": [
                        "random_pet.training-vm.*"
                    ],
                    "primary": {
                        "id": "771f2436-e6b9-4d5e-aab6-f40bd056ca2d",
                        "attributes": {
                            "access_ip_v4": "192.52.34.116",
                            "access_ip_v6": "",
                            "all_metadata.%": "0",
                            "availability_zone": "nova",
                            "flavor_id": "df32eb30-c79d-41e7-87d7-1996cb3cbc70",
                            "flavor_name": "m1.small",
                            "force_delete": "false",
                            "id": "771f2436-e6b9-4d5e-aab6-f40bd056ca2d",
                            "image_id": "dad2b000-ec07-4e86-90aa-fb5b6f752325",
                            "image_name": "Ubuntu 18.04",
                            "key_pair": "cloud2",
                            "name": "gcc-44.training.galaxyproject.eu",
                            "network.#": "1",
                            "network.0.access_network": "false",
                            "network.0.fixed_ip_v4": "192.52.34.116",
                            "network.0.fixed_ip_v6": "",
                            "network.0.floating_ip": "",
                            "network.0.mac": "fa:16:3e:66:fb:5e",
                            "network.0.name": "public",
                            "network.0.port": "",
                            "network.0.uuid": "6a68b40c-356f-4d4c-95e9-e5c72855fb35",
                            "power_state": "active",
                            "region": "Freiburg",
                            "security_groups.#": "4",
                            "security_groups.1001664029": "public",
                            "security_groups.2162032504": "egress",
                            "security_groups.3717909635": "public-ping",
                            "security_groups.4276348713": "public-web2",
                            "stop_before_destroy": "false",
                            "user_data": "c59a0f83957f76318f914bc92a00a9b8e479bd73"
                        },
                        "meta": {
                            "e2bfb730-ecaa-11e6-8f88-34363bc7c4c0": {
                                "create": 1800000000000,
                                "delete": 1800000000000,
                                "update": 1800000000000
                            }
                        },
                        "tainted": false
                    },
                    "deposed": [],
                    "provider": "provider.openstack"
                },
                "openstack_compute_instance_v2.training-vm.45": {
                    "type": "openstack_compute_instance_v2",
                    "depends_on": [
                        "random_pet.training-vm.*"
                    ],
                    "primary": {
                        "id": "de4ff41c-fa74-4d44-82dc-e39efe90b3f5",
                        "attributes": {
                            "access_ip_v4": "192.52.34.236",
                            "access_ip_v6": "",
                            "all_metadata.%": "0",
                            "availability_zone": "nova",
                            "flavor_id": "df32eb30-c79d-41e7-87d7-1996cb3cbc70",
                            "flavor_name": "m1.small",
                            "force_delete": "false",
                            "id": "de4ff41c-fa74-4d44-82dc-e39efe90b3f5",
                            "image_id": "dad2b000-ec07-4e86-90aa-fb5b6f752325",
                            "image_name": "Ubuntu 18.04",
                            "key_pair": "cloud2",
                            "name": "gcc-45.training.galaxyproject.eu",
                            "network.#": "1",
                            "network.0.access_network": "false",
                            "network.0.fixed_ip_v4": "192.52.34.236",
                            "network.0.fixed_ip_v6": "",
                            "network.0.floating_ip": "",
                            "network.0.mac": "fa:16:3e:c3:9d:4a",
                            "network.0.name": "public",
                            "network.0.port": "",
                            "network.0.uuid": "6a68b40c-356f-4d4c-95e9-e5c72855fb35",
                            "power_state": "active",
                            "region": "Freiburg",
                            "security_groups.#": "4",
                            "security_groups.1001664029": "public",
                            "security_groups.2162032504": "egress",
                            "security_groups.3717909635": "public-ping",
                            "security_groups.4276348713": "public-web2",
                            "stop_before_destroy": "false",
                            "user_data": "869d9a2a884de769875c0bf2d06a6f63ec4b3a3f"
                        },
                        "meta": {
                            "e2bfb730-ecaa-11e6-8f88-34363bc7c4c0": {
                                "create": 1800000000000,
                                "delete": 1800000000000,
                                "update": 1800000000000
                            }
                        },
                        "tainted": false
                    },
                    "deposed": [],
                    "provider": "provider.openstack"
                },
                "openstack_compute_instance_v2.training-vm.46": {
                    "type": "openstack_compute_instance_v2",
                    "depends_on": [
                        "random_pet.training-vm.*"
                    ],
                    "primary": {
                        "id": "a5dbdb4c-3540-4f7a-a52e-7156d646baa8",
                        "attributes": {
                            "access_ip_v4": "192.52.34.183",
                            "access_ip_v6": "",
                            "all_metadata.%": "0",
                            "availability_zone": "nova",
                            "flavor_id": "df32eb30-c79d-41e7-87d7-1996cb3cbc70",
                            "flavor_name": "m1.small",
                            "force_delete": "false",
                            "id": "a5dbdb4c-3540-4f7a-a52e-7156d646baa8",
                            "image_id": "dad2b000-ec07-4e86-90aa-fb5b6f752325",
                            "image_name": "Ubuntu 18.04",
                            "key_pair": "cloud2",
                            "name": "gcc-46.training.galaxyproject.eu",
                            "network.#": "1",
                            "network.0.access_network": "false",
                            "network.0.fixed_ip_v4": "192.52.34.183",
                            "network.0.fixed_ip_v6": "",
                            "network.0.floating_ip": "",
                            "network.0.mac": "fa:16:3e:a6:97:8e",
                            "network.0.name": "public",
                            "network.0.port": "",
                            "network.0.uuid": "6a68b40c-356f-4d4c-95e9-e5c72855fb35",
                            "power_state": "active",
                            "region": "Freiburg",
                            "security_groups.#": "4",
                            "security_groups.1001664029": "public",
                            "security_groups.2162032504": "egress",
                            "security_groups.3717909635": "public-ping",
                            "security_groups.4276348713": "public-web2",
                            "stop_before_destroy": "false",
                            "user_data": "1b5873abb7f11743fee70ad0d3b09a3c9eb70395"
                        },
                        "meta": {
                            "e2bfb730-ecaa-11e6-8f88-34363bc7c4c0": {
                                "create": 1800000000000,
                                "delete": 1800000000000,
                                "update": 1800000000000
                            }
                        },
                        "tainted": false
                    },
                    "deposed": [],
                    "provider": "provider.openstack"
                },
                "openstack_compute_instance_v2.training-vm.47": {
                    "type": "openstack_compute_instance_v2",
                    "depends_on": [
                        "random_pet.training-vm.*"
                    ],
                    "primary": {
                        "id": "228fd82e-8bc3-4a6e-b6df-c430eec9eaad",
                        "attributes": {
                            "access_ip_v4": "192.52.34.239",
                            "access_ip_v6": "",
                            "all_metadata.%": "0",
                            "availability_zone": "nova",
                            "flavor_id": "df32eb30-c79d-41e7-87d7-1996cb3cbc70",
                            "flavor_name": "m1.small",
                            "force_delete": "false",
                            "id": "228fd82e-8bc3-4a6e-b6df-c430eec9eaad",
                            "image_id": "dad2b000-ec07-4e86-90aa-fb5b6f752325",
                            "image_name": "Ubuntu 18.04",
                            "key_pair": "cloud2",
                            "name": "gcc-47.training.galaxyproject.eu",
                            "network.#": "1",
                            "network.0.access_network": "false",
                            "network.0.fixed_ip_v4": "192.52.34.239",
                            "network.0.fixed_ip_v6": "",
                            "network.0.floating_ip": "",
                            "network.0.mac": "fa:16:3e:48:94:ec",
                            "network.0.name": "public",
                            "network.0.port": "",
                            "network.0.uuid": "6a68b40c-356f-4d4c-95e9-e5c72855fb35",
                            "power_state": "active",
                            "region": "Freiburg",
                            "security_groups.#": "4",
                            "security_groups.1001664029": "public",
                            "security_groups.2162032504": "egress",
                            "security_groups.3717909635": "public-ping",
                            "security_groups.4276348713": "public-web2",
                            "stop_before_destroy": "false",
                            "user_data": "190d832b19f1a3a8dd3316185ae4cf929b87be08"
                        },
                        "meta": {
                            "e2bfb730-ecaa-11e6-8f88-34363bc7c4c0": {
                                "create": 1800000000000,
                                "delete": 1800000000000,
                                "update": 1800000000000
                            }
                        },
                        "tainted": false
                    },
                    "deposed": [],
                    "provider": "provider.openstack"
                },
                "openstack_compute_instance_v2.training-vm.48": {
                    "type": "openstack_compute_instance_v2",
                    "depends_on": [
                        "random_pet.training-vm.*"
                    ],
                    "primary": {
                        "id": "c56e9279-642c-4b78-82f6-5c14698298da",
                        "attributes": {
                            "access_ip_v4": "192.52.35.3",
                            "access_ip_v6": "",
                            "all_metadata.%": "0",
                            "availability_zone": "nova",
                            "flavor_id": "df32eb30-c79d-41e7-87d7-1996cb3cbc70",
                            "flavor_name": "m1.small",
                            "force_delete": "false",
                            "id": "c56e9279-642c-4b78-82f6-5c14698298da",
                            "image_id": "dad2b000-ec07-4e86-90aa-fb5b6f752325",
                            "image_name": "Ubuntu 18.04",
                            "key_pair": "cloud2",
                            "name": "gcc-48.training.galaxyproject.eu",
                            "network.#": "1",
                            "network.0.access_network": "false",
                            "network.0.fixed_ip_v4": "192.52.35.3",
                            "network.0.fixed_ip_v6": "",
                            "network.0.floating_ip": "",
                            "network.0.mac": "fa:16:3e:f3:1a:40",
                            "network.0.name": "public",
                            "network.0.port": "",
                            "network.0.uuid": "6a68b40c-356f-4d4c-95e9-e5c72855fb35",
                            "power_state": "active",
                            "region": "Freiburg",
                            "security_groups.#": "4",
                            "security_groups.1001664029": "public",
                            "security_groups.2162032504": "egress",
                            "security_groups.3717909635": "public-ping",
                            "security_groups.4276348713": "public-web2",
                            "stop_before_destroy": "false",
                            "user_data": "4c69f94457796be185d51ba19904e04f03839ee5"
                        },
                        "meta": {
                            "e2bfb730-ecaa-11e6-8f88-34363bc7c4c0": {
                                "create": 1800000000000,
                                "delete": 1800000000000,
                                "update": 1800000000000
                            }
                        },
                        "tainted": false
                    },
                    "deposed": [],
                    "provider": "provider.openstack"
                },
                "openstack_compute_instance_v2.training-vm.49": {
                    "type": "openstack_compute_instance_v2",
                    "depends_on": [
                        "random_pet.training-vm.*"
                    ],
                    "primary": {
                        "id": "56141b83-7e4f-4418-a195-6a2bfba94672",
                        "attributes": {
                            "access_ip_v4": "192.52.34.234",
                            "access_ip_v6": "",
                            "all_metadata.%": "0",
                            "availability_zone": "nova",
                            "flavor_id": "df32eb30-c79d-41e7-87d7-1996cb3cbc70",
                            "flavor_name": "m1.small",
                            "force_delete": "false",
                            "id": "56141b83-7e4f-4418-a195-6a2bfba94672",
                            "image_id": "dad2b000-ec07-4e86-90aa-fb5b6f752325",
                            "image_name": "Ubuntu 18.04",
                            "key_pair": "cloud2",
                            "name": "gcc-49.training.galaxyproject.eu",
                            "network.#": "1",
                            "network.0.access_network": "false",
                            "network.0.fixed_ip_v4": "192.52.34.234",
                            "network.0.fixed_ip_v6": "",
                            "network.0.floating_ip": "",
                            "network.0.mac": "fa:16:3e:4a:9c:7a",
                            "network.0.name": "public",
                            "network.0.port": "",
                            "network.0.uuid": "6a68b40c-356f-4d4c-95e9-e5c72855fb35",
                            "power_state": "active",
                            "region": "Freiburg",
                            "security_groups.#": "4",
                            "security_groups.1001664029": "public",
                            "security_groups.2162032504": "egress",
                            "security_groups.3717909635": "public-ping",
                            "security_groups.4276348713": "public-web2",
                            "stop_before_destroy": "false",
                            "user_data": "7f0ba0cad70b3c4b5e020040c5e0c89ee8d73336"
                        },
                        "meta": {
                            "e2bfb730-ecaa-11e6-8f88-34363bc7c4c0": {
                                "create": 1800000000000,
                                "delete": 1800000000000,
                                "update": 1800000000000
                            }
                        },
                        "tainted": false
                    },
                    "deposed": [],
                    "provider": "provider.openstack"
                },
                "openstack_compute_instance_v2.training-vm.5": {
                    "type": "openstack_compute_instance_v2",
                    "depends_on": [
                        "random_pet.training-vm.*"
                    ],
                    "primary": {
                        "id": "a4a2c580-cdca-4cdc-935d-3e084416830d",
                        "attributes": {
                            "access_ip_v4": "192.52.35.1",
                            "access_ip_v6": "",
                            "all_metadata.%": "0",
                            "availability_zone": "nova",
                            "flavor_id": "df32eb30-c79d-41e7-87d7-1996cb3cbc70",
                            "flavor_name": "m1.small",
                            "force_delete": "false",
                            "id": "a4a2c580-cdca-4cdc-935d-3e084416830d",
                            "image_id": "dad2b000-ec07-4e86-90aa-fb5b6f752325",
                            "image_name": "Ubuntu 18.04",
                            "key_pair": "cloud2",
                            "name": "gcc-5.training.galaxyproject.eu",
                            "network.#": "1",
                            "network.0.access_network": "false",
                            "network.0.fixed_ip_v4": "192.52.35.1",
                            "network.0.fixed_ip_v6": "",
                            "network.0.floating_ip": "",
                            "network.0.mac": "fa:16:3e:0a:8f:ba",
                            "network.0.name": "public",
                            "network.0.port": "",
                            "network.0.uuid": "6a68b40c-356f-4d4c-95e9-e5c72855fb35",
                            "power_state": "active",
                            "region": "Freiburg",
                            "security_groups.#": "4",
                            "security_groups.1001664029": "public",
                            "security_groups.2162032504": "egress",
                            "security_groups.3717909635": "public-ping",
                            "security_groups.4276348713": "public-web2",
                            "stop_before_destroy": "false",
                            "user_data": "ae98b7d0ed0a8496c854f9e22e47810546e0d22e"
                        },
                        "meta": {
                            "e2bfb730-ecaa-11e6-8f88-34363bc7c4c0": {
                                "create": 1800000000000,
                                "delete": 1800000000000,
                                "update": 1800000000000
                            }
                        },
                        "tainted": false
                    },
                    "deposed": [],
                    "provider": "provider.openstack"
                },
                "openstack_compute_instance_v2.training-vm.6": {
                    "type": "openstack_compute_instance_v2",
                    "depends_on": [
                        "random_pet.training-vm.*"
                    ],
                    "primary": {
                        "id": "5e580267-b7fe-44c1-b219-524ec3e2a4c0",
                        "attributes": {
                            "access_ip_v4": "192.52.34.249",
                            "access_ip_v6": "",
                            "all_metadata.%": "0",
                            "availability_zone": "nova",
                            "flavor_id": "df32eb30-c79d-41e7-87d7-1996cb3cbc70",
                            "flavor_name": "m1.small",
                            "force_delete": "false",
                            "id": "5e580267-b7fe-44c1-b219-524ec3e2a4c0",
                            "image_id": "dad2b000-ec07-4e86-90aa-fb5b6f752325",
                            "image_name": "Ubuntu 18.04",
                            "key_pair": "cloud2",
                            "name": "gcc-6.training.galaxyproject.eu",
                            "network.#": "1",
                            "network.0.access_network": "false",
                            "network.0.fixed_ip_v4": "192.52.34.249",
                            "network.0.fixed_ip_v6": "",
                            "network.0.floating_ip": "",
                            "network.0.mac": "fa:16:3e:eb:43:e6",
                            "network.0.name": "public",
                            "network.0.port": "",
                            "network.0.uuid": "6a68b40c-356f-4d4c-95e9-e5c72855fb35",
                            "power_state": "active",
                            "region": "Freiburg",
                            "security_groups.#": "4",
                            "security_groups.1001664029": "public",
                            "security_groups.2162032504": "egress",
                            "security_groups.3717909635": "public-ping",
                            "security_groups.4276348713": "public-web2",
                            "stop_before_destroy": "false",
                            "user_data": "fcc3e994160988199dafe6cc91b13ee27a9493ce"
                        },
                        "meta": {
                            "e2bfb730-ecaa-11e6-8f88-34363bc7c4c0": {
                                "create": 1800000000000,
                                "delete": 1800000000000,
                                "update": 1800000000000
                            }
                        },
                        "tainted": false
                    },
                    "deposed": [],
                    "provider": "provider.openstack"
                },
                "openstack_compute_instance_v2.training-vm.7": {
                    "type": "openstack_compute_instance_v2",
                    "depends_on": [
                        "random_pet.training-vm.*"
                    ],
                    "primary": {
                        "id": "781b3901-b38a-4ee3-a3b5-d6e35ab919af",
                        "attributes": {
                            "access_ip_v4": "192.52.34.245",
                            "access_ip_v6": "",
                            "all_metadata.%": "0",
                            "availability_zone": "nova",
                            "flavor_id": "df32eb30-c79d-41e7-87d7-1996cb3cbc70",
                            "flavor_name": "m1.small",
                            "force_delete": "false",
                            "id": "781b3901-b38a-4ee3-a3b5-d6e35ab919af",
                            "image_id": "dad2b000-ec07-4e86-90aa-fb5b6f752325",
                            "image_name": "Ubuntu 18.04",
                            "key_pair": "cloud2",
                            "name": "gcc-7.training.galaxyproject.eu",
                            "network.#": "1",
                            "network.0.access_network": "false",
                            "network.0.fixed_ip_v4": "192.52.34.245",
                            "network.0.fixed_ip_v6": "",
                            "network.0.floating_ip": "",
                            "network.0.mac": "fa:16:3e:1f:96:a4",
                            "network.0.name": "public",
                            "network.0.port": "",
                            "network.0.uuid": "6a68b40c-356f-4d4c-95e9-e5c72855fb35",
                            "power_state": "active",
                            "region": "Freiburg",
                            "security_groups.#": "4",
                            "security_groups.1001664029": "public",
                            "security_groups.2162032504": "egress",
                            "security_groups.3717909635": "public-ping",
                            "security_groups.4276348713": "public-web2",
                            "stop_before_destroy": "false",
                            "user_data": "5abac61438606779af24bf7bca0af0758dd337ec"
                        },
                        "meta": {
                            "e2bfb730-ecaa-11e6-8f88-34363bc7c4c0": {
                                "create": 1800000000000,
                                "delete": 1800000000000,
                                "update": 1800000000000
                            }
                        },
                        "tainted": false
                    },
                    "deposed": [],
                    "provider": "provider.openstack"
                },
                "openstack_compute_instance_v2.training-vm.8": {
                    "type": "openstack_compute_instance_v2",
                    "depends_on": [
                        "random_pet.training-vm.*"
                    ],
                    "primary": {
                        "id": "55788d14-a99d-47fa-9535-ad8b744a2788",
                        "attributes": {
                            "access_ip_v4": "192.52.35.12",
                            "access_ip_v6": "",
                            "all_metadata.%": "0",
                            "availability_zone": "nova",
                            "flavor_id": "df32eb30-c79d-41e7-87d7-1996cb3cbc70",
                            "flavor_name": "m1.small",
                            "force_delete": "false",
                            "id": "55788d14-a99d-47fa-9535-ad8b744a2788",
                            "image_id": "dad2b000-ec07-4e86-90aa-fb5b6f752325",
                            "image_name": "Ubuntu 18.04",
                            "key_pair": "cloud2",
                            "name": "gcc-8.training.galaxyproject.eu",
                            "network.#": "1",
                            "network.0.access_network": "false",
                            "network.0.fixed_ip_v4": "192.52.35.12",
                            "network.0.fixed_ip_v6": "",
                            "network.0.floating_ip": "",
                            "network.0.mac": "fa:16:3e:6b:d8:f3",
                            "network.0.name": "public",
                            "network.0.port": "",
                            "network.0.uuid": "6a68b40c-356f-4d4c-95e9-e5c72855fb35",
                            "power_state": "active",
                            "region": "Freiburg",
                            "security_groups.#": "4",
                            "security_groups.1001664029": "public",
                            "security_groups.2162032504": "egress",
                            "security_groups.3717909635": "public-ping",
                            "security_groups.4276348713": "public-web2",
                            "stop_before_destroy": "false",
                            "user_data": "dbcc66ed25c6f649d8550c3974cfcb2246043211"
                        },
                        "meta": {
                            "e2bfb730-ecaa-11e6-8f88-34363bc7c4c0": {
                                "create": 1800000000000,
                                "delete": 1800000000000,
                                "update": 1800000000000
                            }
                        },
                        "tainted": false
                    },
                    "deposed": [],
                    "provider": "provider.openstack"
                },
                "openstack_compute_instance_v2.training-vm.9": {
                    "type": "openstack_compute_instance_v2",
                    "depends_on": [
                        "random_pet.training-vm.*"
                    ],
                    "primary": {
                        "id": "e943771b-82a3-4afa-b9b4-e5b27c5d02a0",
                        "attributes": {
                            "access_ip_v4": "192.52.34.242",
                            "access_ip_v6": "",
                            "all_metadata.%": "0",
                            "availability_zone": "nova",
                            "flavor_id": "df32eb30-c79d-41e7-87d7-1996cb3cbc70",
                            "flavor_name": "m1.small",
                            "force_delete": "false",
                            "id": "e943771b-82a3-4afa-b9b4-e5b27c5d02a0",
                            "image_id": "dad2b000-ec07-4e86-90aa-fb5b6f752325",
                            "image_name": "Ubuntu 18.04",
                            "key_pair": "cloud2",
                            "name": "gcc-9.training.galaxyproject.eu",
                            "network.#": "1",
                            "network.0.access_network": "false",
                            "network.0.fixed_ip_v4": "192.52.34.242",
                            "network.0.fixed_ip_v6": "",
                            "network.0.floating_ip": "",
                            "network.0.mac": "fa:16:3e:95:bd:67",
                            "network.0.name": "public",
                            "network.0.port": "",
                            "network.0.uuid": "6a68b40c-356f-4d4c-95e9-e5c72855fb35",
                            "power_state": "active",
                            "region": "Freiburg",
                            "security_groups.#": "4",
                            "security_groups.1001664029": "public",
                            "security_groups.2162032504": "egress",
                            "security_groups.3717909635": "public-ping",
                            "security_groups.4276348713": "public-web2",
                            "stop_before_destroy": "false",
                            "user_data": "7b48439507ec586475ed8c51fd08adb088a46f06"
                        },
                        "meta": {
                            "e2bfb730-ecaa-11e6-8f88-34363bc7c4c0": {
                                "create": 1800000000000,
                                "delete": 1800000000000,
                                "update": 1800000000000
                            }
                        },
                        "tainted": false
                    },
                    "deposed": [],
                    "provider": "provider.openstack"
                },
                "openstack_compute_instance_v2.vgcn-cm": {
                    "type": "openstack_compute_instance_v2",
                    "depends_on": [],
                    "primary": {
                        "id": "9bc454a3-cf2f-45c0-997d-f2011b6e9774",
                        "attributes": {
                            "access_ip_v4": "10.5.68.36",
                            "access_ip_v6": "",
                            "all_metadata.%": "0",
                            "availability_zone": "nova",
                            "flavor_id": "df32eb30-c79d-41e7-87d7-1996cb3cbc70",
                            "flavor_name": "m1.small",
                            "force_delete": "false",
                            "id": "9bc454a3-cf2f-45c0-997d-f2011b6e9774",
                            "image_id": "f377b5fd-8ab9-4060-b1ad-e123473f40d9",
                            "image_name": "vggp-v31-j101-2deef7cb2572-master",
                            "key_pair": "cloud2",
                            "name": "manager.vgcn.galaxyproject.eu",
                            "network.#": "1",
                            "network.0.access_network": "false",
                            "network.0.fixed_ip_v4": "10.5.68.36",
                            "network.0.fixed_ip_v6": "",
                            "network.0.floating_ip": "",
                            "network.0.mac": "fa:16:3e:36:8f:1d",
                            "network.0.name": "bioinf",
                            "network.0.port": "",
                            "network.0.uuid": "afca9459-0eb1-4d67-999f-b07bf3bc99c5",
                            "power_state": "active",
                            "region": "Freiburg",
                            "security_groups.#": "1",
                            "security_groups.1001664029": "public",
                            "stop_before_destroy": "false",
                            "user_data": "abc94cb9679268b597afd38bad89962de5739301"
                        },
                        "meta": {
                            "e2bfb730-ecaa-11e6-8f88-34363bc7c4c0": {
                                "create": 1800000000000,
                                "delete": 1800000000000,
                                "update": 1800000000000
                            }
                        },
                        "tainted": false
                    },
                    "deposed": [],
                    "provider": "provider.openstack"
                },
                "openstack_compute_keypair_v2.bioconda-utils": {
                    "type": "openstack_compute_keypair_v2",
                    "depends_on": [],
                    "primary": {
                        "id": "bioconda-utils",
                        "attributes": {
                            "fingerprint": "2d:34:1c:e0:dc:11:c2:58:61:8a:ac:4a:2a:ea:cb:59",
                            "id": "bioconda-utils",
                            "name": "bioconda-utils",
                            "private_key": "",
                            "public_key": "ssh-rsa AAAAB3NzaC1yc2EAAAADAQABAAABAQCyY/6ORjwPrNRgxtKTVoyo+CT2yIpkDxMln5HHaG4Ff2zkEDDBEMPfLNhF1u9Eo6I1fCqHjqwbciNST5DAulMdUV0GhH2qe3BoiDVmh2OPPO7KqGS1LJBjm2g8hpFWeHahdkcqZqp6i/9xwEMUMWE+AoFdkKFFFe3f6SgNkcesUciHXbFe77j/FDqgDymdX32DhRAqnkKVrVQ1VuGJwRMUIhiVYY4LFBwL7DbTg9uADCsCw8e+tfwk4UUkmNEPV5y3xwKdIisEqemQGztUi6AirbWLenWxZvLnNTbg8xVkey0ClDVLqJEbhvQB+hvpTJOj+MtzKef6uERnjjDwXoA9",
                            "region": "Freiburg"
                        },
                        "meta": {},
                        "tainted": false
                    },
                    "deposed": [],
                    "provider": "provider.openstack"
                },
                "openstack_compute_keypair_v2.cloud2": {
                    "type": "openstack_compute_keypair_v2",
                    "depends_on": [],
                    "primary": {
                        "id": "cloud2",
                        "attributes": {
                            "fingerprint": "4a:72:2c:7e:d2:b7:f2:c4:5a:9e:bb:ca:c7:8f:d7:a3",
                            "id": "cloud2",
                            "name": "cloud2",
                            "private_key": "",
                            "public_key": "ssh-rsa AAAAB3NzaC1yc2EAAAADAQABAAACAQDV7gfNbNN5O8vH6/tM/iOFXKBP2YKRHXOmdfV8ogvu9BdVV0IPmDzk2EooVpThDE1VMv1hz3811tvBhHRJ6IgNhVIV/61w/+RazQD/AU27X8bX+Hb9EQ/bP4DW+6ySd/z5vdDLzpH5dbiMhzPEDkXVsylUT+hkQnas6cHspDhHmtKQ5MWOgDe3D/IEudTDJQe8hxxaU4TaZUmFzn7eYp9HvuK8qW0yCy4NWOxJJHA+G5wSCyLuKnaKo4AitUIzSKF1AB94oq7b96KONhPxgRptAk4OYIUTdNFbrI5HDaSNzHLnF5FbjQvG+Eu6m5nY5yvJMogE+jiuWeIXCZTCFljg287FUo0ohmbZpd802L6VXun14VumRC+rRgPrvBALo/CsyCsPIoBSTKhVElxKVOcRjmTLNfrUZM0GQxqJhIvah8BV+JTExkipPwkrKTdMAWIXvCoehxV+WMpBWqtEEzAzEoqJpaiec7HfriwsHTGESZWAPYEbFjzbHXQZtqBkbOvtokPMRmTWfWKxaplCMN6ddJeeY6faorD0w/e6lszWES1Q1ieajiPKDy37UvybKKvPTk4o3MzyzYOS4c8HQj+jnGeR5Q3ETuyz4psLyOfuBtIrfOeuxV42rFDmkYM3IrrRR+F9oklFG6Ig8DVfgQEzSG36NkgvpF4OdFvigYqXvw== cloud@vgcn",
                            "region": "Freiburg"
                        },
                        "meta": {},
                        "tainted": false
                    },
                    "deposed": [],
                    "provider": "provider.openstack"
                },
                "openstack_compute_keypair_v2.gcc2019-training": {
                    "type": "openstack_compute_keypair_v2",
                    "depends_on": [],
                    "primary": {
                        "id": "gcc2019training",
                        "attributes": {
                            "fingerprint": "96:ef:a8:ed:4d:2c:94:de:87:aa:51:56:d9:a2:7a:a4",
                            "id": "gcc2019training",
                            "name": "gcc2019training",
                            "private_key": "",
                            "public_key": "ssh-rsa AAAAB3NzaC1yc2EAAAADAQABAAABAQDACHiGGJ1uhnI8+Z/y3JF9BTgTT+nFo1MQqS2EZp6g6VxyLHkzEEJZIuDRk6pTXndZLAHinn1r7hU6UOm7JAYfMnjB/74veNPuvCTPFxyFVMCYbswlNj8Tj5UMFecoA4xvTU2HXwHdY25vkyIEiqlKUDhwKezDWnXuafr4jt6Bc624F3y/+fWuQcbZXRlCssKbAltoWuSNw1YjoJPGf1Xcbl9uvAIWnBLJfJZ91NZTaGVlf4R1qyQ2G+haSpeJ7O75DK+zUoXIl8MHeYOdiaA59YZFwMNhNESrWl9Pi9JcYm10kAgEs2QWJ/CqShokgAaa9mmB8XUhSXcsJvdjh/tp",
                            "region": "Freiburg"
                        },
                        "meta": {},
                        "tainted": false
                    },
                    "deposed": [],
                    "provider": "provider.openstack"
                },
                "openstack_compute_keypair_v2.jenkins": {
                    "type": "openstack_compute_keypair_v2",
                    "depends_on": [],
                    "primary": {
                        "id": "build-usegalaxy-eu",
                        "attributes": {
                            "fingerprint": "4a:72:2c:7e:d2:b7:f2:c4:5a:9e:bb:ca:c7:8f:d7:a3",
                            "id": "build-usegalaxy-eu",
                            "name": "build-usegalaxy-eu",
                            "private_key": "",
                            "public_key": "ssh-rsa AAAAB3NzaC1yc2EAAAADAQABAAACAQDV7gfNbNN5O8vH6/tM/iOFXKBP2YKRHXOmdfV8ogvu9BdVV0IPmDzk2EooVpThDE1VMv1hz3811tvBhHRJ6IgNhVIV/61w/+RazQD/AU27X8bX+Hb9EQ/bP4DW+6ySd/z5vdDLzpH5dbiMhzPEDkXVsylUT+hkQnas6cHspDhHmtKQ5MWOgDe3D/IEudTDJQe8hxxaU4TaZUmFzn7eYp9HvuK8qW0yCy4NWOxJJHA+G5wSCyLuKnaKo4AitUIzSKF1AB94oq7b96KONhPxgRptAk4OYIUTdNFbrI5HDaSNzHLnF5FbjQvG+Eu6m5nY5yvJMogE+jiuWeIXCZTCFljg287FUo0ohmbZpd802L6VXun14VumRC+rRgPrvBALo/CsyCsPIoBSTKhVElxKVOcRjmTLNfrUZM0GQxqJhIvah8BV+JTExkipPwkrKTdMAWIXvCoehxV+WMpBWqtEEzAzEoqJpaiec7HfriwsHTGESZWAPYEbFjzbHXQZtqBkbOvtokPMRmTWfWKxaplCMN6ddJeeY6faorD0w/e6lszWES1Q1ieajiPKDy37UvybKKvPTk4o3MzyzYOS4c8HQj+jnGeR5Q3ETuyz4psLyOfuBtIrfOeuxV42rFDmkYM3IrrRR+F9oklFG6Ig8DVfgQEzSG36NkgvpF4OdFvigYqXvw==",
                            "region": "Freiburg"
                        },
                        "meta": {},
                        "tainted": false
                    },
                    "deposed": [],
                    "provider": "provider.openstack"
                },
                "openstack_compute_keypair_v2.jwolff": {
                    "type": "openstack_compute_keypair_v2",
                    "depends_on": [],
                    "primary": {
                        "id": "jwolff",
                        "attributes": {
                            "fingerprint": "0e:72:a9:5a:26:ca:67:f7:00:b5:e1:6b:45:79:d5:dc",
                            "id": "jwolff",
                            "name": "jwolff",
                            "private_key": "",
                            "public_key": "ssh-rsa AAAAB3NzaC1yc2EAAAADAQABAAACAQC9tbnychy8X48WGuyZhPbJ2IC01BQSWTgtAF2Sa7m4SzCwkDNtjYwoSgAhDYvSJchXqU3vQEQMYJZzt4cNjeE7uYYUAlKXCzemBe6Fzeo5suaULgNNubp6vcwpBQRCxyPjUy3Rfmp2zvDJGNfIHigH8ZYBhey/aDrbKzUG7vvxl48MnmX5cWOA7aQQ7QdhHiiLfwobV/wWdxowtByaTRRvDXml0//sACkqC09aY8o+n91E8jp67f57cL0mOtm8Yxlr2+An5ifJaZBuLLSCNm80/Tjk7N74ZRBcKQoYNk9kSRO6Zrx9L0pGZJbxp/6nY+exSwYyfuyPVVzZvz6/acPRvWmyXlVDCcbWXA1YlJXkAJxzN4541GPK64DTZrBwmvjhTNE9cmijA4ocmkX0Ynil8QoP9T55Z98TBlf55ao8ImN4CMr7Lgt27Aq60JItc9l5lazl8GZdjP3VFdJPjmKu1yNvUgIpiKetqv//e7BiB2Fz4wZluHhq+evRKuXj7aOylvkyRKdklZ5sYJ09YH1O9y/5T5SeAoJOsL0si8K0cBtrRpGdj2Wb2thUUp3qCP0sRJJQS74rUAbYIYQJsBEKySMiTIAH+84G9fYMCIfLYTtqub72IrS1On07Y8dTTInA/Gzd3orZkLjhhK5vJw9YWVaZFpp7QLvgijL0V0B1gw== wolffj@wolffj-ThinkPad-T460s",
                            "region": "Freiburg"
                        },
                        "meta": {},
                        "tainted": false
                    },
                    "deposed": [],
                    "provider": "provider.openstack"
                },
                "openstack_compute_keypair_v2.mike": {
                    "type": "openstack_compute_keypair_v2",
                    "depends_on": [],
                    "primary": {
                        "id": "mike",
                        "attributes": {
                            "fingerprint": "71:10:25:6d:d3:08:25:54:b9:cc:22:42:5f:ef:36:4f",
                            "id": "mike",
                            "name": "mike",
                            "private_key": "",
                            "public_key": "ssh-rsa AAAAB3NzaC1yc2EAAAADAQABAAABAQDuz0HOGjW8WOY61tUao+0ZlVFRoJDBfn7tKLBQQMYwZwCWsHguZ5xXsKVzF0gWVlW80BEU4lkA7IrxUzA+fPgQHLJWZnu1X1ImLtcqNi8qF3OOndLPn0W3iBrpBL4K2R6F8xB9sh9ACxece0ABwvT8LGzmsv6B1m12Pq+7EcJBVrSvXmt7DUKP7xeM++jRtmnNzz5BoRLA54ZW2cyDjCwX4S2LUfza5iXc3GSUZPlkcTNUYxALbevpEZ7e+wny6iGKC2ubJVgwA6rDBaghyYPWeREbL85Q4H87nqmViex1jU1SfiSjGclj+yafZ7oesPFln36lEDMezF0m6ldfjaDF mike@mike7",
                            "region": "Freiburg"
                        },
                        "meta": {},
                        "tainted": false
                    },
                    "deposed": [],
                    "provider": "provider.openstack"
                },
                "openstack_compute_volume_attach_v2.cvmfs-va": {
                    "type": "openstack_compute_volume_attach_v2",
                    "depends_on": [
                        "openstack_blockstorage_volume_v2.cvmfs",
                        "openstack_compute_instance_v2.cvmfs-stratum0"
                    ],
                    "primary": {
                        "id": "3cd91ee2-3c2c-4a66-acdf-d7b4c4226f88/c71d4ecb-7e26-4ca5-87ba-6913cb2a0deb",
                        "attributes": {
                            "device": "/dev/vdb",
                            "id": "3cd91ee2-3c2c-4a66-acdf-d7b4c4226f88/c71d4ecb-7e26-4ca5-87ba-6913cb2a0deb",
                            "instance_id": "3cd91ee2-3c2c-4a66-acdf-d7b4c4226f88",
                            "region": "Freiburg",
                            "volume_id": "c71d4ecb-7e26-4ca5-87ba-6913cb2a0deb"
                        },
                        "meta": {
                            "e2bfb730-ecaa-11e6-8f88-34363bc7c4c0": {
                                "create": 600000000000,
                                "delete": 600000000000
                            }
                        },
                        "tainted": false
                    },
                    "deposed": [],
                    "provider": "provider.openstack"
                },
                "openstack_compute_volume_attach_v2.hicbrowser-va": {
                    "type": "openstack_compute_volume_attach_v2",
                    "depends_on": [
                        "openstack_blockstorage_volume_v2.hicbrowser-data",
                        "openstack_compute_instance_v2.hicbrowser"
                    ],
                    "primary": {
                        "id": "66a87719-9521-426f-b9a1-c8fe41afac54/8889749c-b2a6-464f-99b6-c4c62b895ef9",
                        "attributes": {
                            "device": "/dev/vdb",
                            "id": "66a87719-9521-426f-b9a1-c8fe41afac54/8889749c-b2a6-464f-99b6-c4c62b895ef9",
                            "instance_id": "66a87719-9521-426f-b9a1-c8fe41afac54",
                            "region": "Freiburg",
                            "volume_id": "8889749c-b2a6-464f-99b6-c4c62b895ef9"
                        },
                        "meta": {
                            "e2bfb730-ecaa-11e6-8f88-34363bc7c4c0": {
                                "create": 600000000000,
                                "delete": 600000000000
                            }
                        },
                        "tainted": false
                    },
                    "deposed": [],
                    "provider": "provider.openstack"
                },
                "openstack_compute_volume_attach_v2.influxdb-va": {
                    "type": "openstack_compute_volume_attach_v2",
                    "depends_on": [
                        "openstack_blockstorage_volume_v2.influxdb-data",
                        "openstack_compute_instance_v2.influxdb-usegalaxy"
                    ],
                    "primary": {
                        "id": "4e3103f0-ff44-4e41-a321-7d7d4764dade/270291b1-141c-47f7-85b4-993e7cae9fc4",
                        "attributes": {
                            "device": "/dev/vdb",
                            "id": "4e3103f0-ff44-4e41-a321-7d7d4764dade/270291b1-141c-47f7-85b4-993e7cae9fc4",
                            "instance_id": "4e3103f0-ff44-4e41-a321-7d7d4764dade",
                            "region": "Freiburg",
                            "volume_id": "270291b1-141c-47f7-85b4-993e7cae9fc4"
                        },
                        "meta": {
                            "e2bfb730-ecaa-11e6-8f88-34363bc7c4c0": {
                                "create": 600000000000,
                                "delete": 600000000000
                            }
                        },
                        "tainted": false
                    },
                    "deposed": [],
                    "provider": "provider.openstack"
                },
                "openstack_compute_volume_attach_v2.nfs-data-va": {
                    "type": "openstack_compute_volume_attach_v2",
                    "depends_on": [
                        "openstack_blockstorage_volume_v2.nfs-server",
                        "openstack_compute_instance_v2.nfs-server"
                    ],
                    "primary": {
                        "id": "eb1c5255-6697-4959-bd15-7f658dc108e4/cee06aa9-6669-4dee-aae9-6dd0cac0e8a8",
                        "attributes": {
                            "device": "/dev/vdb",
                            "id": "eb1c5255-6697-4959-bd15-7f658dc108e4/cee06aa9-6669-4dee-aae9-6dd0cac0e8a8",
                            "instance_id": "eb1c5255-6697-4959-bd15-7f658dc108e4",
                            "region": "Freiburg",
                            "volume_id": "cee06aa9-6669-4dee-aae9-6dd0cac0e8a8"
                        },
                        "meta": {
                            "e2bfb730-ecaa-11e6-8f88-34363bc7c4c0": {
                                "create": 600000000000,
                                "delete": 600000000000
                            }
                        },
                        "tainted": false
                    },
                    "deposed": [],
                    "provider": "provider.openstack"
                },
                "openstack_compute_volume_attach_v2.singularity-va.0": {
                    "type": "openstack_compute_volume_attach_v2",
                    "depends_on": [
                        "openstack_blockstorage_volume_v2.singularity-demo-data.*",
                        "openstack_compute_instance_v2.gcc-demo.*"
                    ],
                    "primary": {
                        "id": "9e82632d-a1fc-428d-b261-24ab8db21f27/0cd1cb5f-af23-4f39-8c8d-b0ad601a79c0",
                        "attributes": {
                            "device": "/dev/vdb",
                            "id": "9e82632d-a1fc-428d-b261-24ab8db21f27/0cd1cb5f-af23-4f39-8c8d-b0ad601a79c0",
                            "instance_id": "9e82632d-a1fc-428d-b261-24ab8db21f27",
                            "region": "Freiburg",
                            "volume_id": "0cd1cb5f-af23-4f39-8c8d-b0ad601a79c0"
                        },
                        "meta": {
                            "e2bfb730-ecaa-11e6-8f88-34363bc7c4c0": {
                                "create": 600000000000,
                                "delete": 600000000000
                            }
                        },
                        "tainted": false
                    },
                    "deposed": [],
                    "provider": "provider.openstack"
                },
                "openstack_compute_volume_attach_v2.singularity-va.1": {
                    "type": "openstack_compute_volume_attach_v2",
                    "depends_on": [
                        "openstack_blockstorage_volume_v2.singularity-demo-data.*",
                        "openstack_compute_instance_v2.gcc-demo.*"
                    ],
                    "primary": {
                        "id": "13e8aeb1-0379-447b-a45b-4c03f185d4e2/fd304efe-6a56-44ce-b778-276f66e1b24e",
                        "attributes": {
                            "device": "/dev/vdb",
                            "id": "13e8aeb1-0379-447b-a45b-4c03f185d4e2/fd304efe-6a56-44ce-b778-276f66e1b24e",
                            "instance_id": "13e8aeb1-0379-447b-a45b-4c03f185d4e2",
                            "region": "Freiburg",
                            "volume_id": "fd304efe-6a56-44ce-b778-276f66e1b24e"
                        },
                        "meta": {
                            "e2bfb730-ecaa-11e6-8f88-34363bc7c4c0": {
                                "create": 600000000000,
                                "delete": 600000000000
                            }
                        },
                        "tainted": false
                    },
                    "deposed": [],
                    "provider": "provider.openstack"
                },
                "openstack_compute_volume_attach_v2.stats-va": {
                    "type": "openstack_compute_volume_attach_v2",
                    "depends_on": [
                        "openstack_blockstorage_volume_v2.stats-data",
                        "openstack_compute_instance_v2.stats-usegalaxy"
                    ],
                    "primary": {
                        "id": "d5855c69-b8e2-4f8d-820e-78054163cfa1/7dc26838-0ea1-4df8-9b16-b0326faf339e",
                        "attributes": {
                            "device": "/dev/vdb",
                            "id": "d5855c69-b8e2-4f8d-820e-78054163cfa1/7dc26838-0ea1-4df8-9b16-b0326faf339e",
                            "instance_id": "d5855c69-b8e2-4f8d-820e-78054163cfa1",
                            "region": "Freiburg",
                            "volume_id": "7dc26838-0ea1-4df8-9b16-b0326faf339e"
                        },
                        "meta": {
                            "e2bfb730-ecaa-11e6-8f88-34363bc7c4c0": {
                                "create": 600000000000,
                                "delete": 600000000000
                            }
                        },
                        "tainted": false
                    },
                    "deposed": [],
                    "provider": "provider.openstack"
                },
                "openstack_compute_volume_attach_v2.telescope-va": {
                    "type": "openstack_compute_volume_attach_v2",
                    "depends_on": [
                        "openstack_blockstorage_volume_v2.telescope-data",
                        "openstack_compute_instance_v2.telescope"
                    ],
                    "primary": {
                        "id": "1d5bef44-20ae-4567-b58c-1b15c4d6a82c/816e5476-40ba-46ef-84eb-849b9d1c3a6d",
                        "attributes": {
                            "device": "/dev/vdb",
                            "id": "1d5bef44-20ae-4567-b58c-1b15c4d6a82c/816e5476-40ba-46ef-84eb-849b9d1c3a6d",
                            "instance_id": "1d5bef44-20ae-4567-b58c-1b15c4d6a82c",
                            "region": "Freiburg",
                            "volume_id": "816e5476-40ba-46ef-84eb-849b9d1c3a6d"
                        },
                        "meta": {
                            "e2bfb730-ecaa-11e6-8f88-34363bc7c4c0": {
                                "create": 600000000000,
                                "delete": 600000000000
                            }
                        },
                        "tainted": false
                    },
                    "deposed": [],
                    "provider": "provider.openstack"
                },
                "openstack_networking_secgroup_rule_v2.00914113-bb06-4862-84f4-fec30b168565": {
                    "type": "openstack_networking_secgroup_rule_v2",
                    "depends_on": [
                        "openstack_networking_secgroup_v2.egress"
                    ],
                    "primary": {
                        "id": "5d795d9c-045b-46a8-8452-cb7dea46789a",
                        "attributes": {
                            "description": "",
                            "direction": "egress",
                            "ethertype": "IPv6",
                            "id": "5d795d9c-045b-46a8-8452-cb7dea46789a",
                            "port_range_max": "0",
                            "port_range_min": "0",
                            "protocol": "",
                            "region": "Freiburg",
                            "remote_group_id": "",
                            "remote_ip_prefix": "",
                            "security_group_id": "f08481be-0886-47a0-9be3-936c0942d8dc",
                            "tenant_id": "36d6d9420bb04403b55fb21052efe4be"
                        },
                        "meta": {
                            "e2bfb730-ecaa-11e6-8f88-34363bc7c4c0": {
                                "delete": 600000000000
                            }
                        },
                        "tainted": false
                    },
                    "deposed": [],
                    "provider": "provider.openstack"
                },
                "openstack_networking_secgroup_rule_v2.05135b3c-2cbf-4892-a5c6-f95bb539beb1": {
                    "type": "openstack_networking_secgroup_rule_v2",
                    "depends_on": [
                        "openstack_networking_secgroup_v2.Public"
                    ],
                    "primary": {
                        "id": "e9a7fc37-e32f-40a8-9ea1-0ca51996dab6",
                        "attributes": {
                            "description": "",
                            "direction": "ingress",
                            "ethertype": "IPv4",
                            "id": "e9a7fc37-e32f-40a8-9ea1-0ca51996dab6",
                            "port_range_max": "3389",
                            "port_range_min": "3389",
                            "protocol": "tcp",
                            "region": "Freiburg",
                            "remote_group_id": "",
                            "remote_ip_prefix": "0.0.0.0/0",
                            "security_group_id": "f516ef24-c56c-40bf-a286-45bb490be8b8",
                            "tenant_id": "36d6d9420bb04403b55fb21052efe4be"
                        },
                        "meta": {
                            "e2bfb730-ecaa-11e6-8f88-34363bc7c4c0": {
                                "delete": 600000000000
                            }
                        },
                        "tainted": false
                    },
                    "deposed": [],
                    "provider": "provider.openstack"
                },
                "openstack_networking_secgroup_rule_v2.2226f6db-dbd6-435f-86cf-fe8e898c7bc0": {
                    "type": "openstack_networking_secgroup_rule_v2",
                    "depends_on": [
                        "openstack_networking_secgroup_v2.vgcn-ingress-public"
                    ],
                    "primary": {
                        "id": "8f6ab35d-f9cd-44ee-9bf2-3be54121b871",
                        "attributes": {
                            "description": "",
                            "direction": "ingress",
                            "ethertype": "IPv4",
                            "id": "8f6ab35d-f9cd-44ee-9bf2-3be54121b871",
                            "port_range_max": "0",
                            "port_range_min": "0",
                            "protocol": "",
                            "region": "Freiburg",
                            "remote_group_id": "",
                            "remote_ip_prefix": "",
                            "security_group_id": "85a9e7fb-dfe0-4412-b6d8-986b5bfd7756",
                            "tenant_id": "36d6d9420bb04403b55fb21052efe4be"
                        },
                        "meta": {
                            "e2bfb730-ecaa-11e6-8f88-34363bc7c4c0": {
                                "delete": 600000000000
                            }
                        },
                        "tainted": false
                    },
                    "deposed": [],
                    "provider": "provider.openstack"
                },
                "openstack_networking_secgroup_rule_v2.35e1a542-d19e-435d-8a49-e8233f38711f": {
                    "type": "openstack_networking_secgroup_rule_v2",
                    "depends_on": [
                        "openstack_networking_secgroup_v2.vgcn-ingress-public"
                    ],
                    "primary": {
                        "id": "ec83f5ef-71db-4c02-8371-3a2975f3800c",
                        "attributes": {
                            "description": "",
                            "direction": "ingress",
                            "ethertype": "IPv6",
                            "id": "ec83f5ef-71db-4c02-8371-3a2975f3800c",
                            "port_range_max": "0",
                            "port_range_min": "0",
                            "protocol": "",
                            "region": "Freiburg",
                            "remote_group_id": "",
                            "remote_ip_prefix": "",
                            "security_group_id": "85a9e7fb-dfe0-4412-b6d8-986b5bfd7756",
                            "tenant_id": "36d6d9420bb04403b55fb21052efe4be"
                        },
                        "meta": {
                            "e2bfb730-ecaa-11e6-8f88-34363bc7c4c0": {
                                "delete": 600000000000
                            }
                        },
                        "tainted": false
                    },
                    "deposed": [],
                    "provider": "provider.openstack"
                },
                "openstack_networking_secgroup_rule_v2.40047dc3-cf90-4d66-ade4-5c281ea03a9c": {
                    "type": "openstack_networking_secgroup_rule_v2",
                    "depends_on": [
                        "openstack_networking_secgroup_v2.ufr-ingress"
                    ],
                    "primary": {
                        "id": "2bc33449-8816-44d8-a585-bf4c629b11e8",
                        "attributes": {
                            "description": "",
                            "direction": "ingress",
                            "ethertype": "IPv4",
                            "id": "2bc33449-8816-44d8-a585-bf4c629b11e8",
                            "port_range_max": "0",
                            "port_range_min": "0",
                            "protocol": "",
                            "region": "Freiburg",
                            "remote_group_id": "",
                            "remote_ip_prefix": "192.52.3.0/24",
                            "security_group_id": "fb80f17a-86b7-48be-83d8-ef87dac155f4",
                            "tenant_id": "36d6d9420bb04403b55fb21052efe4be"
                        },
                        "meta": {
                            "e2bfb730-ecaa-11e6-8f88-34363bc7c4c0": {
                                "delete": 600000000000
                            }
                        },
                        "tainted": false
                    },
                    "deposed": [],
                    "provider": "provider.openstack"
                },
                "openstack_networking_secgroup_rule_v2.41156470-b6fb-48d1-950b-bcf17bf64ba2": {
                    "type": "openstack_networking_secgroup_rule_v2",
                    "depends_on": [
                        "openstack_networking_secgroup_v2.public-mosh"
                    ],
                    "primary": {
                        "id": "ae9373f0-3f8c-4be5-a744-ddf05520fb09",
                        "attributes": {
                            "description": "",
                            "direction": "ingress",
                            "ethertype": "IPv4",
                            "id": "ae9373f0-3f8c-4be5-a744-ddf05520fb09",
                            "port_range_max": "61000",
                            "port_range_min": "60000",
                            "protocol": "tcp",
                            "region": "Freiburg",
                            "remote_group_id": "",
                            "remote_ip_prefix": "0.0.0.0/0",
                            "security_group_id": "57ddd7b6-7790-41a2-a18d-f07f29ead1e2",
                            "tenant_id": "36d6d9420bb04403b55fb21052efe4be"
                        },
                        "meta": {
                            "e2bfb730-ecaa-11e6-8f88-34363bc7c4c0": {
                                "delete": 600000000000
                            }
                        },
                        "tainted": false
                    },
                    "deposed": [],
                    "provider": "provider.openstack"
                },
                "openstack_networking_secgroup_rule_v2.4a40a325-78a7-4ead-a1fa-4ef66ac512f6": {
                    "type": "openstack_networking_secgroup_rule_v2",
                    "depends_on": [
                        "openstack_networking_secgroup_v2.egress"
                    ],
                    "primary": {
                        "id": "265ffef2-9b10-43e6-95ff-97635da87215",
                        "attributes": {
                            "description": "",
                            "direction": "egress",
                            "ethertype": "IPv4",
                            "id": "265ffef2-9b10-43e6-95ff-97635da87215",
                            "port_range_max": "0",
                            "port_range_min": "0",
                            "protocol": "",
                            "region": "Freiburg",
                            "remote_group_id": "",
                            "remote_ip_prefix": "",
                            "security_group_id": "f08481be-0886-47a0-9be3-936c0942d8dc",
                            "tenant_id": "36d6d9420bb04403b55fb21052efe4be"
                        },
                        "meta": {
                            "e2bfb730-ecaa-11e6-8f88-34363bc7c4c0": {
                                "delete": 600000000000
                            }
                        },
                        "tainted": false
                    },
                    "deposed": [],
                    "provider": "provider.openstack"
                },
                "openstack_networking_secgroup_rule_v2.58293ee9-af20-4f46-8fb2-8760afb10f9a": {
                    "type": "openstack_networking_secgroup_rule_v2",
                    "depends_on": [
                        "openstack_networking_secgroup_v2.ufr-ingress"
                    ],
                    "primary": {
                        "id": "7f99768d-d73d-4ee0-80ae-a025f1ee9dfc",
                        "attributes": {
                            "description": "",
                            "direction": "ingress",
                            "ethertype": "IPv4",
                            "id": "7f99768d-d73d-4ee0-80ae-a025f1ee9dfc",
                            "port_range_max": "0",
                            "port_range_min": "0",
                            "protocol": "",
                            "region": "Freiburg",
                            "remote_group_id": "",
                            "remote_ip_prefix": "10.0.0.0/8",
                            "security_group_id": "fb80f17a-86b7-48be-83d8-ef87dac155f4",
                            "tenant_id": "36d6d9420bb04403b55fb21052efe4be"
                        },
                        "meta": {
                            "e2bfb730-ecaa-11e6-8f88-34363bc7c4c0": {
                                "delete": 600000000000
                            }
                        },
                        "tainted": false
                    },
                    "deposed": [],
                    "provider": "provider.openstack"
                },
                "openstack_networking_secgroup_rule_v2.5cbd5183-8918-4d74-aa9b-302ebe813d8c": {
                    "type": "openstack_networking_secgroup_rule_v2",
                    "depends_on": [
                        "openstack_networking_secgroup_v2.public-web"
                    ],
                    "primary": {
                        "id": "b8cfc93b-4e62-4316-847f-c3709ead961b",
                        "attributes": {
                            "description": "",
                            "direction": "ingress",
                            "ethertype": "IPv4",
                            "id": "b8cfc93b-4e62-4316-847f-c3709ead961b",
                            "port_range_max": "80",
                            "port_range_min": "80",
                            "protocol": "tcp",
                            "region": "Freiburg",
                            "remote_group_id": "",
                            "remote_ip_prefix": "",
                            "security_group_id": "3b8855bd-e70d-46e4-996f-4b32f00b405b",
                            "tenant_id": "36d6d9420bb04403b55fb21052efe4be"
                        },
                        "meta": {
                            "e2bfb730-ecaa-11e6-8f88-34363bc7c4c0": {
                                "delete": 600000000000
                            }
                        },
                        "tainted": false
                    },
                    "deposed": [],
                    "provider": "provider.openstack"
                },
                "openstack_networking_secgroup_rule_v2.5cbd5183-8918-4d74-aa9b-302ebe813d8z": {
                    "type": "openstack_networking_secgroup_rule_v2",
                    "depends_on": [
                        "openstack_networking_secgroup_v2.public-web"
                    ],
                    "primary": {
                        "id": "4eb3e4b6-e185-4e35-b285-2e7787fd80b7",
                        "attributes": {
                            "description": "",
                            "direction": "ingress",
                            "ethertype": "IPv6",
                            "id": "4eb3e4b6-e185-4e35-b285-2e7787fd80b7",
                            "port_range_max": "80",
                            "port_range_min": "80",
                            "protocol": "tcp",
                            "region": "Freiburg",
                            "remote_group_id": "",
                            "remote_ip_prefix": "",
                            "security_group_id": "3b8855bd-e70d-46e4-996f-4b32f00b405b",
                            "tenant_id": "36d6d9420bb04403b55fb21052efe4be"
                        },
                        "meta": {
                            "e2bfb730-ecaa-11e6-8f88-34363bc7c4c0": {
                                "delete": 600000000000
                            }
                        },
                        "tainted": false
                    },
                    "deposed": [],
                    "provider": "provider.openstack"
                },
                "openstack_networking_secgroup_rule_v2.6179ae32-e3c4-4a8c-a05a-a45bdd7872f3": {
                    "type": "openstack_networking_secgroup_rule_v2",
                    "depends_on": [
                        "openstack_networking_secgroup_v2.public-irc"
                    ],
                    "primary": {
                        "id": "60db72d7-e309-42ed-b78f-7f6483a823f2",
                        "attributes": {
                            "description": "",
                            "direction": "ingress",
                            "ethertype": "IPv4",
                            "id": "60db72d7-e309-42ed-b78f-7f6483a823f2",
                            "port_range_max": "6667",
                            "port_range_min": "6667",
                            "protocol": "tcp",
                            "region": "Freiburg",
                            "remote_group_id": "",
                            "remote_ip_prefix": "0.0.0.0/0",
                            "security_group_id": "86c8f5af-45f9-4f3c-afbd-a70f2c2ce4e9",
                            "tenant_id": "36d6d9420bb04403b55fb21052efe4be"
                        },
                        "meta": {
                            "e2bfb730-ecaa-11e6-8f88-34363bc7c4c0": {
                                "delete": 600000000000
                            }
                        },
                        "tainted": false
                    },
                    "deposed": [],
                    "provider": "provider.openstack"
                },
                "openstack_networking_secgroup_rule_v2.69bda1a1-67d2-4999-b14a-573ead46073c": {
                    "type": "openstack_networking_secgroup_rule_v2",
                    "depends_on": [
                        "openstack_networking_secgroup_v2.public-ssh"
                    ],
                    "primary": {
                        "id": "3a5778d9-5208-4089-afce-6e099e99541b",
                        "attributes": {
                            "description": "",
                            "direction": "ingress",
                            "ethertype": "IPv6",
                            "id": "3a5778d9-5208-4089-afce-6e099e99541b",
                            "port_range_max": "22",
                            "port_range_min": "22",
                            "protocol": "tcp",
                            "region": "Freiburg",
                            "remote_group_id": "",
                            "remote_ip_prefix": "",
                            "security_group_id": "67460b69-e0f2-4bef-bb14-10fa2c2ef9cd",
                            "tenant_id": "36d6d9420bb04403b55fb21052efe4be"
                        },
                        "meta": {
                            "e2bfb730-ecaa-11e6-8f88-34363bc7c4c0": {
                                "delete": 600000000000
                            }
                        },
                        "tainted": false
                    },
                    "deposed": [],
                    "provider": "provider.openstack"
                },
                "openstack_networking_secgroup_rule_v2.7321459b-815a-4f0c-a5fd-5740f0c4da1c": {
                    "type": "openstack_networking_secgroup_rule_v2",
                    "depends_on": [
                        "openstack_networking_secgroup_v2.public-influxdb"
                    ],
                    "primary": {
                        "id": "fe309c5e-2269-494e-8eb8-475306dd8dc2",
                        "attributes": {
                            "description": "",
                            "direction": "ingress",
                            "ethertype": "IPv4",
                            "id": "fe309c5e-2269-494e-8eb8-475306dd8dc2",
                            "port_range_max": "8086",
                            "port_range_min": "8086",
                            "protocol": "tcp",
                            "region": "Freiburg",
                            "remote_group_id": "",
                            "remote_ip_prefix": "0.0.0.0/0",
                            "security_group_id": "dfb4a6a6-298a-45a0-9c98-d335707f7629",
                            "tenant_id": "36d6d9420bb04403b55fb21052efe4be"
                        },
                        "meta": {
                            "e2bfb730-ecaa-11e6-8f88-34363bc7c4c0": {
                                "delete": 600000000000
                            }
                        },
                        "tainted": false
                    },
                    "deposed": [],
                    "provider": "provider.openstack"
                },
                "openstack_networking_secgroup_rule_v2.81cece52-6293-47de-8bc2-502e16efa9dc": {
                    "type": "openstack_networking_secgroup_rule_v2",
                    "depends_on": [
                        "openstack_networking_secgroup_v2.Public"
                    ],
                    "primary": {
                        "id": "37bf2265-2b98-4f26-af0c-7f7b54800c21",
                        "attributes": {
                            "description": "",
                            "direction": "egress",
                            "ethertype": "IPv6",
                            "id": "37bf2265-2b98-4f26-af0c-7f7b54800c21",
                            "port_range_max": "0",
                            "port_range_min": "0",
                            "protocol": "",
                            "region": "Freiburg",
                            "remote_group_id": "",
                            "remote_ip_prefix": "",
                            "security_group_id": "f516ef24-c56c-40bf-a286-45bb490be8b8",
                            "tenant_id": "36d6d9420bb04403b55fb21052efe4be"
                        },
                        "meta": {
                            "e2bfb730-ecaa-11e6-8f88-34363bc7c4c0": {
                                "delete": 600000000000
                            }
                        },
                        "tainted": false
                    },
                    "deposed": [],
                    "provider": "provider.openstack"
                },
                "openstack_networking_secgroup_rule_v2.9725f501-278c-4286-9cae-3ec20d89c724": {
                    "type": "openstack_networking_secgroup_rule_v2",
                    "depends_on": [
                        "openstack_networking_secgroup_v2.ufr-ingress"
                    ],
                    "primary": {
                        "id": "746e0717-4906-4a96-bd2f-9fa437aca97f",
                        "attributes": {
                            "description": "",
                            "direction": "ingress",
                            "ethertype": "IPv4",
                            "id": "746e0717-4906-4a96-bd2f-9fa437aca97f",
                            "port_range_max": "0",
                            "port_range_min": "0",
                            "protocol": "",
                            "region": "Freiburg",
                            "remote_group_id": "",
                            "remote_ip_prefix": "192.52.2.0/24",
                            "security_group_id": "fb80f17a-86b7-48be-83d8-ef87dac155f4",
                            "tenant_id": "36d6d9420bb04403b55fb21052efe4be"
                        },
                        "meta": {
                            "e2bfb730-ecaa-11e6-8f88-34363bc7c4c0": {
                                "delete": 600000000000
                            }
                        },
                        "tainted": false
                    },
                    "deposed": [],
                    "provider": "provider.openstack"
                },
                "openstack_networking_secgroup_rule_v2.a7cbadeb-926b-46cf-9cb5-83203f1765aa": {
                    "type": "openstack_networking_secgroup_rule_v2",
                    "depends_on": [
                        "openstack_networking_secgroup_v2.ingress-public"
                    ],
                    "primary": {
                        "id": "c02e43ce-5d78-4a46-aa95-48ac9d8ce393",
                        "attributes": {
                            "description": "",
                            "direction": "ingress",
                            "ethertype": "IPv4",
                            "id": "c02e43ce-5d78-4a46-aa95-48ac9d8ce393",
                            "port_range_max": "0",
                            "port_range_min": "0",
                            "protocol": "",
                            "region": "Freiburg",
                            "remote_group_id": "",
                            "remote_ip_prefix": "",
                            "security_group_id": "2427792a-2049-45f0-8109-99b3ff577c73",
                            "tenant_id": "36d6d9420bb04403b55fb21052efe4be"
                        },
                        "meta": {
                            "e2bfb730-ecaa-11e6-8f88-34363bc7c4c0": {
                                "delete": 600000000000
                            }
                        },
                        "tainted": false
                    },
                    "deposed": [],
                    "provider": "provider.openstack"
                },
                "openstack_networking_secgroup_rule_v2.aa57e62d-6644-40fb-ad6f-05b50e14bb54": {
                    "type": "openstack_networking_secgroup_rule_v2",
                    "depends_on": [
                        "openstack_networking_secgroup_v2.public-ssh"
                    ],
                    "primary": {
                        "id": "7a99484f-384d-4c96-b02a-0a49e254c2d8",
                        "attributes": {
                            "description": "",
                            "direction": "ingress",
                            "ethertype": "IPv4",
                            "id": "7a99484f-384d-4c96-b02a-0a49e254c2d8",
                            "port_range_max": "22",
                            "port_range_min": "22",
                            "protocol": "tcp",
                            "region": "Freiburg",
                            "remote_group_id": "",
                            "remote_ip_prefix": "",
                            "security_group_id": "67460b69-e0f2-4bef-bb14-10fa2c2ef9cd",
                            "tenant_id": "36d6d9420bb04403b55fb21052efe4be"
                        },
                        "meta": {
                            "e2bfb730-ecaa-11e6-8f88-34363bc7c4c0": {
                                "delete": 600000000000
                            }
                        },
                        "tainted": false
                    },
                    "deposed": [],
                    "provider": "provider.openstack"
                },
                "openstack_networking_secgroup_rule_v2.b650820a-0a7e-4ba8-ba2b-f14656b9388d": {
                    "type": "openstack_networking_secgroup_rule_v2",
                    "depends_on": [
                        "openstack_networking_secgroup_v2.public-ping"
                    ],
                    "primary": {
                        "id": "04d87cb4-0995-413f-bbaa-1903aa97adfb",
                        "attributes": {
                            "description": "",
                            "direction": "ingress",
                            "ethertype": "IPv4",
                            "id": "04d87cb4-0995-413f-bbaa-1903aa97adfb",
                            "port_range_max": "0",
                            "port_range_min": "0",
                            "protocol": "icmp",
                            "region": "Freiburg",
                            "remote_group_id": "",
                            "remote_ip_prefix": "",
                            "security_group_id": "96281ca8-7ccb-4b34-a16b-e2abcbc14f87",
                            "tenant_id": "36d6d9420bb04403b55fb21052efe4be"
                        },
                        "meta": {
                            "e2bfb730-ecaa-11e6-8f88-34363bc7c4c0": {
                                "delete": 600000000000
                            }
                        },
                        "tainted": false
                    },
                    "deposed": [],
                    "provider": "provider.openstack"
                },
                "openstack_networking_secgroup_rule_v2.c1b291ec-0147-4022-bcae-0af6cb390f78": {
                    "type": "openstack_networking_secgroup_rule_v2",
                    "depends_on": [
                        "openstack_networking_secgroup_v2.Public"
                    ],
                    "primary": {
                        "id": "dd49bc7b-5f8d-444a-8ee4-5bc0fc615435",
                        "attributes": {
                            "description": "",
                            "direction": "egress",
                            "ethertype": "IPv4",
                            "id": "dd49bc7b-5f8d-444a-8ee4-5bc0fc615435",
                            "port_range_max": "0",
                            "port_range_min": "0",
                            "protocol": "",
                            "region": "Freiburg",
                            "remote_group_id": "",
                            "remote_ip_prefix": "",
                            "security_group_id": "f516ef24-c56c-40bf-a286-45bb490be8b8",
                            "tenant_id": "36d6d9420bb04403b55fb21052efe4be"
                        },
                        "meta": {
                            "e2bfb730-ecaa-11e6-8f88-34363bc7c4c0": {
                                "delete": 600000000000
                            }
                        },
                        "tainted": false
                    },
                    "deposed": [],
                    "provider": "provider.openstack"
                },
                "openstack_networking_secgroup_rule_v2.da697705-5849-492a-902e-b62f4e9a8377": {
                    "type": "openstack_networking_secgroup_rule_v2",
                    "depends_on": [
                        "openstack_networking_secgroup_v2.Public"
                    ],
                    "primary": {
                        "id": "acbfc838-513f-4cf3-b71d-ecc7ef5a3e80",
                        "attributes": {
                            "description": "",
                            "direction": "ingress",
                            "ethertype": "IPv4",
                            "id": "acbfc838-513f-4cf3-b71d-ecc7ef5a3e80",
                            "port_range_max": "22",
                            "port_range_min": "22",
                            "protocol": "tcp",
                            "region": "Freiburg",
                            "remote_group_id": "",
                            "remote_ip_prefix": "0.0.0.0/0",
                            "security_group_id": "f516ef24-c56c-40bf-a286-45bb490be8b8",
                            "tenant_id": "36d6d9420bb04403b55fb21052efe4be"
                        },
                        "meta": {
                            "e2bfb730-ecaa-11e6-8f88-34363bc7c4c0": {
                                "delete": 600000000000
                            }
                        },
                        "tainted": false
                    },
                    "deposed": [],
                    "provider": "provider.openstack"
                },
                "openstack_networking_secgroup_rule_v2.de4ad9ea-9ee4-4a8c-88ee-cc14410ebada": {
                    "type": "openstack_networking_secgroup_rule_v2",
                    "depends_on": [
                        "openstack_networking_secgroup_v2.ufr-ingress"
                    ],
                    "primary": {
                        "id": "cbb4bae7-2e35-485f-bfaf-ebd3b656d0c0",
                        "attributes": {
                            "description": "",
                            "direction": "ingress",
                            "ethertype": "IPv4",
                            "id": "cbb4bae7-2e35-485f-bfaf-ebd3b656d0c0",
                            "port_range_max": "0",
                            "port_range_min": "0",
                            "protocol": "",
                            "region": "Freiburg",
                            "remote_group_id": "",
                            "remote_ip_prefix": "132.230.0.0/16",
                            "security_group_id": "fb80f17a-86b7-48be-83d8-ef87dac155f4",
                            "tenant_id": "36d6d9420bb04403b55fb21052efe4be"
                        },
                        "meta": {
                            "e2bfb730-ecaa-11e6-8f88-34363bc7c4c0": {
                                "delete": 600000000000
                            }
                        },
                        "tainted": false
                    },
                    "deposed": [],
                    "provider": "provider.openstack"
                },
                "openstack_networking_secgroup_rule_v2.e01d7f4e-367e-453f-b716-3dca578d669d": {
                    "type": "openstack_networking_secgroup_rule_v2",
                    "depends_on": [
                        "openstack_networking_secgroup_v2.Public"
                    ],
                    "primary": {
                        "id": "2fed64e3-a753-4de2-8af5-9872e72f299e",
                        "attributes": {
                            "description": "",
                            "direction": "ingress",
                            "ethertype": "IPv4",
                            "id": "2fed64e3-a753-4de2-8af5-9872e72f299e",
                            "port_range_max": "80",
                            "port_range_min": "80",
                            "protocol": "tcp",
                            "region": "Freiburg",
                            "remote_group_id": "",
                            "remote_ip_prefix": "0.0.0.0/0",
                            "security_group_id": "f516ef24-c56c-40bf-a286-45bb490be8b8",
                            "tenant_id": "36d6d9420bb04403b55fb21052efe4be"
                        },
                        "meta": {
                            "e2bfb730-ecaa-11e6-8f88-34363bc7c4c0": {
                                "delete": 600000000000
                            }
                        },
                        "tainted": false
                    },
                    "deposed": [],
                    "provider": "provider.openstack"
                },
                "openstack_networking_secgroup_rule_v2.e79fa4e2-bca0-42b4-b864-67e6a750dbe8": {
                    "type": "openstack_networking_secgroup_rule_v2",
                    "depends_on": [
                        "openstack_networking_secgroup_v2.Public"
                    ],
                    "primary": {
                        "id": "3ca92c4e-0832-40ff-b35f-96a74a0fe1cf",
                        "attributes": {
                            "description": "",
                            "direction": "ingress",
                            "ethertype": "IPv4",
                            "id": "3ca92c4e-0832-40ff-b35f-96a74a0fe1cf",
                            "port_range_max": "65535",
                            "port_range_min": "1",
                            "protocol": "tcp",
                            "region": "Freiburg",
                            "remote_group_id": "",
                            "remote_ip_prefix": "0.0.0.0/0",
                            "security_group_id": "f516ef24-c56c-40bf-a286-45bb490be8b8",
                            "tenant_id": "36d6d9420bb04403b55fb21052efe4be"
                        },
                        "meta": {
                            "e2bfb730-ecaa-11e6-8f88-34363bc7c4c0": {
                                "delete": 600000000000
                            }
                        },
                        "tainted": false
                    },
                    "deposed": [],
                    "provider": "provider.openstack"
                },
                "openstack_networking_secgroup_rule_v2.ef536597-385f-45b1-8895-f0553595c8fb": {
                    "type": "openstack_networking_secgroup_rule_v2",
                    "depends_on": [
                        "openstack_networking_secgroup_v2.public-web"
                    ],
                    "primary": {
                        "id": "d0ad639a-209b-4336-a523-7dc5d1d9f1a6",
                        "attributes": {
                            "description": "",
                            "direction": "ingress",
                            "ethertype": "IPv4",
                            "id": "d0ad639a-209b-4336-a523-7dc5d1d9f1a6",
                            "port_range_max": "443",
                            "port_range_min": "443",
                            "protocol": "tcp",
                            "region": "Freiburg",
                            "remote_group_id": "",
                            "remote_ip_prefix": "",
                            "security_group_id": "3b8855bd-e70d-46e4-996f-4b32f00b405b",
                            "tenant_id": "36d6d9420bb04403b55fb21052efe4be"
                        },
                        "meta": {
                            "e2bfb730-ecaa-11e6-8f88-34363bc7c4c0": {
                                "delete": 600000000000
                            }
                        },
                        "tainted": false
                    },
                    "deposed": [],
                    "provider": "provider.openstack"
                },
                "openstack_networking_secgroup_rule_v2.ef536597-385f-45b1-8895-f0553595c8fz": {
                    "type": "openstack_networking_secgroup_rule_v2",
                    "depends_on": [
                        "openstack_networking_secgroup_v2.public-web"
                    ],
                    "primary": {
                        "id": "10bc61e3-0370-4e54-a3bd-a03bbad9ab7a",
                        "attributes": {
                            "description": "",
                            "direction": "ingress",
                            "ethertype": "IPv6",
                            "id": "10bc61e3-0370-4e54-a3bd-a03bbad9ab7a",
                            "port_range_max": "443",
                            "port_range_min": "443",
                            "protocol": "tcp",
                            "region": "Freiburg",
                            "remote_group_id": "",
                            "remote_ip_prefix": "",
                            "security_group_id": "3b8855bd-e70d-46e4-996f-4b32f00b405b",
                            "tenant_id": "36d6d9420bb04403b55fb21052efe4be"
                        },
                        "meta": {
                            "e2bfb730-ecaa-11e6-8f88-34363bc7c4c0": {
                                "delete": 600000000000
                            }
                        },
                        "tainted": false
                    },
                    "deposed": [],
                    "provider": "provider.openstack"
                },
                "openstack_networking_secgroup_rule_v2.fb24ccbf-025a-494f-b632-62e107e12ae1": {
                    "type": "openstack_networking_secgroup_rule_v2",
                    "depends_on": [
                        "openstack_networking_secgroup_v2.ingress-public"
                    ],
                    "primary": {
                        "id": "d8835827-e611-4724-a1fc-9236956f0f1b",
                        "attributes": {
                            "description": "",
                            "direction": "ingress",
                            "ethertype": "IPv6",
                            "id": "d8835827-e611-4724-a1fc-9236956f0f1b",
                            "port_range_max": "0",
                            "port_range_min": "0",
                            "protocol": "",
                            "region": "Freiburg",
                            "remote_group_id": "",
                            "remote_ip_prefix": "",
                            "security_group_id": "2427792a-2049-45f0-8109-99b3ff577c73",
                            "tenant_id": "36d6d9420bb04403b55fb21052efe4be"
                        },
                        "meta": {
                            "e2bfb730-ecaa-11e6-8f88-34363bc7c4c0": {
                                "delete": 600000000000
                            }
                        },
                        "tainted": false
                    },
                    "deposed": [],
                    "provider": "provider.openstack"
                },
                "openstack_networking_secgroup_rule_v2.hic-ports4.0": {
                    "type": "openstack_networking_secgroup_rule_v2",
                    "depends_on": [
                        "openstack_networking_secgroup_v2.hicbrowser"
                    ],
                    "primary": {
                        "id": "03310e88-acf1-444e-baa7-51843f2d0a18",
                        "attributes": {
                            "description": "",
                            "direction": "ingress",
                            "ethertype": "IPv4",
                            "id": "03310e88-acf1-444e-baa7-51843f2d0a18",
                            "port_range_max": "80",
                            "port_range_min": "80",
                            "protocol": "tcp",
                            "region": "Freiburg",
                            "remote_group_id": "",
                            "remote_ip_prefix": "",
                            "security_group_id": "3bcfa8bc-9bea-47bc-a1fe-9605acb0c65c",
                            "tenant_id": "36d6d9420bb04403b55fb21052efe4be"
                        },
                        "meta": {
                            "e2bfb730-ecaa-11e6-8f88-34363bc7c4c0": {
                                "delete": 600000000000
                            }
                        },
                        "tainted": false
                    },
                    "deposed": [],
                    "provider": "provider.openstack"
                },
                "openstack_networking_secgroup_rule_v2.hic-ports4.1": {
                    "type": "openstack_networking_secgroup_rule_v2",
                    "depends_on": [
                        "openstack_networking_secgroup_v2.hicbrowser"
                    ],
                    "primary": {
                        "id": "f3f923c4-a0a1-405b-9387-811b339d635b",
                        "attributes": {
                            "description": "",
                            "direction": "ingress",
                            "ethertype": "IPv4",
                            "id": "f3f923c4-a0a1-405b-9387-811b339d635b",
                            "port_range_max": "443",
                            "port_range_min": "443",
                            "protocol": "tcp",
                            "region": "Freiburg",
                            "remote_group_id": "",
                            "remote_ip_prefix": "",
                            "security_group_id": "3bcfa8bc-9bea-47bc-a1fe-9605acb0c65c",
                            "tenant_id": "36d6d9420bb04403b55fb21052efe4be"
                        },
                        "meta": {
                            "e2bfb730-ecaa-11e6-8f88-34363bc7c4c0": {
                                "delete": 600000000000
                            }
                        },
                        "tainted": false
                    },
                    "deposed": [],
                    "provider": "provider.openstack"
                },
                "openstack_networking_secgroup_rule_v2.hic-ports4.2": {
                    "type": "openstack_networking_secgroup_rule_v2",
                    "depends_on": [
                        "openstack_networking_secgroup_v2.hicbrowser"
                    ],
                    "primary": {
                        "id": "a4b5684d-da4f-46b3-aafd-4f422bc062be",
                        "attributes": {
                            "description": "",
                            "direction": "ingress",
                            "ethertype": "IPv4",
                            "id": "a4b5684d-da4f-46b3-aafd-4f422bc062be",
                            "port_range_max": "8080",
                            "port_range_min": "8080",
                            "protocol": "tcp",
                            "region": "Freiburg",
                            "remote_group_id": "",
                            "remote_ip_prefix": "",
                            "security_group_id": "3bcfa8bc-9bea-47bc-a1fe-9605acb0c65c",
                            "tenant_id": "36d6d9420bb04403b55fb21052efe4be"
                        },
                        "meta": {
                            "e2bfb730-ecaa-11e6-8f88-34363bc7c4c0": {
                                "delete": 600000000000
                            }
                        },
                        "tainted": false
                    },
                    "deposed": [],
                    "provider": "provider.openstack"
                },
                "openstack_networking_secgroup_rule_v2.hic-ports4.3": {
                    "type": "openstack_networking_secgroup_rule_v2",
                    "depends_on": [
                        "openstack_networking_secgroup_v2.hicbrowser"
                    ],
                    "primary": {
                        "id": "3ef97e41-83a8-4ac8-b76c-a3aa65c18717",
                        "attributes": {
                            "description": "",
                            "direction": "ingress",
                            "ethertype": "IPv4",
                            "id": "3ef97e41-83a8-4ac8-b76c-a3aa65c18717",
                            "port_range_max": "8081",
                            "port_range_min": "8081",
                            "protocol": "tcp",
                            "region": "Freiburg",
                            "remote_group_id": "",
                            "remote_ip_prefix": "",
                            "security_group_id": "3bcfa8bc-9bea-47bc-a1fe-9605acb0c65c",
                            "tenant_id": "36d6d9420bb04403b55fb21052efe4be"
                        },
                        "meta": {
                            "e2bfb730-ecaa-11e6-8f88-34363bc7c4c0": {
                                "delete": 600000000000
                            }
                        },
                        "tainted": false
                    },
                    "deposed": [],
                    "provider": "provider.openstack"
                },
                "openstack_networking_secgroup_rule_v2.hic-ports6.0": {
                    "type": "openstack_networking_secgroup_rule_v2",
                    "depends_on": [
                        "openstack_networking_secgroup_v2.hicbrowser"
                    ],
                    "primary": {
                        "id": "aae7684f-511c-4670-9f39-7f8d7e517c7f",
                        "attributes": {
                            "description": "",
                            "direction": "ingress",
                            "ethertype": "IPv6",
                            "id": "aae7684f-511c-4670-9f39-7f8d7e517c7f",
                            "port_range_max": "80",
                            "port_range_min": "80",
                            "protocol": "tcp",
                            "region": "Freiburg",
                            "remote_group_id": "",
                            "remote_ip_prefix": "",
                            "security_group_id": "3bcfa8bc-9bea-47bc-a1fe-9605acb0c65c",
                            "tenant_id": "36d6d9420bb04403b55fb21052efe4be"
                        },
                        "meta": {
                            "e2bfb730-ecaa-11e6-8f88-34363bc7c4c0": {
                                "delete": 600000000000
                            }
                        },
                        "tainted": false
                    },
                    "deposed": [],
                    "provider": "provider.openstack"
                },
                "openstack_networking_secgroup_rule_v2.hic-ports6.1": {
                    "type": "openstack_networking_secgroup_rule_v2",
                    "depends_on": [
                        "openstack_networking_secgroup_v2.hicbrowser"
                    ],
                    "primary": {
                        "id": "46b55f5c-9d93-4e94-a318-cef5c05fb8f1",
                        "attributes": {
                            "description": "",
                            "direction": "ingress",
                            "ethertype": "IPv6",
                            "id": "46b55f5c-9d93-4e94-a318-cef5c05fb8f1",
                            "port_range_max": "443",
                            "port_range_min": "443",
                            "protocol": "tcp",
                            "region": "Freiburg",
                            "remote_group_id": "",
                            "remote_ip_prefix": "",
                            "security_group_id": "3bcfa8bc-9bea-47bc-a1fe-9605acb0c65c",
                            "tenant_id": "36d6d9420bb04403b55fb21052efe4be"
                        },
                        "meta": {
                            "e2bfb730-ecaa-11e6-8f88-34363bc7c4c0": {
                                "delete": 600000000000
                            }
                        },
                        "tainted": false
                    },
                    "deposed": [],
                    "provider": "provider.openstack"
                },
                "openstack_networking_secgroup_rule_v2.hic-ports6.2": {
                    "type": "openstack_networking_secgroup_rule_v2",
                    "depends_on": [
                        "openstack_networking_secgroup_v2.hicbrowser"
                    ],
                    "primary": {
                        "id": "bb6aba22-199a-4740-a2bc-d17d45a73a47",
                        "attributes": {
                            "description": "",
                            "direction": "ingress",
                            "ethertype": "IPv6",
                            "id": "bb6aba22-199a-4740-a2bc-d17d45a73a47",
                            "port_range_max": "8080",
                            "port_range_min": "8080",
                            "protocol": "tcp",
                            "region": "Freiburg",
                            "remote_group_id": "",
                            "remote_ip_prefix": "",
                            "security_group_id": "3bcfa8bc-9bea-47bc-a1fe-9605acb0c65c",
                            "tenant_id": "36d6d9420bb04403b55fb21052efe4be"
                        },
                        "meta": {
                            "e2bfb730-ecaa-11e6-8f88-34363bc7c4c0": {
                                "delete": 600000000000
                            }
                        },
                        "tainted": false
                    },
                    "deposed": [],
                    "provider": "provider.openstack"
                },
                "openstack_networking_secgroup_rule_v2.hic-ports6.3": {
                    "type": "openstack_networking_secgroup_rule_v2",
                    "depends_on": [
                        "openstack_networking_secgroup_v2.hicbrowser"
                    ],
                    "primary": {
                        "id": "bb63b546-2f2c-4aeb-ab6e-8efb4cd33d55",
                        "attributes": {
                            "description": "",
                            "direction": "ingress",
                            "ethertype": "IPv6",
                            "id": "bb63b546-2f2c-4aeb-ab6e-8efb4cd33d55",
                            "port_range_max": "8081",
                            "port_range_min": "8081",
                            "protocol": "tcp",
                            "region": "Freiburg",
                            "remote_group_id": "",
                            "remote_ip_prefix": "",
                            "security_group_id": "3bcfa8bc-9bea-47bc-a1fe-9605acb0c65c",
                            "tenant_id": "36d6d9420bb04403b55fb21052efe4be"
                        },
                        "meta": {
                            "e2bfb730-ecaa-11e6-8f88-34363bc7c4c0": {
                                "delete": 600000000000
                            }
                        },
                        "tainted": false
                    },
                    "deposed": [],
                    "provider": "provider.openstack"
                },
                "openstack_networking_secgroup_rule_v2.in-443.0": {
                    "type": "openstack_networking_secgroup_rule_v2",
                    "depends_on": [
                        "openstack_networking_secgroup_v2.ufr-web"
                    ],
                    "primary": {
                        "id": "b500bb4d-d06b-4a1b-b8cb-385eb896e084",
                        "attributes": {
                            "description": "",
                            "direction": "ingress",
                            "ethertype": "IPv4",
                            "id": "b500bb4d-d06b-4a1b-b8cb-385eb896e084",
                            "port_range_max": "443",
                            "port_range_min": "443",
                            "protocol": "tcp",
                            "region": "Freiburg",
                            "remote_group_id": "",
                            "remote_ip_prefix": "192.52.32.0/20",
                            "security_group_id": "bcabcd6d-2cfb-477b-9758-784ee93d4c33",
                            "tenant_id": "36d6d9420bb04403b55fb21052efe4be"
                        },
                        "meta": {
                            "e2bfb730-ecaa-11e6-8f88-34363bc7c4c0": {
                                "delete": 600000000000
                            }
                        },
                        "tainted": false
                    },
                    "deposed": [],
                    "provider": "provider.openstack"
                },
                "openstack_networking_secgroup_rule_v2.in-443.1": {
                    "type": "openstack_networking_secgroup_rule_v2",
                    "depends_on": [
                        "openstack_networking_secgroup_v2.ufr-web"
                    ],
                    "primary": {
                        "id": "5981bf69-0a9a-4ac2-b1ea-c20dd5830d45",
                        "attributes": {
                            "description": "",
                            "direction": "ingress",
                            "ethertype": "IPv4",
                            "id": "5981bf69-0a9a-4ac2-b1ea-c20dd5830d45",
                            "port_range_max": "443",
                            "port_range_min": "443",
                            "protocol": "tcp",
                            "region": "Freiburg",
                            "remote_group_id": "",
                            "remote_ip_prefix": "10.0.0.0/8",
                            "security_group_id": "bcabcd6d-2cfb-477b-9758-784ee93d4c33",
                            "tenant_id": "36d6d9420bb04403b55fb21052efe4be"
                        },
                        "meta": {
                            "e2bfb730-ecaa-11e6-8f88-34363bc7c4c0": {
                                "delete": 600000000000
                            }
                        },
                        "tainted": false
                    },
                    "deposed": [],
                    "provider": "provider.openstack"
                },
                "openstack_networking_secgroup_rule_v2.in-443.2": {
                    "type": "openstack_networking_secgroup_rule_v2",
                    "depends_on": [
                        "openstack_networking_secgroup_v2.ufr-web"
                    ],
                    "primary": {
                        "id": "691db72d-985d-44a1-8dad-105d56b31553",
                        "attributes": {
                            "description": "",
                            "direction": "ingress",
                            "ethertype": "IPv4",
                            "id": "691db72d-985d-44a1-8dad-105d56b31553",
                            "port_range_max": "443",
                            "port_range_min": "443",
                            "protocol": "tcp",
                            "region": "Freiburg",
                            "remote_group_id": "",
                            "remote_ip_prefix": "132.230.0.0/16",
                            "security_group_id": "bcabcd6d-2cfb-477b-9758-784ee93d4c33",
                            "tenant_id": "36d6d9420bb04403b55fb21052efe4be"
                        },
                        "meta": {
                            "e2bfb730-ecaa-11e6-8f88-34363bc7c4c0": {
                                "delete": 600000000000
                            }
                        },
                        "tainted": false
                    },
                    "deposed": [],
                    "provider": "provider.openstack"
                },
                "openstack_networking_secgroup_rule_v2.in-80.0": {
                    "type": "openstack_networking_secgroup_rule_v2",
                    "depends_on": [
                        "openstack_networking_secgroup_v2.ufr-web"
                    ],
                    "primary": {
                        "id": "fcbd6651-1fb9-45fb-9de5-ccc11ae38840",
                        "attributes": {
                            "description": "",
                            "direction": "ingress",
                            "ethertype": "IPv4",
                            "id": "fcbd6651-1fb9-45fb-9de5-ccc11ae38840",
                            "port_range_max": "80",
                            "port_range_min": "80",
                            "protocol": "tcp",
                            "region": "Freiburg",
                            "remote_group_id": "",
                            "remote_ip_prefix": "192.52.32.0/20",
                            "security_group_id": "bcabcd6d-2cfb-477b-9758-784ee93d4c33",
                            "tenant_id": "36d6d9420bb04403b55fb21052efe4be"
                        },
                        "meta": {
                            "e2bfb730-ecaa-11e6-8f88-34363bc7c4c0": {
                                "delete": 600000000000
                            }
                        },
                        "tainted": false
                    },
                    "deposed": [],
                    "provider": "provider.openstack"
                },
                "openstack_networking_secgroup_rule_v2.in-80.1": {
                    "type": "openstack_networking_secgroup_rule_v2",
                    "depends_on": [
                        "openstack_networking_secgroup_v2.ufr-web"
                    ],
                    "primary": {
                        "id": "a87d0e81-5409-47a0-8252-24d0d656c642",
                        "attributes": {
                            "description": "",
                            "direction": "ingress",
                            "ethertype": "IPv4",
                            "id": "a87d0e81-5409-47a0-8252-24d0d656c642",
                            "port_range_max": "80",
                            "port_range_min": "80",
                            "protocol": "tcp",
                            "region": "Freiburg",
                            "remote_group_id": "",
                            "remote_ip_prefix": "10.0.0.0/8",
                            "security_group_id": "bcabcd6d-2cfb-477b-9758-784ee93d4c33",
                            "tenant_id": "36d6d9420bb04403b55fb21052efe4be"
                        },
                        "meta": {
                            "e2bfb730-ecaa-11e6-8f88-34363bc7c4c0": {
                                "delete": 600000000000
                            }
                        },
                        "tainted": false
                    },
                    "deposed": [],
                    "provider": "provider.openstack"
                },
                "openstack_networking_secgroup_rule_v2.in-80.2": {
                    "type": "openstack_networking_secgroup_rule_v2",
                    "depends_on": [
                        "openstack_networking_secgroup_v2.ufr-web"
                    ],
                    "primary": {
                        "id": "d2ccdf2f-7cdb-47bb-9f3b-564c1132889b",
                        "attributes": {
                            "description": "",
                            "direction": "ingress",
                            "ethertype": "IPv4",
                            "id": "d2ccdf2f-7cdb-47bb-9f3b-564c1132889b",
                            "port_range_max": "80",
                            "port_range_min": "80",
                            "protocol": "tcp",
                            "region": "Freiburg",
                            "remote_group_id": "",
                            "remote_ip_prefix": "132.230.0.0/16",
                            "security_group_id": "bcabcd6d-2cfb-477b-9758-784ee93d4c33",
                            "tenant_id": "36d6d9420bb04403b55fb21052efe4be"
                        },
                        "meta": {
                            "e2bfb730-ecaa-11e6-8f88-34363bc7c4c0": {
                                "delete": 600000000000
                            }
                        },
                        "tainted": false
                    },
                    "deposed": [],
                    "provider": "provider.openstack"
                },
                "openstack_networking_secgroup_rule_v2.public-amqp-5671": {
                    "type": "openstack_networking_secgroup_rule_v2",
                    "depends_on": [
                        "openstack_networking_secgroup_v2.public-amqp"
                    ],
                    "primary": {
                        "id": "5862ad53-5ac1-4417-ad32-01b8f1e5026b",
                        "attributes": {
                            "description": "",
                            "direction": "ingress",
                            "ethertype": "IPv4",
                            "id": "5862ad53-5ac1-4417-ad32-01b8f1e5026b",
                            "port_range_max": "5671",
                            "port_range_min": "5671",
                            "protocol": "tcp",
                            "region": "Freiburg",
                            "remote_group_id": "",
                            "remote_ip_prefix": "0.0.0.0/0",
                            "security_group_id": "fe749738-892a-44b9-a313-e07238f2d92d",
                            "tenant_id": "36d6d9420bb04403b55fb21052efe4be"
                        },
                        "meta": {
                            "e2bfb730-ecaa-11e6-8f88-34363bc7c4c0": {
                                "delete": 600000000000
                            }
                        },
                        "tainted": false
                    },
                    "deposed": [],
                    "provider": "provider.openstack"
                },
                "openstack_networking_secgroup_rule_v2.public-web-ports4.0": {
                    "type": "openstack_networking_secgroup_rule_v2",
                    "depends_on": [
                        "openstack_networking_secgroup_v2.public-web2"
                    ],
                    "primary": {
                        "id": "6e396a49-a3f0-4415-87af-a484358b70d0",
                        "attributes": {
                            "description": "",
                            "direction": "ingress",
                            "ethertype": "IPv4",
                            "id": "6e396a49-a3f0-4415-87af-a484358b70d0",
                            "port_range_max": "80",
                            "port_range_min": "80",
                            "protocol": "tcp",
                            "region": "Freiburg",
                            "remote_group_id": "",
                            "remote_ip_prefix": "",
                            "security_group_id": "2207b12e-6fcd-49aa-8f9e-9c6d32c768bb",
                            "tenant_id": "36d6d9420bb04403b55fb21052efe4be"
                        },
                        "meta": {
                            "e2bfb730-ecaa-11e6-8f88-34363bc7c4c0": {
                                "delete": 600000000000
                            }
                        },
                        "tainted": false
                    },
                    "deposed": [],
                    "provider": "provider.openstack"
                },
                "openstack_networking_secgroup_rule_v2.public-web-ports4.1": {
                    "type": "openstack_networking_secgroup_rule_v2",
                    "depends_on": [
                        "openstack_networking_secgroup_v2.public-web2"
                    ],
                    "primary": {
                        "id": "ac88588d-b769-4777-9e3e-6203bf954f5c",
                        "attributes": {
                            "description": "",
                            "direction": "ingress",
                            "ethertype": "IPv4",
                            "id": "ac88588d-b769-4777-9e3e-6203bf954f5c",
                            "port_range_max": "443",
                            "port_range_min": "443",
                            "protocol": "tcp",
                            "region": "Freiburg",
                            "remote_group_id": "",
                            "remote_ip_prefix": "",
                            "security_group_id": "2207b12e-6fcd-49aa-8f9e-9c6d32c768bb",
                            "tenant_id": "36d6d9420bb04403b55fb21052efe4be"
                        },
                        "meta": {
                            "e2bfb730-ecaa-11e6-8f88-34363bc7c4c0": {
                                "delete": 600000000000
                            }
                        },
                        "tainted": false
                    },
                    "deposed": [],
                    "provider": "provider.openstack"
                },
                "openstack_networking_secgroup_rule_v2.public-web-ports4.2": {
                    "type": "openstack_networking_secgroup_rule_v2",
                    "depends_on": [
                        "openstack_networking_secgroup_v2.public-web2"
                    ],
                    "primary": {
                        "id": "1f8f7f7a-e0f2-43f7-9602-733d51e47d87",
                        "attributes": {
                            "description": "",
                            "direction": "ingress",
                            "ethertype": "IPv4",
                            "id": "1f8f7f7a-e0f2-43f7-9602-733d51e47d87",
                            "port_range_max": "8080",
                            "port_range_min": "8080",
                            "protocol": "tcp",
                            "region": "Freiburg",
                            "remote_group_id": "",
                            "remote_ip_prefix": "",
                            "security_group_id": "2207b12e-6fcd-49aa-8f9e-9c6d32c768bb",
                            "tenant_id": "36d6d9420bb04403b55fb21052efe4be"
                        },
                        "meta": {
                            "e2bfb730-ecaa-11e6-8f88-34363bc7c4c0": {
                                "delete": 600000000000
                            }
                        },
                        "tainted": false
                    },
                    "deposed": [],
                    "provider": "provider.openstack"
                },
                "openstack_networking_secgroup_rule_v2.public-web-ports6.0": {
                    "type": "openstack_networking_secgroup_rule_v2",
                    "depends_on": [
                        "openstack_networking_secgroup_v2.public-web2"
                    ],
                    "primary": {
                        "id": "a06ff4a0-a5af-4185-8cbb-63ba7ac24b16",
                        "attributes": {
                            "description": "",
                            "direction": "ingress",
                            "ethertype": "IPv6",
                            "id": "a06ff4a0-a5af-4185-8cbb-63ba7ac24b16",
                            "port_range_max": "80",
                            "port_range_min": "80",
                            "protocol": "tcp",
                            "region": "Freiburg",
                            "remote_group_id": "",
                            "remote_ip_prefix": "",
                            "security_group_id": "2207b12e-6fcd-49aa-8f9e-9c6d32c768bb",
                            "tenant_id": "36d6d9420bb04403b55fb21052efe4be"
                        },
                        "meta": {
                            "e2bfb730-ecaa-11e6-8f88-34363bc7c4c0": {
                                "delete": 600000000000
                            }
                        },
                        "tainted": false
                    },
                    "deposed": [],
                    "provider": "provider.openstack"
                },
                "openstack_networking_secgroup_rule_v2.public-web-ports6.1": {
                    "type": "openstack_networking_secgroup_rule_v2",
                    "depends_on": [
                        "openstack_networking_secgroup_v2.public-web2"
                    ],
                    "primary": {
                        "id": "9730b8d8-7bd2-45d1-88a5-9977b2914150",
                        "attributes": {
                            "description": "",
                            "direction": "ingress",
                            "ethertype": "IPv6",
                            "id": "9730b8d8-7bd2-45d1-88a5-9977b2914150",
                            "port_range_max": "443",
                            "port_range_min": "443",
                            "protocol": "tcp",
                            "region": "Freiburg",
                            "remote_group_id": "",
                            "remote_ip_prefix": "",
                            "security_group_id": "2207b12e-6fcd-49aa-8f9e-9c6d32c768bb",
                            "tenant_id": "36d6d9420bb04403b55fb21052efe4be"
                        },
                        "meta": {
                            "e2bfb730-ecaa-11e6-8f88-34363bc7c4c0": {
                                "delete": 600000000000
                            }
                        },
                        "tainted": false
                    },
                    "deposed": [],
                    "provider": "provider.openstack"
                },
                "openstack_networking_secgroup_rule_v2.public-web-ports6.2": {
                    "type": "openstack_networking_secgroup_rule_v2",
                    "depends_on": [
                        "openstack_networking_secgroup_v2.public-web2"
                    ],
                    "primary": {
                        "id": "c6f6a01e-a412-4e87-8be5-5f9dceb13964",
                        "attributes": {
                            "description": "",
                            "direction": "ingress",
                            "ethertype": "IPv6",
                            "id": "c6f6a01e-a412-4e87-8be5-5f9dceb13964",
                            "port_range_max": "8080",
                            "port_range_min": "8080",
                            "protocol": "tcp",
                            "region": "Freiburg",
                            "remote_group_id": "",
                            "remote_ip_prefix": "",
                            "security_group_id": "2207b12e-6fcd-49aa-8f9e-9c6d32c768bb",
                            "tenant_id": "36d6d9420bb04403b55fb21052efe4be"
                        },
                        "meta": {
                            "e2bfb730-ecaa-11e6-8f88-34363bc7c4c0": {
                                "delete": 600000000000
                            }
                        },
                        "tainted": false
                    },
                    "deposed": [],
                    "provider": "provider.openstack"
                },
                "openstack_networking_secgroup_rule_v2.ufr-influxdb.0": {
                    "type": "openstack_networking_secgroup_rule_v2",
                    "depends_on": [
                        "openstack_networking_secgroup_v2.ufr-influxdb"
                    ],
                    "primary": {
                        "id": "65661dc2-900f-423d-be7c-5598c227a7db",
                        "attributes": {
                            "description": "",
                            "direction": "ingress",
                            "ethertype": "IPv4",
                            "id": "65661dc2-900f-423d-be7c-5598c227a7db",
                            "port_range_max": "8086",
                            "port_range_min": "8086",
                            "protocol": "tcp",
                            "region": "Freiburg",
                            "remote_group_id": "",
                            "remote_ip_prefix": "192.52.32.0/20",
                            "security_group_id": "ebb1928d-5cdc-4f50-9a34-13acd170819a",
                            "tenant_id": "36d6d9420bb04403b55fb21052efe4be"
                        },
                        "meta": {
                            "e2bfb730-ecaa-11e6-8f88-34363bc7c4c0": {
                                "delete": 600000000000
                            }
                        },
                        "tainted": false
                    },
                    "deposed": [],
                    "provider": "provider.openstack"
                },
                "openstack_networking_secgroup_rule_v2.ufr-influxdb.1": {
                    "type": "openstack_networking_secgroup_rule_v2",
                    "depends_on": [
                        "openstack_networking_secgroup_v2.ufr-influxdb"
                    ],
                    "primary": {
                        "id": "f089ec63-10c4-4107-9e19-db09d06e970a",
                        "attributes": {
                            "description": "",
                            "direction": "ingress",
                            "ethertype": "IPv4",
                            "id": "f089ec63-10c4-4107-9e19-db09d06e970a",
                            "port_range_max": "8086",
                            "port_range_min": "8086",
                            "protocol": "tcp",
                            "region": "Freiburg",
                            "remote_group_id": "",
                            "remote_ip_prefix": "10.0.0.0/8",
                            "security_group_id": "ebb1928d-5cdc-4f50-9a34-13acd170819a",
                            "tenant_id": "36d6d9420bb04403b55fb21052efe4be"
                        },
                        "meta": {
                            "e2bfb730-ecaa-11e6-8f88-34363bc7c4c0": {
                                "delete": 600000000000
                            }
                        },
                        "tainted": false
                    },
                    "deposed": [],
                    "provider": "provider.openstack"
                },
                "openstack_networking_secgroup_rule_v2.ufr-influxdb.2": {
                    "type": "openstack_networking_secgroup_rule_v2",
                    "depends_on": [
                        "openstack_networking_secgroup_v2.ufr-influxdb"
                    ],
                    "primary": {
                        "id": "93bf38b0-c10a-42b1-924d-d9d5f25c2375",
                        "attributes": {
                            "description": "",
                            "direction": "ingress",
                            "ethertype": "IPv4",
                            "id": "93bf38b0-c10a-42b1-924d-d9d5f25c2375",
                            "port_range_max": "8086",
                            "port_range_min": "8086",
                            "protocol": "tcp",
                            "region": "Freiburg",
                            "remote_group_id": "",
                            "remote_ip_prefix": "132.230.0.0/16",
                            "security_group_id": "ebb1928d-5cdc-4f50-9a34-13acd170819a",
                            "tenant_id": "36d6d9420bb04403b55fb21052efe4be"
                        },
                        "meta": {
                            "e2bfb730-ecaa-11e6-8f88-34363bc7c4c0": {
                                "delete": 600000000000
                            }
                        },
                        "tainted": false
                    },
                    "deposed": [],
                    "provider": "provider.openstack"
                },
                "openstack_networking_secgroup_rule_v2.ufr-ssh.0": {
                    "type": "openstack_networking_secgroup_rule_v2",
                    "depends_on": [
                        "openstack_networking_secgroup_v2.ufr-ssh"
                    ],
                    "primary": {
                        "id": "b7e8db26-23f7-4611-a176-bced75b96453",
                        "attributes": {
                            "description": "",
                            "direction": "ingress",
                            "ethertype": "IPv4",
                            "id": "b7e8db26-23f7-4611-a176-bced75b96453",
                            "port_range_max": "22",
                            "port_range_min": "22",
                            "protocol": "tcp",
                            "region": "Freiburg",
                            "remote_group_id": "",
                            "remote_ip_prefix": "192.52.32.0/20",
                            "security_group_id": "9f13b036-c719-4999-87b8-4448e8478b0f",
                            "tenant_id": "36d6d9420bb04403b55fb21052efe4be"
                        },
                        "meta": {
                            "e2bfb730-ecaa-11e6-8f88-34363bc7c4c0": {
                                "delete": 600000000000
                            }
                        },
                        "tainted": false
                    },
                    "deposed": [],
                    "provider": "provider.openstack"
                },
                "openstack_networking_secgroup_rule_v2.ufr-ssh.1": {
                    "type": "openstack_networking_secgroup_rule_v2",
                    "depends_on": [
                        "openstack_networking_secgroup_v2.ufr-ssh"
                    ],
                    "primary": {
                        "id": "f030c06e-0a71-4fdb-8eab-e550e863b2ab",
                        "attributes": {
                            "description": "",
                            "direction": "ingress",
                            "ethertype": "IPv4",
                            "id": "f030c06e-0a71-4fdb-8eab-e550e863b2ab",
                            "port_range_max": "22",
                            "port_range_min": "22",
                            "protocol": "tcp",
                            "region": "Freiburg",
                            "remote_group_id": "",
                            "remote_ip_prefix": "10.0.0.0/8",
                            "security_group_id": "9f13b036-c719-4999-87b8-4448e8478b0f",
                            "tenant_id": "36d6d9420bb04403b55fb21052efe4be"
                        },
                        "meta": {
                            "e2bfb730-ecaa-11e6-8f88-34363bc7c4c0": {
                                "delete": 600000000000
                            }
                        },
                        "tainted": false
                    },
                    "deposed": [],
                    "provider": "provider.openstack"
                },
                "openstack_networking_secgroup_rule_v2.ufr-ssh.2": {
                    "type": "openstack_networking_secgroup_rule_v2",
                    "depends_on": [
                        "openstack_networking_secgroup_v2.ufr-ssh"
                    ],
                    "primary": {
                        "id": "bd898c70-9767-4dd1-ad74-8a7036fd3763",
                        "attributes": {
                            "description": "",
                            "direction": "ingress",
                            "ethertype": "IPv4",
                            "id": "bd898c70-9767-4dd1-ad74-8a7036fd3763",
                            "port_range_max": "22",
                            "port_range_min": "22",
                            "protocol": "tcp",
                            "region": "Freiburg",
                            "remote_group_id": "",
                            "remote_ip_prefix": "132.230.0.0/16",
                            "security_group_id": "9f13b036-c719-4999-87b8-4448e8478b0f",
                            "tenant_id": "36d6d9420bb04403b55fb21052efe4be"
                        },
                        "meta": {
                            "e2bfb730-ecaa-11e6-8f88-34363bc7c4c0": {
                                "delete": 600000000000
                            }
                        },
                        "tainted": false
                    },
                    "deposed": [],
                    "provider": "provider.openstack"
                },
                "openstack_networking_secgroup_v2.Public": {
                    "type": "openstack_networking_secgroup_v2",
                    "depends_on": [],
                    "primary": {
                        "id": "f516ef24-c56c-40bf-a286-45bb490be8b8",
                        "attributes": {
                            "all_tags.#": "0",
                            "delete_default_rules": "true",
                            "description": "[tf] Completely public machine (ingress + egress)",
                            "id": "f516ef24-c56c-40bf-a286-45bb490be8b8",
                            "name": "public",
                            "region": "Freiburg",
                            "tags.#": "0",
                            "tenant_id": "36d6d9420bb04403b55fb21052efe4be"
                        },
                        "meta": {
                            "e2bfb730-ecaa-11e6-8f88-34363bc7c4c0": {
                                "delete": 600000000000
                            }
                        },
                        "tainted": false
                    },
                    "deposed": [],
                    "provider": "provider.openstack"
                },
                "openstack_networking_secgroup_v2.egress": {
                    "type": "openstack_networking_secgroup_v2",
                    "depends_on": [],
                    "primary": {
                        "id": "f08481be-0886-47a0-9be3-936c0942d8dc",
                        "attributes": {
                            "all_tags.#": "0",
                            "delete_default_rules": "true",
                            "description": "[tf] Default egress profile",
                            "id": "f08481be-0886-47a0-9be3-936c0942d8dc",
                            "name": "egress",
                            "region": "Freiburg",
                            "tags.#": "0",
                            "tenant_id": "36d6d9420bb04403b55fb21052efe4be"
                        },
                        "meta": {
                            "e2bfb730-ecaa-11e6-8f88-34363bc7c4c0": {
                                "delete": 600000000000
                            }
                        },
                        "tainted": false
                    },
                    "deposed": [],
                    "provider": "provider.openstack"
                },
                "openstack_networking_secgroup_v2.hicbrowser": {
                    "type": "openstack_networking_secgroup_v2",
                    "depends_on": [],
                    "primary": {
                        "id": "3bcfa8bc-9bea-47bc-a1fe-9605acb0c65c",
                        "attributes": {
                            "all_tags.#": "0",
                            "delete_default_rules": "true",
                            "description": "[tf] Allow public HTTP + HTTPS connections",
                            "id": "3bcfa8bc-9bea-47bc-a1fe-9605acb0c65c",
                            "name": "hicbrowser",
                            "region": "Freiburg",
                            "tags.#": "0",
                            "tenant_id": "36d6d9420bb04403b55fb21052efe4be"
                        },
                        "meta": {
                            "e2bfb730-ecaa-11e6-8f88-34363bc7c4c0": {
                                "delete": 600000000000
                            }
                        },
                        "tainted": false
                    },
                    "deposed": [],
                    "provider": "provider.openstack"
                },
                "openstack_networking_secgroup_v2.ingress-public": {
                    "type": "openstack_networking_secgroup_v2",
                    "depends_on": [],
                    "primary": {
                        "id": "2427792a-2049-45f0-8109-99b3ff577c73",
                        "attributes": {
                            "all_tags.#": "0",
                            "delete_default_rules": "true",
                            "description": "[tf] Allow any incoming connection",
                            "id": "2427792a-2049-45f0-8109-99b3ff577c73",
                            "name": "ingress-public",
                            "region": "Freiburg",
                            "tags.#": "0",
                            "tenant_id": "36d6d9420bb04403b55fb21052efe4be"
                        },
                        "meta": {
                            "e2bfb730-ecaa-11e6-8f88-34363bc7c4c0": {
                                "delete": 600000000000
                            }
                        },
                        "tainted": false
                    },
                    "deposed": [],
                    "provider": "provider.openstack"
                },
                "openstack_networking_secgroup_v2.public-amqp": {
                    "type": "openstack_networking_secgroup_v2",
                    "depends_on": [],
                    "primary": {
                        "id": "fe749738-892a-44b9-a313-e07238f2d92d",
                        "attributes": {
                            "all_tags.#": "0",
                            "delete_default_rules": "true",
                            "description": "[tf] Allow incoming AMQP connections",
                            "id": "fe749738-892a-44b9-a313-e07238f2d92d",
                            "name": "public-amqp",
                            "region": "Freiburg",
                            "tags.#": "0",
                            "tenant_id": "36d6d9420bb04403b55fb21052efe4be"
                        },
                        "meta": {
                            "e2bfb730-ecaa-11e6-8f88-34363bc7c4c0": {
                                "delete": 600000000000
                            }
                        },
                        "tainted": false
                    },
                    "deposed": [],
                    "provider": "provider.openstack"
                },
                "openstack_networking_secgroup_v2.public-influxdb": {
                    "type": "openstack_networking_secgroup_v2",
                    "depends_on": [],
                    "primary": {
                        "id": "dfb4a6a6-298a-45a0-9c98-d335707f7629",
                        "attributes": {
                            "all_tags.#": "0",
                            "delete_default_rules": "true",
                            "description": "[tf] Allow public HTTP(s) connections to port 8086",
                            "id": "dfb4a6a6-298a-45a0-9c98-d335707f7629",
                            "name": "public-influxdb",
                            "region": "Freiburg",
                            "tags.#": "0",
                            "tenant_id": "36d6d9420bb04403b55fb21052efe4be"
                        },
                        "meta": {
                            "e2bfb730-ecaa-11e6-8f88-34363bc7c4c0": {
                                "delete": 600000000000
                            }
                        },
                        "tainted": false
                    },
                    "deposed": [],
                    "provider": "provider.openstack"
                },
                "openstack_networking_secgroup_v2.public-irc": {
                    "type": "openstack_networking_secgroup_v2",
                    "depends_on": [],
                    "primary": {
                        "id": "86c8f5af-45f9-4f3c-afbd-a70f2c2ce4e9",
                        "attributes": {
                            "all_tags.#": "0",
                            "delete_default_rules": "true",
                            "description": "[tf] Allow incoming IRC connections",
                            "id": "86c8f5af-45f9-4f3c-afbd-a70f2c2ce4e9",
                            "name": "public-irc",
                            "region": "Freiburg",
                            "tags.#": "0",
                            "tenant_id": "36d6d9420bb04403b55fb21052efe4be"
                        },
                        "meta": {
                            "e2bfb730-ecaa-11e6-8f88-34363bc7c4c0": {
                                "delete": 600000000000
                            }
                        },
                        "tainted": false
                    },
                    "deposed": [],
                    "provider": "provider.openstack"
                },
                "openstack_networking_secgroup_v2.public-mosh": {
                    "type": "openstack_networking_secgroup_v2",
                    "depends_on": [],
                    "primary": {
                        "id": "57ddd7b6-7790-41a2-a18d-f07f29ead1e2",
                        "attributes": {
                            "all_tags.#": "0",
                            "delete_default_rules": "true",
                            "description": "[tf] Rules for mosh servers",
                            "id": "57ddd7b6-7790-41a2-a18d-f07f29ead1e2",
                            "name": "public-mosh",
                            "region": "Freiburg",
                            "tags.#": "0",
                            "tenant_id": "36d6d9420bb04403b55fb21052efe4be"
                        },
                        "meta": {
                            "e2bfb730-ecaa-11e6-8f88-34363bc7c4c0": {
                                "delete": 600000000000
                            }
                        },
                        "tainted": false
                    },
                    "deposed": [],
                    "provider": "provider.openstack"
                },
                "openstack_networking_secgroup_v2.public-ping": {
                    "type": "openstack_networking_secgroup_v2",
                    "depends_on": [],
                    "primary": {
                        "id": "96281ca8-7ccb-4b34-a16b-e2abcbc14f87",
                        "attributes": {
                            "all_tags.#": "0",
                            "delete_default_rules": "true",
                            "description": "[tf] Allow pinging the node to the public",
                            "id": "96281ca8-7ccb-4b34-a16b-e2abcbc14f87",
                            "name": "public-ping",
                            "region": "Freiburg",
                            "tags.#": "0",
                            "tenant_id": "36d6d9420bb04403b55fb21052efe4be"
                        },
                        "meta": {
                            "e2bfb730-ecaa-11e6-8f88-34363bc7c4c0": {
                                "delete": 600000000000
                            }
                        },
                        "tainted": false
                    },
                    "deposed": [],
                    "provider": "provider.openstack"
                },
                "openstack_networking_secgroup_v2.public-ssh": {
                    "type": "openstack_networking_secgroup_v2",
                    "depends_on": [],
                    "primary": {
                        "id": "67460b69-e0f2-4bef-bb14-10fa2c2ef9cd",
                        "attributes": {
                            "all_tags.#": "0",
                            "delete_default_rules": "true",
                            "description": "[tf] Allow SSH connections from anywhere",
                            "id": "67460b69-e0f2-4bef-bb14-10fa2c2ef9cd",
                            "name": "public-ssh",
                            "region": "Freiburg",
                            "tags.#": "0",
                            "tenant_id": "36d6d9420bb04403b55fb21052efe4be"
                        },
                        "meta": {
                            "e2bfb730-ecaa-11e6-8f88-34363bc7c4c0": {
                                "delete": 600000000000
                            }
                        },
                        "tainted": false
                    },
                    "deposed": [],
                    "provider": "provider.openstack"
                },
                "openstack_networking_secgroup_v2.public-web": {
                    "type": "openstack_networking_secgroup_v2",
                    "depends_on": [],
                    "primary": {
                        "id": "3b8855bd-e70d-46e4-996f-4b32f00b405b",
                        "attributes": {
                            "all_tags.#": "0",
                            "description": "[tf] Allow public HTTP + HTTPS connections",
                            "id": "3b8855bd-e70d-46e4-996f-4b32f00b405b",
                            "name": "public-web",
                            "region": "Freiburg",
                            "tags.#": "0",
                            "tenant_id": "36d6d9420bb04403b55fb21052efe4be"
                        },
                        "meta": {
                            "e2bfb730-ecaa-11e6-8f88-34363bc7c4c0": {
                                "delete": 600000000000
                            }
                        },
                        "tainted": false
                    },
                    "deposed": [],
                    "provider": "provider.openstack"
                },
                "openstack_networking_secgroup_v2.public-web2": {
                    "type": "openstack_networking_secgroup_v2",
                    "depends_on": [],
                    "primary": {
                        "id": "2207b12e-6fcd-49aa-8f9e-9c6d32c768bb",
                        "attributes": {
                            "all_tags.#": "0",
                            "delete_default_rules": "true",
                            "description": "[tf] Allow public HTTP + HTTPS connections (fixed)",
                            "id": "2207b12e-6fcd-49aa-8f9e-9c6d32c768bb",
                            "name": "public-web2",
                            "region": "Freiburg",
                            "tags.#": "0",
                            "tenant_id": "36d6d9420bb04403b55fb21052efe4be"
                        },
                        "meta": {
                            "e2bfb730-ecaa-11e6-8f88-34363bc7c4c0": {
                                "delete": 600000000000
                            }
                        },
                        "tainted": false
                    },
                    "deposed": [],
                    "provider": "provider.openstack"
                },
                "openstack_networking_secgroup_v2.ufr-influxdb": {
                    "type": "openstack_networking_secgroup_v2",
                    "depends_on": [],
                    "primary": {
                        "id": "ebb1928d-5cdc-4f50-9a34-13acd170819a",
                        "attributes": {
                            "all_tags.#": "0",
                            "delete_default_rules": "true",
                            "description": "[tf] Allow UFR HTTP(s) connections to port 8086",
                            "id": "ebb1928d-5cdc-4f50-9a34-13acd170819a",
                            "name": "ufr-influxdb",
                            "region": "Freiburg",
                            "tags.#": "0",
                            "tenant_id": "36d6d9420bb04403b55fb21052efe4be"
                        },
                        "meta": {
                            "e2bfb730-ecaa-11e6-8f88-34363bc7c4c0": {
                                "delete": 600000000000
                            }
                        },
                        "tainted": false
                    },
                    "deposed": [],
                    "provider": "provider.openstack"
                },
                "openstack_networking_secgroup_v2.ufr-ingress": {
                    "type": "openstack_networking_secgroup_v2",
                    "depends_on": [],
                    "primary": {
                        "id": "fb80f17a-86b7-48be-83d8-ef87dac155f4",
                        "attributes": {
                            "all_tags.#": "0",
                            "delete_default_rules": "true",
                            "description": "[tf] Ingress connections from any UFR networks",
                            "id": "fb80f17a-86b7-48be-83d8-ef87dac155f4",
                            "name": "ufr-ingress",
                            "region": "Freiburg",
                            "tags.#": "0",
                            "tenant_id": "36d6d9420bb04403b55fb21052efe4be"
                        },
                        "meta": {
                            "e2bfb730-ecaa-11e6-8f88-34363bc7c4c0": {
                                "delete": 600000000000
                            }
                        },
                        "tainted": false
                    },
                    "deposed": [],
                    "provider": "provider.openstack"
                },
                "openstack_networking_secgroup_v2.ufr-ssh": {
                    "type": "openstack_networking_secgroup_v2",
                    "depends_on": [],
                    "primary": {
                        "id": "9f13b036-c719-4999-87b8-4448e8478b0f",
                        "attributes": {
                            "all_tags.#": "0",
                            "delete_default_rules": "true",
                            "description": "[tf] Ingress SSH connections for UFR networks (e.g. combine with public-web/public-ping)",
                            "id": "9f13b036-c719-4999-87b8-4448e8478b0f",
                            "name": "ufr-ssh",
                            "region": "Freiburg",
                            "tags.#": "0",
                            "tenant_id": "36d6d9420bb04403b55fb21052efe4be"
                        },
                        "meta": {
                            "e2bfb730-ecaa-11e6-8f88-34363bc7c4c0": {
                                "delete": 600000000000
                            }
                        },
                        "tainted": false
                    },
                    "deposed": [],
                    "provider": "provider.openstack"
                },
                "openstack_networking_secgroup_v2.ufr-web": {
                    "type": "openstack_networking_secgroup_v2",
                    "depends_on": [],
                    "primary": {
                        "id": "bcabcd6d-2cfb-477b-9758-784ee93d4c33",
                        "attributes": {
                            "all_tags.#": "0",
                            "delete_default_rules": "true",
                            "description": "[tf] Ingress web (HTTP+HTTPS) connections for UFR networks",
                            "id": "bcabcd6d-2cfb-477b-9758-784ee93d4c33",
                            "name": "ufr-web",
                            "region": "Freiburg",
                            "tags.#": "0",
                            "tenant_id": "36d6d9420bb04403b55fb21052efe4be"
                        },
                        "meta": {
                            "e2bfb730-ecaa-11e6-8f88-34363bc7c4c0": {
                                "delete": 600000000000
                            }
                        },
                        "tainted": false
                    },
                    "deposed": [],
                    "provider": "provider.openstack"
                },
                "openstack_networking_secgroup_v2.vgcn-ingress-public": {
                    "type": "openstack_networking_secgroup_v2",
                    "depends_on": [],
                    "primary": {
                        "id": "85a9e7fb-dfe0-4412-b6d8-986b5bfd7756",
                        "attributes": {
                            "all_tags.#": "0",
                            "delete_default_rules": "true",
                            "description": "[tf] Allow any incoming connection",
                            "id": "85a9e7fb-dfe0-4412-b6d8-986b5bfd7756",
                            "name": "vgcn-ingress-public",
                            "region": "Freiburg",
                            "tags.#": "0",
                            "tenant_id": "36d6d9420bb04403b55fb21052efe4be"
                        },
                        "meta": {
                            "e2bfb730-ecaa-11e6-8f88-34363bc7c4c0": {
                                "delete": 600000000000
                            }
                        },
                        "tainted": false
                    },
                    "deposed": [],
                    "provider": "provider.openstack"
                },
                "random_pet.training-vm.0": {
                    "type": "random_pet",
                    "depends_on": [],
                    "primary": {
                        "id": "improved-treefrog",
                        "attributes": {
                            "id": "improved-treefrog",
                            "keepers.%": "1",
                            "keepers.count": "0",
                            "length": "2",
                            "separator": "-"
                        },
                        "meta": {},
                        "tainted": false
                    },
                    "deposed": [],
                    "provider": "provider.random"
                },
                "random_pet.training-vm.1": {
                    "type": "random_pet",
                    "depends_on": [],
                    "primary": {
                        "id": "fun-weevil",
                        "attributes": {
                            "id": "fun-weevil",
                            "keepers.%": "1",
                            "keepers.count": "1",
                            "length": "2",
                            "separator": "-"
                        },
                        "meta": {},
                        "tainted": false
                    },
                    "deposed": [],
                    "provider": "provider.random"
                },
                "random_pet.training-vm.10": {
                    "type": "random_pet",
                    "depends_on": [],
                    "primary": {
                        "id": "crack-kid",
                        "attributes": {
                            "id": "crack-kid",
                            "keepers.%": "1",
                            "keepers.count": "10",
                            "length": "2",
                            "separator": "-"
                        },
                        "meta": {},
                        "tainted": false
                    },
                    "deposed": [],
                    "provider": "provider.random"
                },
                "random_pet.training-vm.11": {
                    "type": "random_pet",
                    "depends_on": [],
                    "primary": {
                        "id": "classic-leopard",
                        "attributes": {
                            "id": "classic-leopard",
                            "keepers.%": "1",
                            "keepers.count": "11",
                            "length": "2",
                            "separator": "-"
                        },
                        "meta": {},
                        "tainted": false
                    },
                    "deposed": [],
                    "provider": "provider.random"
                },
                "random_pet.training-vm.12": {
                    "type": "random_pet",
                    "depends_on": [],
                    "primary": {
                        "id": "true-hog",
                        "attributes": {
                            "id": "true-hog",
                            "keepers.%": "1",
                            "keepers.count": "12",
                            "length": "2",
                            "separator": "-"
                        },
                        "meta": {},
                        "tainted": false
                    },
                    "deposed": [],
                    "provider": "provider.random"
                },
                "random_pet.training-vm.13": {
                    "type": "random_pet",
                    "depends_on": [],
                    "primary": {
                        "id": "comic-skylark",
                        "attributes": {
                            "id": "comic-skylark",
                            "keepers.%": "1",
                            "keepers.count": "13",
                            "length": "2",
                            "separator": "-"
                        },
                        "meta": {},
                        "tainted": false
                    },
                    "deposed": [],
                    "provider": "provider.random"
                },
                "random_pet.training-vm.14": {
                    "type": "random_pet",
                    "depends_on": [],
                    "primary": {
                        "id": "cosmic-caiman",
                        "attributes": {
                            "id": "cosmic-caiman",
                            "keepers.%": "1",
                            "keepers.count": "14",
                            "length": "2",
                            "separator": "-"
                        },
                        "meta": {},
                        "tainted": false
                    },
                    "deposed": [],
                    "provider": "provider.random"
                },
                "random_pet.training-vm.15": {
                    "type": "random_pet",
                    "depends_on": [],
                    "primary": {
                        "id": "apt-polliwog",
                        "attributes": {
                            "id": "apt-polliwog",
                            "keepers.%": "1",
                            "keepers.count": "15",
                            "length": "2",
                            "separator": "-"
                        },
                        "meta": {},
                        "tainted": false
                    },
                    "deposed": [],
                    "provider": "provider.random"
                },
                "random_pet.training-vm.16": {
                    "type": "random_pet",
                    "depends_on": [],
                    "primary": {
                        "id": "outgoing-slug",
                        "attributes": {
                            "id": "outgoing-slug",
                            "keepers.%": "1",
                            "keepers.count": "16",
                            "length": "2",
                            "separator": "-"
                        },
                        "meta": {},
                        "tainted": false
                    },
                    "deposed": [],
                    "provider": "provider.random"
                },
                "random_pet.training-vm.17": {
                    "type": "random_pet",
                    "depends_on": [],
                    "primary": {
                        "id": "amazing-catfish",
                        "attributes": {
                            "id": "amazing-catfish",
                            "keepers.%": "1",
                            "keepers.count": "17",
                            "length": "2",
                            "separator": "-"
                        },
                        "meta": {},
                        "tainted": false
                    },
                    "deposed": [],
                    "provider": "provider.random"
                },
                "random_pet.training-vm.18": {
                    "type": "random_pet",
                    "depends_on": [],
                    "primary": {
                        "id": "flowing-tomcat",
                        "attributes": {
                            "id": "flowing-tomcat",
                            "keepers.%": "1",
                            "keepers.count": "18",
                            "length": "2",
                            "separator": "-"
                        },
                        "meta": {},
                        "tainted": false
                    },
                    "deposed": [],
                    "provider": "provider.random"
                },
                "random_pet.training-vm.19": {
                    "type": "random_pet",
                    "depends_on": [],
                    "primary": {
                        "id": "proud-crane",
                        "attributes": {
                            "id": "proud-crane",
                            "keepers.%": "1",
                            "keepers.count": "19",
                            "length": "2",
                            "separator": "-"
                        },
                        "meta": {},
                        "tainted": false
                    },
                    "deposed": [],
                    "provider": "provider.random"
                },
                "random_pet.training-vm.2": {
                    "type": "random_pet",
                    "depends_on": [],
                    "primary": {
                        "id": "moved-quail",
                        "attributes": {
                            "id": "moved-quail",
                            "keepers.%": "1",
                            "keepers.count": "2",
                            "length": "2",
                            "separator": "-"
                        },
                        "meta": {},
                        "tainted": false
                    },
                    "deposed": [],
                    "provider": "provider.random"
                },
                "random_pet.training-vm.20": {
                    "type": "random_pet",
                    "depends_on": [],
                    "primary": {
                        "id": "meet-kit",
                        "attributes": {
                            "id": "meet-kit",
                            "keepers.%": "1",
                            "keepers.count": "20",
                            "length": "2",
                            "separator": "-"
                        },
                        "meta": {},
                        "tainted": false
                    },
                    "deposed": [],
                    "provider": "provider.random"
                },
                "random_pet.training-vm.21": {
                    "type": "random_pet",
                    "depends_on": [],
                    "primary": {
                        "id": "moved-primate",
                        "attributes": {
                            "id": "moved-primate",
                            "keepers.%": "1",
                            "keepers.count": "21",
                            "length": "2",
                            "separator": "-"
                        },
                        "meta": {},
                        "tainted": false
                    },
                    "deposed": [],
                    "provider": "provider.random"
                },
                "random_pet.training-vm.22": {
                    "type": "random_pet",
                    "depends_on": [],
                    "primary": {
                        "id": "modern-unicorn",
                        "attributes": {
                            "id": "modern-unicorn",
                            "keepers.%": "1",
                            "keepers.count": "22",
                            "length": "2",
                            "separator": "-"
                        },
                        "meta": {},
                        "tainted": false
                    },
                    "deposed": [],
                    "provider": "provider.random"
                },
                "random_pet.training-vm.23": {
                    "type": "random_pet",
                    "depends_on": [],
                    "primary": {
                        "id": "steady-lemur",
                        "attributes": {
                            "id": "steady-lemur",
                            "keepers.%": "1",
                            "keepers.count": "23",
                            "length": "2",
                            "separator": "-"
                        },
                        "meta": {},
                        "tainted": false
                    },
                    "deposed": [],
                    "provider": "provider.random"
                },
                "random_pet.training-vm.24": {
                    "type": "random_pet",
                    "depends_on": [],
                    "primary": {
                        "id": "noble-cricket",
                        "attributes": {
                            "id": "noble-cricket",
                            "keepers.%": "1",
                            "keepers.count": "24",
                            "length": "2",
                            "separator": "-"
                        },
                        "meta": {},
                        "tainted": false
                    },
                    "deposed": [],
                    "provider": "provider.random"
                },
                "random_pet.training-vm.25": {
                    "type": "random_pet",
                    "depends_on": [],
                    "primary": {
                        "id": "engaged-filly",
                        "attributes": {
                            "id": "engaged-filly",
                            "keepers.%": "1",
                            "keepers.count": "25",
                            "length": "2",
                            "separator": "-"
                        },
                        "meta": {},
                        "tainted": false
                    },
                    "deposed": [],
                    "provider": "provider.random"
                },
                "random_pet.training-vm.26": {
                    "type": "random_pet",
                    "depends_on": [],
                    "primary": {
                        "id": "regular-falcon",
                        "attributes": {
                            "id": "regular-falcon",
                            "keepers.%": "1",
                            "keepers.count": "26",
                            "length": "2",
                            "separator": "-"
                        },
                        "meta": {},
                        "tainted": false
                    },
                    "deposed": [],
                    "provider": "provider.random"
                },
                "random_pet.training-vm.27": {
                    "type": "random_pet",
                    "depends_on": [],
                    "primary": {
                        "id": "knowing-sparrow",
                        "attributes": {
                            "id": "knowing-sparrow",
                            "keepers.%": "1",
                            "keepers.count": "27",
                            "length": "2",
                            "separator": "-"
                        },
                        "meta": {},
                        "tainted": false
                    },
                    "deposed": [],
                    "provider": "provider.random"
                },
                "random_pet.training-vm.28": {
                    "type": "random_pet",
                    "depends_on": [],
                    "primary": {
                        "id": "hip-wren",
                        "attributes": {
                            "id": "hip-wren",
                            "keepers.%": "1",
                            "keepers.count": "28",
                            "length": "2",
                            "separator": "-"
                        },
                        "meta": {},
                        "tainted": false
                    },
                    "deposed": [],
                    "provider": "provider.random"
                },
                "random_pet.training-vm.29": {
                    "type": "random_pet",
                    "depends_on": [],
                    "primary": {
                        "id": "correct-kit",
                        "attributes": {
                            "id": "correct-kit",
                            "keepers.%": "1",
                            "keepers.count": "29",
                            "length": "2",
                            "separator": "-"
                        },
                        "meta": {},
                        "tainted": false
                    },
                    "deposed": [],
                    "provider": "provider.random"
                },
                "random_pet.training-vm.3": {
                    "type": "random_pet",
                    "depends_on": [],
                    "primary": {
                        "id": "chief-hagfish",
                        "attributes": {
                            "id": "chief-hagfish",
                            "keepers.%": "1",
                            "keepers.count": "3",
                            "length": "2",
                            "separator": "-"
                        },
                        "meta": {},
                        "tainted": false
                    },
                    "deposed": [],
                    "provider": "provider.random"
                },
                "random_pet.training-vm.30": {
                    "type": "random_pet",
                    "depends_on": [],
                    "primary": {
                        "id": "desired-goat",
                        "attributes": {
                            "id": "desired-goat",
                            "keepers.%": "1",
                            "keepers.count": "30",
                            "length": "2",
                            "separator": "-"
                        },
                        "meta": {},
                        "tainted": false
                    },
                    "deposed": [],
                    "provider": "provider.random"
                },
                "random_pet.training-vm.31": {
                    "type": "random_pet",
                    "depends_on": [],
                    "primary": {
                        "id": "super-gnat",
                        "attributes": {
                            "id": "super-gnat",
                            "keepers.%": "1",
                            "keepers.count": "31",
                            "length": "2",
                            "separator": "-"
                        },
                        "meta": {},
                        "tainted": false
                    },
                    "deposed": [],
                    "provider": "provider.random"
                },
                "random_pet.training-vm.32": {
                    "type": "random_pet",
                    "depends_on": [],
                    "primary": {
                        "id": "bold-jaguar",
                        "attributes": {
                            "id": "bold-jaguar",
                            "keepers.%": "1",
                            "keepers.count": "32",
                            "length": "2",
                            "separator": "-"
                        },
                        "meta": {},
                        "tainted": false
                    },
                    "deposed": [],
                    "provider": "provider.random"
                },
                "random_pet.training-vm.33": {
                    "type": "random_pet",
                    "depends_on": [],
                    "primary": {
                        "id": "calm-ewe",
                        "attributes": {
                            "id": "calm-ewe",
                            "keepers.%": "1",
                            "keepers.count": "33",
                            "length": "2",
                            "separator": "-"
                        },
                        "meta": {},
                        "tainted": false
                    },
                    "deposed": [],
                    "provider": "provider.random"
                },
                "random_pet.training-vm.34": {
                    "type": "random_pet",
                    "depends_on": [],
                    "primary": {
                        "id": "mature-phoenix",
                        "attributes": {
                            "id": "mature-phoenix",
                            "keepers.%": "1",
                            "keepers.count": "34",
                            "length": "2",
                            "separator": "-"
                        },
                        "meta": {},
                        "tainted": false
                    },
                    "deposed": [],
                    "provider": "provider.random"
                },
                "random_pet.training-vm.35": {
                    "type": "random_pet",
                    "depends_on": [],
                    "primary": {
                        "id": "logical-terrier",
                        "attributes": {
                            "id": "logical-terrier",
                            "keepers.%": "1",
                            "keepers.count": "35",
                            "length": "2",
                            "separator": "-"
                        },
                        "meta": {},
                        "tainted": false
                    },
                    "deposed": [],
                    "provider": "provider.random"
                },
                "random_pet.training-vm.36": {
                    "type": "random_pet",
                    "depends_on": [],
                    "primary": {
                        "id": "innocent-wallaby",
                        "attributes": {
                            "id": "innocent-wallaby",
                            "keepers.%": "1",
                            "keepers.count": "36",
                            "length": "2",
                            "separator": "-"
                        },
                        "meta": {},
                        "tainted": false
                    },
                    "deposed": [],
                    "provider": "provider.random"
                },
                "random_pet.training-vm.37": {
                    "type": "random_pet",
                    "depends_on": [],
                    "primary": {
                        "id": "causal-honeybee",
                        "attributes": {
                            "id": "causal-honeybee",
                            "keepers.%": "1",
                            "keepers.count": "37",
                            "length": "2",
                            "separator": "-"
                        },
                        "meta": {},
                        "tainted": false
                    },
                    "deposed": [],
                    "provider": "provider.random"
                },
                "random_pet.training-vm.38": {
                    "type": "random_pet",
                    "depends_on": [],
                    "primary": {
                        "id": "evident-spaniel",
                        "attributes": {
                            "id": "evident-spaniel",
                            "keepers.%": "1",
                            "keepers.count": "38",
                            "length": "2",
                            "separator": "-"
                        },
                        "meta": {},
                        "tainted": false
                    },
                    "deposed": [],
                    "provider": "provider.random"
                },
                "random_pet.training-vm.39": {
                    "type": "random_pet",
                    "depends_on": [],
                    "primary": {
                        "id": "dynamic-eagle",
                        "attributes": {
                            "id": "dynamic-eagle",
                            "keepers.%": "1",
                            "keepers.count": "39",
                            "length": "2",
                            "separator": "-"
                        },
                        "meta": {},
                        "tainted": false
                    },
                    "deposed": [],
                    "provider": "provider.random"
                },
                "random_pet.training-vm.4": {
                    "type": "random_pet",
                    "depends_on": [],
                    "primary": {
                        "id": "cute-coyote",
                        "attributes": {
                            "id": "cute-coyote",
                            "keepers.%": "1",
                            "keepers.count": "4",
                            "length": "2",
                            "separator": "-"
                        },
                        "meta": {},
                        "tainted": false
                    },
                    "deposed": [],
                    "provider": "provider.random"
                },
                "random_pet.training-vm.40": {
                    "type": "random_pet",
                    "depends_on": [],
                    "primary": {
                        "id": "present-cobra",
                        "attributes": {
                            "id": "present-cobra",
                            "keepers.%": "1",
                            "keepers.count": "40",
                            "length": "2",
                            "separator": "-"
                        },
                        "meta": {},
                        "tainted": false
                    },
                    "deposed": [],
                    "provider": "provider.random"
                },
                "random_pet.training-vm.41": {
                    "type": "random_pet",
                    "depends_on": [],
                    "primary": {
                        "id": "singular-stallion",
                        "attributes": {
                            "id": "singular-stallion",
                            "keepers.%": "1",
                            "keepers.count": "41",
                            "length": "2",
                            "separator": "-"
                        },
                        "meta": {},
                        "tainted": false
                    },
                    "deposed": [],
                    "provider": "provider.random"
                },
                "random_pet.training-vm.42": {
                    "type": "random_pet",
                    "depends_on": [],
                    "primary": {
                        "id": "fast-narwhal",
                        "attributes": {
                            "id": "fast-narwhal",
                            "keepers.%": "1",
                            "keepers.count": "42",
                            "length": "2",
                            "separator": "-"
                        },
                        "meta": {},
                        "tainted": false
                    },
                    "deposed": [],
                    "provider": "provider.random"
                },
                "random_pet.training-vm.43": {
                    "type": "random_pet",
                    "depends_on": [],
                    "primary": {
                        "id": "open-minnow",
                        "attributes": {
                            "id": "open-minnow",
                            "keepers.%": "1",
                            "keepers.count": "43",
                            "length": "2",
                            "separator": "-"
                        },
                        "meta": {},
                        "tainted": false
                    },
                    "deposed": [],
                    "provider": "provider.random"
                },
                "random_pet.training-vm.44": {
                    "type": "random_pet",
                    "depends_on": [],
                    "primary": {
                        "id": "moral-bluebird",
                        "attributes": {
                            "id": "moral-bluebird",
                            "keepers.%": "1",
                            "keepers.count": "44",
                            "length": "2",
                            "separator": "-"
                        },
                        "meta": {},
                        "tainted": false
                    },
                    "deposed": [],
                    "provider": "provider.random"
                },
                "random_pet.training-vm.45": {
                    "type": "random_pet",
                    "depends_on": [],
                    "primary": {
                        "id": "one-gorilla",
                        "attributes": {
                            "id": "one-gorilla",
                            "keepers.%": "1",
                            "keepers.count": "45",
                            "length": "2",
                            "separator": "-"
                        },
                        "meta": {},
                        "tainted": false
                    },
                    "deposed": [],
                    "provider": "provider.random"
                },
                "random_pet.training-vm.46": {
                    "type": "random_pet",
                    "depends_on": [],
                    "primary": {
                        "id": "informed-crane",
                        "attributes": {
                            "id": "informed-crane",
                            "keepers.%": "1",
                            "keepers.count": "46",
                            "length": "2",
                            "separator": "-"
                        },
                        "meta": {},
                        "tainted": false
                    },
                    "deposed": [],
                    "provider": "provider.random"
                },
                "random_pet.training-vm.47": {
                    "type": "random_pet",
                    "depends_on": [],
                    "primary": {
                        "id": "precise-sculpin",
                        "attributes": {
                            "id": "precise-sculpin",
                            "keepers.%": "1",
                            "keepers.count": "47",
                            "length": "2",
                            "separator": "-"
                        },
                        "meta": {},
                        "tainted": false
                    },
                    "deposed": [],
                    "provider": "provider.random"
                },
                "random_pet.training-vm.48": {
                    "type": "random_pet",
                    "depends_on": [],
                    "primary": {
                        "id": "welcomed-squirrel",
                        "attributes": {
                            "id": "welcomed-squirrel",
                            "keepers.%": "1",
                            "keepers.count": "48",
                            "length": "2",
                            "separator": "-"
                        },
                        "meta": {},
                        "tainted": false
                    },
                    "deposed": [],
                    "provider": "provider.random"
                },
                "random_pet.training-vm.49": {
                    "type": "random_pet",
                    "depends_on": [],
                    "primary": {
                        "id": "exact-skink",
                        "attributes": {
                            "id": "exact-skink",
                            "keepers.%": "1",
                            "keepers.count": "49",
                            "length": "2",
                            "separator": "-"
                        },
                        "meta": {},
                        "tainted": false
                    },
                    "deposed": [],
                    "provider": "provider.random"
                },
                "random_pet.training-vm.5": {
                    "type": "random_pet",
                    "depends_on": [],
                    "primary": {
                        "id": "comic-dassie",
                        "attributes": {
                            "id": "comic-dassie",
                            "keepers.%": "1",
                            "keepers.count": "5",
                            "length": "2",
                            "separator": "-"
                        },
                        "meta": {},
                        "tainted": false
                    },
                    "deposed": [],
                    "provider": "provider.random"
                },
                "random_pet.training-vm.6": {
                    "type": "random_pet",
                    "depends_on": [],
                    "primary": {
                        "id": "wired-frog",
                        "attributes": {
                            "id": "wired-frog",
                            "keepers.%": "1",
                            "keepers.count": "6",
                            "length": "2",
                            "separator": "-"
                        },
                        "meta": {},
                        "tainted": false
                    },
                    "deposed": [],
                    "provider": "provider.random"
                },
                "random_pet.training-vm.7": {
                    "type": "random_pet",
                    "depends_on": [],
                    "primary": {
                        "id": "innocent-caribou",
                        "attributes": {
                            "id": "innocent-caribou",
                            "keepers.%": "1",
                            "keepers.count": "7",
                            "length": "2",
                            "separator": "-"
                        },
                        "meta": {},
                        "tainted": false
                    },
                    "deposed": [],
                    "provider": "provider.random"
                },
                "random_pet.training-vm.8": {
                    "type": "random_pet",
                    "depends_on": [],
                    "primary": {
                        "id": "tender-primate",
                        "attributes": {
                            "id": "tender-primate",
                            "keepers.%": "1",
                            "keepers.count": "8",
                            "length": "2",
                            "separator": "-"
                        },
                        "meta": {},
                        "tainted": false
                    },
                    "deposed": [],
                    "provider": "provider.random"
                },
                "random_pet.training-vm.9": {
                    "type": "random_pet",
                    "depends_on": [],
                    "primary": {
                        "id": "divine-tortoise",
                        "attributes": {
                            "id": "divine-tortoise",
                            "keepers.%": "1",
                            "keepers.count": "9",
                            "length": "2",
                            "separator": "-"
                        },
                        "meta": {},
                        "tainted": false
                    },
                    "deposed": [],
                    "provider": "provider.random"
                }
            },
            "depends_on": []
        }
    ]
}
