{
    "version": 3,
    "terraform_version": "0.11.13",
    "serial": 336,
    "lineage": "9762f389-3401-65ca-5879-51b072abdb9d",
    "modules": [
        {
            "path": [
                "root"
            ],
            "outputs": {},
            "resources": {
                "aws_route53_record.apollo-usegalaxy": {
                    "type": "aws_route53_record",
                    "depends_on": [
                        "openstack_compute_instance_v2.apollo-usegalaxy"
                    ],
                    "primary": {
                        "id": "Z3BOXJYLR7ZV7D_apollo.usegalaxy.eu_A",
                        "attributes": {
                            "allow_overwrite": "true",
                            "fqdn": "apollo.usegalaxy.eu",
                            "health_check_id": "",
                            "id": "Z3BOXJYLR7ZV7D_apollo.usegalaxy.eu_A",
                            "name": "apollo.usegalaxy.eu",
                            "records.#": "1",
                            "records.2978450457": "10.5.68.207",
                            "set_identifier": "",
                            "ttl": "7200",
                            "type": "A",
                            "zone_id": "Z3BOXJYLR7ZV7D"
                        },
                        "meta": {
                            "schema_version": "2"
                        },
                        "tainted": false
                    },
                    "deposed": [],
                    "provider": "provider.aws"
                },
                "aws_route53_record.bioconda-utils": {
                    "type": "aws_route53_record",
                    "depends_on": [
                        "openstack_compute_instance_v2.bioconda-utils"
                    ],
                    "primary": {
                        "id": "Z391FYOSFHL9U7_bioconda-utils.galaxyproject.eu_A",
                        "attributes": {
                            "allow_overwrite": "true",
                            "fqdn": "bioconda-utils.galaxyproject.eu",
                            "health_check_id": "",
                            "id": "Z391FYOSFHL9U7_bioconda-utils.galaxyproject.eu_A",
                            "name": "bioconda-utils.galaxyproject.eu",
                            "records.#": "1",
                            "records.3712341108": "192.52.33.31",
                            "set_identifier": "",
                            "ttl": "7200",
                            "type": "A",
                            "zone_id": "Z391FYOSFHL9U7"
                        },
                        "meta": {
                            "schema_version": "2"
                        },
                        "tainted": false
                    },
                    "deposed": [],
                    "provider": "provider.aws"
                },
                "aws_route53_record.build-usegalaxy": {
                    "type": "aws_route53_record",
                    "depends_on": [
                        "openstack_compute_instance_v2.build-usegalaxy"
                    ],
                    "primary": {
                        "id": "Z391FYOSFHL9U7_build.galaxyproject.eu_A",
                        "attributes": {
                            "allow_overwrite": "true",
                            "fqdn": "build.galaxyproject.eu",
                            "health_check_id": "",
                            "id": "Z391FYOSFHL9U7_build.galaxyproject.eu_A",
                            "name": "build.galaxyproject.eu",
                            "records.#": "1",
                            "records.1912570522": "192.52.32.74",
                            "set_identifier": "",
                            "ttl": "7200",
                            "type": "A",
                            "zone_id": "Z391FYOSFHL9U7"
                        },
                        "meta": {
                            "schema_version": "2"
                        },
                        "tainted": false
                    },
                    "deposed": [],
                    "provider": "provider.aws"
                },
                "aws_route53_record.cvmfs-stratum0": {
                    "type": "aws_route53_record",
                    "depends_on": [
                        "openstack_compute_instance_v2.cvmfs-stratum0"
                    ],
                    "primary": {
                        "id": "Z391FYOSFHL9U7_cvmfs-stratum0-test.galaxyproject.eu_A",
                        "attributes": {
                            "allow_overwrite": "true",
                            "fqdn": "cvmfs-stratum0-test.galaxyproject.eu",
                            "health_check_id": "",
                            "id": "Z391FYOSFHL9U7_cvmfs-stratum0-test.galaxyproject.eu_A",
                            "name": "cvmfs-stratum0-test.galaxyproject.eu",
                            "records.#": "1",
                            "records.1874398594": "192.52.33.173",
                            "set_identifier": "",
                            "ttl": "7200",
                            "type": "A",
                            "zone_id": "Z391FYOSFHL9U7"
                        },
                        "meta": {
                            "schema_version": "2"
                        },
                        "tainted": false
                    },
                    "deposed": [],
                    "provider": "provider.aws"
                },
                "aws_route53_record.cvmfs1-ufr0-usegalaxy": {
                    "type": "aws_route53_record",
                    "depends_on": [
                        "openstack_compute_instance_v2.cvmfs1-ufr0-usegalaxy"
                    ],
                    "primary": {
                        "id": "Z391FYOSFHL9U7_cvmfs1-ufr0.internal.galaxyproject.eu_A",
                        "attributes": {
                            "allow_overwrite": "true",
                            "fqdn": "cvmfs1-ufr0.internal.galaxyproject.eu",
                            "health_check_id": "",
                            "id": "Z391FYOSFHL9U7_cvmfs1-ufr0.internal.galaxyproject.eu_A",
                            "name": "cvmfs1-ufr0.internal.galaxyproject.eu",
                            "records.#": "1",
                            "records.1447010590": "10.5.68.209",
                            "set_identifier": "",
                            "ttl": "7200",
                            "type": "A",
                            "zone_id": "Z391FYOSFHL9U7"
                        },
                        "meta": {
                            "schema_version": "2"
                        },
                        "tainted": false
                    },
                    "deposed": [],
                    "provider": "provider.aws"
                },
                "aws_route53_record.dkim": {
                    "type": "aws_route53_record",
                    "depends_on": [],
                    "primary": {
                        "id": "Z3BOXJYLR7ZV7D_mailo._domainkey.usegalaxy.eu_TXT",
                        "attributes": {
                            "allow_overwrite": "true",
                            "fqdn": "mailo._domainkey.usegalaxy.eu",
                            "health_check_id": "",
                            "id": "Z3BOXJYLR7ZV7D_mailo._domainkey.usegalaxy.eu_TXT",
                            "name": "mailo._domainkey.usegalaxy.eu",
                            "records.#": "1",
                            "records.2987136991": "k=rsa; p=MIGfMA0GCSqGSIb3DQEBAQUAA4GNADCBiQKBgQDWqARw6lby+yJNifDd1Nf9FfegF2TB4VJAdupceZ6pAHwYvS/2WFUwc3ZxdA8+awjDfLr6cAWERnP6YsBqZ7/1jCvtvOM2RLvsKMrzKG+KycfSfaGfFLZw/qPHM+82Mz7o5PdmcVehDSjKrnRXWGjliF/bazOoPg4OJObmAlhovwIDAQAB",
                            "set_identifier": "",
                            "ttl": "7200",
                            "type": "TXT",
                            "zone_id": "Z3BOXJYLR7ZV7D"
                        },
                        "meta": {
                            "schema_version": "2"
                        },
                        "tainted": false
                    },
                    "deposed": [],
                    "provider": "provider.aws"
                },
                "aws_route53_record.docker-host": {
                    "type": "aws_route53_record",
                    "depends_on": [
                        "openstack_compute_instance_v2.docker-host"
                    ],
                    "primary": {
                        "id": "Z391FYOSFHL9U7_docker.galaxyproject.eu_A",
                        "attributes": {
                            "allow_overwrite": "true",
                            "fqdn": "docker.galaxyproject.eu",
                            "health_check_id": "",
                            "id": "Z391FYOSFHL9U7_docker.galaxyproject.eu_A",
                            "name": "docker.galaxyproject.eu",
                            "records.#": "1",
                            "records.4270204594": "192.52.33.221",
                            "set_identifier": "",
                            "ttl": "7200",
                            "type": "A",
                            "zone_id": "Z391FYOSFHL9U7"
                        },
                        "meta": {
                            "schema_version": "2"
                        },
                        "tainted": false
                    },
                    "deposed": [],
                    "provider": "provider.aws"
                },
                "aws_route53_record.ftp": {
                    "type": "aws_route53_record",
                    "depends_on": [],
                    "primary": {
                        "id": "Z3BOXJYLR7ZV7D_ftp.usegalaxy.eu_A",
                        "attributes": {
                            "fqdn": "ftp.usegalaxy.eu",
                            "health_check_id": "",
                            "id": "Z3BOXJYLR7ZV7D_ftp.usegalaxy.eu_A",
                            "name": "ftp.usegalaxy.eu",
                            "records.#": "1",
                            "records.1644143846": "132.230.68.85",
                            "set_identifier": "",
                            "ttl": "7200",
                            "type": "A",
                            "zone_id": "Z3BOXJYLR7ZV7D"
                        },
                        "meta": {
                            "schema_version": "2"
                        },
                        "tainted": false
                    },
                    "deposed": [],
                    "provider": "provider.aws"
                },
                "aws_route53_record.galaxyproject-eu": {
                    "type": "aws_route53_record",
                    "depends_on": [
                        "openstack_compute_instance_v2.proxy"
                    ],
                    "primary": {
                        "id": "Z391FYOSFHL9U7_galaxyproject.eu_A",
                        "attributes": {
                            "allow_overwrite": "true",
                            "fqdn": "galaxyproject.eu",
                            "health_check_id": "",
                            "id": "Z391FYOSFHL9U7_galaxyproject.eu_A",
                            "name": "galaxyproject.eu",
                            "records.#": "1",
                            "records.874934593": "192.52.33.37",
                            "set_identifier": "",
                            "ttl": "7200",
                            "type": "A",
                            "zone_id": "Z391FYOSFHL9U7"
                        },
                        "meta": {
                            "schema_version": "2"
                        },
                        "tainted": false
                    },
                    "deposed": [],
                    "provider": "provider.aws"
                },
                "aws_route53_record.influxdb-usegalaxy-internal": {
                    "type": "aws_route53_record",
                    "depends_on": [
                        "openstack_compute_instance_v2.influxdb-usegalaxy"
                    ],
                    "primary": {
                        "id": "Z391FYOSFHL9U7_influxdb.galaxyproject.eu_A",
                        "attributes": {
                            "allow_overwrite": "true",
                            "fqdn": "influxdb.galaxyproject.eu",
                            "health_check_id": "",
                            "id": "Z391FYOSFHL9U7_influxdb.galaxyproject.eu_A",
                            "name": "influxdb.galaxyproject.eu",
                            "records.#": "1",
                            "records.361973662": "192.52.32.34",
                            "set_identifier": "",
                            "ttl": "7200",
                            "type": "A",
                            "zone_id": "Z391FYOSFHL9U7"
                        },
                        "meta": {
                            "schema_version": "2"
                        },
                        "tainted": false
                    },
                    "deposed": [],
                    "provider": "provider.aws"
                },
                "aws_route53_record.mx": {
                    "type": "aws_route53_record",
                    "depends_on": [],
                    "primary": {
                        "id": "Z3BOXJYLR7ZV7D_usegalaxy.eu_MX",
                        "attributes": {
                            "allow_overwrite": "true",
                            "fqdn": "usegalaxy.eu",
                            "health_check_id": "",
                            "id": "Z3BOXJYLR7ZV7D_usegalaxy.eu_MX",
                            "name": "usegalaxy.eu",
                            "records.#": "2",
                            "records.23861953": "10 mxb.mailgun.org",
                            "records.3165025807": "10 mxa.mailgun.org",
                            "set_identifier": "",
                            "ttl": "7200",
                            "type": "MX",
                            "zone_id": "Z3BOXJYLR7ZV7D"
                        },
                        "meta": {
                            "schema_version": "2"
                        },
                        "tainted": false
                    },
                    "deposed": [],
                    "provider": "provider.aws"
                },
                "aws_route53_record.proxy": {
                    "type": "aws_route53_record",
                    "depends_on": [
                        "openstack_compute_instance_v2.proxy"
                    ],
                    "primary": {
                        "id": "Z391FYOSFHL9U7_proxy.galaxyproject.eu_A",
                        "attributes": {
                            "allow_overwrite": "true",
                            "fqdn": "proxy.galaxyproject.eu",
                            "health_check_id": "",
                            "id": "Z391FYOSFHL9U7_proxy.galaxyproject.eu_A",
                            "name": "proxy.galaxyproject.eu",
                            "records.#": "1",
                            "records.874934593": "192.52.33.37",
                            "set_identifier": "",
                            "ttl": "300",
                            "type": "A",
                            "zone_id": "Z391FYOSFHL9U7"
                        },
                        "meta": {
                            "schema_version": "2"
                        },
                        "tainted": false
                    },
                    "deposed": [],
                    "provider": "provider.aws"
                },
                "aws_route53_record.proxy-internal": {
                    "type": "aws_route53_record",
                    "depends_on": [],
                    "primary": {
                        "id": "Z391FYOSFHL9U7_proxy.internal.galaxyproject.eu_A",
                        "attributes": {
                            "allow_overwrite": "true",
                            "fqdn": "proxy.internal.galaxyproject.eu",
                            "health_check_id": "",
                            "id": "Z391FYOSFHL9U7_proxy.internal.galaxyproject.eu_A",
                            "name": "proxy.internal.galaxyproject.eu",
                            "records.#": "1",
                            "records.497682074": "132.230.223.7",
                            "set_identifier": "",
                            "ttl": "7200",
                            "type": "A",
                            "zone_id": "Z391FYOSFHL9U7"
                        },
                        "meta": {
                            "schema_version": "2"
                        },
                        "tainted": false
                    },
                    "deposed": [],
                    "provider": "provider.aws"
                },
                "aws_route53_record.proxy-usegalaxy-eu": {
                    "type": "aws_route53_record",
                    "depends_on": [],
                    "primary": {
                        "id": "Z3BOXJYLR7ZV7D_proxy.usegalaxy.eu_CNAME",
                        "attributes": {
                            "allow_overwrite": "true",
                            "fqdn": "proxy.usegalaxy.eu",
                            "health_check_id": "",
                            "id": "Z3BOXJYLR7ZV7D_proxy.usegalaxy.eu_CNAME",
                            "name": "proxy.usegalaxy.eu",
                            "records.#": "1",
                            "records.2027306098": "proxy.galaxyproject.eu",
                            "set_identifier": "",
                            "ttl": "7200",
                            "type": "CNAME",
                            "zone_id": "Z3BOXJYLR7ZV7D"
                        },
                        "meta": {
                            "schema_version": "2"
                        },
                        "tainted": false
                    },
                    "deposed": [],
                    "provider": "provider.aws"
                },
                "aws_route53_record.sentry-usegalaxy": {
                    "type": "aws_route53_record",
                    "depends_on": [
                        "openstack_compute_instance_v2.sentry-usegalaxy"
                    ],
                    "primary": {
                        "id": "Z391FYOSFHL9U7_sentry.galaxyproject.eu_A",
                        "attributes": {
                            "allow_overwrite": "true",
                            "fqdn": "sentry.galaxyproject.eu",
                            "health_check_id": "",
                            "id": "Z391FYOSFHL9U7_sentry.galaxyproject.eu_A",
                            "name": "sentry.galaxyproject.eu",
                            "records.#": "1",
                            "records.1408833887": "192.52.34.70",
                            "set_identifier": "",
                            "ttl": "7200",
                            "type": "A",
                            "zone_id": "Z391FYOSFHL9U7"
                        },
                        "meta": {
                            "schema_version": "2"
                        },
                        "tainted": false
                    },
                    "deposed": [],
                    "provider": "provider.aws"
                },
                "aws_route53_record.spf": {
                    "type": "aws_route53_record",
                    "depends_on": [],
                    "primary": {
                        "id": "Z3BOXJYLR7ZV7D_usegalaxy.eu_TXT",
                        "attributes": {
                            "allow_overwrite": "true",
                            "fqdn": "usegalaxy.eu",
                            "health_check_id": "",
                            "id": "Z3BOXJYLR7ZV7D_usegalaxy.eu_TXT",
                            "name": "usegalaxy.eu",
                            "records.#": "1",
                            "records.1008113961": "v=spf1 include:mailgun.org ~all",
                            "set_identifier": "",
                            "ttl": "7200",
                            "type": "TXT",
                            "zone_id": "Z3BOXJYLR7ZV7D"
                        },
                        "meta": {
                            "schema_version": "2"
                        },
                        "tainted": false
                    },
                    "deposed": [],
                    "provider": "provider.aws"
                },
                "aws_route53_record.stats-usegalaxy": {
                    "type": "aws_route53_record",
                    "depends_on": [
                        "openstack_compute_instance_v2.stats-usegalaxy"
                    ],
                    "primary": {
                        "id": "Z391FYOSFHL9U7_stats.galaxyproject.eu_A",
                        "attributes": {
                            "allow_overwrite": "true",
                            "fqdn": "stats.galaxyproject.eu",
                            "health_check_id": "",
                            "id": "Z391FYOSFHL9U7_stats.galaxyproject.eu_A",
                            "name": "stats.galaxyproject.eu",
                            "records.#": "1",
                            "records.2707896510": "192.52.32.138",
                            "set_identifier": "",
                            "ttl": "7200",
                            "type": "A",
                            "zone_id": "Z391FYOSFHL9U7"
                        },
                        "meta": {
                            "schema_version": "2"
                        },
                        "tainted": false
                    },
                    "deposed": [],
                    "provider": "provider.aws"
                },
                "aws_route53_record.subdomain-internal": {
                    "type": "aws_route53_record",
                    "depends_on": [],
                    "primary": {
                        "id": "Z391FYOSFHL9U7_cvmfs1-ufr0.galaxyproject.eu_CNAME",
                        "attributes": {
                            "allow_overwrite": "true",
                            "fqdn": "cvmfs1-ufr0.galaxyproject.eu",
                            "health_check_id": "",
                            "id": "Z391FYOSFHL9U7_cvmfs1-ufr0.galaxyproject.eu_CNAME",
                            "name": "cvmfs1-ufr0.galaxyproject.eu",
                            "records.#": "1",
                            "records.2820179757": "proxy.internal.galaxyproject.eu",
                            "set_identifier": "",
                            "ttl": "7200",
                            "type": "CNAME",
                            "zone_id": "Z391FYOSFHL9U7"
                        },
                        "meta": {
                            "schema_version": "2"
                        },
                        "tainted": false
                    },
                    "deposed": [],
                    "provider": "provider.aws"
                },
                "aws_route53_record.subdomains-project.0": {
                    "type": "aws_route53_record",
                    "depends_on": [],
                    "primary": {
                        "id": "Z391FYOSFHL9U7_status.galaxyproject.eu_CNAME",
                        "attributes": {
                            "fqdn": "status.galaxyproject.eu",
                            "health_check_id": "",
                            "id": "Z391FYOSFHL9U7_status.galaxyproject.eu_CNAME",
                            "name": "status.galaxyproject.eu",
                            "records.#": "1",
                            "records.2027306098": "proxy.galaxyproject.eu",
                            "set_identifier": "",
                            "ttl": "7200",
                            "type": "CNAME",
                            "zone_id": "Z391FYOSFHL9U7"
                        },
                        "meta": {
                            "schema_version": "2"
                        },
                        "tainted": false
                    },
                    "deposed": [],
                    "provider": "provider.aws"
                },
                "aws_route53_record.subdomains-project.1": {
                    "type": "aws_route53_record",
                    "depends_on": [],
                    "primary": {
                        "id": "Z391FYOSFHL9U7_telescope.galaxyproject.eu_CNAME",
                        "attributes": {
                            "fqdn": "telescope.galaxyproject.eu",
                            "id": "Z391FYOSFHL9U7_telescope.galaxyproject.eu_CNAME",
                            "name": "telescope.galaxyproject.eu",
                            "records.#": "1",
                            "records.2027306098": "proxy.galaxyproject.eu",
                            "ttl": "7200",
                            "type": "CNAME",
                            "zone_id": "Z391FYOSFHL9U7"
                        },
                        "meta": {
                            "schema_version": "2"
                        },
                        "tainted": false
                    },
                    "deposed": [],
                    "provider": "provider.aws"
                },
                "aws_route53_record.subdomains.0": {
                    "type": "aws_route53_record",
                    "depends_on": [],
                    "primary": {
                        "id": "Z3BOXJYLR7ZV7D_ecology.usegalaxy.eu_CNAME",
                        "attributes": {
                            "allow_overwrite": "true",
                            "fqdn": "ecology.usegalaxy.eu",
                            "health_check_id": "",
                            "id": "Z3BOXJYLR7ZV7D_ecology.usegalaxy.eu_CNAME",
                            "name": "ecology.usegalaxy.eu",
                            "records.#": "1",
                            "records.2027306098": "proxy.galaxyproject.eu",
                            "set_identifier": "",
                            "ttl": "7200",
                            "type": "CNAME",
                            "zone_id": "Z3BOXJYLR7ZV7D"
                        },
                        "meta": {
                            "schema_version": "2"
                        },
                        "tainted": false
                    },
                    "deposed": [],
                    "provider": "provider.aws"
                },
                "aws_route53_record.subdomains.1": {
                    "type": "aws_route53_record",
                    "depends_on": [],
                    "primary": {
                        "id": "Z3BOXJYLR7ZV7D_hicexplorer.usegalaxy.eu_CNAME",
                        "attributes": {
                            "allow_overwrite": "true",
                            "fqdn": "hicexplorer.usegalaxy.eu",
                            "health_check_id": "",
                            "id": "Z3BOXJYLR7ZV7D_hicexplorer.usegalaxy.eu_CNAME",
                            "name": "hicexplorer.usegalaxy.eu",
                            "records.#": "1",
                            "records.2027306098": "proxy.galaxyproject.eu",
                            "set_identifier": "",
                            "ttl": "7200",
                            "type": "CNAME",
                            "zone_id": "Z3BOXJYLR7ZV7D"
                        },
                        "meta": {
                            "schema_version": "2"
                        },
                        "tainted": false
                    },
                    "deposed": [],
                    "provider": "provider.aws"
                },
                "aws_route53_record.subdomains.10": {
                    "type": "aws_route53_record",
                    "depends_on": [],
                    "primary": {
                        "id": "Z3BOXJYLR7ZV7D_old.usegalaxy.eu_CNAME",
                        "attributes": {
                            "allow_overwrite": "true",
                            "fqdn": "old.usegalaxy.eu",
                            "health_check_id": "",
                            "id": "Z3BOXJYLR7ZV7D_old.usegalaxy.eu_CNAME",
                            "name": "old.usegalaxy.eu",
                            "records.#": "1",
                            "records.2027306098": "proxy.galaxyproject.eu",
                            "set_identifier": "",
                            "ttl": "7200",
                            "type": "CNAME",
                            "zone_id": "Z3BOXJYLR7ZV7D"
                        },
                        "meta": {
                            "schema_version": "2"
                        },
                        "tainted": false
                    },
                    "deposed": [],
                    "provider": "provider.aws"
                },
                "aws_route53_record.subdomains.11": {
                    "type": "aws_route53_record",
                    "depends_on": [],
                    "primary": {
                        "id": "Z3BOXJYLR7ZV7D_streetscience.usegalaxy.eu_CNAME",
                        "attributes": {
                            "allow_overwrite": "true",
                            "fqdn": "streetscience.usegalaxy.eu",
                            "health_check_id": "",
                            "id": "Z3BOXJYLR7ZV7D_streetscience.usegalaxy.eu_CNAME",
                            "name": "streetscience.usegalaxy.eu",
                            "records.#": "1",
                            "records.2027306098": "proxy.galaxyproject.eu",
                            "set_identifier": "",
                            "ttl": "7200",
                            "type": "CNAME",
                            "zone_id": "Z3BOXJYLR7ZV7D"
                        },
                        "meta": {
                            "schema_version": "2"
                        },
                        "tainted": false
                    },
                    "deposed": [],
                    "provider": "provider.aws"
                },
                "aws_route53_record.subdomains.12": {
                    "type": "aws_route53_record",
                    "depends_on": [],
                    "primary": {
                        "id": "Z3BOXJYLR7ZV7D_graphclust.usegalaxy.eu_CNAME",
                        "attributes": {
                            "allow_overwrite": "true",
                            "fqdn": "graphclust.usegalaxy.eu",
                            "health_check_id": "",
                            "id": "Z3BOXJYLR7ZV7D_graphclust.usegalaxy.eu_CNAME",
                            "name": "graphclust.usegalaxy.eu",
                            "records.#": "1",
                            "records.2027306098": "proxy.galaxyproject.eu",
                            "set_identifier": "",
                            "ttl": "7200",
                            "type": "CNAME",
                            "zone_id": "Z3BOXJYLR7ZV7D"
                        },
                        "meta": {
                            "schema_version": "2"
                        },
                        "tainted": false
                    },
                    "deposed": [],
                    "provider": "provider.aws"
                },
                "aws_route53_record.subdomains.13": {
                    "type": "aws_route53_record",
                    "depends_on": [],
                    "primary": {
                        "id": "Z3BOXJYLR7ZV7D_cheminformatics.usegalaxy.eu_CNAME",
                        "attributes": {
                            "allow_overwrite": "true",
                            "fqdn": "cheminformatics.usegalaxy.eu",
                            "health_check_id": "",
                            "id": "Z3BOXJYLR7ZV7D_cheminformatics.usegalaxy.eu_CNAME",
                            "name": "cheminformatics.usegalaxy.eu",
                            "records.#": "1",
                            "records.2027306098": "proxy.galaxyproject.eu",
                            "set_identifier": "",
                            "ttl": "7200",
                            "type": "CNAME",
                            "zone_id": "Z3BOXJYLR7ZV7D"
                        },
                        "meta": {
                            "schema_version": "2"
                        },
                        "tainted": false
                    },
                    "deposed": [],
                    "provider": "provider.aws"
                },
                "aws_route53_record.subdomains.14": {
                    "type": "aws_route53_record",
                    "depends_on": [],
                    "primary": {
                        "id": "Z3BOXJYLR7ZV7D_imaging.usegalaxy.eu_CNAME",
                        "attributes": {
                            "allow_overwrite": "true",
                            "fqdn": "imaging.usegalaxy.eu",
                            "health_check_id": "",
                            "id": "Z3BOXJYLR7ZV7D_imaging.usegalaxy.eu_CNAME",
                            "name": "imaging.usegalaxy.eu",
                            "records.#": "1",
                            "records.2027306098": "proxy.galaxyproject.eu",
                            "set_identifier": "",
                            "ttl": "7200",
                            "type": "CNAME",
                            "zone_id": "Z3BOXJYLR7ZV7D"
                        },
                        "meta": {
                            "schema_version": "2"
                        },
                        "tainted": false
                    },
                    "deposed": [],
                    "provider": "provider.aws"
                },
                "aws_route53_record.subdomains.15": {
                    "type": "aws_route53_record",
                    "depends_on": [],
                    "primary": {
                        "id": "Z3BOXJYLR7ZV7D_singlecell.usegalaxy.eu_CNAME",
                        "attributes": {
                            "allow_overwrite": "true",
                            "fqdn": "singlecell.usegalaxy.eu",
                            "health_check_id": "",
                            "id": "Z3BOXJYLR7ZV7D_singlecell.usegalaxy.eu_CNAME",
                            "name": "singlecell.usegalaxy.eu",
                            "records.#": "1",
                            "records.2027306098": "proxy.galaxyproject.eu",
                            "set_identifier": "",
                            "ttl": "7200",
                            "type": "CNAME",
                            "zone_id": "Z3BOXJYLR7ZV7D"
                        },
                        "meta": {
                            "schema_version": "2"
                        },
                        "tainted": false
                    },
                    "deposed": [],
                    "provider": "provider.aws"
                },
                "aws_route53_record.subdomains.2": {
                    "type": "aws_route53_record",
                    "depends_on": [],
                    "primary": {
                        "id": "Z3BOXJYLR7ZV7D_metagenomics.usegalaxy.eu_CNAME",
                        "attributes": {
                            "allow_overwrite": "true",
                            "fqdn": "metagenomics.usegalaxy.eu",
                            "health_check_id": "",
                            "id": "Z3BOXJYLR7ZV7D_metagenomics.usegalaxy.eu_CNAME",
                            "name": "metagenomics.usegalaxy.eu",
                            "records.#": "1",
                            "records.2027306098": "proxy.galaxyproject.eu",
                            "set_identifier": "",
                            "ttl": "7200",
                            "type": "CNAME",
                            "zone_id": "Z3BOXJYLR7ZV7D"
                        },
                        "meta": {
                            "schema_version": "2"
                        },
                        "tainted": false
                    },
                    "deposed": [],
                    "provider": "provider.aws"
                },
                "aws_route53_record.subdomains.3": {
                    "type": "aws_route53_record",
                    "depends_on": [],
                    "primary": {
                        "id": "Z3BOXJYLR7ZV7D_rna.usegalaxy.eu_CNAME",
                        "attributes": {
                            "allow_overwrite": "true",
                            "fqdn": "rna.usegalaxy.eu",
                            "health_check_id": "",
                            "id": "Z3BOXJYLR7ZV7D_rna.usegalaxy.eu_CNAME",
                            "name": "rna.usegalaxy.eu",
                            "records.#": "1",
                            "records.2027306098": "proxy.galaxyproject.eu",
                            "set_identifier": "",
                            "ttl": "7200",
                            "type": "CNAME",
                            "zone_id": "Z3BOXJYLR7ZV7D"
                        },
                        "meta": {
                            "schema_version": "2"
                        },
                        "tainted": false
                    },
                    "deposed": [],
                    "provider": "provider.aws"
                },
                "aws_route53_record.subdomains.4": {
                    "type": "aws_route53_record",
                    "depends_on": [],
                    "primary": {
                        "id": "Z3BOXJYLR7ZV7D_build.usegalaxy.eu_CNAME",
                        "attributes": {
                            "allow_overwrite": "true",
                            "fqdn": "build.usegalaxy.eu",
                            "health_check_id": "",
                            "id": "Z3BOXJYLR7ZV7D_build.usegalaxy.eu_CNAME",
                            "name": "build.usegalaxy.eu",
                            "records.#": "1",
                            "records.2027306098": "proxy.galaxyproject.eu",
                            "set_identifier": "",
                            "ttl": "7200",
                            "type": "CNAME",
                            "zone_id": "Z3BOXJYLR7ZV7D"
                        },
                        "meta": {
                            "schema_version": "2"
                        },
                        "tainted": false
                    },
                    "deposed": [],
                    "provider": "provider.aws"
                },
                "aws_route53_record.subdomains.5": {
                    "type": "aws_route53_record",
                    "depends_on": [],
                    "primary": {
                        "id": "Z3BOXJYLR7ZV7D_stats.usegalaxy.eu_CNAME",
                        "attributes": {
                            "allow_overwrite": "true",
                            "fqdn": "stats.usegalaxy.eu",
                            "health_check_id": "",
                            "id": "Z3BOXJYLR7ZV7D_stats.usegalaxy.eu_CNAME",
                            "name": "stats.usegalaxy.eu",
                            "records.#": "1",
                            "records.2027306098": "proxy.galaxyproject.eu",
                            "set_identifier": "",
                            "ttl": "7200",
                            "type": "CNAME",
                            "zone_id": "Z3BOXJYLR7ZV7D"
                        },
                        "meta": {
                            "schema_version": "2"
                        },
                        "tainted": false
                    },
                    "deposed": [],
                    "provider": "provider.aws"
                },
                "aws_route53_record.subdomains.6": {
                    "type": "aws_route53_record",
                    "depends_on": [],
                    "primary": {
                        "id": "Z3BOXJYLR7ZV7D_beta.usegalaxy.eu_CNAME",
                        "attributes": {
                            "allow_overwrite": "true",
                            "fqdn": "beta.usegalaxy.eu",
                            "health_check_id": "",
                            "id": "Z3BOXJYLR7ZV7D_beta.usegalaxy.eu_CNAME",
                            "name": "beta.usegalaxy.eu",
                            "records.#": "1",
                            "records.2027306098": "proxy.galaxyproject.eu",
                            "set_identifier": "",
                            "ttl": "7200",
                            "type": "CNAME",
                            "zone_id": "Z3BOXJYLR7ZV7D"
                        },
                        "meta": {
                            "schema_version": "2"
                        },
                        "tainted": false
                    },
                    "deposed": [],
                    "provider": "provider.aws"
                },
                "aws_route53_record.subdomains.7": {
                    "type": "aws_route53_record",
                    "depends_on": [],
                    "primary": {
                        "id": "Z3BOXJYLR7ZV7D_proteomics.usegalaxy.eu_CNAME",
                        "attributes": {
                            "allow_overwrite": "true",
                            "fqdn": "proteomics.usegalaxy.eu",
                            "health_check_id": "",
                            "id": "Z3BOXJYLR7ZV7D_proteomics.usegalaxy.eu_CNAME",
                            "name": "proteomics.usegalaxy.eu",
                            "records.#": "1",
                            "records.2027306098": "proxy.galaxyproject.eu",
                            "set_identifier": "",
                            "ttl": "7200",
                            "type": "CNAME",
                            "zone_id": "Z3BOXJYLR7ZV7D"
                        },
                        "meta": {
                            "schema_version": "2"
                        },
                        "tainted": false
                    },
                    "deposed": [],
                    "provider": "provider.aws"
                },
                "aws_route53_record.subdomains.8": {
                    "type": "aws_route53_record",
                    "depends_on": [],
                    "primary": {
                        "id": "Z3BOXJYLR7ZV7D_clipseq.usegalaxy.eu_CNAME",
                        "attributes": {
                            "allow_overwrite": "true",
                            "fqdn": "clipseq.usegalaxy.eu",
                            "health_check_id": "",
                            "id": "Z3BOXJYLR7ZV7D_clipseq.usegalaxy.eu_CNAME",
                            "name": "clipseq.usegalaxy.eu",
                            "records.#": "1",
                            "records.2027306098": "proxy.galaxyproject.eu",
                            "set_identifier": "",
                            "ttl": "7200",
                            "type": "CNAME",
                            "zone_id": "Z3BOXJYLR7ZV7D"
                        },
                        "meta": {
                            "schema_version": "2"
                        },
                        "tainted": false
                    },
                    "deposed": [],
                    "provider": "provider.aws"
                },
                "aws_route53_record.subdomains.9": {
                    "type": "aws_route53_record",
                    "depends_on": [],
                    "primary": {
                        "id": "Z3BOXJYLR7ZV7D_test.usegalaxy.eu_CNAME",
                        "attributes": {
                            "allow_overwrite": "true",
                            "fqdn": "test.usegalaxy.eu",
                            "health_check_id": "",
                            "id": "Z3BOXJYLR7ZV7D_test.usegalaxy.eu_CNAME",
                            "name": "test.usegalaxy.eu",
                            "records.#": "1",
                            "records.2027306098": "proxy.galaxyproject.eu",
                            "set_identifier": "",
                            "ttl": "7200",
                            "type": "CNAME",
                            "zone_id": "Z3BOXJYLR7ZV7D"
                        },
                        "meta": {
                            "schema_version": "2"
                        },
                        "tainted": false
                    },
                    "deposed": [],
                    "provider": "provider.aws"
                },
                "aws_route53_record.telescope": {
                    "type": "aws_route53_record",
                    "depends_on": [
                        "openstack_compute_instance_v2.telescope"
                    ],
                    "primary": {
                        "id": "Z391FYOSFHL9U7_telescope.internal.galaxyproject.eu_A",
                        "attributes": {
                            "fqdn": "telescope.internal.galaxyproject.eu",
                            "health_check_id": "",
                            "id": "Z391FYOSFHL9U7_telescope.internal.galaxyproject.eu_A",
                            "name": "telescope.internal.galaxyproject.eu",
                            "records.#": "1",
                            "records.995855232": "10.5.68.42",
                            "set_identifier": "",
                            "ttl": "7200",
                            "type": "A",
                            "zone_id": "Z391FYOSFHL9U7"
                        },
                        "meta": {
                            "schema_version": "2"
                        },
                        "tainted": false
                    },
                    "deposed": [],
                    "provider": "provider.aws"
                },
                "aws_route53_record.test-galaxy": {
                    "type": "aws_route53_record",
                    "depends_on": [
                        "openstack_compute_instance_v2.test-galaxy"
                    ],
                    "primary": {
                        "id": "Z3BOXJYLR7ZV7D_test.internal.usegalaxy.eu_A",
                        "attributes": {
                            "allow_overwrite": "true",
                            "fqdn": "test.internal.usegalaxy.eu",
                            "health_check_id": "",
                            "id": "Z3BOXJYLR7ZV7D_test.internal.usegalaxy.eu_A",
                            "name": "test.internal.usegalaxy.eu",
                            "records.#": "1",
                            "records.3253565590": "10.5.68.202",
                            "set_identifier": "",
                            "ttl": "600",
                            "type": "A",
                            "zone_id": "Z3BOXJYLR7ZV7D"
                        },
                        "meta": {
                            "schema_version": "2"
                        },
                        "tainted": false
                    },
                    "deposed": [],
                    "provider": "provider.aws"
                },
                "aws_route53_record.usegalaxy-de": {
                    "type": "aws_route53_record",
                    "depends_on": [
                        "openstack_compute_instance_v2.proxy"
                    ],
                    "primary": {
                        "id": "Z2LADCUB4BUBWX_usegalaxy.de_A",
                        "attributes": {
                            "allow_overwrite": "true",
                            "fqdn": "usegalaxy.de",
                            "health_check_id": "",
                            "id": "Z2LADCUB4BUBWX_usegalaxy.de_A",
                            "name": "usegalaxy.de",
                            "records.#": "1",
                            "records.874934593": "192.52.33.37",
                            "set_identifier": "",
                            "ttl": "7200",
                            "type": "A",
                            "zone_id": "Z2LADCUB4BUBWX"
                        },
                        "meta": {
                            "schema_version": "2"
                        },
                        "tainted": false
                    },
                    "deposed": [],
                    "provider": "provider.aws"
                },
                "aws_route53_record.usegalaxy-eu": {
                    "type": "aws_route53_record",
                    "depends_on": [
                        "openstack_compute_instance_v2.proxy"
                    ],
                    "primary": {
                        "id": "Z3BOXJYLR7ZV7D_usegalaxy.eu_A",
                        "attributes": {
                            "allow_overwrite": "true",
                            "fqdn": "usegalaxy.eu",
                            "health_check_id": "",
                            "id": "Z3BOXJYLR7ZV7D_usegalaxy.eu_A",
                            "name": "usegalaxy.eu",
                            "records.#": "1",
                            "records.874934593": "192.52.33.37",
                            "set_identifier": "",
                            "ttl": "7200",
                            "type": "A",
                            "zone_id": "Z3BOXJYLR7ZV7D"
                        },
                        "meta": {
                            "schema_version": "2"
                        },
                        "tainted": false
                    },
                    "deposed": [],
                    "provider": "provider.aws"
                },
                "aws_route53_record.vgcn-cm": {
                    "type": "aws_route53_record",
                    "depends_on": [
                        "openstack_compute_instance_v2.vgcn-cm"
                    ],
                    "primary": {
                        "id": "Z391FYOSFHL9U7_manager.vgcn.galaxyproject.eu_A",
                        "attributes": {
                            "allow_overwrite": "true",
                            "fqdn": "manager.vgcn.galaxyproject.eu",
                            "health_check_id": "",
                            "id": "Z391FYOSFHL9U7_manager.vgcn.galaxyproject.eu_A",
                            "name": "manager.vgcn.galaxyproject.eu",
                            "records.#": "1",
                            "records.1937234270": "10.5.68.36",
                            "set_identifier": "",
                            "ttl": "300",
                            "type": "A",
                            "zone_id": "Z391FYOSFHL9U7"
                        },
                        "meta": {
                            "schema_version": "2"
                        },
                        "tainted": false
                    },
                    "deposed": [],
                    "provider": "provider.aws"
                },
                "data.openstack_images_image_v2.centos-image": {
                    "type": "openstack_images_image_v2",
                    "depends_on": [],
                    "primary": {
                        "id": "f0bf4431-bb9a-45b3-a23e-823a96682394",
                        "attributes": {
                            "checksum": "63107b5f94f1c32e661a2b389390e196",
                            "container_format": "bare",
                            "created_at": "2018-09-18T12:52:22Z",
                            "disk_format": "raw",
                            "file": "/v2/images/f0bf4431-bb9a-45b3-a23e-823a96682394/file",
                            "id": "f0bf4431-bb9a-45b3-a23e-823a96682394",
                            "metadata.%": "0",
                            "min_disk_gb": "0",
                            "min_ram_mb": "0",
                            "most_recent": "false",
                            "name": "generic-centos7-v31-j4-edc5aa3dc22c-master",
                            "owner": "36d6d9420bb04403b55fb21052efe4be",
                            "protected": "false",
                            "schema": "/v2/schemas/image",
                            "size_bytes": "4194304000",
                            "sort_direction": "asc",
                            "sort_key": "name",
                            "tags.#": "0",
                            "updated_at": "2018-09-18T12:53:40Z",
                            "visibility": "shared"
                        },
                        "meta": {},
                        "tainted": false
                    },
                    "deposed": [],
                    "provider": "provider.openstack"
                },
                "openstack_blockstorage_volume_v2.cvmfs-data": {
                    "type": "openstack_blockstorage_volume_v2",
                    "depends_on": [],
                    "primary": {
                        "id": "c71d4ecb-7e26-4ca5-87ba-6913cb2a0deb",
                        "attributes": {
                            "attachment.#": "1",
                            "attachment.433249584.device": "/dev/vdb",
                            "attachment.433249584.id": "c71d4ecb-7e26-4ca5-87ba-6913cb2a0deb",
                            "attachment.433249584.instance_id": "3cd91ee2-3c2c-4a66-acdf-d7b4c4226f88",
                            "availability_zone": "nova",
                            "description": "Data volume for cvmfs",
                            "id": "c71d4ecb-7e26-4ca5-87ba-6913cb2a0deb",
                            "metadata.%": "0",
                            "name": "cvmfs",
                            "region": "Freiburg",
                            "size": "50",
                            "snapshot_id": "",
                            "source_vol_id": "",
                            "volume_type": ""
                        },
                        "meta": {
                            "e2bfb730-ecaa-11e6-8f88-34363bc7c4c0": {
                                "create": 600000000000,
                                "delete": 600000000000
                            }
                        },
                        "tainted": false
                    },
                    "deposed": [],
                    "provider": "provider.openstack"
                },
                "openstack_blockstorage_volume_v2.hicbrowser-data": {
                    "type": "openstack_blockstorage_volume_v2",
                    "depends_on": [],
                    "primary": {
                        "id": "8889749c-b2a6-464f-99b6-c4c62b895ef9",
                        "attributes": {
                            "attachment.#": "1",
                            "attachment.3481601024.device": "/dev/vdb",
                            "attachment.3481601024.id": "8889749c-b2a6-464f-99b6-c4c62b895ef9",
                            "attachment.3481601024.instance_id": "66a87719-9521-426f-b9a1-c8fe41afac54",
                            "availability_zone": "nova",
                            "description": "Data volume for hicbrowser",
                            "id": "8889749c-b2a6-464f-99b6-c4c62b895ef9",
                            "metadata.%": "2",
                            "metadata.attached_mode": "rw",
                            "metadata.readonly": "False",
                            "name": "hicbrowser",
                            "region": "Freiburg",
                            "size": "30",
                            "snapshot_id": "",
                            "source_vol_id": "",
                            "volume_type": ""
                        },
                        "meta": {
                            "e2bfb730-ecaa-11e6-8f88-34363bc7c4c0": {
                                "create": 600000000000,
                                "delete": 600000000000
                            }
                        },
                        "tainted": false
                    },
                    "deposed": [],
                    "provider": "provider.openstack"
                },
                "openstack_blockstorage_volume_v2.influxdb-data": {
                    "type": "openstack_blockstorage_volume_v2",
                    "depends_on": [],
                    "primary": {
                        "id": "270291b1-141c-47f7-85b4-993e7cae9fc4",
                        "attributes": {
                            "attachment.#": "1",
                            "attachment.2115516353.device": "/dev/vdb",
                            "attachment.2115516353.id": "270291b1-141c-47f7-85b4-993e7cae9fc4",
                            "attachment.2115516353.instance_id": "4e3103f0-ff44-4e41-a321-7d7d4764dade",
                            "availability_zone": "nova",
                            "description": "Data volume for InfluxDB",
                            "id": "270291b1-141c-47f7-85b4-993e7cae9fc4",
                            "metadata.%": "2",
                            "metadata.attached_mode": "rw",
                            "metadata.readonly": "False",
                            "name": "influxdb",
                            "region": "Freiburg",
                            "size": "100",
                            "snapshot_id": "",
                            "source_vol_id": "",
                            "volume_type": ""
                        },
                        "meta": {
                            "e2bfb730-ecaa-11e6-8f88-34363bc7c4c0": {
                                "create": 600000000000,
                                "delete": 600000000000
                            }
                        },
                        "tainted": false
                    },
                    "deposed": [],
                    "provider": "provider.openstack"
                },
                "openstack_blockstorage_volume_v2.jwolff-test-data": {
                    "type": "openstack_blockstorage_volume_v2",
                    "depends_on": [],
                    "primary": {
                        "id": "fd1aa26a-a5b4-45d3-95ba-97bb32679510",
                        "attributes": {
                            "attachment.#": "0",
                            "availability_zone": "nova",
                            "description": "Data volume for test",
                            "id": "fd1aa26a-a5b4-45d3-95ba-97bb32679510",
                            "metadata.%": "0",
                            "name": "jwolff-test",
                            "region": "Freiburg",
                            "size": "20",
                            "snapshot_id": "",
                            "source_vol_id": "",
                            "volume_type": ""
                        },
                        "meta": {
                            "e2bfb730-ecaa-11e6-8f88-34363bc7c4c0": {
                                "create": 600000000000,
                                "delete": 600000000000
                            }
                        },
                        "tainted": false
                    },
                    "deposed": [],
                    "provider": "provider.openstack"
                },
                "openstack_blockstorage_volume_v2.sentry_volume_data": {
                    "type": "openstack_blockstorage_volume_v2",
                    "depends_on": [],
                    "primary": {
                        "id": "7405447d-375b-4d7d-9f3b-75bdb0a9ca53",
                        "attributes": {
                            "attachment.#": "1",
                            "attachment.339221586.device": "/dev/vdb",
                            "attachment.339221586.id": "7405447d-375b-4d7d-9f3b-75bdb0a9ca53",
                            "attachment.339221586.instance_id": "5ae015c6-f5c4-4e8b-9d69-c3d9ca189a44",
                            "availability_zone": "nova",
                            "description": "Data volume for Sentry",
                            "id": "7405447d-375b-4d7d-9f3b-75bdb0a9ca53",
                            "metadata.%": "1",
                            "metadata.attached_mode": "rw",
                            "name": "sentry_volume",
                            "region": "Freiburg",
                            "size": "10",
                            "snapshot_id": "",
                            "source_vol_id": "",
                            "volume_type": ""
                        },
                        "meta": {
                            "e2bfb730-ecaa-11e6-8f88-34363bc7c4c0": {
                                "create": 600000000000,
                                "delete": 600000000000
                            }
                        },
                        "tainted": false
                    },
                    "deposed": [],
                    "provider": "provider.openstack"
                },
                "openstack_blockstorage_volume_v2.stats-data": {
                    "type": "openstack_blockstorage_volume_v2",
                    "depends_on": [],
                    "primary": {
                        "id": "7dc26838-0ea1-4df8-9b16-b0326faf339e",
                        "attributes": {
                            "attachment.#": "1",
                            "attachment.3127421961.device": "/dev/vdb",
                            "attachment.3127421961.id": "7dc26838-0ea1-4df8-9b16-b0326faf339e",
                            "attachment.3127421961.instance_id": "d5855c69-b8e2-4f8d-820e-78054163cfa1",
                            "availability_zone": "nova",
                            "description": "Data volume for Grafana",
                            "id": "7dc26838-0ea1-4df8-9b16-b0326faf339e",
                            "metadata.%": "2",
                            "metadata.attached_mode": "rw",
                            "metadata.readonly": "False",
                            "name": "stats",
                            "region": "Freiburg",
                            "size": "2",
                            "snapshot_id": "",
                            "source_vol_id": "",
                            "volume_type": ""
                        },
                        "meta": {
                            "e2bfb730-ecaa-11e6-8f88-34363bc7c4c0": {
                                "create": 600000000000,
                                "delete": 600000000000
                            }
                        },
                        "tainted": false
                    },
                    "deposed": [],
                    "provider": "provider.openstack"
                },
                "openstack_blockstorage_volume_v2.telescope-data": {
                    "type": "openstack_blockstorage_volume_v2",
                    "depends_on": [],
                    "primary": {
                        "id": "816e5476-40ba-46ef-84eb-849b9d1c3a6d",
                        "attributes": {
                            "attachment.#": "1",
                            "attachment.2383273622.device": "/dev/vdb",
                            "attachment.2383273622.id": "816e5476-40ba-46ef-84eb-849b9d1c3a6d",
                            "attachment.2383273622.instance_id": "1d5bef44-20ae-4567-b58c-1b15c4d6a82c",
                            "availability_zone": "nova",
                            "description": "Data volume for GRT",
                            "id": "816e5476-40ba-46ef-84eb-849b9d1c3a6d",
                            "metadata.%": "2",
                            "metadata.attached_mode": "rw",
                            "metadata.readonly": "False",
                            "name": "telescope",
                            "region": "Freiburg",
                            "size": "200",
                            "snapshot_id": "",
                            "source_vol_id": "",
                            "volume_type": ""
                        },
                        "meta": {
                            "e2bfb730-ecaa-11e6-8f88-34363bc7c4c0": {
                                "create": 600000000000,
                                "delete": 600000000000
                            }
                        },
                        "tainted": false
                    },
                    "deposed": [],
                    "provider": "provider.openstack"
                },
                "openstack_compute_instance_v2.apollo-usegalaxy": {
                    "type": "openstack_compute_instance_v2",
                    "depends_on": [],
                    "primary": {
                        "id": "dd288810-a0da-4255-acf4-11f19e2803a7",
                        "attributes": {
                            "access_ip_v4": "10.5.68.207",
                            "access_ip_v6": "",
                            "all_metadata.%": "0",
                            "availability_zone": "nova",
                            "flavor_id": "b106b327-7d6e-4f88-825d-11145eb25ad7",
                            "flavor_name": "m1.large",
                            "force_delete": "false",
                            "id": "dd288810-a0da-4255-acf4-11f19e2803a7",
                            "image_id": "f0bf4431-bb9a-45b3-a23e-823a96682394",
                            "image_name": "generic-centos7-v31-j4-edc5aa3dc22c-master",
                            "key_pair": "cloud2",
                            "name": "apollo.usegalaxy.eu",
                            "network.#": "1",
                            "network.0.access_network": "false",
                            "network.0.fixed_ip_v4": "10.5.68.207",
                            "network.0.fixed_ip_v6": "",
                            "network.0.floating_ip": "",
                            "network.0.mac": "fa:16:3e:57:a2:27",
                            "network.0.name": "bioinf",
                            "network.0.port": "",
                            "network.0.uuid": "afca9459-0eb1-4d67-999f-b07bf3bc99c5",
                            "power_state": "active",
                            "region": "Freiburg",
                            "security_groups.#": "4",
                            "security_groups.1024925103": "ufr-ssh",
                            "security_groups.2162032504": "egress",
                            "security_groups.3717909635": "public-ping",
                            "security_groups.4276348713": "public-web2",
                            "stop_before_destroy": "false"
                        },
                        "meta": {
                            "e2bfb730-ecaa-11e6-8f88-34363bc7c4c0": {
                                "create": 1800000000000,
                                "delete": 1800000000000,
                                "update": 1800000000000
                            }
                        },
                        "tainted": false
                    },
                    "deposed": [],
                    "provider": "provider.openstack"
                },
                "openstack_compute_instance_v2.bioconda-utils": {
                    "type": "openstack_compute_instance_v2",
                    "depends_on": [],
                    "primary": {
                        "id": "78ae43b1-2083-4dc4-a3d3-544d3bd2a171",
                        "attributes": {
                            "access_ip_v4": "192.52.33.31",
                            "access_ip_v6": "",
                            "all_metadata.%": "0",
                            "availability_zone": "nova",
                            "flavor_id": "36c48d98-dfa6-428f-b4f5-e1803cb9500b",
                            "flavor_name": "m1.medium",
                            "force_delete": "false",
                            "id": "78ae43b1-2083-4dc4-a3d3-544d3bd2a171",
                            "image_id": "dad2b000-ec07-4e86-90aa-fb5b6f752325",
                            "image_name": "Ubuntu 18.04",
                            "key_pair": "bioconda-utils",
                            "name": "bioconda-utils.galaxyproject.eu",
                            "network.#": "1",
                            "network.0.access_network": "false",
                            "network.0.fixed_ip_v4": "192.52.33.31",
                            "network.0.fixed_ip_v6": "",
                            "network.0.floating_ip": "",
                            "network.0.mac": "fa:16:3e:c8:af:1e",
                            "network.0.name": "public",
                            "network.0.port": "",
                            "network.0.uuid": "6a68b40c-356f-4d4c-95e9-e5c72855fb35",
                            "power_state": "active",
                            "region": "Freiburg",
                            "security_groups.#": "4",
                            "security_groups.2162032504": "egress",
                            "security_groups.3285375897": "public-ssh",
                            "security_groups.3717909635": "public-ping",
                            "security_groups.4276348713": "public-web2",
                            "stop_before_destroy": "false"
                        },
                        "meta": {
                            "e2bfb730-ecaa-11e6-8f88-34363bc7c4c0": {
                                "create": 1800000000000,
                                "delete": 1800000000000,
                                "update": 1800000000000
                            }
                        },
                        "tainted": false
                    },
                    "deposed": [],
                    "provider": "provider.openstack"
                },
                "openstack_compute_instance_v2.build-usegalaxy": {
                    "type": "openstack_compute_instance_v2",
                    "depends_on": [],
                    "primary": {
                        "id": "9960e77d-7c26-4bab-bd6d-e5c65bb98239",
                        "attributes": {
                            "access_ip_v4": "192.52.32.74",
                            "access_ip_v6": "",
                            "all_metadata.%": "0",
                            "availability_zone": "nova",
                            "flavor_id": "b106b327-7d6e-4f88-825d-11145eb25ad7",
                            "flavor_name": "m1.large",
                            "force_delete": "false",
                            "id": "9960e77d-7c26-4bab-bd6d-e5c65bb98239",
                            "image_id": "f0bf4431-bb9a-45b3-a23e-823a96682394",
                            "image_name": "generic-centos7-v31-j4-edc5aa3dc22c-master",
                            "key_pair": "cloud2",
                            "name": "build.galaxyproject.eu",
                            "network.#": "1",
                            "network.0.access_network": "false",
                            "network.0.fixed_ip_v4": "192.52.32.74",
                            "network.0.fixed_ip_v6": "",
                            "network.0.floating_ip": "",
                            "network.0.mac": "fa:16:3e:b0:07:ff",
                            "network.0.name": "public",
                            "network.0.port": "",
                            "network.0.uuid": "6a68b40c-356f-4d4c-95e9-e5c72855fb35",
                            "power_state": "active",
                            "region": "Freiburg",
                            "security_groups.#": "4",
                            "security_groups.1024925103": "ufr-ssh",
                            "security_groups.2162032504": "egress",
                            "security_groups.3717909635": "public-ping",
                            "security_groups.4276348713": "public-web2",
                            "stop_before_destroy": "false"
                        },
                        "meta": {
                            "e2bfb730-ecaa-11e6-8f88-34363bc7c4c0": {
                                "create": 1800000000000,
                                "delete": 1800000000000,
                                "update": 1800000000000
                            }
                        },
                        "tainted": false
                    },
                    "deposed": [],
                    "provider": "provider.openstack"
                },
                "openstack_compute_instance_v2.cvmfs-stratum0": {
                    "type": "openstack_compute_instance_v2",
                    "depends_on": [],
                    "primary": {
                        "id": "3cd91ee2-3c2c-4a66-acdf-d7b4c4226f88",
                        "attributes": {
                            "access_ip_v4": "192.52.33.173",
                            "access_ip_v6": "",
                            "all_metadata.%": "0",
                            "availability_zone": "nova",
                            "flavor_id": "df32eb30-c79d-41e7-87d7-1996cb3cbc70",
                            "flavor_name": "m1.small",
                            "force_delete": "false",
                            "id": "3cd91ee2-3c2c-4a66-acdf-d7b4c4226f88",
                            "image_id": "60de3fa3-d178-49d2-ba39-2fc6671eee89",
                            "image_name": "generic-centos7-v31-j18-2deef7cb2572-master",
                            "key_pair": "cloud2",
                            "name": "cvmfs0.galaxyproject.eu",
                            "network.#": "1",
                            "network.0.access_network": "false",
                            "network.0.fixed_ip_v4": "192.52.33.173",
                            "network.0.fixed_ip_v6": "",
                            "network.0.floating_ip": "",
                            "network.0.mac": "fa:16:3e:e0:e9:05",
                            "network.0.name": "public",
                            "network.0.port": "",
                            "network.0.uuid": "6a68b40c-356f-4d4c-95e9-e5c72855fb35",
                            "power_state": "active",
                            "region": "Freiburg",
                            "security_groups.#": "4",
                            "security_groups.2162032504": "egress",
                            "security_groups.3285375897": "public-ssh",
                            "security_groups.3717909635": "public-ping",
                            "security_groups.4276348713": "public-web2",
                            "stop_before_destroy": "false"
                        },
                        "meta": {
                            "e2bfb730-ecaa-11e6-8f88-34363bc7c4c0": {
                                "create": 1800000000000,
                                "delete": 1800000000000,
                                "update": 1800000000000
                            }
                        },
                        "tainted": false
                    },
                    "deposed": [],
                    "provider": "provider.openstack"
                },
                "openstack_compute_instance_v2.cvmfs1-ufr0-usegalaxy": {
                    "type": "openstack_compute_instance_v2",
                    "depends_on": [],
                    "primary": {
                        "id": "e475cadd-c3bc-4639-af0f-918cf4798564",
                        "attributes": {
                            "access_ip_v4": "10.5.68.209",
                            "access_ip_v6": "",
                            "all_metadata.%": "0",
                            "availability_zone": "nova",
                            "flavor_id": "df32eb30-c79d-41e7-87d7-1996cb3cbc70",
                            "flavor_name": "m1.small",
                            "force_delete": "false",
                            "id": "e475cadd-c3bc-4639-af0f-918cf4798564",
                            "image_id": "60de3fa3-d178-49d2-ba39-2fc6671eee89",
                            "image_name": "generic-centos7-v31-j18-2deef7cb2572-master",
                            "key_pair": "cloud2",
                            "name": "cvmfs1-ufr0.galaxyproject.eu",
                            "network.#": "1",
                            "network.0.access_network": "false",
                            "network.0.fixed_ip_v4": "10.5.68.209",
                            "network.0.fixed_ip_v6": "",
                            "network.0.floating_ip": "",
                            "network.0.mac": "fa:16:3e:3d:d3:db",
                            "network.0.name": "bioinf",
                            "network.0.port": "",
                            "network.0.uuid": "afca9459-0eb1-4d67-999f-b07bf3bc99c5",
                            "power_state": "active",
                            "region": "Freiburg",
                            "security_groups.#": "4",
                            "security_groups.1024925103": "ufr-ssh",
                            "security_groups.2162032504": "egress",
                            "security_groups.3717909635": "public-ping",
                            "security_groups.4276348713": "public-web2",
                            "stop_before_destroy": "false"
                        },
                        "meta": {
                            "e2bfb730-ecaa-11e6-8f88-34363bc7c4c0": {
                                "create": 1800000000000,
                                "delete": 1800000000000,
                                "update": 1800000000000
                            }
                        },
                        "tainted": false
                    },
                    "deposed": [],
                    "provider": "provider.openstack"
                },
                "openstack_compute_instance_v2.docker-host": {
                    "type": "openstack_compute_instance_v2",
                    "depends_on": [],
                    "primary": {
                        "id": "0b1fd682-1f7e-454a-8340-ac7df2251eee",
                        "attributes": {
                            "access_ip_v4": "192.52.33.221",
                            "access_ip_v6": "",
                            "all_metadata.%": "0",
                            "availability_zone": "nova",
                            "flavor_id": "3043b007-5ed1-4785-9cd8-0ed18aad283f",
                            "flavor_name": "m1.xxlarge",
                            "force_delete": "false",
                            "id": "0b1fd682-1f7e-454a-8340-ac7df2251eee",
                            "image_id": "60de3fa3-d178-49d2-ba39-2fc6671eee89",
                            "image_name": "generic-centos7-v31-j18-2deef7cb2572-master",
                            "key_pair": "cloud2",
                            "name": "docker.galaxyproject.eu",
                            "network.#": "1",
                            "network.0.access_network": "false",
                            "network.0.fixed_ip_v4": "192.52.33.221",
                            "network.0.fixed_ip_v6": "",
                            "network.0.floating_ip": "",
                            "network.0.mac": "fa:16:3e:19:9d:be",
                            "network.0.name": "public",
                            "network.0.port": "",
                            "network.0.uuid": "6a68b40c-356f-4d4c-95e9-e5c72855fb35",
                            "power_state": "active",
                            "region": "Freiburg",
                            "security_groups.#": "4",
                            "security_groups.2162032504": "egress",
                            "security_groups.3285375897": "public-ssh",
                            "security_groups.3717909635": "public-ping",
                            "security_groups.4276348713": "public-web2",
                            "stop_before_destroy": "false"
                        },
                        "meta": {
                            "e2bfb730-ecaa-11e6-8f88-34363bc7c4c0": {
                                "create": 1800000000000,
                                "delete": 1800000000000,
                                "update": 1800000000000
                            }
                        },
                        "tainted": false
                    },
                    "deposed": [],
                    "provider": "provider.openstack"
                },
                "openstack_compute_instance_v2.ftp": {
                    "type": "openstack_compute_instance_v2",
                    "depends_on": [],
                    "primary": {
                        "id": "d7fd6975-575c-4f2d-a03c-568c5a251ef1",
                        "attributes": {
                            "access_ip_v4": "10.5.68.9",
                            "access_ip_v6": "",
                            "all_metadata.%": "0",
                            "availability_zone": "nova",
                            "flavor_id": "df32eb30-c79d-41e7-87d7-1996cb3cbc70",
                            "flavor_name": "m1.small",
                            "force_delete": "false",
                            "id": "d7fd6975-575c-4f2d-a03c-568c5a251ef1",
                            "image_id": "60de3fa3-d178-49d2-ba39-2fc6671eee89",
                            "image_name": "generic-centos7-v31-j18-2deef7cb2572-master",
                            "key_pair": "cloud2",
                            "name": "ftp.usegalaxy.eu",
                            "network.#": "1",
                            "network.0.access_network": "false",
                            "network.0.fixed_ip_v4": "10.5.68.9",
                            "network.0.fixed_ip_v6": "",
                            "network.0.floating_ip": "",
                            "network.0.mac": "fa:16:3e:6b:75:5e",
                            "network.0.name": "bioinf",
                            "network.0.port": "",
                            "network.0.uuid": "afca9459-0eb1-4d67-999f-b07bf3bc99c5",
                            "power_state": "active",
                            "region": "Freiburg",
                            "security_groups.#": "2",
                            "security_groups.1001664029": "public",
                            "security_groups.2162032504": "egress",
                            "stop_before_destroy": "false"
                        },
                        "meta": {
                            "e2bfb730-ecaa-11e6-8f88-34363bc7c4c0": {
                                "create": 1800000000000,
                                "delete": 1800000000000,
                                "update": 1800000000000
                            }
                        },
                        "tainted": false
                    },
                    "deposed": [],
                    "provider": "provider.openstack"
                },
                "openstack_compute_instance_v2.hicbrowser": {
                    "type": "openstack_compute_instance_v2",
                    "depends_on": [],
                    "primary": {
                        "id": "66a87719-9521-426f-b9a1-c8fe41afac54",
                        "attributes": {
                            "access_ip_v4": "192.52.32.160",
                            "access_ip_v6": "",
                            "all_metadata.%": "0",
                            "availability_zone": "nova",
                            "flavor_id": "3043b007-5ed1-4785-9cd8-0ed18aad283f",
                            "flavor_name": "m1.xxlarge",
                            "force_delete": "false",
                            "id": "66a87719-9521-426f-b9a1-c8fe41afac54",
                            "image_id": "f0bf4431-bb9a-45b3-a23e-823a96682394",
                            "image_name": "generic-centos7-v31-j4-edc5aa3dc22c-master",
                            "key_pair": "cloud2",
                            "name": "HiCBrowser AG Hein II",
                            "network.#": "1",
                            "network.0.access_network": "false",
                            "network.0.fixed_ip_v4": "192.52.32.160",
                            "network.0.fixed_ip_v6": "",
                            "network.0.floating_ip": "",
                            "network.0.mac": "fa:16:3e:80:cb:3e",
                            "network.0.name": "public",
                            "network.0.port": "",
                            "network.0.uuid": "6a68b40c-356f-4d4c-95e9-e5c72855fb35",
                            "power_state": "active",
                            "region": "Freiburg",
                            "security_groups.#": "4",
                            "security_groups.2162032504": "egress",
                            "security_groups.3285375897": "public-ssh",
                            "security_groups.3361827857": "hicbrowser",
                            "security_groups.3717909635": "public-ping",
                            "stop_before_destroy": "false"
                        },
                        "meta": {
                            "e2bfb730-ecaa-11e6-8f88-34363bc7c4c0": {
                                "create": 1800000000000,
                                "delete": 1800000000000,
                                "update": 1800000000000
                            }
                        },
                        "tainted": false
                    },
                    "deposed": [],
                    "provider": "provider.openstack"
                },
                "openstack_compute_instance_v2.influxdb-usegalaxy": {
                    "type": "openstack_compute_instance_v2",
                    "depends_on": [],
                    "primary": {
                        "id": "4e3103f0-ff44-4e41-a321-7d7d4764dade",
                        "attributes": {
                            "access_ip_v4": "192.52.32.34",
                            "access_ip_v6": "",
                            "all_metadata.%": "0",
                            "availability_zone": "nova",
                            "flavor_id": "b106b327-7d6e-4f88-825d-11145eb25ad7",
                            "flavor_name": "m1.large",
                            "force_delete": "false",
                            "id": "4e3103f0-ff44-4e41-a321-7d7d4764dade",
                            "image_id": "f0bf4431-bb9a-45b3-a23e-823a96682394",
                            "image_name": "generic-centos7-v31-j4-edc5aa3dc22c-master",
                            "key_pair": "cloud2",
                            "name": "influxdb.galaxyproject.eu",
                            "network.#": "1",
                            "network.0.access_network": "false",
                            "network.0.fixed_ip_v4": "192.52.32.34",
                            "network.0.fixed_ip_v6": "",
                            "network.0.floating_ip": "",
                            "network.0.mac": "fa:16:3e:33:7a:5c",
                            "network.0.name": "public",
                            "network.0.port": "",
                            "network.0.uuid": "6a68b40c-356f-4d4c-95e9-e5c72855fb35",
                            "power_state": "active",
                            "region": "Freiburg",
                            "security_groups.#": "5",
                            "security_groups.1024925103": "ufr-ssh",
                            "security_groups.2162032504": "egress",
                            "security_groups.2888762743": "public-influxdb",
                            "security_groups.3717909635": "public-ping",
                            "security_groups.4276348713": "public-web2",
                            "stop_before_destroy": "false"
                        },
                        "meta": {
                            "e2bfb730-ecaa-11e6-8f88-34363bc7c4c0": {
                                "create": 1800000000000,
                                "delete": 1800000000000,
                                "update": 1800000000000
                            }
                        },
                        "tainted": false
                    },
                    "deposed": [],
                    "provider": "provider.openstack"
                },
                "openstack_compute_instance_v2.jenkins-workers-internal": {
                    "type": "openstack_compute_instance_v2",
                    "depends_on": [],
                    "primary": {
                        "id": "c807d845-c384-42d2-a415-72285d8f8841",
                        "attributes": {
                            "access_ip_v4": "132.230.223.23",
                            "access_ip_v6": "",
                            "all_metadata.%": "0",
                            "availability_zone": "nova",
                            "flavor_id": "21bed2e4-ef48-4584-88a2-977ea9ad20a4",
                            "flavor_name": "m1.xlarge",
                            "force_delete": "false",
                            "id": "c807d845-c384-42d2-a415-72285d8f8841",
                            "image_id": "e66311e4-bfd7-4ad0-82de-4ed8062d1f50",
                            "image_name": "jenkins-worker-j52-63ca7a6c7a15-master",
                            "key_pair": "build-usegalaxy-eu",
                            "name": "worker-internal-0.build.galaxyproject.eu",
                            "network.#": "1",
                            "network.0.access_network": "false",
                            "network.0.fixed_ip_v4": "132.230.223.23",
                            "network.0.fixed_ip_v6": "",
                            "network.0.floating_ip": "",
                            "network.0.mac": "fa:16:3e:df:5c:b0",
                            "network.0.name": "public-extended",
                            "network.0.port": "",
                            "network.0.uuid": "f76e9bc0-abbc-44ef-a9fc-7fa388d4c677",
                            "power_state": "active",
                            "region": "Freiburg",
                            "security_groups.#": "1",
                            "security_groups.1001664029": "public",
                            "stop_before_destroy": "false"
                        },
                        "meta": {
                            "e2bfb730-ecaa-11e6-8f88-34363bc7c4c0": {
                                "create": 1800000000000,
                                "delete": 1800000000000,
                                "update": 1800000000000
                            }
                        },
                        "tainted": false
                    },
                    "deposed": [],
                    "provider": "provider.openstack"
                },
                "openstack_compute_instance_v2.jenkins-workers.0": {
                    "type": "openstack_compute_instance_v2",
                    "depends_on": [],
                    "primary": {
                        "id": "616c9fb6-27f0-407f-aa08-b768332ff743",
                        "attributes": {
                            "access_ip_v4": "192.52.32.132",
                            "access_ip_v6": "",
                            "all_metadata.%": "0",
                            "availability_zone": "nova",
                            "flavor_id": "21bed2e4-ef48-4584-88a2-977ea9ad20a4",
                            "flavor_name": "m1.xlarge",
                            "force_delete": "false",
                            "id": "616c9fb6-27f0-407f-aa08-b768332ff743",
                            "image_id": "e66311e4-bfd7-4ad0-82de-4ed8062d1f50",
                            "image_name": "jenkins-worker-j52-63ca7a6c7a15-master",
                            "key_pair": "build-usegalaxy-eu",
                            "name": "worker-0.build.galaxyproject.eu",
                            "network.#": "1",
                            "network.0.access_network": "false",
                            "network.0.fixed_ip_v4": "192.52.32.132",
                            "network.0.fixed_ip_v6": "",
                            "network.0.floating_ip": "",
                            "network.0.mac": "fa:16:3e:3a:a4:bd",
                            "network.0.name": "public",
                            "network.0.port": "",
                            "network.0.uuid": "6a68b40c-356f-4d4c-95e9-e5c72855fb35",
                            "power_state": "active",
                            "region": "Freiburg",
                            "security_groups.#": "1",
                            "security_groups.1001664029": "public",
                            "stop_before_destroy": "false"
                        },
                        "meta": {
                            "e2bfb730-ecaa-11e6-8f88-34363bc7c4c0": {
                                "create": 1800000000000,
                                "delete": 1800000000000,
                                "update": 1800000000000
                            }
                        },
                        "tainted": false
                    },
                    "deposed": [],
                    "provider": "provider.openstack"
                },
                "openstack_compute_instance_v2.jenkins-workers.1": {
                    "type": "openstack_compute_instance_v2",
                    "depends_on": [],
                    "primary": {
                        "id": "4946fa1d-44e3-4022-9f7a-99369bd7db48",
                        "attributes": {
                            "access_ip_v4": "192.52.32.238",
                            "access_ip_v6": "",
                            "all_metadata.%": "0",
                            "availability_zone": "nova",
                            "flavor_id": "21bed2e4-ef48-4584-88a2-977ea9ad20a4",
                            "flavor_name": "m1.xlarge",
                            "force_delete": "false",
                            "id": "4946fa1d-44e3-4022-9f7a-99369bd7db48",
                            "image_id": "e66311e4-bfd7-4ad0-82de-4ed8062d1f50",
                            "image_name": "jenkins-worker-j52-63ca7a6c7a15-master",
                            "key_pair": "build-usegalaxy-eu",
                            "name": "worker-1.build.galaxyproject.eu",
                            "network.#": "1",
                            "network.0.access_network": "false",
                            "network.0.fixed_ip_v4": "192.52.32.238",
                            "network.0.fixed_ip_v6": "",
                            "network.0.floating_ip": "",
                            "network.0.mac": "fa:16:3e:c4:10:bb",
                            "network.0.name": "public",
                            "network.0.port": "",
                            "network.0.uuid": "6a68b40c-356f-4d4c-95e9-e5c72855fb35",
                            "power_state": "active",
                            "region": "Freiburg",
                            "security_groups.#": "1",
                            "security_groups.1001664029": "public",
                            "stop_before_destroy": "false"
                        },
                        "meta": {
                            "e2bfb730-ecaa-11e6-8f88-34363bc7c4c0": {
                                "create": 1800000000000,
                                "delete": 1800000000000,
                                "update": 1800000000000
                            }
                        },
                        "tainted": false
                    },
                    "deposed": [],
                    "provider": "provider.openstack"
                },
                "openstack_compute_instance_v2.proxy": {
                    "type": "openstack_compute_instance_v2",
                    "depends_on": [],
                    "primary": {
                        "id": "13f7b0fd-32f0-4643-922f-20431700a1bc",
                        "attributes": {
                            "access_ip_v4": "192.52.33.37",
                            "access_ip_v6": "",
                            "all_metadata.%": "0",
                            "availability_zone": "nova",
                            "flavor_id": "df32eb30-c79d-41e7-87d7-1996cb3cbc70",
                            "flavor_name": "m1.small",
                            "force_delete": "false",
                            "id": "13f7b0fd-32f0-4643-922f-20431700a1bc",
                            "image_id": "f0bf4431-bb9a-45b3-a23e-823a96682394",
                            "image_name": "generic-centos7-v31-j4-edc5aa3dc22c-master",
                            "key_pair": "cloud2",
                            "name": "proxy.galaxyproject.eu",
                            "network.#": "1",
                            "network.0.access_network": "false",
                            "network.0.fixed_ip_v4": "192.52.33.37",
                            "network.0.fixed_ip_v6": "",
                            "network.0.floating_ip": "",
                            "network.0.mac": "fa:16:3e:b7:31:e3",
                            "network.0.name": "public",
                            "network.0.port": "",
                            "network.0.uuid": "6a68b40c-356f-4d4c-95e9-e5c72855fb35",
                            "power_state": "active",
                            "region": "Freiburg",
                            "security_groups.#": "5",
                            "security_groups.2092949500": "public-amqp",
                            "security_groups.2162032504": "egress",
                            "security_groups.3285375897": "public-ssh",
                            "security_groups.3717909635": "public-ping",
                            "security_groups.4276348713": "public-web2",
                            "stop_before_destroy": "false"
                        },
                        "meta": {
                            "e2bfb730-ecaa-11e6-8f88-34363bc7c4c0": {
                                "create": 1800000000000,
                                "delete": 1800000000000,
                                "update": 1800000000000
                            }
                        },
                        "tainted": false
                    },
                    "deposed": [],
                    "provider": "provider.openstack"
                },
                "openstack_compute_instance_v2.proxy-internal": {
                    "type": "openstack_compute_instance_v2",
                    "depends_on": [],
                    "primary": {
                        "id": "bfc38274-8323-4232-80fc-e770240d064c",
                        "attributes": {
                            "access_ip_v4": "132.230.223.7",
                            "access_ip_v6": "",
                            "all_metadata.%": "0",
                            "availability_zone": "nova",
                            "flavor_id": "df32eb30-c79d-41e7-87d7-1996cb3cbc70",
                            "flavor_name": "m1.small",
                            "force_delete": "false",
                            "id": "bfc38274-8323-4232-80fc-e770240d064c",
                            "image_id": "f0bf4431-bb9a-45b3-a23e-823a96682394",
                            "image_name": "generic-centos7-v31-j4-edc5aa3dc22c-master",
                            "key_pair": "cloud2",
                            "name": "proxy.internal.galaxyproject.eu",
                            "network.#": "1",
                            "network.0.access_network": "false",
                            "network.0.fixed_ip_v4": "132.230.223.7",
                            "network.0.fixed_ip_v6": "",
                            "network.0.floating_ip": "",
                            "network.0.mac": "fa:16:3e:c9:28:63",
                            "network.0.name": "public-extended",
                            "network.0.port": "",
                            "network.0.uuid": "f76e9bc0-abbc-44ef-a9fc-7fa388d4c677",
                            "power_state": "active",
                            "region": "Freiburg",
                            "security_groups.#": "4",
                            "security_groups.2162032504": "egress",
                            "security_groups.3285375897": "public-ssh",
                            "security_groups.3717909635": "public-ping",
                            "security_groups.4276348713": "public-web2",
                            "stop_before_destroy": "false"
                        },
                        "meta": {
                            "e2bfb730-ecaa-11e6-8f88-34363bc7c4c0": {
                                "create": 1800000000000,
                                "delete": 1800000000000,
                                "update": 1800000000000
                            }
                        },
                        "tainted": false
                    },
                    "deposed": [],
                    "provider": "provider.openstack"
                },
                "openstack_compute_instance_v2.sentry-usegalaxy": {
                    "type": "openstack_compute_instance_v2",
                    "depends_on": [
                        "data.openstack_images_image_v2.centos-image",
                        "openstack_blockstorage_volume_v2.sentry_volume_data"
                    ],
                    "primary": {
                        "id": "5ae015c6-f5c4-4e8b-9d69-c3d9ca189a44",
                        "attributes": {
                            "access_ip_v4": "192.52.34.70",
                            "access_ip_v6": "",
                            "all_metadata.%": "0",
                            "availability_zone": "nova",
                            "block_device.#": "2",
                            "block_device.0.boot_index": "0",
                            "block_device.0.delete_on_termination": "true",
                            "block_device.0.destination_type": "local",
                            "block_device.0.device_type": "",
                            "block_device.0.disk_bus": "",
                            "block_device.0.guest_format": "",
                            "block_device.0.source_type": "image",
                            "block_device.0.uuid": "f0bf4431-bb9a-45b3-a23e-823a96682394",
                            "block_device.0.volume_size": "0",
                            "block_device.1.boot_index": "-1",
                            "block_device.1.delete_on_termination": "true",
                            "block_device.1.destination_type": "volume",
                            "block_device.1.device_type": "",
                            "block_device.1.disk_bus": "",
                            "block_device.1.guest_format": "",
                            "block_device.1.source_type": "volume",
                            "block_device.1.uuid": "7405447d-375b-4d7d-9f3b-75bdb0a9ca53",
                            "block_device.1.volume_size": "0",
                            "flavor_id": "df32eb30-c79d-41e7-87d7-1996cb3cbc70",
                            "flavor_name": "m1.small",
                            "force_delete": "false",
                            "id": "5ae015c6-f5c4-4e8b-9d69-c3d9ca189a44",
                            "image_id": "f0bf4431-bb9a-45b3-a23e-823a96682394",
                            "image_name": "generic-centos7-v31-j4-edc5aa3dc22c-master",
                            "key_pair": "cloud2",
                            "name": "sentry.galaxyproject.eu",
                            "network.#": "1",
                            "network.0.access_network": "false",
                            "network.0.fixed_ip_v4": "192.52.34.70",
                            "network.0.fixed_ip_v6": "",
                            "network.0.floating_ip": "",
                            "network.0.mac": "fa:16:3e:e8:c3:c1",
                            "network.0.name": "public",
                            "network.0.port": "",
                            "network.0.uuid": "6a68b40c-356f-4d4c-95e9-e5c72855fb35",
                            "power_state": "active",
                            "region": "Freiburg",
                            "security_groups.#": "4",
                            "security_groups.1024925103": "ufr-ssh",
                            "security_groups.2162032504": "egress",
                            "security_groups.3717909635": "public-ping",
                            "security_groups.4276348713": "public-web2",
                            "stop_before_destroy": "false",
                            "user_data": "8dd3c19d7539ddfbc0df760f4ea05126097708f0"
                        },
                        "meta": {
                            "e2bfb730-ecaa-11e6-8f88-34363bc7c4c0": {
                                "create": 1800000000000,
                                "delete": 1800000000000,
                                "update": 1800000000000
                            }
                        },
                        "tainted": false
                    },
                    "deposed": [],
                    "provider": "provider.openstack"
                },
                "openstack_compute_instance_v2.stats-usegalaxy": {
                    "type": "openstack_compute_instance_v2",
                    "depends_on": [],
                    "primary": {
                        "id": "d5855c69-b8e2-4f8d-820e-78054163cfa1",
                        "attributes": {
                            "access_ip_v4": "192.52.32.138",
                            "access_ip_v6": "",
                            "all_metadata.%": "0",
                            "availability_zone": "nova",
                            "flavor_id": "df32eb30-c79d-41e7-87d7-1996cb3cbc70",
                            "flavor_name": "m1.small",
                            "force_delete": "false",
                            "id": "d5855c69-b8e2-4f8d-820e-78054163cfa1",
                            "image_id": "f0bf4431-bb9a-45b3-a23e-823a96682394",
                            "image_name": "generic-centos7-v31-j4-edc5aa3dc22c-master",
                            "key_pair": "cloud2",
                            "name": "stats.galaxyproject.eu",
                            "network.#": "1",
                            "network.0.access_network": "false",
                            "network.0.fixed_ip_v4": "192.52.32.138",
                            "network.0.fixed_ip_v6": "",
                            "network.0.floating_ip": "",
                            "network.0.mac": "fa:16:3e:84:33:de",
                            "network.0.name": "public",
                            "network.0.port": "",
                            "network.0.uuid": "6a68b40c-356f-4d4c-95e9-e5c72855fb35",
                            "power_state": "active",
                            "region": "Freiburg",
                            "security_groups.#": "4",
                            "security_groups.1024925103": "ufr-ssh",
                            "security_groups.2162032504": "egress",
                            "security_groups.3717909635": "public-ping",
                            "security_groups.4276348713": "public-web2",
                            "stop_before_destroy": "false"
                        },
                        "meta": {
                            "e2bfb730-ecaa-11e6-8f88-34363bc7c4c0": {
                                "create": 1800000000000,
                                "delete": 1800000000000,
                                "update": 1800000000000
                            }
                        },
                        "tainted": false
                    },
                    "deposed": [],
                    "provider": "provider.openstack"
                },
                "openstack_compute_instance_v2.telescope": {
                    "type": "openstack_compute_instance_v2",
                    "depends_on": [],
                    "primary": {
                        "id": "1d5bef44-20ae-4567-b58c-1b15c4d6a82c",
                        "attributes": {
                            "access_ip_v4": "10.5.68.42",
                            "access_ip_v6": "",
                            "all_metadata.%": "0",
                            "availability_zone": "nova",
                            "flavor_id": "a9a58bcf-29a3-47f4-b4c3-e71e40127833",
                            "flavor_name": "m1.tiny",
                            "force_delete": "false",
                            "id": "1d5bef44-20ae-4567-b58c-1b15c4d6a82c",
                            "image_id": "f0bf4431-bb9a-45b3-a23e-823a96682394",
                            "image_name": "generic-centos7-v31-j4-edc5aa3dc22c-master",
                            "key_pair": "cloud2",
                            "name": "telescope.galaxyproject.eu",
                            "network.#": "1",
                            "network.0.access_network": "false",
                            "network.0.fixed_ip_v4": "10.5.68.42",
                            "network.0.fixed_ip_v6": "",
                            "network.0.floating_ip": "",
                            "network.0.mac": "fa:16:3e:e4:0f:ae",
                            "network.0.name": "bioinf",
                            "network.0.port": "",
                            "network.0.uuid": "afca9459-0eb1-4d67-999f-b07bf3bc99c5",
                            "power_state": "active",
                            "region": "Freiburg",
                            "security_groups.#": "4",
                            "security_groups.2162032504": "egress",
                            "security_groups.3285375897": "public-ssh",
                            "security_groups.3717909635": "public-ping",
                            "security_groups.4276348713": "public-web2",
                            "stop_before_destroy": "false"
                        },
                        "meta": {
                            "e2bfb730-ecaa-11e6-8f88-34363bc7c4c0": {
                                "create": 1800000000000,
                                "delete": 1800000000000,
                                "update": 1800000000000
                            }
                        },
                        "tainted": false
                    },
                    "deposed": [],
                    "provider": "provider.openstack"
                },
                "openstack_compute_instance_v2.test-galaxy": {
                    "type": "openstack_compute_instance_v2",
                    "depends_on": [],
                    "primary": {
                        "id": "43afbf0a-e6b2-4678-8e77-39d9b1dfbe45",
                        "attributes": {
                            "access_ip_v4": "10.5.68.202",
                            "access_ip_v6": "",
                            "all_metadata.%": "0",
                            "availability_zone": "nova",
                            "flavor_id": "b106b327-7d6e-4f88-825d-11145eb25ad7",
                            "flavor_name": "m1.large",
                            "force_delete": "false",
                            "id": "43afbf0a-e6b2-4678-8e77-39d9b1dfbe45",
                            "image_id": "60de3fa3-d178-49d2-ba39-2fc6671eee89",
                            "image_name": "generic-centos7-v31-j18-2deef7cb2572-master",
                            "key_pair": "cloud2",
                            "name": "test.internal.usegalaxy.eu",
                            "network.#": "1",
                            "network.0.access_network": "false",
                            "network.0.fixed_ip_v4": "10.5.68.202",
                            "network.0.fixed_ip_v6": "",
                            "network.0.floating_ip": "",
                            "network.0.mac": "fa:16:3e:8c:4d:af",
                            "network.0.name": "bioinf",
                            "network.0.port": "",
                            "network.0.uuid": "afca9459-0eb1-4d67-999f-b07bf3bc99c5",
                            "power_state": "active",
                            "region": "Freiburg",
                            "security_groups.#": "4",
                            "security_groups.2162032504": "egress",
                            "security_groups.3285375897": "public-ssh",
                            "security_groups.3717909635": "public-ping",
                            "security_groups.4276348713": "public-web2",
                            "stop_before_destroy": "false"
                        },
                        "meta": {
                            "e2bfb730-ecaa-11e6-8f88-34363bc7c4c0": {
                                "create": 1800000000000,
                                "delete": 1800000000000,
                                "update": 1800000000000
                            }
                        },
                        "tainted": false
                    },
                    "deposed": [],
                    "provider": "provider.openstack"
                },
                "openstack_compute_instance_v2.vgcn-cm": {
                    "type": "openstack_compute_instance_v2",
                    "depends_on": [],
                    "primary": {
                        "id": "9bc454a3-cf2f-45c0-997d-f2011b6e9774",
                        "attributes": {
                            "access_ip_v4": "10.5.68.36",
                            "access_ip_v6": "",
                            "all_metadata.%": "0",
                            "availability_zone": "nova",
                            "flavor_id": "df32eb30-c79d-41e7-87d7-1996cb3cbc70",
                            "flavor_name": "m1.small",
                            "force_delete": "false",
                            "id": "9bc454a3-cf2f-45c0-997d-f2011b6e9774",
                            "image_id": "f377b5fd-8ab9-4060-b1ad-e123473f40d9",
                            "image_name": "vggp-v31-j101-2deef7cb2572-master",
                            "key_pair": "cloud2",
                            "name": "manager.vgcn.galaxyproject.eu",
                            "network.#": "1",
                            "network.0.access_network": "false",
                            "network.0.fixed_ip_v4": "10.5.68.36",
                            "network.0.fixed_ip_v6": "",
                            "network.0.floating_ip": "",
                            "network.0.mac": "fa:16:3e:36:8f:1d",
                            "network.0.name": "bioinf",
                            "network.0.port": "",
                            "network.0.uuid": "afca9459-0eb1-4d67-999f-b07bf3bc99c5",
                            "power_state": "active",
                            "region": "Freiburg",
                            "security_groups.#": "1",
                            "security_groups.1001664029": "public",
                            "stop_before_destroy": "false",
                            "user_data": "abc94cb9679268b597afd38bad89962de5739301"
                        },
                        "meta": {
                            "e2bfb730-ecaa-11e6-8f88-34363bc7c4c0": {
                                "create": 1800000000000,
                                "delete": 1800000000000,
                                "update": 1800000000000
                            }
                        },
                        "tainted": false
                    },
                    "deposed": [],
                    "provider": "provider.openstack"
                },
                "openstack_compute_keypair_v2.bioconda-utils": {
                    "type": "openstack_compute_keypair_v2",
                    "depends_on": [],
                    "primary": {
                        "id": "bioconda-utils",
                        "attributes": {
                            "fingerprint": "2d:34:1c:e0:dc:11:c2:58:61:8a:ac:4a:2a:ea:cb:59",
                            "id": "bioconda-utils",
                            "name": "bioconda-utils",
                            "private_key": "",
                            "public_key": "ssh-rsa AAAAB3NzaC1yc2EAAAADAQABAAABAQCyY/6ORjwPrNRgxtKTVoyo+CT2yIpkDxMln5HHaG4Ff2zkEDDBEMPfLNhF1u9Eo6I1fCqHjqwbciNST5DAulMdUV0GhH2qe3BoiDVmh2OPPO7KqGS1LJBjm2g8hpFWeHahdkcqZqp6i/9xwEMUMWE+AoFdkKFFFe3f6SgNkcesUciHXbFe77j/FDqgDymdX32DhRAqnkKVrVQ1VuGJwRMUIhiVYY4LFBwL7DbTg9uADCsCw8e+tfwk4UUkmNEPV5y3xwKdIisEqemQGztUi6AirbWLenWxZvLnNTbg8xVkey0ClDVLqJEbhvQB+hvpTJOj+MtzKef6uERnjjDwXoA9",
                            "region": "Freiburg"
                        },
                        "meta": {},
                        "tainted": false
                    },
                    "deposed": [],
                    "provider": "provider.openstack"
                },
                "openstack_compute_keypair_v2.cloud2": {
                    "type": "openstack_compute_keypair_v2",
                    "depends_on": [],
                    "primary": {
                        "id": "cloud2",
                        "attributes": {
                            "fingerprint": "4a:72:2c:7e:d2:b7:f2:c4:5a:9e:bb:ca:c7:8f:d7:a3",
                            "id": "cloud2",
                            "name": "cloud2",
                            "private_key": "",
                            "public_key": "ssh-rsa AAAAB3NzaC1yc2EAAAADAQABAAACAQDV7gfNbNN5O8vH6/tM/iOFXKBP2YKRHXOmdfV8ogvu9BdVV0IPmDzk2EooVpThDE1VMv1hz3811tvBhHRJ6IgNhVIV/61w/+RazQD/AU27X8bX+Hb9EQ/bP4DW+6ySd/z5vdDLzpH5dbiMhzPEDkXVsylUT+hkQnas6cHspDhHmtKQ5MWOgDe3D/IEudTDJQe8hxxaU4TaZUmFzn7eYp9HvuK8qW0yCy4NWOxJJHA+G5wSCyLuKnaKo4AitUIzSKF1AB94oq7b96KONhPxgRptAk4OYIUTdNFbrI5HDaSNzHLnF5FbjQvG+Eu6m5nY5yvJMogE+jiuWeIXCZTCFljg287FUo0ohmbZpd802L6VXun14VumRC+rRgPrvBALo/CsyCsPIoBSTKhVElxKVOcRjmTLNfrUZM0GQxqJhIvah8BV+JTExkipPwkrKTdMAWIXvCoehxV+WMpBWqtEEzAzEoqJpaiec7HfriwsHTGESZWAPYEbFjzbHXQZtqBkbOvtokPMRmTWfWKxaplCMN6ddJeeY6faorD0w/e6lszWES1Q1ieajiPKDy37UvybKKvPTk4o3MzyzYOS4c8HQj+jnGeR5Q3ETuyz4psLyOfuBtIrfOeuxV42rFDmkYM3IrrRR+F9oklFG6Ig8DVfgQEzSG36NkgvpF4OdFvigYqXvw== cloud@vgcn",
                            "region": "Freiburg"
                        },
                        "meta": {},
                        "tainted": false
                    },
                    "deposed": [],
                    "provider": "provider.openstack"
                },
                "openstack_compute_keypair_v2.jenkins": {
                    "type": "openstack_compute_keypair_v2",
                    "depends_on": [],
                    "primary": {
                        "id": "build-usegalaxy-eu",
                        "attributes": {
                            "fingerprint": "4a:72:2c:7e:d2:b7:f2:c4:5a:9e:bb:ca:c7:8f:d7:a3",
                            "id": "build-usegalaxy-eu",
                            "name": "build-usegalaxy-eu",
                            "private_key": "",
                            "public_key": "ssh-rsa AAAAB3NzaC1yc2EAAAADAQABAAACAQDV7gfNbNN5O8vH6/tM/iOFXKBP2YKRHXOmdfV8ogvu9BdVV0IPmDzk2EooVpThDE1VMv1hz3811tvBhHRJ6IgNhVIV/61w/+RazQD/AU27X8bX+Hb9EQ/bP4DW+6ySd/z5vdDLzpH5dbiMhzPEDkXVsylUT+hkQnas6cHspDhHmtKQ5MWOgDe3D/IEudTDJQe8hxxaU4TaZUmFzn7eYp9HvuK8qW0yCy4NWOxJJHA+G5wSCyLuKnaKo4AitUIzSKF1AB94oq7b96KONhPxgRptAk4OYIUTdNFbrI5HDaSNzHLnF5FbjQvG+Eu6m5nY5yvJMogE+jiuWeIXCZTCFljg287FUo0ohmbZpd802L6VXun14VumRC+rRgPrvBALo/CsyCsPIoBSTKhVElxKVOcRjmTLNfrUZM0GQxqJhIvah8BV+JTExkipPwkrKTdMAWIXvCoehxV+WMpBWqtEEzAzEoqJpaiec7HfriwsHTGESZWAPYEbFjzbHXQZtqBkbOvtokPMRmTWfWKxaplCMN6ddJeeY6faorD0w/e6lszWES1Q1ieajiPKDy37UvybKKvPTk4o3MzyzYOS4c8HQj+jnGeR5Q3ETuyz4psLyOfuBtIrfOeuxV42rFDmkYM3IrrRR+F9oklFG6Ig8DVfgQEzSG36NkgvpF4OdFvigYqXvw==",
                            "region": "Freiburg"
                        },
                        "meta": {},
                        "tainted": false
                    },
                    "deposed": [],
                    "provider": "provider.openstack"
                },
                "openstack_compute_keypair_v2.jwolff": {
                    "type": "openstack_compute_keypair_v2",
                    "depends_on": [],
                    "primary": {
                        "id": "jwolff",
                        "attributes": {
                            "fingerprint": "0e:72:a9:5a:26:ca:67:f7:00:b5:e1:6b:45:79:d5:dc",
                            "id": "jwolff",
                            "name": "jwolff",
                            "private_key": "",
                            "public_key": "ssh-rsa AAAAB3NzaC1yc2EAAAADAQABAAACAQC9tbnychy8X48WGuyZhPbJ2IC01BQSWTgtAF2Sa7m4SzCwkDNtjYwoSgAhDYvSJchXqU3vQEQMYJZzt4cNjeE7uYYUAlKXCzemBe6Fzeo5suaULgNNubp6vcwpBQRCxyPjUy3Rfmp2zvDJGNfIHigH8ZYBhey/aDrbKzUG7vvxl48MnmX5cWOA7aQQ7QdhHiiLfwobV/wWdxowtByaTRRvDXml0//sACkqC09aY8o+n91E8jp67f57cL0mOtm8Yxlr2+An5ifJaZBuLLSCNm80/Tjk7N74ZRBcKQoYNk9kSRO6Zrx9L0pGZJbxp/6nY+exSwYyfuyPVVzZvz6/acPRvWmyXlVDCcbWXA1YlJXkAJxzN4541GPK64DTZrBwmvjhTNE9cmijA4ocmkX0Ynil8QoP9T55Z98TBlf55ao8ImN4CMr7Lgt27Aq60JItc9l5lazl8GZdjP3VFdJPjmKu1yNvUgIpiKetqv//e7BiB2Fz4wZluHhq+evRKuXj7aOylvkyRKdklZ5sYJ09YH1O9y/5T5SeAoJOsL0si8K0cBtrRpGdj2Wb2thUUp3qCP0sRJJQS74rUAbYIYQJsBEKySMiTIAH+84G9fYMCIfLYTtqub72IrS1On07Y8dTTInA/Gzd3orZkLjhhK5vJw9YWVaZFpp7QLvgijL0V0B1gw== wolffj@wolffj-ThinkPad-T460s",
                            "region": "Freiburg"
                        },
                        "meta": {},
                        "tainted": false
                    },
                    "deposed": [],
                    "provider": "provider.openstack"
                },
                "openstack_compute_volume_attach_v2.cvmfs-va": {
                    "type": "openstack_compute_volume_attach_v2",
                    "depends_on": [
                        "openstack_blockstorage_volume_v2.cvmfs",
                        "openstack_compute_instance_v2.cvmfs-stratum0"
                    ],
                    "primary": {
                        "id": "3cd91ee2-3c2c-4a66-acdf-d7b4c4226f88/c71d4ecb-7e26-4ca5-87ba-6913cb2a0deb",
                        "attributes": {
                            "device": "/dev/vdb",
                            "id": "3cd91ee2-3c2c-4a66-acdf-d7b4c4226f88/c71d4ecb-7e26-4ca5-87ba-6913cb2a0deb",
                            "instance_id": "3cd91ee2-3c2c-4a66-acdf-d7b4c4226f88",
                            "region": "Freiburg",
                            "volume_id": "c71d4ecb-7e26-4ca5-87ba-6913cb2a0deb"
                        },
                        "meta": {
                            "e2bfb730-ecaa-11e6-8f88-34363bc7c4c0": {
                                "create": 600000000000,
                                "delete": 600000000000
                            }
                        },
                        "tainted": false
                    },
                    "deposed": [],
                    "provider": "provider.openstack"
                },
                "openstack_compute_volume_attach_v2.hicbrowser-va": {
                    "type": "openstack_compute_volume_attach_v2",
                    "depends_on": [
                        "openstack_blockstorage_volume_v2.hicbrowser-data",
                        "openstack_compute_instance_v2.hicbrowser"
                    ],
                    "primary": {
                        "id": "66a87719-9521-426f-b9a1-c8fe41afac54/8889749c-b2a6-464f-99b6-c4c62b895ef9",
                        "attributes": {
                            "device": "/dev/vdb",
                            "id": "66a87719-9521-426f-b9a1-c8fe41afac54/8889749c-b2a6-464f-99b6-c4c62b895ef9",
                            "instance_id": "66a87719-9521-426f-b9a1-c8fe41afac54",
                            "region": "Freiburg",
                            "volume_id": "8889749c-b2a6-464f-99b6-c4c62b895ef9"
                        },
                        "meta": {
                            "e2bfb730-ecaa-11e6-8f88-34363bc7c4c0": {
                                "create": 600000000000,
                                "delete": 600000000000
                            }
                        },
                        "tainted": false
                    },
                    "deposed": [],
                    "provider": "provider.openstack"
                },
                "openstack_compute_volume_attach_v2.influxdb-va": {
                    "type": "openstack_compute_volume_attach_v2",
                    "depends_on": [
                        "openstack_blockstorage_volume_v2.influxdb-data",
                        "openstack_compute_instance_v2.influxdb-usegalaxy"
                    ],
                    "primary": {
                        "id": "4e3103f0-ff44-4e41-a321-7d7d4764dade/270291b1-141c-47f7-85b4-993e7cae9fc4",
                        "attributes": {
                            "device": "/dev/vdb",
                            "id": "4e3103f0-ff44-4e41-a321-7d7d4764dade/270291b1-141c-47f7-85b4-993e7cae9fc4",
                            "instance_id": "4e3103f0-ff44-4e41-a321-7d7d4764dade",
                            "region": "Freiburg",
                            "volume_id": "270291b1-141c-47f7-85b4-993e7cae9fc4"
                        },
                        "meta": {
                            "e2bfb730-ecaa-11e6-8f88-34363bc7c4c0": {
                                "create": 600000000000,
                                "delete": 600000000000
                            }
                        },
                        "tainted": false
                    },
                    "deposed": [],
                    "provider": "provider.openstack"
                },
                "openstack_compute_volume_attach_v2.stats-va": {
                    "type": "openstack_compute_volume_attach_v2",
                    "depends_on": [
                        "openstack_blockstorage_volume_v2.stats-data",
                        "openstack_compute_instance_v2.stats-usegalaxy"
                    ],
                    "primary": {
                        "id": "d5855c69-b8e2-4f8d-820e-78054163cfa1/7dc26838-0ea1-4df8-9b16-b0326faf339e",
                        "attributes": {
                            "device": "/dev/vdb",
                            "id": "d5855c69-b8e2-4f8d-820e-78054163cfa1/7dc26838-0ea1-4df8-9b16-b0326faf339e",
                            "instance_id": "d5855c69-b8e2-4f8d-820e-78054163cfa1",
                            "region": "Freiburg",
                            "volume_id": "7dc26838-0ea1-4df8-9b16-b0326faf339e"
                        },
                        "meta": {
                            "e2bfb730-ecaa-11e6-8f88-34363bc7c4c0": {
                                "create": 600000000000,
                                "delete": 600000000000
                            }
                        },
                        "tainted": false
                    },
                    "deposed": [],
                    "provider": "provider.openstack"
                },
                "openstack_compute_volume_attach_v2.telescope-va": {
                    "type": "openstack_compute_volume_attach_v2",
                    "depends_on": [
                        "openstack_blockstorage_volume_v2.telescope-data",
                        "openstack_compute_instance_v2.telescope"
                    ],
                    "primary": {
                        "id": "1d5bef44-20ae-4567-b58c-1b15c4d6a82c/816e5476-40ba-46ef-84eb-849b9d1c3a6d",
                        "attributes": {
                            "device": "/dev/vdb",
                            "id": "1d5bef44-20ae-4567-b58c-1b15c4d6a82c/816e5476-40ba-46ef-84eb-849b9d1c3a6d",
                            "instance_id": "1d5bef44-20ae-4567-b58c-1b15c4d6a82c",
                            "region": "Freiburg",
                            "volume_id": "816e5476-40ba-46ef-84eb-849b9d1c3a6d"
                        },
                        "meta": {
                            "e2bfb730-ecaa-11e6-8f88-34363bc7c4c0": {
                                "create": 600000000000,
                                "delete": 600000000000
                            }
                        },
                        "tainted": false
                    },
                    "deposed": [],
                    "provider": "provider.openstack"
                },
                "openstack_networking_secgroup_rule_v2.00914113-bb06-4862-84f4-fec30b168565": {
                    "type": "openstack_networking_secgroup_rule_v2",
                    "depends_on": [
                        "openstack_networking_secgroup_v2.egress"
                    ],
                    "primary": {
                        "id": "5d795d9c-045b-46a8-8452-cb7dea46789a",
                        "attributes": {
                            "description": "",
                            "direction": "egress",
                            "ethertype": "IPv6",
                            "id": "5d795d9c-045b-46a8-8452-cb7dea46789a",
                            "port_range_max": "0",
                            "port_range_min": "0",
                            "protocol": "",
                            "region": "Freiburg",
                            "remote_group_id": "",
                            "remote_ip_prefix": "",
                            "security_group_id": "f08481be-0886-47a0-9be3-936c0942d8dc",
                            "tenant_id": "36d6d9420bb04403b55fb21052efe4be"
                        },
                        "meta": {
                            "e2bfb730-ecaa-11e6-8f88-34363bc7c4c0": {
                                "delete": 600000000000
                            }
                        },
                        "tainted": false
                    },
                    "deposed": [],
                    "provider": "provider.openstack"
                },
                "openstack_networking_secgroup_rule_v2.05135b3c-2cbf-4892-a5c6-f95bb539beb1": {
                    "type": "openstack_networking_secgroup_rule_v2",
                    "depends_on": [
                        "openstack_networking_secgroup_v2.Public"
                    ],
                    "primary": {
                        "id": "e9a7fc37-e32f-40a8-9ea1-0ca51996dab6",
                        "attributes": {
                            "description": "",
                            "direction": "ingress",
                            "ethertype": "IPv4",
                            "id": "e9a7fc37-e32f-40a8-9ea1-0ca51996dab6",
                            "port_range_max": "3389",
                            "port_range_min": "3389",
                            "protocol": "tcp",
                            "region": "Freiburg",
                            "remote_group_id": "",
                            "remote_ip_prefix": "0.0.0.0/0",
                            "security_group_id": "f516ef24-c56c-40bf-a286-45bb490be8b8",
                            "tenant_id": "36d6d9420bb04403b55fb21052efe4be"
                        },
                        "meta": {
                            "e2bfb730-ecaa-11e6-8f88-34363bc7c4c0": {
                                "delete": 600000000000
                            }
                        },
                        "tainted": false
                    },
                    "deposed": [],
                    "provider": "provider.openstack"
                },
                "openstack_networking_secgroup_rule_v2.2226f6db-dbd6-435f-86cf-fe8e898c7bc0": {
                    "type": "openstack_networking_secgroup_rule_v2",
                    "depends_on": [
                        "openstack_networking_secgroup_v2.vgcn-ingress-public"
                    ],
                    "primary": {
                        "id": "8f6ab35d-f9cd-44ee-9bf2-3be54121b871",
                        "attributes": {
                            "description": "",
                            "direction": "ingress",
                            "ethertype": "IPv4",
                            "id": "8f6ab35d-f9cd-44ee-9bf2-3be54121b871",
                            "port_range_max": "0",
                            "port_range_min": "0",
                            "protocol": "",
                            "region": "Freiburg",
                            "remote_group_id": "",
                            "remote_ip_prefix": "",
                            "security_group_id": "85a9e7fb-dfe0-4412-b6d8-986b5bfd7756",
                            "tenant_id": "36d6d9420bb04403b55fb21052efe4be"
                        },
                        "meta": {
                            "e2bfb730-ecaa-11e6-8f88-34363bc7c4c0": {
                                "delete": 600000000000
                            }
                        },
                        "tainted": false
                    },
                    "deposed": [],
                    "provider": "provider.openstack"
                },
                "openstack_networking_secgroup_rule_v2.35e1a542-d19e-435d-8a49-e8233f38711f": {
                    "type": "openstack_networking_secgroup_rule_v2",
                    "depends_on": [
                        "openstack_networking_secgroup_v2.vgcn-ingress-public"
                    ],
                    "primary": {
                        "id": "ec83f5ef-71db-4c02-8371-3a2975f3800c",
                        "attributes": {
                            "description": "",
                            "direction": "ingress",
                            "ethertype": "IPv6",
                            "id": "ec83f5ef-71db-4c02-8371-3a2975f3800c",
                            "port_range_max": "0",
                            "port_range_min": "0",
                            "protocol": "",
                            "region": "Freiburg",
                            "remote_group_id": "",
                            "remote_ip_prefix": "",
                            "security_group_id": "85a9e7fb-dfe0-4412-b6d8-986b5bfd7756",
                            "tenant_id": "36d6d9420bb04403b55fb21052efe4be"
                        },
                        "meta": {
                            "e2bfb730-ecaa-11e6-8f88-34363bc7c4c0": {
                                "delete": 600000000000
                            }
                        },
                        "tainted": false
                    },
                    "deposed": [],
                    "provider": "provider.openstack"
                },
                "openstack_networking_secgroup_rule_v2.40047dc3-cf90-4d66-ade4-5c281ea03a9c": {
                    "type": "openstack_networking_secgroup_rule_v2",
                    "depends_on": [
                        "openstack_networking_secgroup_v2.ufr-ingress"
                    ],
                    "primary": {
                        "id": "2bc33449-8816-44d8-a585-bf4c629b11e8",
                        "attributes": {
                            "description": "",
                            "direction": "ingress",
                            "ethertype": "IPv4",
                            "id": "2bc33449-8816-44d8-a585-bf4c629b11e8",
                            "port_range_max": "0",
                            "port_range_min": "0",
                            "protocol": "",
                            "region": "Freiburg",
                            "remote_group_id": "",
                            "remote_ip_prefix": "192.52.3.0/24",
                            "security_group_id": "fb80f17a-86b7-48be-83d8-ef87dac155f4",
                            "tenant_id": "36d6d9420bb04403b55fb21052efe4be"
                        },
                        "meta": {
                            "e2bfb730-ecaa-11e6-8f88-34363bc7c4c0": {
                                "delete": 600000000000
                            }
                        },
                        "tainted": false
                    },
                    "deposed": [],
                    "provider": "provider.openstack"
                },
                "openstack_networking_secgroup_rule_v2.41156470-b6fb-48d1-950b-bcf17bf64ba2": {
                    "type": "openstack_networking_secgroup_rule_v2",
                    "depends_on": [
                        "openstack_networking_secgroup_v2.public-mosh"
                    ],
                    "primary": {
                        "id": "ae9373f0-3f8c-4be5-a744-ddf05520fb09",
                        "attributes": {
                            "description": "",
                            "direction": "ingress",
                            "ethertype": "IPv4",
                            "id": "ae9373f0-3f8c-4be5-a744-ddf05520fb09",
                            "port_range_max": "61000",
                            "port_range_min": "60000",
                            "protocol": "tcp",
                            "region": "Freiburg",
                            "remote_group_id": "",
                            "remote_ip_prefix": "0.0.0.0/0",
                            "security_group_id": "57ddd7b6-7790-41a2-a18d-f07f29ead1e2",
                            "tenant_id": "36d6d9420bb04403b55fb21052efe4be"
                        },
                        "meta": {
                            "e2bfb730-ecaa-11e6-8f88-34363bc7c4c0": {
                                "delete": 600000000000
                            }
                        },
                        "tainted": false
                    },
                    "deposed": [],
                    "provider": "provider.openstack"
                },
                "openstack_networking_secgroup_rule_v2.4a40a325-78a7-4ead-a1fa-4ef66ac512f6": {
                    "type": "openstack_networking_secgroup_rule_v2",
                    "depends_on": [
                        "openstack_networking_secgroup_v2.egress"
                    ],
                    "primary": {
                        "id": "265ffef2-9b10-43e6-95ff-97635da87215",
                        "attributes": {
                            "description": "",
                            "direction": "egress",
                            "ethertype": "IPv4",
                            "id": "265ffef2-9b10-43e6-95ff-97635da87215",
                            "port_range_max": "0",
                            "port_range_min": "0",
                            "protocol": "",
                            "region": "Freiburg",
                            "remote_group_id": "",
                            "remote_ip_prefix": "",
                            "security_group_id": "f08481be-0886-47a0-9be3-936c0942d8dc",
                            "tenant_id": "36d6d9420bb04403b55fb21052efe4be"
                        },
                        "meta": {
                            "e2bfb730-ecaa-11e6-8f88-34363bc7c4c0": {
                                "delete": 600000000000
                            }
                        },
                        "tainted": false
                    },
                    "deposed": [],
                    "provider": "provider.openstack"
                },
                "openstack_networking_secgroup_rule_v2.58293ee9-af20-4f46-8fb2-8760afb10f9a": {
                    "type": "openstack_networking_secgroup_rule_v2",
                    "depends_on": [
                        "openstack_networking_secgroup_v2.ufr-ingress"
                    ],
                    "primary": {
                        "id": "7f99768d-d73d-4ee0-80ae-a025f1ee9dfc",
                        "attributes": {
                            "description": "",
                            "direction": "ingress",
                            "ethertype": "IPv4",
                            "id": "7f99768d-d73d-4ee0-80ae-a025f1ee9dfc",
                            "port_range_max": "0",
                            "port_range_min": "0",
                            "protocol": "",
                            "region": "Freiburg",
                            "remote_group_id": "",
                            "remote_ip_prefix": "10.0.0.0/8",
                            "security_group_id": "fb80f17a-86b7-48be-83d8-ef87dac155f4",
                            "tenant_id": "36d6d9420bb04403b55fb21052efe4be"
                        },
                        "meta": {
                            "e2bfb730-ecaa-11e6-8f88-34363bc7c4c0": {
                                "delete": 600000000000
                            }
                        },
                        "tainted": false
                    },
                    "deposed": [],
                    "provider": "provider.openstack"
                },
                "openstack_networking_secgroup_rule_v2.5cbd5183-8918-4d74-aa9b-302ebe813d8c": {
                    "type": "openstack_networking_secgroup_rule_v2",
                    "depends_on": [
                        "openstack_networking_secgroup_v2.public-web"
                    ],
                    "primary": {
                        "id": "b8cfc93b-4e62-4316-847f-c3709ead961b",
                        "attributes": {
                            "description": "",
                            "direction": "ingress",
                            "ethertype": "IPv4",
                            "id": "b8cfc93b-4e62-4316-847f-c3709ead961b",
                            "port_range_max": "80",
                            "port_range_min": "80",
                            "protocol": "tcp",
                            "region": "Freiburg",
                            "remote_group_id": "",
                            "remote_ip_prefix": "",
                            "security_group_id": "3b8855bd-e70d-46e4-996f-4b32f00b405b",
                            "tenant_id": "36d6d9420bb04403b55fb21052efe4be"
                        },
                        "meta": {
                            "e2bfb730-ecaa-11e6-8f88-34363bc7c4c0": {
                                "delete": 600000000000
                            }
                        },
                        "tainted": false
                    },
                    "deposed": [],
                    "provider": "provider.openstack"
                },
                "openstack_networking_secgroup_rule_v2.5cbd5183-8918-4d74-aa9b-302ebe813d8z": {
                    "type": "openstack_networking_secgroup_rule_v2",
                    "depends_on": [
                        "openstack_networking_secgroup_v2.public-web"
                    ],
                    "primary": {
                        "id": "4eb3e4b6-e185-4e35-b285-2e7787fd80b7",
                        "attributes": {
                            "description": "",
                            "direction": "ingress",
                            "ethertype": "IPv6",
                            "id": "4eb3e4b6-e185-4e35-b285-2e7787fd80b7",
                            "port_range_max": "80",
                            "port_range_min": "80",
                            "protocol": "tcp",
                            "region": "Freiburg",
                            "remote_group_id": "",
                            "remote_ip_prefix": "",
                            "security_group_id": "3b8855bd-e70d-46e4-996f-4b32f00b405b",
                            "tenant_id": "36d6d9420bb04403b55fb21052efe4be"
                        },
                        "meta": {
                            "e2bfb730-ecaa-11e6-8f88-34363bc7c4c0": {
                                "delete": 600000000000
                            }
                        },
                        "tainted": false
                    },
                    "deposed": [],
                    "provider": "provider.openstack"
                },
                "openstack_networking_secgroup_rule_v2.6179ae32-e3c4-4a8c-a05a-a45bdd7872f3": {
                    "type": "openstack_networking_secgroup_rule_v2",
                    "depends_on": [
                        "openstack_networking_secgroup_v2.public-irc"
                    ],
                    "primary": {
                        "id": "60db72d7-e309-42ed-b78f-7f6483a823f2",
                        "attributes": {
                            "description": "",
                            "direction": "ingress",
                            "ethertype": "IPv4",
                            "id": "60db72d7-e309-42ed-b78f-7f6483a823f2",
                            "port_range_max": "6667",
                            "port_range_min": "6667",
                            "protocol": "tcp",
                            "region": "Freiburg",
                            "remote_group_id": "",
                            "remote_ip_prefix": "0.0.0.0/0",
                            "security_group_id": "86c8f5af-45f9-4f3c-afbd-a70f2c2ce4e9",
                            "tenant_id": "36d6d9420bb04403b55fb21052efe4be"
                        },
                        "meta": {
                            "e2bfb730-ecaa-11e6-8f88-34363bc7c4c0": {
                                "delete": 600000000000
                            }
                        },
                        "tainted": false
                    },
                    "deposed": [],
                    "provider": "provider.openstack"
                },
                "openstack_networking_secgroup_rule_v2.69bda1a1-67d2-4999-b14a-573ead46073c": {
                    "type": "openstack_networking_secgroup_rule_v2",
                    "depends_on": [
                        "openstack_networking_secgroup_v2.public-ssh"
                    ],
                    "primary": {
                        "id": "3a5778d9-5208-4089-afce-6e099e99541b",
                        "attributes": {
                            "description": "",
                            "direction": "ingress",
                            "ethertype": "IPv6",
                            "id": "3a5778d9-5208-4089-afce-6e099e99541b",
                            "port_range_max": "22",
                            "port_range_min": "22",
                            "protocol": "tcp",
                            "region": "Freiburg",
                            "remote_group_id": "",
                            "remote_ip_prefix": "",
                            "security_group_id": "67460b69-e0f2-4bef-bb14-10fa2c2ef9cd",
                            "tenant_id": "36d6d9420bb04403b55fb21052efe4be"
                        },
                        "meta": {
                            "e2bfb730-ecaa-11e6-8f88-34363bc7c4c0": {
                                "delete": 600000000000
                            }
                        },
                        "tainted": false
                    },
                    "deposed": [],
                    "provider": "provider.openstack"
                },
                "openstack_networking_secgroup_rule_v2.7321459b-815a-4f0c-a5fd-5740f0c4da1c": {
                    "type": "openstack_networking_secgroup_rule_v2",
                    "depends_on": [
                        "openstack_networking_secgroup_v2.public-influxdb"
                    ],
                    "primary": {
                        "id": "fe309c5e-2269-494e-8eb8-475306dd8dc2",
                        "attributes": {
                            "description": "",
                            "direction": "ingress",
                            "ethertype": "IPv4",
                            "id": "fe309c5e-2269-494e-8eb8-475306dd8dc2",
                            "port_range_max": "8086",
                            "port_range_min": "8086",
                            "protocol": "tcp",
                            "region": "Freiburg",
                            "remote_group_id": "",
                            "remote_ip_prefix": "0.0.0.0/0",
                            "security_group_id": "dfb4a6a6-298a-45a0-9c98-d335707f7629",
                            "tenant_id": "36d6d9420bb04403b55fb21052efe4be"
                        },
                        "meta": {
                            "e2bfb730-ecaa-11e6-8f88-34363bc7c4c0": {
                                "delete": 600000000000
                            }
                        },
                        "tainted": false
                    },
                    "deposed": [],
                    "provider": "provider.openstack"
                },
                "openstack_networking_secgroup_rule_v2.81cece52-6293-47de-8bc2-502e16efa9dc": {
                    "type": "openstack_networking_secgroup_rule_v2",
                    "depends_on": [
                        "openstack_networking_secgroup_v2.Public"
                    ],
                    "primary": {
                        "id": "37bf2265-2b98-4f26-af0c-7f7b54800c21",
                        "attributes": {
                            "description": "",
                            "direction": "egress",
                            "ethertype": "IPv6",
                            "id": "37bf2265-2b98-4f26-af0c-7f7b54800c21",
                            "port_range_max": "0",
                            "port_range_min": "0",
                            "protocol": "",
                            "region": "Freiburg",
                            "remote_group_id": "",
                            "remote_ip_prefix": "",
                            "security_group_id": "f516ef24-c56c-40bf-a286-45bb490be8b8",
                            "tenant_id": "36d6d9420bb04403b55fb21052efe4be"
                        },
                        "meta": {
                            "e2bfb730-ecaa-11e6-8f88-34363bc7c4c0": {
                                "delete": 600000000000
                            }
                        },
                        "tainted": false
                    },
                    "deposed": [],
                    "provider": "provider.openstack"
                },
                "openstack_networking_secgroup_rule_v2.9725f501-278c-4286-9cae-3ec20d89c724": {
                    "type": "openstack_networking_secgroup_rule_v2",
                    "depends_on": [
                        "openstack_networking_secgroup_v2.ufr-ingress"
                    ],
                    "primary": {
                        "id": "746e0717-4906-4a96-bd2f-9fa437aca97f",
                        "attributes": {
                            "description": "",
                            "direction": "ingress",
                            "ethertype": "IPv4",
                            "id": "746e0717-4906-4a96-bd2f-9fa437aca97f",
                            "port_range_max": "0",
                            "port_range_min": "0",
                            "protocol": "",
                            "region": "Freiburg",
                            "remote_group_id": "",
                            "remote_ip_prefix": "192.52.2.0/24",
                            "security_group_id": "fb80f17a-86b7-48be-83d8-ef87dac155f4",
                            "tenant_id": "36d6d9420bb04403b55fb21052efe4be"
                        },
                        "meta": {
                            "e2bfb730-ecaa-11e6-8f88-34363bc7c4c0": {
                                "delete": 600000000000
                            }
                        },
                        "tainted": false
                    },
                    "deposed": [],
                    "provider": "provider.openstack"
                },
                "openstack_networking_secgroup_rule_v2.a7cbadeb-926b-46cf-9cb5-83203f1765aa": {
                    "type": "openstack_networking_secgroup_rule_v2",
                    "depends_on": [
                        "openstack_networking_secgroup_v2.ingress-public"
                    ],
                    "primary": {
                        "id": "c02e43ce-5d78-4a46-aa95-48ac9d8ce393",
                        "attributes": {
                            "description": "",
                            "direction": "ingress",
                            "ethertype": "IPv4",
                            "id": "c02e43ce-5d78-4a46-aa95-48ac9d8ce393",
                            "port_range_max": "0",
                            "port_range_min": "0",
                            "protocol": "",
                            "region": "Freiburg",
                            "remote_group_id": "",
                            "remote_ip_prefix": "",
                            "security_group_id": "2427792a-2049-45f0-8109-99b3ff577c73",
                            "tenant_id": "36d6d9420bb04403b55fb21052efe4be"
                        },
                        "meta": {
                            "e2bfb730-ecaa-11e6-8f88-34363bc7c4c0": {
                                "delete": 600000000000
                            }
                        },
                        "tainted": false
                    },
                    "deposed": [],
                    "provider": "provider.openstack"
                },
                "openstack_networking_secgroup_rule_v2.aa57e62d-6644-40fb-ad6f-05b50e14bb54": {
                    "type": "openstack_networking_secgroup_rule_v2",
                    "depends_on": [
                        "openstack_networking_secgroup_v2.public-ssh"
                    ],
                    "primary": {
                        "id": "7a99484f-384d-4c96-b02a-0a49e254c2d8",
                        "attributes": {
                            "description": "",
                            "direction": "ingress",
                            "ethertype": "IPv4",
                            "id": "7a99484f-384d-4c96-b02a-0a49e254c2d8",
                            "port_range_max": "22",
                            "port_range_min": "22",
                            "protocol": "tcp",
                            "region": "Freiburg",
                            "remote_group_id": "",
                            "remote_ip_prefix": "",
                            "security_group_id": "67460b69-e0f2-4bef-bb14-10fa2c2ef9cd",
                            "tenant_id": "36d6d9420bb04403b55fb21052efe4be"
                        },
                        "meta": {
                            "e2bfb730-ecaa-11e6-8f88-34363bc7c4c0": {
                                "delete": 600000000000
                            }
                        },
                        "tainted": false
                    },
                    "deposed": [],
                    "provider": "provider.openstack"
                },
                "openstack_networking_secgroup_rule_v2.b650820a-0a7e-4ba8-ba2b-f14656b9388d": {
                    "type": "openstack_networking_secgroup_rule_v2",
                    "depends_on": [
                        "openstack_networking_secgroup_v2.public-ping"
                    ],
                    "primary": {
                        "id": "04d87cb4-0995-413f-bbaa-1903aa97adfb",
                        "attributes": {
                            "description": "",
                            "direction": "ingress",
                            "ethertype": "IPv4",
                            "id": "04d87cb4-0995-413f-bbaa-1903aa97adfb",
                            "port_range_max": "0",
                            "port_range_min": "0",
                            "protocol": "icmp",
                            "region": "Freiburg",
                            "remote_group_id": "",
                            "remote_ip_prefix": "",
                            "security_group_id": "96281ca8-7ccb-4b34-a16b-e2abcbc14f87",
                            "tenant_id": "36d6d9420bb04403b55fb21052efe4be"
                        },
                        "meta": {
                            "e2bfb730-ecaa-11e6-8f88-34363bc7c4c0": {
                                "delete": 600000000000
                            }
                        },
                        "tainted": false
                    },
                    "deposed": [],
                    "provider": "provider.openstack"
                },
                "openstack_networking_secgroup_rule_v2.c1b291ec-0147-4022-bcae-0af6cb390f78": {
                    "type": "openstack_networking_secgroup_rule_v2",
                    "depends_on": [
                        "openstack_networking_secgroup_v2.Public"
                    ],
                    "primary": {
                        "id": "dd49bc7b-5f8d-444a-8ee4-5bc0fc615435",
                        "attributes": {
                            "description": "",
                            "direction": "egress",
                            "ethertype": "IPv4",
                            "id": "dd49bc7b-5f8d-444a-8ee4-5bc0fc615435",
                            "port_range_max": "0",
                            "port_range_min": "0",
                            "protocol": "",
                            "region": "Freiburg",
                            "remote_group_id": "",
                            "remote_ip_prefix": "",
                            "security_group_id": "f516ef24-c56c-40bf-a286-45bb490be8b8",
                            "tenant_id": "36d6d9420bb04403b55fb21052efe4be"
                        },
                        "meta": {
                            "e2bfb730-ecaa-11e6-8f88-34363bc7c4c0": {
                                "delete": 600000000000
                            }
                        },
                        "tainted": false
                    },
                    "deposed": [],
                    "provider": "provider.openstack"
                },
                "openstack_networking_secgroup_rule_v2.da697705-5849-492a-902e-b62f4e9a8377": {
                    "type": "openstack_networking_secgroup_rule_v2",
                    "depends_on": [
                        "openstack_networking_secgroup_v2.Public"
                    ],
                    "primary": {
                        "id": "acbfc838-513f-4cf3-b71d-ecc7ef5a3e80",
                        "attributes": {
                            "description": "",
                            "direction": "ingress",
                            "ethertype": "IPv4",
                            "id": "acbfc838-513f-4cf3-b71d-ecc7ef5a3e80",
                            "port_range_max": "22",
                            "port_range_min": "22",
                            "protocol": "tcp",
                            "region": "Freiburg",
                            "remote_group_id": "",
                            "remote_ip_prefix": "0.0.0.0/0",
                            "security_group_id": "f516ef24-c56c-40bf-a286-45bb490be8b8",
                            "tenant_id": "36d6d9420bb04403b55fb21052efe4be"
                        },
                        "meta": {
                            "e2bfb730-ecaa-11e6-8f88-34363bc7c4c0": {
                                "delete": 600000000000
                            }
                        },
                        "tainted": false
                    },
                    "deposed": [],
                    "provider": "provider.openstack"
                },
                "openstack_networking_secgroup_rule_v2.de4ad9ea-9ee4-4a8c-88ee-cc14410ebada": {
                    "type": "openstack_networking_secgroup_rule_v2",
                    "depends_on": [
                        "openstack_networking_secgroup_v2.ufr-ingress"
                    ],
                    "primary": {
                        "id": "cbb4bae7-2e35-485f-bfaf-ebd3b656d0c0",
                        "attributes": {
                            "description": "",
                            "direction": "ingress",
                            "ethertype": "IPv4",
                            "id": "cbb4bae7-2e35-485f-bfaf-ebd3b656d0c0",
                            "port_range_max": "0",
                            "port_range_min": "0",
                            "protocol": "",
                            "region": "Freiburg",
                            "remote_group_id": "",
                            "remote_ip_prefix": "132.230.0.0/16",
                            "security_group_id": "fb80f17a-86b7-48be-83d8-ef87dac155f4",
                            "tenant_id": "36d6d9420bb04403b55fb21052efe4be"
                        },
                        "meta": {
                            "e2bfb730-ecaa-11e6-8f88-34363bc7c4c0": {
                                "delete": 600000000000
                            }
                        },
                        "tainted": false
                    },
                    "deposed": [],
                    "provider": "provider.openstack"
                },
                "openstack_networking_secgroup_rule_v2.e01d7f4e-367e-453f-b716-3dca578d669d": {
                    "type": "openstack_networking_secgroup_rule_v2",
                    "depends_on": [
                        "openstack_networking_secgroup_v2.Public"
                    ],
                    "primary": {
                        "id": "2fed64e3-a753-4de2-8af5-9872e72f299e",
                        "attributes": {
                            "description": "",
                            "direction": "ingress",
                            "ethertype": "IPv4",
                            "id": "2fed64e3-a753-4de2-8af5-9872e72f299e",
                            "port_range_max": "80",
                            "port_range_min": "80",
                            "protocol": "tcp",
                            "region": "Freiburg",
                            "remote_group_id": "",
                            "remote_ip_prefix": "0.0.0.0/0",
                            "security_group_id": "f516ef24-c56c-40bf-a286-45bb490be8b8",
                            "tenant_id": "36d6d9420bb04403b55fb21052efe4be"
                        },
                        "meta": {
                            "e2bfb730-ecaa-11e6-8f88-34363bc7c4c0": {
                                "delete": 600000000000
                            }
                        },
                        "tainted": false
                    },
                    "deposed": [],
                    "provider": "provider.openstack"
                },
                "openstack_networking_secgroup_rule_v2.e79fa4e2-bca0-42b4-b864-67e6a750dbe8": {
                    "type": "openstack_networking_secgroup_rule_v2",
                    "depends_on": [
                        "openstack_networking_secgroup_v2.Public"
                    ],
                    "primary": {
                        "id": "3ca92c4e-0832-40ff-b35f-96a74a0fe1cf",
                        "attributes": {
                            "description": "",
                            "direction": "ingress",
                            "ethertype": "IPv4",
                            "id": "3ca92c4e-0832-40ff-b35f-96a74a0fe1cf",
                            "port_range_max": "65535",
                            "port_range_min": "1",
                            "protocol": "tcp",
                            "region": "Freiburg",
                            "remote_group_id": "",
                            "remote_ip_prefix": "0.0.0.0/0",
                            "security_group_id": "f516ef24-c56c-40bf-a286-45bb490be8b8",
                            "tenant_id": "36d6d9420bb04403b55fb21052efe4be"
                        },
                        "meta": {
                            "e2bfb730-ecaa-11e6-8f88-34363bc7c4c0": {
                                "delete": 600000000000
                            }
                        },
                        "tainted": false
                    },
                    "deposed": [],
                    "provider": "provider.openstack"
                },
                "openstack_networking_secgroup_rule_v2.ef536597-385f-45b1-8895-f0553595c8fb": {
                    "type": "openstack_networking_secgroup_rule_v2",
                    "depends_on": [
                        "openstack_networking_secgroup_v2.public-web"
                    ],
                    "primary": {
                        "id": "d0ad639a-209b-4336-a523-7dc5d1d9f1a6",
                        "attributes": {
                            "description": "",
                            "direction": "ingress",
                            "ethertype": "IPv4",
                            "id": "d0ad639a-209b-4336-a523-7dc5d1d9f1a6",
                            "port_range_max": "443",
                            "port_range_min": "443",
                            "protocol": "tcp",
                            "region": "Freiburg",
                            "remote_group_id": "",
                            "remote_ip_prefix": "",
                            "security_group_id": "3b8855bd-e70d-46e4-996f-4b32f00b405b",
                            "tenant_id": "36d6d9420bb04403b55fb21052efe4be"
                        },
                        "meta": {
                            "e2bfb730-ecaa-11e6-8f88-34363bc7c4c0": {
                                "delete": 600000000000
                            }
                        },
                        "tainted": false
                    },
                    "deposed": [],
                    "provider": "provider.openstack"
                },
                "openstack_networking_secgroup_rule_v2.ef536597-385f-45b1-8895-f0553595c8fz": {
                    "type": "openstack_networking_secgroup_rule_v2",
                    "depends_on": [
                        "openstack_networking_secgroup_v2.public-web"
                    ],
                    "primary": {
                        "id": "10bc61e3-0370-4e54-a3bd-a03bbad9ab7a",
                        "attributes": {
                            "description": "",
                            "direction": "ingress",
                            "ethertype": "IPv6",
                            "id": "10bc61e3-0370-4e54-a3bd-a03bbad9ab7a",
                            "port_range_max": "443",
                            "port_range_min": "443",
                            "protocol": "tcp",
                            "region": "Freiburg",
                            "remote_group_id": "",
                            "remote_ip_prefix": "",
                            "security_group_id": "3b8855bd-e70d-46e4-996f-4b32f00b405b",
                            "tenant_id": "36d6d9420bb04403b55fb21052efe4be"
                        },
                        "meta": {
                            "e2bfb730-ecaa-11e6-8f88-34363bc7c4c0": {
                                "delete": 600000000000
                            }
                        },
                        "tainted": false
                    },
                    "deposed": [],
                    "provider": "provider.openstack"
                },
                "openstack_networking_secgroup_rule_v2.fb24ccbf-025a-494f-b632-62e107e12ae1": {
                    "type": "openstack_networking_secgroup_rule_v2",
                    "depends_on": [
                        "openstack_networking_secgroup_v2.ingress-public"
                    ],
                    "primary": {
                        "id": "d8835827-e611-4724-a1fc-9236956f0f1b",
                        "attributes": {
                            "description": "",
                            "direction": "ingress",
                            "ethertype": "IPv6",
                            "id": "d8835827-e611-4724-a1fc-9236956f0f1b",
                            "port_range_max": "0",
                            "port_range_min": "0",
                            "protocol": "",
                            "region": "Freiburg",
                            "remote_group_id": "",
                            "remote_ip_prefix": "",
                            "security_group_id": "2427792a-2049-45f0-8109-99b3ff577c73",
                            "tenant_id": "36d6d9420bb04403b55fb21052efe4be"
                        },
                        "meta": {
                            "e2bfb730-ecaa-11e6-8f88-34363bc7c4c0": {
                                "delete": 600000000000
                            }
                        },
                        "tainted": false
                    },
                    "deposed": [],
                    "provider": "provider.openstack"
                },
                "openstack_networking_secgroup_rule_v2.hic-ports4.0": {
                    "type": "openstack_networking_secgroup_rule_v2",
                    "depends_on": [
                        "openstack_networking_secgroup_v2.hicbrowser"
                    ],
                    "primary": {
                        "id": "03310e88-acf1-444e-baa7-51843f2d0a18",
                        "attributes": {
                            "description": "",
                            "direction": "ingress",
                            "ethertype": "IPv4",
                            "id": "03310e88-acf1-444e-baa7-51843f2d0a18",
                            "port_range_max": "80",
                            "port_range_min": "80",
                            "protocol": "tcp",
                            "region": "Freiburg",
                            "remote_group_id": "",
                            "remote_ip_prefix": "",
                            "security_group_id": "3bcfa8bc-9bea-47bc-a1fe-9605acb0c65c",
                            "tenant_id": "36d6d9420bb04403b55fb21052efe4be"
                        },
                        "meta": {
                            "e2bfb730-ecaa-11e6-8f88-34363bc7c4c0": {
                                "delete": 600000000000
                            }
                        },
                        "tainted": false
                    },
                    "deposed": [],
                    "provider": "provider.openstack"
                },
                "openstack_networking_secgroup_rule_v2.hic-ports4.1": {
                    "type": "openstack_networking_secgroup_rule_v2",
                    "depends_on": [
                        "openstack_networking_secgroup_v2.hicbrowser"
                    ],
                    "primary": {
                        "id": "f3f923c4-a0a1-405b-9387-811b339d635b",
                        "attributes": {
                            "description": "",
                            "direction": "ingress",
                            "ethertype": "IPv4",
                            "id": "f3f923c4-a0a1-405b-9387-811b339d635b",
                            "port_range_max": "443",
                            "port_range_min": "443",
                            "protocol": "tcp",
                            "region": "Freiburg",
                            "remote_group_id": "",
                            "remote_ip_prefix": "",
                            "security_group_id": "3bcfa8bc-9bea-47bc-a1fe-9605acb0c65c",
                            "tenant_id": "36d6d9420bb04403b55fb21052efe4be"
                        },
                        "meta": {
                            "e2bfb730-ecaa-11e6-8f88-34363bc7c4c0": {
                                "delete": 600000000000
                            }
                        },
                        "tainted": false
                    },
                    "deposed": [],
                    "provider": "provider.openstack"
                },
                "openstack_networking_secgroup_rule_v2.hic-ports4.2": {
                    "type": "openstack_networking_secgroup_rule_v2",
                    "depends_on": [
                        "openstack_networking_secgroup_v2.hicbrowser"
                    ],
                    "primary": {
                        "id": "a4b5684d-da4f-46b3-aafd-4f422bc062be",
                        "attributes": {
                            "description": "",
                            "direction": "ingress",
                            "ethertype": "IPv4",
                            "id": "a4b5684d-da4f-46b3-aafd-4f422bc062be",
                            "port_range_max": "8080",
                            "port_range_min": "8080",
                            "protocol": "tcp",
                            "region": "Freiburg",
                            "remote_group_id": "",
                            "remote_ip_prefix": "",
                            "security_group_id": "3bcfa8bc-9bea-47bc-a1fe-9605acb0c65c",
                            "tenant_id": "36d6d9420bb04403b55fb21052efe4be"
                        },
                        "meta": {
                            "e2bfb730-ecaa-11e6-8f88-34363bc7c4c0": {
                                "delete": 600000000000
                            }
                        },
                        "tainted": false
                    },
                    "deposed": [],
                    "provider": "provider.openstack"
                },
                "openstack_networking_secgroup_rule_v2.hic-ports4.3": {
                    "type": "openstack_networking_secgroup_rule_v2",
                    "depends_on": [
                        "openstack_networking_secgroup_v2.hicbrowser"
                    ],
                    "primary": {
                        "id": "3ef97e41-83a8-4ac8-b76c-a3aa65c18717",
                        "attributes": {
                            "description": "",
                            "direction": "ingress",
                            "ethertype": "IPv4",
                            "id": "3ef97e41-83a8-4ac8-b76c-a3aa65c18717",
                            "port_range_max": "8081",
                            "port_range_min": "8081",
                            "protocol": "tcp",
                            "region": "Freiburg",
                            "remote_group_id": "",
                            "remote_ip_prefix": "",
                            "security_group_id": "3bcfa8bc-9bea-47bc-a1fe-9605acb0c65c",
                            "tenant_id": "36d6d9420bb04403b55fb21052efe4be"
                        },
                        "meta": {
                            "e2bfb730-ecaa-11e6-8f88-34363bc7c4c0": {
                                "delete": 600000000000
                            }
                        },
                        "tainted": false
                    },
                    "deposed": [],
                    "provider": "provider.openstack"
                },
                "openstack_networking_secgroup_rule_v2.hic-ports6.0": {
                    "type": "openstack_networking_secgroup_rule_v2",
                    "depends_on": [
                        "openstack_networking_secgroup_v2.hicbrowser"
                    ],
                    "primary": {
                        "id": "aae7684f-511c-4670-9f39-7f8d7e517c7f",
                        "attributes": {
                            "description": "",
                            "direction": "ingress",
                            "ethertype": "IPv6",
                            "id": "aae7684f-511c-4670-9f39-7f8d7e517c7f",
                            "port_range_max": "80",
                            "port_range_min": "80",
                            "protocol": "tcp",
                            "region": "Freiburg",
                            "remote_group_id": "",
                            "remote_ip_prefix": "",
                            "security_group_id": "3bcfa8bc-9bea-47bc-a1fe-9605acb0c65c",
                            "tenant_id": "36d6d9420bb04403b55fb21052efe4be"
                        },
                        "meta": {
                            "e2bfb730-ecaa-11e6-8f88-34363bc7c4c0": {
                                "delete": 600000000000
                            }
                        },
                        "tainted": false
                    },
                    "deposed": [],
                    "provider": "provider.openstack"
                },
                "openstack_networking_secgroup_rule_v2.hic-ports6.1": {
                    "type": "openstack_networking_secgroup_rule_v2",
                    "depends_on": [
                        "openstack_networking_secgroup_v2.hicbrowser"
                    ],
                    "primary": {
                        "id": "46b55f5c-9d93-4e94-a318-cef5c05fb8f1",
                        "attributes": {
                            "description": "",
                            "direction": "ingress",
                            "ethertype": "IPv6",
                            "id": "46b55f5c-9d93-4e94-a318-cef5c05fb8f1",
                            "port_range_max": "443",
                            "port_range_min": "443",
                            "protocol": "tcp",
                            "region": "Freiburg",
                            "remote_group_id": "",
                            "remote_ip_prefix": "",
                            "security_group_id": "3bcfa8bc-9bea-47bc-a1fe-9605acb0c65c",
                            "tenant_id": "36d6d9420bb04403b55fb21052efe4be"
                        },
                        "meta": {
                            "e2bfb730-ecaa-11e6-8f88-34363bc7c4c0": {
                                "delete": 600000000000
                            }
                        },
                        "tainted": false
                    },
                    "deposed": [],
                    "provider": "provider.openstack"
                },
                "openstack_networking_secgroup_rule_v2.hic-ports6.2": {
                    "type": "openstack_networking_secgroup_rule_v2",
                    "depends_on": [
                        "openstack_networking_secgroup_v2.hicbrowser"
                    ],
                    "primary": {
                        "id": "bb6aba22-199a-4740-a2bc-d17d45a73a47",
                        "attributes": {
                            "description": "",
                            "direction": "ingress",
                            "ethertype": "IPv6",
                            "id": "bb6aba22-199a-4740-a2bc-d17d45a73a47",
                            "port_range_max": "8080",
                            "port_range_min": "8080",
                            "protocol": "tcp",
                            "region": "Freiburg",
                            "remote_group_id": "",
                            "remote_ip_prefix": "",
                            "security_group_id": "3bcfa8bc-9bea-47bc-a1fe-9605acb0c65c",
                            "tenant_id": "36d6d9420bb04403b55fb21052efe4be"
                        },
                        "meta": {
                            "e2bfb730-ecaa-11e6-8f88-34363bc7c4c0": {
                                "delete": 600000000000
                            }
                        },
                        "tainted": false
                    },
                    "deposed": [],
                    "provider": "provider.openstack"
                },
                "openstack_networking_secgroup_rule_v2.hic-ports6.3": {
                    "type": "openstack_networking_secgroup_rule_v2",
                    "depends_on": [
                        "openstack_networking_secgroup_v2.hicbrowser"
                    ],
                    "primary": {
                        "id": "bb63b546-2f2c-4aeb-ab6e-8efb4cd33d55",
                        "attributes": {
                            "description": "",
                            "direction": "ingress",
                            "ethertype": "IPv6",
                            "id": "bb63b546-2f2c-4aeb-ab6e-8efb4cd33d55",
                            "port_range_max": "8081",
                            "port_range_min": "8081",
                            "protocol": "tcp",
                            "region": "Freiburg",
                            "remote_group_id": "",
                            "remote_ip_prefix": "",
                            "security_group_id": "3bcfa8bc-9bea-47bc-a1fe-9605acb0c65c",
                            "tenant_id": "36d6d9420bb04403b55fb21052efe4be"
                        },
                        "meta": {
                            "e2bfb730-ecaa-11e6-8f88-34363bc7c4c0": {
                                "delete": 600000000000
                            }
                        },
                        "tainted": false
                    },
                    "deposed": [],
                    "provider": "provider.openstack"
                },
                "openstack_networking_secgroup_rule_v2.in-443.0": {
                    "type": "openstack_networking_secgroup_rule_v2",
                    "depends_on": [
                        "openstack_networking_secgroup_v2.ufr-web"
                    ],
                    "primary": {
                        "id": "b500bb4d-d06b-4a1b-b8cb-385eb896e084",
                        "attributes": {
                            "description": "",
                            "direction": "ingress",
                            "ethertype": "IPv4",
                            "id": "b500bb4d-d06b-4a1b-b8cb-385eb896e084",
                            "port_range_max": "443",
                            "port_range_min": "443",
                            "protocol": "tcp",
                            "region": "Freiburg",
                            "remote_group_id": "",
                            "remote_ip_prefix": "192.52.32.0/20",
                            "security_group_id": "bcabcd6d-2cfb-477b-9758-784ee93d4c33",
                            "tenant_id": "36d6d9420bb04403b55fb21052efe4be"
                        },
                        "meta": {
                            "e2bfb730-ecaa-11e6-8f88-34363bc7c4c0": {
                                "delete": 600000000000
                            }
                        },
                        "tainted": false
                    },
                    "deposed": [],
                    "provider": "provider.openstack"
                },
                "openstack_networking_secgroup_rule_v2.in-443.1": {
                    "type": "openstack_networking_secgroup_rule_v2",
                    "depends_on": [
                        "openstack_networking_secgroup_v2.ufr-web"
                    ],
                    "primary": {
                        "id": "5981bf69-0a9a-4ac2-b1ea-c20dd5830d45",
                        "attributes": {
                            "description": "",
                            "direction": "ingress",
                            "ethertype": "IPv4",
                            "id": "5981bf69-0a9a-4ac2-b1ea-c20dd5830d45",
                            "port_range_max": "443",
                            "port_range_min": "443",
                            "protocol": "tcp",
                            "region": "Freiburg",
                            "remote_group_id": "",
                            "remote_ip_prefix": "10.0.0.0/8",
                            "security_group_id": "bcabcd6d-2cfb-477b-9758-784ee93d4c33",
                            "tenant_id": "36d6d9420bb04403b55fb21052efe4be"
                        },
                        "meta": {
                            "e2bfb730-ecaa-11e6-8f88-34363bc7c4c0": {
                                "delete": 600000000000
                            }
                        },
                        "tainted": false
                    },
                    "deposed": [],
                    "provider": "provider.openstack"
                },
                "openstack_networking_secgroup_rule_v2.in-443.2": {
                    "type": "openstack_networking_secgroup_rule_v2",
                    "depends_on": [
                        "openstack_networking_secgroup_v2.ufr-web"
                    ],
                    "primary": {
                        "id": "691db72d-985d-44a1-8dad-105d56b31553",
                        "attributes": {
                            "description": "",
                            "direction": "ingress",
                            "ethertype": "IPv4",
                            "id": "691db72d-985d-44a1-8dad-105d56b31553",
                            "port_range_max": "443",
                            "port_range_min": "443",
                            "protocol": "tcp",
                            "region": "Freiburg",
                            "remote_group_id": "",
                            "remote_ip_prefix": "132.230.0.0/16",
                            "security_group_id": "bcabcd6d-2cfb-477b-9758-784ee93d4c33",
                            "tenant_id": "36d6d9420bb04403b55fb21052efe4be"
                        },
                        "meta": {
                            "e2bfb730-ecaa-11e6-8f88-34363bc7c4c0": {
                                "delete": 600000000000
                            }
                        },
                        "tainted": false
                    },
                    "deposed": [],
                    "provider": "provider.openstack"
                },
                "openstack_networking_secgroup_rule_v2.in-80.0": {
                    "type": "openstack_networking_secgroup_rule_v2",
                    "depends_on": [
                        "openstack_networking_secgroup_v2.ufr-web"
                    ],
                    "primary": {
                        "id": "fcbd6651-1fb9-45fb-9de5-ccc11ae38840",
                        "attributes": {
                            "description": "",
                            "direction": "ingress",
                            "ethertype": "IPv4",
                            "id": "fcbd6651-1fb9-45fb-9de5-ccc11ae38840",
                            "port_range_max": "80",
                            "port_range_min": "80",
                            "protocol": "tcp",
                            "region": "Freiburg",
                            "remote_group_id": "",
                            "remote_ip_prefix": "192.52.32.0/20",
                            "security_group_id": "bcabcd6d-2cfb-477b-9758-784ee93d4c33",
                            "tenant_id": "36d6d9420bb04403b55fb21052efe4be"
                        },
                        "meta": {
                            "e2bfb730-ecaa-11e6-8f88-34363bc7c4c0": {
                                "delete": 600000000000
                            }
                        },
                        "tainted": false
                    },
                    "deposed": [],
                    "provider": "provider.openstack"
                },
                "openstack_networking_secgroup_rule_v2.in-80.1": {
                    "type": "openstack_networking_secgroup_rule_v2",
                    "depends_on": [
                        "openstack_networking_secgroup_v2.ufr-web"
                    ],
                    "primary": {
                        "id": "a87d0e81-5409-47a0-8252-24d0d656c642",
                        "attributes": {
                            "description": "",
                            "direction": "ingress",
                            "ethertype": "IPv4",
                            "id": "a87d0e81-5409-47a0-8252-24d0d656c642",
                            "port_range_max": "80",
                            "port_range_min": "80",
                            "protocol": "tcp",
                            "region": "Freiburg",
                            "remote_group_id": "",
                            "remote_ip_prefix": "10.0.0.0/8",
                            "security_group_id": "bcabcd6d-2cfb-477b-9758-784ee93d4c33",
                            "tenant_id": "36d6d9420bb04403b55fb21052efe4be"
                        },
                        "meta": {
                            "e2bfb730-ecaa-11e6-8f88-34363bc7c4c0": {
                                "delete": 600000000000
                            }
                        },
                        "tainted": false
                    },
                    "deposed": [],
                    "provider": "provider.openstack"
                },
                "openstack_networking_secgroup_rule_v2.in-80.2": {
                    "type": "openstack_networking_secgroup_rule_v2",
                    "depends_on": [
                        "openstack_networking_secgroup_v2.ufr-web"
                    ],
                    "primary": {
                        "id": "d2ccdf2f-7cdb-47bb-9f3b-564c1132889b",
                        "attributes": {
                            "description": "",
                            "direction": "ingress",
                            "ethertype": "IPv4",
                            "id": "d2ccdf2f-7cdb-47bb-9f3b-564c1132889b",
                            "port_range_max": "80",
                            "port_range_min": "80",
                            "protocol": "tcp",
                            "region": "Freiburg",
                            "remote_group_id": "",
                            "remote_ip_prefix": "132.230.0.0/16",
                            "security_group_id": "bcabcd6d-2cfb-477b-9758-784ee93d4c33",
                            "tenant_id": "36d6d9420bb04403b55fb21052efe4be"
                        },
                        "meta": {
                            "e2bfb730-ecaa-11e6-8f88-34363bc7c4c0": {
                                "delete": 600000000000
                            }
                        },
                        "tainted": false
                    },
                    "deposed": [],
                    "provider": "provider.openstack"
                },
                "openstack_networking_secgroup_rule_v2.public-amqp-5671": {
                    "type": "openstack_networking_secgroup_rule_v2",
                    "depends_on": [
                        "openstack_networking_secgroup_v2.public-amqp"
                    ],
                    "primary": {
                        "id": "5862ad53-5ac1-4417-ad32-01b8f1e5026b",
                        "attributes": {
                            "description": "",
                            "direction": "ingress",
                            "ethertype": "IPv4",
                            "id": "5862ad53-5ac1-4417-ad32-01b8f1e5026b",
                            "port_range_max": "5671",
                            "port_range_min": "5671",
                            "protocol": "tcp",
                            "region": "Freiburg",
                            "remote_group_id": "",
                            "remote_ip_prefix": "0.0.0.0/0",
                            "security_group_id": "fe749738-892a-44b9-a313-e07238f2d92d",
                            "tenant_id": "36d6d9420bb04403b55fb21052efe4be"
                        },
                        "meta": {
                            "e2bfb730-ecaa-11e6-8f88-34363bc7c4c0": {
                                "delete": 600000000000
                            }
                        },
                        "tainted": false
                    },
                    "deposed": [],
                    "provider": "provider.openstack"
                },
                "openstack_networking_secgroup_rule_v2.public-web-ports4.0": {
                    "type": "openstack_networking_secgroup_rule_v2",
                    "depends_on": [
                        "openstack_networking_secgroup_v2.public-web2"
                    ],
                    "primary": {
                        "id": "6e396a49-a3f0-4415-87af-a484358b70d0",
                        "attributes": {
                            "description": "",
                            "direction": "ingress",
                            "ethertype": "IPv4",
                            "id": "6e396a49-a3f0-4415-87af-a484358b70d0",
                            "port_range_max": "80",
                            "port_range_min": "80",
                            "protocol": "tcp",
                            "region": "Freiburg",
                            "remote_group_id": "",
                            "remote_ip_prefix": "",
                            "security_group_id": "2207b12e-6fcd-49aa-8f9e-9c6d32c768bb",
                            "tenant_id": "36d6d9420bb04403b55fb21052efe4be"
                        },
                        "meta": {
                            "e2bfb730-ecaa-11e6-8f88-34363bc7c4c0": {
                                "delete": 600000000000
                            }
                        },
                        "tainted": false
                    },
                    "deposed": [],
                    "provider": "provider.openstack"
                },
                "openstack_networking_secgroup_rule_v2.public-web-ports4.1": {
                    "type": "openstack_networking_secgroup_rule_v2",
                    "depends_on": [
                        "openstack_networking_secgroup_v2.public-web2"
                    ],
                    "primary": {
                        "id": "ac88588d-b769-4777-9e3e-6203bf954f5c",
                        "attributes": {
                            "description": "",
                            "direction": "ingress",
                            "ethertype": "IPv4",
                            "id": "ac88588d-b769-4777-9e3e-6203bf954f5c",
                            "port_range_max": "443",
                            "port_range_min": "443",
                            "protocol": "tcp",
                            "region": "Freiburg",
                            "remote_group_id": "",
                            "remote_ip_prefix": "",
                            "security_group_id": "2207b12e-6fcd-49aa-8f9e-9c6d32c768bb",
                            "tenant_id": "36d6d9420bb04403b55fb21052efe4be"
                        },
                        "meta": {
                            "e2bfb730-ecaa-11e6-8f88-34363bc7c4c0": {
                                "delete": 600000000000
                            }
                        },
                        "tainted": false
                    },
                    "deposed": [],
                    "provider": "provider.openstack"
                },
                "openstack_networking_secgroup_rule_v2.public-web-ports4.2": {
                    "type": "openstack_networking_secgroup_rule_v2",
                    "depends_on": [
                        "openstack_networking_secgroup_v2.public-web2"
                    ],
                    "primary": {
                        "id": "1f8f7f7a-e0f2-43f7-9602-733d51e47d87",
                        "attributes": {
                            "description": "",
                            "direction": "ingress",
                            "ethertype": "IPv4",
                            "id": "1f8f7f7a-e0f2-43f7-9602-733d51e47d87",
                            "port_range_max": "8080",
                            "port_range_min": "8080",
                            "protocol": "tcp",
                            "region": "Freiburg",
                            "remote_group_id": "",
                            "remote_ip_prefix": "",
                            "security_group_id": "2207b12e-6fcd-49aa-8f9e-9c6d32c768bb",
                            "tenant_id": "36d6d9420bb04403b55fb21052efe4be"
                        },
                        "meta": {
                            "e2bfb730-ecaa-11e6-8f88-34363bc7c4c0": {
                                "delete": 600000000000
                            }
                        },
                        "tainted": false
                    },
                    "deposed": [],
                    "provider": "provider.openstack"
                },
                "openstack_networking_secgroup_rule_v2.public-web-ports6.0": {
                    "type": "openstack_networking_secgroup_rule_v2",
                    "depends_on": [
                        "openstack_networking_secgroup_v2.public-web2"
                    ],
                    "primary": {
                        "id": "a06ff4a0-a5af-4185-8cbb-63ba7ac24b16",
                        "attributes": {
                            "description": "",
                            "direction": "ingress",
                            "ethertype": "IPv6",
                            "id": "a06ff4a0-a5af-4185-8cbb-63ba7ac24b16",
                            "port_range_max": "80",
                            "port_range_min": "80",
                            "protocol": "tcp",
                            "region": "Freiburg",
                            "remote_group_id": "",
                            "remote_ip_prefix": "",
                            "security_group_id": "2207b12e-6fcd-49aa-8f9e-9c6d32c768bb",
                            "tenant_id": "36d6d9420bb04403b55fb21052efe4be"
                        },
                        "meta": {
                            "e2bfb730-ecaa-11e6-8f88-34363bc7c4c0": {
                                "delete": 600000000000
                            }
                        },
                        "tainted": false
                    },
                    "deposed": [],
                    "provider": "provider.openstack"
                },
                "openstack_networking_secgroup_rule_v2.public-web-ports6.1": {
                    "type": "openstack_networking_secgroup_rule_v2",
                    "depends_on": [
                        "openstack_networking_secgroup_v2.public-web2"
                    ],
                    "primary": {
                        "id": "9730b8d8-7bd2-45d1-88a5-9977b2914150",
                        "attributes": {
                            "description": "",
                            "direction": "ingress",
                            "ethertype": "IPv6",
                            "id": "9730b8d8-7bd2-45d1-88a5-9977b2914150",
                            "port_range_max": "443",
                            "port_range_min": "443",
                            "protocol": "tcp",
                            "region": "Freiburg",
                            "remote_group_id": "",
                            "remote_ip_prefix": "",
                            "security_group_id": "2207b12e-6fcd-49aa-8f9e-9c6d32c768bb",
                            "tenant_id": "36d6d9420bb04403b55fb21052efe4be"
                        },
                        "meta": {
                            "e2bfb730-ecaa-11e6-8f88-34363bc7c4c0": {
                                "delete": 600000000000
                            }
                        },
                        "tainted": false
                    },
                    "deposed": [],
                    "provider": "provider.openstack"
                },
                "openstack_networking_secgroup_rule_v2.public-web-ports6.2": {
                    "type": "openstack_networking_secgroup_rule_v2",
                    "depends_on": [
                        "openstack_networking_secgroup_v2.public-web2"
                    ],
                    "primary": {
                        "id": "c6f6a01e-a412-4e87-8be5-5f9dceb13964",
                        "attributes": {
                            "description": "",
                            "direction": "ingress",
                            "ethertype": "IPv6",
                            "id": "c6f6a01e-a412-4e87-8be5-5f9dceb13964",
                            "port_range_max": "8080",
                            "port_range_min": "8080",
                            "protocol": "tcp",
                            "region": "Freiburg",
                            "remote_group_id": "",
                            "remote_ip_prefix": "",
                            "security_group_id": "2207b12e-6fcd-49aa-8f9e-9c6d32c768bb",
                            "tenant_id": "36d6d9420bb04403b55fb21052efe4be"
                        },
                        "meta": {
                            "e2bfb730-ecaa-11e6-8f88-34363bc7c4c0": {
                                "delete": 600000000000
                            }
                        },
                        "tainted": false
                    },
                    "deposed": [],
                    "provider": "provider.openstack"
                },
                "openstack_networking_secgroup_rule_v2.ufr-influxdb.0": {
                    "type": "openstack_networking_secgroup_rule_v2",
                    "depends_on": [
                        "openstack_networking_secgroup_v2.ufr-influxdb"
                    ],
                    "primary": {
                        "id": "65661dc2-900f-423d-be7c-5598c227a7db",
                        "attributes": {
                            "description": "",
                            "direction": "ingress",
                            "ethertype": "IPv4",
                            "id": "65661dc2-900f-423d-be7c-5598c227a7db",
                            "port_range_max": "8086",
                            "port_range_min": "8086",
                            "protocol": "tcp",
                            "region": "Freiburg",
                            "remote_group_id": "",
                            "remote_ip_prefix": "192.52.32.0/20",
                            "security_group_id": "ebb1928d-5cdc-4f50-9a34-13acd170819a",
                            "tenant_id": "36d6d9420bb04403b55fb21052efe4be"
                        },
                        "meta": {
                            "e2bfb730-ecaa-11e6-8f88-34363bc7c4c0": {
                                "delete": 600000000000
                            }
                        },
                        "tainted": false
                    },
                    "deposed": [],
                    "provider": "provider.openstack"
                },
                "openstack_networking_secgroup_rule_v2.ufr-influxdb.1": {
                    "type": "openstack_networking_secgroup_rule_v2",
                    "depends_on": [
                        "openstack_networking_secgroup_v2.ufr-influxdb"
                    ],
                    "primary": {
                        "id": "f089ec63-10c4-4107-9e19-db09d06e970a",
                        "attributes": {
                            "description": "",
                            "direction": "ingress",
                            "ethertype": "IPv4",
                            "id": "f089ec63-10c4-4107-9e19-db09d06e970a",
                            "port_range_max": "8086",
                            "port_range_min": "8086",
                            "protocol": "tcp",
                            "region": "Freiburg",
                            "remote_group_id": "",
                            "remote_ip_prefix": "10.0.0.0/8",
                            "security_group_id": "ebb1928d-5cdc-4f50-9a34-13acd170819a",
                            "tenant_id": "36d6d9420bb04403b55fb21052efe4be"
                        },
                        "meta": {
                            "e2bfb730-ecaa-11e6-8f88-34363bc7c4c0": {
                                "delete": 600000000000
                            }
                        },
                        "tainted": false
                    },
                    "deposed": [],
                    "provider": "provider.openstack"
                },
                "openstack_networking_secgroup_rule_v2.ufr-influxdb.2": {
                    "type": "openstack_networking_secgroup_rule_v2",
                    "depends_on": [
                        "openstack_networking_secgroup_v2.ufr-influxdb"
                    ],
                    "primary": {
                        "id": "93bf38b0-c10a-42b1-924d-d9d5f25c2375",
                        "attributes": {
                            "description": "",
                            "direction": "ingress",
                            "ethertype": "IPv4",
                            "id": "93bf38b0-c10a-42b1-924d-d9d5f25c2375",
                            "port_range_max": "8086",
                            "port_range_min": "8086",
                            "protocol": "tcp",
                            "region": "Freiburg",
                            "remote_group_id": "",
                            "remote_ip_prefix": "132.230.0.0/16",
                            "security_group_id": "ebb1928d-5cdc-4f50-9a34-13acd170819a",
                            "tenant_id": "36d6d9420bb04403b55fb21052efe4be"
                        },
                        "meta": {
                            "e2bfb730-ecaa-11e6-8f88-34363bc7c4c0": {
                                "delete": 600000000000
                            }
                        },
                        "tainted": false
                    },
                    "deposed": [],
                    "provider": "provider.openstack"
                },
                "openstack_networking_secgroup_rule_v2.ufr-ssh.0": {
                    "type": "openstack_networking_secgroup_rule_v2",
                    "depends_on": [
                        "openstack_networking_secgroup_v2.ufr-ssh"
                    ],
                    "primary": {
                        "id": "b7e8db26-23f7-4611-a176-bced75b96453",
                        "attributes": {
                            "description": "",
                            "direction": "ingress",
                            "ethertype": "IPv4",
                            "id": "b7e8db26-23f7-4611-a176-bced75b96453",
                            "port_range_max": "22",
                            "port_range_min": "22",
                            "protocol": "tcp",
                            "region": "Freiburg",
                            "remote_group_id": "",
                            "remote_ip_prefix": "192.52.32.0/20",
                            "security_group_id": "9f13b036-c719-4999-87b8-4448e8478b0f",
                            "tenant_id": "36d6d9420bb04403b55fb21052efe4be"
                        },
                        "meta": {
                            "e2bfb730-ecaa-11e6-8f88-34363bc7c4c0": {
                                "delete": 600000000000
                            }
                        },
                        "tainted": false
                    },
                    "deposed": [],
                    "provider": "provider.openstack"
                },
                "openstack_networking_secgroup_rule_v2.ufr-ssh.1": {
                    "type": "openstack_networking_secgroup_rule_v2",
                    "depends_on": [
                        "openstack_networking_secgroup_v2.ufr-ssh"
                    ],
                    "primary": {
                        "id": "f030c06e-0a71-4fdb-8eab-e550e863b2ab",
                        "attributes": {
                            "description": "",
                            "direction": "ingress",
                            "ethertype": "IPv4",
                            "id": "f030c06e-0a71-4fdb-8eab-e550e863b2ab",
                            "port_range_max": "22",
                            "port_range_min": "22",
                            "protocol": "tcp",
                            "region": "Freiburg",
                            "remote_group_id": "",
                            "remote_ip_prefix": "10.0.0.0/8",
                            "security_group_id": "9f13b036-c719-4999-87b8-4448e8478b0f",
                            "tenant_id": "36d6d9420bb04403b55fb21052efe4be"
                        },
                        "meta": {
                            "e2bfb730-ecaa-11e6-8f88-34363bc7c4c0": {
                                "delete": 600000000000
                            }
                        },
                        "tainted": false
                    },
                    "deposed": [],
                    "provider": "provider.openstack"
                },
                "openstack_networking_secgroup_rule_v2.ufr-ssh.2": {
                    "type": "openstack_networking_secgroup_rule_v2",
                    "depends_on": [
                        "openstack_networking_secgroup_v2.ufr-ssh"
                    ],
                    "primary": {
                        "id": "bd898c70-9767-4dd1-ad74-8a7036fd3763",
                        "attributes": {
                            "description": "",
                            "direction": "ingress",
                            "ethertype": "IPv4",
                            "id": "bd898c70-9767-4dd1-ad74-8a7036fd3763",
                            "port_range_max": "22",
                            "port_range_min": "22",
                            "protocol": "tcp",
                            "region": "Freiburg",
                            "remote_group_id": "",
                            "remote_ip_prefix": "132.230.0.0/16",
                            "security_group_id": "9f13b036-c719-4999-87b8-4448e8478b0f",
                            "tenant_id": "36d6d9420bb04403b55fb21052efe4be"
                        },
                        "meta": {
                            "e2bfb730-ecaa-11e6-8f88-34363bc7c4c0": {
                                "delete": 600000000000
                            }
                        },
                        "tainted": false
                    },
                    "deposed": [],
                    "provider": "provider.openstack"
                },
                "openstack_networking_secgroup_v2.Public": {
                    "type": "openstack_networking_secgroup_v2",
                    "depends_on": [],
                    "primary": {
                        "id": "f516ef24-c56c-40bf-a286-45bb490be8b8",
                        "attributes": {
                            "all_tags.#": "0",
                            "delete_default_rules": "true",
                            "description": "[tf] Completely public machine (ingress + egress)",
                            "id": "f516ef24-c56c-40bf-a286-45bb490be8b8",
                            "name": "public",
                            "region": "Freiburg",
                            "tags.#": "0",
                            "tenant_id": "36d6d9420bb04403b55fb21052efe4be"
                        },
                        "meta": {
                            "e2bfb730-ecaa-11e6-8f88-34363bc7c4c0": {
                                "delete": 600000000000
                            }
                        },
                        "tainted": false
                    },
                    "deposed": [],
                    "provider": "provider.openstack"
                },
                "openstack_networking_secgroup_v2.egress": {
                    "type": "openstack_networking_secgroup_v2",
                    "depends_on": [],
                    "primary": {
                        "id": "f08481be-0886-47a0-9be3-936c0942d8dc",
                        "attributes": {
                            "all_tags.#": "0",
                            "delete_default_rules": "true",
                            "description": "[tf] Default egress profile",
                            "id": "f08481be-0886-47a0-9be3-936c0942d8dc",
                            "name": "egress",
                            "region": "Freiburg",
                            "tags.#": "0",
                            "tenant_id": "36d6d9420bb04403b55fb21052efe4be"
                        },
                        "meta": {
                            "e2bfb730-ecaa-11e6-8f88-34363bc7c4c0": {
                                "delete": 600000000000
                            }
                        },
                        "tainted": false
                    },
                    "deposed": [],
                    "provider": "provider.openstack"
                },
                "openstack_networking_secgroup_v2.hicbrowser": {
                    "type": "openstack_networking_secgroup_v2",
                    "depends_on": [],
                    "primary": {
                        "id": "3bcfa8bc-9bea-47bc-a1fe-9605acb0c65c",
                        "attributes": {
                            "all_tags.#": "0",
                            "delete_default_rules": "true",
                            "description": "[tf] Allow public HTTP + HTTPS connections",
                            "id": "3bcfa8bc-9bea-47bc-a1fe-9605acb0c65c",
                            "name": "hicbrowser",
                            "region": "Freiburg",
                            "tags.#": "0",
                            "tenant_id": "36d6d9420bb04403b55fb21052efe4be"
                        },
                        "meta": {
                            "e2bfb730-ecaa-11e6-8f88-34363bc7c4c0": {
                                "delete": 600000000000
                            }
                        },
                        "tainted": false
                    },
                    "deposed": [],
                    "provider": "provider.openstack"
                },
                "openstack_networking_secgroup_v2.ingress-public": {
                    "type": "openstack_networking_secgroup_v2",
                    "depends_on": [],
                    "primary": {
                        "id": "2427792a-2049-45f0-8109-99b3ff577c73",
                        "attributes": {
                            "all_tags.#": "0",
                            "delete_default_rules": "true",
                            "description": "[tf] Allow any incoming connection",
                            "id": "2427792a-2049-45f0-8109-99b3ff577c73",
                            "name": "ingress-public",
                            "region": "Freiburg",
                            "tags.#": "0",
                            "tenant_id": "36d6d9420bb04403b55fb21052efe4be"
                        },
                        "meta": {
                            "e2bfb730-ecaa-11e6-8f88-34363bc7c4c0": {
                                "delete": 600000000000
                            }
                        },
                        "tainted": false
                    },
                    "deposed": [],
                    "provider": "provider.openstack"
                },
                "openstack_networking_secgroup_v2.public-amqp": {
                    "type": "openstack_networking_secgroup_v2",
                    "depends_on": [],
                    "primary": {
                        "id": "fe749738-892a-44b9-a313-e07238f2d92d",
                        "attributes": {
                            "all_tags.#": "0",
                            "delete_default_rules": "true",
                            "description": "[tf] Allow incoming AMQP connections",
                            "id": "fe749738-892a-44b9-a313-e07238f2d92d",
                            "name": "public-amqp",
                            "region": "Freiburg",
                            "tags.#": "0",
                            "tenant_id": "36d6d9420bb04403b55fb21052efe4be"
                        },
                        "meta": {
                            "e2bfb730-ecaa-11e6-8f88-34363bc7c4c0": {
                                "delete": 600000000000
                            }
                        },
                        "tainted": false
                    },
                    "deposed": [],
                    "provider": "provider.openstack"
                },
                "openstack_networking_secgroup_v2.public-influxdb": {
                    "type": "openstack_networking_secgroup_v2",
                    "depends_on": [],
                    "primary": {
                        "id": "dfb4a6a6-298a-45a0-9c98-d335707f7629",
                        "attributes": {
                            "all_tags.#": "0",
                            "delete_default_rules": "true",
                            "description": "[tf] Allow public HTTP(s) connections to port 8086",
                            "id": "dfb4a6a6-298a-45a0-9c98-d335707f7629",
                            "name": "public-influxdb",
                            "region": "Freiburg",
                            "tags.#": "0",
                            "tenant_id": "36d6d9420bb04403b55fb21052efe4be"
                        },
                        "meta": {
                            "e2bfb730-ecaa-11e6-8f88-34363bc7c4c0": {
                                "delete": 600000000000
                            }
                        },
                        "tainted": false
                    },
                    "deposed": [],
                    "provider": "provider.openstack"
                },
                "openstack_networking_secgroup_v2.public-irc": {
                    "type": "openstack_networking_secgroup_v2",
                    "depends_on": [],
                    "primary": {
                        "id": "86c8f5af-45f9-4f3c-afbd-a70f2c2ce4e9",
                        "attributes": {
                            "all_tags.#": "0",
                            "delete_default_rules": "true",
                            "description": "[tf] Allow incoming IRC connections",
                            "id": "86c8f5af-45f9-4f3c-afbd-a70f2c2ce4e9",
                            "name": "public-irc",
                            "region": "Freiburg",
                            "tags.#": "0",
                            "tenant_id": "36d6d9420bb04403b55fb21052efe4be"
                        },
                        "meta": {
                            "e2bfb730-ecaa-11e6-8f88-34363bc7c4c0": {
                                "delete": 600000000000
                            }
                        },
                        "tainted": false
                    },
                    "deposed": [],
                    "provider": "provider.openstack"
                },
                "openstack_networking_secgroup_v2.public-mosh": {
                    "type": "openstack_networking_secgroup_v2",
                    "depends_on": [],
                    "primary": {
                        "id": "57ddd7b6-7790-41a2-a18d-f07f29ead1e2",
                        "attributes": {
                            "all_tags.#": "0",
                            "delete_default_rules": "true",
                            "description": "[tf] Rules for mosh servers",
                            "id": "57ddd7b6-7790-41a2-a18d-f07f29ead1e2",
                            "name": "public-mosh",
                            "region": "Freiburg",
                            "tags.#": "0",
                            "tenant_id": "36d6d9420bb04403b55fb21052efe4be"
                        },
                        "meta": {
                            "e2bfb730-ecaa-11e6-8f88-34363bc7c4c0": {
                                "delete": 600000000000
                            }
                        },
                        "tainted": false
                    },
                    "deposed": [],
                    "provider": "provider.openstack"
                },
                "openstack_networking_secgroup_v2.public-ping": {
                    "type": "openstack_networking_secgroup_v2",
                    "depends_on": [],
                    "primary": {
                        "id": "96281ca8-7ccb-4b34-a16b-e2abcbc14f87",
                        "attributes": {
                            "all_tags.#": "0",
                            "delete_default_rules": "true",
                            "description": "[tf] Allow pinging the node to the public",
                            "id": "96281ca8-7ccb-4b34-a16b-e2abcbc14f87",
                            "name": "public-ping",
                            "region": "Freiburg",
                            "tags.#": "0",
                            "tenant_id": "36d6d9420bb04403b55fb21052efe4be"
                        },
                        "meta": {
                            "e2bfb730-ecaa-11e6-8f88-34363bc7c4c0": {
                                "delete": 600000000000
                            }
                        },
                        "tainted": false
                    },
                    "deposed": [],
                    "provider": "provider.openstack"
                },
                "openstack_networking_secgroup_v2.public-ssh": {
                    "type": "openstack_networking_secgroup_v2",
                    "depends_on": [],
                    "primary": {
                        "id": "67460b69-e0f2-4bef-bb14-10fa2c2ef9cd",
                        "attributes": {
                            "all_tags.#": "0",
                            "delete_default_rules": "true",
                            "description": "[tf] Allow SSH connections from anywhere",
                            "id": "67460b69-e0f2-4bef-bb14-10fa2c2ef9cd",
                            "name": "public-ssh",
                            "region": "Freiburg",
                            "tags.#": "0",
                            "tenant_id": "36d6d9420bb04403b55fb21052efe4be"
                        },
                        "meta": {
                            "e2bfb730-ecaa-11e6-8f88-34363bc7c4c0": {
                                "delete": 600000000000
                            }
                        },
                        "tainted": false
                    },
                    "deposed": [],
                    "provider": "provider.openstack"
                },
                "openstack_networking_secgroup_v2.public-web": {
                    "type": "openstack_networking_secgroup_v2",
                    "depends_on": [],
                    "primary": {
                        "id": "3b8855bd-e70d-46e4-996f-4b32f00b405b",
                        "attributes": {
                            "all_tags.#": "0",
                            "description": "[tf] Allow public HTTP + HTTPS connections",
                            "id": "3b8855bd-e70d-46e4-996f-4b32f00b405b",
                            "name": "public-web",
                            "region": "Freiburg",
                            "tags.#": "0",
                            "tenant_id": "36d6d9420bb04403b55fb21052efe4be"
                        },
                        "meta": {
                            "e2bfb730-ecaa-11e6-8f88-34363bc7c4c0": {
                                "delete": 600000000000
                            }
                        },
                        "tainted": false
                    },
                    "deposed": [],
                    "provider": "provider.openstack"
                },
                "openstack_networking_secgroup_v2.public-web2": {
                    "type": "openstack_networking_secgroup_v2",
                    "depends_on": [],
                    "primary": {
                        "id": "2207b12e-6fcd-49aa-8f9e-9c6d32c768bb",
                        "attributes": {
                            "all_tags.#": "0",
                            "delete_default_rules": "true",
                            "description": "[tf] Allow public HTTP + HTTPS connections (fixed)",
                            "id": "2207b12e-6fcd-49aa-8f9e-9c6d32c768bb",
                            "name": "public-web2",
                            "region": "Freiburg",
                            "tags.#": "0",
                            "tenant_id": "36d6d9420bb04403b55fb21052efe4be"
                        },
                        "meta": {
                            "e2bfb730-ecaa-11e6-8f88-34363bc7c4c0": {
                                "delete": 600000000000
                            }
                        },
                        "tainted": false
                    },
                    "deposed": [],
                    "provider": "provider.openstack"
                },
                "openstack_networking_secgroup_v2.ufr-influxdb": {
                    "type": "openstack_networking_secgroup_v2",
                    "depends_on": [],
                    "primary": {
                        "id": "ebb1928d-5cdc-4f50-9a34-13acd170819a",
                        "attributes": {
                            "all_tags.#": "0",
                            "delete_default_rules": "true",
                            "description": "[tf] Allow UFR HTTP(s) connections to port 8086",
                            "id": "ebb1928d-5cdc-4f50-9a34-13acd170819a",
                            "name": "ufr-influxdb",
                            "region": "Freiburg",
                            "tags.#": "0",
                            "tenant_id": "36d6d9420bb04403b55fb21052efe4be"
                        },
                        "meta": {
                            "e2bfb730-ecaa-11e6-8f88-34363bc7c4c0": {
                                "delete": 600000000000
                            }
                        },
                        "tainted": false
                    },
                    "deposed": [],
                    "provider": "provider.openstack"
                },
                "openstack_networking_secgroup_v2.ufr-ingress": {
                    "type": "openstack_networking_secgroup_v2",
                    "depends_on": [],
                    "primary": {
                        "id": "fb80f17a-86b7-48be-83d8-ef87dac155f4",
                        "attributes": {
                            "all_tags.#": "0",
                            "delete_default_rules": "true",
                            "description": "[tf] Ingress connections from any UFR networks",
                            "id": "fb80f17a-86b7-48be-83d8-ef87dac155f4",
                            "name": "ufr-ingress",
                            "region": "Freiburg",
                            "tags.#": "0",
                            "tenant_id": "36d6d9420bb04403b55fb21052efe4be"
                        },
                        "meta": {
                            "e2bfb730-ecaa-11e6-8f88-34363bc7c4c0": {
                                "delete": 600000000000
                            }
                        },
                        "tainted": false
                    },
                    "deposed": [],
                    "provider": "provider.openstack"
                },
                "openstack_networking_secgroup_v2.ufr-ssh": {
                    "type": "openstack_networking_secgroup_v2",
                    "depends_on": [],
                    "primary": {
                        "id": "9f13b036-c719-4999-87b8-4448e8478b0f",
                        "attributes": {
                            "all_tags.#": "0",
                            "delete_default_rules": "true",
                            "description": "[tf] Ingress SSH connections for UFR networks (e.g. combine with public-web/public-ping)",
                            "id": "9f13b036-c719-4999-87b8-4448e8478b0f",
                            "name": "ufr-ssh",
                            "region": "Freiburg",
                            "tags.#": "0",
                            "tenant_id": "36d6d9420bb04403b55fb21052efe4be"
                        },
                        "meta": {
                            "e2bfb730-ecaa-11e6-8f88-34363bc7c4c0": {
                                "delete": 600000000000
                            }
                        },
                        "tainted": false
                    },
                    "deposed": [],
                    "provider": "provider.openstack"
                },
                "openstack_networking_secgroup_v2.ufr-web": {
                    "type": "openstack_networking_secgroup_v2",
                    "depends_on": [],
                    "primary": {
                        "id": "bcabcd6d-2cfb-477b-9758-784ee93d4c33",
                        "attributes": {
                            "all_tags.#": "0",
                            "delete_default_rules": "true",
                            "description": "[tf] Ingress web (HTTP+HTTPS) connections for UFR networks",
                            "id": "bcabcd6d-2cfb-477b-9758-784ee93d4c33",
                            "name": "ufr-web",
                            "region": "Freiburg",
                            "tags.#": "0",
                            "tenant_id": "36d6d9420bb04403b55fb21052efe4be"
                        },
                        "meta": {
                            "e2bfb730-ecaa-11e6-8f88-34363bc7c4c0": {
                                "delete": 600000000000
                            }
                        },
                        "tainted": false
                    },
                    "deposed": [],
                    "provider": "provider.openstack"
                },
                "openstack_networking_secgroup_v2.vgcn-ingress-public": {
                    "type": "openstack_networking_secgroup_v2",
                    "depends_on": [],
                    "primary": {
                        "id": "85a9e7fb-dfe0-4412-b6d8-986b5bfd7756",
                        "attributes": {
                            "all_tags.#": "0",
                            "delete_default_rules": "true",
                            "description": "[tf] Allow any incoming connection",
                            "id": "85a9e7fb-dfe0-4412-b6d8-986b5bfd7756",
                            "name": "vgcn-ingress-public",
                            "region": "Freiburg",
                            "tags.#": "0",
                            "tenant_id": "36d6d9420bb04403b55fb21052efe4be"
                        },
                        "meta": {
                            "e2bfb730-ecaa-11e6-8f88-34363bc7c4c0": {
                                "delete": 600000000000
                            }
                        },
                        "tainted": false
                    },
                    "deposed": [],
                    "provider": "provider.openstack"
                }
            },
            "depends_on": []
        }
    ]
}
